{"version":4,"terraform_version":"1.10.2","serial":13,"lineage":"86c6c9c6-1a09-1d43-b7de-5812d9145346","outputs":{"debug_local_tgw_id":{"value":"tgw-0ab1c800cdf99ccf2","type":"string"},"debug_peer_tgw_id":{"value":"tgw-0d075f0bbac840458","type":"string"},"debug_remote_state_data":{"value":{"account_id":"052127203460","eu_west":{"route_table_id":"tgw-rtb-0fe9e5edcf51d6aeb","supernet_cidr":"100.104.0.0/14","tgw_id":"tgw-0ab1c800cdf99ccf2"},"us_east":{"route_table_id":"tgw-rtb-051d0959d53a6a6c0","supernet_cidr":"100.120.0.0/14","tgw_id":"tgw-0d075f0bbac840458"}},"type":["object",{"account_id":"string","eu_west":["object",{"route_table_id":"string","supernet_cidr":"string","tgw_id":"string"}],"us_east":["object",{"route_table_id":"string","supernet_cidr":"string","tgw_id":"string"}]}]},"peering_attachment_id":{"value":"tgw-attach-0125b1634c898ff76","type":"string"},"peering_attachment_state":{"value":"available","type":"string"},"peering_details":{"value":{"attachment_id":"tgw-attach-0125b1634c898ff76","attachment_state":"available","local_cidr":"100.104.0.0/14","local_region":"eu-west-1","local_tgw_id":"tgw-0ab1c800cdf99ccf2","peer_cidr":"100.120.0.0/14","peer_region":"us-east-1","peer_tgw_id":"tgw-0d075f0bbac840458"},"type":["object",{"attachment_id":"string","attachment_state":"string","local_cidr":"string","local_region":"string","local_tgw_id":"string","peer_cidr":"string","peer_region":"string","peer_tgw_id":"string"}]},"route_details":{"value":{"local_to_peer_route":{"destination":"100.120.0.0/14","region":"eu-west-1","route_table":"tgw-rtb-0fe9e5edcf51d6aeb"},"peer_to_local_route":{"destination":"100.104.0.0/14","region":"us-east-1","route_table":"tgw-rtb-051d0959d53a6a6c0"}},"type":["object",{"local_to_peer_route":["object",{"destination":"string","region":"string","route_table":"string"}],"peer_to_local_route":["object",{"destination":"string","region":"string","route_table":"string"}]}]}},"resources":[{"mode":"data","type":"aws_caller_identity","name":"current","provider":"provider[\"registry.opentofu.org/hashicorp/aws\"]","instances":[{"schema_version":0,"attributes":{"account_id":"052127203460","arn":"arn:aws:sts::052127203460:assumed-role/AWSReservedSSO_AWSAdministratorAccess_00fc36c84af79b95/David.Oxley@williamhill.com","id":"052127203460","user_id":"AROAQYIYGACCGZVDFE6F5:David.Oxley@williamhill.com"},"sensitive_attributes":[]}]},{"mode":"data","type":"terraform_remote_state","name":"eu_west","provider":"provider[\"terraform.io/builtin/terraform\"]","instances":[{"schema_version":0,"attributes":{"backend":"local","config":{"value":{"path":"../../../eu-west-1/nonprod/terraform.tfstate"},"type":["object",{"path":"string"}]},"defaults":null,"outputs":{"value":{"client_subnet_allocation":{"cde_subnets":["100.104.32.0/22","100.104.36.0/22","100.104.40.0/22"],"ncde_subnets":["100.104.44.0/22","100.104.48.0/22","100.104.52.0/22"],"tgw_subnets":["100.104.56.0/28","100.104.56.16/28","100.104.56.32/28"]},"elastic_ip_addresses":["54.155.182.22","54.247.178.139","18.202.216.135"],"firewall_details":{"arn":"arn:aws:network-firewall:eu-west-1:052127203460:firewall/network-hub-nonprod-network-firewall","endpoints":[{"attachment":[{"endpoint_id":"vpce-054aeb951749c3733","subnet_id":"subnet-08e7f391748f6505d"}],"availability_zone":"eu-west-1b"},{"attachment":[{"endpoint_id":"vpce-0622964a5e29b6879","subnet_id":"subnet-0fcdb1d9f440894ad"}],"availability_zone":"eu-west-1a"},{"attachment":[{"endpoint_id":"vpce-09bcbb4c66b7906f5","subnet_id":"subnet-0ca3f8c27da1d3e0d"}],"availability_zone":"eu-west-1c"}],"id":"arn:aws:network-firewall:eu-west-1:052127203460:firewall/network-hub-nonprod-network-firewall","policy_arn":"arn:aws:network-firewall:eu-west-1:052127203460:firewall-policy/network-hub-nonprod-firewall-policy","policy_id":"arn:aws:network-firewall:eu-west-1:052127203460:firewall-policy/network-hub-nonprod-firewall-policy"},"firewall_endpoints":[{"attachment":[{"endpoint_id":"vpce-054aeb951749c3733","subnet_id":"subnet-08e7f391748f6505d"}],"availability_zone":"eu-west-1b"},{"attachment":[{"endpoint_id":"vpce-0622964a5e29b6879","subnet_id":"subnet-0fcdb1d9f440894ad"}],"availability_zone":"eu-west-1a"},{"attachment":[{"endpoint_id":"vpce-09bcbb4c66b7906f5","subnet_id":"subnet-0ca3f8c27da1d3e0d"}],"availability_zone":"eu-west-1c"}],"firewall_id":"arn:aws:network-firewall:eu-west-1:052127203460:firewall/network-hub-nonprod-network-firewall","firewall_policy_id":"arn:aws:network-firewall:eu-west-1:052127203460:firewall-policy/network-hub-nonprod-firewall-policy","internet_connectivity":{"elastic_ips":["54.155.182.22","54.247.178.139","18.202.216.135"],"internet_gateways":{"central_egress":"igw-00ec6dc82577f45e9","transit_gateway":"igw-097e7e4f86e018c03"},"nat_gateways":{"eu-west-1a":{"id":"nat-00c4bf55216b5ad69","public_ip":"54.155.182.22","subnet_id":"subnet-08eb952dfe46c3c3e"},"eu-west-1b":{"id":"nat-0c11b53d9eae13e2e","public_ip":"54.247.178.139","subnet_id":"subnet-02ead089f1558788d"},"eu-west-1c":{"id":"nat-0780a1afb08c1fa0d","public_ip":"18.202.216.135","subnet_id":"subnet-0579109d93c20d81b"}}},"internet_gateway_ids":{"central_egress":"igw-00ec6dc82577f45e9","transit_gateway":"igw-097e7e4f86e018c03"},"nat_gateway_ids":["nat-00c4bf55216b5ad69","nat-0c11b53d9eae13e2e","nat-0780a1afb08c1fa0d"],"network_summary":{"availability_zones":["eu-west-1a","eu-west-1b","eu-west-1c"],"environment":"nonprod","features":{"firewall_enabled":true,"ram_sharing_enabled":true,"test_instances_enabled":true},"project_name":"network-hub","region":"eu-west-1","subnet_counts":{"cde_subnets":3,"ncde_subnets":3,"tgw_subnets":3,"total_subnets":27},"vpc_cidrs":{"central_egress":"100.104.2.0/24","client":"100.104.32.0/19","firewall":"100.104.1.0/24","transit_gateway":"100.104.0.0/24"},"vpc_count":4},"quick_access":{"firewall_id":"arn:aws:network-firewall:eu-west-1:052127203460:firewall/network-hub-nonprod-network-firewall","nat_gateway_ips":["54.155.182.22","54.247.178.139","18.202.216.135"],"test_instance_ssh":{"client_instance":"ssh -i do_test_client.pem ec2-user@100.104.32.160","tgw_instance":"ssh -i do_test_client.pem ec2-user@3.255.144.126"},"transit_gateway_id":"tgw-0ab1c800cdf99ccf2","vpc_ids":{"central_egress":"vpc-0c9ea436cff62ff32","client":"vpc-060090938d53c79c3","firewall":"vpc-0408b550fcf965422","transit_gateway":"vpc-0b8d0c8c67128cc1f"}},"ram_share_details":{"organization_arn":"arn:aws:organizations::703671905140:organization/o-kv10f7crlv","share_arn":"arn:aws:ram:eu-west-1:052127203460:resource-share/282b95e7-7168-4443-a7b0-76f03bf2b76b","share_id":"arn:aws:ram:eu-west-1:052127203460:resource-share/282b95e7-7168-4443-a7b0-76f03bf2b76b","share_name":"network-hub-nonprod-tgw-share"},"security_group_ids":{"client_instance":"sg-0eecc305788babfc9","tgw_instance":"sg-0c94b94a46f864171"},"subnet_cidrs":{"client_cde":["100.104.32.0/22","100.104.36.0/22","100.104.40.0/22"],"client_ncde":["100.104.44.0/22","100.104.48.0/22","100.104.52.0/22"],"client_tgw":["100.104.56.0/28","100.104.56.16/28","100.104.56.32/28"],"egress_private":["100.104.2.0/28","100.104.2.16/28","100.104.2.32/28"],"egress_public":["100.104.2.48/28","100.104.2.64/28","100.104.2.80/28"],"firewall_endpoint":["100.104.1.0/28","100.104.1.16/28","100.104.1.32/28"],"firewall_tgw":["100.104.1.48/28","100.104.1.64/28","100.104.1.80/28"],"transit_gateway":["100.104.0.0/28","100.104.0.16/28","100.104.0.32/28"]},"subnet_details":{"central_egress":{"firewall_endpoint":{"0":{"availability_zone":"eu-west-1a","cidr_block":"100.104.2.96/28","id":"subnet-0026158f7c17e68fc"},"1":{"availability_zone":"eu-west-1b","cidr_block":"100.104.2.112/28","id":"subnet-0c927db771af0816d"},"2":{"availability_zone":"eu-west-1c","cidr_block":"100.104.2.128/28","id":"subnet-0212c093d845e7bd3"}},"private":{"0":{"availability_zone":"eu-west-1a","cidr_block":"100.104.2.0/28","id":"subnet-01030161e3fe7d2e3"},"1":{"availability_zone":"eu-west-1b","cidr_block":"100.104.2.16/28","id":"subnet-093d60f364abe0211"},"2":{"availability_zone":"eu-west-1c","cidr_block":"100.104.2.32/28","id":"subnet-05e880ff28017b62d"}},"public":{"0":{"availability_zone":"eu-west-1a","cidr_block":"100.104.2.48/28","id":"subnet-08eb952dfe46c3c3e"},"1":{"availability_zone":"eu-west-1b","cidr_block":"100.104.2.64/28","id":"subnet-02ead089f1558788d"},"2":{"availability_zone":"eu-west-1c","cidr_block":"100.104.2.80/28","id":"subnet-0579109d93c20d81b"}}},"client":{"cde":{"0":{"availability_zone":"eu-west-1a","cidr_block":"100.104.32.0/22","id":"subnet-01409fc263c67624e"},"1":{"availability_zone":"eu-west-1b","cidr_block":"100.104.36.0/22","id":"subnet-02d2e95be9b192db1"},"2":{"availability_zone":"eu-west-1c","cidr_block":"100.104.40.0/22","id":"subnet-0b2eff0f86cf7ed09"}},"ncde":{"0":{"availability_zone":"eu-west-1a","cidr_block":"100.104.44.0/22","id":"subnet-051845352df8330a9"},"1":{"availability_zone":"eu-west-1b","cidr_block":"100.104.48.0/22","id":"subnet-0e4800c8489a619f7"},"2":{"availability_zone":"eu-west-1c","cidr_block":"100.104.52.0/22","id":"subnet-0c6bc5d7ecdfe7c12"}},"tgw":{"0":{"availability_zone":"eu-west-1a","cidr_block":"100.104.56.0/28","id":"subnet-0b051c93474fa92de"},"1":{"availability_zone":"eu-west-1b","cidr_block":"100.104.56.16/28","id":"subnet-07bd65a17a11bf125"},"2":{"availability_zone":"eu-west-1c","cidr_block":"100.104.56.32/28","id":"subnet-09fc1026d534ba25d"}}},"firewall":{"endpoint":{"0":{"availability_zone":"eu-west-1a","cidr_block":"100.104.1.0/28","id":"subnet-0fcdb1d9f440894ad"},"1":{"availability_zone":"eu-west-1b","cidr_block":"100.104.1.16/28","id":"subnet-08e7f391748f6505d"},"2":{"availability_zone":"eu-west-1c","cidr_block":"100.104.1.32/28","id":"subnet-0ca3f8c27da1d3e0d"}},"tgw":{"0":{"availability_zone":"eu-west-1a","cidr_block":"100.104.1.48/28","id":"subnet-01971425cf1991c24"},"1":{"availability_zone":"eu-west-1b","cidr_block":"100.104.1.64/28","id":"subnet-031412f729cb78f19"},"2":{"availability_zone":"eu-west-1c","cidr_block":"100.104.1.80/28","id":"subnet-0404c5f492750ffb8"}}},"transit_gateway":{"0":{"availability_zone":"eu-west-1a","cidr_block":"100.104.0.0/28","id":"subnet-003926c2522f7ee73"},"1":{"availability_zone":"eu-west-1b","cidr_block":"100.104.0.16/28","id":"subnet-0e0a2b00dac5d76c9"},"2":{"availability_zone":"eu-west-1c","cidr_block":"100.104.0.32/28","id":"subnet-027d01423cb727e8c"}}},"subnet_ids":{"client_cde":["subnet-01409fc263c67624e","subnet-02d2e95be9b192db1","subnet-0b2eff0f86cf7ed09"],"client_ncde":["subnet-051845352df8330a9","subnet-0e4800c8489a619f7","subnet-0c6bc5d7ecdfe7c12"],"client_tgw":["subnet-0b051c93474fa92de","subnet-07bd65a17a11bf125","subnet-09fc1026d534ba25d"],"egress_private":["subnet-01030161e3fe7d2e3","subnet-093d60f364abe0211","subnet-05e880ff28017b62d"],"egress_public":["subnet-08eb952dfe46c3c3e","subnet-02ead089f1558788d","subnet-0579109d93c20d81b"],"firewall_endpoint":["subnet-0fcdb1d9f440894ad","subnet-08e7f391748f6505d","subnet-0ca3f8c27da1d3e0d"],"firewall_tgw":["subnet-01971425cf1991c24","subnet-031412f729cb78f19","subnet-0404c5f492750ffb8"],"transit_gateway":["subnet-003926c2522f7ee73","subnet-0e0a2b00dac5d76c9","subnet-027d01423cb727e8c"]},"test_instance_security_groups":{"client_instance_sg":"sg-0eecc305788babfc9","tgw_instance_sg":"sg-0c94b94a46f864171"},"test_instances":{"client_instance":{"access_note":"Access via TGW instance or VPN - no public IP","availability_zone":"eu-west-1a","id":"i-09716acb6aa70bc9f","private_ip":"100.104.32.160","ssh_command":"ssh -i do_test_client.pem ec2-user@100.104.32.160","subnet_id":"subnet-01409fc263c67624e"},"tgw_instance":{"availability_zone":"eu-west-1a","id":"i-00d56cab1783b3591","private_ip":"100.104.0.8","public_ip":"3.255.144.126","ssh_command":"ssh -i do_test_client.pem ec2-user@3.255.144.126","subnet_id":"subnet-003926c2522f7ee73"}},"tgw_route_table_ids":{"main":"tgw-rtb-0fe9e5edcf51d6aeb"},"tgw_vpc_attachments":{"central_egress_vpc":"tgw-attach-0ac59cd9d256c5391","client_vpc":"tgw-attach-0eb185634bc98dfd8","firewall_vpc":"tgw-attach-0b0dbb39b0f464e26","transit_gateway_vpc":"tgw-attach-0e111d3e7efa2a845"},"transit_gateway_details":{"arn":"arn:aws:ec2:eu-west-1:052127203460:transit-gateway/tgw-0ab1c800cdf99ccf2","attachments":{"central_egress":"tgw-attach-0ac59cd9d256c5391","client":"tgw-attach-0eb185634bc98dfd8","firewall":"tgw-attach-0b0dbb39b0f464e26","transit_gateway":"tgw-attach-0e111d3e7efa2a845"},"id":"tgw-0ab1c800cdf99ccf2","main_route_table_id":"tgw-rtb-0fe9e5edcf51d6aeb","owner_id":"052127203460"},"transit_gateway_id":"tgw-0ab1c800cdf99ccf2","vpc_cidrs":{"central_egress":"100.104.2.0/24","client":"100.104.32.0/19","firewall":"100.104.1.0/24","transit_gateway":"100.104.0.0/24"},"vpc_details":{"central_egress":{"cidr_block":"100.104.2.0/24","default_route_table_id":"rtb-02d0d4b84d873b310","id":"vpc-0c9ea436cff62ff32","name":"network-hub-nonprod-egress-vpc"},"client":{"cidr_block":"100.104.32.0/19","default_route_table_id":"rtb-0390b33fa179d6ff7","id":"vpc-060090938d53c79c3","name":"network-hub-nonprod-client-vpc"},"firewall":{"cidr_block":"100.104.1.0/24","default_route_table_id":"rtb-083a7e3592459f0e0","id":"vpc-0408b550fcf965422","name":"network-hub-nonprod-firewall-vpc"},"transit_gateway":{"cidr_block":"100.104.0.0/24","default_route_table_id":"rtb-0ad04bbdafc6892f6","id":"vpc-0b8d0c8c67128cc1f","name":"network-hub-nonprod-tgw-vpc"}},"vpc_ids":{"central_egress":"vpc-0c9ea436cff62ff32","client":"vpc-060090938d53c79c3","firewall":"vpc-0408b550fcf965422","transit_gateway":"vpc-0b8d0c8c67128cc1f"}},"type":["object",{"client_subnet_allocation":["object",{"cde_subnets":["tuple",["string","string","string"]],"ncde_subnets":["tuple",["string","string","string"]],"tgw_subnets":["tuple",["string","string","string"]]}],"elastic_ip_addresses":["tuple",["string","string","string"]],"firewall_details":["object",{"arn":"string","endpoints":["set",["object",{"attachment":["list",["object",{"endpoint_id":"string","subnet_id":"string"}]],"availability_zone":"string"}]],"id":"string","policy_arn":"string","policy_id":"string"}],"firewall_endpoints":["set",["object",{"attachment":["list",["object",{"endpoint_id":"string","subnet_id":"string"}]],"availability_zone":"string"}]],"firewall_id":"string","firewall_policy_id":"string","internet_connectivity":["object",{"elastic_ips":["tuple",["string","string","string"]],"internet_gateways":["object",{"central_egress":"string","transit_gateway":"string"}],"nat_gateways":["object",{"eu-west-1a":["object",{"id":"string","public_ip":"string","subnet_id":"string"}],"eu-west-1b":["object",{"id":"string","public_ip":"string","subnet_id":"string"}],"eu-west-1c":["object",{"id":"string","public_ip":"string","subnet_id":"string"}]}]}],"internet_gateway_ids":["object",{"central_egress":"string","transit_gateway":"string"}],"nat_gateway_ids":["tuple",["string","string","string"]],"network_summary":["object",{"availability_zones":["list","string"],"environment":"string","features":["object",{"firewall_enabled":"bool","ram_sharing_enabled":"bool","test_instances_enabled":"bool"}],"project_name":"string","region":"string","subnet_counts":["object",{"cde_subnets":"number","ncde_subnets":"number","tgw_subnets":"number","total_subnets":"number"}],"vpc_cidrs":["object",{"central_egress":"string","client":"string","firewall":"string","transit_gateway":"string"}],"vpc_count":"number"}],"quick_access":["object",{"firewall_id":"string","nat_gateway_ips":["tuple",["string","string","string"]],"test_instance_ssh":["object",{"client_instance":"string","tgw_instance":"string"}],"transit_gateway_id":"string","vpc_ids":["object",{"central_egress":"string","client":"string","firewall":"string","transit_gateway":"string"}]}],"ram_share_details":["object",{"organization_arn":"string","share_arn":"string","share_id":"string","share_name":"string"}],"security_group_ids":["object",{"client_instance":"string","tgw_instance":"string"}],"subnet_cidrs":["object",{"client_cde":["tuple",["string","string","string"]],"client_ncde":["tuple",["string","string","string"]],"client_tgw":["tuple",["string","string","string"]],"egress_private":["tuple",["string","string","string"]],"egress_public":["tuple",["string","string","string"]],"firewall_endpoint":["tuple",["string","string","string"]],"firewall_tgw":["tuple",["string","string","string"]],"transit_gateway":["tuple",["string","string","string"]]}],"subnet_details":["object",{"central_egress":["object",{"firewall_endpoint":["object",{"0":["object",{"availability_zone":"string","cidr_block":"string","id":"string"}],"1":["object",{"availability_zone":"string","cidr_block":"string","id":"string"}],"2":["object",{"availability_zone":"string","cidr_block":"string","id":"string"}]}],"private":["object",{"0":["object",{"availability_zone":"string","cidr_block":"string","id":"string"}],"1":["object",{"availability_zone":"string","cidr_block":"string","id":"string"}],"2":["object",{"availability_zone":"string","cidr_block":"string","id":"string"}]}],"public":["object",{"0":["object",{"availability_zone":"string","cidr_block":"string","id":"string"}],"1":["object",{"availability_zone":"string","cidr_block":"string","id":"string"}],"2":["object",{"availability_zone":"string","cidr_block":"string","id":"string"}]}]}],"client":["object",{"cde":["object",{"0":["object",{"availability_zone":"string","cidr_block":"string","id":"string"}],"1":["object",{"availability_zone":"string","cidr_block":"string","id":"string"}],"2":["object",{"availability_zone":"string","cidr_block":"string","id":"string"}]}],"ncde":["object",{"0":["object",{"availability_zone":"string","cidr_block":"string","id":"string"}],"1":["object",{"availability_zone":"string","cidr_block":"string","id":"string"}],"2":["object",{"availability_zone":"string","cidr_block":"string","id":"string"}]}],"tgw":["object",{"0":["object",{"availability_zone":"string","cidr_block":"string","id":"string"}],"1":["object",{"availability_zone":"string","cidr_block":"string","id":"string"}],"2":["object",{"availability_zone":"string","cidr_block":"string","id":"string"}]}]}],"firewall":["object",{"endpoint":["object",{"0":["object",{"availability_zone":"string","cidr_block":"string","id":"string"}],"1":["object",{"availability_zone":"string","cidr_block":"string","id":"string"}],"2":["object",{"availability_zone":"string","cidr_block":"string","id":"string"}]}],"tgw":["object",{"0":["object",{"availability_zone":"string","cidr_block":"string","id":"string"}],"1":["object",{"availability_zone":"string","cidr_block":"string","id":"string"}],"2":["object",{"availability_zone":"string","cidr_block":"string","id":"string"}]}]}],"transit_gateway":["object",{"0":["object",{"availability_zone":"string","cidr_block":"string","id":"string"}],"1":["object",{"availability_zone":"string","cidr_block":"string","id":"string"}],"2":["object",{"availability_zone":"string","cidr_block":"string","id":"string"}]}]}],"subnet_ids":["object",{"client_cde":["tuple",["string","string","string"]],"client_ncde":["tuple",["string","string","string"]],"client_tgw":["tuple",["string","string","string"]],"egress_private":["tuple",["string","string","string"]],"egress_public":["tuple",["string","string","string"]],"firewall_endpoint":["tuple",["string","string","string"]],"firewall_tgw":["tuple",["string","string","string"]],"transit_gateway":["tuple",["string","string","string"]]}],"test_instance_security_groups":["object",{"client_instance_sg":"string","tgw_instance_sg":"string"}],"test_instances":["object",{"client_instance":["object",{"access_note":"string","availability_zone":"string","id":"string","private_ip":"string","ssh_command":"string","subnet_id":"string"}],"tgw_instance":["object",{"availability_zone":"string","id":"string","private_ip":"string","public_ip":"string","ssh_command":"string","subnet_id":"string"}]}],"tgw_route_table_ids":["object",{"main":"string"}],"tgw_vpc_attachments":["object",{"central_egress_vpc":"string","client_vpc":"string","firewall_vpc":"string","transit_gateway_vpc":"string"}],"transit_gateway_details":["object",{"arn":"string","attachments":["object",{"central_egress":"string","client":"string","firewall":"string","transit_gateway":"string"}],"id":"string","main_route_table_id":"string","owner_id":"string"}],"transit_gateway_id":"string","vpc_cidrs":["object",{"central_egress":"string","client":"string","firewall":"string","transit_gateway":"string"}],"vpc_details":["object",{"central_egress":["object",{"cidr_block":"string","default_route_table_id":"string","id":"string","name":"string"}],"client":["object",{"cidr_block":"string","default_route_table_id":"string","id":"string","name":"string"}],"firewall":["object",{"cidr_block":"string","default_route_table_id":"string","id":"string","name":"string"}],"transit_gateway":["object",{"cidr_block":"string","default_route_table_id":"string","id":"string","name":"string"}]}],"vpc_ids":["object",{"central_egress":"string","client":"string","firewall":"string","transit_gateway":"string"}]}]},"workspace":null},"sensitive_attributes":[]}]},{"mode":"data","type":"terraform_remote_state","name":"us_east","provider":"provider[\"terraform.io/builtin/terraform\"]","instances":[{"schema_version":0,"attributes":{"backend":"local","config":{"value":{"path":"../../../us-east-1/nonprod/terraform.tfstate"},"type":["object",{"path":"string"}]},"defaults":null,"outputs":{"value":{"client_subnet_allocation":{"cde_subnets":["100.120.32.0/22","100.120.36.0/22","100.120.40.0/22"],"ncde_subnets":["100.120.44.0/22","100.120.48.0/22","100.120.52.0/22"],"tgw_subnets":["100.120.56.0/28","100.120.56.16/28","100.120.56.32/28"]},"elastic_ip_addresses":["35.170.230.21","54.85.143.185","34.196.130.251"],"firewall_details":{"arn":"arn:aws:network-firewall:us-east-1:052127203460:firewall/network-hub-nonprod-network-firewall","endpoints":[{"attachment":[{"endpoint_id":"vpce-029d921f5916973e6","subnet_id":"subnet-0ae820166fc1bd65c"}],"availability_zone":"us-east-1c"},{"attachment":[{"endpoint_id":"vpce-074ead6a2bc838839","subnet_id":"subnet-02b9c84875c622b4c"}],"availability_zone":"us-east-1a"},{"attachment":[{"endpoint_id":"vpce-082b5f3765c08d94d","subnet_id":"subnet-01eb45e8b2882c18b"}],"availability_zone":"us-east-1b"}],"id":"arn:aws:network-firewall:us-east-1:052127203460:firewall/network-hub-nonprod-network-firewall","policy_arn":"arn:aws:network-firewall:us-east-1:052127203460:firewall-policy/network-hub-nonprod-firewall-policy","policy_id":"arn:aws:network-firewall:us-east-1:052127203460:firewall-policy/network-hub-nonprod-firewall-policy"},"firewall_endpoints":[{"attachment":[{"endpoint_id":"vpce-029d921f5916973e6","subnet_id":"subnet-0ae820166fc1bd65c"}],"availability_zone":"us-east-1c"},{"attachment":[{"endpoint_id":"vpce-074ead6a2bc838839","subnet_id":"subnet-02b9c84875c622b4c"}],"availability_zone":"us-east-1a"},{"attachment":[{"endpoint_id":"vpce-082b5f3765c08d94d","subnet_id":"subnet-01eb45e8b2882c18b"}],"availability_zone":"us-east-1b"}],"firewall_id":"arn:aws:network-firewall:us-east-1:052127203460:firewall/network-hub-nonprod-network-firewall","firewall_policy_id":"arn:aws:network-firewall:us-east-1:052127203460:firewall-policy/network-hub-nonprod-firewall-policy","internet_connectivity":{"elastic_ips":["35.170.230.21","54.85.143.185","34.196.130.251"],"internet_gateways":{"central_egress":"igw-092face7239d36c11","transit_gateway":"igw-0309e583d58819067"},"nat_gateways":{"us-east-1a":{"id":"nat-0c1b728298358a7dc","public_ip":"35.170.230.21","subnet_id":"subnet-0e34d1989897e9c41"},"us-east-1b":{"id":"nat-05801f763775bf438","public_ip":"54.85.143.185","subnet_id":"subnet-095d3055c353e8353"},"us-east-1c":{"id":"nat-090e1e19387831903","public_ip":"34.196.130.251","subnet_id":"subnet-02e84df546c959371"}}},"internet_gateway_ids":{"central_egress":"igw-092face7239d36c11","transit_gateway":"igw-0309e583d58819067"},"nat_gateway_ids":["nat-0c1b728298358a7dc","nat-05801f763775bf438","nat-090e1e19387831903"],"network_summary":{"availability_zones":["us-east-1a","us-east-1b","us-east-1c"],"environment":"nonprod","features":{"firewall_enabled":true,"ram_sharing_enabled":true,"test_instances_enabled":true},"project_name":"network-hub","region":"us-east-1","subnet_counts":{"cde_subnets":3,"ncde_subnets":3,"tgw_subnets":3,"total_subnets":27},"vpc_cidrs":{"central_egress":"100.120.2.0/24","client":"100.120.32.0/19","firewall":"100.120.1.0/24","transit_gateway":"100.120.0.0/24"},"vpc_count":4},"quick_access":{"firewall_id":"arn:aws:network-firewall:us-east-1:052127203460:firewall/network-hub-nonprod-network-firewall","nat_gateway_ips":["35.170.230.21","54.85.143.185","34.196.130.251"],"test_instance_ssh":{"client_instance":"ssh -i do_test_us.pem ec2-user@100.120.35.113","tgw_instance":"ssh -i do_test_us.pem ec2-user@54.208.191.130"},"transit_gateway_id":"tgw-0d075f0bbac840458","vpc_ids":{"central_egress":"vpc-00f01d128ce1f76fb","client":"vpc-0c2547488bbb89d13","firewall":"vpc-037b166dee18c9193","transit_gateway":"vpc-0958fff4e34b6b948"}},"ram_share_details":{"organization_arn":"arn:aws:organizations::703671905140:organization/o-kv10f7crlv","share_arn":"arn:aws:ram:us-east-1:052127203460:resource-share/13e8c179-c393-45f9-a737-2a56805b1643","share_id":"arn:aws:ram:us-east-1:052127203460:resource-share/13e8c179-c393-45f9-a737-2a56805b1643","share_name":"network-hub-nonprod-tgw-share"},"security_group_ids":{"client_instance":"sg-0d62d59c6e856b4d8","tgw_instance":"sg-0aa42a7a385615af6"},"subnet_cidrs":{"client_cde":["100.120.32.0/22","100.120.36.0/22","100.120.40.0/22"],"client_ncde":["100.120.44.0/22","100.120.48.0/22","100.120.52.0/22"],"client_tgw":["100.120.56.0/28","100.120.56.16/28","100.120.56.32/28"],"egress_private":["100.120.2.0/28","100.120.2.16/28","100.120.2.32/28"],"egress_public":["100.120.2.48/28","100.120.2.64/28","100.120.2.80/28"],"firewall_endpoint":["100.120.1.0/28","100.120.1.16/28","100.120.1.32/28"],"firewall_tgw":["100.120.1.48/28","100.120.1.64/28","100.120.1.80/28"],"transit_gateway":["100.120.0.0/28","100.120.0.16/28","100.120.0.32/28"]},"subnet_details":{"central_egress":{"firewall_endpoint":{"0":{"availability_zone":"us-east-1a","cidr_block":"100.120.2.96/28","id":"subnet-072778d4116ed85a3"},"1":{"availability_zone":"us-east-1b","cidr_block":"100.120.2.112/28","id":"subnet-0156dc937a257e72d"},"2":{"availability_zone":"us-east-1c","cidr_block":"100.120.2.128/28","id":"subnet-09642ec6cc85e01f7"}},"private":{"0":{"availability_zone":"us-east-1a","cidr_block":"100.120.2.0/28","id":"subnet-07ec1b415d1b6bfa5"},"1":{"availability_zone":"us-east-1b","cidr_block":"100.120.2.16/28","id":"subnet-0e48ee23ae269d87d"},"2":{"availability_zone":"us-east-1c","cidr_block":"100.120.2.32/28","id":"subnet-0d72b0594526fba44"}},"public":{"0":{"availability_zone":"us-east-1a","cidr_block":"100.120.2.48/28","id":"subnet-0e34d1989897e9c41"},"1":{"availability_zone":"us-east-1b","cidr_block":"100.120.2.64/28","id":"subnet-095d3055c353e8353"},"2":{"availability_zone":"us-east-1c","cidr_block":"100.120.2.80/28","id":"subnet-02e84df546c959371"}}},"client":{"cde":{"0":{"availability_zone":"us-east-1a","cidr_block":"100.120.32.0/22","id":"subnet-0e494da2b9b499414"},"1":{"availability_zone":"us-east-1b","cidr_block":"100.120.36.0/22","id":"subnet-0e7b63c4bed841bc1"},"2":{"availability_zone":"us-east-1c","cidr_block":"100.120.40.0/22","id":"subnet-0a268580a8f9753aa"}},"ncde":{"0":{"availability_zone":"us-east-1a","cidr_block":"100.120.44.0/22","id":"subnet-096ea6038c5f068dd"},"1":{"availability_zone":"us-east-1b","cidr_block":"100.120.48.0/22","id":"subnet-067d7b84da6208e6e"},"2":{"availability_zone":"us-east-1c","cidr_block":"100.120.52.0/22","id":"subnet-0b3c222947b2e267d"}},"tgw":{"0":{"availability_zone":"us-east-1a","cidr_block":"100.120.56.0/28","id":"subnet-035efbef995c4d76a"},"1":{"availability_zone":"us-east-1b","cidr_block":"100.120.56.16/28","id":"subnet-0dbfefb4f65298d81"},"2":{"availability_zone":"us-east-1c","cidr_block":"100.120.56.32/28","id":"subnet-0267c8da6d030c36b"}}},"firewall":{"endpoint":{"0":{"availability_zone":"us-east-1a","cidr_block":"100.120.1.0/28","id":"subnet-02b9c84875c622b4c"},"1":{"availability_zone":"us-east-1b","cidr_block":"100.120.1.16/28","id":"subnet-01eb45e8b2882c18b"},"2":{"availability_zone":"us-east-1c","cidr_block":"100.120.1.32/28","id":"subnet-0ae820166fc1bd65c"}},"tgw":{"0":{"availability_zone":"us-east-1a","cidr_block":"100.120.1.48/28","id":"subnet-0e052e02fc73f96c7"},"1":{"availability_zone":"us-east-1b","cidr_block":"100.120.1.64/28","id":"subnet-0b127136f8827fdc9"},"2":{"availability_zone":"us-east-1c","cidr_block":"100.120.1.80/28","id":"subnet-003a18ef7ea541146"}}},"transit_gateway":{"0":{"availability_zone":"us-east-1a","cidr_block":"100.120.0.0/28","id":"subnet-01b85e56227549c62"},"1":{"availability_zone":"us-east-1b","cidr_block":"100.120.0.16/28","id":"subnet-05841c3b2e5ad2792"},"2":{"availability_zone":"us-east-1c","cidr_block":"100.120.0.32/28","id":"subnet-02ef65715093bc80d"}}},"subnet_ids":{"client_cde":["subnet-0e494da2b9b499414","subnet-0e7b63c4bed841bc1","subnet-0a268580a8f9753aa"],"client_ncde":["subnet-096ea6038c5f068dd","subnet-067d7b84da6208e6e","subnet-0b3c222947b2e267d"],"client_tgw":["subnet-035efbef995c4d76a","subnet-0dbfefb4f65298d81","subnet-0267c8da6d030c36b"],"egress_private":["subnet-07ec1b415d1b6bfa5","subnet-0e48ee23ae269d87d","subnet-0d72b0594526fba44"],"egress_public":["subnet-0e34d1989897e9c41","subnet-095d3055c353e8353","subnet-02e84df546c959371"],"firewall_endpoint":["subnet-02b9c84875c622b4c","subnet-01eb45e8b2882c18b","subnet-0ae820166fc1bd65c"],"firewall_tgw":["subnet-0e052e02fc73f96c7","subnet-0b127136f8827fdc9","subnet-003a18ef7ea541146"],"transit_gateway":["subnet-01b85e56227549c62","subnet-05841c3b2e5ad2792","subnet-02ef65715093bc80d"]},"test_instance_security_groups":{"client_instance_sg":"sg-0d62d59c6e856b4d8","tgw_instance_sg":"sg-0aa42a7a385615af6"},"test_instances":{"client_instance":{"access_note":"Access via TGW instance or VPN - no public IP","availability_zone":"us-east-1a","id":"i-0d7eb18804b576206","private_ip":"100.120.35.113","ssh_command":"ssh -i do_test_us.pem ec2-user@100.120.35.113","subnet_id":"subnet-0e494da2b9b499414"},"tgw_instance":{"availability_zone":"us-east-1a","id":"i-0af5630084725c379","private_ip":"100.120.0.5","public_ip":"54.208.191.130","ssh_command":"ssh -i do_test_us.pem ec2-user@54.208.191.130","subnet_id":"subnet-01b85e56227549c62"}},"tgw_route_table_ids":{"main":"tgw-rtb-051d0959d53a6a6c0"},"tgw_vpc_attachments":{"central_egress_vpc":"tgw-attach-0caab32194a421f93","client_vpc":"tgw-attach-0c395d2d956a0ca28","firewall_vpc":"tgw-attach-0b2050bf0f22055ef","transit_gateway_vpc":"tgw-attach-0a67110e0c0f48188"},"transit_gateway_details":{"arn":"arn:aws:ec2:us-east-1:052127203460:transit-gateway/tgw-0d075f0bbac840458","attachments":{"central_egress":"tgw-attach-0caab32194a421f93","client":"tgw-attach-0c395d2d956a0ca28","firewall":"tgw-attach-0b2050bf0f22055ef","transit_gateway":"tgw-attach-0a67110e0c0f48188"},"id":"tgw-0d075f0bbac840458","main_route_table_id":"tgw-rtb-051d0959d53a6a6c0","owner_id":"052127203460"},"transit_gateway_id":"tgw-0d075f0bbac840458","vpc_cidrs":{"central_egress":"100.120.2.0/24","client":"100.120.32.0/19","firewall":"100.120.1.0/24","transit_gateway":"100.120.0.0/24"},"vpc_details":{"central_egress":{"cidr_block":"100.120.2.0/24","default_route_table_id":"rtb-0dafca9550af71678","id":"vpc-00f01d128ce1f76fb","name":"network-hub-nonprod-egress-vpc"},"client":{"cidr_block":"100.120.32.0/19","default_route_table_id":"rtb-0749407a277fc4380","id":"vpc-0c2547488bbb89d13","name":"network-hub-nonprod-client-vpc"},"firewall":{"cidr_block":"100.120.1.0/24","default_route_table_id":"rtb-0b63f2d932ed700e5","id":"vpc-037b166dee18c9193","name":"network-hub-nonprod-firewall-vpc"},"transit_gateway":{"cidr_block":"100.120.0.0/24","default_route_table_id":"rtb-071fe495ab08904a1","id":"vpc-0958fff4e34b6b948","name":"network-hub-nonprod-tgw-vpc"}},"vpc_ids":{"central_egress":"vpc-00f01d128ce1f76fb","client":"vpc-0c2547488bbb89d13","firewall":"vpc-037b166dee18c9193","transit_gateway":"vpc-0958fff4e34b6b948"}},"type":["object",{"client_subnet_allocation":["object",{"cde_subnets":["tuple",["string","string","string"]],"ncde_subnets":["tuple",["string","string","string"]],"tgw_subnets":["tuple",["string","string","string"]]}],"elastic_ip_addresses":["tuple",["string","string","string"]],"firewall_details":["object",{"arn":"string","endpoints":["set",["object",{"attachment":["list",["object",{"endpoint_id":"string","subnet_id":"string"}]],"availability_zone":"string"}]],"id":"string","policy_arn":"string","policy_id":"string"}],"firewall_endpoints":["set",["object",{"attachment":["list",["object",{"endpoint_id":"string","subnet_id":"string"}]],"availability_zone":"string"}]],"firewall_id":"string","firewall_policy_id":"string","internet_connectivity":["object",{"elastic_ips":["tuple",["string","string","string"]],"internet_gateways":["object",{"central_egress":"string","transit_gateway":"string"}],"nat_gateways":["object",{"us-east-1a":["object",{"id":"string","public_ip":"string","subnet_id":"string"}],"us-east-1b":["object",{"id":"string","public_ip":"string","subnet_id":"string"}],"us-east-1c":["object",{"id":"string","public_ip":"string","subnet_id":"string"}]}]}],"internet_gateway_ids":["object",{"central_egress":"string","transit_gateway":"string"}],"nat_gateway_ids":["tuple",["string","string","string"]],"network_summary":["object",{"availability_zones":["list","string"],"environment":"string","features":["object",{"firewall_enabled":"bool","ram_sharing_enabled":"bool","test_instances_enabled":"bool"}],"project_name":"string","region":"string","subnet_counts":["object",{"cde_subnets":"number","ncde_subnets":"number","tgw_subnets":"number","total_subnets":"number"}],"vpc_cidrs":["object",{"central_egress":"string","client":"string","firewall":"string","transit_gateway":"string"}],"vpc_count":"number"}],"quick_access":["object",{"firewall_id":"string","nat_gateway_ips":["tuple",["string","string","string"]],"test_instance_ssh":["object",{"client_instance":"string","tgw_instance":"string"}],"transit_gateway_id":"string","vpc_ids":["object",{"central_egress":"string","client":"string","firewall":"string","transit_gateway":"string"}]}],"ram_share_details":["object",{"organization_arn":"string","share_arn":"string","share_id":"string","share_name":"string"}],"security_group_ids":["object",{"client_instance":"string","tgw_instance":"string"}],"subnet_cidrs":["object",{"client_cde":["tuple",["string","string","string"]],"client_ncde":["tuple",["string","string","string"]],"client_tgw":["tuple",["string","string","string"]],"egress_private":["tuple",["string","string","string"]],"egress_public":["tuple",["string","string","string"]],"firewall_endpoint":["tuple",["string","string","string"]],"firewall_tgw":["tuple",["string","string","string"]],"transit_gateway":["tuple",["string","string","string"]]}],"subnet_details":["object",{"central_egress":["object",{"firewall_endpoint":["object",{"0":["object",{"availability_zone":"string","cidr_block":"string","id":"string"}],"1":["object",{"availability_zone":"string","cidr_block":"string","id":"string"}],"2":["object",{"availability_zone":"string","cidr_block":"string","id":"string"}]}],"private":["object",{"0":["object",{"availability_zone":"string","cidr_block":"string","id":"string"}],"1":["object",{"availability_zone":"string","cidr_block":"string","id":"string"}],"2":["object",{"availability_zone":"string","cidr_block":"string","id":"string"}]}],"public":["object",{"0":["object",{"availability_zone":"string","cidr_block":"string","id":"string"}],"1":["object",{"availability_zone":"string","cidr_block":"string","id":"string"}],"2":["object",{"availability_zone":"string","cidr_block":"string","id":"string"}]}]}],"client":["object",{"cde":["object",{"0":["object",{"availability_zone":"string","cidr_block":"string","id":"string"}],"1":["object",{"availability_zone":"string","cidr_block":"string","id":"string"}],"2":["object",{"availability_zone":"string","cidr_block":"string","id":"string"}]}],"ncde":["object",{"0":["object",{"availability_zone":"string","cidr_block":"string","id":"string"}],"1":["object",{"availability_zone":"string","cidr_block":"string","id":"string"}],"2":["object",{"availability_zone":"string","cidr_block":"string","id":"string"}]}],"tgw":["object",{"0":["object",{"availability_zone":"string","cidr_block":"string","id":"string"}],"1":["object",{"availability_zone":"string","cidr_block":"string","id":"string"}],"2":["object",{"availability_zone":"string","cidr_block":"string","id":"string"}]}]}],"firewall":["object",{"endpoint":["object",{"0":["object",{"availability_zone":"string","cidr_block":"string","id":"string"}],"1":["object",{"availability_zone":"string","cidr_block":"string","id":"string"}],"2":["object",{"availability_zone":"string","cidr_block":"string","id":"string"}]}],"tgw":["object",{"0":["object",{"availability_zone":"string","cidr_block":"string","id":"string"}],"1":["object",{"availability_zone":"string","cidr_block":"string","id":"string"}],"2":["object",{"availability_zone":"string","cidr_block":"string","id":"string"}]}]}],"transit_gateway":["object",{"0":["object",{"availability_zone":"string","cidr_block":"string","id":"string"}],"1":["object",{"availability_zone":"string","cidr_block":"string","id":"string"}],"2":["object",{"availability_zone":"string","cidr_block":"string","id":"string"}]}]}],"subnet_ids":["object",{"client_cde":["tuple",["string","string","string"]],"client_ncde":["tuple",["string","string","string"]],"client_tgw":["tuple",["string","string","string"]],"egress_private":["tuple",["string","string","string"]],"egress_public":["tuple",["string","string","string"]],"firewall_endpoint":["tuple",["string","string","string"]],"firewall_tgw":["tuple",["string","string","string"]],"transit_gateway":["tuple",["string","string","string"]]}],"test_instance_security_groups":["object",{"client_instance_sg":"string","tgw_instance_sg":"string"}],"test_instances":["object",{"client_instance":["object",{"access_note":"string","availability_zone":"string","id":"string","private_ip":"string","ssh_command":"string","subnet_id":"string"}],"tgw_instance":["object",{"availability_zone":"string","id":"string","private_ip":"string","public_ip":"string","ssh_command":"string","subnet_id":"string"}]}],"tgw_route_table_ids":["object",{"main":"string"}],"tgw_vpc_attachments":["object",{"central_egress_vpc":"string","client_vpc":"string","firewall_vpc":"string","transit_gateway_vpc":"string"}],"transit_gateway_details":["object",{"arn":"string","attachments":["object",{"central_egress":"string","client":"string","firewall":"string","transit_gateway":"string"}],"id":"string","main_route_table_id":"string","owner_id":"string"}],"transit_gateway_id":"string","vpc_cidrs":["object",{"central_egress":"string","client":"string","firewall":"string","transit_gateway":"string"}],"vpc_details":["object",{"central_egress":["object",{"cidr_block":"string","default_route_table_id":"string","id":"string","name":"string"}],"client":["object",{"cidr_block":"string","default_route_table_id":"string","id":"string","name":"string"}],"firewall":["object",{"cidr_block":"string","default_route_table_id":"string","id":"string","name":"string"}],"transit_gateway":["object",{"cidr_block":"string","default_route_table_id":"string","id":"string","name":"string"}]}],"vpc_ids":["object",{"central_egress":"string","client":"string","firewall":"string","transit_gateway":"string"}]}]},"workspace":null},"sensitive_attributes":[]}]},{"module":"module.tgw_peering_eu_to_us","mode":"managed","type":"aws_ec2_transit_gateway_peering_attachment","name":"this","provider":"provider[\"registry.opentofu.org/hashicorp/aws\"].local","instances":[{"schema_version":0,"attributes":{"arn":"arn:aws:ec2:eu-west-1:052127203460:transit-gateway-attachment/tgw-attach-0125b1634c898ff76","id":"tgw-attach-0125b1634c898ff76","options":[],"peer_account_id":"052127203460","peer_region":"us-east-1","peer_transit_gateway_id":"tgw-0d075f0bbac840458","region":"eu-west-1","state":"available","tags":{"Environment":"nonprod","LocalRegion":"eu-west-1","ManagedBy":"OpenTofu","Name":"network-hub-nonprod-tgw-peering-eu-west-1-to-us-east-1","PeerRegion":"us-east-1","Project":"network-hub","Purpose":"cross-region-connectivity","Type":"transit-gateway-peering"},"tags_all":{"Environment":"nonprod","LocalRegion":"eu-west-1","ManagedBy":"OpenTofu","Name":"network-hub-nonprod-tgw-peering-eu-west-1-to-us-east-1","PeerRegion":"us-east-1","Project":"network-hub","Purpose":"cross-region-connectivity","Type":"transit-gateway-peering"},"transit_gateway_id":"tgw-0ab1c800cdf99ccf2"},"sensitive_attributes":[],"private":"bnVsbA==","dependencies":["data.aws_caller_identity.current","data.terraform_remote_state.eu_west","data.terraform_remote_state.us_east"]}]},{"module":"module.tgw_peering_eu_to_us","mode":"managed","type":"aws_ec2_transit_gateway_peering_attachment_accepter","name":"this","provider":"provider[\"registry.opentofu.org/hashicorp/aws\"].peer","instances":[{"schema_version":0,"attributes":{"id":"tgw-attach-0125b1634c898ff76","peer_account_id":"052127203460","peer_region":"eu-west-1","peer_transit_gateway_id":"tgw-0ab1c800cdf99ccf2","region":"us-east-1","tags":{"Environment":"nonprod","LocalRegion":"us-east-1","ManagedBy":"OpenTofu","Name":"network-hub-nonprod-tgw-peering-accepter-us-east-1","PeerRegion":"eu-west-1","Project":"network-hub","Purpose":"cross-region-connectivity","Type":"transit-gateway-peering-accepter"},"tags_all":{"Environment":"nonprod","LocalRegion":"us-east-1","ManagedBy":"OpenTofu","Name":"network-hub-nonprod-tgw-peering-accepter-us-east-1","PeerRegion":"eu-west-1","Project":"network-hub","Purpose":"cross-region-connectivity","Type":"transit-gateway-peering-accepter"},"transit_gateway_attachment_id":"tgw-attach-0125b1634c898ff76","transit_gateway_id":"tgw-0d075f0bbac840458"},"sensitive_attributes":[],"private":"bnVsbA==","dependencies":["data.aws_caller_identity.current","data.terraform_remote_state.eu_west","data.terraform_remote_state.us_east","module.tgw_peering_eu_to_us.aws_ec2_transit_gateway_peering_attachment.this"]}]},{"module":"module.tgw_peering_eu_to_us","mode":"managed","type":"aws_ec2_transit_gateway_route","name":"local_to_peer","provider":"provider[\"registry.opentofu.org/hashicorp/aws\"].local","instances":[{"schema_version":0,"attributes":{"blackhole":false,"destination_cidr_block":"100.120.0.0/14","id":"tgw-rtb-0fe9e5edcf51d6aeb_100.120.0.0/14","region":"eu-west-1","transit_gateway_attachment_id":"tgw-attach-0125b1634c898ff76","transit_gateway_route_table_id":"tgw-rtb-0fe9e5edcf51d6aeb"},"sensitive_attributes":[],"private":"bnVsbA==","dependencies":["data.aws_caller_identity.current","data.terraform_remote_state.eu_west","data.terraform_remote_state.us_east","module.tgw_peering_eu_to_us.aws_ec2_transit_gateway_peering_attachment.this","module.tgw_peering_eu_to_us.aws_ec2_transit_gateway_peering_attachment_accepter.this"]}]},{"module":"module.tgw_peering_eu_to_us","mode":"managed","type":"aws_ec2_transit_gateway_route","name":"peer_to_local","provider":"provider[\"registry.opentofu.org/hashicorp/aws\"].peer","instances":[{"schema_version":0,"attributes":{"blackhole":false,"destination_cidr_block":"100.104.0.0/14","id":"tgw-rtb-051d0959d53a6a6c0_100.104.0.0/14","region":"us-east-1","transit_gateway_attachment_id":"tgw-attach-0125b1634c898ff76","transit_gateway_route_table_id":"tgw-rtb-051d0959d53a6a6c0"},"sensitive_attributes":[],"private":"bnVsbA==","dependencies":["data.aws_caller_identity.current","data.terraform_remote_state.eu_west","data.terraform_remote_state.us_east","module.tgw_peering_eu_to_us.aws_ec2_transit_gateway_peering_attachment.this","module.tgw_peering_eu_to_us.aws_ec2_transit_gateway_peering_attachment_accepter.this"]}]}],"check_results":[{"object_kind":"var","config_addr":"var.local_cidr_block","status":"pass","objects":[{"object_addr":"var.local_cidr_block","status":"pass"}]},{"object_kind":"var","config_addr":"var.peer_cidr_block","status":"pass","objects":[{"object_addr":"var.peer_cidr_block","status":"pass"}]},{"object_kind":"var","config_addr":"module.tgw_peering_eu_to_us.var.local_cidr_block","status":"pass","objects":[{"object_addr":"module.tgw_peering_eu_to_us.var.local_cidr_block","status":"pass"}]},{"object_kind":"var","config_addr":"module.tgw_peering_eu_to_us.var.peer_cidr_block","status":"pass","objects":[{"object_addr":"module.tgw_peering_eu_to_us.var.peer_cidr_block","status":"pass"}]},{"object_kind":"var","config_addr":"module.tgw_peering_eu_to_us.var.peer_region","status":"pass","objects":[{"object_addr":"module.tgw_peering_eu_to_us.var.peer_region","status":"pass"}]},{"object_kind":"var","config_addr":"module.tgw_peering_eu_to_us.var.peer_account_id","status":"pass","objects":[{"object_addr":"module.tgw_peering_eu_to_us.var.peer_account_id","status":"pass"}]},{"object_kind":"var","config_addr":"module.tgw_peering_eu_to_us.var.local_region","status":"pass","objects":[{"object_addr":"module.tgw_peering_eu_to_us.var.local_region","status":"pass"}]}]}
