{"version":4,"terraform_version":"1.10.3","serial":2,"lineage":"0f45bf2d-f9c9-9381-6b7e-734c12505be7","outputs":{"network_summary":{"value":{"account_name":"do-gitlab-account-1","availability_zones":["eu-west-1a","eu-west-1b","eu-west-1c"],"environment":"prod","network_hub_integration":{"connected":true,"transit_gateway_id":"tgw-0490ce184eb6abde8"},"region":"eu-west-1","subnet_counts":{"cde_subnets":3,"ncde_subnets":3,"tgw_subnets":3},"vpc_cidr":"100.108.64.0/19"},"type":["object",{"account_name":"string","availability_zones":["list","string"],"environment":"string","network_hub_integration":["object",{"connected":"bool","transit_gateway_id":"string"}],"region":"string","subnet_counts":["object",{"cde_subnets":"number","ncde_subnets":"number","tgw_subnets":"number"}],"vpc_cidr":"string"}]},"subnet_details":{"value":{"cde":{"0":{"availability_zone":"eu-west-1a","cidr_block":"100.108.64.0/22","id":"subnet-065e4d7799a63a668"},"1":{"availability_zone":"eu-west-1b","cidr_block":"100.108.68.0/22","id":"subnet-0419af2211354dfe6"},"2":{"availability_zone":"eu-west-1c","cidr_block":"100.108.72.0/22","id":"subnet-068d560f46bf29faa"}},"ncde":{"0":{"availability_zone":"eu-west-1a","cidr_block":"100.108.76.0/22","id":"subnet-042647f15d0c9bcab"},"1":{"availability_zone":"eu-west-1b","cidr_block":"100.108.80.0/22","id":"subnet-01886adb277244893"},"2":{"availability_zone":"eu-west-1c","cidr_block":"100.108.84.0/22","id":"subnet-0c14d5de218933a9b"}},"tgw":{"0":{"availability_zone":"eu-west-1a","cidr_block":"100.108.95.208/28","id":"subnet-0c3109c432d28c3b9"},"1":{"availability_zone":"eu-west-1b","cidr_block":"100.108.95.224/28","id":"subnet-04238fff7f28b4719"},"2":{"availability_zone":"eu-west-1c","cidr_block":"100.108.95.240/28","id":"subnet-00eaf1859a7111cf5"}}},"type":["object",{"cde":["object",{"0":["object",{"availability_zone":"string","cidr_block":"string","id":"string"}],"1":["object",{"availability_zone":"string","cidr_block":"string","id":"string"}],"2":["object",{"availability_zone":"string","cidr_block":"string","id":"string"}]}],"ncde":["object",{"0":["object",{"availability_zone":"string","cidr_block":"string","id":"string"}],"1":["object",{"availability_zone":"string","cidr_block":"string","id":"string"}],"2":["object",{"availability_zone":"string","cidr_block":"string","id":"string"}]}],"tgw":["object",{"0":["object",{"availability_zone":"string","cidr_block":"string","id":"string"}],"1":["object",{"availability_zone":"string","cidr_block":"string","id":"string"}],"2":["object",{"availability_zone":"string","cidr_block":"string","id":"string"}]}]}]},"test_instance":{"value":{"availability_zone":"eu-west-1a","environment":"ncde","id":"i-0dd5fa036f976d3b8","private_ip":"100.108.77.52","ssh_command":"ssh -i do_gitlab_runner_key.pem ec2-user@100.108.77.52","subnet_cidr":"100.108.76.0/22","subnet_id":"subnet-042647f15d0c9bcab"},"type":["object",{"availability_zone":"string","environment":"string","id":"string","private_ip":"string","ssh_command":"string","subnet_cidr":"string","subnet_id":"string"}]},"transit_gateway_attachment":{"value":{"id":"tgw-attach-06fd3e5d5607bacba","vpc_id":"vpc-0cf1b8e80c13f7cda"},"type":["object",{"id":"string","vpc_id":"string"}]},"vpc_details":{"value":{"cidr_block":"100.108.64.0/19","default_route_table_id":"rtb-0a88fce382690eec5","id":"vpc-0cf1b8e80c13f7cda","name":"do-gitlab-account-1 -prod-vpc"},"type":["object",{"cidr_block":"string","default_route_table_id":"string","id":"string","name":"string"}]}},"resources":[{"mode":"data","type":"aws_availability_zones","name":"available","provider":"provider[\"registry.opentofu.org/hashicorp/aws\"]","instances":[{"schema_version":0,"attributes":{"all_availability_zones":null,"exclude_names":null,"exclude_zone_ids":null,"filter":null,"group_names":["eu-west-1-zg-1"],"id":"eu-west-1","names":["eu-west-1a","eu-west-1b","eu-west-1c"],"region":"eu-west-1","state":"available","timeouts":null,"zone_ids":["euw1-az1","euw1-az2","euw1-az3"]},"sensitive_attributes":[]}]},{"mode":"data","type":"aws_caller_identity","name":"current","provider":"provider[\"registry.opentofu.org/hashicorp/aws\"]","instances":[{"schema_version":0,"attributes":{"account_id":"536275850966","arn":"arn:aws:sts::536275850966:assumed-role/AWSReservedSSO_AWSAdministratorAccess_f923ab305d3b8a0b/David.Oxley@williamhill.com","id":"536275850966","user_id":"AROAXZXEIC3LFO23CVCXS:David.Oxley@williamhill.com"},"sensitive_attributes":[]}]},{"mode":"data","type":"terraform_remote_state","name":"network_hub","provider":"provider[\"terraform.io/builtin/terraform\"]","instances":[{"schema_version":0,"attributes":{"backend":"local","config":{"value":{"path":"../prod_tgw/terraform.tfstate"},"type":["object",{"path":"string"}]},"defaults":null,"outputs":{"value":{"client_subnet_allocation":{"cde_subnets":["100.108.32.0/22","100.108.36.0/22","100.108.40.0/22"],"ncde_subnets":["100.108.44.0/22","100.108.48.0/22","100.108.52.0/22"],"tgw_subnets":["100.108.56.0/28","100.108.56.16/28","100.108.56.32/28"]},"debug_nonprod_tgw_id":"tgw-0ab1c800cdf99ccf2","elastic_ip_addresses":["34.254.145.189","63.34.73.88","63.32.12.226"],"firewall_details":{"arn":"arn:aws:network-firewall:eu-west-1:492597629650:firewall/network-hub-prod-network-firewall","endpoints":[{"attachment":[{"endpoint_id":"vpce-0a2e71d97ab447c83","subnet_id":"subnet-002cd92956bf2c08e"}],"availability_zone":"eu-west-1a"},{"attachment":[{"endpoint_id":"vpce-0ad3b7b113ee4d290","subnet_id":"subnet-048ecbfa4663898c9"}],"availability_zone":"eu-west-1b"},{"attachment":[{"endpoint_id":"vpce-0d01591ae1ab129a0","subnet_id":"subnet-02ab47c022967b03f"}],"availability_zone":"eu-west-1c"}],"id":"arn:aws:network-firewall:eu-west-1:492597629650:firewall/network-hub-prod-network-firewall","policy_arn":"arn:aws:network-firewall:eu-west-1:492597629650:firewall-policy/network-hub-prod-firewall-policy","policy_id":"arn:aws:network-firewall:eu-west-1:492597629650:firewall-policy/network-hub-prod-firewall-policy"},"firewall_endpoints":[{"attachment":[{"endpoint_id":"vpce-0a2e71d97ab447c83","subnet_id":"subnet-002cd92956bf2c08e"}],"availability_zone":"eu-west-1a"},{"attachment":[{"endpoint_id":"vpce-0ad3b7b113ee4d290","subnet_id":"subnet-048ecbfa4663898c9"}],"availability_zone":"eu-west-1b"},{"attachment":[{"endpoint_id":"vpce-0d01591ae1ab129a0","subnet_id":"subnet-02ab47c022967b03f"}],"availability_zone":"eu-west-1c"}],"firewall_id":"arn:aws:network-firewall:eu-west-1:492597629650:firewall/network-hub-prod-network-firewall","firewall_policy_id":"arn:aws:network-firewall:eu-west-1:492597629650:firewall-policy/network-hub-prod-firewall-policy","internet_connectivity":{"elastic_ips":["34.254.145.189","63.34.73.88","63.32.12.226"],"internet_gateways":{"central_egress":"igw-02eeb8a0e961fa2eb","transit_gateway":"igw-07c9233c32fc99063"},"nat_gateways":{"eu-west-1a":{"id":"nat-01e05d05e344e5568","public_ip":"34.254.145.189","subnet_id":"subnet-001fcc561405435c1"},"eu-west-1b":{"id":"nat-041831126e98750a2","public_ip":"63.34.73.88","subnet_id":"subnet-0f1cd07646d013aa7"},"eu-west-1c":{"id":"nat-0238913da56f9c649","public_ip":"63.32.12.226","subnet_id":"subnet-0366079c8143958c8"}}},"internet_gateway_ids":{"central_egress":"igw-02eeb8a0e961fa2eb","transit_gateway":"igw-07c9233c32fc99063"},"nat_gateway_ids":["nat-01e05d05e344e5568","nat-041831126e98750a2","nat-0238913da56f9c649"],"network_summary":{"availability_zones":["eu-west-1a","eu-west-1b","eu-west-1c"],"environment":"prod","features":{"firewall_enabled":true,"ram_sharing_enabled":true,"test_instances_enabled":true},"project_name":"network-hub","region":"eu-west-1","subnet_counts":{"cde_subnets":3,"ncde_subnets":3,"tgw_subnets":3,"total_subnets":27},"vpc_cidrs":{"central_egress":"100.108.2.0/24","client":"100.108.32.0/19","firewall":"100.108.1.0/24","transit_gateway":"100.108.0.0/24"},"vpc_count":4},"quick_access":{"firewall_id":"arn:aws:network-firewall:eu-west-1:492597629650:firewall/network-hub-prod-network-firewall","nat_gateway_ips":["34.254.145.189","63.34.73.88","63.32.12.226"],"test_instance_ssh":{"client_instance":"ssh -i do_test.pem ec2-user@100.108.34.242","tgw_instance":"ssh -i do_test.pem ec2-user@3.255.85.101"},"transit_gateway_id":"tgw-0490ce184eb6abde8","vpc_ids":{"central_egress":"vpc-0357e7d3956e07fb7","client":"vpc-0eac1b5a66d35def9","firewall":"vpc-0c5529218e893d7bd","transit_gateway":"vpc-06e9ea2e354cf4f77"}},"ram_share_details":{"organization_arn":"arn:aws:organizations::703671905140:organization/o-kv10f7crlv","share_arn":"arn:aws:ram:eu-west-1:492597629650:resource-share/09358622-d258-49f1-8ffe-f105cdfca29b","share_id":"arn:aws:ram:eu-west-1:492597629650:resource-share/09358622-d258-49f1-8ffe-f105cdfca29b","share_name":"network-hub-prod-tgw-share"},"security_group_ids":{"client_instance_sg":"sg-0ab1983678273fae1","tgw_instance_sg":"sg-0e03321c9eed09f51"},"subnet_cidrs":{"client_cde":["100.108.32.0/22","100.108.36.0/22","100.108.40.0/22"],"client_ncde":["100.108.44.0/22","100.108.48.0/22","100.108.52.0/22"],"client_tgw":["100.108.56.0/28","100.108.56.16/28","100.108.56.32/28"],"egress_private":["100.108.2.0/28","100.108.2.16/28","100.108.2.32/28"],"egress_public":["100.108.2.48/28","100.108.2.64/28","100.108.2.80/28"],"firewall_endpoint":["100.108.1.0/28","100.108.1.16/28","100.108.1.32/28"],"firewall_tgw":["100.108.1.48/28","100.108.1.64/28","100.108.1.80/28"],"transit_gateway":["100.108.0.0/28","100.108.0.16/28","100.108.0.32/28"]},"subnet_details":{"central_egress":{"firewall_endpoint":{"0":{"availability_zone":"eu-west-1a","cidr_block":"100.108.2.96/28","id":"subnet-061ab51963d8be4ca"},"1":{"availability_zone":"eu-west-1b","cidr_block":"100.108.2.112/28","id":"subnet-046de6e5c1303a03f"},"2":{"availability_zone":"eu-west-1c","cidr_block":"100.108.2.128/28","id":"subnet-0e9c19f2ee7733b38"}},"private":{"0":{"availability_zone":"eu-west-1a","cidr_block":"100.108.2.0/28","id":"subnet-0db69661e8d7c5dd8"},"1":{"availability_zone":"eu-west-1b","cidr_block":"100.108.2.16/28","id":"subnet-0701edbe2dee58144"},"2":{"availability_zone":"eu-west-1c","cidr_block":"100.108.2.32/28","id":"subnet-07acb0217e09457c3"}},"public":{"0":{"availability_zone":"eu-west-1a","cidr_block":"100.108.2.48/28","id":"subnet-001fcc561405435c1"},"1":{"availability_zone":"eu-west-1b","cidr_block":"100.108.2.64/28","id":"subnet-0f1cd07646d013aa7"},"2":{"availability_zone":"eu-west-1c","cidr_block":"100.108.2.80/28","id":"subnet-0366079c8143958c8"}}},"client":{"cde":{"0":{"availability_zone":"eu-west-1a","cidr_block":"100.108.32.0/22","id":"subnet-03fb23eff0f1c46e3"},"1":{"availability_zone":"eu-west-1b","cidr_block":"100.108.36.0/22","id":"subnet-04375c12c906952aa"},"2":{"availability_zone":"eu-west-1c","cidr_block":"100.108.40.0/22","id":"subnet-0e3237145107a3ba6"}},"ncde":{"0":{"availability_zone":"eu-west-1a","cidr_block":"100.108.44.0/22","id":"subnet-0d3f21cd0f507da7e"},"1":{"availability_zone":"eu-west-1b","cidr_block":"100.108.48.0/22","id":"subnet-02031bd1dbddc8021"},"2":{"availability_zone":"eu-west-1c","cidr_block":"100.108.52.0/22","id":"subnet-0c1b37a5bc6352497"}},"tgw":{"0":{"availability_zone":"eu-west-1a","cidr_block":"100.108.56.0/28","id":"subnet-012521e69abce1101"},"1":{"availability_zone":"eu-west-1b","cidr_block":"100.108.56.16/28","id":"subnet-0958a92592b27bd57"},"2":{"availability_zone":"eu-west-1c","cidr_block":"100.108.56.32/28","id":"subnet-031fbf70de44f9c8a"}}},"firewall":{"endpoint":{"0":{"availability_zone":"eu-west-1a","cidr_block":"100.108.1.0/28","id":"subnet-002cd92956bf2c08e"},"1":{"availability_zone":"eu-west-1b","cidr_block":"100.108.1.16/28","id":"subnet-048ecbfa4663898c9"},"2":{"availability_zone":"eu-west-1c","cidr_block":"100.108.1.32/28","id":"subnet-02ab47c022967b03f"}},"tgw":{"0":{"availability_zone":"eu-west-1a","cidr_block":"100.108.1.48/28","id":"subnet-0c269f6f1a198cad4"},"1":{"availability_zone":"eu-west-1b","cidr_block":"100.108.1.64/28","id":"subnet-0ac0b4f08bf41a867"},"2":{"availability_zone":"eu-west-1c","cidr_block":"100.108.1.80/28","id":"subnet-09a3d78a2a8031e8e"}}},"transit_gateway":{"0":{"availability_zone":"eu-west-1a","cidr_block":"100.108.0.0/28","id":"subnet-0ba16bfcd788eaa5e"},"1":{"availability_zone":"eu-west-1b","cidr_block":"100.108.0.16/28","id":"subnet-091b848940029586f"},"2":{"availability_zone":"eu-west-1c","cidr_block":"100.108.0.32/28","id":"subnet-0110892e77d0b89e2"}}},"subnet_ids":{"client_cde":["subnet-03fb23eff0f1c46e3","subnet-04375c12c906952aa","subnet-0e3237145107a3ba6"],"client_ncde":["subnet-0d3f21cd0f507da7e","subnet-02031bd1dbddc8021","subnet-0c1b37a5bc6352497"],"client_tgw":["subnet-012521e69abce1101","subnet-0958a92592b27bd57","subnet-031fbf70de44f9c8a"],"egress_private":["subnet-0db69661e8d7c5dd8","subnet-0701edbe2dee58144","subnet-07acb0217e09457c3"],"egress_public":["subnet-001fcc561405435c1","subnet-0f1cd07646d013aa7","subnet-0366079c8143958c8"],"firewall_endpoint":["subnet-002cd92956bf2c08e","subnet-048ecbfa4663898c9","subnet-02ab47c022967b03f"],"firewall_tgw":["subnet-0c269f6f1a198cad4","subnet-0ac0b4f08bf41a867","subnet-09a3d78a2a8031e8e"],"transit_gateway":["subnet-0ba16bfcd788eaa5e","subnet-091b848940029586f","subnet-0110892e77d0b89e2"]},"test_instance_security_groups":{"client_instance_sg":"sg-0ab1983678273fae1","tgw_instance_sg":"sg-0e03321c9eed09f51"},"test_instances":{"client_instance":{"access_note":"Access via TGW instance or VPN - no public IP","availability_zone":"eu-west-1a","id":"i-0033a94e04efe8361","private_ip":"100.108.34.242","ssh_command":"ssh -i do_test.pem ec2-user@100.108.34.242","subnet_id":"subnet-03fb23eff0f1c46e3"},"tgw_instance":{"availability_zone":"eu-west-1a","id":"i-02b8d9d078caa8017","private_ip":"100.108.0.9","public_ip":"3.255.85.101","ssh_command":"ssh -i do_test.pem ec2-user@3.255.85.101","subnet_id":"subnet-0ba16bfcd788eaa5e"}},"tgw_route_table_ids":{"main":"tgw-rtb-033bf73a679c656a3"},"tgw_vpc_attachments":{"central_egress":"tgw-attach-050279891ec1080f5","client":"tgw-attach-0106d63fbc1a5df54","firewall":"tgw-attach-0fda973f93320d048","transit_gateway":"tgw-attach-08e8ea936d3a50592"},"transit_gateway_details":{"arn":"arn:aws:ec2:eu-west-1:492597629650:transit-gateway/tgw-0490ce184eb6abde8","attachments":{"central_egress":"tgw-attach-050279891ec1080f5","client":"tgw-attach-0106d63fbc1a5df54","firewall":"tgw-attach-0fda973f93320d048","transit_gateway":"tgw-attach-08e8ea936d3a50592"},"id":"tgw-0490ce184eb6abde8","main_route_table_id":"tgw-rtb-033bf73a679c656a3","owner_id":"492597629650"},"transit_gateway_id":"tgw-0490ce184eb6abde8","vpc_cidrs":{"central_egress":"100.108.2.0/24","client":"100.108.32.0/19","firewall":"100.108.1.0/24","transit_gateway":"100.108.0.0/24"},"vpc_details":{"central_egress":{"cidr_block":"100.108.2.0/24","default_route_table_id":"rtb-0457928b179a0b010","id":"vpc-0357e7d3956e07fb7","name":"network-hub-prod-egress-vpc"},"client":{"cidr_block":"100.108.32.0/19","default_route_table_id":"rtb-0b65526dba8b1ec8b","id":"vpc-0eac1b5a66d35def9","name":"network-hub-prod-client-vpc"},"firewall":{"cidr_block":"100.108.1.0/24","default_route_table_id":"rtb-078e688076f7fe444","id":"vpc-0c5529218e893d7bd","name":"network-hub-prod-firewall-vpc"},"transit_gateway":{"cidr_block":"100.108.0.0/24","default_route_table_id":"rtb-04b265b9ab47f5edc","id":"vpc-06e9ea2e354cf4f77","name":"network-hub-prod-tgw-vpc"}},"vpc_ids":{"central_egress":"vpc-0357e7d3956e07fb7","client":"vpc-0eac1b5a66d35def9","firewall":"vpc-0c5529218e893d7bd","transit_gateway":"vpc-06e9ea2e354cf4f77"}},"type":["object",{"client_subnet_allocation":["object",{"cde_subnets":["tuple",["string","string","string"]],"ncde_subnets":["tuple",["string","string","string"]],"tgw_subnets":["tuple",["string","string","string"]]}],"debug_nonprod_tgw_id":"string","elastic_ip_addresses":["tuple",["string","string","string"]],"firewall_details":["object",{"arn":"string","endpoints":["set",["object",{"attachment":["list",["object",{"endpoint_id":"string","subnet_id":"string"}]],"availability_zone":"string"}]],"id":"string","policy_arn":"string","policy_id":"string"}],"firewall_endpoints":["set",["object",{"attachment":["list",["object",{"endpoint_id":"string","subnet_id":"string"}]],"availability_zone":"string"}]],"firewall_id":"string","firewall_policy_id":"string","internet_connectivity":["object",{"elastic_ips":["tuple",["string","string","string"]],"internet_gateways":["object",{"central_egress":"string","transit_gateway":"string"}],"nat_gateways":["object",{"eu-west-1a":["object",{"id":"string","public_ip":"string","subnet_id":"string"}],"eu-west-1b":["object",{"id":"string","public_ip":"string","subnet_id":"string"}],"eu-west-1c":["object",{"id":"string","public_ip":"string","subnet_id":"string"}]}]}],"internet_gateway_ids":["object",{"central_egress":"string","transit_gateway":"string"}],"nat_gateway_ids":["tuple",["string","string","string"]],"network_summary":["object",{"availability_zones":["list","string"],"environment":"string","features":["object",{"firewall_enabled":"bool","ram_sharing_enabled":"bool","test_instances_enabled":"bool"}],"project_name":"string","region":"string","subnet_counts":["object",{"cde_subnets":"number","ncde_subnets":"number","tgw_subnets":"number","total_subnets":"number"}],"vpc_cidrs":["object",{"central_egress":"string","client":"string","firewall":"string","transit_gateway":"string"}],"vpc_count":"number"}],"quick_access":["object",{"firewall_id":"string","nat_gateway_ips":["tuple",["string","string","string"]],"test_instance_ssh":["object",{"client_instance":"string","tgw_instance":"string"}],"transit_gateway_id":"string","vpc_ids":["object",{"central_egress":"string","client":"string","firewall":"string","transit_gateway":"string"}]}],"ram_share_details":["object",{"organization_arn":"string","share_arn":"string","share_id":"string","share_name":"string"}],"security_group_ids":["object",{"client_instance_sg":"string","tgw_instance_sg":"string"}],"subnet_cidrs":["object",{"client_cde":["tuple",["string","string","string"]],"client_ncde":["tuple",["string","string","string"]],"client_tgw":["tuple",["string","string","string"]],"egress_private":["tuple",["string","string","string"]],"egress_public":["tuple",["string","string","string"]],"firewall_endpoint":["tuple",["string","string","string"]],"firewall_tgw":["tuple",["string","string","string"]],"transit_gateway":["tuple",["string","string","string"]]}],"subnet_details":["object",{"central_egress":["object",{"firewall_endpoint":["object",{"0":["object",{"availability_zone":"string","cidr_block":"string","id":"string"}],"1":["object",{"availability_zone":"string","cidr_block":"string","id":"string"}],"2":["object",{"availability_zone":"string","cidr_block":"string","id":"string"}]}],"private":["object",{"0":["object",{"availability_zone":"string","cidr_block":"string","id":"string"}],"1":["object",{"availability_zone":"string","cidr_block":"string","id":"string"}],"2":["object",{"availability_zone":"string","cidr_block":"string","id":"string"}]}],"public":["object",{"0":["object",{"availability_zone":"string","cidr_block":"string","id":"string"}],"1":["object",{"availability_zone":"string","cidr_block":"string","id":"string"}],"2":["object",{"availability_zone":"string","cidr_block":"string","id":"string"}]}]}],"client":["object",{"cde":["object",{"0":["object",{"availability_zone":"string","cidr_block":"string","id":"string"}],"1":["object",{"availability_zone":"string","cidr_block":"string","id":"string"}],"2":["object",{"availability_zone":"string","cidr_block":"string","id":"string"}]}],"ncde":["object",{"0":["object",{"availability_zone":"string","cidr_block":"string","id":"string"}],"1":["object",{"availability_zone":"string","cidr_block":"string","id":"string"}],"2":["object",{"availability_zone":"string","cidr_block":"string","id":"string"}]}],"tgw":["object",{"0":["object",{"availability_zone":"string","cidr_block":"string","id":"string"}],"1":["object",{"availability_zone":"string","cidr_block":"string","id":"string"}],"2":["object",{"availability_zone":"string","cidr_block":"string","id":"string"}]}]}],"firewall":["object",{"endpoint":["object",{"0":["object",{"availability_zone":"string","cidr_block":"string","id":"string"}],"1":["object",{"availability_zone":"string","cidr_block":"string","id":"string"}],"2":["object",{"availability_zone":"string","cidr_block":"string","id":"string"}]}],"tgw":["object",{"0":["object",{"availability_zone":"string","cidr_block":"string","id":"string"}],"1":["object",{"availability_zone":"string","cidr_block":"string","id":"string"}],"2":["object",{"availability_zone":"string","cidr_block":"string","id":"string"}]}]}],"transit_gateway":["object",{"0":["object",{"availability_zone":"string","cidr_block":"string","id":"string"}],"1":["object",{"availability_zone":"string","cidr_block":"string","id":"string"}],"2":["object",{"availability_zone":"string","cidr_block":"string","id":"string"}]}]}],"subnet_ids":["object",{"client_cde":["tuple",["string","string","string"]],"client_ncde":["tuple",["string","string","string"]],"client_tgw":["tuple",["string","string","string"]],"egress_private":["tuple",["string","string","string"]],"egress_public":["tuple",["string","string","string"]],"firewall_endpoint":["tuple",["string","string","string"]],"firewall_tgw":["tuple",["string","string","string"]],"transit_gateway":["tuple",["string","string","string"]]}],"test_instance_security_groups":["object",{"client_instance_sg":"string","tgw_instance_sg":"string"}],"test_instances":["object",{"client_instance":["object",{"access_note":"string","availability_zone":"string","id":"string","private_ip":"string","ssh_command":"string","subnet_id":"string"}],"tgw_instance":["object",{"availability_zone":"string","id":"string","private_ip":"string","public_ip":"string","ssh_command":"string","subnet_id":"string"}]}],"tgw_route_table_ids":["object",{"main":"string"}],"tgw_vpc_attachments":["object",{"central_egress":"string","client":"string","firewall":"string","transit_gateway":"string"}],"transit_gateway_details":["object",{"arn":"string","attachments":["object",{"central_egress":"string","client":"string","firewall":"string","transit_gateway":"string"}],"id":"string","main_route_table_id":"string","owner_id":"string"}],"transit_gateway_id":"string","vpc_cidrs":["object",{"central_egress":"string","client":"string","firewall":"string","transit_gateway":"string"}],"vpc_details":["object",{"central_egress":["object",{"cidr_block":"string","default_route_table_id":"string","id":"string","name":"string"}],"client":["object",{"cidr_block":"string","default_route_table_id":"string","id":"string","name":"string"}],"firewall":["object",{"cidr_block":"string","default_route_table_id":"string","id":"string","name":"string"}],"transit_gateway":["object",{"cidr_block":"string","default_route_table_id":"string","id":"string","name":"string"}]}],"vpc_ids":["object",{"central_egress":"string","client":"string","firewall":"string","transit_gateway":"string"}]}]},"workspace":null},"sensitive_attributes":[]}]},{"module":"module.client_vpc","mode":"data","type":"aws_ami","name":"amazon_linux","provider":"provider[\"registry.opentofu.org/hashicorp/aws\"]","instances":[{"schema_version":0,"attributes":{"allow_unsafe_filter":null,"architecture":"x86_64","arn":"arn:aws:ec2:eu-west-1::image/ami-0b28ebe35b23ae274","block_device_mappings":[{"device_name":"/dev/xvda","ebs":{"delete_on_termination":"true","encrypted":"false","iops":"0","snapshot_id":"snap-08679b5685fe85617","throughput":"0","volume_initialization_rate":"0","volume_size":"8","volume_type":"gp2"},"no_device":"","virtual_name":""}],"boot_mode":"","creation_date":"2025-07-07T22:27:04.000Z","deprecation_time":"2025-10-05T22:27:00.000Z","description":"Amazon Linux 2 AMI 2.0.20250707.0 x86_64 HVM gp2","ena_support":true,"executable_users":null,"filter":[{"name":"name","values":["amzn2-ami-hvm-*-x86_64-gp2"]},{"name":"virtualization-type","values":["hvm"]}],"hypervisor":"xen","id":"ami-0b28ebe35b23ae274","image_id":"ami-0b28ebe35b23ae274","image_location":"amazon/amzn2-ami-hvm-2.0.20250707.0-x86_64-gp2","image_owner_alias":"amazon","image_type":"machine","imds_support":"","include_deprecated":false,"kernel_id":"","last_launched_time":"","most_recent":true,"name":"amzn2-ami-hvm-2.0.20250707.0-x86_64-gp2","name_regex":null,"owner_id":"137112412989","owners":["amazon"],"platform":"","platform_details":"Linux/UNIX","product_codes":[],"public":true,"ramdisk_id":"","region":"eu-west-1","root_device_name":"/dev/xvda","root_device_type":"ebs","root_snapshot_id":"snap-08679b5685fe85617","sriov_net_support":"simple","state":"available","state_reason":{"code":"UNSET","message":"UNSET"},"tags":{},"timeouts":null,"tpm_support":"","uefi_data":null,"usage_operation":"RunInstances","virtualization_type":"hvm"},"sensitive_attributes":[]}]},{"module":"module.client_vpc","mode":"data","type":"aws_availability_zones","name":"available","provider":"provider[\"registry.opentofu.org/hashicorp/aws\"]","instances":[{"schema_version":0,"attributes":{"all_availability_zones":null,"exclude_names":null,"exclude_zone_ids":null,"filter":null,"group_names":["eu-west-1-zg-1"],"id":"eu-west-1","names":["eu-west-1a","eu-west-1b","eu-west-1c"],"region":"eu-west-1","state":"available","timeouts":null,"zone_ids":["euw1-az1","euw1-az2","euw1-az3"]},"sensitive_attributes":[]}]},{"module":"module.client_vpc","mode":"managed","type":"aws_ec2_transit_gateway_vpc_attachment","name":"client","provider":"provider[\"registry.opentofu.org/hashicorp/aws\"]","instances":[{"schema_version":0,"attributes":{"appliance_mode_support":"disable","arn":"arn:aws:ec2:eu-west-1:536275850966:transit-gateway-attachment/tgw-attach-06fd3e5d5607bacba","dns_support":"enable","id":"tgw-attach-06fd3e5d5607bacba","ipv6_support":"disable","region":"eu-west-1","security_group_referencing_support":"enable","subnet_ids":["subnet-00eaf1859a7111cf5","subnet-04238fff7f28b4719","subnet-0c3109c432d28c3b9"],"tags":{"AccountName":"example-trading-account","CardData":"cde","Classification":"nonpublic","Environment":"nonprod","ManagedBy":"OpenTofu","Name":"do-gitlab-account-1 -prod-tgw-attachment","Project":"example-trading","Tier":"client","Type":"tgw-attachment"},"tags_all":{"AccountName":"example-trading-account","CardData":"cde","Classification":"nonpublic","Environment":"nonprod","ManagedBy":"OpenTofu","Name":"do-gitlab-account-1 -prod-tgw-attachment","Project":"example-trading","Tier":"client","Type":"tgw-attachment"},"transit_gateway_default_route_table_association":true,"transit_gateway_default_route_table_propagation":true,"transit_gateway_id":"tgw-0490ce184eb6abde8","vpc_id":"vpc-0cf1b8e80c13f7cda","vpc_owner_id":"536275850966"},"sensitive_attributes":[],"private":"bnVsbA==","dependencies":["data.terraform_remote_state.network_hub","module.client_vpc.aws_subnet.tgw","module.client_vpc.aws_vpc.client","module.client_vpc.data.aws_availability_zones.available"]}]},{"module":"module.client_vpc","mode":"managed","type":"aws_instance","name":"test","provider":"provider[\"registry.opentofu.org/hashicorp/aws\"]","instances":[{"index_key":0,"schema_version":2,"attributes":{"ami":"ami-0b28ebe35b23ae274","arn":"arn:aws:ec2:eu-west-1:536275850966:instance/i-0dd5fa036f976d3b8","associate_public_ip_address":false,"availability_zone":"eu-west-1a","capacity_reservation_specification":[{"capacity_reservation_preference":"open","capacity_reservation_target":[]}],"cpu_options":[{"amd_sev_snp":"","core_count":1,"threads_per_core":2}],"credit_specification":[{"cpu_credits":"unlimited"}],"disable_api_stop":false,"disable_api_termination":false,"ebs_block_device":[],"ebs_optimized":false,"enable_primary_ipv6":null,"enclave_options":[{"enabled":false}],"ephemeral_block_device":[],"get_password_data":false,"hibernation":false,"host_id":"","host_resource_group_arn":null,"iam_instance_profile":"","id":"i-0dd5fa036f976d3b8","instance_initiated_shutdown_behavior":"stop","instance_lifecycle":"","instance_market_options":[],"instance_state":"running","instance_type":"t3.micro","ipv6_address_count":0,"ipv6_addresses":[],"key_name":"do_gitlab_runner_key","launch_template":[],"maintenance_options":[{"auto_recovery":"default"}],"metadata_options":[{"http_endpoint":"enabled","http_protocol_ipv6":"disabled","http_put_response_hop_limit":1,"http_tokens":"optional","instance_metadata_tags":"disabled"}],"monitoring":false,"network_interface":[],"outpost_arn":"","password_data":"","placement_group":"","placement_partition_number":0,"primary_network_interface_id":"eni-00dd06bb91ae13d04","private_dns":"ip-100-108-77-52.eu-west-1.compute.internal","private_dns_name_options":[{"enable_resource_name_dns_a_record":false,"enable_resource_name_dns_aaaa_record":false,"hostname_type":"ip-name"}],"private_ip":"100.108.77.52","public_dns":"","public_ip":"","region":"eu-west-1","root_block_device":[{"delete_on_termination":true,"device_name":"/dev/xvda","encrypted":false,"iops":100,"kms_key_id":"","tags":{"AccountName":"example-trading-account","CardData":"cde","Classification":"nonpublic","Environment":"nonprod","ManagedBy":"OpenTofu","Project":"example-trading","Tier":"client"},"tags_all":{"AccountName":"example-trading-account","CardData":"cde","Classification":"nonpublic","Environment":"nonprod","ManagedBy":"OpenTofu","Project":"example-trading","Tier":"client"},"throughput":0,"volume_id":"vol-056961730e3fad9ab","volume_size":8,"volume_type":"gp2"}],"secondary_private_ips":[],"security_groups":[],"source_dest_check":true,"spot_instance_request_id":"","subnet_id":"subnet-042647f15d0c9bcab","tags":{"AccountName":"example-trading-account","CardData":"cde","Classification":"nonpublic","Environment":"ncde","ManagedBy":"OpenTofu","Name":"do-gitlab-account-1 -prod-test-instance","Project":"example-trading","Purpose":"network-testing","Tier":"client","Type":"test-instance"},"tags_all":{"AccountName":"example-trading-account","CardData":"cde","Classification":"nonpublic","Environment":"ncde","ManagedBy":"OpenTofu","Name":"do-gitlab-account-1 -prod-test-instance","Project":"example-trading","Purpose":"network-testing","Tier":"client","Type":"test-instance"},"tenancy":"default","timeouts":null,"user_data":null,"user_data_base64":null,"user_data_replace_on_change":false,"volume_tags":null,"vpc_security_group_ids":["sg-00a30bde06eafce7f"]},"sensitive_attributes":[],"private":"eyJlMmJmYjczMC1lY2FhLTExZTYtOGY4OC0zNDM2M2JjN2M0YzAiOnsiY3JlYXRlIjo2MDAwMDAwMDAwMDAsImRlbGV0ZSI6MTIwMDAwMDAwMDAwMCwicmVhZCI6OTAwMDAwMDAwMDAwLCJ1cGRhdGUiOjYwMDAwMDAwMDAwMH0sInNjaGVtYV92ZXJzaW9uIjoiMiJ9","dependencies":["module.client_vpc.aws_security_group.test_instance","module.client_vpc.aws_subnet.ncde","module.client_vpc.aws_vpc.client","module.client_vpc.data.aws_ami.amazon_linux","module.client_vpc.data.aws_availability_zones.available"],"create_before_destroy":true}]},{"module":"module.client_vpc","mode":"managed","type":"aws_route","name":"cde_to_tgw","provider":"provider[\"registry.opentofu.org/hashicorp/aws\"]","instances":[{"index_key":0,"schema_version":0,"attributes":{"carrier_gateway_id":"","core_network_arn":"","destination_cidr_block":"0.0.0.0/0","destination_ipv6_cidr_block":"","destination_prefix_list_id":"","egress_only_gateway_id":"","gateway_id":"","id":"r-rtb-08d100ca236c5d0831080289494","instance_id":"","instance_owner_id":"","local_gateway_id":"","nat_gateway_id":"","network_interface_id":"","origin":"CreateRoute","region":"eu-west-1","route_table_id":"rtb-08d100ca236c5d083","state":"active","timeouts":null,"transit_gateway_id":"tgw-0490ce184eb6abde8","vpc_endpoint_id":"","vpc_peering_connection_id":""},"sensitive_attributes":[],"private":"eyJlMmJmYjczMC1lY2FhLTExZTYtOGY4OC0zNDM2M2JjN2M0YzAiOnsiY3JlYXRlIjozMDAwMDAwMDAwMDAsImRlbGV0ZSI6MzAwMDAwMDAwMDAwLCJ1cGRhdGUiOjEyMDAwMDAwMDAwMH19","dependencies":["data.terraform_remote_state.network_hub","module.client_vpc.aws_ec2_transit_gateway_vpc_attachment.client","module.client_vpc.aws_route_table.cde","module.client_vpc.aws_subnet.cde","module.client_vpc.aws_subnet.tgw","module.client_vpc.aws_vpc.client","module.client_vpc.data.aws_availability_zones.available"]},{"index_key":1,"schema_version":0,"attributes":{"carrier_gateway_id":"","core_network_arn":"","destination_cidr_block":"0.0.0.0/0","destination_ipv6_cidr_block":"","destination_prefix_list_id":"","egress_only_gateway_id":"","gateway_id":"","id":"r-rtb-0d7eefc1828df84541080289494","instance_id":"","instance_owner_id":"","local_gateway_id":"","nat_gateway_id":"","network_interface_id":"","origin":"CreateRoute","region":"eu-west-1","route_table_id":"rtb-0d7eefc1828df8454","state":"active","timeouts":null,"transit_gateway_id":"tgw-0490ce184eb6abde8","vpc_endpoint_id":"","vpc_peering_connection_id":""},"sensitive_attributes":[],"private":"eyJlMmJmYjczMC1lY2FhLTExZTYtOGY4OC0zNDM2M2JjN2M0YzAiOnsiY3JlYXRlIjozMDAwMDAwMDAwMDAsImRlbGV0ZSI6MzAwMDAwMDAwMDAwLCJ1cGRhdGUiOjEyMDAwMDAwMDAwMH19","dependencies":["data.terraform_remote_state.network_hub","module.client_vpc.aws_ec2_transit_gateway_vpc_attachment.client","module.client_vpc.aws_route_table.cde","module.client_vpc.aws_subnet.cde","module.client_vpc.aws_subnet.tgw","module.client_vpc.aws_vpc.client","module.client_vpc.data.aws_availability_zones.available"]},{"index_key":2,"schema_version":0,"attributes":{"carrier_gateway_id":"","core_network_arn":"","destination_cidr_block":"0.0.0.0/0","destination_ipv6_cidr_block":"","destination_prefix_list_id":"","egress_only_gateway_id":"","gateway_id":"","id":"r-rtb-0af2734b68665d77e1080289494","instance_id":"","instance_owner_id":"","local_gateway_id":"","nat_gateway_id":"","network_interface_id":"","origin":"CreateRoute","region":"eu-west-1","route_table_id":"rtb-0af2734b68665d77e","state":"active","timeouts":null,"transit_gateway_id":"tgw-0490ce184eb6abde8","vpc_endpoint_id":"","vpc_peering_connection_id":""},"sensitive_attributes":[],"private":"eyJlMmJmYjczMC1lY2FhLTExZTYtOGY4OC0zNDM2M2JjN2M0YzAiOnsiY3JlYXRlIjozMDAwMDAwMDAwMDAsImRlbGV0ZSI6MzAwMDAwMDAwMDAwLCJ1cGRhdGUiOjEyMDAwMDAwMDAwMH19","dependencies":["data.terraform_remote_state.network_hub","module.client_vpc.aws_ec2_transit_gateway_vpc_attachment.client","module.client_vpc.aws_route_table.cde","module.client_vpc.aws_subnet.cde","module.client_vpc.aws_subnet.tgw","module.client_vpc.aws_vpc.client","module.client_vpc.data.aws_availability_zones.available"]}]},{"module":"module.client_vpc","mode":"managed","type":"aws_route","name":"ncde_to_tgw","provider":"provider[\"registry.opentofu.org/hashicorp/aws\"]","instances":[{"index_key":0,"schema_version":0,"attributes":{"carrier_gateway_id":"","core_network_arn":"","destination_cidr_block":"0.0.0.0/0","destination_ipv6_cidr_block":"","destination_prefix_list_id":"","egress_only_gateway_id":"","gateway_id":"","id":"r-rtb-0408cf016993e4f231080289494","instance_id":"","instance_owner_id":"","local_gateway_id":"","nat_gateway_id":"","network_interface_id":"","origin":"CreateRoute","region":"eu-west-1","route_table_id":"rtb-0408cf016993e4f23","state":"active","timeouts":null,"transit_gateway_id":"tgw-0490ce184eb6abde8","vpc_endpoint_id":"","vpc_peering_connection_id":""},"sensitive_attributes":[],"private":"eyJlMmJmYjczMC1lY2FhLTExZTYtOGY4OC0zNDM2M2JjN2M0YzAiOnsiY3JlYXRlIjozMDAwMDAwMDAwMDAsImRlbGV0ZSI6MzAwMDAwMDAwMDAwLCJ1cGRhdGUiOjEyMDAwMDAwMDAwMH19","dependencies":["data.terraform_remote_state.network_hub","module.client_vpc.aws_ec2_transit_gateway_vpc_attachment.client","module.client_vpc.aws_route_table.ncde","module.client_vpc.aws_subnet.ncde","module.client_vpc.aws_subnet.tgw","module.client_vpc.aws_vpc.client","module.client_vpc.data.aws_availability_zones.available"]},{"index_key":1,"schema_version":0,"attributes":{"carrier_gateway_id":"","core_network_arn":"","destination_cidr_block":"0.0.0.0/0","destination_ipv6_cidr_block":"","destination_prefix_list_id":"","egress_only_gateway_id":"","gateway_id":"","id":"r-rtb-030e1f37660bd9c351080289494","instance_id":"","instance_owner_id":"","local_gateway_id":"","nat_gateway_id":"","network_interface_id":"","origin":"CreateRoute","region":"eu-west-1","route_table_id":"rtb-030e1f37660bd9c35","state":"active","timeouts":null,"transit_gateway_id":"tgw-0490ce184eb6abde8","vpc_endpoint_id":"","vpc_peering_connection_id":""},"sensitive_attributes":[],"private":"eyJlMmJmYjczMC1lY2FhLTExZTYtOGY4OC0zNDM2M2JjN2M0YzAiOnsiY3JlYXRlIjozMDAwMDAwMDAwMDAsImRlbGV0ZSI6MzAwMDAwMDAwMDAwLCJ1cGRhdGUiOjEyMDAwMDAwMDAwMH19","dependencies":["data.terraform_remote_state.network_hub","module.client_vpc.aws_ec2_transit_gateway_vpc_attachment.client","module.client_vpc.aws_route_table.ncde","module.client_vpc.aws_subnet.ncde","module.client_vpc.aws_subnet.tgw","module.client_vpc.aws_vpc.client","module.client_vpc.data.aws_availability_zones.available"]},{"index_key":2,"schema_version":0,"attributes":{"carrier_gateway_id":"","core_network_arn":"","destination_cidr_block":"0.0.0.0/0","destination_ipv6_cidr_block":"","destination_prefix_list_id":"","egress_only_gateway_id":"","gateway_id":"","id":"r-rtb-021429f85c076295c1080289494","instance_id":"","instance_owner_id":"","local_gateway_id":"","nat_gateway_id":"","network_interface_id":"","origin":"CreateRoute","region":"eu-west-1","route_table_id":"rtb-021429f85c076295c","state":"active","timeouts":null,"transit_gateway_id":"tgw-0490ce184eb6abde8","vpc_endpoint_id":"","vpc_peering_connection_id":""},"sensitive_attributes":[],"private":"eyJlMmJmYjczMC1lY2FhLTExZTYtOGY4OC0zNDM2M2JjN2M0YzAiOnsiY3JlYXRlIjozMDAwMDAwMDAwMDAsImRlbGV0ZSI6MzAwMDAwMDAwMDAwLCJ1cGRhdGUiOjEyMDAwMDAwMDAwMH19","dependencies":["data.terraform_remote_state.network_hub","module.client_vpc.aws_ec2_transit_gateway_vpc_attachment.client","module.client_vpc.aws_route_table.ncde","module.client_vpc.aws_subnet.ncde","module.client_vpc.aws_subnet.tgw","module.client_vpc.aws_vpc.client","module.client_vpc.data.aws_availability_zones.available"]}]},{"module":"module.client_vpc","mode":"managed","type":"aws_route_table","name":"cde","provider":"provider[\"registry.opentofu.org/hashicorp/aws\"]","instances":[{"index_key":0,"schema_version":0,"attributes":{"arn":"arn:aws:ec2:eu-west-1:536275850966:route-table/rtb-08d100ca236c5d083","id":"rtb-08d100ca236c5d083","owner_id":"536275850966","propagating_vgws":[],"region":"eu-west-1","route":[],"tags":{"AZ":"eu-west-1a","AccountName":"example-trading-account","CardData":"cde","Classification":"nonpublic","Environment":"nonprod","ManagedBy":"OpenTofu","Name":"do-gitlab-account-1 -prod-cde-rt-1a","Project":"example-trading","Tier":"client","Type":"cde-route-table"},"tags_all":{"AZ":"eu-west-1a","AccountName":"example-trading-account","CardData":"cde","Classification":"nonpublic","Environment":"nonprod","ManagedBy":"OpenTofu","Name":"do-gitlab-account-1 -prod-cde-rt-1a","Project":"example-trading","Tier":"client","Type":"cde-route-table"},"timeouts":null,"vpc_id":"vpc-0cf1b8e80c13f7cda"},"sensitive_attributes":[],"private":"eyJlMmJmYjczMC1lY2FhLTExZTYtOGY4OC0zNDM2M2JjN2M0YzAiOnsiY3JlYXRlIjozMDAwMDAwMDAwMDAsImRlbGV0ZSI6MzAwMDAwMDAwMDAwLCJ1cGRhdGUiOjEyMDAwMDAwMDAwMH19","dependencies":["module.client_vpc.aws_subnet.cde","module.client_vpc.aws_vpc.client","module.client_vpc.data.aws_availability_zones.available"]},{"index_key":1,"schema_version":0,"attributes":{"arn":"arn:aws:ec2:eu-west-1:536275850966:route-table/rtb-0d7eefc1828df8454","id":"rtb-0d7eefc1828df8454","owner_id":"536275850966","propagating_vgws":[],"region":"eu-west-1","route":[],"tags":{"AZ":"eu-west-1b","AccountName":"example-trading-account","CardData":"cde","Classification":"nonpublic","Environment":"nonprod","ManagedBy":"OpenTofu","Name":"do-gitlab-account-1 -prod-cde-rt-1b","Project":"example-trading","Tier":"client","Type":"cde-route-table"},"tags_all":{"AZ":"eu-west-1b","AccountName":"example-trading-account","CardData":"cde","Classification":"nonpublic","Environment":"nonprod","ManagedBy":"OpenTofu","Name":"do-gitlab-account-1 -prod-cde-rt-1b","Project":"example-trading","Tier":"client","Type":"cde-route-table"},"timeouts":null,"vpc_id":"vpc-0cf1b8e80c13f7cda"},"sensitive_attributes":[],"private":"eyJlMmJmYjczMC1lY2FhLTExZTYtOGY4OC0zNDM2M2JjN2M0YzAiOnsiY3JlYXRlIjozMDAwMDAwMDAwMDAsImRlbGV0ZSI6MzAwMDAwMDAwMDAwLCJ1cGRhdGUiOjEyMDAwMDAwMDAwMH19","dependencies":["module.client_vpc.aws_subnet.cde","module.client_vpc.aws_vpc.client","module.client_vpc.data.aws_availability_zones.available"]},{"index_key":2,"schema_version":0,"attributes":{"arn":"arn:aws:ec2:eu-west-1:536275850966:route-table/rtb-0af2734b68665d77e","id":"rtb-0af2734b68665d77e","owner_id":"536275850966","propagating_vgws":[],"region":"eu-west-1","route":[],"tags":{"AZ":"eu-west-1c","AccountName":"example-trading-account","CardData":"cde","Classification":"nonpublic","Environment":"nonprod","ManagedBy":"OpenTofu","Name":"do-gitlab-account-1 -prod-cde-rt-1c","Project":"example-trading","Tier":"client","Type":"cde-route-table"},"tags_all":{"AZ":"eu-west-1c","AccountName":"example-trading-account","CardData":"cde","Classification":"nonpublic","Environment":"nonprod","ManagedBy":"OpenTofu","Name":"do-gitlab-account-1 -prod-cde-rt-1c","Project":"example-trading","Tier":"client","Type":"cde-route-table"},"timeouts":null,"vpc_id":"vpc-0cf1b8e80c13f7cda"},"sensitive_attributes":[],"private":"eyJlMmJmYjczMC1lY2FhLTExZTYtOGY4OC0zNDM2M2JjN2M0YzAiOnsiY3JlYXRlIjozMDAwMDAwMDAwMDAsImRlbGV0ZSI6MzAwMDAwMDAwMDAwLCJ1cGRhdGUiOjEyMDAwMDAwMDAwMH19","dependencies":["module.client_vpc.aws_subnet.cde","module.client_vpc.aws_vpc.client","module.client_vpc.data.aws_availability_zones.available"]}]},{"module":"module.client_vpc","mode":"managed","type":"aws_route_table","name":"ncde","provider":"provider[\"registry.opentofu.org/hashicorp/aws\"]","instances":[{"index_key":0,"schema_version":0,"attributes":{"arn":"arn:aws:ec2:eu-west-1:536275850966:route-table/rtb-0408cf016993e4f23","id":"rtb-0408cf016993e4f23","owner_id":"536275850966","propagating_vgws":[],"region":"eu-west-1","route":[],"tags":{"AZ":"eu-west-1a","AccountName":"example-trading-account","CardData":"cde","Classification":"nonpublic","Environment":"nonprod","ManagedBy":"OpenTofu","Name":"do-gitlab-account-1 -prod-ncde-rt-1a","Project":"example-trading","Tier":"client","Type":"ncde-route-table"},"tags_all":{"AZ":"eu-west-1a","AccountName":"example-trading-account","CardData":"cde","Classification":"nonpublic","Environment":"nonprod","ManagedBy":"OpenTofu","Name":"do-gitlab-account-1 -prod-ncde-rt-1a","Project":"example-trading","Tier":"client","Type":"ncde-route-table"},"timeouts":null,"vpc_id":"vpc-0cf1b8e80c13f7cda"},"sensitive_attributes":[],"private":"eyJlMmJmYjczMC1lY2FhLTExZTYtOGY4OC0zNDM2M2JjN2M0YzAiOnsiY3JlYXRlIjozMDAwMDAwMDAwMDAsImRlbGV0ZSI6MzAwMDAwMDAwMDAwLCJ1cGRhdGUiOjEyMDAwMDAwMDAwMH19","dependencies":["module.client_vpc.aws_subnet.ncde","module.client_vpc.aws_vpc.client","module.client_vpc.data.aws_availability_zones.available"]},{"index_key":1,"schema_version":0,"attributes":{"arn":"arn:aws:ec2:eu-west-1:536275850966:route-table/rtb-030e1f37660bd9c35","id":"rtb-030e1f37660bd9c35","owner_id":"536275850966","propagating_vgws":[],"region":"eu-west-1","route":[],"tags":{"AZ":"eu-west-1b","AccountName":"example-trading-account","CardData":"cde","Classification":"nonpublic","Environment":"nonprod","ManagedBy":"OpenTofu","Name":"do-gitlab-account-1 -prod-ncde-rt-1b","Project":"example-trading","Tier":"client","Type":"ncde-route-table"},"tags_all":{"AZ":"eu-west-1b","AccountName":"example-trading-account","CardData":"cde","Classification":"nonpublic","Environment":"nonprod","ManagedBy":"OpenTofu","Name":"do-gitlab-account-1 -prod-ncde-rt-1b","Project":"example-trading","Tier":"client","Type":"ncde-route-table"},"timeouts":null,"vpc_id":"vpc-0cf1b8e80c13f7cda"},"sensitive_attributes":[],"private":"eyJlMmJmYjczMC1lY2FhLTExZTYtOGY4OC0zNDM2M2JjN2M0YzAiOnsiY3JlYXRlIjozMDAwMDAwMDAwMDAsImRlbGV0ZSI6MzAwMDAwMDAwMDAwLCJ1cGRhdGUiOjEyMDAwMDAwMDAwMH19","dependencies":["module.client_vpc.aws_subnet.ncde","module.client_vpc.aws_vpc.client","module.client_vpc.data.aws_availability_zones.available"]},{"index_key":2,"schema_version":0,"attributes":{"arn":"arn:aws:ec2:eu-west-1:536275850966:route-table/rtb-021429f85c076295c","id":"rtb-021429f85c076295c","owner_id":"536275850966","propagating_vgws":[],"region":"eu-west-1","route":[],"tags":{"AZ":"eu-west-1c","AccountName":"example-trading-account","CardData":"cde","Classification":"nonpublic","Environment":"nonprod","ManagedBy":"OpenTofu","Name":"do-gitlab-account-1 -prod-ncde-rt-1c","Project":"example-trading","Tier":"client","Type":"ncde-route-table"},"tags_all":{"AZ":"eu-west-1c","AccountName":"example-trading-account","CardData":"cde","Classification":"nonpublic","Environment":"nonprod","ManagedBy":"OpenTofu","Name":"do-gitlab-account-1 -prod-ncde-rt-1c","Project":"example-trading","Tier":"client","Type":"ncde-route-table"},"timeouts":null,"vpc_id":"vpc-0cf1b8e80c13f7cda"},"sensitive_attributes":[],"private":"eyJlMmJmYjczMC1lY2FhLTExZTYtOGY4OC0zNDM2M2JjN2M0YzAiOnsiY3JlYXRlIjozMDAwMDAwMDAwMDAsImRlbGV0ZSI6MzAwMDAwMDAwMDAwLCJ1cGRhdGUiOjEyMDAwMDAwMDAwMH19","dependencies":["module.client_vpc.aws_subnet.ncde","module.client_vpc.aws_vpc.client","module.client_vpc.data.aws_availability_zones.available"]}]},{"module":"module.client_vpc","mode":"managed","type":"aws_route_table_association","name":"cde","provider":"provider[\"registry.opentofu.org/hashicorp/aws\"]","instances":[{"index_key":0,"schema_version":0,"attributes":{"gateway_id":"","id":"rtbassoc-0750aea671bdc43ae","region":"eu-west-1","route_table_id":"rtb-08d100ca236c5d083","subnet_id":"subnet-065e4d7799a63a668","timeouts":null},"sensitive_attributes":[],"private":"eyJlMmJmYjczMC1lY2FhLTExZTYtOGY4OC0zNDM2M2JjN2M0YzAiOnsiY3JlYXRlIjozMDAwMDAwMDAwMDAsImRlbGV0ZSI6MzAwMDAwMDAwMDAwLCJ1cGRhdGUiOjEyMDAwMDAwMDAwMH19","dependencies":["module.client_vpc.aws_route_table.cde","module.client_vpc.aws_subnet.cde","module.client_vpc.aws_vpc.client","module.client_vpc.data.aws_availability_zones.available"]},{"index_key":1,"schema_version":0,"attributes":{"gateway_id":"","id":"rtbassoc-0de7f41df8da2ee35","region":"eu-west-1","route_table_id":"rtb-0d7eefc1828df8454","subnet_id":"subnet-0419af2211354dfe6","timeouts":null},"sensitive_attributes":[],"private":"eyJlMmJmYjczMC1lY2FhLTExZTYtOGY4OC0zNDM2M2JjN2M0YzAiOnsiY3JlYXRlIjozMDAwMDAwMDAwMDAsImRlbGV0ZSI6MzAwMDAwMDAwMDAwLCJ1cGRhdGUiOjEyMDAwMDAwMDAwMH19","dependencies":["module.client_vpc.aws_route_table.cde","module.client_vpc.aws_subnet.cde","module.client_vpc.aws_vpc.client","module.client_vpc.data.aws_availability_zones.available"]},{"index_key":2,"schema_version":0,"attributes":{"gateway_id":"","id":"rtbassoc-0378c94aea0d2d95e","region":"eu-west-1","route_table_id":"rtb-0af2734b68665d77e","subnet_id":"subnet-068d560f46bf29faa","timeouts":null},"sensitive_attributes":[],"private":"eyJlMmJmYjczMC1lY2FhLTExZTYtOGY4OC0zNDM2M2JjN2M0YzAiOnsiY3JlYXRlIjozMDAwMDAwMDAwMDAsImRlbGV0ZSI6MzAwMDAwMDAwMDAwLCJ1cGRhdGUiOjEyMDAwMDAwMDAwMH19","dependencies":["module.client_vpc.aws_route_table.cde","module.client_vpc.aws_subnet.cde","module.client_vpc.aws_vpc.client","module.client_vpc.data.aws_availability_zones.available"]}]},{"module":"module.client_vpc","mode":"managed","type":"aws_route_table_association","name":"ncde","provider":"provider[\"registry.opentofu.org/hashicorp/aws\"]","instances":[{"index_key":0,"schema_version":0,"attributes":{"gateway_id":"","id":"rtbassoc-0f0e61f77fa89c07b","region":"eu-west-1","route_table_id":"rtb-0408cf016993e4f23","subnet_id":"subnet-042647f15d0c9bcab","timeouts":null},"sensitive_attributes":[],"private":"eyJlMmJmYjczMC1lY2FhLTExZTYtOGY4OC0zNDM2M2JjN2M0YzAiOnsiY3JlYXRlIjozMDAwMDAwMDAwMDAsImRlbGV0ZSI6MzAwMDAwMDAwMDAwLCJ1cGRhdGUiOjEyMDAwMDAwMDAwMH19","dependencies":["module.client_vpc.aws_route_table.ncde","module.client_vpc.aws_subnet.ncde","module.client_vpc.aws_vpc.client","module.client_vpc.data.aws_availability_zones.available"]},{"index_key":1,"schema_version":0,"attributes":{"gateway_id":"","id":"rtbassoc-023391d63d1d4e138","region":"eu-west-1","route_table_id":"rtb-030e1f37660bd9c35","subnet_id":"subnet-01886adb277244893","timeouts":null},"sensitive_attributes":[],"private":"eyJlMmJmYjczMC1lY2FhLTExZTYtOGY4OC0zNDM2M2JjN2M0YzAiOnsiY3JlYXRlIjozMDAwMDAwMDAwMDAsImRlbGV0ZSI6MzAwMDAwMDAwMDAwLCJ1cGRhdGUiOjEyMDAwMDAwMDAwMH19","dependencies":["module.client_vpc.aws_route_table.ncde","module.client_vpc.aws_subnet.ncde","module.client_vpc.aws_vpc.client","module.client_vpc.data.aws_availability_zones.available"]},{"index_key":2,"schema_version":0,"attributes":{"gateway_id":"","id":"rtbassoc-0b05aa8e16c132130","region":"eu-west-1","route_table_id":"rtb-021429f85c076295c","subnet_id":"subnet-0c14d5de218933a9b","timeouts":null},"sensitive_attributes":[],"private":"eyJlMmJmYjczMC1lY2FhLTExZTYtOGY4OC0zNDM2M2JjN2M0YzAiOnsiY3JlYXRlIjozMDAwMDAwMDAwMDAsImRlbGV0ZSI6MzAwMDAwMDAwMDAwLCJ1cGRhdGUiOjEyMDAwMDAwMDAwMH19","dependencies":["module.client_vpc.aws_route_table.ncde","module.client_vpc.aws_subnet.ncde","module.client_vpc.aws_vpc.client","module.client_vpc.data.aws_availability_zones.available"]}]},{"module":"module.client_vpc","mode":"managed","type":"aws_security_group","name":"test_instance","provider":"provider[\"registry.opentofu.org/hashicorp/aws\"]","instances":[{"index_key":0,"schema_version":1,"attributes":{"arn":"arn:aws:ec2:eu-west-1:536275850966:security-group/sg-00a30bde06eafce7f","description":"Security group for test instance in NCDE subnet","egress":[{"cidr_blocks":["0.0.0.0/0"],"description":"All outbound traffic","from_port":0,"ipv6_cidr_blocks":[],"prefix_list_ids":[],"protocol":"-1","security_groups":[],"self":false,"to_port":0}],"id":"sg-00a30bde06eafce7f","ingress":[{"cidr_blocks":["100.96.0.0/11"],"description":"ICMP from internal networks","from_port":-1,"ipv6_cidr_blocks":[],"prefix_list_ids":[],"protocol":"icmp","security_groups":[],"self":false,"to_port":-1},{"cidr_blocks":["100.96.0.0/11"],"description":"SSH from internal networks","from_port":22,"ipv6_cidr_blocks":[],"prefix_list_ids":[],"protocol":"tcp","security_groups":[],"self":false,"to_port":22}],"name":"do-gitlab-account-1 -prod-test-instance-20250723110056285800000001","name_prefix":"do-gitlab-account-1 -prod-test-instance-","owner_id":"536275850966","region":"eu-west-1","revoke_rules_on_delete":false,"tags":{"AccountName":"example-trading-account","CardData":"cde","Classification":"nonpublic","Environment":"nonprod","ManagedBy":"OpenTofu","Name":"do-gitlab-account-1 -prod-test-instance-sg","Project":"example-trading","Tier":"client","Type":"security-group"},"tags_all":{"AccountName":"example-trading-account","CardData":"cde","Classification":"nonpublic","Environment":"nonprod","ManagedBy":"OpenTofu","Name":"do-gitlab-account-1 -prod-test-instance-sg","Project":"example-trading","Tier":"client","Type":"security-group"},"timeouts":null,"vpc_id":"vpc-0cf1b8e80c13f7cda"},"sensitive_attributes":[],"private":"eyJlMmJmYjczMC1lY2FhLTExZTYtOGY4OC0zNDM2M2JjN2M0YzAiOnsiY3JlYXRlIjo2MDAwMDAwMDAwMDAsImRlbGV0ZSI6OTAwMDAwMDAwMDAwfSwic2NoZW1hX3ZlcnNpb24iOiIxIn0=","dependencies":["module.client_vpc.aws_vpc.client"],"create_before_destroy":true}]},{"module":"module.client_vpc","mode":"managed","type":"aws_subnet","name":"cde","provider":"provider[\"registry.opentofu.org/hashicorp/aws\"]","instances":[{"index_key":0,"schema_version":1,"attributes":{"arn":"arn:aws:ec2:eu-west-1:536275850966:subnet/subnet-065e4d7799a63a668","assign_ipv6_address_on_creation":false,"availability_zone":"eu-west-1a","availability_zone_id":"euw1-az1","cidr_block":"100.108.64.0/22","customer_owned_ipv4_pool":"","enable_dns64":false,"enable_lni_at_device_index":0,"enable_resource_name_dns_a_record_on_launch":false,"enable_resource_name_dns_aaaa_record_on_launch":false,"id":"subnet-065e4d7799a63a668","ipv6_cidr_block":"","ipv6_cidr_block_association_id":"","ipv6_native":false,"map_customer_owned_ip_on_launch":false,"map_public_ip_on_launch":false,"outpost_arn":"","owner_id":"536275850966","private_dns_hostname_type_on_launch":"ip-name","region":"eu-west-1","tags":{"AZ":"eu-west-1a","AccountName":"example-trading-account","CardData":"cde","Classification":"nonpublic","Compliance":"required","Environment":"cde","ManagedBy":"OpenTofu","Name":"do-gitlab-account-1 -prod-cde-subnet-1a","Project":"example-trading","Tier":"client","Type":"client-cde"},"tags_all":{"AZ":"eu-west-1a","AccountName":"example-trading-account","CardData":"cde","Classification":"nonpublic","Compliance":"required","Environment":"cde","ManagedBy":"OpenTofu","Name":"do-gitlab-account-1 -prod-cde-subnet-1a","Project":"example-trading","Tier":"client","Type":"client-cde"},"timeouts":null,"vpc_id":"vpc-0cf1b8e80c13f7cda"},"sensitive_attributes":[],"private":"eyJlMmJmYjczMC1lY2FhLTExZTYtOGY4OC0zNDM2M2JjN2M0YzAiOnsiY3JlYXRlIjo2MDAwMDAwMDAwMDAsImRlbGV0ZSI6MTIwMDAwMDAwMDAwMH0sInNjaGVtYV92ZXJzaW9uIjoiMSJ9","dependencies":["module.client_vpc.aws_vpc.client","module.client_vpc.data.aws_availability_zones.available"]},{"index_key":1,"schema_version":1,"attributes":{"arn":"arn:aws:ec2:eu-west-1:536275850966:subnet/subnet-0419af2211354dfe6","assign_ipv6_address_on_creation":false,"availability_zone":"eu-west-1b","availability_zone_id":"euw1-az2","cidr_block":"100.108.68.0/22","customer_owned_ipv4_pool":"","enable_dns64":false,"enable_lni_at_device_index":0,"enable_resource_name_dns_a_record_on_launch":false,"enable_resource_name_dns_aaaa_record_on_launch":false,"id":"subnet-0419af2211354dfe6","ipv6_cidr_block":"","ipv6_cidr_block_association_id":"","ipv6_native":false,"map_customer_owned_ip_on_launch":false,"map_public_ip_on_launch":false,"outpost_arn":"","owner_id":"536275850966","private_dns_hostname_type_on_launch":"ip-name","region":"eu-west-1","tags":{"AZ":"eu-west-1b","AccountName":"example-trading-account","CardData":"cde","Classification":"nonpublic","Compliance":"required","Environment":"cde","ManagedBy":"OpenTofu","Name":"do-gitlab-account-1 -prod-cde-subnet-1b","Project":"example-trading","Tier":"client","Type":"client-cde"},"tags_all":{"AZ":"eu-west-1b","AccountName":"example-trading-account","CardData":"cde","Classification":"nonpublic","Compliance":"required","Environment":"cde","ManagedBy":"OpenTofu","Name":"do-gitlab-account-1 -prod-cde-subnet-1b","Project":"example-trading","Tier":"client","Type":"client-cde"},"timeouts":null,"vpc_id":"vpc-0cf1b8e80c13f7cda"},"sensitive_attributes":[],"private":"eyJlMmJmYjczMC1lY2FhLTExZTYtOGY4OC0zNDM2M2JjN2M0YzAiOnsiY3JlYXRlIjo2MDAwMDAwMDAwMDAsImRlbGV0ZSI6MTIwMDAwMDAwMDAwMH0sInNjaGVtYV92ZXJzaW9uIjoiMSJ9","dependencies":["module.client_vpc.aws_vpc.client","module.client_vpc.data.aws_availability_zones.available"]},{"index_key":2,"schema_version":1,"attributes":{"arn":"arn:aws:ec2:eu-west-1:536275850966:subnet/subnet-068d560f46bf29faa","assign_ipv6_address_on_creation":false,"availability_zone":"eu-west-1c","availability_zone_id":"euw1-az3","cidr_block":"100.108.72.0/22","customer_owned_ipv4_pool":"","enable_dns64":false,"enable_lni_at_device_index":0,"enable_resource_name_dns_a_record_on_launch":false,"enable_resource_name_dns_aaaa_record_on_launch":false,"id":"subnet-068d560f46bf29faa","ipv6_cidr_block":"","ipv6_cidr_block_association_id":"","ipv6_native":false,"map_customer_owned_ip_on_launch":false,"map_public_ip_on_launch":false,"outpost_arn":"","owner_id":"536275850966","private_dns_hostname_type_on_launch":"ip-name","region":"eu-west-1","tags":{"AZ":"eu-west-1c","AccountName":"example-trading-account","CardData":"cde","Classification":"nonpublic","Compliance":"required","Environment":"cde","ManagedBy":"OpenTofu","Name":"do-gitlab-account-1 -prod-cde-subnet-1c","Project":"example-trading","Tier":"client","Type":"client-cde"},"tags_all":{"AZ":"eu-west-1c","AccountName":"example-trading-account","CardData":"cde","Classification":"nonpublic","Compliance":"required","Environment":"cde","ManagedBy":"OpenTofu","Name":"do-gitlab-account-1 -prod-cde-subnet-1c","Project":"example-trading","Tier":"client","Type":"client-cde"},"timeouts":null,"vpc_id":"vpc-0cf1b8e80c13f7cda"},"sensitive_attributes":[],"private":"eyJlMmJmYjczMC1lY2FhLTExZTYtOGY4OC0zNDM2M2JjN2M0YzAiOnsiY3JlYXRlIjo2MDAwMDAwMDAwMDAsImRlbGV0ZSI6MTIwMDAwMDAwMDAwMH0sInNjaGVtYV92ZXJzaW9uIjoiMSJ9","dependencies":["module.client_vpc.aws_vpc.client","module.client_vpc.data.aws_availability_zones.available"]}]},{"module":"module.client_vpc","mode":"managed","type":"aws_subnet","name":"ncde","provider":"provider[\"registry.opentofu.org/hashicorp/aws\"]","instances":[{"index_key":0,"schema_version":1,"attributes":{"arn":"arn:aws:ec2:eu-west-1:536275850966:subnet/subnet-042647f15d0c9bcab","assign_ipv6_address_on_creation":false,"availability_zone":"eu-west-1a","availability_zone_id":"euw1-az1","cidr_block":"100.108.76.0/22","customer_owned_ipv4_pool":"","enable_dns64":false,"enable_lni_at_device_index":0,"enable_resource_name_dns_a_record_on_launch":false,"enable_resource_name_dns_aaaa_record_on_launch":false,"id":"subnet-042647f15d0c9bcab","ipv6_cidr_block":"","ipv6_cidr_block_association_id":"","ipv6_native":false,"map_customer_owned_ip_on_launch":false,"map_public_ip_on_launch":false,"outpost_arn":"","owner_id":"536275850966","private_dns_hostname_type_on_launch":"ip-name","region":"eu-west-1","tags":{"AZ":"eu-west-1a","AccountName":"example-trading-account","CardData":"cde","Classification":"nonpublic","Compliance":"not-required","Environment":"ncde","ManagedBy":"OpenTofu","Name":"do-gitlab-account-1 -prod-ncde-subnet-1a","Project":"example-trading","Tier":"client","Type":"client-ncde"},"tags_all":{"AZ":"eu-west-1a","AccountName":"example-trading-account","CardData":"cde","Classification":"nonpublic","Compliance":"not-required","Environment":"ncde","ManagedBy":"OpenTofu","Name":"do-gitlab-account-1 -prod-ncde-subnet-1a","Project":"example-trading","Tier":"client","Type":"client-ncde"},"timeouts":null,"vpc_id":"vpc-0cf1b8e80c13f7cda"},"sensitive_attributes":[],"private":"eyJlMmJmYjczMC1lY2FhLTExZTYtOGY4OC0zNDM2M2JjN2M0YzAiOnsiY3JlYXRlIjo2MDAwMDAwMDAwMDAsImRlbGV0ZSI6MTIwMDAwMDAwMDAwMH0sInNjaGVtYV92ZXJzaW9uIjoiMSJ9","dependencies":["module.client_vpc.aws_vpc.client","module.client_vpc.data.aws_availability_zones.available"],"create_before_destroy":true},{"index_key":1,"schema_version":1,"attributes":{"arn":"arn:aws:ec2:eu-west-1:536275850966:subnet/subnet-01886adb277244893","assign_ipv6_address_on_creation":false,"availability_zone":"eu-west-1b","availability_zone_id":"euw1-az2","cidr_block":"100.108.80.0/22","customer_owned_ipv4_pool":"","enable_dns64":false,"enable_lni_at_device_index":0,"enable_resource_name_dns_a_record_on_launch":false,"enable_resource_name_dns_aaaa_record_on_launch":false,"id":"subnet-01886adb277244893","ipv6_cidr_block":"","ipv6_cidr_block_association_id":"","ipv6_native":false,"map_customer_owned_ip_on_launch":false,"map_public_ip_on_launch":false,"outpost_arn":"","owner_id":"536275850966","private_dns_hostname_type_on_launch":"ip-name","region":"eu-west-1","tags":{"AZ":"eu-west-1b","AccountName":"example-trading-account","CardData":"cde","Classification":"nonpublic","Compliance":"not-required","Environment":"ncde","ManagedBy":"OpenTofu","Name":"do-gitlab-account-1 -prod-ncde-subnet-1b","Project":"example-trading","Tier":"client","Type":"client-ncde"},"tags_all":{"AZ":"eu-west-1b","AccountName":"example-trading-account","CardData":"cde","Classification":"nonpublic","Compliance":"not-required","Environment":"ncde","ManagedBy":"OpenTofu","Name":"do-gitlab-account-1 -prod-ncde-subnet-1b","Project":"example-trading","Tier":"client","Type":"client-ncde"},"timeouts":null,"vpc_id":"vpc-0cf1b8e80c13f7cda"},"sensitive_attributes":[],"private":"eyJlMmJmYjczMC1lY2FhLTExZTYtOGY4OC0zNDM2M2JjN2M0YzAiOnsiY3JlYXRlIjo2MDAwMDAwMDAwMDAsImRlbGV0ZSI6MTIwMDAwMDAwMDAwMH0sInNjaGVtYV92ZXJzaW9uIjoiMSJ9","dependencies":["module.client_vpc.aws_vpc.client","module.client_vpc.data.aws_availability_zones.available"]},{"index_key":2,"schema_version":1,"attributes":{"arn":"arn:aws:ec2:eu-west-1:536275850966:subnet/subnet-0c14d5de218933a9b","assign_ipv6_address_on_creation":false,"availability_zone":"eu-west-1c","availability_zone_id":"euw1-az3","cidr_block":"100.108.84.0/22","customer_owned_ipv4_pool":"","enable_dns64":false,"enable_lni_at_device_index":0,"enable_resource_name_dns_a_record_on_launch":false,"enable_resource_name_dns_aaaa_record_on_launch":false,"id":"subnet-0c14d5de218933a9b","ipv6_cidr_block":"","ipv6_cidr_block_association_id":"","ipv6_native":false,"map_customer_owned_ip_on_launch":false,"map_public_ip_on_launch":false,"outpost_arn":"","owner_id":"536275850966","private_dns_hostname_type_on_launch":"ip-name","region":"eu-west-1","tags":{"AZ":"eu-west-1c","AccountName":"example-trading-account","CardData":"cde","Classification":"nonpublic","Compliance":"not-required","Environment":"ncde","ManagedBy":"OpenTofu","Name":"do-gitlab-account-1 -prod-ncde-subnet-1c","Project":"example-trading","Tier":"client","Type":"client-ncde"},"tags_all":{"AZ":"eu-west-1c","AccountName":"example-trading-account","CardData":"cde","Classification":"nonpublic","Compliance":"not-required","Environment":"ncde","ManagedBy":"OpenTofu","Name":"do-gitlab-account-1 -prod-ncde-subnet-1c","Project":"example-trading","Tier":"client","Type":"client-ncde"},"timeouts":null,"vpc_id":"vpc-0cf1b8e80c13f7cda"},"sensitive_attributes":[],"private":"eyJlMmJmYjczMC1lY2FhLTExZTYtOGY4OC0zNDM2M2JjN2M0YzAiOnsiY3JlYXRlIjo2MDAwMDAwMDAwMDAsImRlbGV0ZSI6MTIwMDAwMDAwMDAwMH0sInNjaGVtYV92ZXJzaW9uIjoiMSJ9","dependencies":["module.client_vpc.aws_vpc.client","module.client_vpc.data.aws_availability_zones.available"]}]},{"module":"module.client_vpc","mode":"managed","type":"aws_subnet","name":"tgw","provider":"provider[\"registry.opentofu.org/hashicorp/aws\"]","instances":[{"index_key":0,"schema_version":1,"attributes":{"arn":"arn:aws:ec2:eu-west-1:536275850966:subnet/subnet-0c3109c432d28c3b9","assign_ipv6_address_on_creation":false,"availability_zone":"eu-west-1a","availability_zone_id":"euw1-az1","cidr_block":"100.108.95.208/28","customer_owned_ipv4_pool":"","enable_dns64":false,"enable_lni_at_device_index":0,"enable_resource_name_dns_a_record_on_launch":false,"enable_resource_name_dns_aaaa_record_on_launch":false,"id":"subnet-0c3109c432d28c3b9","ipv6_cidr_block":"","ipv6_cidr_block_association_id":"","ipv6_native":false,"map_customer_owned_ip_on_launch":false,"map_public_ip_on_launch":false,"outpost_arn":"","owner_id":"536275850966","private_dns_hostname_type_on_launch":"ip-name","region":"eu-west-1","tags":{"AZ":"eu-west-1a","AccountName":"example-trading-account","CardData":"cde","Classification":"nonpublic","Environment":"nonprod","ManagedBy":"OpenTofu","Name":"do-gitlab-account-1 -prod-tgw-subnet-1a","Project":"example-trading","Tier":"client","Type":"client-tgw"},"tags_all":{"AZ":"eu-west-1a","AccountName":"example-trading-account","CardData":"cde","Classification":"nonpublic","Environment":"nonprod","ManagedBy":"OpenTofu","Name":"do-gitlab-account-1 -prod-tgw-subnet-1a","Project":"example-trading","Tier":"client","Type":"client-tgw"},"timeouts":null,"vpc_id":"vpc-0cf1b8e80c13f7cda"},"sensitive_attributes":[],"private":"eyJlMmJmYjczMC1lY2FhLTExZTYtOGY4OC0zNDM2M2JjN2M0YzAiOnsiY3JlYXRlIjo2MDAwMDAwMDAwMDAsImRlbGV0ZSI6MTIwMDAwMDAwMDAwMH0sInNjaGVtYV92ZXJzaW9uIjoiMSJ9","dependencies":["module.client_vpc.aws_vpc.client","module.client_vpc.data.aws_availability_zones.available"]},{"index_key":1,"schema_version":1,"attributes":{"arn":"arn:aws:ec2:eu-west-1:536275850966:subnet/subnet-04238fff7f28b4719","assign_ipv6_address_on_creation":false,"availability_zone":"eu-west-1b","availability_zone_id":"euw1-az2","cidr_block":"100.108.95.224/28","customer_owned_ipv4_pool":"","enable_dns64":false,"enable_lni_at_device_index":0,"enable_resource_name_dns_a_record_on_launch":false,"enable_resource_name_dns_aaaa_record_on_launch":false,"id":"subnet-04238fff7f28b4719","ipv6_cidr_block":"","ipv6_cidr_block_association_id":"","ipv6_native":false,"map_customer_owned_ip_on_launch":false,"map_public_ip_on_launch":false,"outpost_arn":"","owner_id":"536275850966","private_dns_hostname_type_on_launch":"ip-name","region":"eu-west-1","tags":{"AZ":"eu-west-1b","AccountName":"example-trading-account","CardData":"cde","Classification":"nonpublic","Environment":"nonprod","ManagedBy":"OpenTofu","Name":"do-gitlab-account-1 -prod-tgw-subnet-1b","Project":"example-trading","Tier":"client","Type":"client-tgw"},"tags_all":{"AZ":"eu-west-1b","AccountName":"example-trading-account","CardData":"cde","Classification":"nonpublic","Environment":"nonprod","ManagedBy":"OpenTofu","Name":"do-gitlab-account-1 -prod-tgw-subnet-1b","Project":"example-trading","Tier":"client","Type":"client-tgw"},"timeouts":null,"vpc_id":"vpc-0cf1b8e80c13f7cda"},"sensitive_attributes":[],"private":"eyJlMmJmYjczMC1lY2FhLTExZTYtOGY4OC0zNDM2M2JjN2M0YzAiOnsiY3JlYXRlIjo2MDAwMDAwMDAwMDAsImRlbGV0ZSI6MTIwMDAwMDAwMDAwMH0sInNjaGVtYV92ZXJzaW9uIjoiMSJ9","dependencies":["module.client_vpc.aws_vpc.client","module.client_vpc.data.aws_availability_zones.available"]},{"index_key":2,"schema_version":1,"attributes":{"arn":"arn:aws:ec2:eu-west-1:536275850966:subnet/subnet-00eaf1859a7111cf5","assign_ipv6_address_on_creation":false,"availability_zone":"eu-west-1c","availability_zone_id":"euw1-az3","cidr_block":"100.108.95.240/28","customer_owned_ipv4_pool":"","enable_dns64":false,"enable_lni_at_device_index":0,"enable_resource_name_dns_a_record_on_launch":false,"enable_resource_name_dns_aaaa_record_on_launch":false,"id":"subnet-00eaf1859a7111cf5","ipv6_cidr_block":"","ipv6_cidr_block_association_id":"","ipv6_native":false,"map_customer_owned_ip_on_launch":false,"map_public_ip_on_launch":false,"outpost_arn":"","owner_id":"536275850966","private_dns_hostname_type_on_launch":"ip-name","region":"eu-west-1","tags":{"AZ":"eu-west-1c","AccountName":"example-trading-account","CardData":"cde","Classification":"nonpublic","Environment":"nonprod","ManagedBy":"OpenTofu","Name":"do-gitlab-account-1 -prod-tgw-subnet-1c","Project":"example-trading","Tier":"client","Type":"client-tgw"},"tags_all":{"AZ":"eu-west-1c","AccountName":"example-trading-account","CardData":"cde","Classification":"nonpublic","Environment":"nonprod","ManagedBy":"OpenTofu","Name":"do-gitlab-account-1 -prod-tgw-subnet-1c","Project":"example-trading","Tier":"client","Type":"client-tgw"},"timeouts":null,"vpc_id":"vpc-0cf1b8e80c13f7cda"},"sensitive_attributes":[],"private":"eyJlMmJmYjczMC1lY2FhLTExZTYtOGY4OC0zNDM2M2JjN2M0YzAiOnsiY3JlYXRlIjo2MDAwMDAwMDAwMDAsImRlbGV0ZSI6MTIwMDAwMDAwMDAwMH0sInNjaGVtYV92ZXJzaW9uIjoiMSJ9","dependencies":["module.client_vpc.aws_vpc.client","module.client_vpc.data.aws_availability_zones.available"]}]},{"module":"module.client_vpc","mode":"managed","type":"aws_vpc","name":"client","provider":"provider[\"registry.opentofu.org/hashicorp/aws\"]","instances":[{"schema_version":1,"attributes":{"arn":"arn:aws:ec2:eu-west-1:536275850966:vpc/vpc-0cf1b8e80c13f7cda","assign_generated_ipv6_cidr_block":false,"cidr_block":"100.108.64.0/19","default_network_acl_id":"acl-08bdf5134d9b1018f","default_route_table_id":"rtb-0a88fce382690eec5","default_security_group_id":"sg-095366d6b6691b508","dhcp_options_id":"dopt-0e4d6a5cba2891a04","enable_dns_hostnames":true,"enable_dns_support":true,"enable_network_address_usage_metrics":false,"id":"vpc-0cf1b8e80c13f7cda","instance_tenancy":"default","ipv4_ipam_pool_id":null,"ipv4_netmask_length":null,"ipv6_association_id":"","ipv6_cidr_block":"","ipv6_cidr_block_network_border_group":"","ipv6_ipam_pool_id":"","ipv6_netmask_length":0,"main_route_table_id":"rtb-0a88fce382690eec5","owner_id":"536275850966","region":"eu-west-1","tags":{"AccountName":"example-trading-account","CardData":"cde","Classification":"nonpublic","Environment":"nonprod","ManagedBy":"OpenTofu","Name":"do-gitlab-account-1 -prod-vpc","Project":"example-trading","Purpose":"Client workloads and applications","Tier":"client","Type":"client-vpc"},"tags_all":{"AccountName":"example-trading-account","CardData":"cde","Classification":"nonpublic","Environment":"nonprod","ManagedBy":"OpenTofu","Name":"do-gitlab-account-1 -prod-vpc","Project":"example-trading","Purpose":"Client workloads and applications","Tier":"client","Type":"client-vpc"}},"sensitive_attributes":[],"private":"eyJzY2hlbWFfdmVyc2lvbiI6IjEifQ==","create_before_destroy":true}]}],"check_results":[{"object_kind":"var","config_addr":"module.client_vpc.var.vpc_cidr","status":"pass","objects":[{"object_addr":"module.client_vpc.var.vpc_cidr","status":"pass"}]}]}
