{"version":4,"terraform_version":"1.10.6","serial":4,"lineage":"24610faa-e68e-d6b0-a9a3-18f318de14e4","outputs":{"network_summary":{"value":{"account_name":"network-services-account","availability_zones":["eu-west-1a","eu-west-1b","eu-west-1c"],"environment":"prod","region":"eu-west-1","subnet_counts":{"tgw_subnets":3,"workload_subnets":3},"vpc_cidr":"100.108.64.0/19"},"type":["object",{"account_name":"string","availability_zones":["list","string"],"environment":"string","region":"string","subnet_counts":["object",{"tgw_subnets":"number","workload_subnets":"number"}],"vpc_cidr":"string"}]}},"resources":[{"mode":"data","type":"aws_ami","name":"amazon_linux","provider":"provider[\"registry.opentofu.org/hashicorp/aws\"]","instances":[{"schema_version":0,"attributes":{"allow_unsafe_filter":null,"architecture":"x86_64","arn":"arn:aws:ec2:eu-west-1::image/ami-04edbd4dd35d48ce1","block_device_mappings":[{"device_name":"/dev/xvda","ebs":{"delete_on_termination":"true","encrypted":"false","iops":"0","snapshot_id":"snap-0c8353a5355287f67","throughput":"0","volume_initialization_rate":"0","volume_size":"8","volume_type":"gp2"},"no_device":"","virtual_name":""}],"boot_mode":"","creation_date":"2025-11-04T21:26:22.000Z","deprecation_time":"2026-02-02T00:00:00.000Z","description":"Amazon Linux 2 AMI 2.0.20251105.0 x86_64 HVM gp2","ena_support":true,"executable_users":null,"filter":[{"name":"name","values":["amzn2-ami-hvm-*-x86_64-gp2"]},{"name":"virtualization-type","values":["hvm"]}],"hypervisor":"xen","id":"ami-04edbd4dd35d48ce1","image_id":"ami-04edbd4dd35d48ce1","image_location":"amazon/amzn2-ami-hvm-2.0.20251105.0-x86_64-gp2","image_owner_alias":"amazon","image_type":"machine","imds_support":"","include_deprecated":false,"kernel_id":"","last_launched_time":"","most_recent":true,"name":"amzn2-ami-hvm-2.0.20251105.0-x86_64-gp2","name_regex":null,"owner_id":"137112412989","owners":["amazon"],"platform":"","platform_details":"Linux/UNIX","product_codes":[],"public":true,"ramdisk_id":"","region":"eu-west-1","root_device_name":"/dev/xvda","root_device_type":"ebs","root_snapshot_id":"snap-0c8353a5355287f67","sriov_net_support":"simple","state":"available","state_reason":{"code":"UNSET","message":"UNSET"},"tags":{},"timeouts":null,"tpm_support":"","uefi_data":null,"usage_operation":"RunInstances","virtualization_type":"hvm"},"sensitive_attributes":[]}]},{"mode":"data","type":"aws_availability_zones","name":"available","provider":"provider[\"registry.opentofu.org/hashicorp/aws\"]","instances":[{"schema_version":0,"attributes":{"all_availability_zones":null,"exclude_names":null,"exclude_zone_ids":null,"filter":null,"group_names":["eu-west-1-zg-1"],"id":"eu-west-1","names":["eu-west-1a","eu-west-1b","eu-west-1c"],"region":"eu-west-1","state":"available","timeouts":null,"zone_ids":["euw1-az2","euw1-az3","euw1-az1"]},"sensitive_attributes":[]}]},{"mode":"managed","type":"aws_ec2_transit_gateway_vpc_attachment","name":"client","provider":"provider[\"registry.opentofu.org/hashicorp/aws\"]","instances":[{"schema_version":0,"attributes":{"appliance_mode_support":"disable","arn":"arn:aws:ec2:eu-west-1:799947215697:transit-gateway-attachment/tgw-attach-0afa12139e59acf86","dns_support":"enable","id":"tgw-attach-0afa12139e59acf86","ipv6_support":"disable","region":"eu-west-1","security_group_referencing_support":"enable","subnet_ids":["subnet-0313acf6e7f3a37f9","subnet-067bdf7948dfc29bc","subnet-0d213eb45a76e5a06"],"tags":{"AccountName":"network-services-account","CardData":"cde","Classification":"nonpublic","Environment":"prod","ManagedBy":"OpenTofu","Name":"network-services-prod-tgw-attachment","Project":"network-services","Tier":"client","Type":"tgw-attachment"},"tags_all":{"AccountName":"network-services-account","CardData":"cde","Classification":"nonpublic","Environment":"prod","ManagedBy":"OpenTofu","Name":"network-services-prod-tgw-attachment","Project":"network-services","Tier":"client","Type":"tgw-attachment"},"transit_gateway_default_route_table_association":false,"transit_gateway_default_route_table_propagation":false,"transit_gateway_id":"tgw-064572ba47d22fb2a","vpc_id":"vpc-0d8a53b992efce4bd","vpc_owner_id":"799947215697"},"sensitive_attributes":[],"private":"bnVsbA==","dependencies":["aws_subnet.tgw","aws_vpc.client","data.aws_availability_zones.available"]}]},{"mode":"managed","type":"aws_instance","name":"test","provider":"provider[\"registry.opentofu.org/hashicorp/aws\"]","instances":[{"index_key":0,"schema_version":2,"attributes":{"ami":"ami-04edbd4dd35d48ce1","arn":"arn:aws:ec2:eu-west-1:799947215697:instance/i-027e5a69d5d0122a7","associate_public_ip_address":false,"availability_zone":"eu-west-1a","capacity_reservation_specification":[{"capacity_reservation_preference":"open","capacity_reservation_target":[]}],"cpu_options":[{"amd_sev_snp":"","core_count":1,"threads_per_core":2}],"credit_specification":[{"cpu_credits":"unlimited"}],"disable_api_stop":false,"disable_api_termination":false,"ebs_block_device":[],"ebs_optimized":false,"enable_primary_ipv6":null,"enclave_options":[{"enabled":false}],"ephemeral_block_device":[],"force_destroy":false,"get_password_data":false,"hibernation":false,"host_id":"","host_resource_group_arn":null,"iam_instance_profile":"","id":"i-027e5a69d5d0122a7","instance_initiated_shutdown_behavior":"stop","instance_lifecycle":"","instance_market_options":[],"instance_state":"running","instance_type":"t3.micro","ipv6_address_count":0,"ipv6_addresses":[],"key_name":"eu_west_1_prod_network_services.pem","launch_template":[],"maintenance_options":[{"auto_recovery":"default"}],"metadata_options":[{"http_endpoint":"enabled","http_protocol_ipv6":"disabled","http_put_response_hop_limit":1,"http_tokens":"optional","instance_metadata_tags":"disabled"}],"monitoring":false,"network_interface":[],"outpost_arn":"","password_data":"","placement_group":"","placement_group_id":"","placement_partition_number":0,"primary_network_interface":[{"delete_on_termination":true,"network_interface_id":"eni-0453e08cc8e2a9e6c"}],"primary_network_interface_id":"eni-0453e08cc8e2a9e6c","private_dns":"ip-100-108-70-134.eu-west-1.compute.internal","private_dns_name_options":[{"enable_resource_name_dns_a_record":false,"enable_resource_name_dns_aaaa_record":false,"hostname_type":"ip-name"}],"private_ip":"100.108.70.134","public_dns":"","public_ip":"","region":"eu-west-1","root_block_device":[{"delete_on_termination":true,"device_name":"/dev/xvda","encrypted":false,"iops":100,"kms_key_id":"","tags":{"AccountName":"network-services-account","CardData":"cde","Classification":"nonpublic","Environment":"nonprod","ManagedBy":"OpenTofu","Project":"network-services","Tier":"client"},"tags_all":{"AccountName":"network-services-account","CardData":"cde","Classification":"nonpublic","Environment":"nonprod","ManagedBy":"OpenTofu","Project":"network-services","Tier":"client"},"throughput":0,"volume_id":"vol-02fee87bddfc313ea","volume_size":8,"volume_type":"gp2"}],"secondary_private_ips":[],"security_groups":[],"source_dest_check":true,"spot_instance_request_id":"","subnet_id":"subnet-0fb47f528e8cd2115","tags":{"AccountName":"network-services-account","CardData":"cde","Classification":"nonpublic","Environment":"workload","ManagedBy":"OpenTofu","Name":"network-services-prod-test-instance","Project":"network-services","Purpose":"network-testing","Tier":"client","Type":"test-instance"},"tags_all":{"AccountName":"network-services-account","CardData":"cde","Classification":"nonpublic","Environment":"workload","ManagedBy":"OpenTofu","Name":"network-services-prod-test-instance","Project":"network-services","Purpose":"network-testing","Tier":"client","Type":"test-instance"},"tenancy":"default","timeouts":null,"user_data":null,"user_data_base64":null,"user_data_replace_on_change":false,"volume_tags":null,"vpc_security_group_ids":["sg-01f3702ebcc11ce63"]},"sensitive_attributes":[],"private":"eyJlMmJmYjczMC1lY2FhLTExZTYtOGY4OC0zNDM2M2JjN2M0YzAiOnsiY3JlYXRlIjo2MDAwMDAwMDAwMDAsImRlbGV0ZSI6MTIwMDAwMDAwMDAwMCwicmVhZCI6OTAwMDAwMDAwMDAwLCJ1cGRhdGUiOjYwMDAwMDAwMDAwMH0sInNjaGVtYV92ZXJzaW9uIjoiMiJ9","dependencies":["aws_security_group.test_instance","aws_subnet.workload","aws_vpc.client","data.aws_ami.amazon_linux","data.aws_availability_zones.available"],"create_before_destroy":true}]},{"mode":"managed","type":"aws_route","name":"workload_to_tgw","provider":"provider[\"registry.opentofu.org/hashicorp/aws\"]","instances":[{"schema_version":0,"attributes":{"carrier_gateway_id":"","core_network_arn":"","destination_cidr_block":"0.0.0.0/0","destination_ipv6_cidr_block":"","destination_prefix_list_id":"","egress_only_gateway_id":"","gateway_id":"","id":"r-rtb-0c1c0486df7f56bb01080289494","instance_id":"","instance_owner_id":"","local_gateway_id":"","nat_gateway_id":"","network_interface_id":"","origin":"CreateRoute","region":"eu-west-1","route_table_id":"rtb-0c1c0486df7f56bb0","state":"active","timeouts":null,"transit_gateway_id":"tgw-064572ba47d22fb2a","vpc_endpoint_id":"","vpc_peering_connection_id":""},"sensitive_attributes":[],"private":"eyJlMmJmYjczMC1lY2FhLTExZTYtOGY4OC0zNDM2M2JjN2M0YzAiOnsiY3JlYXRlIjozMDAwMDAwMDAwMDAsImRlbGV0ZSI6MzAwMDAwMDAwMDAwLCJ1cGRhdGUiOjEyMDAwMDAwMDAwMH19","dependencies":["aws_ec2_transit_gateway_vpc_attachment.client","aws_route_table.workload","aws_subnet.tgw","aws_vpc.client","data.aws_availability_zones.available"]}]},{"mode":"managed","type":"aws_route_table","name":"workload","provider":"provider[\"registry.opentofu.org/hashicorp/aws\"]","instances":[{"schema_version":0,"attributes":{"arn":"arn:aws:ec2:eu-west-1:799947215697:route-table/rtb-0c1c0486df7f56bb0","id":"rtb-0c1c0486df7f56bb0","owner_id":"799947215697","propagating_vgws":[],"region":"eu-west-1","route":[{"carrier_gateway_id":"","cidr_block":"0.0.0.0/0","core_network_arn":"","destination_prefix_list_id":"","egress_only_gateway_id":"","gateway_id":"","ipv6_cidr_block":"","local_gateway_id":"","nat_gateway_id":"","network_interface_id":"","transit_gateway_id":"tgw-064572ba47d22fb2a","vpc_endpoint_id":"","vpc_peering_connection_id":""},{"carrier_gateway_id":"","cidr_block":"80.49.233.190/32","core_network_arn":"","destination_prefix_list_id":"","egress_only_gateway_id":"","gateway_id":"igw-01d1dc83be7e35363","ipv6_cidr_block":"","local_gateway_id":"","nat_gateway_id":"","network_interface_id":"","transit_gateway_id":"","vpc_endpoint_id":"","vpc_peering_connection_id":""}],"tags":{"AccountName":"network-services-account","CardData":"cde","Classification":"nonpublic","Environment":"prod","ManagedBy":"OpenTofu","Name":"network-services-prod-workload-rt","Project":"network-services","Tier":"client","Type":"workload-route-table"},"tags_all":{"AccountName":"network-services-account","CardData":"cde","Classification":"nonpublic","Environment":"prod","ManagedBy":"OpenTofu","Name":"network-services-prod-workload-rt","Project":"network-services","Tier":"client","Type":"workload-route-table"},"timeouts":null,"vpc_id":"vpc-0d8a53b992efce4bd"},"sensitive_attributes":[],"private":"eyJlMmJmYjczMC1lY2FhLTExZTYtOGY4OC0zNDM2M2JjN2M0YzAiOnsiY3JlYXRlIjozMDAwMDAwMDAwMDAsImRlbGV0ZSI6MzAwMDAwMDAwMDAwLCJ1cGRhdGUiOjEyMDAwMDAwMDAwMH19","dependencies":["aws_vpc.client"]}]},{"mode":"managed","type":"aws_route_table_association","name":"workload","provider":"provider[\"registry.opentofu.org/hashicorp/aws\"]","instances":[{"index_key":0,"schema_version":0,"attributes":{"gateway_id":"","id":"rtbassoc-0cf9155877c44a4b7","region":"eu-west-1","route_table_id":"rtb-0c1c0486df7f56bb0","subnet_id":"subnet-0fb47f528e8cd2115","timeouts":null},"sensitive_attributes":[],"private":"eyJlMmJmYjczMC1lY2FhLTExZTYtOGY4OC0zNDM2M2JjN2M0YzAiOnsiY3JlYXRlIjozMDAwMDAwMDAwMDAsImRlbGV0ZSI6MzAwMDAwMDAwMDAwLCJ1cGRhdGUiOjEyMDAwMDAwMDAwMH19","dependencies":["aws_route_table.workload","aws_subnet.workload","aws_vpc.client","data.aws_availability_zones.available"]},{"index_key":1,"schema_version":0,"attributes":{"gateway_id":"","id":"rtbassoc-04c4f55a103080a48","region":"eu-west-1","route_table_id":"rtb-0c1c0486df7f56bb0","subnet_id":"subnet-0342ba7cee844b8d6","timeouts":null},"sensitive_attributes":[],"private":"eyJlMmJmYjczMC1lY2FhLTExZTYtOGY4OC0zNDM2M2JjN2M0YzAiOnsiY3JlYXRlIjozMDAwMDAwMDAwMDAsImRlbGV0ZSI6MzAwMDAwMDAwMDAwLCJ1cGRhdGUiOjEyMDAwMDAwMDAwMH19","dependencies":["aws_route_table.workload","aws_subnet.workload","aws_vpc.client","data.aws_availability_zones.available"]},{"index_key":2,"schema_version":0,"attributes":{"gateway_id":"","id":"rtbassoc-0af710dfb2b20b79a","region":"eu-west-1","route_table_id":"rtb-0c1c0486df7f56bb0","subnet_id":"subnet-0bfaf65cab9d48a3b","timeouts":null},"sensitive_attributes":[],"private":"eyJlMmJmYjczMC1lY2FhLTExZTYtOGY4OC0zNDM2M2JjN2M0YzAiOnsiY3JlYXRlIjozMDAwMDAwMDAwMDAsImRlbGV0ZSI6MzAwMDAwMDAwMDAwLCJ1cGRhdGUiOjEyMDAwMDAwMDAwMH19","dependencies":["aws_route_table.workload","aws_subnet.workload","aws_vpc.client","data.aws_availability_zones.available"]}]},{"mode":"managed","type":"aws_security_group","name":"test_instance","provider":"provider[\"registry.opentofu.org/hashicorp/aws\"]","instances":[{"index_key":0,"schema_version":1,"attributes":{"arn":"arn:aws:ec2:eu-west-1:799947215697:security-group/sg-01f3702ebcc11ce63","description":"Security group for test instance in Workload subnet","egress":[{"cidr_blocks":["0.0.0.0/0"],"description":"All outbound traffic","from_port":0,"ipv6_cidr_blocks":[],"prefix_list_ids":[],"protocol":"-1","security_groups":[],"self":false,"to_port":0}],"id":"sg-01f3702ebcc11ce63","ingress":[{"cidr_blocks":["100.96.0.0/11"],"description":"ICMP from internal networks","from_port":-1,"ipv6_cidr_blocks":[],"prefix_list_ids":[],"protocol":"icmp","security_groups":[],"self":false,"to_port":-1},{"cidr_blocks":["100.96.0.0/11"],"description":"SSH from internal networks","from_port":22,"ipv6_cidr_blocks":[],"prefix_list_ids":[],"protocol":"tcp","security_groups":[],"self":false,"to_port":22}],"name":"network-services-prod-test-instance-20251106195243318900000001","name_prefix":"network-services-prod-test-instance-","owner_id":"799947215697","region":"eu-west-1","revoke_rules_on_delete":false,"tags":{"AccountName":"network-services-account","CardData":"cde","Classification":"nonpublic","Environment":"prod","ManagedBy":"OpenTofu","Name":"network-services-prod-test-instance-sg","Project":"network-services","Tier":"client","Type":"security-group"},"tags_all":{"AccountName":"network-services-account","CardData":"cde","Classification":"nonpublic","Environment":"prod","ManagedBy":"OpenTofu","Name":"network-services-prod-test-instance-sg","Project":"network-services","Tier":"client","Type":"security-group"},"timeouts":null,"vpc_id":"vpc-0d8a53b992efce4bd"},"sensitive_attributes":[],"private":"eyJlMmJmYjczMC1lY2FhLTExZTYtOGY4OC0zNDM2M2JjN2M0YzAiOnsiY3JlYXRlIjo2MDAwMDAwMDAwMDAsImRlbGV0ZSI6OTAwMDAwMDAwMDAwfSwic2NoZW1hX3ZlcnNpb24iOiIxIn0=","dependencies":["aws_vpc.client"],"create_before_destroy":true}]},{"mode":"managed","type":"aws_subnet","name":"tgw","provider":"provider[\"registry.opentofu.org/hashicorp/aws\"]","instances":[{"index_key":0,"schema_version":1,"attributes":{"arn":"arn:aws:ec2:eu-west-1:799947215697:subnet/subnet-0d213eb45a76e5a06","assign_ipv6_address_on_creation":false,"availability_zone":"eu-west-1a","availability_zone_id":"euw1-az2","cidr_block":"100.108.95.208/28","customer_owned_ipv4_pool":"","enable_dns64":false,"enable_lni_at_device_index":0,"enable_resource_name_dns_a_record_on_launch":false,"enable_resource_name_dns_aaaa_record_on_launch":false,"id":"subnet-0d213eb45a76e5a06","ipv6_cidr_block":"","ipv6_cidr_block_association_id":"","ipv6_native":false,"map_customer_owned_ip_on_launch":false,"map_public_ip_on_launch":false,"outpost_arn":"","owner_id":"799947215697","private_dns_hostname_type_on_launch":"ip-name","region":"eu-west-1","tags":{"AZ":"eu-west-1a","AccountName":"network-services-account","CardData":"cde","Classification":"nonpublic","Environment":"prod","ManagedBy":"OpenTofu","Name":"network-services-prod-tgw-subnet-1a","Project":"network-services","Tier":"client","Type":"client-tgw"},"tags_all":{"AZ":"eu-west-1a","AccountName":"network-services-account","CardData":"cde","Classification":"nonpublic","Environment":"prod","ManagedBy":"OpenTofu","Name":"network-services-prod-tgw-subnet-1a","Project":"network-services","Tier":"client","Type":"client-tgw"},"timeouts":null,"vpc_id":"vpc-0d8a53b992efce4bd"},"sensitive_attributes":[],"private":"eyJlMmJmYjczMC1lY2FhLTExZTYtOGY4OC0zNDM2M2JjN2M0YzAiOnsiY3JlYXRlIjo2MDAwMDAwMDAwMDAsImRlbGV0ZSI6MTIwMDAwMDAwMDAwMH0sInNjaGVtYV92ZXJzaW9uIjoiMSJ9","dependencies":["aws_vpc.client","data.aws_availability_zones.available"]},{"index_key":1,"schema_version":1,"attributes":{"arn":"arn:aws:ec2:eu-west-1:799947215697:subnet/subnet-0313acf6e7f3a37f9","assign_ipv6_address_on_creation":false,"availability_zone":"eu-west-1b","availability_zone_id":"euw1-az3","cidr_block":"100.108.95.224/28","customer_owned_ipv4_pool":"","enable_dns64":false,"enable_lni_at_device_index":0,"enable_resource_name_dns_a_record_on_launch":false,"enable_resource_name_dns_aaaa_record_on_launch":false,"id":"subnet-0313acf6e7f3a37f9","ipv6_cidr_block":"","ipv6_cidr_block_association_id":"","ipv6_native":false,"map_customer_owned_ip_on_launch":false,"map_public_ip_on_launch":false,"outpost_arn":"","owner_id":"799947215697","private_dns_hostname_type_on_launch":"ip-name","region":"eu-west-1","tags":{"AZ":"eu-west-1b","AccountName":"network-services-account","CardData":"cde","Classification":"nonpublic","Environment":"prod","ManagedBy":"OpenTofu","Name":"network-services-prod-tgw-subnet-1b","Project":"network-services","Tier":"client","Type":"client-tgw"},"tags_all":{"AZ":"eu-west-1b","AccountName":"network-services-account","CardData":"cde","Classification":"nonpublic","Environment":"prod","ManagedBy":"OpenTofu","Name":"network-services-prod-tgw-subnet-1b","Project":"network-services","Tier":"client","Type":"client-tgw"},"timeouts":null,"vpc_id":"vpc-0d8a53b992efce4bd"},"sensitive_attributes":[],"private":"eyJlMmJmYjczMC1lY2FhLTExZTYtOGY4OC0zNDM2M2JjN2M0YzAiOnsiY3JlYXRlIjo2MDAwMDAwMDAwMDAsImRlbGV0ZSI6MTIwMDAwMDAwMDAwMH0sInNjaGVtYV92ZXJzaW9uIjoiMSJ9","dependencies":["aws_vpc.client","data.aws_availability_zones.available"]},{"index_key":2,"schema_version":1,"attributes":{"arn":"arn:aws:ec2:eu-west-1:799947215697:subnet/subnet-067bdf7948dfc29bc","assign_ipv6_address_on_creation":false,"availability_zone":"eu-west-1c","availability_zone_id":"euw1-az1","cidr_block":"100.108.95.240/28","customer_owned_ipv4_pool":"","enable_dns64":false,"enable_lni_at_device_index":0,"enable_resource_name_dns_a_record_on_launch":false,"enable_resource_name_dns_aaaa_record_on_launch":false,"id":"subnet-067bdf7948dfc29bc","ipv6_cidr_block":"","ipv6_cidr_block_association_id":"","ipv6_native":false,"map_customer_owned_ip_on_launch":false,"map_public_ip_on_launch":false,"outpost_arn":"","owner_id":"799947215697","private_dns_hostname_type_on_launch":"ip-name","region":"eu-west-1","tags":{"AZ":"eu-west-1c","AccountName":"network-services-account","CardData":"cde","Classification":"nonpublic","Environment":"prod","ManagedBy":"OpenTofu","Name":"network-services-prod-tgw-subnet-1c","Project":"network-services","Tier":"client","Type":"client-tgw"},"tags_all":{"AZ":"eu-west-1c","AccountName":"network-services-account","CardData":"cde","Classification":"nonpublic","Environment":"prod","ManagedBy":"OpenTofu","Name":"network-services-prod-tgw-subnet-1c","Project":"network-services","Tier":"client","Type":"client-tgw"},"timeouts":null,"vpc_id":"vpc-0d8a53b992efce4bd"},"sensitive_attributes":[],"private":"eyJlMmJmYjczMC1lY2FhLTExZTYtOGY4OC0zNDM2M2JjN2M0YzAiOnsiY3JlYXRlIjo2MDAwMDAwMDAwMDAsImRlbGV0ZSI6MTIwMDAwMDAwMDAwMH0sInNjaGVtYV92ZXJzaW9uIjoiMSJ9","dependencies":["aws_vpc.client","data.aws_availability_zones.available"]}]},{"mode":"managed","type":"aws_subnet","name":"workload","provider":"provider[\"registry.opentofu.org/hashicorp/aws\"]","instances":[{"index_key":0,"schema_version":1,"attributes":{"arn":"arn:aws:ec2:eu-west-1:799947215697:subnet/subnet-0fb47f528e8cd2115","assign_ipv6_address_on_creation":false,"availability_zone":"eu-west-1a","availability_zone_id":"euw1-az2","cidr_block":"100.108.64.0/21","customer_owned_ipv4_pool":"","enable_dns64":false,"enable_lni_at_device_index":0,"enable_resource_name_dns_a_record_on_launch":false,"enable_resource_name_dns_aaaa_record_on_launch":false,"id":"subnet-0fb47f528e8cd2115","ipv6_cidr_block":"","ipv6_cidr_block_association_id":"","ipv6_native":false,"map_customer_owned_ip_on_launch":false,"map_public_ip_on_launch":false,"outpost_arn":"","owner_id":"799947215697","private_dns_hostname_type_on_launch":"ip-name","region":"eu-west-1","tags":{"AZ":"eu-west-1a","AccountName":"network-services-account","CardData":"cde","Classification":"nonpublic","Compliance":"required","Environment":"workload","ManagedBy":"OpenTofu","Name":"network-services-prod-workload-subnet-1a","Project":"network-services","Tier":"client","Type":"workload"},"tags_all":{"AZ":"eu-west-1a","AccountName":"network-services-account","CardData":"cde","Classification":"nonpublic","Compliance":"required","Environment":"workload","ManagedBy":"OpenTofu","Name":"network-services-prod-workload-subnet-1a","Project":"network-services","Tier":"client","Type":"workload"},"timeouts":null,"vpc_id":"vpc-0d8a53b992efce4bd"},"sensitive_attributes":[],"private":"eyJlMmJmYjczMC1lY2FhLTExZTYtOGY4OC0zNDM2M2JjN2M0YzAiOnsiY3JlYXRlIjo2MDAwMDAwMDAwMDAsImRlbGV0ZSI6MTIwMDAwMDAwMDAwMH0sInNjaGVtYV92ZXJzaW9uIjoiMSJ9","dependencies":["aws_vpc.client","data.aws_availability_zones.available"],"create_before_destroy":true},{"index_key":1,"schema_version":1,"attributes":{"arn":"arn:aws:ec2:eu-west-1:799947215697:subnet/subnet-0342ba7cee844b8d6","assign_ipv6_address_on_creation":false,"availability_zone":"eu-west-1b","availability_zone_id":"euw1-az3","cidr_block":"100.108.72.0/21","customer_owned_ipv4_pool":"","enable_dns64":false,"enable_lni_at_device_index":0,"enable_resource_name_dns_a_record_on_launch":false,"enable_resource_name_dns_aaaa_record_on_launch":false,"id":"subnet-0342ba7cee844b8d6","ipv6_cidr_block":"","ipv6_cidr_block_association_id":"","ipv6_native":false,"map_customer_owned_ip_on_launch":false,"map_public_ip_on_launch":false,"outpost_arn":"","owner_id":"799947215697","private_dns_hostname_type_on_launch":"ip-name","region":"eu-west-1","tags":{"AZ":"eu-west-1b","AccountName":"network-services-account","CardData":"cde","Classification":"nonpublic","Compliance":"required","Environment":"workload","ManagedBy":"OpenTofu","Name":"network-services-prod-workload-subnet-1b","Project":"network-services","Tier":"client","Type":"workload"},"tags_all":{"AZ":"eu-west-1b","AccountName":"network-services-account","CardData":"cde","Classification":"nonpublic","Compliance":"required","Environment":"workload","ManagedBy":"OpenTofu","Name":"network-services-prod-workload-subnet-1b","Project":"network-services","Tier":"client","Type":"workload"},"timeouts":null,"vpc_id":"vpc-0d8a53b992efce4bd"},"sensitive_attributes":[],"private":"eyJlMmJmYjczMC1lY2FhLTExZTYtOGY4OC0zNDM2M2JjN2M0YzAiOnsiY3JlYXRlIjo2MDAwMDAwMDAwMDAsImRlbGV0ZSI6MTIwMDAwMDAwMDAwMH0sInNjaGVtYV92ZXJzaW9uIjoiMSJ9","dependencies":["aws_vpc.client","data.aws_availability_zones.available"],"create_before_destroy":true},{"index_key":2,"schema_version":1,"attributes":{"arn":"arn:aws:ec2:eu-west-1:799947215697:subnet/subnet-0bfaf65cab9d48a3b","assign_ipv6_address_on_creation":false,"availability_zone":"eu-west-1c","availability_zone_id":"euw1-az1","cidr_block":"100.108.80.0/21","customer_owned_ipv4_pool":"","enable_dns64":false,"enable_lni_at_device_index":0,"enable_resource_name_dns_a_record_on_launch":false,"enable_resource_name_dns_aaaa_record_on_launch":false,"id":"subnet-0bfaf65cab9d48a3b","ipv6_cidr_block":"","ipv6_cidr_block_association_id":"","ipv6_native":false,"map_customer_owned_ip_on_launch":false,"map_public_ip_on_launch":false,"outpost_arn":"","owner_id":"799947215697","private_dns_hostname_type_on_launch":"ip-name","region":"eu-west-1","tags":{"AZ":"eu-west-1c","AccountName":"network-services-account","CardData":"cde","Classification":"nonpublic","Compliance":"required","Environment":"workload","ManagedBy":"OpenTofu","Name":"network-services-prod-workload-subnet-1c","Project":"network-services","Tier":"client","Type":"workload"},"tags_all":{"AZ":"eu-west-1c","AccountName":"network-services-account","CardData":"cde","Classification":"nonpublic","Compliance":"required","Environment":"workload","ManagedBy":"OpenTofu","Name":"network-services-prod-workload-subnet-1c","Project":"network-services","Tier":"client","Type":"workload"},"timeouts":null,"vpc_id":"vpc-0d8a53b992efce4bd"},"sensitive_attributes":[],"private":"eyJlMmJmYjczMC1lY2FhLTExZTYtOGY4OC0zNDM2M2JjN2M0YzAiOnsiY3JlYXRlIjo2MDAwMDAwMDAwMDAsImRlbGV0ZSI6MTIwMDAwMDAwMDAwMH0sInNjaGVtYV92ZXJzaW9uIjoiMSJ9","dependencies":["aws_vpc.client","data.aws_availability_zones.available"],"create_before_destroy":true}]},{"mode":"managed","type":"aws_vpc","name":"client","provider":"provider[\"registry.opentofu.org/hashicorp/aws\"]","instances":[{"schema_version":1,"attributes":{"arn":"arn:aws:ec2:eu-west-1:799947215697:vpc/vpc-0d8a53b992efce4bd","assign_generated_ipv6_cidr_block":false,"cidr_block":"100.108.64.0/19","default_network_acl_id":"acl-01963a11aae8b9222","default_route_table_id":"rtb-0424b24ddcbde7b56","default_security_group_id":"sg-04e597a2080c6b66c","dhcp_options_id":"dopt-0db660ede82ca0627","enable_dns_hostnames":true,"enable_dns_support":true,"enable_network_address_usage_metrics":false,"id":"vpc-0d8a53b992efce4bd","instance_tenancy":"default","ipv4_ipam_pool_id":null,"ipv4_netmask_length":null,"ipv6_association_id":"","ipv6_cidr_block":"","ipv6_cidr_block_network_border_group":"","ipv6_ipam_pool_id":"","ipv6_netmask_length":0,"main_route_table_id":"rtb-0424b24ddcbde7b56","owner_id":"799947215697","region":"eu-west-1","tags":{"AccountName":"network-services-account","CardData":"cde","Classification":"nonpublic","Environment":"prod","ManagedBy":"OpenTofu","Name":"network-services-prod-vpc","Project":"network-services","Purpose":"Client workloads and applications","Tier":"client","Type":"client-vpc"},"tags_all":{"AccountName":"network-services-account","CardData":"cde","Classification":"nonpublic","Environment":"prod","ManagedBy":"OpenTofu","Name":"network-services-prod-vpc","Project":"network-services","Purpose":"Client workloads and applications","Tier":"client","Type":"client-vpc"}},"sensitive_attributes":[],"private":"eyJzY2hlbWFfdmVyc2lvbiI6IjEifQ==","create_before_destroy":true}]}],"check_results":null}
