{"version":4,"terraform_version":"1.10.6","serial":19,"lineage":"74d75377-5e7f-792a-6d84-ce0cc0a1a8c0","outputs":{"account_id":{"value":"776564762201","type":"string"},"firewall_details":{"value":{"arn":"arn:aws:network-firewall:eu-west-1:776564762201:firewall/network-hub-dev-network-firewall","endpoints":[{"attachment":[{"endpoint_id":"vpce-06f0dfc5c3f0bf789","subnet_id":"subnet-0e4a71b82158df324"}],"availability_zone":"eu-west-1a"},{"attachment":[{"endpoint_id":"vpce-0a1ddce3a83f4e5ca","subnet_id":"subnet-0cd468a6112e7cdb1"}],"availability_zone":"eu-west-1b"},{"attachment":[{"endpoint_id":"vpce-0eddadbade7a6967e","subnet_id":"subnet-0ced88f41b5e22841"}],"availability_zone":"eu-west-1c"}],"id":"arn:aws:network-firewall:eu-west-1:776564762201:firewall/network-hub-dev-network-firewall","policy_arn":"arn:aws:network-firewall:eu-west-1:776564762201:firewall-policy/network-hub-dev-firewall-policy","policy_id":"arn:aws:network-firewall:eu-west-1:776564762201:firewall-policy/network-hub-dev-firewall-policy"},"type":["object",{"arn":"string","endpoints":["set",["object",{"attachment":["list",["object",{"endpoint_id":"string","subnet_id":"string"}]],"availability_zone":"string"}]],"id":"string","policy_arn":"string","policy_id":"string"}]},"firewall_endpoints":{"value":[{"attachment":[{"endpoint_id":"vpce-06f0dfc5c3f0bf789","subnet_id":"subnet-0e4a71b82158df324"}],"availability_zone":"eu-west-1a"},{"attachment":[{"endpoint_id":"vpce-0a1ddce3a83f4e5ca","subnet_id":"subnet-0cd468a6112e7cdb1"}],"availability_zone":"eu-west-1b"},{"attachment":[{"endpoint_id":"vpce-0eddadbade7a6967e","subnet_id":"subnet-0ced88f41b5e22841"}],"availability_zone":"eu-west-1c"}],"type":["set",["object",{"attachment":["list",["object",{"endpoint_id":"string","subnet_id":"string"}]],"availability_zone":"string"}]]},"firewall_id":{"value":"arn:aws:network-firewall:eu-west-1:776564762201:firewall/network-hub-dev-network-firewall","type":"string"},"firewall_policy_id":{"value":"arn:aws:network-firewall:eu-west-1:776564762201:firewall-policy/network-hub-dev-firewall-policy","type":"string"},"peering_attachment_ids":{"value":{"dev_to_nonprod":"tgw-attach-0bde630c848192e22","dev_to_prod":"tgw-attach-0e8ccd20b47659714","nonprod_to_prod":""},"type":["object",{"dev_to_nonprod":"string","dev_to_prod":"string","nonprod_to_prod":"string"}]},"ram_share_details":{"value":{"organization_arn":"arn:aws:organizations::703671905140:organization/o-kv10f7crlv","share_arn":"arn:aws:ram:eu-west-1:776564762201:resource-share/545da265-7c14-4aa6-8e30-e4a63ce64136","share_id":"arn:aws:ram:eu-west-1:776564762201:resource-share/545da265-7c14-4aa6-8e30-e4a63ce64136","share_name":"network-hub-dev-tgw-share"},"type":["object",{"organization_arn":"string","share_arn":"string","share_id":"string","share_name":"string"}]},"subnet_cidrs":{"value":{"egress_private":["100.96.2.0/28","100.96.2.16/28","100.96.2.32/28"],"egress_public":["100.96.2.48/28","100.96.2.64/28","100.96.2.80/28"],"firewall_endpoint":["100.96.1.0/28","100.96.1.16/28","100.96.1.32/28"],"firewall_tgw":["100.96.1.48/28","100.96.1.64/28","100.96.1.80/28"]},"type":["object",{"egress_private":["tuple",["string","string","string"]],"egress_public":["tuple",["string","string","string"]],"firewall_endpoint":["tuple",["string","string","string"]],"firewall_tgw":["tuple",["string","string","string"]]}]},"subnet_details":{"value":{"central_egress":{"firewall_endpoint":{"0":{"availability_zone":"eu-west-1a","cidr_block":"100.96.2.96/28","id":"subnet-002f23239ab301739"},"1":{"availability_zone":"eu-west-1b","cidr_block":"100.96.2.112/28","id":"subnet-0ba6e368683a0071b"},"2":{"availability_zone":"eu-west-1c","cidr_block":"100.96.2.128/28","id":"subnet-01e2aa1768ee8e3f0"}},"private":{"0":{"availability_zone":"eu-west-1a","cidr_block":"100.96.2.0/28","id":"subnet-0ba2b72603c1b8e7b"},"1":{"availability_zone":"eu-west-1b","cidr_block":"100.96.2.16/28","id":"subnet-0d9a6a8b6c1095a18"},"2":{"availability_zone":"eu-west-1c","cidr_block":"100.96.2.32/28","id":"subnet-0ae96febfd86d409d"}},"public":{"0":{"availability_zone":"eu-west-1a","cidr_block":"100.96.2.48/28","id":"subnet-0207ac87524f48df5"},"1":{"availability_zone":"eu-west-1b","cidr_block":"100.96.2.64/28","id":"subnet-0fa992c2f9d3aca53"},"2":{"availability_zone":"eu-west-1c","cidr_block":"100.96.2.80/28","id":"subnet-0fbbb3dbe1bed0e18"}}},"firewall":{"endpoint":{"0":{"availability_zone":"eu-west-1a","cidr_block":"100.96.1.0/28","id":"subnet-0e4a71b82158df324"},"1":{"availability_zone":"eu-west-1b","cidr_block":"100.96.1.16/28","id":"subnet-0cd468a6112e7cdb1"},"2":{"availability_zone":"eu-west-1c","cidr_block":"100.96.1.32/28","id":"subnet-0ced88f41b5e22841"}},"tgw":{"0":{"availability_zone":"eu-west-1a","cidr_block":"100.96.1.48/28","id":"subnet-026a00e0cd6caf2c4"},"1":{"availability_zone":"eu-west-1b","cidr_block":"100.96.1.64/28","id":"subnet-0ea39ade00628c07b"},"2":{"availability_zone":"eu-west-1c","cidr_block":"100.96.1.80/28","id":"subnet-049c49e561fb119a1"}}}},"type":["object",{"central_egress":["object",{"firewall_endpoint":["object",{"0":["object",{"availability_zone":"string","cidr_block":"string","id":"string"}],"1":["object",{"availability_zone":"string","cidr_block":"string","id":"string"}],"2":["object",{"availability_zone":"string","cidr_block":"string","id":"string"}]}],"private":["object",{"0":["object",{"availability_zone":"string","cidr_block":"string","id":"string"}],"1":["object",{"availability_zone":"string","cidr_block":"string","id":"string"}],"2":["object",{"availability_zone":"string","cidr_block":"string","id":"string"}]}],"public":["object",{"0":["object",{"availability_zone":"string","cidr_block":"string","id":"string"}],"1":["object",{"availability_zone":"string","cidr_block":"string","id":"string"}],"2":["object",{"availability_zone":"string","cidr_block":"string","id":"string"}]}]}],"firewall":["object",{"endpoint":["object",{"0":["object",{"availability_zone":"string","cidr_block":"string","id":"string"}],"1":["object",{"availability_zone":"string","cidr_block":"string","id":"string"}],"2":["object",{"availability_zone":"string","cidr_block":"string","id":"string"}]}],"tgw":["object",{"0":["object",{"availability_zone":"string","cidr_block":"string","id":"string"}],"1":["object",{"availability_zone":"string","cidr_block":"string","id":"string"}],"2":["object",{"availability_zone":"string","cidr_block":"string","id":"string"}]}]}]}]},"subnet_ids":{"value":{"egress_private":["subnet-0ba2b72603c1b8e7b","subnet-0d9a6a8b6c1095a18","subnet-0ae96febfd86d409d"],"egress_public":["subnet-0207ac87524f48df5","subnet-0fa992c2f9d3aca53","subnet-0fbbb3dbe1bed0e18"],"firewall_endpoint":["subnet-0e4a71b82158df324","subnet-0cd468a6112e7cdb1","subnet-0ced88f41b5e22841"],"firewall_tgw":["subnet-026a00e0cd6caf2c4","subnet-0ea39ade00628c07b","subnet-049c49e561fb119a1"]},"type":["object",{"egress_private":["tuple",["string","string","string"]],"egress_public":["tuple",["string","string","string"]],"firewall_endpoint":["tuple",["string","string","string"]],"firewall_tgw":["tuple",["string","string","string"]]}]},"tgw_route_table_ids":{"value":{"main":"tgw-rtb-0c77bd74b43aa4a42"},"type":["object",{"main":"string"}]},"tgw_vpc_attachments":{"value":{"central_egress":"tgw-attach-012d31d815dbe895a"},"type":["object",{"central_egress":"string"}]},"transit_gateway_details":{"value":{"arn":"arn:aws:ec2:eu-west-1:776564762201:transit-gateway/tgw-0284b236e26e8934e","attachments":{"central_egress":"tgw-attach-012d31d815dbe895a"},"id":"tgw-0284b236e26e8934e","main_route_table_id":"tgw-rtb-0c77bd74b43aa4a42","owner_id":"776564762201"},"type":["object",{"arn":"string","attachments":["object",{"central_egress":"string"}],"id":"string","main_route_table_id":"string","owner_id":"string"}]},"transit_gateway_id":{"value":"tgw-0284b236e26e8934e","type":"string"},"vpc_cidrs":{"value":{"central_egress":"100.96.2.0/24","firewall":"100.96.1.0/24"},"type":["object",{"central_egress":"string","firewall":"string"}]},"vpc_details":{"value":{"central_egress":{"cidr_block":"100.96.2.0/24","default_route_table_id":"rtb-0fd54760276adbef2","id":"vpc-0c9d5139053883a6e","name":"network-hub-dev-egress-vpc"},"firewall":{"cidr_block":"100.96.1.0/24","default_route_table_id":"rtb-0095b08ece03b72e9","id":"vpc-0c29daa332d3c4fb9","name":"network-hub-dev-firewall-vpc"}},"type":["object",{"central_egress":["object",{"cidr_block":"string","default_route_table_id":"string","id":"string","name":"string"}],"firewall":["object",{"cidr_block":"string","default_route_table_id":"string","id":"string","name":"string"}]}]},"vpc_ids":{"value":{"central_egress":"vpc-0c9d5139053883a6e","firewall":"vpc-0c29daa332d3c4fb9"},"type":["object",{"central_egress":"string","firewall":"string"}]}},"resources":[{"mode":"data","type":"aws_caller_identity","name":"current","provider":"provider[\"registry.opentofu.org/hashicorp/aws\"]","instances":[{"schema_version":0,"attributes":{"account_id":"776564762201","arn":"arn:aws:sts::776564762201:assumed-role/AWSReservedSSO_AWSAdministratorAccess_7e2c61e2b78b0242/David.Oxley@williamhill.com","id":"776564762201","user_id":"AROA3JTW54ZM675NQVHTK:David.Oxley@williamhill.com"},"sensitive_attributes":[]}]},{"module":"module.network_hub","mode":"data","type":"aws_availability_zones","name":"available","provider":"provider[\"registry.opentofu.org/hashicorp/aws\"]","instances":[{"schema_version":0,"attributes":{"all_availability_zones":null,"exclude_names":null,"exclude_zone_ids":null,"filter":null,"group_names":["eu-west-1-zg-1"],"id":"eu-west-1","names":["eu-west-1a","eu-west-1b","eu-west-1c"],"region":"eu-west-1","state":"available","timeouts":null,"zone_ids":["euw1-az2","euw1-az3","euw1-az1"]},"sensitive_attributes":[]}]},{"module":"module.network_hub","mode":"data","type":"aws_caller_identity","name":"current","provider":"provider[\"registry.opentofu.org/hashicorp/aws\"]","instances":[{"schema_version":0,"attributes":{"account_id":"776564762201","arn":"arn:aws:sts::776564762201:assumed-role/AWSReservedSSO_AWSAdministratorAccess_7e2c61e2b78b0242/David.Oxley@williamhill.com","id":"776564762201","user_id":"AROA3JTW54ZM675NQVHTK:David.Oxley@williamhill.com"},"sensitive_attributes":[]}]},{"module":"module.network_hub","mode":"data","type":"aws_ec2_transit_gateway","name":"nonprod","provider":"provider[\"registry.opentofu.org/hashicorp/aws\"]","instances":[{"index_key":0,"schema_version":0,"attributes":{"amazon_side_asn":64512,"arn":"arn:aws:ec2:eu-west-1:559413642457:transit-gateway/tgw-0d7306650a77fc440","association_default_route_table_id":"","auto_accept_shared_attachments":"disable","default_route_table_association":"disable","default_route_table_propagation":"disable","description":"Main Transit Gateway for network-hub-nonprod","dns_support":"enable","filter":[{"name":"owner-id","values":["559413642457"]},{"name":"state","values":["available"]}],"id":"tgw-0d7306650a77fc440","multicast_support":"disable","owner_id":"559413642457","propagation_default_route_table_id":"","region":"eu-west-1","security_group_referencing_support":"disable","tags":{},"timeouts":null,"transit_gateway_cidr_blocks":[],"vpn_ecmp_support":"enable"},"sensitive_attributes":[]}]},{"module":"module.network_hub","mode":"data","type":"aws_ec2_transit_gateway","name":"prod","provider":"provider[\"registry.opentofu.org/hashicorp/aws\"]","instances":[{"index_key":0,"schema_version":0,"attributes":{"amazon_side_asn":64512,"arn":"arn:aws:ec2:eu-west-1:131778591898:transit-gateway/tgw-064572ba47d22fb2a","association_default_route_table_id":"","auto_accept_shared_attachments":"disable","default_route_table_association":"disable","default_route_table_propagation":"disable","description":"Main Transit Gateway for network-hub-prod","dns_support":"enable","filter":[{"name":"owner-id","values":["131778591898"]},{"name":"state","values":["available"]}],"id":"tgw-064572ba47d22fb2a","multicast_support":"disable","owner_id":"131778591898","propagation_default_route_table_id":"","region":"eu-west-1","security_group_referencing_support":"disable","tags":{"Environment":"prod","Name":"network-hub-prod-tgw","OwnerAccount":"prod","OwnerAccountId":"131778591898","SharedResource":"true"},"timeouts":null,"transit_gateway_cidr_blocks":[],"vpn_ecmp_support":"enable"},"sensitive_attributes":[]}]},{"module":"module.network_hub","mode":"data","type":"aws_organizations_organization","name":"current","provider":"provider[\"registry.opentofu.org/hashicorp/aws\"]","instances":[{"schema_version":0,"attributes":{"accounts":null,"arn":"arn:aws:organizations::703671905140:organization/o-kv10f7crlv","aws_service_access_principals":[],"enabled_policy_types":[],"feature_set":"ALL","id":"o-kv10f7crlv","master_account_arn":"arn:aws:organizations::703671905140:account/o-kv10f7crlv/703671905140","master_account_email":"awsorg-evoketest@terasky.com","master_account_id":"703671905140","master_account_name":"","non_master_accounts":null,"roots":null},"sensitive_attributes":[]}]},{"module":"module.network_hub","mode":"data","type":"aws_vpc_endpoint","name":"firewall","provider":"provider[\"registry.opentofu.org/hashicorp/aws\"]","instances":[{"index_key":"0","schema_version":0,"attributes":{"arn":"arn:aws:ec2:eu-west-1:776564762201:vpc-endpoint/vpce-01c883212ac94ac7a","cidr_blocks":[],"dns_entry":[],"dns_options":[],"filter":null,"id":"vpce-01c883212ac94ac7a","ip_address_type":"ipv4","network_interface_ids":["eni-0d14482f1b9c5c98f"],"owner_id":"776564762201","policy":"","prefix_list_id":null,"private_dns_enabled":false,"region":"eu-west-1","requester_managed":true,"route_table_ids":[],"security_group_ids":[],"service_name":"com.amazonaws.vpce.eu-west-1.vpce-svc-05902c05b6df2ec2b","state":"available","subnet_ids":["subnet-002f23239ab301739"],"tags":{"AWSNetworkFirewallManaged":"true","Firewall":"arn:aws:network-firewall:eu-west-1:776564762201:firewall/network-hub-dev-network-firewall","Name":"network-hub-dev-network-firewall (eu-west-1a)","VPCEndpointAssociation":"arn:aws:network-firewall:eu-west-1:776564762201:vpc-endpoint-association/be0dbaf8-e8a0-3367-ac71-7927642eb8ab"},"timeouts":null,"vpc_endpoint_type":"GatewayLoadBalancer","vpc_id":"vpc-0c9d5139053883a6e"},"sensitive_attributes":[]},{"index_key":"1","schema_version":0,"attributes":{"arn":"arn:aws:ec2:eu-west-1:776564762201:vpc-endpoint/vpce-027bc7c5ec2aef6a3","cidr_blocks":[],"dns_entry":[],"dns_options":[],"filter":null,"id":"vpce-027bc7c5ec2aef6a3","ip_address_type":"ipv4","network_interface_ids":["eni-0d1469fbe2963ad5f"],"owner_id":"776564762201","policy":"","prefix_list_id":null,"private_dns_enabled":false,"region":"eu-west-1","requester_managed":true,"route_table_ids":[],"security_group_ids":[],"service_name":"com.amazonaws.vpce.eu-west-1.vpce-svc-06f0b6da030d8fc44","state":"available","subnet_ids":["subnet-0ba6e368683a0071b"],"tags":{"AWSNetworkFirewallManaged":"true","Firewall":"arn:aws:network-firewall:eu-west-1:776564762201:firewall/network-hub-dev-network-firewall","Name":"network-hub-dev-network-firewall (eu-west-1b)","VPCEndpointAssociation":"arn:aws:network-firewall:eu-west-1:776564762201:vpc-endpoint-association/257d4637-5389-3baa-ba86-0f0f617cd35c"},"timeouts":null,"vpc_endpoint_type":"GatewayLoadBalancer","vpc_id":"vpc-0c9d5139053883a6e"},"sensitive_attributes":[]},{"index_key":"2","schema_version":0,"attributes":{"arn":"arn:aws:ec2:eu-west-1:776564762201:vpc-endpoint/vpce-0f23fe63e1171d97e","cidr_blocks":[],"dns_entry":[],"dns_options":[],"filter":null,"id":"vpce-0f23fe63e1171d97e","ip_address_type":"ipv4","network_interface_ids":["eni-0c9e6b90ba534ca37"],"owner_id":"776564762201","policy":"","prefix_list_id":null,"private_dns_enabled":false,"region":"eu-west-1","requester_managed":true,"route_table_ids":[],"security_group_ids":[],"service_name":"com.amazonaws.vpce.eu-west-1.vpce-svc-0178b36ed597eeb7d","state":"available","subnet_ids":["subnet-01e2aa1768ee8e3f0"],"tags":{"AWSNetworkFirewallManaged":"true","Firewall":"arn:aws:network-firewall:eu-west-1:776564762201:firewall/network-hub-dev-network-firewall","Name":"network-hub-dev-network-firewall (eu-west-1c)","VPCEndpointAssociation":"arn:aws:network-firewall:eu-west-1:776564762201:vpc-endpoint-association/e29c755a-97f1-38de-add6-23f9d179e19e"},"timeouts":null,"vpc_endpoint_type":"GatewayLoadBalancer","vpc_id":"vpc-0c9d5139053883a6e"},"sensitive_attributes":[]}]},{"module":"module.network_hub","mode":"managed","type":"aws_default_route_table","name":"central_egress_main","provider":"provider[\"registry.opentofu.org/hashicorp/aws\"]","instances":[{"schema_version":0,"attributes":{"arn":"arn:aws:ec2:eu-west-1:776564762201:route-table/rtb-0fd54760276adbef2","default_route_table_id":"rtb-0fd54760276adbef2","id":"rtb-0fd54760276adbef2","owner_id":"776564762201","propagating_vgws":[],"region":"eu-west-1","route":[{"cidr_block":"0.0.0.0/0","core_network_arn":"","destination_prefix_list_id":"","egress_only_gateway_id":"","gateway_id":"igw-06bee254026c663ce","instance_id":"","ipv6_cidr_block":"","nat_gateway_id":"","network_interface_id":"","transit_gateway_id":"","vpc_endpoint_id":"","vpc_peering_connection_id":""},{"cidr_block":"100.96.0.0/14","core_network_arn":"","destination_prefix_list_id":"","egress_only_gateway_id":"","gateway_id":"","instance_id":"","ipv6_cidr_block":"","nat_gateway_id":"","network_interface_id":"","transit_gateway_id":"tgw-0284b236e26e8934e","vpc_endpoint_id":"","vpc_peering_connection_id":""}],"tags":{"CardData":"no","Classification":"nonpublic","Environment":"dev","GitURL":"https://gitlab.com/williamhillplc/technical-services/networks/channels-team.git","ManagedBy":"OpenTofu","Migrated":"no","Name":"network-hub-dev-egress-vpc-main-rt","Product":"network-hub","Project":"network-hub","Tier":"internal","Type":"main-route-table","VPC":"central-egress"},"tags_all":{"CardData":"no","Classification":"nonpublic","Environment":"dev","GitURL":"https://gitlab.com/williamhillplc/technical-services/networks/channels-team.git","ManagedBy":"OpenTofu","Migrated":"no","Name":"network-hub-dev-egress-vpc-main-rt","Product":"network-hub","Project":"network-hub","Tier":"internal","Type":"main-route-table","VPC":"central-egress"},"timeouts":null,"vpc_id":"vpc-0c9d5139053883a6e"},"sensitive_attributes":[],"private":"eyJlMmJmYjczMC1lY2FhLTExZTYtOGY4OC0zNDM2M2JjN2M0YzAiOnsiY3JlYXRlIjoxMjAwMDAwMDAwMDAsInVwZGF0ZSI6MTIwMDAwMDAwMDAwfX0=","dependencies":["module.network_hub.aws_vpc.central_egress"]}]},{"module":"module.network_hub","mode":"managed","type":"aws_default_route_table","name":"firewall_main","provider":"provider[\"registry.opentofu.org/hashicorp/aws\"]","instances":[{"schema_version":0,"attributes":{"arn":"arn:aws:ec2:eu-west-1:776564762201:route-table/rtb-0095b08ece03b72e9","default_route_table_id":"rtb-0095b08ece03b72e9","id":"rtb-0095b08ece03b72e9","owner_id":"776564762201","propagating_vgws":[],"region":"eu-west-1","route":[],"tags":{"CardData":"no","Classification":"nonpublic","Environment":"dev","GitURL":"https://gitlab.com/williamhillplc/technical-services/networks/channels-team.git","ManagedBy":"OpenTofu","Migrated":"no","Name":"network-hub-dev-firewall-vpc-main-rt","Product":"network-hub","Project":"network-hub","Tier":"internal","Type":"main-route-table","VPC":"firewall"},"tags_all":{"CardData":"no","Classification":"nonpublic","Environment":"dev","GitURL":"https://gitlab.com/williamhillplc/technical-services/networks/channels-team.git","ManagedBy":"OpenTofu","Migrated":"no","Name":"network-hub-dev-firewall-vpc-main-rt","Product":"network-hub","Project":"network-hub","Tier":"internal","Type":"main-route-table","VPC":"firewall"},"timeouts":null,"vpc_id":"vpc-0c29daa332d3c4fb9"},"sensitive_attributes":[],"private":"eyJlMmJmYjczMC1lY2FhLTExZTYtOGY4OC0zNDM2M2JjN2M0YzAiOnsiY3JlYXRlIjoxMjAwMDAwMDAwMDAsInVwZGF0ZSI6MTIwMDAwMDAwMDAwfX0=","dependencies":["module.network_hub.aws_vpc.firewall"]}]},{"module":"module.network_hub","mode":"managed","type":"aws_ec2_tag","name":"shared_tgw_environment","provider":"provider[\"registry.opentofu.org/hashicorp/aws\"]","instances":[{"index_key":"prod","schema_version":0,"attributes":{"id":"tgw-064572ba47d22fb2a,Environment","key":"Environment","region":"eu-west-1","resource_id":"tgw-064572ba47d22fb2a","value":"prod"},"sensitive_attributes":[],"private":"bnVsbA==","dependencies":["module.network_hub.aws_ec2_transit_gateway.main","module.network_hub.data.aws_ec2_transit_gateway.dev","module.network_hub.data.aws_ec2_transit_gateway.nonprod","module.network_hub.data.aws_ec2_transit_gateway.prod"]}]},{"module":"module.network_hub","mode":"managed","type":"aws_ec2_tag","name":"shared_tgw_name","provider":"provider[\"registry.opentofu.org/hashicorp/aws\"]","instances":[{"index_key":"prod","schema_version":0,"attributes":{"id":"tgw-064572ba47d22fb2a,Name","key":"Name","region":"eu-west-1","resource_id":"tgw-064572ba47d22fb2a","value":"network-hub-prod-tgw"},"sensitive_attributes":[],"private":"bnVsbA==","dependencies":["module.network_hub.aws_ec2_transit_gateway.main","module.network_hub.data.aws_ec2_transit_gateway.dev","module.network_hub.data.aws_ec2_transit_gateway.nonprod","module.network_hub.data.aws_ec2_transit_gateway.prod"]}]},{"module":"module.network_hub","mode":"managed","type":"aws_ec2_tag","name":"shared_tgw_owner","provider":"provider[\"registry.opentofu.org/hashicorp/aws\"]","instances":[{"index_key":"prod","schema_version":0,"attributes":{"id":"tgw-064572ba47d22fb2a,OwnerAccount","key":"OwnerAccount","region":"eu-west-1","resource_id":"tgw-064572ba47d22fb2a","value":"prod"},"sensitive_attributes":[],"private":"bnVsbA==","dependencies":["module.network_hub.aws_ec2_transit_gateway.main","module.network_hub.data.aws_ec2_transit_gateway.dev","module.network_hub.data.aws_ec2_transit_gateway.nonprod","module.network_hub.data.aws_ec2_transit_gateway.prod"]}]},{"module":"module.network_hub","mode":"managed","type":"aws_ec2_tag","name":"shared_tgw_owner_id","provider":"provider[\"registry.opentofu.org/hashicorp/aws\"]","instances":[{"index_key":"prod","schema_version":0,"attributes":{"id":"tgw-064572ba47d22fb2a,OwnerAccountId","key":"OwnerAccountId","region":"eu-west-1","resource_id":"tgw-064572ba47d22fb2a","value":"131778591898"},"sensitive_attributes":[],"private":"bnVsbA==","dependencies":["module.network_hub.aws_ec2_transit_gateway.main","module.network_hub.data.aws_ec2_transit_gateway.dev","module.network_hub.data.aws_ec2_transit_gateway.nonprod","module.network_hub.data.aws_ec2_transit_gateway.prod"]}]},{"module":"module.network_hub","mode":"managed","type":"aws_ec2_tag","name":"shared_tgw_shared","provider":"provider[\"registry.opentofu.org/hashicorp/aws\"]","instances":[{"index_key":"prod","schema_version":0,"attributes":{"id":"tgw-064572ba47d22fb2a,SharedResource","key":"SharedResource","region":"eu-west-1","resource_id":"tgw-064572ba47d22fb2a","value":"true"},"sensitive_attributes":[],"private":"bnVsbA==","dependencies":["module.network_hub.aws_ec2_transit_gateway.main","module.network_hub.data.aws_ec2_transit_gateway.dev","module.network_hub.data.aws_ec2_transit_gateway.nonprod","module.network_hub.data.aws_ec2_transit_gateway.prod"]}]},{"module":"module.network_hub","mode":"managed","type":"aws_ec2_transit_gateway","name":"main","provider":"provider[\"registry.opentofu.org/hashicorp/aws\"]","instances":[{"schema_version":0,"attributes":{"amazon_side_asn":64512,"arn":"arn:aws:ec2:eu-west-1:776564762201:transit-gateway/tgw-0284b236e26e8934e","association_default_route_table_id":"","auto_accept_shared_attachments":"disable","default_route_table_association":"disable","default_route_table_propagation":"disable","description":"Main Transit Gateway for network-hub-dev","dns_support":"enable","id":"tgw-0284b236e26e8934e","multicast_support":"disable","owner_id":"776564762201","propagation_default_route_table_id":"","region":"eu-west-1","security_group_referencing_support":"disable","tags":{"CardData":"no","Classification":"nonpublic","Environment":"dev","GitURL":"https://gitlab.com/williamhillplc/technical-services/networks/channels-team.git","ManagedBy":"OpenTofu","Migrated":"no","Name":"network-hub-dev-tgw","Product":"network-hub","Project":"network-hub","Tier":"internal","Type":"transit-gateway"},"tags_all":{"CardData":"no","Classification":"nonpublic","Environment":"dev","GitURL":"https://gitlab.com/williamhillplc/technical-services/networks/channels-team.git","ManagedBy":"OpenTofu","Migrated":"no","Name":"network-hub-dev-tgw","Product":"network-hub","Project":"network-hub","Tier":"internal","Type":"transit-gateway"},"timeouts":null,"transit_gateway_cidr_blocks":[],"vpn_ecmp_support":"enable"},"sensitive_attributes":[],"private":"eyJlMmJmYjczMC1lY2FhLTExZTYtOGY4OC0zNDM2M2JjN2M0YzAiOnsiY3JlYXRlIjo2MDAwMDAwMDAwMDAsImRlbGV0ZSI6NjAwMDAwMDAwMDAwLCJ1cGRhdGUiOjYwMDAwMDAwMDAwMH19"}]},{"module":"module.network_hub","mode":"managed","type":"aws_ec2_transit_gateway_peering_attachment","name":"dev_to_nonprod","provider":"provider[\"registry.opentofu.org/hashicorp/aws\"]","instances":[{"index_key":0,"schema_version":0,"attributes":{"arn":"arn:aws:ec2:eu-west-1:776564762201:transit-gateway-attachment/tgw-attach-0bde630c848192e22","id":"tgw-attach-0bde630c848192e22","options":[],"peer_account_id":"559413642457","peer_region":"eu-west-1","peer_transit_gateway_id":"tgw-0d7306650a77fc440","region":"eu-west-1","state":"available","tags":{"CardData":"no","Classification":"nonpublic","Direction":"outbound","Environment":"dev","GitURL":"https://gitlab.com/williamhillplc/technical-services/networks/channels-team.git","ManagedBy":"OpenTofu","Migrated":"no","Name":"tgw-peering-dev-to-nonprod","Product":"network-hub","Project":"network-hub","Side":"Initiator","SourceAccountId":"776564762201","SourceEnvironment":"dev","TargetAccountId":"559413642457","TargetEnvironment":"nonprod","Tier":"internal","Type":"tgw-peering"},"tags_all":{"CardData":"no","Classification":"nonpublic","Direction":"outbound","Environment":"dev","GitURL":"https://gitlab.com/williamhillplc/technical-services/networks/channels-team.git","ManagedBy":"OpenTofu","Migrated":"no","Name":"tgw-peering-dev-to-nonprod","Product":"network-hub","Project":"network-hub","Side":"Initiator","SourceAccountId":"776564762201","SourceEnvironment":"dev","TargetAccountId":"559413642457","TargetEnvironment":"nonprod","Tier":"internal","Type":"tgw-peering"},"transit_gateway_id":"tgw-0284b236e26e8934e"},"sensitive_attributes":[],"private":"bnVsbA==","dependencies":["module.network_hub.aws_ec2_transit_gateway.main","module.network_hub.data.aws_ec2_transit_gateway.dev","module.network_hub.data.aws_ec2_transit_gateway.nonprod","module.network_hub.data.aws_ec2_transit_gateway.prod"]}]},{"module":"module.network_hub","mode":"managed","type":"aws_ec2_transit_gateway_peering_attachment","name":"dev_to_prod","provider":"provider[\"registry.opentofu.org/hashicorp/aws\"]","instances":[{"index_key":0,"schema_version":0,"attributes":{"arn":"arn:aws:ec2:eu-west-1:776564762201:transit-gateway-attachment/tgw-attach-0e8ccd20b47659714","id":"tgw-attach-0e8ccd20b47659714","options":[],"peer_account_id":"131778591898","peer_region":"eu-west-1","peer_transit_gateway_id":"tgw-064572ba47d22fb2a","region":"eu-west-1","state":"available","tags":{"CardData":"no","Classification":"nonpublic","Direction":"outbound","Environment":"dev","GitURL":"https://gitlab.com/williamhillplc/technical-services/networks/channels-team.git","ManagedBy":"OpenTofu","Migrated":"no","Name":"tgw-peering-dev-to-prod","Product":"network-hub","Project":"network-hub","Side":"Initiator","SourceAccountId":"776564762201","SourceEnvironment":"dev","TargetAccountId":"131778591898","TargetEnvironment":"prod","Tier":"internal","Type":"tgw-peering"},"tags_all":{"CardData":"no","Classification":"nonpublic","Direction":"outbound","Environment":"dev","GitURL":"https://gitlab.com/williamhillplc/technical-services/networks/channels-team.git","ManagedBy":"OpenTofu","Migrated":"no","Name":"tgw-peering-dev-to-prod","Product":"network-hub","Project":"network-hub","Side":"Initiator","SourceAccountId":"776564762201","SourceEnvironment":"dev","TargetAccountId":"131778591898","TargetEnvironment":"prod","Tier":"internal","Type":"tgw-peering"},"transit_gateway_id":"tgw-0284b236e26e8934e"},"sensitive_attributes":[],"private":"bnVsbA==","dependencies":["module.network_hub.aws_ec2_transit_gateway.main","module.network_hub.data.aws_ec2_transit_gateway.dev","module.network_hub.data.aws_ec2_transit_gateway.nonprod","module.network_hub.data.aws_ec2_transit_gateway.prod"]}]},{"module":"module.network_hub","mode":"managed","type":"aws_ec2_transit_gateway_route","name":"blackhole_evoke_supernet","provider":"provider[\"registry.opentofu.org/hashicorp/aws\"]","instances":[{"schema_version":0,"attributes":{"blackhole":true,"destination_cidr_block":"100.96.0.0/11","id":"tgw-rtb-0c77bd74b43aa4a42_100.96.0.0/11","region":"eu-west-1","transit_gateway_attachment_id":"","transit_gateway_route_table_id":"tgw-rtb-0c77bd74b43aa4a42"},"sensitive_attributes":[],"private":"bnVsbA==","dependencies":["module.network_hub.aws_ec2_transit_gateway.main","module.network_hub.aws_ec2_transit_gateway_route_table.main"]}]},{"module":"module.network_hub","mode":"managed","type":"aws_ec2_transit_gateway_route","name":"dev_to_nonprod","provider":"provider[\"registry.opentofu.org/hashicorp/aws\"]","instances":[{"index_key":0,"schema_version":0,"attributes":{"blackhole":false,"destination_cidr_block":"100.104.0.0/14","id":"tgw-rtb-0c77bd74b43aa4a42_100.104.0.0/14","region":"eu-west-1","transit_gateway_attachment_id":"tgw-attach-0bde630c848192e22","transit_gateway_route_table_id":"tgw-rtb-0c77bd74b43aa4a42"},"sensitive_attributes":[],"private":"bnVsbA==","dependencies":["module.network_hub.aws_ec2_transit_gateway.main","module.network_hub.aws_ec2_transit_gateway_peering_attachment.dev_to_nonprod","module.network_hub.aws_ec2_transit_gateway_route_table.main","module.network_hub.data.aws_ec2_transit_gateway.dev","module.network_hub.data.aws_ec2_transit_gateway.nonprod","module.network_hub.data.aws_ec2_transit_gateway.prod"]}]},{"module":"module.network_hub","mode":"managed","type":"aws_ec2_transit_gateway_route","name":"dev_to_prod","provider":"provider[\"registry.opentofu.org/hashicorp/aws\"]","instances":[{"index_key":0,"schema_version":0,"attributes":{"blackhole":false,"destination_cidr_block":"100.108.0.0/14","id":"tgw-rtb-0c77bd74b43aa4a42_100.108.0.0/14","region":"eu-west-1","transit_gateway_attachment_id":"tgw-attach-0e8ccd20b47659714","transit_gateway_route_table_id":"tgw-rtb-0c77bd74b43aa4a42"},"sensitive_attributes":[],"private":"bnVsbA==","dependencies":["module.network_hub.aws_ec2_transit_gateway.main","module.network_hub.aws_ec2_transit_gateway_peering_attachment.dev_to_prod","module.network_hub.aws_ec2_transit_gateway_route_table.main","module.network_hub.data.aws_ec2_transit_gateway.dev","module.network_hub.data.aws_ec2_transit_gateway.nonprod","module.network_hub.data.aws_ec2_transit_gateway.prod"]}]},{"module":"module.network_hub","mode":"managed","type":"aws_ec2_transit_gateway_route","name":"main_default_to_egress","provider":"provider[\"registry.opentofu.org/hashicorp/aws\"]","instances":[{"schema_version":0,"attributes":{"blackhole":false,"destination_cidr_block":"0.0.0.0/0","id":"tgw-rtb-0c77bd74b43aa4a42_0.0.0.0/0","region":"eu-west-1","transit_gateway_attachment_id":"tgw-attach-012d31d815dbe895a","transit_gateway_route_table_id":"tgw-rtb-0c77bd74b43aa4a42"},"sensitive_attributes":[],"private":"bnVsbA==","dependencies":["module.network_hub.aws_ec2_transit_gateway.main","module.network_hub.aws_ec2_transit_gateway_route_table.main","module.network_hub.aws_ec2_transit_gateway_vpc_attachment.central_egress_vpc","module.network_hub.aws_subnet.egress_private","module.network_hub.aws_subnet.firewall_tgw","module.network_hub.aws_vpc.central_egress","module.network_hub.aws_vpc.firewall","module.network_hub.data.aws_availability_zones.available"]}]},{"module":"module.network_hub","mode":"managed","type":"aws_ec2_transit_gateway_route_table","name":"main","provider":"provider[\"registry.opentofu.org/hashicorp/aws\"]","instances":[{"schema_version":0,"attributes":{"arn":"arn:aws:ec2:eu-west-1:776564762201:transit-gateway-route-table/tgw-rtb-0c77bd74b43aa4a42","default_association_route_table":false,"default_propagation_route_table":false,"id":"tgw-rtb-0c77bd74b43aa4a42","region":"eu-west-1","tags":{"CardData":"no","Classification":"nonpublic","Environment":"dev","GitURL":"https://gitlab.com/williamhillplc/technical-services/networks/channels-team.git","ManagedBy":"OpenTofu","Migrated":"no","Name":"network-hub-dev-tgw-rt-main","Product":"network-hub","Project":"network-hub","Purpose":"main-routing","Tier":"internal","Type":"tgw-route-table"},"tags_all":{"CardData":"no","Classification":"nonpublic","Environment":"dev","GitURL":"https://gitlab.com/williamhillplc/technical-services/networks/channels-team.git","ManagedBy":"OpenTofu","Migrated":"no","Name":"network-hub-dev-tgw-rt-main","Product":"network-hub","Project":"network-hub","Purpose":"main-routing","Tier":"internal","Type":"tgw-route-table"},"transit_gateway_id":"tgw-0284b236e26e8934e"},"sensitive_attributes":[],"private":"bnVsbA==","dependencies":["module.network_hub.aws_ec2_transit_gateway.main"]}]},{"module":"module.network_hub","mode":"managed","type":"aws_ec2_transit_gateway_route_table_association","name":"dev_to_nonprod","provider":"provider[\"registry.opentofu.org/hashicorp/aws\"]","instances":[{"index_key":0,"schema_version":0,"attributes":{"id":"tgw-rtb-0c77bd74b43aa4a42_tgw-attach-0bde630c848192e22","region":"eu-west-1","replace_existing_association":false,"resource_id":"tgw-0284b236e26e8934e","resource_type":"peering","transit_gateway_attachment_id":"tgw-attach-0bde630c848192e22","transit_gateway_route_table_id":"tgw-rtb-0c77bd74b43aa4a42"},"sensitive_attributes":[],"private":"bnVsbA==","dependencies":["module.network_hub.aws_ec2_transit_gateway.main","module.network_hub.aws_ec2_transit_gateway_peering_attachment.dev_to_nonprod","module.network_hub.aws_ec2_transit_gateway_route_table.main","module.network_hub.data.aws_ec2_transit_gateway.dev","module.network_hub.data.aws_ec2_transit_gateway.nonprod","module.network_hub.data.aws_ec2_transit_gateway.prod"]}]},{"module":"module.network_hub","mode":"managed","type":"aws_ec2_transit_gateway_route_table_association","name":"dev_to_prod","provider":"provider[\"registry.opentofu.org/hashicorp/aws\"]","instances":[{"index_key":0,"schema_version":0,"attributes":{"id":"tgw-rtb-0c77bd74b43aa4a42_tgw-attach-0e8ccd20b47659714","region":"eu-west-1","replace_existing_association":false,"resource_id":"tgw-0284b236e26e8934e","resource_type":"peering","transit_gateway_attachment_id":"tgw-attach-0e8ccd20b47659714","transit_gateway_route_table_id":"tgw-rtb-0c77bd74b43aa4a42"},"sensitive_attributes":[],"private":"bnVsbA==","dependencies":["module.network_hub.aws_ec2_transit_gateway.main","module.network_hub.aws_ec2_transit_gateway_peering_attachment.dev_to_prod","module.network_hub.aws_ec2_transit_gateway_route_table.main","module.network_hub.data.aws_ec2_transit_gateway.dev","module.network_hub.data.aws_ec2_transit_gateway.nonprod","module.network_hub.data.aws_ec2_transit_gateway.prod"]}]},{"module":"module.network_hub","mode":"managed","type":"aws_ec2_transit_gateway_route_table_association","name":"main_egress_vpc","provider":"provider[\"registry.opentofu.org/hashicorp/aws\"]","instances":[{"schema_version":0,"attributes":{"id":"tgw-rtb-0c77bd74b43aa4a42_tgw-attach-012d31d815dbe895a","region":"eu-west-1","replace_existing_association":false,"resource_id":"vpc-0c9d5139053883a6e","resource_type":"vpc","transit_gateway_attachment_id":"tgw-attach-012d31d815dbe895a","transit_gateway_route_table_id":"tgw-rtb-0c77bd74b43aa4a42"},"sensitive_attributes":[],"private":"bnVsbA==","dependencies":["module.network_hub.aws_ec2_transit_gateway.main","module.network_hub.aws_ec2_transit_gateway_route_table.main","module.network_hub.aws_ec2_transit_gateway_vpc_attachment.central_egress_vpc","module.network_hub.aws_subnet.egress_private","module.network_hub.aws_subnet.firewall_tgw","module.network_hub.aws_vpc.central_egress","module.network_hub.aws_vpc.firewall","module.network_hub.data.aws_availability_zones.available"]}]},{"module":"module.network_hub","mode":"managed","type":"aws_ec2_transit_gateway_vpc_attachment","name":"central_egress_vpc","provider":"provider[\"registry.opentofu.org/hashicorp/aws\"]","instances":[{"schema_version":0,"attributes":{"appliance_mode_support":"enable","arn":"arn:aws:ec2:eu-west-1:776564762201:transit-gateway-attachment/tgw-attach-012d31d815dbe895a","dns_support":"enable","id":"tgw-attach-012d31d815dbe895a","ipv6_support":"disable","region":"eu-west-1","security_group_referencing_support":"enable","subnet_ids":["subnet-0ae96febfd86d409d","subnet-0ba2b72603c1b8e7b","subnet-0d9a6a8b6c1095a18"],"tags":{"CardData":"no","Classification":"nonpublic","Environment":"dev","GitURL":"https://gitlab.com/williamhillplc/technical-services/networks/channels-team.git","ManagedBy":"OpenTofu","Migrated":"no","Name":"network-hub-dev-tgw-attachment-egress-vpc","Product":"network-hub","Project":"network-hub","Tier":"internal","Type":"tgw-attachment","VPC":"central-egress"},"tags_all":{"CardData":"no","Classification":"nonpublic","Environment":"dev","GitURL":"https://gitlab.com/williamhillplc/technical-services/networks/channels-team.git","ManagedBy":"OpenTofu","Migrated":"no","Name":"network-hub-dev-tgw-attachment-egress-vpc","Product":"network-hub","Project":"network-hub","Tier":"internal","Type":"tgw-attachment","VPC":"central-egress"},"transit_gateway_default_route_table_association":false,"transit_gateway_default_route_table_propagation":false,"transit_gateway_id":"tgw-0284b236e26e8934e","vpc_id":"vpc-0c9d5139053883a6e","vpc_owner_id":"776564762201"},"sensitive_attributes":[],"private":"bnVsbA==","dependencies":["module.network_hub.aws_ec2_transit_gateway.main","module.network_hub.aws_subnet.egress_private","module.network_hub.aws_subnet.firewall_tgw","module.network_hub.aws_vpc.central_egress","module.network_hub.aws_vpc.firewall","module.network_hub.data.aws_availability_zones.available"]}]},{"module":"module.network_hub","mode":"managed","type":"aws_eip","name":"nat_gateway","provider":"provider[\"registry.opentofu.org/hashicorp/aws\"]","instances":[{"index_key":0,"schema_version":0,"attributes":{"address":null,"allocation_id":"eipalloc-04313facab4547e76","arn":"arn:aws:ec2:eu-west-1:776564762201:elastic-ip/eipalloc-04313facab4547e76","associate_with_private_ip":null,"association_id":"eipassoc-08d8149146409d33f","carrier_ip":"","customer_owned_ip":"","customer_owned_ipv4_pool":"","domain":"vpc","id":"eipalloc-04313facab4547e76","instance":"","ipam_pool_id":null,"network_border_group":"eu-west-1","network_interface":"eni-0c9e02ed2271513a7","private_dns":"ip-100-96-2-60.eu-west-1.compute.internal","private_ip":"100.96.2.60","ptr_record":"","public_dns":"ec2-52-49-14-7.eu-west-1.compute.amazonaws.com","public_ip":"52.49.14.7","public_ipv4_pool":"amazon","region":"eu-west-1","tags":{"AZ":"eu-west-1a","CardData":"no","Classification":"nonpublic","Environment":"dev","GitURL":"https://gitlab.com/williamhillplc/technical-services/networks/channels-team.git","ManagedBy":"OpenTofu","Migrated":"no","Name":"network-hub-dev-nat-eip-1a","Product":"network-hub","Project":"network-hub","Purpose":"nat-gateway","Tier":"internal","Type":"elastic-ip"},"tags_all":{"AZ":"eu-west-1a","CardData":"no","Classification":"nonpublic","Environment":"dev","GitURL":"https://gitlab.com/williamhillplc/technical-services/networks/channels-team.git","ManagedBy":"OpenTofu","Migrated":"no","Name":"network-hub-dev-nat-eip-1a","Product":"network-hub","Project":"network-hub","Purpose":"nat-gateway","Tier":"internal","Type":"elastic-ip"},"timeouts":null},"sensitive_attributes":[],"private":"eyJlMmJmYjczMC1lY2FhLTExZTYtOGY4OC0zNDM2M2JjN2M0YzAiOnsiZGVsZXRlIjoxODAwMDAwMDAwMDAsInJlYWQiOjkwMDAwMDAwMDAwMCwidXBkYXRlIjozMDAwMDAwMDAwMDB9fQ==","dependencies":["module.network_hub.aws_internet_gateway.central_egress","module.network_hub.aws_vpc.central_egress","module.network_hub.data.aws_availability_zones.available"]},{"index_key":1,"schema_version":0,"attributes":{"address":null,"allocation_id":"eipalloc-0c2f4df49a1a3de33","arn":"arn:aws:ec2:eu-west-1:776564762201:elastic-ip/eipalloc-0c2f4df49a1a3de33","associate_with_private_ip":null,"association_id":"eipassoc-07cdc101ef100651f","carrier_ip":"","customer_owned_ip":"","customer_owned_ipv4_pool":"","domain":"vpc","id":"eipalloc-0c2f4df49a1a3de33","instance":"","ipam_pool_id":null,"network_border_group":"eu-west-1","network_interface":"eni-0d895583685cb0d96","private_dns":"ip-100-96-2-69.eu-west-1.compute.internal","private_ip":"100.96.2.69","ptr_record":"","public_dns":"ec2-54-195-139-46.eu-west-1.compute.amazonaws.com","public_ip":"54.195.139.46","public_ipv4_pool":"amazon","region":"eu-west-1","tags":{"AZ":"eu-west-1b","CardData":"no","Classification":"nonpublic","Environment":"dev","GitURL":"https://gitlab.com/williamhillplc/technical-services/networks/channels-team.git","ManagedBy":"OpenTofu","Migrated":"no","Name":"network-hub-dev-nat-eip-1b","Product":"network-hub","Project":"network-hub","Purpose":"nat-gateway","Tier":"internal","Type":"elastic-ip"},"tags_all":{"AZ":"eu-west-1b","CardData":"no","Classification":"nonpublic","Environment":"dev","GitURL":"https://gitlab.com/williamhillplc/technical-services/networks/channels-team.git","ManagedBy":"OpenTofu","Migrated":"no","Name":"network-hub-dev-nat-eip-1b","Product":"network-hub","Project":"network-hub","Purpose":"nat-gateway","Tier":"internal","Type":"elastic-ip"},"timeouts":null},"sensitive_attributes":[],"private":"eyJlMmJmYjczMC1lY2FhLTExZTYtOGY4OC0zNDM2M2JjN2M0YzAiOnsiZGVsZXRlIjoxODAwMDAwMDAwMDAsInJlYWQiOjkwMDAwMDAwMDAwMCwidXBkYXRlIjozMDAwMDAwMDAwMDB9fQ==","dependencies":["module.network_hub.aws_internet_gateway.central_egress","module.network_hub.aws_vpc.central_egress","module.network_hub.data.aws_availability_zones.available"]},{"index_key":2,"schema_version":0,"attributes":{"address":null,"allocation_id":"eipalloc-0dbee2f73228b35d2","arn":"arn:aws:ec2:eu-west-1:776564762201:elastic-ip/eipalloc-0dbee2f73228b35d2","associate_with_private_ip":null,"association_id":"eipassoc-0f1fff9bfeb635d36","carrier_ip":"","customer_owned_ip":"","customer_owned_ipv4_pool":"","domain":"vpc","id":"eipalloc-0dbee2f73228b35d2","instance":"","ipam_pool_id":null,"network_border_group":"eu-west-1","network_interface":"eni-0fb0097c0b0ccd51f","private_dns":"ip-100-96-2-90.eu-west-1.compute.internal","private_ip":"100.96.2.90","ptr_record":"","public_dns":"ec2-63-32-21-86.eu-west-1.compute.amazonaws.com","public_ip":"63.32.21.86","public_ipv4_pool":"amazon","region":"eu-west-1","tags":{"AZ":"eu-west-1c","CardData":"no","Classification":"nonpublic","Environment":"dev","GitURL":"https://gitlab.com/williamhillplc/technical-services/networks/channels-team.git","ManagedBy":"OpenTofu","Migrated":"no","Name":"network-hub-dev-nat-eip-1c","Product":"network-hub","Project":"network-hub","Purpose":"nat-gateway","Tier":"internal","Type":"elastic-ip"},"tags_all":{"AZ":"eu-west-1c","CardData":"no","Classification":"nonpublic","Environment":"dev","GitURL":"https://gitlab.com/williamhillplc/technical-services/networks/channels-team.git","ManagedBy":"OpenTofu","Migrated":"no","Name":"network-hub-dev-nat-eip-1c","Product":"network-hub","Project":"network-hub","Purpose":"nat-gateway","Tier":"internal","Type":"elastic-ip"},"timeouts":null},"sensitive_attributes":[],"private":"eyJlMmJmYjczMC1lY2FhLTExZTYtOGY4OC0zNDM2M2JjN2M0YzAiOnsiZGVsZXRlIjoxODAwMDAwMDAwMDAsInJlYWQiOjkwMDAwMDAwMDAwMCwidXBkYXRlIjozMDAwMDAwMDAwMDB9fQ==","dependencies":["module.network_hub.aws_internet_gateway.central_egress","module.network_hub.aws_vpc.central_egress","module.network_hub.data.aws_availability_zones.available"]}]},{"module":"module.network_hub","mode":"managed","type":"aws_internet_gateway","name":"central_egress","provider":"provider[\"registry.opentofu.org/hashicorp/aws\"]","instances":[{"schema_version":0,"attributes":{"arn":"arn:aws:ec2:eu-west-1:776564762201:internet-gateway/igw-06bee254026c663ce","id":"igw-06bee254026c663ce","owner_id":"776564762201","region":"eu-west-1","tags":{"CardData":"no","Classification":"nonpublic","Environment":"dev","GitURL":"https://gitlab.com/williamhillplc/technical-services/networks/channels-team.git","ManagedBy":"OpenTofu","Migrated":"no","Name":"network-hub-dev-egress-igw","Product":"network-hub","Project":"network-hub","Tier":"internal","Type":"internet-gateway","VPC":"central-egress"},"tags_all":{"CardData":"no","Classification":"nonpublic","Environment":"dev","GitURL":"https://gitlab.com/williamhillplc/technical-services/networks/channels-team.git","ManagedBy":"OpenTofu","Migrated":"no","Name":"network-hub-dev-egress-igw","Product":"network-hub","Project":"network-hub","Tier":"internal","Type":"internet-gateway","VPC":"central-egress"},"timeouts":null,"vpc_id":"vpc-0c9d5139053883a6e"},"sensitive_attributes":[],"private":"eyJlMmJmYjczMC1lY2FhLTExZTYtOGY4OC0zNDM2M2JjN2M0YzAiOnsiY3JlYXRlIjoxMjAwMDAwMDAwMDAwLCJkZWxldGUiOjEyMDAwMDAwMDAwMDAsInVwZGF0ZSI6MTIwMDAwMDAwMDAwMH19","dependencies":["module.network_hub.aws_vpc.central_egress"]}]},{"module":"module.network_hub","mode":"managed","type":"aws_nat_gateway","name":"central_egress","provider":"provider[\"registry.opentofu.org/hashicorp/aws\"]","instances":[{"index_key":0,"schema_version":0,"attributes":{"allocation_id":"eipalloc-04313facab4547e76","association_id":"eipassoc-08d8149146409d33f","connectivity_type":"public","id":"nat-061da5b7b155405da","network_interface_id":"eni-0c9e02ed2271513a7","private_ip":"100.96.2.60","public_ip":"52.49.14.7","region":"eu-west-1","secondary_allocation_ids":[],"secondary_private_ip_address_count":0,"secondary_private_ip_addresses":[],"subnet_id":"subnet-0207ac87524f48df5","tags":{"AZ":"eu-west-1a","CardData":"no","Classification":"nonpublic","Environment":"dev","GitURL":"https://gitlab.com/williamhillplc/technical-services/networks/channels-team.git","ManagedBy":"OpenTofu","Migrated":"no","Name":"network-hub-dev-nat-gw-1a","Product":"network-hub","Project":"network-hub","Subnet":"subnet-0207ac87524f48df5","Tier":"internal","Type":"nat-gateway"},"tags_all":{"AZ":"eu-west-1a","CardData":"no","Classification":"nonpublic","Environment":"dev","GitURL":"https://gitlab.com/williamhillplc/technical-services/networks/channels-team.git","ManagedBy":"OpenTofu","Migrated":"no","Name":"network-hub-dev-nat-gw-1a","Product":"network-hub","Project":"network-hub","Subnet":"subnet-0207ac87524f48df5","Tier":"internal","Type":"nat-gateway"},"timeouts":null},"sensitive_attributes":[],"private":"eyJlMmJmYjczMC1lY2FhLTExZTYtOGY4OC0zNDM2M2JjN2M0YzAiOnsiY3JlYXRlIjo2MDAwMDAwMDAwMDAsImRlbGV0ZSI6MTgwMDAwMDAwMDAwMCwidXBkYXRlIjo2MDAwMDAwMDAwMDB9fQ==","dependencies":["module.network_hub.aws_eip.nat_gateway","module.network_hub.aws_internet_gateway.central_egress","module.network_hub.aws_subnet.egress_public","module.network_hub.aws_vpc.central_egress","module.network_hub.data.aws_availability_zones.available"]},{"index_key":1,"schema_version":0,"attributes":{"allocation_id":"eipalloc-0c2f4df49a1a3de33","association_id":"eipassoc-07cdc101ef100651f","connectivity_type":"public","id":"nat-05b4844e5ebe7cfd5","network_interface_id":"eni-0d895583685cb0d96","private_ip":"100.96.2.69","public_ip":"54.195.139.46","region":"eu-west-1","secondary_allocation_ids":[],"secondary_private_ip_address_count":0,"secondary_private_ip_addresses":[],"subnet_id":"subnet-0fa992c2f9d3aca53","tags":{"AZ":"eu-west-1b","CardData":"no","Classification":"nonpublic","Environment":"dev","GitURL":"https://gitlab.com/williamhillplc/technical-services/networks/channels-team.git","ManagedBy":"OpenTofu","Migrated":"no","Name":"network-hub-dev-nat-gw-1b","Product":"network-hub","Project":"network-hub","Subnet":"subnet-0fa992c2f9d3aca53","Tier":"internal","Type":"nat-gateway"},"tags_all":{"AZ":"eu-west-1b","CardData":"no","Classification":"nonpublic","Environment":"dev","GitURL":"https://gitlab.com/williamhillplc/technical-services/networks/channels-team.git","ManagedBy":"OpenTofu","Migrated":"no","Name":"network-hub-dev-nat-gw-1b","Product":"network-hub","Project":"network-hub","Subnet":"subnet-0fa992c2f9d3aca53","Tier":"internal","Type":"nat-gateway"},"timeouts":null},"sensitive_attributes":[],"private":"eyJlMmJmYjczMC1lY2FhLTExZTYtOGY4OC0zNDM2M2JjN2M0YzAiOnsiY3JlYXRlIjo2MDAwMDAwMDAwMDAsImRlbGV0ZSI6MTgwMDAwMDAwMDAwMCwidXBkYXRlIjo2MDAwMDAwMDAwMDB9fQ==","dependencies":["module.network_hub.aws_eip.nat_gateway","module.network_hub.aws_internet_gateway.central_egress","module.network_hub.aws_subnet.egress_public","module.network_hub.aws_vpc.central_egress","module.network_hub.data.aws_availability_zones.available"]},{"index_key":2,"schema_version":0,"attributes":{"allocation_id":"eipalloc-0dbee2f73228b35d2","association_id":"eipassoc-0f1fff9bfeb635d36","connectivity_type":"public","id":"nat-0a3ad865d5585a139","network_interface_id":"eni-0fb0097c0b0ccd51f","private_ip":"100.96.2.90","public_ip":"63.32.21.86","region":"eu-west-1","secondary_allocation_ids":[],"secondary_private_ip_address_count":0,"secondary_private_ip_addresses":[],"subnet_id":"subnet-0fbbb3dbe1bed0e18","tags":{"AZ":"eu-west-1c","CardData":"no","Classification":"nonpublic","Environment":"dev","GitURL":"https://gitlab.com/williamhillplc/technical-services/networks/channels-team.git","ManagedBy":"OpenTofu","Migrated":"no","Name":"network-hub-dev-nat-gw-1c","Product":"network-hub","Project":"network-hub","Subnet":"subnet-0fbbb3dbe1bed0e18","Tier":"internal","Type":"nat-gateway"},"tags_all":{"AZ":"eu-west-1c","CardData":"no","Classification":"nonpublic","Environment":"dev","GitURL":"https://gitlab.com/williamhillplc/technical-services/networks/channels-team.git","ManagedBy":"OpenTofu","Migrated":"no","Name":"network-hub-dev-nat-gw-1c","Product":"network-hub","Project":"network-hub","Subnet":"subnet-0fbbb3dbe1bed0e18","Tier":"internal","Type":"nat-gateway"},"timeouts":null},"sensitive_attributes":[],"private":"eyJlMmJmYjczMC1lY2FhLTExZTYtOGY4OC0zNDM2M2JjN2M0YzAiOnsiY3JlYXRlIjo2MDAwMDAwMDAwMDAsImRlbGV0ZSI6MTgwMDAwMDAwMDAwMCwidXBkYXRlIjo2MDAwMDAwMDAwMDB9fQ==","dependencies":["module.network_hub.aws_eip.nat_gateway","module.network_hub.aws_internet_gateway.central_egress","module.network_hub.aws_subnet.egress_public","module.network_hub.aws_vpc.central_egress","module.network_hub.data.aws_availability_zones.available"]}]},{"module":"module.network_hub","mode":"managed","type":"aws_networkfirewall_firewall","name":"main","provider":"provider[\"registry.opentofu.org/hashicorp/aws\"]","instances":[{"schema_version":0,"attributes":{"arn":"arn:aws:network-firewall:eu-west-1:776564762201:firewall/network-hub-dev-network-firewall","availability_zone_change_protection":false,"availability_zone_mapping":[],"delete_protection":false,"description":"","enabled_analysis_types":[],"encryption_configuration":[],"firewall_policy_arn":"arn:aws:network-firewall:eu-west-1:776564762201:firewall-policy/network-hub-dev-firewall-policy","firewall_policy_change_protection":false,"firewall_status":[{"sync_states":[{"attachment":[{"endpoint_id":"vpce-06f0dfc5c3f0bf789","subnet_id":"subnet-0e4a71b82158df324"}],"availability_zone":"eu-west-1a"},{"attachment":[{"endpoint_id":"vpce-0a1ddce3a83f4e5ca","subnet_id":"subnet-0cd468a6112e7cdb1"}],"availability_zone":"eu-west-1b"},{"attachment":[{"endpoint_id":"vpce-0eddadbade7a6967e","subnet_id":"subnet-0ced88f41b5e22841"}],"availability_zone":"eu-west-1c"}],"transit_gateway_attachment_sync_states":[]}],"id":"arn:aws:network-firewall:eu-west-1:776564762201:firewall/network-hub-dev-network-firewall","name":"network-hub-dev-network-firewall","region":"eu-west-1","subnet_change_protection":false,"subnet_mapping":[{"ip_address_type":"IPV4","subnet_id":"subnet-0cd468a6112e7cdb1"},{"ip_address_type":"IPV4","subnet_id":"subnet-0ced88f41b5e22841"},{"ip_address_type":"IPV4","subnet_id":"subnet-0e4a71b82158df324"}],"tags":{"CardData":"no","Classification":"nonpublic","Environment":"dev","GitURL":"https://gitlab.com/williamhillplc/technical-services/networks/channels-team.git","ManagedBy":"OpenTofu","Migrated":"no","Name":"network-hub-dev-network-firewall","Product":"network-hub","Project":"network-hub","Tier":"internal","Type":"network-firewall"},"tags_all":{"CardData":"no","Classification":"nonpublic","Environment":"dev","GitURL":"https://gitlab.com/williamhillplc/technical-services/networks/channels-team.git","ManagedBy":"OpenTofu","Migrated":"no","Name":"network-hub-dev-network-firewall","Product":"network-hub","Project":"network-hub","Tier":"internal","Type":"network-firewall"},"timeouts":null,"transit_gateway_id":"","transit_gateway_owner_account_id":"","update_token":"70683b18-f337-4a58-95ab-4de66412cffa","vpc_id":"vpc-0c29daa332d3c4fb9"},"sensitive_attributes":[],"private":"eyJlMmJmYjczMC1lY2FhLTExZTYtOGY4OC0zNDM2M2JjN2M0YzAiOnsiY3JlYXRlIjozNjAwMDAwMDAwMDAwLCJkZWxldGUiOjM2MDAwMDAwMDAwMDAsInVwZGF0ZSI6MzYwMDAwMDAwMDAwMH19","dependencies":["module.network_hub.aws_networkfirewall_firewall_policy.main","module.network_hub.aws_networkfirewall_rule_group.domain_allowlist","module.network_hub.aws_networkfirewall_rule_group.ip_rules","module.network_hub.aws_subnet.firewall_endpoint","module.network_hub.aws_vpc.firewall","module.network_hub.data.aws_availability_zones.available"]}]},{"module":"module.network_hub","mode":"managed","type":"aws_networkfirewall_firewall_policy","name":"main","provider":"provider[\"registry.opentofu.org/hashicorp/aws\"]","instances":[{"schema_version":0,"attributes":{"arn":"arn:aws:network-firewall:eu-west-1:776564762201:firewall-policy/network-hub-dev-firewall-policy","description":"","encryption_configuration":[],"firewall_policy":[{"policy_variables":[],"stateful_default_actions":["aws:alert_strict","aws:drop_established"],"stateful_engine_options":[{"flow_timeouts":[],"rule_order":"STRICT_ORDER","stream_exception_policy":""}],"stateful_rule_group_reference":[{"deep_threat_inspection":"","override":[],"priority":100,"resource_arn":"arn:aws:network-firewall:eu-west-1:776564762201:stateful-rulegroup/network-hub-dev-domain-allowlist"},{"deep_threat_inspection":"","override":[],"priority":300,"resource_arn":"arn:aws:network-firewall:eu-west-1:776564762201:stateful-rulegroup/network-hub-dev-ip-rule-group"}],"stateless_custom_action":[],"stateless_default_actions":["aws:forward_to_sfe"],"stateless_fragment_default_actions":["aws:forward_to_sfe"],"stateless_rule_group_reference":[],"tls_inspection_configuration_arn":""}],"id":"arn:aws:network-firewall:eu-west-1:776564762201:firewall-policy/network-hub-dev-firewall-policy","name":"network-hub-dev-firewall-policy","region":"eu-west-1","tags":{"CardData":"no","Classification":"nonpublic","Environment":"dev","GitURL":"https://gitlab.com/williamhillplc/technical-services/networks/channels-team.git","ManagedBy":"OpenTofu","Migrated":"no","Name":"network-hub-dev-firewall-policy","Product":"network-hub","Project":"network-hub","Tier":"internal","Type":"firewall-policy"},"tags_all":{"CardData":"no","Classification":"nonpublic","Environment":"dev","GitURL":"https://gitlab.com/williamhillplc/technical-services/networks/channels-team.git","ManagedBy":"OpenTofu","Migrated":"no","Name":"network-hub-dev-firewall-policy","Product":"network-hub","Project":"network-hub","Tier":"internal","Type":"firewall-policy"},"update_token":"9aa9215f-2128-48f0-b719-36aace125f30"},"sensitive_attributes":[],"private":"bnVsbA==","dependencies":["module.network_hub.aws_networkfirewall_rule_group.domain_allowlist","module.network_hub.aws_networkfirewall_rule_group.ip_rules"]}]},{"module":"module.network_hub","mode":"managed","type":"aws_networkfirewall_rule_group","name":"domain_allowlist","provider":"provider[\"registry.opentofu.org/hashicorp/aws\"]","instances":[{"index_key":0,"schema_version":0,"attributes":{"arn":"arn:aws:network-firewall:eu-west-1:776564762201:stateful-rulegroup/network-hub-dev-domain-allowlist","capacity":100,"description":"","encryption_configuration":[],"id":"arn:aws:network-firewall:eu-west-1:776564762201:stateful-rulegroup/network-hub-dev-domain-allowlist","name":"network-hub-dev-domain-allowlist","region":"eu-west-1","rule_group":[{"reference_sets":[],"rule_variables":[{"ip_sets":[{"ip_set":[{"definition":["100.96.0.0/14"]}],"key":"HOME_NET"}],"port_sets":[]}],"rules_source":[{"rules_source_list":[{"generated_rules_type":"ALLOWLIST","target_types":["HTTP_HOST","TLS_SNI"],"targets":[".amazon.com",".ifconfig.me","example.com"]}],"rules_string":"","stateful_rule":[],"stateless_rules_and_custom_actions":[]}],"stateful_rule_options":[{"rule_order":"STRICT_ORDER"}]}],"rules":null,"tags":{"CardData":"no","Classification":"nonpublic","Environment":"dev","GitURL":"https://gitlab.com/williamhillplc/technical-services/networks/channels-team.git","ManagedBy":"OpenTofu","Migrated":"no","Name":"network-hub-dev-domain-allowlist","Product":"network-hub","Project":"network-hub","Tier":"internal","Type":"rule-group"},"tags_all":{"CardData":"no","Classification":"nonpublic","Environment":"dev","GitURL":"https://gitlab.com/williamhillplc/technical-services/networks/channels-team.git","ManagedBy":"OpenTofu","Migrated":"no","Name":"network-hub-dev-domain-allowlist","Product":"network-hub","Project":"network-hub","Tier":"internal","Type":"rule-group"},"type":"STATEFUL","update_token":"9396fffc-822d-4804-a21f-5b3cedc32fee"},"sensitive_attributes":[],"private":"bnVsbA=="}]},{"module":"module.network_hub","mode":"managed","type":"aws_networkfirewall_rule_group","name":"ip_rules","provider":"provider[\"registry.opentofu.org/hashicorp/aws\"]","instances":[{"index_key":0,"schema_version":0,"attributes":{"arn":"arn:aws:network-firewall:eu-west-1:776564762201:stateful-rulegroup/network-hub-dev-ip-rule-group","capacity":100,"description":"","encryption_configuration":[],"id":"arn:aws:network-firewall:eu-west-1:776564762201:stateful-rulegroup/network-hub-dev-ip-rule-group","name":"network-hub-dev-ip-rule-group","region":"eu-west-1","rule_group":[{"reference_sets":[],"rule_variables":[],"rules_source":[{"rules_source_list":[],"rules_string":"","stateful_rule":[{"action":"PASS","header":[{"destination":"1.0.0.1","destination_port":"ANY","direction":"ANY","protocol":"ICMP","source":"ANY","source_port":"ANY"}],"rule_option":[{"keyword":"sid","settings":["1"]}]},{"action":"DROP","header":[{"destination":"169.254.169.254","destination_port":"ANY","direction":"ANY","protocol":"TCP","source":"ANY","source_port":"ANY"}],"rule_option":[{"keyword":"sid","settings":["2"]}]}],"stateless_rules_and_custom_actions":[]}],"stateful_rule_options":[{"rule_order":"STRICT_ORDER"}]}],"rules":null,"tags":{"CardData":"no","Classification":"nonpublic","Environment":"dev","GitURL":"https://gitlab.com/williamhillplc/technical-services/networks/channels-team.git","ManagedBy":"OpenTofu","Migrated":"no","Name":"network-hub-dev-ip-rule-group","Product":"network-hub","Project":"network-hub","Tier":"internal","Type":"rule-group"},"tags_all":{"CardData":"no","Classification":"nonpublic","Environment":"dev","GitURL":"https://gitlab.com/williamhillplc/technical-services/networks/channels-team.git","ManagedBy":"OpenTofu","Migrated":"no","Name":"network-hub-dev-ip-rule-group","Product":"network-hub","Project":"network-hub","Tier":"internal","Type":"rule-group"},"type":"STATEFUL","update_token":"c1900f5a-003e-43fa-abfa-2af51c7e143c"},"sensitive_attributes":[],"private":"bnVsbA=="}]},{"module":"module.network_hub","mode":"managed","type":"aws_ram_principal_association","name":"organization","provider":"provider[\"registry.opentofu.org/hashicorp/aws\"]","instances":[{"schema_version":0,"attributes":{"id":"arn:aws:ram:eu-west-1:776564762201:resource-share/545da265-7c14-4aa6-8e30-e4a63ce64136,arn:aws:organizations::703671905140:organization/o-kv10f7crlv","principal":"arn:aws:organizations::703671905140:organization/o-kv10f7crlv","region":"eu-west-1","resource_share_arn":"arn:aws:ram:eu-west-1:776564762201:resource-share/545da265-7c14-4aa6-8e30-e4a63ce64136"},"sensitive_attributes":[],"private":"bnVsbA==","dependencies":["module.network_hub.aws_ec2_transit_gateway.main","module.network_hub.aws_ram_resource_association.transit_gateway_share","module.network_hub.aws_ram_resource_share.transit_gateway_share"]}]},{"module":"module.network_hub","mode":"managed","type":"aws_ram_resource_association","name":"transit_gateway_share","provider":"provider[\"registry.opentofu.org/hashicorp/aws\"]","instances":[{"schema_version":0,"attributes":{"id":"arn:aws:ram:eu-west-1:776564762201:resource-share/545da265-7c14-4aa6-8e30-e4a63ce64136,arn:aws:ec2:eu-west-1:776564762201:transit-gateway/tgw-0284b236e26e8934e","region":"eu-west-1","resource_arn":"arn:aws:ec2:eu-west-1:776564762201:transit-gateway/tgw-0284b236e26e8934e","resource_share_arn":"arn:aws:ram:eu-west-1:776564762201:resource-share/545da265-7c14-4aa6-8e30-e4a63ce64136"},"sensitive_attributes":[],"private":"bnVsbA==","dependencies":["module.network_hub.aws_ec2_transit_gateway.main","module.network_hub.aws_ram_resource_share.transit_gateway_share"]}]},{"module":"module.network_hub","mode":"managed","type":"aws_ram_resource_share","name":"transit_gateway_share","provider":"provider[\"registry.opentofu.org/hashicorp/aws\"]","instances":[{"schema_version":0,"attributes":{"allow_external_principals":false,"arn":"arn:aws:ram:eu-west-1:776564762201:resource-share/545da265-7c14-4aa6-8e30-e4a63ce64136","id":"arn:aws:ram:eu-west-1:776564762201:resource-share/545da265-7c14-4aa6-8e30-e4a63ce64136","name":"network-hub-dev-tgw-share","permission_arns":["arn:aws:ram::aws:permission/AWSRAMDefaultPermissionTransitGateway"],"region":"eu-west-1","tags":{"CardData":"no","Classification":"nonpublic","Environment":"dev","GitURL":"https://gitlab.com/williamhillplc/technical-services/networks/channels-team.git","ManagedBy":"OpenTofu","Migrated":"no","Name":"network-hub-dev-tgw-share","Product":"network-hub","Project":"network-hub","Purpose":"transit-gateway-cross-account-access","Tier":"internal","Type":"ram-share"},"tags_all":{"CardData":"no","Classification":"nonpublic","Environment":"dev","GitURL":"https://gitlab.com/williamhillplc/technical-services/networks/channels-team.git","ManagedBy":"OpenTofu","Migrated":"no","Name":"network-hub-dev-tgw-share","Product":"network-hub","Project":"network-hub","Purpose":"transit-gateway-cross-account-access","Tier":"internal","Type":"ram-share"},"timeouts":null},"sensitive_attributes":[],"private":"eyJlMmJmYjczMC1lY2FhLTExZTYtOGY4OC0zNDM2M2JjN2M0YzAiOnsiY3JlYXRlIjozMDAwMDAwMDAwMDAsImRlbGV0ZSI6MzAwMDAwMDAwMDAwfX0="}]},{"module":"module.network_hub","mode":"managed","type":"aws_route","name":"egress_firewall_endpoint_to_nat","provider":"provider[\"registry.opentofu.org/hashicorp/aws\"]","instances":[{"index_key":0,"schema_version":0,"attributes":{"carrier_gateway_id":"","core_network_arn":"","destination_cidr_block":"0.0.0.0/0","destination_ipv6_cidr_block":"","destination_prefix_list_id":"","egress_only_gateway_id":"","gateway_id":"","id":"r-rtb-09e43ac2665daf6af1080289494","instance_id":"","instance_owner_id":"","local_gateway_id":"","nat_gateway_id":"nat-061da5b7b155405da","network_interface_id":"","origin":"CreateRoute","region":"eu-west-1","route_table_id":"rtb-09e43ac2665daf6af","state":"active","timeouts":null,"transit_gateway_id":"","vpc_endpoint_id":"","vpc_peering_connection_id":""},"sensitive_attributes":[],"private":"eyJlMmJmYjczMC1lY2FhLTExZTYtOGY4OC0zNDM2M2JjN2M0YzAiOnsiY3JlYXRlIjozMDAwMDAwMDAwMDAsImRlbGV0ZSI6MzAwMDAwMDAwMDAwLCJ1cGRhdGUiOjEyMDAwMDAwMDAwMH19","dependencies":["module.network_hub.aws_eip.nat_gateway","module.network_hub.aws_internet_gateway.central_egress","module.network_hub.aws_nat_gateway.central_egress","module.network_hub.aws_route_table.egress_firewall_endpoint","module.network_hub.aws_subnet.egress_firewall_endpoint","module.network_hub.aws_subnet.egress_public","module.network_hub.aws_vpc.central_egress","module.network_hub.data.aws_availability_zones.available"]},{"index_key":1,"schema_version":0,"attributes":{"carrier_gateway_id":"","core_network_arn":"","destination_cidr_block":"0.0.0.0/0","destination_ipv6_cidr_block":"","destination_prefix_list_id":"","egress_only_gateway_id":"","gateway_id":"","id":"r-rtb-0700845c6ebe036c11080289494","instance_id":"","instance_owner_id":"","local_gateway_id":"","nat_gateway_id":"nat-05b4844e5ebe7cfd5","network_interface_id":"","origin":"CreateRoute","region":"eu-west-1","route_table_id":"rtb-0700845c6ebe036c1","state":"active","timeouts":null,"transit_gateway_id":"","vpc_endpoint_id":"","vpc_peering_connection_id":""},"sensitive_attributes":[],"private":"eyJlMmJmYjczMC1lY2FhLTExZTYtOGY4OC0zNDM2M2JjN2M0YzAiOnsiY3JlYXRlIjozMDAwMDAwMDAwMDAsImRlbGV0ZSI6MzAwMDAwMDAwMDAwLCJ1cGRhdGUiOjEyMDAwMDAwMDAwMH19","dependencies":["module.network_hub.aws_eip.nat_gateway","module.network_hub.aws_internet_gateway.central_egress","module.network_hub.aws_nat_gateway.central_egress","module.network_hub.aws_route_table.egress_firewall_endpoint","module.network_hub.aws_subnet.egress_firewall_endpoint","module.network_hub.aws_subnet.egress_public","module.network_hub.aws_vpc.central_egress","module.network_hub.data.aws_availability_zones.available"]},{"index_key":2,"schema_version":0,"attributes":{"carrier_gateway_id":"","core_network_arn":"","destination_cidr_block":"0.0.0.0/0","destination_ipv6_cidr_block":"","destination_prefix_list_id":"","egress_only_gateway_id":"","gateway_id":"","id":"r-rtb-0a86fe634ffac5c3a1080289494","instance_id":"","instance_owner_id":"","local_gateway_id":"","nat_gateway_id":"nat-0a3ad865d5585a139","network_interface_id":"","origin":"CreateRoute","region":"eu-west-1","route_table_id":"rtb-0a86fe634ffac5c3a","state":"active","timeouts":null,"transit_gateway_id":"","vpc_endpoint_id":"","vpc_peering_connection_id":""},"sensitive_attributes":[],"private":"eyJlMmJmYjczMC1lY2FhLTExZTYtOGY4OC0zNDM2M2JjN2M0YzAiOnsiY3JlYXRlIjozMDAwMDAwMDAwMDAsImRlbGV0ZSI6MzAwMDAwMDAwMDAwLCJ1cGRhdGUiOjEyMDAwMDAwMDAwMH19","dependencies":["module.network_hub.aws_eip.nat_gateway","module.network_hub.aws_internet_gateway.central_egress","module.network_hub.aws_nat_gateway.central_egress","module.network_hub.aws_route_table.egress_firewall_endpoint","module.network_hub.aws_subnet.egress_firewall_endpoint","module.network_hub.aws_subnet.egress_public","module.network_hub.aws_vpc.central_egress","module.network_hub.data.aws_availability_zones.available"]}]},{"module":"module.network_hub","mode":"managed","type":"aws_route","name":"egress_firewall_endpoint_to_tgw","provider":"provider[\"registry.opentofu.org/hashicorp/aws\"]","instances":[{"index_key":0,"schema_version":0,"attributes":{"carrier_gateway_id":"","core_network_arn":"","destination_cidr_block":"100.96.0.0/14","destination_ipv6_cidr_block":"","destination_prefix_list_id":"","egress_only_gateway_id":"","gateway_id":"","id":"r-rtb-09e43ac2665daf6af3097939538","instance_id":"","instance_owner_id":"","local_gateway_id":"","nat_gateway_id":"","network_interface_id":"","origin":"CreateRoute","region":"eu-west-1","route_table_id":"rtb-09e43ac2665daf6af","state":"active","timeouts":null,"transit_gateway_id":"tgw-0284b236e26e8934e","vpc_endpoint_id":"","vpc_peering_connection_id":""},"sensitive_attributes":[],"private":"eyJlMmJmYjczMC1lY2FhLTExZTYtOGY4OC0zNDM2M2JjN2M0YzAiOnsiY3JlYXRlIjozMDAwMDAwMDAwMDAsImRlbGV0ZSI6MzAwMDAwMDAwMDAwLCJ1cGRhdGUiOjEyMDAwMDAwMDAwMH19","dependencies":["module.network_hub.aws_ec2_transit_gateway.main","module.network_hub.aws_route_table.egress_firewall_endpoint","module.network_hub.aws_subnet.egress_firewall_endpoint","module.network_hub.aws_vpc.central_egress","module.network_hub.data.aws_availability_zones.available"]},{"index_key":1,"schema_version":0,"attributes":{"carrier_gateway_id":"","core_network_arn":"","destination_cidr_block":"100.96.0.0/14","destination_ipv6_cidr_block":"","destination_prefix_list_id":"","egress_only_gateway_id":"","gateway_id":"","id":"r-rtb-0700845c6ebe036c13097939538","instance_id":"","instance_owner_id":"","local_gateway_id":"","nat_gateway_id":"","network_interface_id":"","origin":"CreateRoute","region":"eu-west-1","route_table_id":"rtb-0700845c6ebe036c1","state":"active","timeouts":null,"transit_gateway_id":"tgw-0284b236e26e8934e","vpc_endpoint_id":"","vpc_peering_connection_id":""},"sensitive_attributes":[],"private":"eyJlMmJmYjczMC1lY2FhLTExZTYtOGY4OC0zNDM2M2JjN2M0YzAiOnsiY3JlYXRlIjozMDAwMDAwMDAwMDAsImRlbGV0ZSI6MzAwMDAwMDAwMDAwLCJ1cGRhdGUiOjEyMDAwMDAwMDAwMH19","dependencies":["module.network_hub.aws_ec2_transit_gateway.main","module.network_hub.aws_route_table.egress_firewall_endpoint","module.network_hub.aws_subnet.egress_firewall_endpoint","module.network_hub.aws_vpc.central_egress","module.network_hub.data.aws_availability_zones.available"]},{"index_key":2,"schema_version":0,"attributes":{"carrier_gateway_id":"","core_network_arn":"","destination_cidr_block":"100.96.0.0/14","destination_ipv6_cidr_block":"","destination_prefix_list_id":"","egress_only_gateway_id":"","gateway_id":"","id":"r-rtb-0a86fe634ffac5c3a3097939538","instance_id":"","instance_owner_id":"","local_gateway_id":"","nat_gateway_id":"","network_interface_id":"","origin":"CreateRoute","region":"eu-west-1","route_table_id":"rtb-0a86fe634ffac5c3a","state":"active","timeouts":null,"transit_gateway_id":"tgw-0284b236e26e8934e","vpc_endpoint_id":"","vpc_peering_connection_id":""},"sensitive_attributes":[],"private":"eyJlMmJmYjczMC1lY2FhLTExZTYtOGY4OC0zNDM2M2JjN2M0YzAiOnsiY3JlYXRlIjozMDAwMDAwMDAwMDAsImRlbGV0ZSI6MzAwMDAwMDAwMDAwLCJ1cGRhdGUiOjEyMDAwMDAwMDAwMH19","dependencies":["module.network_hub.aws_ec2_transit_gateway.main","module.network_hub.aws_route_table.egress_firewall_endpoint","module.network_hub.aws_subnet.egress_firewall_endpoint","module.network_hub.aws_vpc.central_egress","module.network_hub.data.aws_availability_zones.available"]}]},{"module":"module.network_hub","mode":"managed","type":"aws_route","name":"egress_private_to_nat","provider":"provider[\"registry.opentofu.org/hashicorp/aws\"]","instances":[{"index_key":0,"schema_version":0,"attributes":{"carrier_gateway_id":"","core_network_arn":"","destination_cidr_block":"0.0.0.0/0","destination_ipv6_cidr_block":"","destination_prefix_list_id":"","egress_only_gateway_id":"","gateway_id":"","id":"r-rtb-07a077361a03056a11080289494","instance_id":"","instance_owner_id":"","local_gateway_id":"","nat_gateway_id":"","network_interface_id":"","origin":"CreateRoute","region":"eu-west-1","route_table_id":"rtb-07a077361a03056a1","state":"active","timeouts":null,"transit_gateway_id":"","vpc_endpoint_id":"vpce-01c883212ac94ac7a","vpc_peering_connection_id":""},"sensitive_attributes":[],"private":"eyJlMmJmYjczMC1lY2FhLTExZTYtOGY4OC0zNDM2M2JjN2M0YzAiOnsiY3JlYXRlIjozMDAwMDAwMDAwMDAsImRlbGV0ZSI6MzAwMDAwMDAwMDAwLCJ1cGRhdGUiOjEyMDAwMDAwMDAwMH19","dependencies":["module.network_hub.aws_networkfirewall_firewall.main","module.network_hub.aws_networkfirewall_firewall_policy.main","module.network_hub.aws_networkfirewall_rule_group.domain_allowlist","module.network_hub.aws_networkfirewall_rule_group.ip_rules","module.network_hub.aws_route_table.egress_private","module.network_hub.aws_subnet.egress_firewall_endpoint","module.network_hub.aws_subnet.firewall_endpoint","module.network_hub.aws_vpc.central_egress","module.network_hub.aws_vpc.firewall","module.network_hub.awscc_networkfirewall_vpc_endpoint_association.egress","module.network_hub.data.aws_availability_zones.available","module.network_hub.data.aws_caller_identity.current","module.network_hub.data.aws_vpc_endpoint.firewall"]},{"index_key":1,"schema_version":0,"attributes":{"carrier_gateway_id":"","core_network_arn":"","destination_cidr_block":"0.0.0.0/0","destination_ipv6_cidr_block":"","destination_prefix_list_id":"","egress_only_gateway_id":"","gateway_id":"","id":"r-rtb-057f0cdb78e3098f01080289494","instance_id":"","instance_owner_id":"","local_gateway_id":"","nat_gateway_id":"","network_interface_id":"","origin":"CreateRoute","region":"eu-west-1","route_table_id":"rtb-057f0cdb78e3098f0","state":"active","timeouts":null,"transit_gateway_id":"","vpc_endpoint_id":"vpce-027bc7c5ec2aef6a3","vpc_peering_connection_id":""},"sensitive_attributes":[],"private":"eyJlMmJmYjczMC1lY2FhLTExZTYtOGY4OC0zNDM2M2JjN2M0YzAiOnsiY3JlYXRlIjozMDAwMDAwMDAwMDAsImRlbGV0ZSI6MzAwMDAwMDAwMDAwLCJ1cGRhdGUiOjEyMDAwMDAwMDAwMH19","dependencies":["module.network_hub.aws_networkfirewall_firewall.main","module.network_hub.aws_networkfirewall_firewall_policy.main","module.network_hub.aws_networkfirewall_rule_group.domain_allowlist","module.network_hub.aws_networkfirewall_rule_group.ip_rules","module.network_hub.aws_route_table.egress_private","module.network_hub.aws_subnet.egress_firewall_endpoint","module.network_hub.aws_subnet.firewall_endpoint","module.network_hub.aws_vpc.central_egress","module.network_hub.aws_vpc.firewall","module.network_hub.awscc_networkfirewall_vpc_endpoint_association.egress","module.network_hub.data.aws_availability_zones.available","module.network_hub.data.aws_caller_identity.current","module.network_hub.data.aws_vpc_endpoint.firewall"]},{"index_key":2,"schema_version":0,"attributes":{"carrier_gateway_id":"","core_network_arn":"","destination_cidr_block":"0.0.0.0/0","destination_ipv6_cidr_block":"","destination_prefix_list_id":"","egress_only_gateway_id":"","gateway_id":"","id":"r-rtb-03693589597397c701080289494","instance_id":"","instance_owner_id":"","local_gateway_id":"","nat_gateway_id":"","network_interface_id":"","origin":"CreateRoute","region":"eu-west-1","route_table_id":"rtb-03693589597397c70","state":"active","timeouts":null,"transit_gateway_id":"","vpc_endpoint_id":"vpce-0f23fe63e1171d97e","vpc_peering_connection_id":""},"sensitive_attributes":[],"private":"eyJlMmJmYjczMC1lY2FhLTExZTYtOGY4OC0zNDM2M2JjN2M0YzAiOnsiY3JlYXRlIjozMDAwMDAwMDAwMDAsImRlbGV0ZSI6MzAwMDAwMDAwMDAwLCJ1cGRhdGUiOjEyMDAwMDAwMDAwMH19","dependencies":["module.network_hub.aws_networkfirewall_firewall.main","module.network_hub.aws_networkfirewall_firewall_policy.main","module.network_hub.aws_networkfirewall_rule_group.domain_allowlist","module.network_hub.aws_networkfirewall_rule_group.ip_rules","module.network_hub.aws_route_table.egress_private","module.network_hub.aws_subnet.egress_firewall_endpoint","module.network_hub.aws_subnet.firewall_endpoint","module.network_hub.aws_vpc.central_egress","module.network_hub.aws_vpc.firewall","module.network_hub.awscc_networkfirewall_vpc_endpoint_association.egress","module.network_hub.data.aws_availability_zones.available","module.network_hub.data.aws_caller_identity.current","module.network_hub.data.aws_vpc_endpoint.firewall"]}]},{"module":"module.network_hub","mode":"managed","type":"aws_route","name":"egress_private_to_tgw","provider":"provider[\"registry.opentofu.org/hashicorp/aws\"]","instances":[{"index_key":0,"schema_version":0,"attributes":{"carrier_gateway_id":"","core_network_arn":"","destination_cidr_block":"100.96.0.0/14","destination_ipv6_cidr_block":"","destination_prefix_list_id":"","egress_only_gateway_id":"","gateway_id":"","id":"r-rtb-07a077361a03056a13097939538","instance_id":"","instance_owner_id":"","local_gateway_id":"","nat_gateway_id":"","network_interface_id":"","origin":"CreateRoute","region":"eu-west-1","route_table_id":"rtb-07a077361a03056a1","state":"active","timeouts":null,"transit_gateway_id":"tgw-0284b236e26e8934e","vpc_endpoint_id":"","vpc_peering_connection_id":""},"sensitive_attributes":[],"private":"eyJlMmJmYjczMC1lY2FhLTExZTYtOGY4OC0zNDM2M2JjN2M0YzAiOnsiY3JlYXRlIjozMDAwMDAwMDAwMDAsImRlbGV0ZSI6MzAwMDAwMDAwMDAwLCJ1cGRhdGUiOjEyMDAwMDAwMDAwMH19","dependencies":["module.network_hub.aws_ec2_transit_gateway.main","module.network_hub.aws_route_table.egress_private","module.network_hub.aws_vpc.central_egress","module.network_hub.data.aws_availability_zones.available"]},{"index_key":1,"schema_version":0,"attributes":{"carrier_gateway_id":"","core_network_arn":"","destination_cidr_block":"100.96.0.0/14","destination_ipv6_cidr_block":"","destination_prefix_list_id":"","egress_only_gateway_id":"","gateway_id":"","id":"r-rtb-057f0cdb78e3098f03097939538","instance_id":"","instance_owner_id":"","local_gateway_id":"","nat_gateway_id":"","network_interface_id":"","origin":"CreateRoute","region":"eu-west-1","route_table_id":"rtb-057f0cdb78e3098f0","state":"active","timeouts":null,"transit_gateway_id":"tgw-0284b236e26e8934e","vpc_endpoint_id":"","vpc_peering_connection_id":""},"sensitive_attributes":[],"private":"eyJlMmJmYjczMC1lY2FhLTExZTYtOGY4OC0zNDM2M2JjN2M0YzAiOnsiY3JlYXRlIjozMDAwMDAwMDAwMDAsImRlbGV0ZSI6MzAwMDAwMDAwMDAwLCJ1cGRhdGUiOjEyMDAwMDAwMDAwMH19","dependencies":["module.network_hub.aws_ec2_transit_gateway.main","module.network_hub.aws_route_table.egress_private","module.network_hub.aws_vpc.central_egress","module.network_hub.data.aws_availability_zones.available"]},{"index_key":2,"schema_version":0,"attributes":{"carrier_gateway_id":"","core_network_arn":"","destination_cidr_block":"100.96.0.0/14","destination_ipv6_cidr_block":"","destination_prefix_list_id":"","egress_only_gateway_id":"","gateway_id":"","id":"r-rtb-03693589597397c703097939538","instance_id":"","instance_owner_id":"","local_gateway_id":"","nat_gateway_id":"","network_interface_id":"","origin":"CreateRoute","region":"eu-west-1","route_table_id":"rtb-03693589597397c70","state":"active","timeouts":null,"transit_gateway_id":"tgw-0284b236e26e8934e","vpc_endpoint_id":"","vpc_peering_connection_id":""},"sensitive_attributes":[],"private":"eyJlMmJmYjczMC1lY2FhLTExZTYtOGY4OC0zNDM2M2JjN2M0YzAiOnsiY3JlYXRlIjozMDAwMDAwMDAwMDAsImRlbGV0ZSI6MzAwMDAwMDAwMDAwLCJ1cGRhdGUiOjEyMDAwMDAwMDAwMH19","dependencies":["module.network_hub.aws_ec2_transit_gateway.main","module.network_hub.aws_route_table.egress_private","module.network_hub.aws_vpc.central_egress","module.network_hub.data.aws_availability_zones.available"]}]},{"module":"module.network_hub","mode":"managed","type":"aws_route","name":"egress_public_to_igw","provider":"provider[\"registry.opentofu.org/hashicorp/aws\"]","instances":[{"index_key":0,"schema_version":0,"attributes":{"carrier_gateway_id":"","core_network_arn":"","destination_cidr_block":"0.0.0.0/0","destination_ipv6_cidr_block":"","destination_prefix_list_id":"","egress_only_gateway_id":"","gateway_id":"igw-06bee254026c663ce","id":"r-rtb-0e31f780ac8415f471080289494","instance_id":"","instance_owner_id":"","local_gateway_id":"","nat_gateway_id":"","network_interface_id":"","origin":"CreateRoute","region":"eu-west-1","route_table_id":"rtb-0e31f780ac8415f47","state":"active","timeouts":null,"transit_gateway_id":"","vpc_endpoint_id":"","vpc_peering_connection_id":""},"sensitive_attributes":[],"private":"eyJlMmJmYjczMC1lY2FhLTExZTYtOGY4OC0zNDM2M2JjN2M0YzAiOnsiY3JlYXRlIjozMDAwMDAwMDAwMDAsImRlbGV0ZSI6MzAwMDAwMDAwMDAwLCJ1cGRhdGUiOjEyMDAwMDAwMDAwMH19","dependencies":["module.network_hub.aws_internet_gateway.central_egress","module.network_hub.aws_route_table.egress_public","module.network_hub.aws_vpc.central_egress","module.network_hub.data.aws_availability_zones.available"]},{"index_key":1,"schema_version":0,"attributes":{"carrier_gateway_id":"","core_network_arn":"","destination_cidr_block":"0.0.0.0/0","destination_ipv6_cidr_block":"","destination_prefix_list_id":"","egress_only_gateway_id":"","gateway_id":"igw-06bee254026c663ce","id":"r-rtb-04555fa24d823e6141080289494","instance_id":"","instance_owner_id":"","local_gateway_id":"","nat_gateway_id":"","network_interface_id":"","origin":"CreateRoute","region":"eu-west-1","route_table_id":"rtb-04555fa24d823e614","state":"active","timeouts":null,"transit_gateway_id":"","vpc_endpoint_id":"","vpc_peering_connection_id":""},"sensitive_attributes":[],"private":"eyJlMmJmYjczMC1lY2FhLTExZTYtOGY4OC0zNDM2M2JjN2M0YzAiOnsiY3JlYXRlIjozMDAwMDAwMDAwMDAsImRlbGV0ZSI6MzAwMDAwMDAwMDAwLCJ1cGRhdGUiOjEyMDAwMDAwMDAwMH19","dependencies":["module.network_hub.aws_internet_gateway.central_egress","module.network_hub.aws_route_table.egress_public","module.network_hub.aws_vpc.central_egress","module.network_hub.data.aws_availability_zones.available"]},{"index_key":2,"schema_version":0,"attributes":{"carrier_gateway_id":"","core_network_arn":"","destination_cidr_block":"0.0.0.0/0","destination_ipv6_cidr_block":"","destination_prefix_list_id":"","egress_only_gateway_id":"","gateway_id":"igw-06bee254026c663ce","id":"r-rtb-03f4f04385c560b741080289494","instance_id":"","instance_owner_id":"","local_gateway_id":"","nat_gateway_id":"","network_interface_id":"","origin":"CreateRoute","region":"eu-west-1","route_table_id":"rtb-03f4f04385c560b74","state":"active","timeouts":null,"transit_gateway_id":"","vpc_endpoint_id":"","vpc_peering_connection_id":""},"sensitive_attributes":[],"private":"eyJlMmJmYjczMC1lY2FhLTExZTYtOGY4OC0zNDM2M2JjN2M0YzAiOnsiY3JlYXRlIjozMDAwMDAwMDAwMDAsImRlbGV0ZSI6MzAwMDAwMDAwMDAwLCJ1cGRhdGUiOjEyMDAwMDAwMDAwMH19","dependencies":["module.network_hub.aws_internet_gateway.central_egress","module.network_hub.aws_route_table.egress_public","module.network_hub.aws_vpc.central_egress","module.network_hub.data.aws_availability_zones.available"]}]},{"module":"module.network_hub","mode":"managed","type":"aws_route","name":"egress_public_to_tgw","provider":"provider[\"registry.opentofu.org/hashicorp/aws\"]","instances":[{"index_key":0,"schema_version":0,"attributes":{"carrier_gateway_id":"","core_network_arn":"","destination_cidr_block":"100.96.0.0/14","destination_ipv6_cidr_block":"","destination_prefix_list_id":"","egress_only_gateway_id":"","gateway_id":"","id":"r-rtb-0e31f780ac8415f473097939538","instance_id":"","instance_owner_id":"","local_gateway_id":"","nat_gateway_id":"","network_interface_id":"","origin":"CreateRoute","region":"eu-west-1","route_table_id":"rtb-0e31f780ac8415f47","state":"active","timeouts":null,"transit_gateway_id":"","vpc_endpoint_id":"vpce-01c883212ac94ac7a","vpc_peering_connection_id":""},"sensitive_attributes":[],"private":"eyJlMmJmYjczMC1lY2FhLTExZTYtOGY4OC0zNDM2M2JjN2M0YzAiOnsiY3JlYXRlIjozMDAwMDAwMDAwMDAsImRlbGV0ZSI6MzAwMDAwMDAwMDAwLCJ1cGRhdGUiOjEyMDAwMDAwMDAwMH19","dependencies":["module.network_hub.aws_networkfirewall_firewall.main","module.network_hub.aws_networkfirewall_firewall_policy.main","module.network_hub.aws_networkfirewall_rule_group.domain_allowlist","module.network_hub.aws_networkfirewall_rule_group.ip_rules","module.network_hub.aws_route_table.egress_public","module.network_hub.aws_subnet.egress_firewall_endpoint","module.network_hub.aws_subnet.firewall_endpoint","module.network_hub.aws_vpc.central_egress","module.network_hub.aws_vpc.firewall","module.network_hub.awscc_networkfirewall_vpc_endpoint_association.egress","module.network_hub.data.aws_availability_zones.available","module.network_hub.data.aws_caller_identity.current","module.network_hub.data.aws_vpc_endpoint.firewall"]},{"index_key":1,"schema_version":0,"attributes":{"carrier_gateway_id":"","core_network_arn":"","destination_cidr_block":"100.96.0.0/14","destination_ipv6_cidr_block":"","destination_prefix_list_id":"","egress_only_gateway_id":"","gateway_id":"","id":"r-rtb-04555fa24d823e6143097939538","instance_id":"","instance_owner_id":"","local_gateway_id":"","nat_gateway_id":"","network_interface_id":"","origin":"CreateRoute","region":"eu-west-1","route_table_id":"rtb-04555fa24d823e614","state":"active","timeouts":null,"transit_gateway_id":"","vpc_endpoint_id":"vpce-027bc7c5ec2aef6a3","vpc_peering_connection_id":""},"sensitive_attributes":[],"private":"eyJlMmJmYjczMC1lY2FhLTExZTYtOGY4OC0zNDM2M2JjN2M0YzAiOnsiY3JlYXRlIjozMDAwMDAwMDAwMDAsImRlbGV0ZSI6MzAwMDAwMDAwMDAwLCJ1cGRhdGUiOjEyMDAwMDAwMDAwMH19","dependencies":["module.network_hub.aws_networkfirewall_firewall.main","module.network_hub.aws_networkfirewall_firewall_policy.main","module.network_hub.aws_networkfirewall_rule_group.domain_allowlist","module.network_hub.aws_networkfirewall_rule_group.ip_rules","module.network_hub.aws_route_table.egress_public","module.network_hub.aws_subnet.egress_firewall_endpoint","module.network_hub.aws_subnet.firewall_endpoint","module.network_hub.aws_vpc.central_egress","module.network_hub.aws_vpc.firewall","module.network_hub.awscc_networkfirewall_vpc_endpoint_association.egress","module.network_hub.data.aws_availability_zones.available","module.network_hub.data.aws_caller_identity.current","module.network_hub.data.aws_vpc_endpoint.firewall"]},{"index_key":2,"schema_version":0,"attributes":{"carrier_gateway_id":"","core_network_arn":"","destination_cidr_block":"100.96.0.0/14","destination_ipv6_cidr_block":"","destination_prefix_list_id":"","egress_only_gateway_id":"","gateway_id":"","id":"r-rtb-03f4f04385c560b743097939538","instance_id":"","instance_owner_id":"","local_gateway_id":"","nat_gateway_id":"","network_interface_id":"","origin":"CreateRoute","region":"eu-west-1","route_table_id":"rtb-03f4f04385c560b74","state":"active","timeouts":null,"transit_gateway_id":"","vpc_endpoint_id":"vpce-0f23fe63e1171d97e","vpc_peering_connection_id":""},"sensitive_attributes":[],"private":"eyJlMmJmYjczMC1lY2FhLTExZTYtOGY4OC0zNDM2M2JjN2M0YzAiOnsiY3JlYXRlIjozMDAwMDAwMDAwMDAsImRlbGV0ZSI6MzAwMDAwMDAwMDAwLCJ1cGRhdGUiOjEyMDAwMDAwMDAwMH19","dependencies":["module.network_hub.aws_networkfirewall_firewall.main","module.network_hub.aws_networkfirewall_firewall_policy.main","module.network_hub.aws_networkfirewall_rule_group.domain_allowlist","module.network_hub.aws_networkfirewall_rule_group.ip_rules","module.network_hub.aws_route_table.egress_public","module.network_hub.aws_subnet.egress_firewall_endpoint","module.network_hub.aws_subnet.firewall_endpoint","module.network_hub.aws_vpc.central_egress","module.network_hub.aws_vpc.firewall","module.network_hub.awscc_networkfirewall_vpc_endpoint_association.egress","module.network_hub.data.aws_availability_zones.available","module.network_hub.data.aws_caller_identity.current","module.network_hub.data.aws_vpc_endpoint.firewall"]}]},{"module":"module.network_hub","mode":"managed","type":"aws_route","name":"egress_vpc_to_igw","provider":"provider[\"registry.opentofu.org/hashicorp/aws\"]","instances":[{"schema_version":0,"attributes":{"carrier_gateway_id":"","core_network_arn":"","destination_cidr_block":"0.0.0.0/0","destination_ipv6_cidr_block":"","destination_prefix_list_id":"","egress_only_gateway_id":"","gateway_id":"igw-06bee254026c663ce","id":"r-rtb-0fd54760276adbef21080289494","instance_id":"","instance_owner_id":"","local_gateway_id":"","nat_gateway_id":"","network_interface_id":"","origin":"CreateRoute","region":"eu-west-1","route_table_id":"rtb-0fd54760276adbef2","state":"active","timeouts":null,"transit_gateway_id":"","vpc_endpoint_id":"","vpc_peering_connection_id":""},"sensitive_attributes":[],"private":"eyJlMmJmYjczMC1lY2FhLTExZTYtOGY4OC0zNDM2M2JjN2M0YzAiOnsiY3JlYXRlIjozMDAwMDAwMDAwMDAsImRlbGV0ZSI6MzAwMDAwMDAwMDAwLCJ1cGRhdGUiOjEyMDAwMDAwMDAwMH19","dependencies":["module.network_hub.aws_default_route_table.central_egress_main","module.network_hub.aws_internet_gateway.central_egress","module.network_hub.aws_vpc.central_egress"]}]},{"module":"module.network_hub","mode":"managed","type":"aws_route","name":"egress_vpc_to_tgw","provider":"provider[\"registry.opentofu.org/hashicorp/aws\"]","instances":[{"schema_version":0,"attributes":{"carrier_gateway_id":"","core_network_arn":"","destination_cidr_block":"100.96.0.0/14","destination_ipv6_cidr_block":"","destination_prefix_list_id":"","egress_only_gateway_id":"","gateway_id":"","id":"r-rtb-0fd54760276adbef23097939538","instance_id":"","instance_owner_id":"","local_gateway_id":"","nat_gateway_id":"","network_interface_id":"","origin":"CreateRoute","region":"eu-west-1","route_table_id":"rtb-0fd54760276adbef2","state":"active","timeouts":null,"transit_gateway_id":"tgw-0284b236e26e8934e","vpc_endpoint_id":"","vpc_peering_connection_id":""},"sensitive_attributes":[],"private":"eyJlMmJmYjczMC1lY2FhLTExZTYtOGY4OC0zNDM2M2JjN2M0YzAiOnsiY3JlYXRlIjozMDAwMDAwMDAwMDAsImRlbGV0ZSI6MzAwMDAwMDAwMDAwLCJ1cGRhdGUiOjEyMDAwMDAwMDAwMH19","dependencies":["module.network_hub.aws_default_route_table.central_egress_main","module.network_hub.aws_ec2_transit_gateway.main","module.network_hub.aws_vpc.central_egress"]}]},{"module":"module.network_hub","mode":"managed","type":"aws_route","name":"firewall_tgw_to_vpce","provider":"provider[\"registry.opentofu.org/hashicorp/aws\"]","instances":[{"index_key":0,"schema_version":0,"attributes":{"carrier_gateway_id":"","core_network_arn":"","destination_cidr_block":"0.0.0.0/0","destination_ipv6_cidr_block":"","destination_prefix_list_id":"","egress_only_gateway_id":"","gateway_id":"","id":"r-rtb-0e488a621515848fd1080289494","instance_id":"","instance_owner_id":"","local_gateway_id":"","nat_gateway_id":"","network_interface_id":"","origin":"CreateRoute","region":"eu-west-1","route_table_id":"rtb-0e488a621515848fd","state":"active","timeouts":null,"transit_gateway_id":"","vpc_endpoint_id":"vpce-06f0dfc5c3f0bf789","vpc_peering_connection_id":""},"sensitive_attributes":[],"private":"eyJlMmJmYjczMC1lY2FhLTExZTYtOGY4OC0zNDM2M2JjN2M0YzAiOnsiY3JlYXRlIjozMDAwMDAwMDAwMDAsImRlbGV0ZSI6MzAwMDAwMDAwMDAwLCJ1cGRhdGUiOjEyMDAwMDAwMDAwMH19","dependencies":["module.network_hub.aws_networkfirewall_firewall.main","module.network_hub.aws_networkfirewall_firewall_policy.main","module.network_hub.aws_networkfirewall_rule_group.domain_allowlist","module.network_hub.aws_networkfirewall_rule_group.ip_rules","module.network_hub.aws_route_table.firewall_tgw","module.network_hub.aws_subnet.firewall_endpoint","module.network_hub.aws_vpc.firewall","module.network_hub.data.aws_availability_zones.available"]},{"index_key":1,"schema_version":0,"attributes":{"carrier_gateway_id":"","core_network_arn":"","destination_cidr_block":"0.0.0.0/0","destination_ipv6_cidr_block":"","destination_prefix_list_id":"","egress_only_gateway_id":"","gateway_id":"","id":"r-rtb-00433c1782f34c3501080289494","instance_id":"","instance_owner_id":"","local_gateway_id":"","nat_gateway_id":"","network_interface_id":"","origin":"CreateRoute","region":"eu-west-1","route_table_id":"rtb-00433c1782f34c350","state":"active","timeouts":null,"transit_gateway_id":"","vpc_endpoint_id":"vpce-0a1ddce3a83f4e5ca","vpc_peering_connection_id":""},"sensitive_attributes":[],"private":"eyJlMmJmYjczMC1lY2FhLTExZTYtOGY4OC0zNDM2M2JjN2M0YzAiOnsiY3JlYXRlIjozMDAwMDAwMDAwMDAsImRlbGV0ZSI6MzAwMDAwMDAwMDAwLCJ1cGRhdGUiOjEyMDAwMDAwMDAwMH19","dependencies":["module.network_hub.aws_networkfirewall_firewall.main","module.network_hub.aws_networkfirewall_firewall_policy.main","module.network_hub.aws_networkfirewall_rule_group.domain_allowlist","module.network_hub.aws_networkfirewall_rule_group.ip_rules","module.network_hub.aws_route_table.firewall_tgw","module.network_hub.aws_subnet.firewall_endpoint","module.network_hub.aws_vpc.firewall","module.network_hub.data.aws_availability_zones.available"]},{"index_key":2,"schema_version":0,"attributes":{"carrier_gateway_id":"","core_network_arn":"","destination_cidr_block":"0.0.0.0/0","destination_ipv6_cidr_block":"","destination_prefix_list_id":"","egress_only_gateway_id":"","gateway_id":"","id":"r-rtb-06a5db521ecd613de1080289494","instance_id":"","instance_owner_id":"","local_gateway_id":"","nat_gateway_id":"","network_interface_id":"","origin":"CreateRoute","region":"eu-west-1","route_table_id":"rtb-06a5db521ecd613de","state":"active","timeouts":null,"transit_gateway_id":"","vpc_endpoint_id":"vpce-0eddadbade7a6967e","vpc_peering_connection_id":""},"sensitive_attributes":[],"private":"eyJlMmJmYjczMC1lY2FhLTExZTYtOGY4OC0zNDM2M2JjN2M0YzAiOnsiY3JlYXRlIjozMDAwMDAwMDAwMDAsImRlbGV0ZSI6MzAwMDAwMDAwMDAwLCJ1cGRhdGUiOjEyMDAwMDAwMDAwMH19","dependencies":["module.network_hub.aws_networkfirewall_firewall.main","module.network_hub.aws_networkfirewall_firewall_policy.main","module.network_hub.aws_networkfirewall_rule_group.domain_allowlist","module.network_hub.aws_networkfirewall_rule_group.ip_rules","module.network_hub.aws_route_table.firewall_tgw","module.network_hub.aws_subnet.firewall_endpoint","module.network_hub.aws_vpc.firewall","module.network_hub.data.aws_availability_zones.available"]}]},{"module":"module.network_hub","mode":"managed","type":"aws_route_table","name":"egress_firewall_endpoint","provider":"provider[\"registry.opentofu.org/hashicorp/aws\"]","instances":[{"index_key":0,"schema_version":0,"attributes":{"arn":"arn:aws:ec2:eu-west-1:776564762201:route-table/rtb-09e43ac2665daf6af","id":"rtb-09e43ac2665daf6af","owner_id":"776564762201","propagating_vgws":[],"region":"eu-west-1","route":[{"carrier_gateway_id":"","cidr_block":"0.0.0.0/0","core_network_arn":"","destination_prefix_list_id":"","egress_only_gateway_id":"","gateway_id":"","ipv6_cidr_block":"","local_gateway_id":"","nat_gateway_id":"nat-061da5b7b155405da","network_interface_id":"","transit_gateway_id":"","vpc_endpoint_id":"","vpc_peering_connection_id":""},{"carrier_gateway_id":"","cidr_block":"100.96.0.0/14","core_network_arn":"","destination_prefix_list_id":"","egress_only_gateway_id":"","gateway_id":"","ipv6_cidr_block":"","local_gateway_id":"","nat_gateway_id":"","network_interface_id":"","transit_gateway_id":"tgw-0284b236e26e8934e","vpc_endpoint_id":"","vpc_peering_connection_id":""}],"tags":{"AZ":"eu-west-1a","CardData":"no","Classification":"nonpublic","Environment":"dev","GitURL":"https://gitlab.com/williamhillplc/technical-services/networks/channels-team.git","ManagedBy":"OpenTofu","Migrated":"no","Name":"network-hub-dev-egress-fw-endpoint-rt-1a","Product":"network-hub","Project":"network-hub","Tier":"internal","Type":"egress-firewall-endpoint-route-table"},"tags_all":{"AZ":"eu-west-1a","CardData":"no","Classification":"nonpublic","Environment":"dev","GitURL":"https://gitlab.com/williamhillplc/technical-services/networks/channels-team.git","ManagedBy":"OpenTofu","Migrated":"no","Name":"network-hub-dev-egress-fw-endpoint-rt-1a","Product":"network-hub","Project":"network-hub","Tier":"internal","Type":"egress-firewall-endpoint-route-table"},"timeouts":null,"vpc_id":"vpc-0c9d5139053883a6e"},"sensitive_attributes":[],"private":"eyJlMmJmYjczMC1lY2FhLTExZTYtOGY4OC0zNDM2M2JjN2M0YzAiOnsiY3JlYXRlIjozMDAwMDAwMDAwMDAsImRlbGV0ZSI6MzAwMDAwMDAwMDAwLCJ1cGRhdGUiOjEyMDAwMDAwMDAwMH19","dependencies":["module.network_hub.aws_subnet.egress_firewall_endpoint","module.network_hub.aws_vpc.central_egress","module.network_hub.data.aws_availability_zones.available"]},{"index_key":1,"schema_version":0,"attributes":{"arn":"arn:aws:ec2:eu-west-1:776564762201:route-table/rtb-0700845c6ebe036c1","id":"rtb-0700845c6ebe036c1","owner_id":"776564762201","propagating_vgws":[],"region":"eu-west-1","route":[{"carrier_gateway_id":"","cidr_block":"0.0.0.0/0","core_network_arn":"","destination_prefix_list_id":"","egress_only_gateway_id":"","gateway_id":"","ipv6_cidr_block":"","local_gateway_id":"","nat_gateway_id":"nat-05b4844e5ebe7cfd5","network_interface_id":"","transit_gateway_id":"","vpc_endpoint_id":"","vpc_peering_connection_id":""},{"carrier_gateway_id":"","cidr_block":"100.96.0.0/14","core_network_arn":"","destination_prefix_list_id":"","egress_only_gateway_id":"","gateway_id":"","ipv6_cidr_block":"","local_gateway_id":"","nat_gateway_id":"","network_interface_id":"","transit_gateway_id":"tgw-0284b236e26e8934e","vpc_endpoint_id":"","vpc_peering_connection_id":""}],"tags":{"AZ":"eu-west-1b","CardData":"no","Classification":"nonpublic","Environment":"dev","GitURL":"https://gitlab.com/williamhillplc/technical-services/networks/channels-team.git","ManagedBy":"OpenTofu","Migrated":"no","Name":"network-hub-dev-egress-fw-endpoint-rt-1b","Product":"network-hub","Project":"network-hub","Tier":"internal","Type":"egress-firewall-endpoint-route-table"},"tags_all":{"AZ":"eu-west-1b","CardData":"no","Classification":"nonpublic","Environment":"dev","GitURL":"https://gitlab.com/williamhillplc/technical-services/networks/channels-team.git","ManagedBy":"OpenTofu","Migrated":"no","Name":"network-hub-dev-egress-fw-endpoint-rt-1b","Product":"network-hub","Project":"network-hub","Tier":"internal","Type":"egress-firewall-endpoint-route-table"},"timeouts":null,"vpc_id":"vpc-0c9d5139053883a6e"},"sensitive_attributes":[],"private":"eyJlMmJmYjczMC1lY2FhLTExZTYtOGY4OC0zNDM2M2JjN2M0YzAiOnsiY3JlYXRlIjozMDAwMDAwMDAwMDAsImRlbGV0ZSI6MzAwMDAwMDAwMDAwLCJ1cGRhdGUiOjEyMDAwMDAwMDAwMH19","dependencies":["module.network_hub.aws_subnet.egress_firewall_endpoint","module.network_hub.aws_vpc.central_egress","module.network_hub.data.aws_availability_zones.available"]},{"index_key":2,"schema_version":0,"attributes":{"arn":"arn:aws:ec2:eu-west-1:776564762201:route-table/rtb-0a86fe634ffac5c3a","id":"rtb-0a86fe634ffac5c3a","owner_id":"776564762201","propagating_vgws":[],"region":"eu-west-1","route":[{"carrier_gateway_id":"","cidr_block":"0.0.0.0/0","core_network_arn":"","destination_prefix_list_id":"","egress_only_gateway_id":"","gateway_id":"","ipv6_cidr_block":"","local_gateway_id":"","nat_gateway_id":"nat-0a3ad865d5585a139","network_interface_id":"","transit_gateway_id":"","vpc_endpoint_id":"","vpc_peering_connection_id":""},{"carrier_gateway_id":"","cidr_block":"100.96.0.0/14","core_network_arn":"","destination_prefix_list_id":"","egress_only_gateway_id":"","gateway_id":"","ipv6_cidr_block":"","local_gateway_id":"","nat_gateway_id":"","network_interface_id":"","transit_gateway_id":"tgw-0284b236e26e8934e","vpc_endpoint_id":"","vpc_peering_connection_id":""}],"tags":{"AZ":"eu-west-1c","CardData":"no","Classification":"nonpublic","Environment":"dev","GitURL":"https://gitlab.com/williamhillplc/technical-services/networks/channels-team.git","ManagedBy":"OpenTofu","Migrated":"no","Name":"network-hub-dev-egress-fw-endpoint-rt-1c","Product":"network-hub","Project":"network-hub","Tier":"internal","Type":"egress-firewall-endpoint-route-table"},"tags_all":{"AZ":"eu-west-1c","CardData":"no","Classification":"nonpublic","Environment":"dev","GitURL":"https://gitlab.com/williamhillplc/technical-services/networks/channels-team.git","ManagedBy":"OpenTofu","Migrated":"no","Name":"network-hub-dev-egress-fw-endpoint-rt-1c","Product":"network-hub","Project":"network-hub","Tier":"internal","Type":"egress-firewall-endpoint-route-table"},"timeouts":null,"vpc_id":"vpc-0c9d5139053883a6e"},"sensitive_attributes":[],"private":"eyJlMmJmYjczMC1lY2FhLTExZTYtOGY4OC0zNDM2M2JjN2M0YzAiOnsiY3JlYXRlIjozMDAwMDAwMDAwMDAsImRlbGV0ZSI6MzAwMDAwMDAwMDAwLCJ1cGRhdGUiOjEyMDAwMDAwMDAwMH19","dependencies":["module.network_hub.aws_subnet.egress_firewall_endpoint","module.network_hub.aws_vpc.central_egress","module.network_hub.data.aws_availability_zones.available"]}]},{"module":"module.network_hub","mode":"managed","type":"aws_route_table","name":"egress_private","provider":"provider[\"registry.opentofu.org/hashicorp/aws\"]","instances":[{"index_key":0,"schema_version":0,"attributes":{"arn":"arn:aws:ec2:eu-west-1:776564762201:route-table/rtb-07a077361a03056a1","id":"rtb-07a077361a03056a1","owner_id":"776564762201","propagating_vgws":[],"region":"eu-west-1","route":[{"carrier_gateway_id":"","cidr_block":"0.0.0.0/0","core_network_arn":"","destination_prefix_list_id":"","egress_only_gateway_id":"","gateway_id":"","ipv6_cidr_block":"","local_gateway_id":"","nat_gateway_id":"","network_interface_id":"","transit_gateway_id":"","vpc_endpoint_id":"vpce-01c883212ac94ac7a","vpc_peering_connection_id":""},{"carrier_gateway_id":"","cidr_block":"100.96.0.0/14","core_network_arn":"","destination_prefix_list_id":"","egress_only_gateway_id":"","gateway_id":"","ipv6_cidr_block":"","local_gateway_id":"","nat_gateway_id":"","network_interface_id":"","transit_gateway_id":"tgw-0284b236e26e8934e","vpc_endpoint_id":"","vpc_peering_connection_id":""}],"tags":{"AZ":"eu-west-1a","CardData":"no","Classification":"nonpublic","Environment":"dev","GitURL":"https://gitlab.com/williamhillplc/technical-services/networks/channels-team.git","ManagedBy":"OpenTofu","Migrated":"no","Name":"network-hub-dev-egress-private-rt-1a","Product":"network-hub","Project":"network-hub","Tier":"internal","Type":"private-route-table"},"tags_all":{"AZ":"eu-west-1a","CardData":"no","Classification":"nonpublic","Environment":"dev","GitURL":"https://gitlab.com/williamhillplc/technical-services/networks/channels-team.git","ManagedBy":"OpenTofu","Migrated":"no","Name":"network-hub-dev-egress-private-rt-1a","Product":"network-hub","Project":"network-hub","Tier":"internal","Type":"private-route-table"},"timeouts":null,"vpc_id":"vpc-0c9d5139053883a6e"},"sensitive_attributes":[],"private":"eyJlMmJmYjczMC1lY2FhLTExZTYtOGY4OC0zNDM2M2JjN2M0YzAiOnsiY3JlYXRlIjozMDAwMDAwMDAwMDAsImRlbGV0ZSI6MzAwMDAwMDAwMDAwLCJ1cGRhdGUiOjEyMDAwMDAwMDAwMH19","dependencies":["module.network_hub.aws_vpc.central_egress","module.network_hub.data.aws_availability_zones.available"]},{"index_key":1,"schema_version":0,"attributes":{"arn":"arn:aws:ec2:eu-west-1:776564762201:route-table/rtb-057f0cdb78e3098f0","id":"rtb-057f0cdb78e3098f0","owner_id":"776564762201","propagating_vgws":[],"region":"eu-west-1","route":[{"carrier_gateway_id":"","cidr_block":"0.0.0.0/0","core_network_arn":"","destination_prefix_list_id":"","egress_only_gateway_id":"","gateway_id":"","ipv6_cidr_block":"","local_gateway_id":"","nat_gateway_id":"","network_interface_id":"","transit_gateway_id":"","vpc_endpoint_id":"vpce-027bc7c5ec2aef6a3","vpc_peering_connection_id":""},{"carrier_gateway_id":"","cidr_block":"100.96.0.0/14","core_network_arn":"","destination_prefix_list_id":"","egress_only_gateway_id":"","gateway_id":"","ipv6_cidr_block":"","local_gateway_id":"","nat_gateway_id":"","network_interface_id":"","transit_gateway_id":"tgw-0284b236e26e8934e","vpc_endpoint_id":"","vpc_peering_connection_id":""}],"tags":{"AZ":"eu-west-1b","CardData":"no","Classification":"nonpublic","Environment":"dev","GitURL":"https://gitlab.com/williamhillplc/technical-services/networks/channels-team.git","ManagedBy":"OpenTofu","Migrated":"no","Name":"network-hub-dev-egress-private-rt-1b","Product":"network-hub","Project":"network-hub","Tier":"internal","Type":"private-route-table"},"tags_all":{"AZ":"eu-west-1b","CardData":"no","Classification":"nonpublic","Environment":"dev","GitURL":"https://gitlab.com/williamhillplc/technical-services/networks/channels-team.git","ManagedBy":"OpenTofu","Migrated":"no","Name":"network-hub-dev-egress-private-rt-1b","Product":"network-hub","Project":"network-hub","Tier":"internal","Type":"private-route-table"},"timeouts":null,"vpc_id":"vpc-0c9d5139053883a6e"},"sensitive_attributes":[],"private":"eyJlMmJmYjczMC1lY2FhLTExZTYtOGY4OC0zNDM2M2JjN2M0YzAiOnsiY3JlYXRlIjozMDAwMDAwMDAwMDAsImRlbGV0ZSI6MzAwMDAwMDAwMDAwLCJ1cGRhdGUiOjEyMDAwMDAwMDAwMH19","dependencies":["module.network_hub.aws_vpc.central_egress","module.network_hub.data.aws_availability_zones.available"]},{"index_key":2,"schema_version":0,"attributes":{"arn":"arn:aws:ec2:eu-west-1:776564762201:route-table/rtb-03693589597397c70","id":"rtb-03693589597397c70","owner_id":"776564762201","propagating_vgws":[],"region":"eu-west-1","route":[{"carrier_gateway_id":"","cidr_block":"0.0.0.0/0","core_network_arn":"","destination_prefix_list_id":"","egress_only_gateway_id":"","gateway_id":"","ipv6_cidr_block":"","local_gateway_id":"","nat_gateway_id":"","network_interface_id":"","transit_gateway_id":"","vpc_endpoint_id":"vpce-0f23fe63e1171d97e","vpc_peering_connection_id":""},{"carrier_gateway_id":"","cidr_block":"100.96.0.0/14","core_network_arn":"","destination_prefix_list_id":"","egress_only_gateway_id":"","gateway_id":"","ipv6_cidr_block":"","local_gateway_id":"","nat_gateway_id":"","network_interface_id":"","transit_gateway_id":"tgw-0284b236e26e8934e","vpc_endpoint_id":"","vpc_peering_connection_id":""}],"tags":{"AZ":"eu-west-1c","CardData":"no","Classification":"nonpublic","Environment":"dev","GitURL":"https://gitlab.com/williamhillplc/technical-services/networks/channels-team.git","ManagedBy":"OpenTofu","Migrated":"no","Name":"network-hub-dev-egress-private-rt-1c","Product":"network-hub","Project":"network-hub","Tier":"internal","Type":"private-route-table"},"tags_all":{"AZ":"eu-west-1c","CardData":"no","Classification":"nonpublic","Environment":"dev","GitURL":"https://gitlab.com/williamhillplc/technical-services/networks/channels-team.git","ManagedBy":"OpenTofu","Migrated":"no","Name":"network-hub-dev-egress-private-rt-1c","Product":"network-hub","Project":"network-hub","Tier":"internal","Type":"private-route-table"},"timeouts":null,"vpc_id":"vpc-0c9d5139053883a6e"},"sensitive_attributes":[],"private":"eyJlMmJmYjczMC1lY2FhLTExZTYtOGY4OC0zNDM2M2JjN2M0YzAiOnsiY3JlYXRlIjozMDAwMDAwMDAwMDAsImRlbGV0ZSI6MzAwMDAwMDAwMDAwLCJ1cGRhdGUiOjEyMDAwMDAwMDAwMH19","dependencies":["module.network_hub.aws_vpc.central_egress","module.network_hub.data.aws_availability_zones.available"]}]},{"module":"module.network_hub","mode":"managed","type":"aws_route_table","name":"egress_public","provider":"provider[\"registry.opentofu.org/hashicorp/aws\"]","instances":[{"index_key":0,"schema_version":0,"attributes":{"arn":"arn:aws:ec2:eu-west-1:776564762201:route-table/rtb-0e31f780ac8415f47","id":"rtb-0e31f780ac8415f47","owner_id":"776564762201","propagating_vgws":[],"region":"eu-west-1","route":[{"carrier_gateway_id":"","cidr_block":"0.0.0.0/0","core_network_arn":"","destination_prefix_list_id":"","egress_only_gateway_id":"","gateway_id":"igw-06bee254026c663ce","ipv6_cidr_block":"","local_gateway_id":"","nat_gateway_id":"","network_interface_id":"","transit_gateway_id":"","vpc_endpoint_id":"","vpc_peering_connection_id":""},{"carrier_gateway_id":"","cidr_block":"100.96.0.0/14","core_network_arn":"","destination_prefix_list_id":"","egress_only_gateway_id":"","gateway_id":"","ipv6_cidr_block":"","local_gateway_id":"","nat_gateway_id":"","network_interface_id":"","transit_gateway_id":"","vpc_endpoint_id":"vpce-01c883212ac94ac7a","vpc_peering_connection_id":""}],"tags":{"AZ":"eu-west-1a","CardData":"no","Classification":"nonpublic","Environment":"dev","GitURL":"https://gitlab.com/williamhillplc/technical-services/networks/channels-team.git","ManagedBy":"OpenTofu","Migrated":"no","Name":"network-hub-dev-egress-public-rt-1a","Product":"network-hub","Project":"network-hub","Tier":"internal","Type":"public-route-table"},"tags_all":{"AZ":"eu-west-1a","CardData":"no","Classification":"nonpublic","Environment":"dev","GitURL":"https://gitlab.com/williamhillplc/technical-services/networks/channels-team.git","ManagedBy":"OpenTofu","Migrated":"no","Name":"network-hub-dev-egress-public-rt-1a","Product":"network-hub","Project":"network-hub","Tier":"internal","Type":"public-route-table"},"timeouts":null,"vpc_id":"vpc-0c9d5139053883a6e"},"sensitive_attributes":[],"private":"eyJlMmJmYjczMC1lY2FhLTExZTYtOGY4OC0zNDM2M2JjN2M0YzAiOnsiY3JlYXRlIjozMDAwMDAwMDAwMDAsImRlbGV0ZSI6MzAwMDAwMDAwMDAwLCJ1cGRhdGUiOjEyMDAwMDAwMDAwMH19","dependencies":["module.network_hub.aws_vpc.central_egress","module.network_hub.data.aws_availability_zones.available"]},{"index_key":1,"schema_version":0,"attributes":{"arn":"arn:aws:ec2:eu-west-1:776564762201:route-table/rtb-04555fa24d823e614","id":"rtb-04555fa24d823e614","owner_id":"776564762201","propagating_vgws":[],"region":"eu-west-1","route":[{"carrier_gateway_id":"","cidr_block":"0.0.0.0/0","core_network_arn":"","destination_prefix_list_id":"","egress_only_gateway_id":"","gateway_id":"igw-06bee254026c663ce","ipv6_cidr_block":"","local_gateway_id":"","nat_gateway_id":"","network_interface_id":"","transit_gateway_id":"","vpc_endpoint_id":"","vpc_peering_connection_id":""},{"carrier_gateway_id":"","cidr_block":"100.96.0.0/14","core_network_arn":"","destination_prefix_list_id":"","egress_only_gateway_id":"","gateway_id":"","ipv6_cidr_block":"","local_gateway_id":"","nat_gateway_id":"","network_interface_id":"","transit_gateway_id":"","vpc_endpoint_id":"vpce-027bc7c5ec2aef6a3","vpc_peering_connection_id":""}],"tags":{"AZ":"eu-west-1b","CardData":"no","Classification":"nonpublic","Environment":"dev","GitURL":"https://gitlab.com/williamhillplc/technical-services/networks/channels-team.git","ManagedBy":"OpenTofu","Migrated":"no","Name":"network-hub-dev-egress-public-rt-1b","Product":"network-hub","Project":"network-hub","Tier":"internal","Type":"public-route-table"},"tags_all":{"AZ":"eu-west-1b","CardData":"no","Classification":"nonpublic","Environment":"dev","GitURL":"https://gitlab.com/williamhillplc/technical-services/networks/channels-team.git","ManagedBy":"OpenTofu","Migrated":"no","Name":"network-hub-dev-egress-public-rt-1b","Product":"network-hub","Project":"network-hub","Tier":"internal","Type":"public-route-table"},"timeouts":null,"vpc_id":"vpc-0c9d5139053883a6e"},"sensitive_attributes":[],"private":"eyJlMmJmYjczMC1lY2FhLTExZTYtOGY4OC0zNDM2M2JjN2M0YzAiOnsiY3JlYXRlIjozMDAwMDAwMDAwMDAsImRlbGV0ZSI6MzAwMDAwMDAwMDAwLCJ1cGRhdGUiOjEyMDAwMDAwMDAwMH19","dependencies":["module.network_hub.aws_vpc.central_egress","module.network_hub.data.aws_availability_zones.available"]},{"index_key":2,"schema_version":0,"attributes":{"arn":"arn:aws:ec2:eu-west-1:776564762201:route-table/rtb-03f4f04385c560b74","id":"rtb-03f4f04385c560b74","owner_id":"776564762201","propagating_vgws":[],"region":"eu-west-1","route":[{"carrier_gateway_id":"","cidr_block":"0.0.0.0/0","core_network_arn":"","destination_prefix_list_id":"","egress_only_gateway_id":"","gateway_id":"igw-06bee254026c663ce","ipv6_cidr_block":"","local_gateway_id":"","nat_gateway_id":"","network_interface_id":"","transit_gateway_id":"","vpc_endpoint_id":"","vpc_peering_connection_id":""},{"carrier_gateway_id":"","cidr_block":"100.96.0.0/14","core_network_arn":"","destination_prefix_list_id":"","egress_only_gateway_id":"","gateway_id":"","ipv6_cidr_block":"","local_gateway_id":"","nat_gateway_id":"","network_interface_id":"","transit_gateway_id":"","vpc_endpoint_id":"vpce-0f23fe63e1171d97e","vpc_peering_connection_id":""}],"tags":{"AZ":"eu-west-1c","CardData":"no","Classification":"nonpublic","Environment":"dev","GitURL":"https://gitlab.com/williamhillplc/technical-services/networks/channels-team.git","ManagedBy":"OpenTofu","Migrated":"no","Name":"network-hub-dev-egress-public-rt-1c","Product":"network-hub","Project":"network-hub","Tier":"internal","Type":"public-route-table"},"tags_all":{"AZ":"eu-west-1c","CardData":"no","Classification":"nonpublic","Environment":"dev","GitURL":"https://gitlab.com/williamhillplc/technical-services/networks/channels-team.git","ManagedBy":"OpenTofu","Migrated":"no","Name":"network-hub-dev-egress-public-rt-1c","Product":"network-hub","Project":"network-hub","Tier":"internal","Type":"public-route-table"},"timeouts":null,"vpc_id":"vpc-0c9d5139053883a6e"},"sensitive_attributes":[],"private":"eyJlMmJmYjczMC1lY2FhLTExZTYtOGY4OC0zNDM2M2JjN2M0YzAiOnsiY3JlYXRlIjozMDAwMDAwMDAwMDAsImRlbGV0ZSI6MzAwMDAwMDAwMDAwLCJ1cGRhdGUiOjEyMDAwMDAwMDAwMH19","dependencies":["module.network_hub.aws_vpc.central_egress","module.network_hub.data.aws_availability_zones.available"]}]},{"module":"module.network_hub","mode":"managed","type":"aws_route_table","name":"firewall_endpoint","provider":"provider[\"registry.opentofu.org/hashicorp/aws\"]","instances":[{"index_key":0,"schema_version":0,"attributes":{"arn":"arn:aws:ec2:eu-west-1:776564762201:route-table/rtb-04965dcc2420cb35a","id":"rtb-04965dcc2420cb35a","owner_id":"776564762201","propagating_vgws":[],"region":"eu-west-1","route":[],"tags":{"AZ":"eu-west-1a","CardData":"no","Classification":"nonpublic","Environment":"dev","GitURL":"https://gitlab.com/williamhillplc/technical-services/networks/channels-team.git","ManagedBy":"OpenTofu","Migrated":"no","Name":"network-hub-dev-fw-endpoint-rt-1a","Product":"network-hub","Project":"network-hub","Tier":"internal","Type":"firewall-endpoint-route-table"},"tags_all":{"AZ":"eu-west-1a","CardData":"no","Classification":"nonpublic","Environment":"dev","GitURL":"https://gitlab.com/williamhillplc/technical-services/networks/channels-team.git","ManagedBy":"OpenTofu","Migrated":"no","Name":"network-hub-dev-fw-endpoint-rt-1a","Product":"network-hub","Project":"network-hub","Tier":"internal","Type":"firewall-endpoint-route-table"},"timeouts":null,"vpc_id":"vpc-0c29daa332d3c4fb9"},"sensitive_attributes":[],"private":"eyJlMmJmYjczMC1lY2FhLTExZTYtOGY4OC0zNDM2M2JjN2M0YzAiOnsiY3JlYXRlIjozMDAwMDAwMDAwMDAsImRlbGV0ZSI6MzAwMDAwMDAwMDAwLCJ1cGRhdGUiOjEyMDAwMDAwMDAwMH19","dependencies":["module.network_hub.aws_vpc.firewall","module.network_hub.data.aws_availability_zones.available"]},{"index_key":1,"schema_version":0,"attributes":{"arn":"arn:aws:ec2:eu-west-1:776564762201:route-table/rtb-01b210b7d2180364f","id":"rtb-01b210b7d2180364f","owner_id":"776564762201","propagating_vgws":[],"region":"eu-west-1","route":[],"tags":{"AZ":"eu-west-1b","CardData":"no","Classification":"nonpublic","Environment":"dev","GitURL":"https://gitlab.com/williamhillplc/technical-services/networks/channels-team.git","ManagedBy":"OpenTofu","Migrated":"no","Name":"network-hub-dev-fw-endpoint-rt-1b","Product":"network-hub","Project":"network-hub","Tier":"internal","Type":"firewall-endpoint-route-table"},"tags_all":{"AZ":"eu-west-1b","CardData":"no","Classification":"nonpublic","Environment":"dev","GitURL":"https://gitlab.com/williamhillplc/technical-services/networks/channels-team.git","ManagedBy":"OpenTofu","Migrated":"no","Name":"network-hub-dev-fw-endpoint-rt-1b","Product":"network-hub","Project":"network-hub","Tier":"internal","Type":"firewall-endpoint-route-table"},"timeouts":null,"vpc_id":"vpc-0c29daa332d3c4fb9"},"sensitive_attributes":[],"private":"eyJlMmJmYjczMC1lY2FhLTExZTYtOGY4OC0zNDM2M2JjN2M0YzAiOnsiY3JlYXRlIjozMDAwMDAwMDAwMDAsImRlbGV0ZSI6MzAwMDAwMDAwMDAwLCJ1cGRhdGUiOjEyMDAwMDAwMDAwMH19","dependencies":["module.network_hub.aws_vpc.firewall","module.network_hub.data.aws_availability_zones.available"]},{"index_key":2,"schema_version":0,"attributes":{"arn":"arn:aws:ec2:eu-west-1:776564762201:route-table/rtb-0af82d25e59b2f5cb","id":"rtb-0af82d25e59b2f5cb","owner_id":"776564762201","propagating_vgws":[],"region":"eu-west-1","route":[],"tags":{"AZ":"eu-west-1c","CardData":"no","Classification":"nonpublic","Environment":"dev","GitURL":"https://gitlab.com/williamhillplc/technical-services/networks/channels-team.git","ManagedBy":"OpenTofu","Migrated":"no","Name":"network-hub-dev-fw-endpoint-rt-1c","Product":"network-hub","Project":"network-hub","Tier":"internal","Type":"firewall-endpoint-route-table"},"tags_all":{"AZ":"eu-west-1c","CardData":"no","Classification":"nonpublic","Environment":"dev","GitURL":"https://gitlab.com/williamhillplc/technical-services/networks/channels-team.git","ManagedBy":"OpenTofu","Migrated":"no","Name":"network-hub-dev-fw-endpoint-rt-1c","Product":"network-hub","Project":"network-hub","Tier":"internal","Type":"firewall-endpoint-route-table"},"timeouts":null,"vpc_id":"vpc-0c29daa332d3c4fb9"},"sensitive_attributes":[],"private":"eyJlMmJmYjczMC1lY2FhLTExZTYtOGY4OC0zNDM2M2JjN2M0YzAiOnsiY3JlYXRlIjozMDAwMDAwMDAwMDAsImRlbGV0ZSI6MzAwMDAwMDAwMDAwLCJ1cGRhdGUiOjEyMDAwMDAwMDAwMH19","dependencies":["module.network_hub.aws_vpc.firewall","module.network_hub.data.aws_availability_zones.available"]}]},{"module":"module.network_hub","mode":"managed","type":"aws_route_table","name":"firewall_tgw","provider":"provider[\"registry.opentofu.org/hashicorp/aws\"]","instances":[{"index_key":0,"schema_version":0,"attributes":{"arn":"arn:aws:ec2:eu-west-1:776564762201:route-table/rtb-0e488a621515848fd","id":"rtb-0e488a621515848fd","owner_id":"776564762201","propagating_vgws":[],"region":"eu-west-1","route":[{"carrier_gateway_id":"","cidr_block":"0.0.0.0/0","core_network_arn":"","destination_prefix_list_id":"","egress_only_gateway_id":"","gateway_id":"","ipv6_cidr_block":"","local_gateway_id":"","nat_gateway_id":"","network_interface_id":"","transit_gateway_id":"","vpc_endpoint_id":"vpce-06f0dfc5c3f0bf789","vpc_peering_connection_id":""}],"tags":{"AZ":"eu-west-1a","CardData":"no","Classification":"nonpublic","Environment":"dev","GitURL":"https://gitlab.com/williamhillplc/technical-services/networks/channels-team.git","ManagedBy":"OpenTofu","Migrated":"no","Name":"network-hub-dev-fw-tgw-rt-1a","Product":"network-hub","Project":"network-hub","Tier":"internal","Type":"firewall-tgw-route-table"},"tags_all":{"AZ":"eu-west-1a","CardData":"no","Classification":"nonpublic","Environment":"dev","GitURL":"https://gitlab.com/williamhillplc/technical-services/networks/channels-team.git","ManagedBy":"OpenTofu","Migrated":"no","Name":"network-hub-dev-fw-tgw-rt-1a","Product":"network-hub","Project":"network-hub","Tier":"internal","Type":"firewall-tgw-route-table"},"timeouts":null,"vpc_id":"vpc-0c29daa332d3c4fb9"},"sensitive_attributes":[],"private":"eyJlMmJmYjczMC1lY2FhLTExZTYtOGY4OC0zNDM2M2JjN2M0YzAiOnsiY3JlYXRlIjozMDAwMDAwMDAwMDAsImRlbGV0ZSI6MzAwMDAwMDAwMDAwLCJ1cGRhdGUiOjEyMDAwMDAwMDAwMH19","dependencies":["module.network_hub.aws_vpc.firewall","module.network_hub.data.aws_availability_zones.available"]},{"index_key":1,"schema_version":0,"attributes":{"arn":"arn:aws:ec2:eu-west-1:776564762201:route-table/rtb-00433c1782f34c350","id":"rtb-00433c1782f34c350","owner_id":"776564762201","propagating_vgws":[],"region":"eu-west-1","route":[{"carrier_gateway_id":"","cidr_block":"0.0.0.0/0","core_network_arn":"","destination_prefix_list_id":"","egress_only_gateway_id":"","gateway_id":"","ipv6_cidr_block":"","local_gateway_id":"","nat_gateway_id":"","network_interface_id":"","transit_gateway_id":"","vpc_endpoint_id":"vpce-0a1ddce3a83f4e5ca","vpc_peering_connection_id":""}],"tags":{"AZ":"eu-west-1b","CardData":"no","Classification":"nonpublic","Environment":"dev","GitURL":"https://gitlab.com/williamhillplc/technical-services/networks/channels-team.git","ManagedBy":"OpenTofu","Migrated":"no","Name":"network-hub-dev-fw-tgw-rt-1b","Product":"network-hub","Project":"network-hub","Tier":"internal","Type":"firewall-tgw-route-table"},"tags_all":{"AZ":"eu-west-1b","CardData":"no","Classification":"nonpublic","Environment":"dev","GitURL":"https://gitlab.com/williamhillplc/technical-services/networks/channels-team.git","ManagedBy":"OpenTofu","Migrated":"no","Name":"network-hub-dev-fw-tgw-rt-1b","Product":"network-hub","Project":"network-hub","Tier":"internal","Type":"firewall-tgw-route-table"},"timeouts":null,"vpc_id":"vpc-0c29daa332d3c4fb9"},"sensitive_attributes":[],"private":"eyJlMmJmYjczMC1lY2FhLTExZTYtOGY4OC0zNDM2M2JjN2M0YzAiOnsiY3JlYXRlIjozMDAwMDAwMDAwMDAsImRlbGV0ZSI6MzAwMDAwMDAwMDAwLCJ1cGRhdGUiOjEyMDAwMDAwMDAwMH19","dependencies":["module.network_hub.aws_vpc.firewall","module.network_hub.data.aws_availability_zones.available"]},{"index_key":2,"schema_version":0,"attributes":{"arn":"arn:aws:ec2:eu-west-1:776564762201:route-table/rtb-06a5db521ecd613de","id":"rtb-06a5db521ecd613de","owner_id":"776564762201","propagating_vgws":[],"region":"eu-west-1","route":[{"carrier_gateway_id":"","cidr_block":"0.0.0.0/0","core_network_arn":"","destination_prefix_list_id":"","egress_only_gateway_id":"","gateway_id":"","ipv6_cidr_block":"","local_gateway_id":"","nat_gateway_id":"","network_interface_id":"","transit_gateway_id":"","vpc_endpoint_id":"vpce-0eddadbade7a6967e","vpc_peering_connection_id":""}],"tags":{"AZ":"eu-west-1c","CardData":"no","Classification":"nonpublic","Environment":"dev","GitURL":"https://gitlab.com/williamhillplc/technical-services/networks/channels-team.git","ManagedBy":"OpenTofu","Migrated":"no","Name":"network-hub-dev-fw-tgw-rt-1c","Product":"network-hub","Project":"network-hub","Tier":"internal","Type":"firewall-tgw-route-table"},"tags_all":{"AZ":"eu-west-1c","CardData":"no","Classification":"nonpublic","Environment":"dev","GitURL":"https://gitlab.com/williamhillplc/technical-services/networks/channels-team.git","ManagedBy":"OpenTofu","Migrated":"no","Name":"network-hub-dev-fw-tgw-rt-1c","Product":"network-hub","Project":"network-hub","Tier":"internal","Type":"firewall-tgw-route-table"},"timeouts":null,"vpc_id":"vpc-0c29daa332d3c4fb9"},"sensitive_attributes":[],"private":"eyJlMmJmYjczMC1lY2FhLTExZTYtOGY4OC0zNDM2M2JjN2M0YzAiOnsiY3JlYXRlIjozMDAwMDAwMDAwMDAsImRlbGV0ZSI6MzAwMDAwMDAwMDAwLCJ1cGRhdGUiOjEyMDAwMDAwMDAwMH19","dependencies":["module.network_hub.aws_vpc.firewall","module.network_hub.data.aws_availability_zones.available"]}]},{"module":"module.network_hub","mode":"managed","type":"aws_route_table_association","name":"egress_firewall_endpoint","provider":"provider[\"registry.opentofu.org/hashicorp/aws\"]","instances":[{"index_key":0,"schema_version":0,"attributes":{"gateway_id":"","id":"rtbassoc-0a670820d406def7c","region":"eu-west-1","route_table_id":"rtb-09e43ac2665daf6af","subnet_id":"subnet-002f23239ab301739","timeouts":null},"sensitive_attributes":[],"private":"eyJlMmJmYjczMC1lY2FhLTExZTYtOGY4OC0zNDM2M2JjN2M0YzAiOnsiY3JlYXRlIjozMDAwMDAwMDAwMDAsImRlbGV0ZSI6MzAwMDAwMDAwMDAwLCJ1cGRhdGUiOjEyMDAwMDAwMDAwMH19","dependencies":["module.network_hub.aws_route_table.egress_firewall_endpoint","module.network_hub.aws_subnet.egress_firewall_endpoint","module.network_hub.aws_vpc.central_egress","module.network_hub.data.aws_availability_zones.available"]},{"index_key":1,"schema_version":0,"attributes":{"gateway_id":"","id":"rtbassoc-09cd29b49e120d7ba","region":"eu-west-1","route_table_id":"rtb-0700845c6ebe036c1","subnet_id":"subnet-0ba6e368683a0071b","timeouts":null},"sensitive_attributes":[],"private":"eyJlMmJmYjczMC1lY2FhLTExZTYtOGY4OC0zNDM2M2JjN2M0YzAiOnsiY3JlYXRlIjozMDAwMDAwMDAwMDAsImRlbGV0ZSI6MzAwMDAwMDAwMDAwLCJ1cGRhdGUiOjEyMDAwMDAwMDAwMH19","dependencies":["module.network_hub.aws_route_table.egress_firewall_endpoint","module.network_hub.aws_subnet.egress_firewall_endpoint","module.network_hub.aws_vpc.central_egress","module.network_hub.data.aws_availability_zones.available"]},{"index_key":2,"schema_version":0,"attributes":{"gateway_id":"","id":"rtbassoc-031fefe74ce7068cb","region":"eu-west-1","route_table_id":"rtb-0a86fe634ffac5c3a","subnet_id":"subnet-01e2aa1768ee8e3f0","timeouts":null},"sensitive_attributes":[],"private":"eyJlMmJmYjczMC1lY2FhLTExZTYtOGY4OC0zNDM2M2JjN2M0YzAiOnsiY3JlYXRlIjozMDAwMDAwMDAwMDAsImRlbGV0ZSI6MzAwMDAwMDAwMDAwLCJ1cGRhdGUiOjEyMDAwMDAwMDAwMH19","dependencies":["module.network_hub.aws_route_table.egress_firewall_endpoint","module.network_hub.aws_subnet.egress_firewall_endpoint","module.network_hub.aws_vpc.central_egress","module.network_hub.data.aws_availability_zones.available"]}]},{"module":"module.network_hub","mode":"managed","type":"aws_route_table_association","name":"egress_private","provider":"provider[\"registry.opentofu.org/hashicorp/aws\"]","instances":[{"index_key":0,"schema_version":0,"attributes":{"gateway_id":"","id":"rtbassoc-026600ab982c120b9","region":"eu-west-1","route_table_id":"rtb-07a077361a03056a1","subnet_id":"subnet-0ba2b72603c1b8e7b","timeouts":null},"sensitive_attributes":[],"private":"eyJlMmJmYjczMC1lY2FhLTExZTYtOGY4OC0zNDM2M2JjN2M0YzAiOnsiY3JlYXRlIjozMDAwMDAwMDAwMDAsImRlbGV0ZSI6MzAwMDAwMDAwMDAwLCJ1cGRhdGUiOjEyMDAwMDAwMDAwMH19","dependencies":["module.network_hub.aws_route_table.egress_private","module.network_hub.aws_subnet.egress_private","module.network_hub.aws_vpc.central_egress","module.network_hub.data.aws_availability_zones.available"]},{"index_key":1,"schema_version":0,"attributes":{"gateway_id":"","id":"rtbassoc-0fd57125e813cac32","region":"eu-west-1","route_table_id":"rtb-057f0cdb78e3098f0","subnet_id":"subnet-0d9a6a8b6c1095a18","timeouts":null},"sensitive_attributes":[],"private":"eyJlMmJmYjczMC1lY2FhLTExZTYtOGY4OC0zNDM2M2JjN2M0YzAiOnsiY3JlYXRlIjozMDAwMDAwMDAwMDAsImRlbGV0ZSI6MzAwMDAwMDAwMDAwLCJ1cGRhdGUiOjEyMDAwMDAwMDAwMH19","dependencies":["module.network_hub.aws_route_table.egress_private","module.network_hub.aws_subnet.egress_private","module.network_hub.aws_vpc.central_egress","module.network_hub.data.aws_availability_zones.available"]},{"index_key":2,"schema_version":0,"attributes":{"gateway_id":"","id":"rtbassoc-0c2de6c2090c0170a","region":"eu-west-1","route_table_id":"rtb-03693589597397c70","subnet_id":"subnet-0ae96febfd86d409d","timeouts":null},"sensitive_attributes":[],"private":"eyJlMmJmYjczMC1lY2FhLTExZTYtOGY4OC0zNDM2M2JjN2M0YzAiOnsiY3JlYXRlIjozMDAwMDAwMDAwMDAsImRlbGV0ZSI6MzAwMDAwMDAwMDAwLCJ1cGRhdGUiOjEyMDAwMDAwMDAwMH19","dependencies":["module.network_hub.aws_route_table.egress_private","module.network_hub.aws_subnet.egress_private","module.network_hub.aws_vpc.central_egress","module.network_hub.data.aws_availability_zones.available"]}]},{"module":"module.network_hub","mode":"managed","type":"aws_route_table_association","name":"egress_public","provider":"provider[\"registry.opentofu.org/hashicorp/aws\"]","instances":[{"index_key":0,"schema_version":0,"attributes":{"gateway_id":"","id":"rtbassoc-0150095e23f99e748","region":"eu-west-1","route_table_id":"rtb-0e31f780ac8415f47","subnet_id":"subnet-0207ac87524f48df5","timeouts":null},"sensitive_attributes":[],"private":"eyJlMmJmYjczMC1lY2FhLTExZTYtOGY4OC0zNDM2M2JjN2M0YzAiOnsiY3JlYXRlIjozMDAwMDAwMDAwMDAsImRlbGV0ZSI6MzAwMDAwMDAwMDAwLCJ1cGRhdGUiOjEyMDAwMDAwMDAwMH19","dependencies":["module.network_hub.aws_route_table.egress_public","module.network_hub.aws_subnet.egress_public","module.network_hub.aws_vpc.central_egress","module.network_hub.data.aws_availability_zones.available"]},{"index_key":1,"schema_version":0,"attributes":{"gateway_id":"","id":"rtbassoc-0e63ad2ac3472a1d1","region":"eu-west-1","route_table_id":"rtb-04555fa24d823e614","subnet_id":"subnet-0fa992c2f9d3aca53","timeouts":null},"sensitive_attributes":[],"private":"eyJlMmJmYjczMC1lY2FhLTExZTYtOGY4OC0zNDM2M2JjN2M0YzAiOnsiY3JlYXRlIjozMDAwMDAwMDAwMDAsImRlbGV0ZSI6MzAwMDAwMDAwMDAwLCJ1cGRhdGUiOjEyMDAwMDAwMDAwMH19","dependencies":["module.network_hub.aws_route_table.egress_public","module.network_hub.aws_subnet.egress_public","module.network_hub.aws_vpc.central_egress","module.network_hub.data.aws_availability_zones.available"]},{"index_key":2,"schema_version":0,"attributes":{"gateway_id":"","id":"rtbassoc-0eefb8a3a79d5713c","region":"eu-west-1","route_table_id":"rtb-03f4f04385c560b74","subnet_id":"subnet-0fbbb3dbe1bed0e18","timeouts":null},"sensitive_attributes":[],"private":"eyJlMmJmYjczMC1lY2FhLTExZTYtOGY4OC0zNDM2M2JjN2M0YzAiOnsiY3JlYXRlIjozMDAwMDAwMDAwMDAsImRlbGV0ZSI6MzAwMDAwMDAwMDAwLCJ1cGRhdGUiOjEyMDAwMDAwMDAwMH19","dependencies":["module.network_hub.aws_route_table.egress_public","module.network_hub.aws_subnet.egress_public","module.network_hub.aws_vpc.central_egress","module.network_hub.data.aws_availability_zones.available"]}]},{"module":"module.network_hub","mode":"managed","type":"aws_route_table_association","name":"firewall_endpoint","provider":"provider[\"registry.opentofu.org/hashicorp/aws\"]","instances":[{"index_key":0,"schema_version":0,"attributes":{"gateway_id":"","id":"rtbassoc-0650d4c45f96cf751","region":"eu-west-1","route_table_id":"rtb-04965dcc2420cb35a","subnet_id":"subnet-0e4a71b82158df324","timeouts":null},"sensitive_attributes":[],"private":"eyJlMmJmYjczMC1lY2FhLTExZTYtOGY4OC0zNDM2M2JjN2M0YzAiOnsiY3JlYXRlIjozMDAwMDAwMDAwMDAsImRlbGV0ZSI6MzAwMDAwMDAwMDAwLCJ1cGRhdGUiOjEyMDAwMDAwMDAwMH19","dependencies":["module.network_hub.aws_route_table.firewall_endpoint","module.network_hub.aws_subnet.firewall_endpoint","module.network_hub.aws_vpc.firewall","module.network_hub.data.aws_availability_zones.available"]},{"index_key":1,"schema_version":0,"attributes":{"gateway_id":"","id":"rtbassoc-04a614905c9582766","region":"eu-west-1","route_table_id":"rtb-01b210b7d2180364f","subnet_id":"subnet-0cd468a6112e7cdb1","timeouts":null},"sensitive_attributes":[],"private":"eyJlMmJmYjczMC1lY2FhLTExZTYtOGY4OC0zNDM2M2JjN2M0YzAiOnsiY3JlYXRlIjozMDAwMDAwMDAwMDAsImRlbGV0ZSI6MzAwMDAwMDAwMDAwLCJ1cGRhdGUiOjEyMDAwMDAwMDAwMH19","dependencies":["module.network_hub.aws_route_table.firewall_endpoint","module.network_hub.aws_subnet.firewall_endpoint","module.network_hub.aws_vpc.firewall","module.network_hub.data.aws_availability_zones.available"]},{"index_key":2,"schema_version":0,"attributes":{"gateway_id":"","id":"rtbassoc-01fadbc429b9bf7da","region":"eu-west-1","route_table_id":"rtb-0af82d25e59b2f5cb","subnet_id":"subnet-0ced88f41b5e22841","timeouts":null},"sensitive_attributes":[],"private":"eyJlMmJmYjczMC1lY2FhLTExZTYtOGY4OC0zNDM2M2JjN2M0YzAiOnsiY3JlYXRlIjozMDAwMDAwMDAwMDAsImRlbGV0ZSI6MzAwMDAwMDAwMDAwLCJ1cGRhdGUiOjEyMDAwMDAwMDAwMH19","dependencies":["module.network_hub.aws_route_table.firewall_endpoint","module.network_hub.aws_subnet.firewall_endpoint","module.network_hub.aws_vpc.firewall","module.network_hub.data.aws_availability_zones.available"]}]},{"module":"module.network_hub","mode":"managed","type":"aws_route_table_association","name":"firewall_tgw","provider":"provider[\"registry.opentofu.org/hashicorp/aws\"]","instances":[{"index_key":0,"schema_version":0,"attributes":{"gateway_id":"","id":"rtbassoc-087fecfe56e0aa318","region":"eu-west-1","route_table_id":"rtb-0e488a621515848fd","subnet_id":"subnet-026a00e0cd6caf2c4","timeouts":null},"sensitive_attributes":[],"private":"eyJlMmJmYjczMC1lY2FhLTExZTYtOGY4OC0zNDM2M2JjN2M0YzAiOnsiY3JlYXRlIjozMDAwMDAwMDAwMDAsImRlbGV0ZSI6MzAwMDAwMDAwMDAwLCJ1cGRhdGUiOjEyMDAwMDAwMDAwMH19","dependencies":["module.network_hub.aws_route_table.firewall_tgw","module.network_hub.aws_subnet.firewall_tgw","module.network_hub.aws_vpc.firewall","module.network_hub.data.aws_availability_zones.available"]},{"index_key":1,"schema_version":0,"attributes":{"gateway_id":"","id":"rtbassoc-0e4359dd198b0022f","region":"eu-west-1","route_table_id":"rtb-00433c1782f34c350","subnet_id":"subnet-0ea39ade00628c07b","timeouts":null},"sensitive_attributes":[],"private":"eyJlMmJmYjczMC1lY2FhLTExZTYtOGY4OC0zNDM2M2JjN2M0YzAiOnsiY3JlYXRlIjozMDAwMDAwMDAwMDAsImRlbGV0ZSI6MzAwMDAwMDAwMDAwLCJ1cGRhdGUiOjEyMDAwMDAwMDAwMH19","dependencies":["module.network_hub.aws_route_table.firewall_tgw","module.network_hub.aws_subnet.firewall_tgw","module.network_hub.aws_vpc.firewall","module.network_hub.data.aws_availability_zones.available"]},{"index_key":2,"schema_version":0,"attributes":{"gateway_id":"","id":"rtbassoc-051d55f4e935176f2","region":"eu-west-1","route_table_id":"rtb-06a5db521ecd613de","subnet_id":"subnet-049c49e561fb119a1","timeouts":null},"sensitive_attributes":[],"private":"eyJlMmJmYjczMC1lY2FhLTExZTYtOGY4OC0zNDM2M2JjN2M0YzAiOnsiY3JlYXRlIjozMDAwMDAwMDAwMDAsImRlbGV0ZSI6MzAwMDAwMDAwMDAwLCJ1cGRhdGUiOjEyMDAwMDAwMDAwMH19","dependencies":["module.network_hub.aws_route_table.firewall_tgw","module.network_hub.aws_subnet.firewall_tgw","module.network_hub.aws_vpc.firewall","module.network_hub.data.aws_availability_zones.available"]}]},{"module":"module.network_hub","mode":"managed","type":"aws_subnet","name":"egress_firewall_endpoint","provider":"provider[\"registry.opentofu.org/hashicorp/aws\"]","instances":[{"index_key":0,"schema_version":1,"attributes":{"arn":"arn:aws:ec2:eu-west-1:776564762201:subnet/subnet-002f23239ab301739","assign_ipv6_address_on_creation":false,"availability_zone":"eu-west-1a","availability_zone_id":"euw1-az2","cidr_block":"100.96.2.96/28","customer_owned_ipv4_pool":"","enable_dns64":false,"enable_lni_at_device_index":0,"enable_resource_name_dns_a_record_on_launch":false,"enable_resource_name_dns_aaaa_record_on_launch":false,"id":"subnet-002f23239ab301739","ipv6_cidr_block":"","ipv6_cidr_block_association_id":"","ipv6_native":false,"map_customer_owned_ip_on_launch":false,"map_public_ip_on_launch":false,"outpost_arn":"","owner_id":"776564762201","private_dns_hostname_type_on_launch":"ip-name","region":"eu-west-1","tags":{"AZ":"eu-west-1a","CardData":"no","Classification":"nonpublic","Environment":"dev","GitURL":"https://gitlab.com/williamhillplc/technical-services/networks/channels-team.git","ManagedBy":"OpenTofu","Migrated":"no","Name":"network-hub-dev-egress-fw-endpoint-subnet-1a","Product":"network-hub","Project":"network-hub","Tier":"internal","Type":"egress-firewall-endpoint","VPC":"central-egress"},"tags_all":{"AZ":"eu-west-1a","CardData":"no","Classification":"nonpublic","Environment":"dev","GitURL":"https://gitlab.com/williamhillplc/technical-services/networks/channels-team.git","ManagedBy":"OpenTofu","Migrated":"no","Name":"network-hub-dev-egress-fw-endpoint-subnet-1a","Product":"network-hub","Project":"network-hub","Tier":"internal","Type":"egress-firewall-endpoint","VPC":"central-egress"},"timeouts":null,"vpc_id":"vpc-0c9d5139053883a6e"},"sensitive_attributes":[],"private":"eyJlMmJmYjczMC1lY2FhLTExZTYtOGY4OC0zNDM2M2JjN2M0YzAiOnsiY3JlYXRlIjo2MDAwMDAwMDAwMDAsImRlbGV0ZSI6MTIwMDAwMDAwMDAwMH0sInNjaGVtYV92ZXJzaW9uIjoiMSJ9","dependencies":["module.network_hub.aws_vpc.central_egress","module.network_hub.data.aws_availability_zones.available"]},{"index_key":1,"schema_version":1,"attributes":{"arn":"arn:aws:ec2:eu-west-1:776564762201:subnet/subnet-0ba6e368683a0071b","assign_ipv6_address_on_creation":false,"availability_zone":"eu-west-1b","availability_zone_id":"euw1-az3","cidr_block":"100.96.2.112/28","customer_owned_ipv4_pool":"","enable_dns64":false,"enable_lni_at_device_index":0,"enable_resource_name_dns_a_record_on_launch":false,"enable_resource_name_dns_aaaa_record_on_launch":false,"id":"subnet-0ba6e368683a0071b","ipv6_cidr_block":"","ipv6_cidr_block_association_id":"","ipv6_native":false,"map_customer_owned_ip_on_launch":false,"map_public_ip_on_launch":false,"outpost_arn":"","owner_id":"776564762201","private_dns_hostname_type_on_launch":"ip-name","region":"eu-west-1","tags":{"AZ":"eu-west-1b","CardData":"no","Classification":"nonpublic","Environment":"dev","GitURL":"https://gitlab.com/williamhillplc/technical-services/networks/channels-team.git","ManagedBy":"OpenTofu","Migrated":"no","Name":"network-hub-dev-egress-fw-endpoint-subnet-1b","Product":"network-hub","Project":"network-hub","Tier":"internal","Type":"egress-firewall-endpoint","VPC":"central-egress"},"tags_all":{"AZ":"eu-west-1b","CardData":"no","Classification":"nonpublic","Environment":"dev","GitURL":"https://gitlab.com/williamhillplc/technical-services/networks/channels-team.git","ManagedBy":"OpenTofu","Migrated":"no","Name":"network-hub-dev-egress-fw-endpoint-subnet-1b","Product":"network-hub","Project":"network-hub","Tier":"internal","Type":"egress-firewall-endpoint","VPC":"central-egress"},"timeouts":null,"vpc_id":"vpc-0c9d5139053883a6e"},"sensitive_attributes":[],"private":"eyJlMmJmYjczMC1lY2FhLTExZTYtOGY4OC0zNDM2M2JjN2M0YzAiOnsiY3JlYXRlIjo2MDAwMDAwMDAwMDAsImRlbGV0ZSI6MTIwMDAwMDAwMDAwMH0sInNjaGVtYV92ZXJzaW9uIjoiMSJ9","dependencies":["module.network_hub.aws_vpc.central_egress","module.network_hub.data.aws_availability_zones.available"]},{"index_key":2,"schema_version":1,"attributes":{"arn":"arn:aws:ec2:eu-west-1:776564762201:subnet/subnet-01e2aa1768ee8e3f0","assign_ipv6_address_on_creation":false,"availability_zone":"eu-west-1c","availability_zone_id":"euw1-az1","cidr_block":"100.96.2.128/28","customer_owned_ipv4_pool":"","enable_dns64":false,"enable_lni_at_device_index":0,"enable_resource_name_dns_a_record_on_launch":false,"enable_resource_name_dns_aaaa_record_on_launch":false,"id":"subnet-01e2aa1768ee8e3f0","ipv6_cidr_block":"","ipv6_cidr_block_association_id":"","ipv6_native":false,"map_customer_owned_ip_on_launch":false,"map_public_ip_on_launch":false,"outpost_arn":"","owner_id":"776564762201","private_dns_hostname_type_on_launch":"ip-name","region":"eu-west-1","tags":{"AZ":"eu-west-1c","CardData":"no","Classification":"nonpublic","Environment":"dev","GitURL":"https://gitlab.com/williamhillplc/technical-services/networks/channels-team.git","ManagedBy":"OpenTofu","Migrated":"no","Name":"network-hub-dev-egress-fw-endpoint-subnet-1c","Product":"network-hub","Project":"network-hub","Tier":"internal","Type":"egress-firewall-endpoint","VPC":"central-egress"},"tags_all":{"AZ":"eu-west-1c","CardData":"no","Classification":"nonpublic","Environment":"dev","GitURL":"https://gitlab.com/williamhillplc/technical-services/networks/channels-team.git","ManagedBy":"OpenTofu","Migrated":"no","Name":"network-hub-dev-egress-fw-endpoint-subnet-1c","Product":"network-hub","Project":"network-hub","Tier":"internal","Type":"egress-firewall-endpoint","VPC":"central-egress"},"timeouts":null,"vpc_id":"vpc-0c9d5139053883a6e"},"sensitive_attributes":[],"private":"eyJlMmJmYjczMC1lY2FhLTExZTYtOGY4OC0zNDM2M2JjN2M0YzAiOnsiY3JlYXRlIjo2MDAwMDAwMDAwMDAsImRlbGV0ZSI6MTIwMDAwMDAwMDAwMH0sInNjaGVtYV92ZXJzaW9uIjoiMSJ9","dependencies":["module.network_hub.aws_vpc.central_egress","module.network_hub.data.aws_availability_zones.available"]}]},{"module":"module.network_hub","mode":"managed","type":"aws_subnet","name":"egress_private","provider":"provider[\"registry.opentofu.org/hashicorp/aws\"]","instances":[{"index_key":0,"schema_version":1,"attributes":{"arn":"arn:aws:ec2:eu-west-1:776564762201:subnet/subnet-0ba2b72603c1b8e7b","assign_ipv6_address_on_creation":false,"availability_zone":"eu-west-1a","availability_zone_id":"euw1-az2","cidr_block":"100.96.2.0/28","customer_owned_ipv4_pool":"","enable_dns64":false,"enable_lni_at_device_index":0,"enable_resource_name_dns_a_record_on_launch":false,"enable_resource_name_dns_aaaa_record_on_launch":false,"id":"subnet-0ba2b72603c1b8e7b","ipv6_cidr_block":"","ipv6_cidr_block_association_id":"","ipv6_native":false,"map_customer_owned_ip_on_launch":false,"map_public_ip_on_launch":false,"outpost_arn":"","owner_id":"776564762201","private_dns_hostname_type_on_launch":"ip-name","region":"eu-west-1","tags":{"AZ":"eu-west-1a","CardData":"no","Classification":"nonpublic","Environment":"dev","GitURL":"https://gitlab.com/williamhillplc/technical-services/networks/channels-team.git","ManagedBy":"OpenTofu","Migrated":"no","Name":"network-hub-dev-egress-private-subnet-1a","Product":"network-hub","Project":"network-hub","Tier":"internal","Type":"egress-private","VPC":"central-egress"},"tags_all":{"AZ":"eu-west-1a","CardData":"no","Classification":"nonpublic","Environment":"dev","GitURL":"https://gitlab.com/williamhillplc/technical-services/networks/channels-team.git","ManagedBy":"OpenTofu","Migrated":"no","Name":"network-hub-dev-egress-private-subnet-1a","Product":"network-hub","Project":"network-hub","Tier":"internal","Type":"egress-private","VPC":"central-egress"},"timeouts":null,"vpc_id":"vpc-0c9d5139053883a6e"},"sensitive_attributes":[],"private":"eyJlMmJmYjczMC1lY2FhLTExZTYtOGY4OC0zNDM2M2JjN2M0YzAiOnsiY3JlYXRlIjo2MDAwMDAwMDAwMDAsImRlbGV0ZSI6MTIwMDAwMDAwMDAwMH0sInNjaGVtYV92ZXJzaW9uIjoiMSJ9","dependencies":["module.network_hub.aws_vpc.central_egress","module.network_hub.data.aws_availability_zones.available"]},{"index_key":1,"schema_version":1,"attributes":{"arn":"arn:aws:ec2:eu-west-1:776564762201:subnet/subnet-0d9a6a8b6c1095a18","assign_ipv6_address_on_creation":false,"availability_zone":"eu-west-1b","availability_zone_id":"euw1-az3","cidr_block":"100.96.2.16/28","customer_owned_ipv4_pool":"","enable_dns64":false,"enable_lni_at_device_index":0,"enable_resource_name_dns_a_record_on_launch":false,"enable_resource_name_dns_aaaa_record_on_launch":false,"id":"subnet-0d9a6a8b6c1095a18","ipv6_cidr_block":"","ipv6_cidr_block_association_id":"","ipv6_native":false,"map_customer_owned_ip_on_launch":false,"map_public_ip_on_launch":false,"outpost_arn":"","owner_id":"776564762201","private_dns_hostname_type_on_launch":"ip-name","region":"eu-west-1","tags":{"AZ":"eu-west-1b","CardData":"no","Classification":"nonpublic","Environment":"dev","GitURL":"https://gitlab.com/williamhillplc/technical-services/networks/channels-team.git","ManagedBy":"OpenTofu","Migrated":"no","Name":"network-hub-dev-egress-private-subnet-1b","Product":"network-hub","Project":"network-hub","Tier":"internal","Type":"egress-private","VPC":"central-egress"},"tags_all":{"AZ":"eu-west-1b","CardData":"no","Classification":"nonpublic","Environment":"dev","GitURL":"https://gitlab.com/williamhillplc/technical-services/networks/channels-team.git","ManagedBy":"OpenTofu","Migrated":"no","Name":"network-hub-dev-egress-private-subnet-1b","Product":"network-hub","Project":"network-hub","Tier":"internal","Type":"egress-private","VPC":"central-egress"},"timeouts":null,"vpc_id":"vpc-0c9d5139053883a6e"},"sensitive_attributes":[],"private":"eyJlMmJmYjczMC1lY2FhLTExZTYtOGY4OC0zNDM2M2JjN2M0YzAiOnsiY3JlYXRlIjo2MDAwMDAwMDAwMDAsImRlbGV0ZSI6MTIwMDAwMDAwMDAwMH0sInNjaGVtYV92ZXJzaW9uIjoiMSJ9","dependencies":["module.network_hub.aws_vpc.central_egress","module.network_hub.data.aws_availability_zones.available"]},{"index_key":2,"schema_version":1,"attributes":{"arn":"arn:aws:ec2:eu-west-1:776564762201:subnet/subnet-0ae96febfd86d409d","assign_ipv6_address_on_creation":false,"availability_zone":"eu-west-1c","availability_zone_id":"euw1-az1","cidr_block":"100.96.2.32/28","customer_owned_ipv4_pool":"","enable_dns64":false,"enable_lni_at_device_index":0,"enable_resource_name_dns_a_record_on_launch":false,"enable_resource_name_dns_aaaa_record_on_launch":false,"id":"subnet-0ae96febfd86d409d","ipv6_cidr_block":"","ipv6_cidr_block_association_id":"","ipv6_native":false,"map_customer_owned_ip_on_launch":false,"map_public_ip_on_launch":false,"outpost_arn":"","owner_id":"776564762201","private_dns_hostname_type_on_launch":"ip-name","region":"eu-west-1","tags":{"AZ":"eu-west-1c","CardData":"no","Classification":"nonpublic","Environment":"dev","GitURL":"https://gitlab.com/williamhillplc/technical-services/networks/channels-team.git","ManagedBy":"OpenTofu","Migrated":"no","Name":"network-hub-dev-egress-private-subnet-1c","Product":"network-hub","Project":"network-hub","Tier":"internal","Type":"egress-private","VPC":"central-egress"},"tags_all":{"AZ":"eu-west-1c","CardData":"no","Classification":"nonpublic","Environment":"dev","GitURL":"https://gitlab.com/williamhillplc/technical-services/networks/channels-team.git","ManagedBy":"OpenTofu","Migrated":"no","Name":"network-hub-dev-egress-private-subnet-1c","Product":"network-hub","Project":"network-hub","Tier":"internal","Type":"egress-private","VPC":"central-egress"},"timeouts":null,"vpc_id":"vpc-0c9d5139053883a6e"},"sensitive_attributes":[],"private":"eyJlMmJmYjczMC1lY2FhLTExZTYtOGY4OC0zNDM2M2JjN2M0YzAiOnsiY3JlYXRlIjo2MDAwMDAwMDAwMDAsImRlbGV0ZSI6MTIwMDAwMDAwMDAwMH0sInNjaGVtYV92ZXJzaW9uIjoiMSJ9","dependencies":["module.network_hub.aws_vpc.central_egress","module.network_hub.data.aws_availability_zones.available"]}]},{"module":"module.network_hub","mode":"managed","type":"aws_subnet","name":"egress_public","provider":"provider[\"registry.opentofu.org/hashicorp/aws\"]","instances":[{"index_key":0,"schema_version":1,"attributes":{"arn":"arn:aws:ec2:eu-west-1:776564762201:subnet/subnet-0207ac87524f48df5","assign_ipv6_address_on_creation":false,"availability_zone":"eu-west-1a","availability_zone_id":"euw1-az2","cidr_block":"100.96.2.48/28","customer_owned_ipv4_pool":"","enable_dns64":false,"enable_lni_at_device_index":0,"enable_resource_name_dns_a_record_on_launch":false,"enable_resource_name_dns_aaaa_record_on_launch":false,"id":"subnet-0207ac87524f48df5","ipv6_cidr_block":"","ipv6_cidr_block_association_id":"","ipv6_native":false,"map_customer_owned_ip_on_launch":false,"map_public_ip_on_launch":true,"outpost_arn":"","owner_id":"776564762201","private_dns_hostname_type_on_launch":"ip-name","region":"eu-west-1","tags":{"AZ":"eu-west-1a","CardData":"no","Classification":"nonpublic","Environment":"dev","GitURL":"https://gitlab.com/williamhillplc/technical-services/networks/channels-team.git","ManagedBy":"OpenTofu","Migrated":"no","Name":"network-hub-dev-egress-public-subnet-1a","Product":"network-hub","Project":"network-hub","Tier":"internal","Type":"egress-public","VPC":"central-egress"},"tags_all":{"AZ":"eu-west-1a","CardData":"no","Classification":"nonpublic","Environment":"dev","GitURL":"https://gitlab.com/williamhillplc/technical-services/networks/channels-team.git","ManagedBy":"OpenTofu","Migrated":"no","Name":"network-hub-dev-egress-public-subnet-1a","Product":"network-hub","Project":"network-hub","Tier":"internal","Type":"egress-public","VPC":"central-egress"},"timeouts":null,"vpc_id":"vpc-0c9d5139053883a6e"},"sensitive_attributes":[],"private":"eyJlMmJmYjczMC1lY2FhLTExZTYtOGY4OC0zNDM2M2JjN2M0YzAiOnsiY3JlYXRlIjo2MDAwMDAwMDAwMDAsImRlbGV0ZSI6MTIwMDAwMDAwMDAwMH0sInNjaGVtYV92ZXJzaW9uIjoiMSJ9","dependencies":["module.network_hub.aws_vpc.central_egress","module.network_hub.data.aws_availability_zones.available"]},{"index_key":1,"schema_version":1,"attributes":{"arn":"arn:aws:ec2:eu-west-1:776564762201:subnet/subnet-0fa992c2f9d3aca53","assign_ipv6_address_on_creation":false,"availability_zone":"eu-west-1b","availability_zone_id":"euw1-az3","cidr_block":"100.96.2.64/28","customer_owned_ipv4_pool":"","enable_dns64":false,"enable_lni_at_device_index":0,"enable_resource_name_dns_a_record_on_launch":false,"enable_resource_name_dns_aaaa_record_on_launch":false,"id":"subnet-0fa992c2f9d3aca53","ipv6_cidr_block":"","ipv6_cidr_block_association_id":"","ipv6_native":false,"map_customer_owned_ip_on_launch":false,"map_public_ip_on_launch":true,"outpost_arn":"","owner_id":"776564762201","private_dns_hostname_type_on_launch":"ip-name","region":"eu-west-1","tags":{"AZ":"eu-west-1b","CardData":"no","Classification":"nonpublic","Environment":"dev","GitURL":"https://gitlab.com/williamhillplc/technical-services/networks/channels-team.git","ManagedBy":"OpenTofu","Migrated":"no","Name":"network-hub-dev-egress-public-subnet-1b","Product":"network-hub","Project":"network-hub","Tier":"internal","Type":"egress-public","VPC":"central-egress"},"tags_all":{"AZ":"eu-west-1b","CardData":"no","Classification":"nonpublic","Environment":"dev","GitURL":"https://gitlab.com/williamhillplc/technical-services/networks/channels-team.git","ManagedBy":"OpenTofu","Migrated":"no","Name":"network-hub-dev-egress-public-subnet-1b","Product":"network-hub","Project":"network-hub","Tier":"internal","Type":"egress-public","VPC":"central-egress"},"timeouts":null,"vpc_id":"vpc-0c9d5139053883a6e"},"sensitive_attributes":[],"private":"eyJlMmJmYjczMC1lY2FhLTExZTYtOGY4OC0zNDM2M2JjN2M0YzAiOnsiY3JlYXRlIjo2MDAwMDAwMDAwMDAsImRlbGV0ZSI6MTIwMDAwMDAwMDAwMH0sInNjaGVtYV92ZXJzaW9uIjoiMSJ9","dependencies":["module.network_hub.aws_vpc.central_egress","module.network_hub.data.aws_availability_zones.available"]},{"index_key":2,"schema_version":1,"attributes":{"arn":"arn:aws:ec2:eu-west-1:776564762201:subnet/subnet-0fbbb3dbe1bed0e18","assign_ipv6_address_on_creation":false,"availability_zone":"eu-west-1c","availability_zone_id":"euw1-az1","cidr_block":"100.96.2.80/28","customer_owned_ipv4_pool":"","enable_dns64":false,"enable_lni_at_device_index":0,"enable_resource_name_dns_a_record_on_launch":false,"enable_resource_name_dns_aaaa_record_on_launch":false,"id":"subnet-0fbbb3dbe1bed0e18","ipv6_cidr_block":"","ipv6_cidr_block_association_id":"","ipv6_native":false,"map_customer_owned_ip_on_launch":false,"map_public_ip_on_launch":true,"outpost_arn":"","owner_id":"776564762201","private_dns_hostname_type_on_launch":"ip-name","region":"eu-west-1","tags":{"AZ":"eu-west-1c","CardData":"no","Classification":"nonpublic","Environment":"dev","GitURL":"https://gitlab.com/williamhillplc/technical-services/networks/channels-team.git","ManagedBy":"OpenTofu","Migrated":"no","Name":"network-hub-dev-egress-public-subnet-1c","Product":"network-hub","Project":"network-hub","Tier":"internal","Type":"egress-public","VPC":"central-egress"},"tags_all":{"AZ":"eu-west-1c","CardData":"no","Classification":"nonpublic","Environment":"dev","GitURL":"https://gitlab.com/williamhillplc/technical-services/networks/channels-team.git","ManagedBy":"OpenTofu","Migrated":"no","Name":"network-hub-dev-egress-public-subnet-1c","Product":"network-hub","Project":"network-hub","Tier":"internal","Type":"egress-public","VPC":"central-egress"},"timeouts":null,"vpc_id":"vpc-0c9d5139053883a6e"},"sensitive_attributes":[],"private":"eyJlMmJmYjczMC1lY2FhLTExZTYtOGY4OC0zNDM2M2JjN2M0YzAiOnsiY3JlYXRlIjo2MDAwMDAwMDAwMDAsImRlbGV0ZSI6MTIwMDAwMDAwMDAwMH0sInNjaGVtYV92ZXJzaW9uIjoiMSJ9","dependencies":["module.network_hub.aws_vpc.central_egress","module.network_hub.data.aws_availability_zones.available"]}]},{"module":"module.network_hub","mode":"managed","type":"aws_subnet","name":"firewall_endpoint","provider":"provider[\"registry.opentofu.org/hashicorp/aws\"]","instances":[{"index_key":0,"schema_version":1,"attributes":{"arn":"arn:aws:ec2:eu-west-1:776564762201:subnet/subnet-0e4a71b82158df324","assign_ipv6_address_on_creation":false,"availability_zone":"eu-west-1a","availability_zone_id":"euw1-az2","cidr_block":"100.96.1.0/28","customer_owned_ipv4_pool":"","enable_dns64":false,"enable_lni_at_device_index":0,"enable_resource_name_dns_a_record_on_launch":false,"enable_resource_name_dns_aaaa_record_on_launch":false,"id":"subnet-0e4a71b82158df324","ipv6_cidr_block":"","ipv6_cidr_block_association_id":"","ipv6_native":false,"map_customer_owned_ip_on_launch":false,"map_public_ip_on_launch":false,"outpost_arn":"","owner_id":"776564762201","private_dns_hostname_type_on_launch":"ip-name","region":"eu-west-1","tags":{"AZ":"eu-west-1a","CardData":"no","Classification":"nonpublic","Environment":"dev","GitURL":"https://gitlab.com/williamhillplc/technical-services/networks/channels-team.git","ManagedBy":"OpenTofu","Migrated":"no","Name":"network-hub-dev-fw-endpoint-subnet-1a","Product":"network-hub","Project":"network-hub","Tier":"internal","Type":"firewall-endpoint","VPC":"firewall"},"tags_all":{"AZ":"eu-west-1a","CardData":"no","Classification":"nonpublic","Environment":"dev","GitURL":"https://gitlab.com/williamhillplc/technical-services/networks/channels-team.git","ManagedBy":"OpenTofu","Migrated":"no","Name":"network-hub-dev-fw-endpoint-subnet-1a","Product":"network-hub","Project":"network-hub","Tier":"internal","Type":"firewall-endpoint","VPC":"firewall"},"timeouts":null,"vpc_id":"vpc-0c29daa332d3c4fb9"},"sensitive_attributes":[],"private":"eyJlMmJmYjczMC1lY2FhLTExZTYtOGY4OC0zNDM2M2JjN2M0YzAiOnsiY3JlYXRlIjo2MDAwMDAwMDAwMDAsImRlbGV0ZSI6MTIwMDAwMDAwMDAwMH0sInNjaGVtYV92ZXJzaW9uIjoiMSJ9","dependencies":["module.network_hub.aws_vpc.firewall","module.network_hub.data.aws_availability_zones.available"]},{"index_key":1,"schema_version":1,"attributes":{"arn":"arn:aws:ec2:eu-west-1:776564762201:subnet/subnet-0cd468a6112e7cdb1","assign_ipv6_address_on_creation":false,"availability_zone":"eu-west-1b","availability_zone_id":"euw1-az3","cidr_block":"100.96.1.16/28","customer_owned_ipv4_pool":"","enable_dns64":false,"enable_lni_at_device_index":0,"enable_resource_name_dns_a_record_on_launch":false,"enable_resource_name_dns_aaaa_record_on_launch":false,"id":"subnet-0cd468a6112e7cdb1","ipv6_cidr_block":"","ipv6_cidr_block_association_id":"","ipv6_native":false,"map_customer_owned_ip_on_launch":false,"map_public_ip_on_launch":false,"outpost_arn":"","owner_id":"776564762201","private_dns_hostname_type_on_launch":"ip-name","region":"eu-west-1","tags":{"AZ":"eu-west-1b","CardData":"no","Classification":"nonpublic","Environment":"dev","GitURL":"https://gitlab.com/williamhillplc/technical-services/networks/channels-team.git","ManagedBy":"OpenTofu","Migrated":"no","Name":"network-hub-dev-fw-endpoint-subnet-1b","Product":"network-hub","Project":"network-hub","Tier":"internal","Type":"firewall-endpoint","VPC":"firewall"},"tags_all":{"AZ":"eu-west-1b","CardData":"no","Classification":"nonpublic","Environment":"dev","GitURL":"https://gitlab.com/williamhillplc/technical-services/networks/channels-team.git","ManagedBy":"OpenTofu","Migrated":"no","Name":"network-hub-dev-fw-endpoint-subnet-1b","Product":"network-hub","Project":"network-hub","Tier":"internal","Type":"firewall-endpoint","VPC":"firewall"},"timeouts":null,"vpc_id":"vpc-0c29daa332d3c4fb9"},"sensitive_attributes":[],"private":"eyJlMmJmYjczMC1lY2FhLTExZTYtOGY4OC0zNDM2M2JjN2M0YzAiOnsiY3JlYXRlIjo2MDAwMDAwMDAwMDAsImRlbGV0ZSI6MTIwMDAwMDAwMDAwMH0sInNjaGVtYV92ZXJzaW9uIjoiMSJ9","dependencies":["module.network_hub.aws_vpc.firewall","module.network_hub.data.aws_availability_zones.available"]},{"index_key":2,"schema_version":1,"attributes":{"arn":"arn:aws:ec2:eu-west-1:776564762201:subnet/subnet-0ced88f41b5e22841","assign_ipv6_address_on_creation":false,"availability_zone":"eu-west-1c","availability_zone_id":"euw1-az1","cidr_block":"100.96.1.32/28","customer_owned_ipv4_pool":"","enable_dns64":false,"enable_lni_at_device_index":0,"enable_resource_name_dns_a_record_on_launch":false,"enable_resource_name_dns_aaaa_record_on_launch":false,"id":"subnet-0ced88f41b5e22841","ipv6_cidr_block":"","ipv6_cidr_block_association_id":"","ipv6_native":false,"map_customer_owned_ip_on_launch":false,"map_public_ip_on_launch":false,"outpost_arn":"","owner_id":"776564762201","private_dns_hostname_type_on_launch":"ip-name","region":"eu-west-1","tags":{"AZ":"eu-west-1c","CardData":"no","Classification":"nonpublic","Environment":"dev","GitURL":"https://gitlab.com/williamhillplc/technical-services/networks/channels-team.git","ManagedBy":"OpenTofu","Migrated":"no","Name":"network-hub-dev-fw-endpoint-subnet-1c","Product":"network-hub","Project":"network-hub","Tier":"internal","Type":"firewall-endpoint","VPC":"firewall"},"tags_all":{"AZ":"eu-west-1c","CardData":"no","Classification":"nonpublic","Environment":"dev","GitURL":"https://gitlab.com/williamhillplc/technical-services/networks/channels-team.git","ManagedBy":"OpenTofu","Migrated":"no","Name":"network-hub-dev-fw-endpoint-subnet-1c","Product":"network-hub","Project":"network-hub","Tier":"internal","Type":"firewall-endpoint","VPC":"firewall"},"timeouts":null,"vpc_id":"vpc-0c29daa332d3c4fb9"},"sensitive_attributes":[],"private":"eyJlMmJmYjczMC1lY2FhLTExZTYtOGY4OC0zNDM2M2JjN2M0YzAiOnsiY3JlYXRlIjo2MDAwMDAwMDAwMDAsImRlbGV0ZSI6MTIwMDAwMDAwMDAwMH0sInNjaGVtYV92ZXJzaW9uIjoiMSJ9","dependencies":["module.network_hub.aws_vpc.firewall","module.network_hub.data.aws_availability_zones.available"]}]},{"module":"module.network_hub","mode":"managed","type":"aws_subnet","name":"firewall_tgw","provider":"provider[\"registry.opentofu.org/hashicorp/aws\"]","instances":[{"index_key":0,"schema_version":1,"attributes":{"arn":"arn:aws:ec2:eu-west-1:776564762201:subnet/subnet-026a00e0cd6caf2c4","assign_ipv6_address_on_creation":false,"availability_zone":"eu-west-1a","availability_zone_id":"euw1-az2","cidr_block":"100.96.1.48/28","customer_owned_ipv4_pool":"","enable_dns64":false,"enable_lni_at_device_index":0,"enable_resource_name_dns_a_record_on_launch":false,"enable_resource_name_dns_aaaa_record_on_launch":false,"id":"subnet-026a00e0cd6caf2c4","ipv6_cidr_block":"","ipv6_cidr_block_association_id":"","ipv6_native":false,"map_customer_owned_ip_on_launch":false,"map_public_ip_on_launch":false,"outpost_arn":"","owner_id":"776564762201","private_dns_hostname_type_on_launch":"ip-name","region":"eu-west-1","tags":{"AZ":"eu-west-1a","CardData":"no","Classification":"nonpublic","Environment":"dev","GitURL":"https://gitlab.com/williamhillplc/technical-services/networks/channels-team.git","ManagedBy":"OpenTofu","Migrated":"no","Name":"network-hub-dev-fw-tgw-subnet-1a","Product":"network-hub","Project":"network-hub","Tier":"internal","Type":"firewall-tgw","VPC":"firewall"},"tags_all":{"AZ":"eu-west-1a","CardData":"no","Classification":"nonpublic","Environment":"dev","GitURL":"https://gitlab.com/williamhillplc/technical-services/networks/channels-team.git","ManagedBy":"OpenTofu","Migrated":"no","Name":"network-hub-dev-fw-tgw-subnet-1a","Product":"network-hub","Project":"network-hub","Tier":"internal","Type":"firewall-tgw","VPC":"firewall"},"timeouts":null,"vpc_id":"vpc-0c29daa332d3c4fb9"},"sensitive_attributes":[],"private":"eyJlMmJmYjczMC1lY2FhLTExZTYtOGY4OC0zNDM2M2JjN2M0YzAiOnsiY3JlYXRlIjo2MDAwMDAwMDAwMDAsImRlbGV0ZSI6MTIwMDAwMDAwMDAwMH0sInNjaGVtYV92ZXJzaW9uIjoiMSJ9","dependencies":["module.network_hub.aws_vpc.firewall","module.network_hub.data.aws_availability_zones.available"]},{"index_key":1,"schema_version":1,"attributes":{"arn":"arn:aws:ec2:eu-west-1:776564762201:subnet/subnet-0ea39ade00628c07b","assign_ipv6_address_on_creation":false,"availability_zone":"eu-west-1b","availability_zone_id":"euw1-az3","cidr_block":"100.96.1.64/28","customer_owned_ipv4_pool":"","enable_dns64":false,"enable_lni_at_device_index":0,"enable_resource_name_dns_a_record_on_launch":false,"enable_resource_name_dns_aaaa_record_on_launch":false,"id":"subnet-0ea39ade00628c07b","ipv6_cidr_block":"","ipv6_cidr_block_association_id":"","ipv6_native":false,"map_customer_owned_ip_on_launch":false,"map_public_ip_on_launch":false,"outpost_arn":"","owner_id":"776564762201","private_dns_hostname_type_on_launch":"ip-name","region":"eu-west-1","tags":{"AZ":"eu-west-1b","CardData":"no","Classification":"nonpublic","Environment":"dev","GitURL":"https://gitlab.com/williamhillplc/technical-services/networks/channels-team.git","ManagedBy":"OpenTofu","Migrated":"no","Name":"network-hub-dev-fw-tgw-subnet-1b","Product":"network-hub","Project":"network-hub","Tier":"internal","Type":"firewall-tgw","VPC":"firewall"},"tags_all":{"AZ":"eu-west-1b","CardData":"no","Classification":"nonpublic","Environment":"dev","GitURL":"https://gitlab.com/williamhillplc/technical-services/networks/channels-team.git","ManagedBy":"OpenTofu","Migrated":"no","Name":"network-hub-dev-fw-tgw-subnet-1b","Product":"network-hub","Project":"network-hub","Tier":"internal","Type":"firewall-tgw","VPC":"firewall"},"timeouts":null,"vpc_id":"vpc-0c29daa332d3c4fb9"},"sensitive_attributes":[],"private":"eyJlMmJmYjczMC1lY2FhLTExZTYtOGY4OC0zNDM2M2JjN2M0YzAiOnsiY3JlYXRlIjo2MDAwMDAwMDAwMDAsImRlbGV0ZSI6MTIwMDAwMDAwMDAwMH0sInNjaGVtYV92ZXJzaW9uIjoiMSJ9","dependencies":["module.network_hub.aws_vpc.firewall","module.network_hub.data.aws_availability_zones.available"]},{"index_key":2,"schema_version":1,"attributes":{"arn":"arn:aws:ec2:eu-west-1:776564762201:subnet/subnet-049c49e561fb119a1","assign_ipv6_address_on_creation":false,"availability_zone":"eu-west-1c","availability_zone_id":"euw1-az1","cidr_block":"100.96.1.80/28","customer_owned_ipv4_pool":"","enable_dns64":false,"enable_lni_at_device_index":0,"enable_resource_name_dns_a_record_on_launch":false,"enable_resource_name_dns_aaaa_record_on_launch":false,"id":"subnet-049c49e561fb119a1","ipv6_cidr_block":"","ipv6_cidr_block_association_id":"","ipv6_native":false,"map_customer_owned_ip_on_launch":false,"map_public_ip_on_launch":false,"outpost_arn":"","owner_id":"776564762201","private_dns_hostname_type_on_launch":"ip-name","region":"eu-west-1","tags":{"AZ":"eu-west-1c","CardData":"no","Classification":"nonpublic","Environment":"dev","GitURL":"https://gitlab.com/williamhillplc/technical-services/networks/channels-team.git","ManagedBy":"OpenTofu","Migrated":"no","Name":"network-hub-dev-fw-tgw-subnet-1c","Product":"network-hub","Project":"network-hub","Tier":"internal","Type":"firewall-tgw","VPC":"firewall"},"tags_all":{"AZ":"eu-west-1c","CardData":"no","Classification":"nonpublic","Environment":"dev","GitURL":"https://gitlab.com/williamhillplc/technical-services/networks/channels-team.git","ManagedBy":"OpenTofu","Migrated":"no","Name":"network-hub-dev-fw-tgw-subnet-1c","Product":"network-hub","Project":"network-hub","Tier":"internal","Type":"firewall-tgw","VPC":"firewall"},"timeouts":null,"vpc_id":"vpc-0c29daa332d3c4fb9"},"sensitive_attributes":[],"private":"eyJlMmJmYjczMC1lY2FhLTExZTYtOGY4OC0zNDM2M2JjN2M0YzAiOnsiY3JlYXRlIjo2MDAwMDAwMDAwMDAsImRlbGV0ZSI6MTIwMDAwMDAwMDAwMH0sInNjaGVtYV92ZXJzaW9uIjoiMSJ9","dependencies":["module.network_hub.aws_vpc.firewall","module.network_hub.data.aws_availability_zones.available"]}]},{"module":"module.network_hub","mode":"managed","type":"aws_vpc","name":"central_egress","provider":"provider[\"registry.opentofu.org/hashicorp/aws\"]","instances":[{"schema_version":1,"attributes":{"arn":"arn:aws:ec2:eu-west-1:776564762201:vpc/vpc-0c9d5139053883a6e","assign_generated_ipv6_cidr_block":false,"cidr_block":"100.96.2.0/24","default_network_acl_id":"acl-03102f1ce67269880","default_route_table_id":"rtb-0fd54760276adbef2","default_security_group_id":"sg-086a13457ce7cf6ac","dhcp_options_id":"dopt-034622848fde91265","enable_dns_hostnames":true,"enable_dns_support":true,"enable_network_address_usage_metrics":false,"id":"vpc-0c9d5139053883a6e","instance_tenancy":"default","ipv4_ipam_pool_id":null,"ipv4_netmask_length":null,"ipv6_association_id":"","ipv6_cidr_block":"","ipv6_cidr_block_network_border_group":"","ipv6_ipam_pool_id":"","ipv6_netmask_length":0,"main_route_table_id":"rtb-0fd54760276adbef2","owner_id":"776564762201","region":"eu-west-1","tags":{"CardData":"no","Classification":"nonpublic","Environment":"dev","GitURL":"https://gitlab.com/williamhillplc/technical-services/networks/channels-team.git","ManagedBy":"OpenTofu","Migrated":"no","Name":"network-hub-dev-egress-vpc","Product":"network-hub","Project":"network-hub","Purpose":"Centralized internet connectivity","Tier":"internal","Type":"central-egress"},"tags_all":{"CardData":"no","Classification":"nonpublic","Environment":"dev","GitURL":"https://gitlab.com/williamhillplc/technical-services/networks/channels-team.git","ManagedBy":"OpenTofu","Migrated":"no","Name":"network-hub-dev-egress-vpc","Product":"network-hub","Project":"network-hub","Purpose":"Centralized internet connectivity","Tier":"internal","Type":"central-egress"}},"sensitive_attributes":[],"private":"eyJzY2hlbWFfdmVyc2lvbiI6IjEifQ=="}]},{"module":"module.network_hub","mode":"managed","type":"aws_vpc","name":"firewall","provider":"provider[\"registry.opentofu.org/hashicorp/aws\"]","instances":[{"schema_version":1,"attributes":{"arn":"arn:aws:ec2:eu-west-1:776564762201:vpc/vpc-0c29daa332d3c4fb9","assign_generated_ipv6_cidr_block":false,"cidr_block":"100.96.1.0/24","default_network_acl_id":"acl-09bc7ecea527b27d1","default_route_table_id":"rtb-0095b08ece03b72e9","default_security_group_id":"sg-0398e3b3818361f6d","dhcp_options_id":"dopt-034622848fde91265","enable_dns_hostnames":true,"enable_dns_support":true,"enable_network_address_usage_metrics":false,"id":"vpc-0c29daa332d3c4fb9","instance_tenancy":"default","ipv4_ipam_pool_id":null,"ipv4_netmask_length":null,"ipv6_association_id":"","ipv6_cidr_block":"","ipv6_cidr_block_network_border_group":"","ipv6_ipam_pool_id":"","ipv6_netmask_length":0,"main_route_table_id":"rtb-0095b08ece03b72e9","owner_id":"776564762201","region":"eu-west-1","tags":{"CardData":"no","Classification":"nonpublic","Environment":"dev","GitURL":"https://gitlab.com/williamhillplc/technical-services/networks/channels-team.git","ManagedBy":"OpenTofu","Migrated":"no","Name":"network-hub-dev-firewall-vpc","Product":"network-hub","Project":"network-hub","Purpose":"Network security and traffic inspection","Tier":"internal","Type":"firewall"},"tags_all":{"CardData":"no","Classification":"nonpublic","Environment":"dev","GitURL":"https://gitlab.com/williamhillplc/technical-services/networks/channels-team.git","ManagedBy":"OpenTofu","Migrated":"no","Name":"network-hub-dev-firewall-vpc","Product":"network-hub","Project":"network-hub","Purpose":"Network security and traffic inspection","Tier":"internal","Type":"firewall"}},"sensitive_attributes":[],"private":"eyJzY2hlbWFfdmVyc2lvbiI6IjEifQ=="}]},{"module":"module.network_hub","mode":"managed","type":"awscc_networkfirewall_vpc_endpoint_association","name":"egress","provider":"provider[\"registry.opentofu.org/hashicorp/awscc\"]","instances":[{"index_key":"0","schema_version":1,"attributes":{"description":null,"endpoint_id":"vpce-01c883212ac94ac7a","firewall_arn":"arn:aws:network-firewall:eu-west-1:776564762201:firewall/network-hub-dev-network-firewall","id":"arn:aws:network-firewall:eu-west-1:776564762201:vpc-endpoint-association/be0dbaf8-e8a0-3367-ac71-7927642eb8ab","subnet_mapping":{"ip_address_type":"IPV4","subnet_id":"subnet-002f23239ab301739"},"tags":[{"key":"CardData","value":"no"},{"key":"Classification","value":"nonpublic"},{"key":"Environment","value":"dev"},{"key":"GitURL","value":"https://gitlab.com/williamhillplc/technical-services/networks/channels-team.git"},{"key":"ManagedBy","value":"OpenTofu"},{"key":"Migrated","value":"no"},{"key":"Name","value":"network-hub-dev-egress-fw-endpoint-0"},{"key":"Product","value":"network-hub"},{"key":"Project","value":"network-hub"},{"key":"Tier","value":"internal"}],"vpc_endpoint_association_arn":"arn:aws:network-firewall:eu-west-1:776564762201:vpc-endpoint-association/be0dbaf8-e8a0-3367-ac71-7927642eb8ab","vpc_endpoint_association_id":"52729e51-304c-4a2a-a27a-e3e897f05756","vpc_id":"vpc-0c9d5139053883a6e"},"sensitive_attributes":[],"dependencies":["module.network_hub.aws_networkfirewall_firewall.main","module.network_hub.aws_networkfirewall_firewall_policy.main","module.network_hub.aws_networkfirewall_rule_group.domain_allowlist","module.network_hub.aws_networkfirewall_rule_group.ip_rules","module.network_hub.aws_subnet.egress_firewall_endpoint","module.network_hub.aws_subnet.firewall_endpoint","module.network_hub.aws_vpc.central_egress","module.network_hub.aws_vpc.firewall","module.network_hub.data.aws_availability_zones.available"]},{"index_key":"1","schema_version":1,"attributes":{"description":null,"endpoint_id":"vpce-027bc7c5ec2aef6a3","firewall_arn":"arn:aws:network-firewall:eu-west-1:776564762201:firewall/network-hub-dev-network-firewall","id":"arn:aws:network-firewall:eu-west-1:776564762201:vpc-endpoint-association/257d4637-5389-3baa-ba86-0f0f617cd35c","subnet_mapping":{"ip_address_type":"IPV4","subnet_id":"subnet-0ba6e368683a0071b"},"tags":[{"key":"CardData","value":"no"},{"key":"Classification","value":"nonpublic"},{"key":"Environment","value":"dev"},{"key":"GitURL","value":"https://gitlab.com/williamhillplc/technical-services/networks/channels-team.git"},{"key":"ManagedBy","value":"OpenTofu"},{"key":"Migrated","value":"no"},{"key":"Name","value":"network-hub-dev-egress-fw-endpoint-1"},{"key":"Product","value":"network-hub"},{"key":"Project","value":"network-hub"},{"key":"Tier","value":"internal"}],"vpc_endpoint_association_arn":"arn:aws:network-firewall:eu-west-1:776564762201:vpc-endpoint-association/257d4637-5389-3baa-ba86-0f0f617cd35c","vpc_endpoint_association_id":"8595d571-81f3-492c-9841-844f3b2f6849","vpc_id":"vpc-0c9d5139053883a6e"},"sensitive_attributes":[],"dependencies":["module.network_hub.aws_networkfirewall_firewall.main","module.network_hub.aws_networkfirewall_firewall_policy.main","module.network_hub.aws_networkfirewall_rule_group.domain_allowlist","module.network_hub.aws_networkfirewall_rule_group.ip_rules","module.network_hub.aws_subnet.egress_firewall_endpoint","module.network_hub.aws_subnet.firewall_endpoint","module.network_hub.aws_vpc.central_egress","module.network_hub.aws_vpc.firewall","module.network_hub.data.aws_availability_zones.available"]},{"index_key":"2","schema_version":1,"attributes":{"description":null,"endpoint_id":"vpce-0f23fe63e1171d97e","firewall_arn":"arn:aws:network-firewall:eu-west-1:776564762201:firewall/network-hub-dev-network-firewall","id":"arn:aws:network-firewall:eu-west-1:776564762201:vpc-endpoint-association/e29c755a-97f1-38de-add6-23f9d179e19e","subnet_mapping":{"ip_address_type":"IPV4","subnet_id":"subnet-01e2aa1768ee8e3f0"},"tags":[{"key":"CardData","value":"no"},{"key":"Classification","value":"nonpublic"},{"key":"Environment","value":"dev"},{"key":"GitURL","value":"https://gitlab.com/williamhillplc/technical-services/networks/channels-team.git"},{"key":"ManagedBy","value":"OpenTofu"},{"key":"Migrated","value":"no"},{"key":"Name","value":"network-hub-dev-egress-fw-endpoint-2"},{"key":"Product","value":"network-hub"},{"key":"Project","value":"network-hub"},{"key":"Tier","value":"internal"}],"vpc_endpoint_association_arn":"arn:aws:network-firewall:eu-west-1:776564762201:vpc-endpoint-association/e29c755a-97f1-38de-add6-23f9d179e19e","vpc_endpoint_association_id":"0c783eff-5e2b-4174-84b6-284c562d9caf","vpc_id":"vpc-0c9d5139053883a6e"},"sensitive_attributes":[],"dependencies":["module.network_hub.aws_networkfirewall_firewall.main","module.network_hub.aws_networkfirewall_firewall_policy.main","module.network_hub.aws_networkfirewall_rule_group.domain_allowlist","module.network_hub.aws_networkfirewall_rule_group.ip_rules","module.network_hub.aws_subnet.egress_firewall_endpoint","module.network_hub.aws_subnet.firewall_endpoint","module.network_hub.aws_vpc.central_egress","module.network_hub.aws_vpc.firewall","module.network_hub.data.aws_availability_zones.available"]}]}],"check_results":[{"object_kind":"var","config_addr":"module.network_hub.var.environment_ip_rules","status":"pass","objects":[{"object_addr":"module.network_hub.var.environment_ip_rules","status":"pass"}]},{"object_kind":"resource","config_addr":"module.network_hub.aws_ec2_transit_gateway_peering_attachment_accepter.from_nonprod_to_prod","status":"pass","objects":null},{"object_kind":"resource","config_addr":"module.network_hub.aws_ec2_transit_gateway_peering_attachment_accepter.from_dev_to_nonprod","status":"pass","objects":null}]}
