{"version":4,"terraform_version":"1.10.3","serial":184,"lineage":"db1464fd-a657-4d90-8f12-a6241aee2a10","outputs":{"client_subnet_allocation":{"value":{"cde_subnets":["100.120.32.0/22","100.120.36.0/22","100.120.40.0/22"],"ncde_subnets":["100.120.44.0/22","100.120.48.0/22","100.120.52.0/22"],"tgw_subnets":["100.120.56.0/28","100.120.56.16/28","100.120.56.32/28"]},"type":["object",{"cde_subnets":["tuple",["string","string","string"]],"ncde_subnets":["tuple",["string","string","string"]],"tgw_subnets":["tuple",["string","string","string"]]}]},"elastic_ip_addresses":{"value":["35.170.230.21","54.85.143.185","34.196.130.251"],"type":["tuple",["string","string","string"]]},"firewall_details":{"value":{"arn":"arn:aws:network-firewall:us-east-1:052127203460:firewall/network-hub-nonprod-network-firewall","endpoints":[{"attachment":[{"endpoint_id":"vpce-029d921f5916973e6","subnet_id":"subnet-0ae820166fc1bd65c"}],"availability_zone":"us-east-1c"},{"attachment":[{"endpoint_id":"vpce-074ead6a2bc838839","subnet_id":"subnet-02b9c84875c622b4c"}],"availability_zone":"us-east-1a"},{"attachment":[{"endpoint_id":"vpce-082b5f3765c08d94d","subnet_id":"subnet-01eb45e8b2882c18b"}],"availability_zone":"us-east-1b"}],"id":"arn:aws:network-firewall:us-east-1:052127203460:firewall/network-hub-nonprod-network-firewall","policy_arn":"arn:aws:network-firewall:us-east-1:052127203460:firewall-policy/network-hub-nonprod-firewall-policy","policy_id":"arn:aws:network-firewall:us-east-1:052127203460:firewall-policy/network-hub-nonprod-firewall-policy"},"type":["object",{"arn":"string","endpoints":["set",["object",{"attachment":["list",["object",{"endpoint_id":"string","subnet_id":"string"}]],"availability_zone":"string"}]],"id":"string","policy_arn":"string","policy_id":"string"}]},"firewall_endpoints":{"value":[{"attachment":[{"endpoint_id":"vpce-029d921f5916973e6","subnet_id":"subnet-0ae820166fc1bd65c"}],"availability_zone":"us-east-1c"},{"attachment":[{"endpoint_id":"vpce-074ead6a2bc838839","subnet_id":"subnet-02b9c84875c622b4c"}],"availability_zone":"us-east-1a"},{"attachment":[{"endpoint_id":"vpce-082b5f3765c08d94d","subnet_id":"subnet-01eb45e8b2882c18b"}],"availability_zone":"us-east-1b"}],"type":["set",["object",{"attachment":["list",["object",{"endpoint_id":"string","subnet_id":"string"}]],"availability_zone":"string"}]]},"firewall_id":{"value":"arn:aws:network-firewall:us-east-1:052127203460:firewall/network-hub-nonprod-network-firewall","type":"string"},"firewall_policy_id":{"value":"arn:aws:network-firewall:us-east-1:052127203460:firewall-policy/network-hub-nonprod-firewall-policy","type":"string"},"internet_connectivity":{"value":{"elastic_ips":["35.170.230.21","54.85.143.185","34.196.130.251"],"internet_gateways":{"central_egress":"igw-092face7239d36c11","transit_gateway":"igw-0309e583d58819067"},"nat_gateways":{"us-east-1a":{"id":"nat-0c1b728298358a7dc","public_ip":"35.170.230.21","subnet_id":"subnet-0e34d1989897e9c41"},"us-east-1b":{"id":"nat-05801f763775bf438","public_ip":"54.85.143.185","subnet_id":"subnet-095d3055c353e8353"},"us-east-1c":{"id":"nat-090e1e19387831903","public_ip":"34.196.130.251","subnet_id":"subnet-02e84df546c959371"}}},"type":["object",{"elastic_ips":["tuple",["string","string","string"]],"internet_gateways":["object",{"central_egress":"string","transit_gateway":"string"}],"nat_gateways":["object",{"us-east-1a":["object",{"id":"string","public_ip":"string","subnet_id":"string"}],"us-east-1b":["object",{"id":"string","public_ip":"string","subnet_id":"string"}],"us-east-1c":["object",{"id":"string","public_ip":"string","subnet_id":"string"}]}]}]},"internet_gateway_ids":{"value":{"central_egress":"igw-092face7239d36c11","transit_gateway":"igw-0309e583d58819067"},"type":["object",{"central_egress":"string","transit_gateway":"string"}]},"nat_gateway_ids":{"value":["nat-0c1b728298358a7dc","nat-05801f763775bf438","nat-090e1e19387831903"],"type":["tuple",["string","string","string"]]},"network_summary":{"value":{"availability_zones":["us-east-1a","us-east-1b","us-east-1c"],"environment":"nonprod","features":{"firewall_enabled":true,"ram_sharing_enabled":true,"test_instances_enabled":true},"project_name":"network-hub","region":"us-east-1","subnet_counts":{"cde_subnets":3,"ncde_subnets":3,"tgw_subnets":3,"total_subnets":27},"vpc_cidrs":{"central_egress":"100.120.2.0/24","client":"100.120.32.0/19","firewall":"100.120.1.0/24","transit_gateway":"100.120.0.0/24"},"vpc_count":4},"type":["object",{"availability_zones":["list","string"],"environment":"string","features":["object",{"firewall_enabled":"bool","ram_sharing_enabled":"bool","test_instances_enabled":"bool"}],"project_name":"string","region":"string","subnet_counts":["object",{"cde_subnets":"number","ncde_subnets":"number","tgw_subnets":"number","total_subnets":"number"}],"vpc_cidrs":["object",{"central_egress":"string","client":"string","firewall":"string","transit_gateway":"string"}],"vpc_count":"number"}]},"quick_access":{"value":{"firewall_id":"arn:aws:network-firewall:us-east-1:052127203460:firewall/network-hub-nonprod-network-firewall","nat_gateway_ips":["35.170.230.21","54.85.143.185","34.196.130.251"],"test_instance_ssh":{"client_instance":"ssh -i do_test_us.pem ec2-user@100.120.35.113","tgw_instance":"ssh -i do_test_us.pem ec2-user@54.208.191.130"},"transit_gateway_id":"tgw-0d075f0bbac840458","vpc_ids":{"central_egress":"vpc-00f01d128ce1f76fb","client":"vpc-0c2547488bbb89d13","firewall":"vpc-037b166dee18c9193","transit_gateway":"vpc-0958fff4e34b6b948"}},"type":["object",{"firewall_id":"string","nat_gateway_ips":["tuple",["string","string","string"]],"test_instance_ssh":["object",{"client_instance":"string","tgw_instance":"string"}],"transit_gateway_id":"string","vpc_ids":["object",{"central_egress":"string","client":"string","firewall":"string","transit_gateway":"string"}]}]},"ram_share_details":{"value":{"organization_arn":"arn:aws:organizations::703671905140:organization/o-kv10f7crlv","share_arn":"arn:aws:ram:us-east-1:052127203460:resource-share/13e8c179-c393-45f9-a737-2a56805b1643","share_id":"arn:aws:ram:us-east-1:052127203460:resource-share/13e8c179-c393-45f9-a737-2a56805b1643","share_name":"network-hub-nonprod-tgw-share"},"type":["object",{"organization_arn":"string","share_arn":"string","share_id":"string","share_name":"string"}]},"security_group_ids":{"value":{"client_instance_sg":"sg-0d62d59c6e856b4d8","tgw_instance_sg":"sg-0aa42a7a385615af6"},"type":["object",{"client_instance_sg":"string","tgw_instance_sg":"string"}]},"subnet_cidrs":{"value":{"client_cde":["100.120.32.0/22","100.120.36.0/22","100.120.40.0/22"],"client_ncde":["100.120.44.0/22","100.120.48.0/22","100.120.52.0/22"],"client_tgw":["100.120.56.0/28","100.120.56.16/28","100.120.56.32/28"],"egress_private":["100.120.2.0/28","100.120.2.16/28","100.120.2.32/28"],"egress_public":["100.120.2.48/28","100.120.2.64/28","100.120.2.80/28"],"firewall_endpoint":["100.120.1.0/28","100.120.1.16/28","100.120.1.32/28"],"firewall_tgw":["100.120.1.48/28","100.120.1.64/28","100.120.1.80/28"],"transit_gateway":["100.120.0.0/28","100.120.0.16/28","100.120.0.32/28"]},"type":["object",{"client_cde":["tuple",["string","string","string"]],"client_ncde":["tuple",["string","string","string"]],"client_tgw":["tuple",["string","string","string"]],"egress_private":["tuple",["string","string","string"]],"egress_public":["tuple",["string","string","string"]],"firewall_endpoint":["tuple",["string","string","string"]],"firewall_tgw":["tuple",["string","string","string"]],"transit_gateway":["tuple",["string","string","string"]]}]},"subnet_details":{"value":{"central_egress":{"firewall_endpoint":{"0":{"availability_zone":"us-east-1a","cidr_block":"100.120.2.96/28","id":"subnet-072778d4116ed85a3"},"1":{"availability_zone":"us-east-1b","cidr_block":"100.120.2.112/28","id":"subnet-0156dc937a257e72d"},"2":{"availability_zone":"us-east-1c","cidr_block":"100.120.2.128/28","id":"subnet-09642ec6cc85e01f7"}},"private":{"0":{"availability_zone":"us-east-1a","cidr_block":"100.120.2.0/28","id":"subnet-07ec1b415d1b6bfa5"},"1":{"availability_zone":"us-east-1b","cidr_block":"100.120.2.16/28","id":"subnet-0e48ee23ae269d87d"},"2":{"availability_zone":"us-east-1c","cidr_block":"100.120.2.32/28","id":"subnet-0d72b0594526fba44"}},"public":{"0":{"availability_zone":"us-east-1a","cidr_block":"100.120.2.48/28","id":"subnet-0e34d1989897e9c41"},"1":{"availability_zone":"us-east-1b","cidr_block":"100.120.2.64/28","id":"subnet-095d3055c353e8353"},"2":{"availability_zone":"us-east-1c","cidr_block":"100.120.2.80/28","id":"subnet-02e84df546c959371"}}},"client":{"cde":{"0":{"availability_zone":"us-east-1a","cidr_block":"100.120.32.0/22","id":"subnet-0e494da2b9b499414"},"1":{"availability_zone":"us-east-1b","cidr_block":"100.120.36.0/22","id":"subnet-0e7b63c4bed841bc1"},"2":{"availability_zone":"us-east-1c","cidr_block":"100.120.40.0/22","id":"subnet-0a268580a8f9753aa"}},"ncde":{"0":{"availability_zone":"us-east-1a","cidr_block":"100.120.44.0/22","id":"subnet-096ea6038c5f068dd"},"1":{"availability_zone":"us-east-1b","cidr_block":"100.120.48.0/22","id":"subnet-067d7b84da6208e6e"},"2":{"availability_zone":"us-east-1c","cidr_block":"100.120.52.0/22","id":"subnet-0b3c222947b2e267d"}},"tgw":{"0":{"availability_zone":"us-east-1a","cidr_block":"100.120.56.0/28","id":"subnet-035efbef995c4d76a"},"1":{"availability_zone":"us-east-1b","cidr_block":"100.120.56.16/28","id":"subnet-0dbfefb4f65298d81"},"2":{"availability_zone":"us-east-1c","cidr_block":"100.120.56.32/28","id":"subnet-0267c8da6d030c36b"}}},"firewall":{"endpoint":{"0":{"availability_zone":"us-east-1a","cidr_block":"100.120.1.0/28","id":"subnet-02b9c84875c622b4c"},"1":{"availability_zone":"us-east-1b","cidr_block":"100.120.1.16/28","id":"subnet-01eb45e8b2882c18b"},"2":{"availability_zone":"us-east-1c","cidr_block":"100.120.1.32/28","id":"subnet-0ae820166fc1bd65c"}},"tgw":{"0":{"availability_zone":"us-east-1a","cidr_block":"100.120.1.48/28","id":"subnet-0e052e02fc73f96c7"},"1":{"availability_zone":"us-east-1b","cidr_block":"100.120.1.64/28","id":"subnet-0b127136f8827fdc9"},"2":{"availability_zone":"us-east-1c","cidr_block":"100.120.1.80/28","id":"subnet-003a18ef7ea541146"}}},"transit_gateway":{"0":{"availability_zone":"us-east-1a","cidr_block":"100.120.0.0/28","id":"subnet-01b85e56227549c62"},"1":{"availability_zone":"us-east-1b","cidr_block":"100.120.0.16/28","id":"subnet-05841c3b2e5ad2792"},"2":{"availability_zone":"us-east-1c","cidr_block":"100.120.0.32/28","id":"subnet-02ef65715093bc80d"}}},"type":["object",{"central_egress":["object",{"firewall_endpoint":["object",{"0":["object",{"availability_zone":"string","cidr_block":"string","id":"string"}],"1":["object",{"availability_zone":"string","cidr_block":"string","id":"string"}],"2":["object",{"availability_zone":"string","cidr_block":"string","id":"string"}]}],"private":["object",{"0":["object",{"availability_zone":"string","cidr_block":"string","id":"string"}],"1":["object",{"availability_zone":"string","cidr_block":"string","id":"string"}],"2":["object",{"availability_zone":"string","cidr_block":"string","id":"string"}]}],"public":["object",{"0":["object",{"availability_zone":"string","cidr_block":"string","id":"string"}],"1":["object",{"availability_zone":"string","cidr_block":"string","id":"string"}],"2":["object",{"availability_zone":"string","cidr_block":"string","id":"string"}]}]}],"client":["object",{"cde":["object",{"0":["object",{"availability_zone":"string","cidr_block":"string","id":"string"}],"1":["object",{"availability_zone":"string","cidr_block":"string","id":"string"}],"2":["object",{"availability_zone":"string","cidr_block":"string","id":"string"}]}],"ncde":["object",{"0":["object",{"availability_zone":"string","cidr_block":"string","id":"string"}],"1":["object",{"availability_zone":"string","cidr_block":"string","id":"string"}],"2":["object",{"availability_zone":"string","cidr_block":"string","id":"string"}]}],"tgw":["object",{"0":["object",{"availability_zone":"string","cidr_block":"string","id":"string"}],"1":["object",{"availability_zone":"string","cidr_block":"string","id":"string"}],"2":["object",{"availability_zone":"string","cidr_block":"string","id":"string"}]}]}],"firewall":["object",{"endpoint":["object",{"0":["object",{"availability_zone":"string","cidr_block":"string","id":"string"}],"1":["object",{"availability_zone":"string","cidr_block":"string","id":"string"}],"2":["object",{"availability_zone":"string","cidr_block":"string","id":"string"}]}],"tgw":["object",{"0":["object",{"availability_zone":"string","cidr_block":"string","id":"string"}],"1":["object",{"availability_zone":"string","cidr_block":"string","id":"string"}],"2":["object",{"availability_zone":"string","cidr_block":"string","id":"string"}]}]}],"transit_gateway":["object",{"0":["object",{"availability_zone":"string","cidr_block":"string","id":"string"}],"1":["object",{"availability_zone":"string","cidr_block":"string","id":"string"}],"2":["object",{"availability_zone":"string","cidr_block":"string","id":"string"}]}]}]},"subnet_ids":{"value":{"client_cde":["subnet-0e494da2b9b499414","subnet-0e7b63c4bed841bc1","subnet-0a268580a8f9753aa"],"client_ncde":["subnet-096ea6038c5f068dd","subnet-067d7b84da6208e6e","subnet-0b3c222947b2e267d"],"client_tgw":["subnet-035efbef995c4d76a","subnet-0dbfefb4f65298d81","subnet-0267c8da6d030c36b"],"egress_private":["subnet-07ec1b415d1b6bfa5","subnet-0e48ee23ae269d87d","subnet-0d72b0594526fba44"],"egress_public":["subnet-0e34d1989897e9c41","subnet-095d3055c353e8353","subnet-02e84df546c959371"],"firewall_endpoint":["subnet-02b9c84875c622b4c","subnet-01eb45e8b2882c18b","subnet-0ae820166fc1bd65c"],"firewall_tgw":["subnet-0e052e02fc73f96c7","subnet-0b127136f8827fdc9","subnet-003a18ef7ea541146"],"transit_gateway":["subnet-01b85e56227549c62","subnet-05841c3b2e5ad2792","subnet-02ef65715093bc80d"]},"type":["object",{"client_cde":["tuple",["string","string","string"]],"client_ncde":["tuple",["string","string","string"]],"client_tgw":["tuple",["string","string","string"]],"egress_private":["tuple",["string","string","string"]],"egress_public":["tuple",["string","string","string"]],"firewall_endpoint":["tuple",["string","string","string"]],"firewall_tgw":["tuple",["string","string","string"]],"transit_gateway":["tuple",["string","string","string"]]}]},"test_instance_security_groups":{"value":{"client_instance_sg":"sg-0d62d59c6e856b4d8","tgw_instance_sg":"sg-0aa42a7a385615af6"},"type":["object",{"client_instance_sg":"string","tgw_instance_sg":"string"}]},"test_instances":{"value":{"client_instance":{"access_note":"Access via TGW instance or VPN - no public IP","availability_zone":"us-east-1a","id":"i-0d7eb18804b576206","private_ip":"100.120.35.113","ssh_command":"ssh -i do_test_us.pem ec2-user@100.120.35.113","subnet_id":"subnet-0e494da2b9b499414"},"tgw_instance":{"availability_zone":"us-east-1a","id":"i-0af5630084725c379","private_ip":"100.120.0.5","public_ip":"54.208.191.130","ssh_command":"ssh -i do_test_us.pem ec2-user@54.208.191.130","subnet_id":"subnet-01b85e56227549c62"}},"type":["object",{"client_instance":["object",{"access_note":"string","availability_zone":"string","id":"string","private_ip":"string","ssh_command":"string","subnet_id":"string"}],"tgw_instance":["object",{"availability_zone":"string","id":"string","private_ip":"string","public_ip":"string","ssh_command":"string","subnet_id":"string"}]}]},"tgw_route_table_ids":{"value":{"main":"tgw-rtb-051d0959d53a6a6c0"},"type":["object",{"main":"string"}]},"tgw_vpc_attachments":{"value":{"central_egress":"tgw-attach-0caab32194a421f93","client":"tgw-attach-0c395d2d956a0ca28","firewall":"tgw-attach-0b2050bf0f22055ef","transit_gateway":"tgw-attach-0a67110e0c0f48188"},"type":["object",{"central_egress":"string","client":"string","firewall":"string","transit_gateway":"string"}]},"transit_gateway_details":{"value":{"arn":"arn:aws:ec2:us-east-1:052127203460:transit-gateway/tgw-0d075f0bbac840458","attachments":{"central_egress":"tgw-attach-0caab32194a421f93","client":"tgw-attach-0c395d2d956a0ca28","firewall":"tgw-attach-0b2050bf0f22055ef","transit_gateway":"tgw-attach-0a67110e0c0f48188"},"id":"tgw-0d075f0bbac840458","main_route_table_id":"tgw-rtb-051d0959d53a6a6c0","owner_id":"052127203460"},"type":["object",{"arn":"string","attachments":["object",{"central_egress":"string","client":"string","firewall":"string","transit_gateway":"string"}],"id":"string","main_route_table_id":"string","owner_id":"string"}]},"transit_gateway_id":{"value":"tgw-0d075f0bbac840458","type":"string"},"vpc_cidrs":{"value":{"central_egress":"100.120.2.0/24","client":"100.120.32.0/19","firewall":"100.120.1.0/24","transit_gateway":"100.120.0.0/24"},"type":["object",{"central_egress":"string","client":"string","firewall":"string","transit_gateway":"string"}]},"vpc_details":{"value":{"central_egress":{"cidr_block":"100.120.2.0/24","default_route_table_id":"rtb-0dafca9550af71678","id":"vpc-00f01d128ce1f76fb","name":"network-hub-nonprod-egress-vpc"},"client":{"cidr_block":"100.120.32.0/19","default_route_table_id":"rtb-0749407a277fc4380","id":"vpc-0c2547488bbb89d13","name":"network-hub-nonprod-client-vpc"},"firewall":{"cidr_block":"100.120.1.0/24","default_route_table_id":"rtb-0b63f2d932ed700e5","id":"vpc-037b166dee18c9193","name":"network-hub-nonprod-firewall-vpc"},"transit_gateway":{"cidr_block":"100.120.0.0/24","default_route_table_id":"rtb-071fe495ab08904a1","id":"vpc-0958fff4e34b6b948","name":"network-hub-nonprod-tgw-vpc"}},"type":["object",{"central_egress":["object",{"cidr_block":"string","default_route_table_id":"string","id":"string","name":"string"}],"client":["object",{"cidr_block":"string","default_route_table_id":"string","id":"string","name":"string"}],"firewall":["object",{"cidr_block":"string","default_route_table_id":"string","id":"string","name":"string"}],"transit_gateway":["object",{"cidr_block":"string","default_route_table_id":"string","id":"string","name":"string"}]}]},"vpc_ids":{"value":{"central_egress":"vpc-00f01d128ce1f76fb","client":"vpc-0c2547488bbb89d13","firewall":"vpc-037b166dee18c9193","transit_gateway":"vpc-0958fff4e34b6b948"},"type":["object",{"central_egress":"string","client":"string","firewall":"string","transit_gateway":"string"}]}},"resources":[{"module":"module.network_hub","mode":"data","type":"aws_ami","name":"amazon_linux","provider":"provider[\"registry.opentofu.org/hashicorp/aws\"]","instances":[{"schema_version":0,"attributes":{"allow_unsafe_filter":null,"architecture":"x86_64","arn":"arn:aws:ec2:us-east-1::image/ami-0871b7e0b83ae16c4","block_device_mappings":[{"device_name":"/dev/xvda","ebs":{"delete_on_termination":"true","encrypted":"false","iops":"0","snapshot_id":"snap-056ef849646c31290","throughput":"0","volume_initialization_rate":"0","volume_size":"8","volume_type":"gp2"},"no_device":"","virtual_name":""}],"boot_mode":"","creation_date":"2025-07-07T22:26:26.000Z","deprecation_time":"2025-10-05T22:26:00.000Z","description":"Amazon Linux 2 AMI 2.0.20250707.0 x86_64 HVM gp2","ena_support":true,"executable_users":null,"filter":[{"name":"name","values":["amzn2-ami-hvm-*-x86_64-gp2"]},{"name":"virtualization-type","values":["hvm"]}],"hypervisor":"xen","id":"ami-0871b7e0b83ae16c4","image_id":"ami-0871b7e0b83ae16c4","image_location":"amazon/amzn2-ami-hvm-2.0.20250707.0-x86_64-gp2","image_owner_alias":"amazon","image_type":"machine","imds_support":"","include_deprecated":false,"kernel_id":"","last_launched_time":"","most_recent":true,"name":"amzn2-ami-hvm-2.0.20250707.0-x86_64-gp2","name_regex":null,"owner_id":"137112412989","owners":["amazon"],"platform":"","platform_details":"Linux/UNIX","product_codes":[],"public":true,"ramdisk_id":"","region":"us-east-1","root_device_name":"/dev/xvda","root_device_type":"ebs","root_snapshot_id":"snap-056ef849646c31290","sriov_net_support":"simple","state":"available","state_reason":{"code":"UNSET","message":"UNSET"},"tags":{},"timeouts":null,"tpm_support":"","uefi_data":null,"usage_operation":"RunInstances","virtualization_type":"hvm"},"sensitive_attributes":[]}]},{"module":"module.network_hub","mode":"data","type":"aws_availability_zones","name":"available","provider":"provider[\"registry.opentofu.org/hashicorp/aws\"]","instances":[{"schema_version":0,"attributes":{"all_availability_zones":null,"exclude_names":null,"exclude_zone_ids":null,"filter":null,"group_names":["us-east-1-zg-1"],"id":"us-east-1","names":["us-east-1a","us-east-1b","us-east-1c","us-east-1d","us-east-1e","us-east-1f"],"region":"us-east-1","state":"available","timeouts":null,"zone_ids":["use1-az6","use1-az1","use1-az2","use1-az4","use1-az3","use1-az5"]},"sensitive_attributes":[]}]},{"module":"module.network_hub","mode":"data","type":"aws_caller_identity","name":"current","provider":"provider[\"registry.opentofu.org/hashicorp/aws\"]","instances":[{"schema_version":0,"attributes":{"account_id":"052127203460","arn":"arn:aws:sts::052127203460:assumed-role/AWSReservedSSO_AWSAdministratorAccess_00fc36c84af79b95/David.Oxley@williamhill.com","id":"052127203460","user_id":"AROAQYIYGACCGZVDFE6F5:David.Oxley@williamhill.com"},"sensitive_attributes":[]}]},{"module":"module.network_hub","mode":"data","type":"aws_organizations_organization","name":"current","provider":"provider[\"registry.opentofu.org/hashicorp/aws\"]","instances":[{"schema_version":0,"attributes":{"accounts":null,"arn":"arn:aws:organizations::703671905140:organization/o-kv10f7crlv","aws_service_access_principals":[],"enabled_policy_types":[],"feature_set":"ALL","id":"o-kv10f7crlv","master_account_arn":"arn:aws:organizations::703671905140:account/o-kv10f7crlv/703671905140","master_account_email":"awsorg-evoketest@terasky.com","master_account_id":"703671905140","master_account_name":"","non_master_accounts":null,"roots":null},"sensitive_attributes":[]}]},{"module":"module.network_hub","mode":"data","type":"aws_vpc_endpoint","name":"firewall","provider":"provider[\"registry.opentofu.org/hashicorp/aws\"]","instances":[{"index_key":"0","schema_version":0,"attributes":{"arn":"arn:aws:ec2:us-east-1:052127203460:vpc-endpoint/vpce-0922f276b21316232","cidr_blocks":[],"dns_entry":[],"dns_options":[],"filter":null,"id":"vpce-0922f276b21316232","ip_address_type":"ipv4","network_interface_ids":["eni-067c76bee199ad155"],"owner_id":"052127203460","policy":"","prefix_list_id":null,"private_dns_enabled":false,"region":"us-east-1","requester_managed":true,"route_table_ids":[],"security_group_ids":[],"service_name":"com.amazonaws.vpce.us-east-1.vpce-svc-034caf8a4e4dc607b","state":"available","subnet_ids":["subnet-072778d4116ed85a3"],"tags":{"AWSNetworkFirewallManaged":"true","Firewall":"arn:aws:network-firewall:us-east-1:052127203460:firewall/network-hub-nonprod-network-firewall","Name":"network-hub-nonprod-network-firewall (us-east-1a)","VPCEndpointAssociation":"arn:aws:network-firewall:us-east-1:052127203460:vpc-endpoint-association/3913d961-2ff9-36a7-be98-4a9c8efb827e"},"timeouts":null,"vpc_endpoint_type":"GatewayLoadBalancer","vpc_id":"vpc-00f01d128ce1f76fb"},"sensitive_attributes":[]},{"index_key":"1","schema_version":0,"attributes":{"arn":"arn:aws:ec2:us-east-1:052127203460:vpc-endpoint/vpce-08806658b681c90fe","cidr_blocks":[],"dns_entry":[],"dns_options":[],"filter":null,"id":"vpce-08806658b681c90fe","ip_address_type":"ipv4","network_interface_ids":["eni-0b0593faf7fced789"],"owner_id":"052127203460","policy":"","prefix_list_id":null,"private_dns_enabled":false,"region":"us-east-1","requester_managed":true,"route_table_ids":[],"security_group_ids":[],"service_name":"com.amazonaws.vpce.us-east-1.vpce-svc-08c73c0fd3ca733a1","state":"available","subnet_ids":["subnet-0156dc937a257e72d"],"tags":{"AWSNetworkFirewallManaged":"true","Firewall":"arn:aws:network-firewall:us-east-1:052127203460:firewall/network-hub-nonprod-network-firewall","Name":"network-hub-nonprod-network-firewall (us-east-1b)","VPCEndpointAssociation":"arn:aws:network-firewall:us-east-1:052127203460:vpc-endpoint-association/47b11b79-b0a7-3bdf-84c8-dc1ce838d165"},"timeouts":null,"vpc_endpoint_type":"GatewayLoadBalancer","vpc_id":"vpc-00f01d128ce1f76fb"},"sensitive_attributes":[]},{"index_key":"2","schema_version":0,"attributes":{"arn":"arn:aws:ec2:us-east-1:052127203460:vpc-endpoint/vpce-08652e363a8ce5be0","cidr_blocks":[],"dns_entry":[],"dns_options":[],"filter":null,"id":"vpce-08652e363a8ce5be0","ip_address_type":"ipv4","network_interface_ids":["eni-090084d2b21128b71"],"owner_id":"052127203460","policy":"","prefix_list_id":null,"private_dns_enabled":false,"region":"us-east-1","requester_managed":true,"route_table_ids":[],"security_group_ids":[],"service_name":"com.amazonaws.vpce.us-east-1.vpce-svc-08ac2451a4d9cc908","state":"available","subnet_ids":["subnet-09642ec6cc85e01f7"],"tags":{"AWSNetworkFirewallManaged":"true","Firewall":"arn:aws:network-firewall:us-east-1:052127203460:firewall/network-hub-nonprod-network-firewall","Name":"network-hub-nonprod-network-firewall (us-east-1c)","VPCEndpointAssociation":"arn:aws:network-firewall:us-east-1:052127203460:vpc-endpoint-association/718222db-b0eb-3d2e-aa5b-84bd9d9c1839"},"timeouts":null,"vpc_endpoint_type":"GatewayLoadBalancer","vpc_id":"vpc-00f01d128ce1f76fb"},"sensitive_attributes":[]}]},{"module":"module.network_hub","mode":"managed","type":"aws_default_route_table","name":"central_egress_main","provider":"provider[\"registry.opentofu.org/hashicorp/aws\"]","instances":[{"schema_version":0,"attributes":{"arn":"arn:aws:ec2:us-east-1:052127203460:route-table/rtb-0dafca9550af71678","default_route_table_id":"rtb-0dafca9550af71678","id":"rtb-0dafca9550af71678","owner_id":"052127203460","propagating_vgws":[],"region":"us-east-1","route":[{"cidr_block":"0.0.0.0/0","core_network_arn":"","destination_prefix_list_id":"","egress_only_gateway_id":"","gateway_id":"igw-092face7239d36c11","instance_id":"","ipv6_cidr_block":"","nat_gateway_id":"","network_interface_id":"","transit_gateway_id":"","vpc_endpoint_id":"","vpc_peering_connection_id":""},{"cidr_block":"100.120.0.0/14","core_network_arn":"","destination_prefix_list_id":"","egress_only_gateway_id":"","gateway_id":"","instance_id":"","ipv6_cidr_block":"","nat_gateway_id":"","network_interface_id":"","transit_gateway_id":"tgw-0d075f0bbac840458","vpc_endpoint_id":"","vpc_peering_connection_id":""}],"tags":{"CardData":"no","Classification":"nonpublic","Environment":"nonprod","GitURL":"https://gitlab.com/williamhillplc/technical-services/networks/channels-team.git","ManagedBy":"OpenTofu","Migrated":"no","Name":"network-hub-nonprod-egress-vpc-main-rt","Product":"network-hub","Project":"network-hub","Tier":"internal","Type":"main-route-table","VPC":"central-egress"},"tags_all":{"CardData":"no","Classification":"nonpublic","Environment":"nonprod","GitURL":"https://gitlab.com/williamhillplc/technical-services/networks/channels-team.git","ManagedBy":"OpenTofu","Migrated":"no","Name":"network-hub-nonprod-egress-vpc-main-rt","Product":"network-hub","Project":"network-hub","Tier":"internal","Type":"main-route-table","VPC":"central-egress"},"timeouts":null,"vpc_id":"vpc-00f01d128ce1f76fb"},"sensitive_attributes":[],"private":"eyJlMmJmYjczMC1lY2FhLTExZTYtOGY4OC0zNDM2M2JjN2M0YzAiOnsiY3JlYXRlIjoxMjAwMDAwMDAwMDAsInVwZGF0ZSI6MTIwMDAwMDAwMDAwfX0=","dependencies":["module.network_hub.aws_vpc.central_egress"]}]},{"module":"module.network_hub","mode":"managed","type":"aws_default_route_table","name":"client_main","provider":"provider[\"registry.opentofu.org/hashicorp/aws\"]","instances":[{"schema_version":0,"attributes":{"arn":"arn:aws:ec2:us-east-1:052127203460:route-table/rtb-0749407a277fc4380","default_route_table_id":"rtb-0749407a277fc4380","id":"rtb-0749407a277fc4380","owner_id":"052127203460","propagating_vgws":[],"region":"us-east-1","route":[{"cidr_block":"0.0.0.0/0","core_network_arn":"","destination_prefix_list_id":"","egress_only_gateway_id":"","gateway_id":"","instance_id":"","ipv6_cidr_block":"","nat_gateway_id":"","network_interface_id":"","transit_gateway_id":"tgw-0d075f0bbac840458","vpc_endpoint_id":"","vpc_peering_connection_id":""}],"tags":{"CardData":"no","Classification":"nonpublic","Environment":"nonprod","GitURL":"https://gitlab.com/williamhillplc/technical-services/networks/channels-team.git","ManagedBy":"OpenTofu","Migrated":"no","Name":"network-hub-nonprod-client-vpc-main-rt","Product":"network-hub","Project":"network-hub","Tier":"internal","Type":"main-route-table","VPC":"client"},"tags_all":{"CardData":"no","Classification":"nonpublic","Environment":"nonprod","GitURL":"https://gitlab.com/williamhillplc/technical-services/networks/channels-team.git","ManagedBy":"OpenTofu","Migrated":"no","Name":"network-hub-nonprod-client-vpc-main-rt","Product":"network-hub","Project":"network-hub","Tier":"internal","Type":"main-route-table","VPC":"client"},"timeouts":null,"vpc_id":"vpc-0c2547488bbb89d13"},"sensitive_attributes":[],"private":"eyJlMmJmYjczMC1lY2FhLTExZTYtOGY4OC0zNDM2M2JjN2M0YzAiOnsiY3JlYXRlIjoxMjAwMDAwMDAwMDAsInVwZGF0ZSI6MTIwMDAwMDAwMDAwfX0=","dependencies":["module.network_hub.aws_vpc.client"]}]},{"module":"module.network_hub","mode":"managed","type":"aws_default_route_table","name":"firewall_main","provider":"provider[\"registry.opentofu.org/hashicorp/aws\"]","instances":[{"schema_version":0,"attributes":{"arn":"arn:aws:ec2:us-east-1:052127203460:route-table/rtb-0b63f2d932ed700e5","default_route_table_id":"rtb-0b63f2d932ed700e5","id":"rtb-0b63f2d932ed700e5","owner_id":"052127203460","propagating_vgws":[],"region":"us-east-1","route":[{"cidr_block":"0.0.0.0/0","core_network_arn":"","destination_prefix_list_id":"","egress_only_gateway_id":"","gateway_id":"","instance_id":"","ipv6_cidr_block":"","nat_gateway_id":"","network_interface_id":"","transit_gateway_id":"tgw-0d075f0bbac840458","vpc_endpoint_id":"","vpc_peering_connection_id":""}],"tags":{"CardData":"no","Classification":"nonpublic","Environment":"nonprod","GitURL":"https://gitlab.com/williamhillplc/technical-services/networks/channels-team.git","ManagedBy":"OpenTofu","Migrated":"no","Name":"network-hub-nonprod-firewall-vpc-main-rt","Product":"network-hub","Project":"network-hub","Tier":"internal","Type":"main-route-table","VPC":"firewall"},"tags_all":{"CardData":"no","Classification":"nonpublic","Environment":"nonprod","GitURL":"https://gitlab.com/williamhillplc/technical-services/networks/channels-team.git","ManagedBy":"OpenTofu","Migrated":"no","Name":"network-hub-nonprod-firewall-vpc-main-rt","Product":"network-hub","Project":"network-hub","Tier":"internal","Type":"main-route-table","VPC":"firewall"},"timeouts":null,"vpc_id":"vpc-037b166dee18c9193"},"sensitive_attributes":[],"private":"eyJlMmJmYjczMC1lY2FhLTExZTYtOGY4OC0zNDM2M2JjN2M0YzAiOnsiY3JlYXRlIjoxMjAwMDAwMDAwMDAsInVwZGF0ZSI6MTIwMDAwMDAwMDAwfX0=","dependencies":["module.network_hub.aws_vpc.firewall"]}]},{"module":"module.network_hub","mode":"managed","type":"aws_default_route_table","name":"transit_gateway_main","provider":"provider[\"registry.opentofu.org/hashicorp/aws\"]","instances":[{"schema_version":0,"attributes":{"arn":"arn:aws:ec2:us-east-1:052127203460:route-table/rtb-071fe495ab08904a1","default_route_table_id":"rtb-071fe495ab08904a1","id":"rtb-071fe495ab08904a1","owner_id":"052127203460","propagating_vgws":[],"region":"us-east-1","route":[{"cidr_block":"0.0.0.0/0","core_network_arn":"","destination_prefix_list_id":"","egress_only_gateway_id":"","gateway_id":"igw-0309e583d58819067","instance_id":"","ipv6_cidr_block":"","nat_gateway_id":"","network_interface_id":"","transit_gateway_id":"","vpc_endpoint_id":"","vpc_peering_connection_id":""},{"cidr_block":"100.104.0.0/14","core_network_arn":"","destination_prefix_list_id":"","egress_only_gateway_id":"","gateway_id":"","instance_id":"","ipv6_cidr_block":"","nat_gateway_id":"","network_interface_id":"","transit_gateway_id":"tgw-0d075f0bbac840458","vpc_endpoint_id":"","vpc_peering_connection_id":""},{"cidr_block":"100.120.0.0/14","core_network_arn":"","destination_prefix_list_id":"","egress_only_gateway_id":"","gateway_id":"","instance_id":"","ipv6_cidr_block":"","nat_gateway_id":"","network_interface_id":"","transit_gateway_id":"tgw-0d075f0bbac840458","vpc_endpoint_id":"","vpc_peering_connection_id":""}],"tags":{"CardData":"no","Classification":"nonpublic","Environment":"nonprod","GitURL":"https://gitlab.com/williamhillplc/technical-services/networks/channels-team.git","ManagedBy":"OpenTofu","Migrated":"no","Name":"network-hub-nonprod-tgw-vpc-main-rt","Product":"network-hub","Project":"network-hub","Tier":"internal","Type":"main-route-table","VPC":"transit-gateway"},"tags_all":{"CardData":"no","Classification":"nonpublic","Environment":"nonprod","GitURL":"https://gitlab.com/williamhillplc/technical-services/networks/channels-team.git","ManagedBy":"OpenTofu","Migrated":"no","Name":"network-hub-nonprod-tgw-vpc-main-rt","Product":"network-hub","Project":"network-hub","Tier":"internal","Type":"main-route-table","VPC":"transit-gateway"},"timeouts":null,"vpc_id":"vpc-0958fff4e34b6b948"},"sensitive_attributes":[],"private":"eyJlMmJmYjczMC1lY2FhLTExZTYtOGY4OC0zNDM2M2JjN2M0YzAiOnsiY3JlYXRlIjoxMjAwMDAwMDAwMDAsInVwZGF0ZSI6MTIwMDAwMDAwMDAwfX0=","dependencies":["module.network_hub.aws_vpc.transit_gateway"]}]},{"module":"module.network_hub","mode":"managed","type":"aws_ec2_transit_gateway","name":"main","provider":"provider[\"registry.opentofu.org/hashicorp/aws\"]","instances":[{"schema_version":0,"attributes":{"amazon_side_asn":64512,"arn":"arn:aws:ec2:us-east-1:052127203460:transit-gateway/tgw-0d075f0bbac840458","association_default_route_table_id":"tgw-rtb-051d0959d53a6a6c0","auto_accept_shared_attachments":"disable","default_route_table_association":"enable","default_route_table_propagation":"enable","description":"Main Transit Gateway for network-hub-nonprod","dns_support":"enable","id":"tgw-0d075f0bbac840458","multicast_support":"disable","owner_id":"052127203460","propagation_default_route_table_id":"tgw-rtb-051d0959d53a6a6c0","region":"us-east-1","security_group_referencing_support":"disable","tags":{"CardData":"no","Classification":"nonpublic","Environment":"nonprod","GitURL":"https://gitlab.com/williamhillplc/technical-services/networks/channels-team.git","ManagedBy":"OpenTofu","Migrated":"no","Name":"network-hub-nonprod-tgw","Product":"network-hub","Project":"network-hub","Tier":"internal","Type":"transit-gateway"},"tags_all":{"CardData":"no","Classification":"nonpublic","Environment":"nonprod","GitURL":"https://gitlab.com/williamhillplc/technical-services/networks/channels-team.git","ManagedBy":"OpenTofu","Migrated":"no","Name":"network-hub-nonprod-tgw","Product":"network-hub","Project":"network-hub","Tier":"internal","Type":"transit-gateway"},"timeouts":null,"transit_gateway_cidr_blocks":[],"vpn_ecmp_support":"enable"},"sensitive_attributes":[],"private":"eyJlMmJmYjczMC1lY2FhLTExZTYtOGY4OC0zNDM2M2JjN2M0YzAiOnsiY3JlYXRlIjo2MDAwMDAwMDAwMDAsImRlbGV0ZSI6NjAwMDAwMDAwMDAwLCJ1cGRhdGUiOjYwMDAwMDAwMDAwMH19"}]},{"module":"module.network_hub","mode":"managed","type":"aws_ec2_transit_gateway_route","name":"blackhole_route","provider":"provider[\"registry.opentofu.org/hashicorp/aws\"]","instances":[{"schema_version":0,"attributes":{"blackhole":true,"destination_cidr_block":"100.96.0.0/11","id":"tgw-rtb-051d0959d53a6a6c0_100.96.0.0/11","region":"us-east-1","transit_gateway_attachment_id":"","transit_gateway_route_table_id":"tgw-rtb-051d0959d53a6a6c0"},"sensitive_attributes":[],"private":"bnVsbA==","dependencies":["module.network_hub.aws_ec2_transit_gateway.main","module.network_hub.aws_ec2_transit_gateway_route_table.main"]}]},{"module":"module.network_hub","mode":"managed","type":"aws_ec2_transit_gateway_route","name":"main_default_to_firewall","provider":"provider[\"registry.opentofu.org/hashicorp/aws\"]","instances":[{"schema_version":0,"attributes":{"blackhole":false,"destination_cidr_block":"0.0.0.0/0","id":"tgw-rtb-051d0959d53a6a6c0_0.0.0.0/0","region":"us-east-1","transit_gateway_attachment_id":"tgw-attach-0caab32194a421f93","transit_gateway_route_table_id":"tgw-rtb-051d0959d53a6a6c0"},"sensitive_attributes":[],"private":"bnVsbA==","dependencies":["module.network_hub.aws_ec2_transit_gateway.main","module.network_hub.aws_ec2_transit_gateway_route_table.main","module.network_hub.aws_ec2_transit_gateway_vpc_attachment.central_egress_vpc","module.network_hub.aws_subnet.client_tgw","module.network_hub.aws_subnet.egress_private","module.network_hub.aws_subnet.firewall_tgw","module.network_hub.aws_subnet.transit_gateway","module.network_hub.aws_vpc.central_egress","module.network_hub.aws_vpc.client","module.network_hub.aws_vpc.firewall","module.network_hub.aws_vpc.transit_gateway","module.network_hub.data.aws_availability_zones.available"]}]},{"module":"module.network_hub","mode":"managed","type":"aws_ec2_transit_gateway_route_table","name":"main","provider":"provider[\"registry.opentofu.org/hashicorp/aws\"]","instances":[{"schema_version":0,"attributes":{"arn":"arn:aws:ec2:us-east-1:052127203460:transit-gateway-route-table/tgw-rtb-051d0959d53a6a6c0","default_association_route_table":true,"default_propagation_route_table":true,"id":"tgw-rtb-051d0959d53a6a6c0","region":"us-east-1","tags":{"CardData":"no","Classification":"nonpublic","Environment":"nonprod","GitURL":"https://gitlab.com/williamhillplc/technical-services/networks/channels-team.git","ManagedBy":"OpenTofu","Migrated":"no","Name":"network-hub-nonprod-tgw-rt-main","Product":"network-hub","Project":"network-hub","Purpose":"main-routing","Tier":"internal","Type":"tgw-route-table"},"tags_all":{"CardData":"no","Classification":"nonpublic","Environment":"nonprod","GitURL":"https://gitlab.com/williamhillplc/technical-services/networks/channels-team.git","ManagedBy":"OpenTofu","Migrated":"no","Name":"network-hub-nonprod-tgw-rt-main","Product":"network-hub","Project":"network-hub","Purpose":"main-routing","Tier":"internal","Type":"tgw-route-table"},"transit_gateway_id":"tgw-0d075f0bbac840458"},"sensitive_attributes":[],"private":"bnVsbA==","dependencies":["module.network_hub.aws_ec2_transit_gateway.main"]}]},{"module":"module.network_hub","mode":"managed","type":"aws_ec2_transit_gateway_route_table_association","name":"main_client_vpc","provider":"provider[\"registry.opentofu.org/hashicorp/aws\"]","instances":[{"schema_version":0,"attributes":{"id":"tgw-rtb-051d0959d53a6a6c0_tgw-attach-0c395d2d956a0ca28","region":"us-east-1","replace_existing_association":false,"resource_id":"vpc-0c2547488bbb89d13","resource_type":"vpc","transit_gateway_attachment_id":"tgw-attach-0c395d2d956a0ca28","transit_gateway_route_table_id":"tgw-rtb-051d0959d53a6a6c0"},"sensitive_attributes":[],"private":"bnVsbA==","dependencies":["module.network_hub.aws_ec2_transit_gateway.main","module.network_hub.aws_ec2_transit_gateway_route_table.main","module.network_hub.aws_ec2_transit_gateway_vpc_attachment.client_vpc","module.network_hub.aws_subnet.client_tgw","module.network_hub.aws_subnet.egress_private","module.network_hub.aws_subnet.firewall_tgw","module.network_hub.aws_subnet.transit_gateway","module.network_hub.aws_vpc.central_egress","module.network_hub.aws_vpc.client","module.network_hub.aws_vpc.firewall","module.network_hub.aws_vpc.transit_gateway","module.network_hub.data.aws_availability_zones.available"]}]},{"module":"module.network_hub","mode":"managed","type":"aws_ec2_transit_gateway_route_table_association","name":"main_egress_vpc","provider":"provider[\"registry.opentofu.org/hashicorp/aws\"]","instances":[{"schema_version":0,"attributes":{"id":"tgw-rtb-051d0959d53a6a6c0_tgw-attach-0caab32194a421f93","region":"us-east-1","replace_existing_association":false,"resource_id":"vpc-00f01d128ce1f76fb","resource_type":"vpc","transit_gateway_attachment_id":"tgw-attach-0caab32194a421f93","transit_gateway_route_table_id":"tgw-rtb-051d0959d53a6a6c0"},"sensitive_attributes":[],"private":"bnVsbA==","dependencies":["module.network_hub.aws_ec2_transit_gateway.main","module.network_hub.aws_ec2_transit_gateway_route_table.main","module.network_hub.aws_ec2_transit_gateway_vpc_attachment.central_egress_vpc","module.network_hub.aws_subnet.client_tgw","module.network_hub.aws_subnet.egress_private","module.network_hub.aws_subnet.firewall_tgw","module.network_hub.aws_subnet.transit_gateway","module.network_hub.aws_vpc.central_egress","module.network_hub.aws_vpc.client","module.network_hub.aws_vpc.firewall","module.network_hub.aws_vpc.transit_gateway","module.network_hub.data.aws_availability_zones.available"]}]},{"module":"module.network_hub","mode":"managed","type":"aws_ec2_transit_gateway_route_table_association","name":"main_tgw_vpc","provider":"provider[\"registry.opentofu.org/hashicorp/aws\"]","instances":[{"schema_version":0,"attributes":{"id":"tgw-rtb-051d0959d53a6a6c0_tgw-attach-0a67110e0c0f48188","region":"us-east-1","replace_existing_association":false,"resource_id":"vpc-0958fff4e34b6b948","resource_type":"vpc","transit_gateway_attachment_id":"tgw-attach-0a67110e0c0f48188","transit_gateway_route_table_id":"tgw-rtb-051d0959d53a6a6c0"},"sensitive_attributes":[],"private":"bnVsbA==","dependencies":["module.network_hub.aws_ec2_transit_gateway.main","module.network_hub.aws_ec2_transit_gateway_route_table.main","module.network_hub.aws_ec2_transit_gateway_vpc_attachment.transit_gateway_vpc","module.network_hub.aws_subnet.client_tgw","module.network_hub.aws_subnet.egress_private","module.network_hub.aws_subnet.firewall_tgw","module.network_hub.aws_subnet.transit_gateway","module.network_hub.aws_vpc.central_egress","module.network_hub.aws_vpc.client","module.network_hub.aws_vpc.firewall","module.network_hub.aws_vpc.transit_gateway","module.network_hub.data.aws_availability_zones.available"]}]},{"module":"module.network_hub","mode":"managed","type":"aws_ec2_transit_gateway_route_table_propagation","name":"main_client_vpc","provider":"provider[\"registry.opentofu.org/hashicorp/aws\"]","instances":[{"schema_version":0,"attributes":{"id":"tgw-rtb-051d0959d53a6a6c0_tgw-attach-0c395d2d956a0ca28","region":"us-east-1","resource_id":"vpc-0c2547488bbb89d13","resource_type":"vpc","transit_gateway_attachment_id":"tgw-attach-0c395d2d956a0ca28","transit_gateway_route_table_id":"tgw-rtb-051d0959d53a6a6c0"},"sensitive_attributes":[],"private":"bnVsbA==","dependencies":["module.network_hub.aws_ec2_transit_gateway.main","module.network_hub.aws_ec2_transit_gateway_route_table.main","module.network_hub.aws_ec2_transit_gateway_vpc_attachment.client_vpc","module.network_hub.aws_subnet.client_tgw","module.network_hub.aws_subnet.egress_private","module.network_hub.aws_subnet.firewall_tgw","module.network_hub.aws_subnet.transit_gateway","module.network_hub.aws_vpc.central_egress","module.network_hub.aws_vpc.client","module.network_hub.aws_vpc.firewall","module.network_hub.aws_vpc.transit_gateway","module.network_hub.data.aws_availability_zones.available"]}]},{"module":"module.network_hub","mode":"managed","type":"aws_ec2_transit_gateway_route_table_propagation","name":"main_tgw_vpc","provider":"provider[\"registry.opentofu.org/hashicorp/aws\"]","instances":[{"schema_version":0,"attributes":{"id":"tgw-rtb-051d0959d53a6a6c0_tgw-attach-0a67110e0c0f48188","region":"us-east-1","resource_id":"vpc-0958fff4e34b6b948","resource_type":"vpc","transit_gateway_attachment_id":"tgw-attach-0a67110e0c0f48188","transit_gateway_route_table_id":"tgw-rtb-051d0959d53a6a6c0"},"sensitive_attributes":[],"private":"bnVsbA==","dependencies":["module.network_hub.aws_ec2_transit_gateway.main","module.network_hub.aws_ec2_transit_gateway_route_table.main","module.network_hub.aws_ec2_transit_gateway_vpc_attachment.transit_gateway_vpc","module.network_hub.aws_subnet.client_tgw","module.network_hub.aws_subnet.egress_private","module.network_hub.aws_subnet.firewall_tgw","module.network_hub.aws_subnet.transit_gateway","module.network_hub.aws_vpc.central_egress","module.network_hub.aws_vpc.client","module.network_hub.aws_vpc.firewall","module.network_hub.aws_vpc.transit_gateway","module.network_hub.data.aws_availability_zones.available"]}]},{"module":"module.network_hub","mode":"managed","type":"aws_ec2_transit_gateway_vpc_attachment","name":"central_egress_vpc","provider":"provider[\"registry.opentofu.org/hashicorp/aws\"]","instances":[{"schema_version":0,"attributes":{"appliance_mode_support":"disable","arn":"arn:aws:ec2:us-east-1:052127203460:transit-gateway-attachment/tgw-attach-0caab32194a421f93","dns_support":"enable","id":"tgw-attach-0caab32194a421f93","ipv6_support":"disable","region":"us-east-1","security_group_referencing_support":"enable","subnet_ids":["subnet-07ec1b415d1b6bfa5","subnet-0d72b0594526fba44","subnet-0e48ee23ae269d87d"],"tags":{"CardData":"no","Classification":"nonpublic","Environment":"nonprod","GitURL":"https://gitlab.com/williamhillplc/technical-services/networks/channels-team.git","ManagedBy":"OpenTofu","Migrated":"no","Name":"network-hub-nonprod-tgw-attachment-egress-vpc","Product":"network-hub","Project":"network-hub","Tier":"internal","Type":"tgw-attachment","VPC":"central-egress"},"tags_all":{"CardData":"no","Classification":"nonpublic","Environment":"nonprod","GitURL":"https://gitlab.com/williamhillplc/technical-services/networks/channels-team.git","ManagedBy":"OpenTofu","Migrated":"no","Name":"network-hub-nonprod-tgw-attachment-egress-vpc","Product":"network-hub","Project":"network-hub","Tier":"internal","Type":"tgw-attachment","VPC":"central-egress"},"transit_gateway_default_route_table_association":true,"transit_gateway_default_route_table_propagation":true,"transit_gateway_id":"tgw-0d075f0bbac840458","vpc_id":"vpc-00f01d128ce1f76fb","vpc_owner_id":"052127203460"},"sensitive_attributes":[],"private":"bnVsbA==","dependencies":["module.network_hub.aws_ec2_transit_gateway.main","module.network_hub.aws_subnet.client_tgw","module.network_hub.aws_subnet.egress_private","module.network_hub.aws_subnet.firewall_tgw","module.network_hub.aws_subnet.transit_gateway","module.network_hub.aws_vpc.central_egress","module.network_hub.aws_vpc.client","module.network_hub.aws_vpc.firewall","module.network_hub.aws_vpc.transit_gateway","module.network_hub.data.aws_availability_zones.available"]}]},{"module":"module.network_hub","mode":"managed","type":"aws_ec2_transit_gateway_vpc_attachment","name":"client_vpc","provider":"provider[\"registry.opentofu.org/hashicorp/aws\"]","instances":[{"schema_version":0,"attributes":{"appliance_mode_support":"disable","arn":"arn:aws:ec2:us-east-1:052127203460:transit-gateway-attachment/tgw-attach-0c395d2d956a0ca28","dns_support":"enable","id":"tgw-attach-0c395d2d956a0ca28","ipv6_support":"disable","region":"us-east-1","security_group_referencing_support":"enable","subnet_ids":["subnet-0267c8da6d030c36b","subnet-035efbef995c4d76a","subnet-0dbfefb4f65298d81"],"tags":{"CardData":"no","Classification":"nonpublic","Environment":"nonprod","GitURL":"https://gitlab.com/williamhillplc/technical-services/networks/channels-team.git","ManagedBy":"OpenTofu","Migrated":"no","Name":"network-hub-nonprod-tgw-attachment-client-vpc","Product":"network-hub","Project":"network-hub","Tier":"internal","Type":"tgw-attachment","VPC":"client"},"tags_all":{"CardData":"no","Classification":"nonpublic","Environment":"nonprod","GitURL":"https://gitlab.com/williamhillplc/technical-services/networks/channels-team.git","ManagedBy":"OpenTofu","Migrated":"no","Name":"network-hub-nonprod-tgw-attachment-client-vpc","Product":"network-hub","Project":"network-hub","Tier":"internal","Type":"tgw-attachment","VPC":"client"},"transit_gateway_default_route_table_association":true,"transit_gateway_default_route_table_propagation":true,"transit_gateway_id":"tgw-0d075f0bbac840458","vpc_id":"vpc-0c2547488bbb89d13","vpc_owner_id":"052127203460"},"sensitive_attributes":[],"private":"bnVsbA==","dependencies":["module.network_hub.aws_ec2_transit_gateway.main","module.network_hub.aws_subnet.client_tgw","module.network_hub.aws_subnet.egress_private","module.network_hub.aws_subnet.firewall_tgw","module.network_hub.aws_subnet.transit_gateway","module.network_hub.aws_vpc.central_egress","module.network_hub.aws_vpc.client","module.network_hub.aws_vpc.firewall","module.network_hub.aws_vpc.transit_gateway","module.network_hub.data.aws_availability_zones.available"]}]},{"module":"module.network_hub","mode":"managed","type":"aws_ec2_transit_gateway_vpc_attachment","name":"firewall_vpc","provider":"provider[\"registry.opentofu.org/hashicorp/aws\"]","instances":[{"schema_version":0,"attributes":{"appliance_mode_support":"enable","arn":"arn:aws:ec2:us-east-1:052127203460:transit-gateway-attachment/tgw-attach-0b2050bf0f22055ef","dns_support":"enable","id":"tgw-attach-0b2050bf0f22055ef","ipv6_support":"disable","region":"us-east-1","security_group_referencing_support":"enable","subnet_ids":["subnet-003a18ef7ea541146","subnet-0b127136f8827fdc9","subnet-0e052e02fc73f96c7"],"tags":{"CardData":"no","Classification":"nonpublic","Environment":"nonprod","GitURL":"https://gitlab.com/williamhillplc/technical-services/networks/channels-team.git","ManagedBy":"OpenTofu","Migrated":"no","Name":"network-hub-nonprod-tgw-attachment-firewall-vpc","Product":"network-hub","Project":"network-hub","Tier":"internal","Type":"tgw-attachment","VPC":"firewall"},"tags_all":{"CardData":"no","Classification":"nonpublic","Environment":"nonprod","GitURL":"https://gitlab.com/williamhillplc/technical-services/networks/channels-team.git","ManagedBy":"OpenTofu","Migrated":"no","Name":"network-hub-nonprod-tgw-attachment-firewall-vpc","Product":"network-hub","Project":"network-hub","Tier":"internal","Type":"tgw-attachment","VPC":"firewall"},"transit_gateway_default_route_table_association":false,"transit_gateway_default_route_table_propagation":false,"transit_gateway_id":"tgw-0d075f0bbac840458","vpc_id":"vpc-037b166dee18c9193","vpc_owner_id":"052127203460"},"sensitive_attributes":[],"private":"bnVsbA==","dependencies":["module.network_hub.aws_ec2_transit_gateway.main","module.network_hub.aws_subnet.client_tgw","module.network_hub.aws_subnet.egress_private","module.network_hub.aws_subnet.firewall_tgw","module.network_hub.aws_subnet.transit_gateway","module.network_hub.aws_vpc.central_egress","module.network_hub.aws_vpc.client","module.network_hub.aws_vpc.firewall","module.network_hub.aws_vpc.transit_gateway","module.network_hub.data.aws_availability_zones.available"]}]},{"module":"module.network_hub","mode":"managed","type":"aws_ec2_transit_gateway_vpc_attachment","name":"transit_gateway_vpc","provider":"provider[\"registry.opentofu.org/hashicorp/aws\"]","instances":[{"schema_version":0,"attributes":{"appliance_mode_support":"disable","arn":"arn:aws:ec2:us-east-1:052127203460:transit-gateway-attachment/tgw-attach-0a67110e0c0f48188","dns_support":"enable","id":"tgw-attach-0a67110e0c0f48188","ipv6_support":"disable","region":"us-east-1","security_group_referencing_support":"enable","subnet_ids":["subnet-01b85e56227549c62","subnet-02ef65715093bc80d","subnet-05841c3b2e5ad2792"],"tags":{"CardData":"no","Classification":"nonpublic","Environment":"nonprod","GitURL":"https://gitlab.com/williamhillplc/technical-services/networks/channels-team.git","ManagedBy":"OpenTofu","Migrated":"no","Name":"network-hub-nonprod-tgw-attachment-tgw-vpc","Product":"network-hub","Project":"network-hub","Tier":"internal","Type":"tgw-attachment","VPC":"transit-gateway"},"tags_all":{"CardData":"no","Classification":"nonpublic","Environment":"nonprod","GitURL":"https://gitlab.com/williamhillplc/technical-services/networks/channels-team.git","ManagedBy":"OpenTofu","Migrated":"no","Name":"network-hub-nonprod-tgw-attachment-tgw-vpc","Product":"network-hub","Project":"network-hub","Tier":"internal","Type":"tgw-attachment","VPC":"transit-gateway"},"transit_gateway_default_route_table_association":true,"transit_gateway_default_route_table_propagation":true,"transit_gateway_id":"tgw-0d075f0bbac840458","vpc_id":"vpc-0958fff4e34b6b948","vpc_owner_id":"052127203460"},"sensitive_attributes":[],"private":"bnVsbA==","dependencies":["module.network_hub.aws_ec2_transit_gateway.main","module.network_hub.aws_subnet.client_tgw","module.network_hub.aws_subnet.egress_private","module.network_hub.aws_subnet.firewall_tgw","module.network_hub.aws_subnet.transit_gateway","module.network_hub.aws_vpc.central_egress","module.network_hub.aws_vpc.client","module.network_hub.aws_vpc.firewall","module.network_hub.aws_vpc.transit_gateway","module.network_hub.data.aws_availability_zones.available"]}]},{"module":"module.network_hub","mode":"managed","type":"aws_eip","name":"nat_gateway","provider":"provider[\"registry.opentofu.org/hashicorp/aws\"]","instances":[{"index_key":0,"schema_version":0,"attributes":{"address":null,"allocation_id":"eipalloc-0374cb2cee88b30cc","arn":"arn:aws:ec2:us-east-1:052127203460:elastic-ip/eipalloc-0374cb2cee88b30cc","associate_with_private_ip":null,"association_id":"eipassoc-0884c4215e39f49c9","carrier_ip":"","customer_owned_ip":"","customer_owned_ipv4_pool":"","domain":"vpc","id":"eipalloc-0374cb2cee88b30cc","instance":"","ipam_pool_id":null,"network_border_group":"us-east-1","network_interface":"eni-0f196105da880d281","private_dns":"ip-100-120-2-52.ec2.internal","private_ip":"100.120.2.52","ptr_record":"","public_dns":"ec2-35-170-230-21.compute-1.amazonaws.com","public_ip":"35.170.230.21","public_ipv4_pool":"amazon","region":"us-east-1","tags":{"AZ":"us-east-1a","CardData":"no","Classification":"nonpublic","Environment":"nonprod","GitURL":"https://gitlab.com/williamhillplc/technical-services/networks/channels-team.git","ManagedBy":"OpenTofu","Migrated":"no","Name":"network-hub-nonprod-nat-eip-1a","Product":"network-hub","Project":"network-hub","Purpose":"nat-gateway","Tier":"internal","Type":"elastic-ip"},"tags_all":{"AZ":"us-east-1a","CardData":"no","Classification":"nonpublic","Environment":"nonprod","GitURL":"https://gitlab.com/williamhillplc/technical-services/networks/channels-team.git","ManagedBy":"OpenTofu","Migrated":"no","Name":"network-hub-nonprod-nat-eip-1a","Product":"network-hub","Project":"network-hub","Purpose":"nat-gateway","Tier":"internal","Type":"elastic-ip"},"timeouts":null},"sensitive_attributes":[],"private":"eyJlMmJmYjczMC1lY2FhLTExZTYtOGY4OC0zNDM2M2JjN2M0YzAiOnsiZGVsZXRlIjoxODAwMDAwMDAwMDAsInJlYWQiOjkwMDAwMDAwMDAwMCwidXBkYXRlIjozMDAwMDAwMDAwMDB9fQ==","dependencies":["module.network_hub.aws_internet_gateway.central_egress","module.network_hub.aws_vpc.central_egress","module.network_hub.data.aws_availability_zones.available"]},{"index_key":1,"schema_version":0,"attributes":{"address":null,"allocation_id":"eipalloc-0c1b992af08c88d36","arn":"arn:aws:ec2:us-east-1:052127203460:elastic-ip/eipalloc-0c1b992af08c88d36","associate_with_private_ip":null,"association_id":"eipassoc-00963f7cdc24d114f","carrier_ip":"","customer_owned_ip":"","customer_owned_ipv4_pool":"","domain":"vpc","id":"eipalloc-0c1b992af08c88d36","instance":"","ipam_pool_id":null,"network_border_group":"us-east-1","network_interface":"eni-08f40fc66f10ae1a9","private_dns":"ip-100-120-2-75.ec2.internal","private_ip":"100.120.2.75","ptr_record":"","public_dns":"ec2-54-85-143-185.compute-1.amazonaws.com","public_ip":"54.85.143.185","public_ipv4_pool":"amazon","region":"us-east-1","tags":{"AZ":"us-east-1b","CardData":"no","Classification":"nonpublic","Environment":"nonprod","GitURL":"https://gitlab.com/williamhillplc/technical-services/networks/channels-team.git","ManagedBy":"OpenTofu","Migrated":"no","Name":"network-hub-nonprod-nat-eip-1b","Product":"network-hub","Project":"network-hub","Purpose":"nat-gateway","Tier":"internal","Type":"elastic-ip"},"tags_all":{"AZ":"us-east-1b","CardData":"no","Classification":"nonpublic","Environment":"nonprod","GitURL":"https://gitlab.com/williamhillplc/technical-services/networks/channels-team.git","ManagedBy":"OpenTofu","Migrated":"no","Name":"network-hub-nonprod-nat-eip-1b","Product":"network-hub","Project":"network-hub","Purpose":"nat-gateway","Tier":"internal","Type":"elastic-ip"},"timeouts":null},"sensitive_attributes":[],"private":"eyJlMmJmYjczMC1lY2FhLTExZTYtOGY4OC0zNDM2M2JjN2M0YzAiOnsiZGVsZXRlIjoxODAwMDAwMDAwMDAsInJlYWQiOjkwMDAwMDAwMDAwMCwidXBkYXRlIjozMDAwMDAwMDAwMDB9fQ==","dependencies":["module.network_hub.aws_internet_gateway.central_egress","module.network_hub.aws_vpc.central_egress","module.network_hub.data.aws_availability_zones.available"]},{"index_key":2,"schema_version":0,"attributes":{"address":null,"allocation_id":"eipalloc-0ae7d5c30133c33c1","arn":"arn:aws:ec2:us-east-1:052127203460:elastic-ip/eipalloc-0ae7d5c30133c33c1","associate_with_private_ip":null,"association_id":"eipassoc-01d78ee56865c2682","carrier_ip":"","customer_owned_ip":"","customer_owned_ipv4_pool":"","domain":"vpc","id":"eipalloc-0ae7d5c30133c33c1","instance":"","ipam_pool_id":null,"network_border_group":"us-east-1","network_interface":"eni-06d376eb50ef9d73e","private_dns":"ip-100-120-2-85.ec2.internal","private_ip":"100.120.2.85","ptr_record":"","public_dns":"ec2-34-196-130-251.compute-1.amazonaws.com","public_ip":"34.196.130.251","public_ipv4_pool":"amazon","region":"us-east-1","tags":{"AZ":"us-east-1c","CardData":"no","Classification":"nonpublic","Environment":"nonprod","GitURL":"https://gitlab.com/williamhillplc/technical-services/networks/channels-team.git","ManagedBy":"OpenTofu","Migrated":"no","Name":"network-hub-nonprod-nat-eip-1c","Product":"network-hub","Project":"network-hub","Purpose":"nat-gateway","Tier":"internal","Type":"elastic-ip"},"tags_all":{"AZ":"us-east-1c","CardData":"no","Classification":"nonpublic","Environment":"nonprod","GitURL":"https://gitlab.com/williamhillplc/technical-services/networks/channels-team.git","ManagedBy":"OpenTofu","Migrated":"no","Name":"network-hub-nonprod-nat-eip-1c","Product":"network-hub","Project":"network-hub","Purpose":"nat-gateway","Tier":"internal","Type":"elastic-ip"},"timeouts":null},"sensitive_attributes":[],"private":"eyJlMmJmYjczMC1lY2FhLTExZTYtOGY4OC0zNDM2M2JjN2M0YzAiOnsiZGVsZXRlIjoxODAwMDAwMDAwMDAsInJlYWQiOjkwMDAwMDAwMDAwMCwidXBkYXRlIjozMDAwMDAwMDAwMDB9fQ==","dependencies":["module.network_hub.aws_internet_gateway.central_egress","module.network_hub.aws_vpc.central_egress","module.network_hub.data.aws_availability_zones.available"]}]},{"module":"module.network_hub","mode":"managed","type":"aws_instance","name":"client_test","provider":"provider[\"registry.opentofu.org/hashicorp/aws\"]","instances":[{"index_key":0,"schema_version":2,"attributes":{"ami":"ami-0871b7e0b83ae16c4","arn":"arn:aws:ec2:us-east-1:052127203460:instance/i-0d7eb18804b576206","associate_public_ip_address":false,"availability_zone":"us-east-1a","capacity_reservation_specification":[{"capacity_reservation_preference":"open","capacity_reservation_target":[]}],"cpu_options":[{"amd_sev_snp":"","core_count":1,"threads_per_core":2}],"credit_specification":[{"cpu_credits":"unlimited"}],"disable_api_stop":false,"disable_api_termination":false,"ebs_block_device":[],"ebs_optimized":false,"enable_primary_ipv6":null,"enclave_options":[{"enabled":false}],"ephemeral_block_device":[],"get_password_data":false,"hibernation":false,"host_id":"","host_resource_group_arn":null,"iam_instance_profile":"","id":"i-0d7eb18804b576206","instance_initiated_shutdown_behavior":"stop","instance_lifecycle":"","instance_market_options":[],"instance_state":"running","instance_type":"t3.micro","ipv6_address_count":0,"ipv6_addresses":[],"key_name":"do_test_us","launch_template":[],"maintenance_options":[{"auto_recovery":"default"}],"metadata_options":[{"http_endpoint":"enabled","http_protocol_ipv6":"disabled","http_put_response_hop_limit":1,"http_tokens":"optional","instance_metadata_tags":"disabled"}],"monitoring":false,"network_interface":[],"outpost_arn":"","password_data":"","placement_group":"","placement_partition_number":0,"primary_network_interface_id":"eni-0a3d2c8e4c4acac9b","private_dns":"ip-100-120-35-113.ec2.internal","private_dns_name_options":[{"enable_resource_name_dns_a_record":false,"enable_resource_name_dns_aaaa_record":false,"hostname_type":"ip-name"}],"private_ip":"100.120.35.113","public_dns":"","public_ip":"","region":"us-east-1","root_block_device":[{"delete_on_termination":true,"device_name":"/dev/xvda","encrypted":false,"iops":100,"kms_key_id":"","tags":{},"tags_all":{},"throughput":0,"volume_id":"vol-09c27f55cbbd475c6","volume_size":8,"volume_type":"gp2"}],"secondary_private_ips":[],"security_groups":[],"source_dest_check":true,"spot_instance_request_id":"","subnet_id":"subnet-0e494da2b9b499414","tags":{"CardData":"no","Classification":"nonpublic","Environment":"cde","GitURL":"https://gitlab.com/williamhillplc/technical-services/networks/channels-team.git","ManagedBy":"OpenTofu","Migrated":"no","Name":"network-hub-nonprod-client-test-instance","Product":"network-hub","Project":"network-hub","Purpose":"client-vpc-and-firewall-testing","Tier":"internal","Type":"test-instance","VPC":"client"},"tags_all":{"CardData":"no","Classification":"nonpublic","Environment":"cde","GitURL":"https://gitlab.com/williamhillplc/technical-services/networks/channels-team.git","ManagedBy":"OpenTofu","Migrated":"no","Name":"network-hub-nonprod-client-test-instance","Product":"network-hub","Project":"network-hub","Purpose":"client-vpc-and-firewall-testing","Tier":"internal","Type":"test-instance","VPC":"client"},"tenancy":"default","timeouts":null,"user_data":null,"user_data_base64":null,"user_data_replace_on_change":false,"volume_tags":null,"vpc_security_group_ids":["sg-0d62d59c6e856b4d8"]},"sensitive_attributes":[],"private":"eyJlMmJmYjczMC1lY2FhLTExZTYtOGY4OC0zNDM2M2JjN2M0YzAiOnsiY3JlYXRlIjo2MDAwMDAwMDAwMDAsImRlbGV0ZSI6MTIwMDAwMDAwMDAwMCwicmVhZCI6OTAwMDAwMDAwMDAwLCJ1cGRhdGUiOjYwMDAwMDAwMDAwMH0sInNjaGVtYV92ZXJzaW9uIjoiMiJ9","dependencies":["module.network_hub.aws_security_group.client_instance","module.network_hub.aws_subnet.client_cde","module.network_hub.aws_subnet.client_tgw","module.network_hub.aws_vpc.client","module.network_hub.aws_vpc.transit_gateway","module.network_hub.data.aws_ami.amazon_linux","module.network_hub.data.aws_availability_zones.available"],"create_before_destroy":true}]},{"module":"module.network_hub","mode":"managed","type":"aws_instance","name":"tgw_test","provider":"provider[\"registry.opentofu.org/hashicorp/aws\"]","instances":[{"index_key":0,"schema_version":2,"attributes":{"ami":"ami-0871b7e0b83ae16c4","arn":"arn:aws:ec2:us-east-1:052127203460:instance/i-0af5630084725c379","associate_public_ip_address":true,"availability_zone":"us-east-1a","capacity_reservation_specification":[{"capacity_reservation_preference":"open","capacity_reservation_target":[]}],"cpu_options":[{"amd_sev_snp":"","core_count":1,"threads_per_core":2}],"credit_specification":[{"cpu_credits":"unlimited"}],"disable_api_stop":false,"disable_api_termination":false,"ebs_block_device":[],"ebs_optimized":false,"enable_primary_ipv6":null,"enclave_options":[{"enabled":false}],"ephemeral_block_device":[],"get_password_data":false,"hibernation":false,"host_id":"","host_resource_group_arn":null,"iam_instance_profile":"","id":"i-0af5630084725c379","instance_initiated_shutdown_behavior":"stop","instance_lifecycle":"","instance_market_options":[],"instance_state":"running","instance_type":"t3.micro","ipv6_address_count":0,"ipv6_addresses":[],"key_name":"do_test_us","launch_template":[],"maintenance_options":[{"auto_recovery":"default"}],"metadata_options":[{"http_endpoint":"enabled","http_protocol_ipv6":"disabled","http_put_response_hop_limit":1,"http_tokens":"optional","instance_metadata_tags":"disabled"}],"monitoring":false,"network_interface":[],"outpost_arn":"","password_data":"","placement_group":"","placement_partition_number":0,"primary_network_interface_id":"eni-028651ca0d57e1024","private_dns":"ip-100-120-0-5.ec2.internal","private_dns_name_options":[{"enable_resource_name_dns_a_record":false,"enable_resource_name_dns_aaaa_record":false,"hostname_type":"ip-name"}],"private_ip":"100.120.0.5","public_dns":"ec2-54-208-191-130.compute-1.amazonaws.com","public_ip":"54.208.191.130","region":"us-east-1","root_block_device":[{"delete_on_termination":true,"device_name":"/dev/xvda","encrypted":false,"iops":100,"kms_key_id":"","tags":{},"tags_all":{},"throughput":0,"volume_id":"vol-0c5533a517df2fa50","volume_size":8,"volume_type":"gp2"}],"secondary_private_ips":[],"security_groups":[],"source_dest_check":true,"spot_instance_request_id":"","subnet_id":"subnet-01b85e56227549c62","tags":{"CardData":"no","Classification":"nonpublic","Environment":"nonprod","GitURL":"https://gitlab.com/williamhillplc/technical-services/networks/channels-team.git","ManagedBy":"OpenTofu","Migrated":"no","Name":"network-hub-nonprod-tgw-test-instance","Product":"network-hub","Project":"network-hub","Purpose":"external-access-and-tgw-testing","Tier":"internal","Type":"test-instance","VPC":"transit-gateway"},"tags_all":{"CardData":"no","Classification":"nonpublic","Environment":"nonprod","GitURL":"https://gitlab.com/williamhillplc/technical-services/networks/channels-team.git","ManagedBy":"OpenTofu","Migrated":"no","Name":"network-hub-nonprod-tgw-test-instance","Product":"network-hub","Project":"network-hub","Purpose":"external-access-and-tgw-testing","Tier":"internal","Type":"test-instance","VPC":"transit-gateway"},"tenancy":"default","timeouts":null,"user_data":null,"user_data_base64":null,"user_data_replace_on_change":false,"volume_tags":null,"vpc_security_group_ids":["sg-0aa42a7a385615af6"]},"sensitive_attributes":[],"private":"eyJlMmJmYjczMC1lY2FhLTExZTYtOGY4OC0zNDM2M2JjN2M0YzAiOnsiY3JlYXRlIjo2MDAwMDAwMDAwMDAsImRlbGV0ZSI6MTIwMDAwMDAwMDAwMCwicmVhZCI6OTAwMDAwMDAwMDAwLCJ1cGRhdGUiOjYwMDAwMDAwMDAwMH0sInNjaGVtYV92ZXJzaW9uIjoiMiJ9","dependencies":["module.network_hub.aws_security_group.tgw_instance","module.network_hub.aws_subnet.transit_gateway","module.network_hub.aws_vpc.client","module.network_hub.aws_vpc.transit_gateway","module.network_hub.data.aws_ami.amazon_linux","module.network_hub.data.aws_availability_zones.available"],"create_before_destroy":true}]},{"module":"module.network_hub","mode":"managed","type":"aws_internet_gateway","name":"central_egress","provider":"provider[\"registry.opentofu.org/hashicorp/aws\"]","instances":[{"schema_version":0,"attributes":{"arn":"arn:aws:ec2:us-east-1:052127203460:internet-gateway/igw-092face7239d36c11","id":"igw-092face7239d36c11","owner_id":"052127203460","region":"us-east-1","tags":{"CardData":"no","Classification":"nonpublic","Environment":"nonprod","GitURL":"https://gitlab.com/williamhillplc/technical-services/networks/channels-team.git","ManagedBy":"OpenTofu","Migrated":"no","Name":"network-hub-nonprod-egress-igw","Product":"network-hub","Project":"network-hub","Tier":"internal","Type":"internet-gateway","VPC":"central-egress"},"tags_all":{"CardData":"no","Classification":"nonpublic","Environment":"nonprod","GitURL":"https://gitlab.com/williamhillplc/technical-services/networks/channels-team.git","ManagedBy":"OpenTofu","Migrated":"no","Name":"network-hub-nonprod-egress-igw","Product":"network-hub","Project":"network-hub","Tier":"internal","Type":"internet-gateway","VPC":"central-egress"},"timeouts":null,"vpc_id":"vpc-00f01d128ce1f76fb"},"sensitive_attributes":[],"private":"eyJlMmJmYjczMC1lY2FhLTExZTYtOGY4OC0zNDM2M2JjN2M0YzAiOnsiY3JlYXRlIjoxMjAwMDAwMDAwMDAwLCJkZWxldGUiOjEyMDAwMDAwMDAwMDAsInVwZGF0ZSI6MTIwMDAwMDAwMDAwMH19","dependencies":["module.network_hub.aws_vpc.central_egress"]}]},{"module":"module.network_hub","mode":"managed","type":"aws_internet_gateway","name":"transit_gateway","provider":"provider[\"registry.opentofu.org/hashicorp/aws\"]","instances":[{"schema_version":0,"attributes":{"arn":"arn:aws:ec2:us-east-1:052127203460:internet-gateway/igw-0309e583d58819067","id":"igw-0309e583d58819067","owner_id":"052127203460","region":"us-east-1","tags":{"CardData":"no","Classification":"nonpublic","Environment":"nonprod","GitURL":"https://gitlab.com/williamhillplc/technical-services/networks/channels-team.git","ManagedBy":"OpenTofu","Migrated":"no","Name":"network-hub-nonprod-tgw-igw","Product":"network-hub","Project":"network-hub","Tier":"internal","Type":"internet-gateway","VPC":"transit-gateway"},"tags_all":{"CardData":"no","Classification":"nonpublic","Environment":"nonprod","GitURL":"https://gitlab.com/williamhillplc/technical-services/networks/channels-team.git","ManagedBy":"OpenTofu","Migrated":"no","Name":"network-hub-nonprod-tgw-igw","Product":"network-hub","Project":"network-hub","Tier":"internal","Type":"internet-gateway","VPC":"transit-gateway"},"timeouts":null,"vpc_id":"vpc-0958fff4e34b6b948"},"sensitive_attributes":[],"private":"eyJlMmJmYjczMC1lY2FhLTExZTYtOGY4OC0zNDM2M2JjN2M0YzAiOnsiY3JlYXRlIjoxMjAwMDAwMDAwMDAwLCJkZWxldGUiOjEyMDAwMDAwMDAwMDAsInVwZGF0ZSI6MTIwMDAwMDAwMDAwMH19","dependencies":["module.network_hub.aws_vpc.transit_gateway"]}]},{"module":"module.network_hub","mode":"managed","type":"aws_nat_gateway","name":"central_egress","provider":"provider[\"registry.opentofu.org/hashicorp/aws\"]","instances":[{"index_key":0,"schema_version":0,"attributes":{"allocation_id":"eipalloc-0374cb2cee88b30cc","association_id":"eipassoc-0884c4215e39f49c9","connectivity_type":"public","id":"nat-0c1b728298358a7dc","network_interface_id":"eni-0f196105da880d281","private_ip":"100.120.2.52","public_ip":"35.170.230.21","region":"us-east-1","secondary_allocation_ids":[],"secondary_private_ip_address_count":0,"secondary_private_ip_addresses":[],"subnet_id":"subnet-0e34d1989897e9c41","tags":{"AZ":"us-east-1a","CardData":"no","Classification":"nonpublic","Environment":"nonprod","GitURL":"https://gitlab.com/williamhillplc/technical-services/networks/channels-team.git","ManagedBy":"OpenTofu","Migrated":"no","Name":"network-hub-nonprod-nat-gw-1a","Product":"network-hub","Project":"network-hub","Subnet":"subnet-0e34d1989897e9c41","Tier":"internal","Type":"nat-gateway"},"tags_all":{"AZ":"us-east-1a","CardData":"no","Classification":"nonpublic","Environment":"nonprod","GitURL":"https://gitlab.com/williamhillplc/technical-services/networks/channels-team.git","ManagedBy":"OpenTofu","Migrated":"no","Name":"network-hub-nonprod-nat-gw-1a","Product":"network-hub","Project":"network-hub","Subnet":"subnet-0e34d1989897e9c41","Tier":"internal","Type":"nat-gateway"},"timeouts":null},"sensitive_attributes":[],"private":"eyJlMmJmYjczMC1lY2FhLTExZTYtOGY4OC0zNDM2M2JjN2M0YzAiOnsiY3JlYXRlIjo2MDAwMDAwMDAwMDAsImRlbGV0ZSI6MTgwMDAwMDAwMDAwMCwidXBkYXRlIjo2MDAwMDAwMDAwMDB9fQ==","dependencies":["module.network_hub.aws_eip.nat_gateway","module.network_hub.aws_internet_gateway.central_egress","module.network_hub.aws_subnet.egress_public","module.network_hub.aws_vpc.central_egress","module.network_hub.data.aws_availability_zones.available"]},{"index_key":1,"schema_version":0,"attributes":{"allocation_id":"eipalloc-0c1b992af08c88d36","association_id":"eipassoc-00963f7cdc24d114f","connectivity_type":"public","id":"nat-05801f763775bf438","network_interface_id":"eni-08f40fc66f10ae1a9","private_ip":"100.120.2.75","public_ip":"54.85.143.185","region":"us-east-1","secondary_allocation_ids":[],"secondary_private_ip_address_count":0,"secondary_private_ip_addresses":[],"subnet_id":"subnet-095d3055c353e8353","tags":{"AZ":"us-east-1b","CardData":"no","Classification":"nonpublic","Environment":"nonprod","GitURL":"https://gitlab.com/williamhillplc/technical-services/networks/channels-team.git","ManagedBy":"OpenTofu","Migrated":"no","Name":"network-hub-nonprod-nat-gw-1b","Product":"network-hub","Project":"network-hub","Subnet":"subnet-095d3055c353e8353","Tier":"internal","Type":"nat-gateway"},"tags_all":{"AZ":"us-east-1b","CardData":"no","Classification":"nonpublic","Environment":"nonprod","GitURL":"https://gitlab.com/williamhillplc/technical-services/networks/channels-team.git","ManagedBy":"OpenTofu","Migrated":"no","Name":"network-hub-nonprod-nat-gw-1b","Product":"network-hub","Project":"network-hub","Subnet":"subnet-095d3055c353e8353","Tier":"internal","Type":"nat-gateway"},"timeouts":null},"sensitive_attributes":[],"private":"eyJlMmJmYjczMC1lY2FhLTExZTYtOGY4OC0zNDM2M2JjN2M0YzAiOnsiY3JlYXRlIjo2MDAwMDAwMDAwMDAsImRlbGV0ZSI6MTgwMDAwMDAwMDAwMCwidXBkYXRlIjo2MDAwMDAwMDAwMDB9fQ==","dependencies":["module.network_hub.aws_eip.nat_gateway","module.network_hub.aws_internet_gateway.central_egress","module.network_hub.aws_subnet.egress_public","module.network_hub.aws_vpc.central_egress","module.network_hub.data.aws_availability_zones.available"]},{"index_key":2,"schema_version":0,"attributes":{"allocation_id":"eipalloc-0ae7d5c30133c33c1","association_id":"eipassoc-01d78ee56865c2682","connectivity_type":"public","id":"nat-090e1e19387831903","network_interface_id":"eni-06d376eb50ef9d73e","private_ip":"100.120.2.85","public_ip":"34.196.130.251","region":"us-east-1","secondary_allocation_ids":[],"secondary_private_ip_address_count":0,"secondary_private_ip_addresses":[],"subnet_id":"subnet-02e84df546c959371","tags":{"AZ":"us-east-1c","CardData":"no","Classification":"nonpublic","Environment":"nonprod","GitURL":"https://gitlab.com/williamhillplc/technical-services/networks/channels-team.git","ManagedBy":"OpenTofu","Migrated":"no","Name":"network-hub-nonprod-nat-gw-1c","Product":"network-hub","Project":"network-hub","Subnet":"subnet-02e84df546c959371","Tier":"internal","Type":"nat-gateway"},"tags_all":{"AZ":"us-east-1c","CardData":"no","Classification":"nonpublic","Environment":"nonprod","GitURL":"https://gitlab.com/williamhillplc/technical-services/networks/channels-team.git","ManagedBy":"OpenTofu","Migrated":"no","Name":"network-hub-nonprod-nat-gw-1c","Product":"network-hub","Project":"network-hub","Subnet":"subnet-02e84df546c959371","Tier":"internal","Type":"nat-gateway"},"timeouts":null},"sensitive_attributes":[],"private":"eyJlMmJmYjczMC1lY2FhLTExZTYtOGY4OC0zNDM2M2JjN2M0YzAiOnsiY3JlYXRlIjo2MDAwMDAwMDAwMDAsImRlbGV0ZSI6MTgwMDAwMDAwMDAwMCwidXBkYXRlIjo2MDAwMDAwMDAwMDB9fQ==","dependencies":["module.network_hub.aws_eip.nat_gateway","module.network_hub.aws_internet_gateway.central_egress","module.network_hub.aws_subnet.egress_public","module.network_hub.aws_vpc.central_egress","module.network_hub.data.aws_availability_zones.available"]}]},{"module":"module.network_hub","mode":"managed","type":"aws_networkfirewall_firewall","name":"main","provider":"provider[\"registry.opentofu.org/hashicorp/aws\"]","instances":[{"schema_version":0,"attributes":{"arn":"arn:aws:network-firewall:us-east-1:052127203460:firewall/network-hub-nonprod-network-firewall","delete_protection":false,"description":"","enabled_analysis_types":[],"encryption_configuration":[],"firewall_policy_arn":"arn:aws:network-firewall:us-east-1:052127203460:firewall-policy/network-hub-nonprod-firewall-policy","firewall_policy_change_protection":false,"firewall_status":[{"sync_states":[{"attachment":[{"endpoint_id":"vpce-029d921f5916973e6","subnet_id":"subnet-0ae820166fc1bd65c"}],"availability_zone":"us-east-1c"},{"attachment":[{"endpoint_id":"vpce-074ead6a2bc838839","subnet_id":"subnet-02b9c84875c622b4c"}],"availability_zone":"us-east-1a"},{"attachment":[{"endpoint_id":"vpce-082b5f3765c08d94d","subnet_id":"subnet-01eb45e8b2882c18b"}],"availability_zone":"us-east-1b"}]}],"id":"arn:aws:network-firewall:us-east-1:052127203460:firewall/network-hub-nonprod-network-firewall","name":"network-hub-nonprod-network-firewall","region":"us-east-1","subnet_change_protection":false,"subnet_mapping":[{"ip_address_type":"IPV4","subnet_id":"subnet-01eb45e8b2882c18b"},{"ip_address_type":"IPV4","subnet_id":"subnet-02b9c84875c622b4c"},{"ip_address_type":"IPV4","subnet_id":"subnet-0ae820166fc1bd65c"}],"tags":{"CardData":"no","Classification":"nonpublic","Environment":"nonprod","GitURL":"https://gitlab.com/williamhillplc/technical-services/networks/channels-team.git","ManagedBy":"OpenTofu","Migrated":"no","Name":"network-hub-nonprod-network-firewall","Product":"network-hub","Project":"network-hub","Tier":"internal","Type":"network-firewall"},"tags_all":{"CardData":"no","Classification":"nonpublic","Environment":"nonprod","GitURL":"https://gitlab.com/williamhillplc/technical-services/networks/channels-team.git","ManagedBy":"OpenTofu","Migrated":"no","Name":"network-hub-nonprod-network-firewall","Product":"network-hub","Project":"network-hub","Tier":"internal","Type":"network-firewall"},"timeouts":null,"update_token":"38a9679f-c5a8-46dd-8141-a51d6cc32ff0","vpc_id":"vpc-037b166dee18c9193"},"sensitive_attributes":[],"private":"eyJlMmJmYjczMC1lY2FhLTExZTYtOGY4OC0zNDM2M2JjN2M0YzAiOnsiY3JlYXRlIjoxODAwMDAwMDAwMDAwLCJkZWxldGUiOjE4MDAwMDAwMDAwMDAsInVwZGF0ZSI6MTgwMDAwMDAwMDAwMH19","dependencies":["module.network_hub.aws_networkfirewall_firewall_policy.main","module.network_hub.aws_networkfirewall_rule_group.domain_allowlist","module.network_hub.aws_networkfirewall_rule_group.ip_rules","module.network_hub.aws_subnet.firewall_endpoint","module.network_hub.aws_vpc.firewall","module.network_hub.data.aws_availability_zones.available"]}]},{"module":"module.network_hub","mode":"managed","type":"aws_networkfirewall_firewall_policy","name":"main","provider":"provider[\"registry.opentofu.org/hashicorp/aws\"]","instances":[{"schema_version":0,"attributes":{"arn":"arn:aws:network-firewall:us-east-1:052127203460:firewall-policy/network-hub-nonprod-firewall-policy","description":"","encryption_configuration":[],"firewall_policy":[{"policy_variables":[],"stateful_default_actions":["aws:alert_strict","aws:drop_established"],"stateful_engine_options":[{"flow_timeouts":[],"rule_order":"STRICT_ORDER","stream_exception_policy":""}],"stateful_rule_group_reference":[{"deep_threat_inspection":"","override":[],"priority":100,"resource_arn":"arn:aws:network-firewall:us-east-1:052127203460:stateful-rulegroup/network-hub-nonprod-domain-allowlist"},{"deep_threat_inspection":"","override":[],"priority":300,"resource_arn":"arn:aws:network-firewall:us-east-1:052127203460:stateful-rulegroup/network-hub-nonprod-ip-rule-group"}],"stateless_custom_action":[],"stateless_default_actions":["aws:forward_to_sfe"],"stateless_fragment_default_actions":["aws:forward_to_sfe"],"stateless_rule_group_reference":[],"tls_inspection_configuration_arn":""}],"id":"arn:aws:network-firewall:us-east-1:052127203460:firewall-policy/network-hub-nonprod-firewall-policy","name":"network-hub-nonprod-firewall-policy","region":"us-east-1","tags":{"CardData":"no","Classification":"nonpublic","Environment":"nonprod","GitURL":"https://gitlab.com/williamhillplc/technical-services/networks/channels-team.git","ManagedBy":"OpenTofu","Migrated":"no","Name":"network-hub-nonprod-firewall-policy","Product":"network-hub","Project":"network-hub","Tier":"internal","Type":"firewall-policy"},"tags_all":{"CardData":"no","Classification":"nonpublic","Environment":"nonprod","GitURL":"https://gitlab.com/williamhillplc/technical-services/networks/channels-team.git","ManagedBy":"OpenTofu","Migrated":"no","Name":"network-hub-nonprod-firewall-policy","Product":"network-hub","Project":"network-hub","Tier":"internal","Type":"firewall-policy"},"update_token":"f32d545d-a0c7-45d0-a4ad-050a809d28d0"},"sensitive_attributes":[],"private":"bnVsbA==","dependencies":["module.network_hub.aws_networkfirewall_rule_group.domain_allowlist","module.network_hub.aws_networkfirewall_rule_group.ip_rules"]}]},{"module":"module.network_hub","mode":"managed","type":"aws_networkfirewall_rule_group","name":"domain_allowlist","provider":"provider[\"registry.opentofu.org/hashicorp/aws\"]","instances":[{"index_key":0,"schema_version":0,"attributes":{"arn":"arn:aws:network-firewall:us-east-1:052127203460:stateful-rulegroup/network-hub-nonprod-domain-allowlist","capacity":100,"description":"","encryption_configuration":[],"id":"arn:aws:network-firewall:us-east-1:052127203460:stateful-rulegroup/network-hub-nonprod-domain-allowlist","name":"network-hub-nonprod-domain-allowlist","region":"us-east-1","rule_group":[{"reference_sets":[],"rule_variables":[{"ip_sets":[{"ip_set":[{"definition":["100.120.0.0/14"]}],"key":"HOME_NET"}],"port_sets":[]}],"rules_source":[{"rules_source_list":[{"generated_rules_type":"ALLOWLIST","target_types":["HTTP_HOST","TLS_SNI"],"targets":[".amazon.com",".ifconfig.me","example.com"]}],"rules_string":"","stateful_rule":[],"stateless_rules_and_custom_actions":[]}],"stateful_rule_options":[{"rule_order":"STRICT_ORDER"}]}],"rules":null,"tags":{"CardData":"no","Classification":"nonpublic","Environment":"nonprod","GitURL":"https://gitlab.com/williamhillplc/technical-services/networks/channels-team.git","ManagedBy":"OpenTofu","Migrated":"no","Name":"network-hub-nonprod-domain-allowlist","Product":"network-hub","Project":"network-hub","Tier":"internal","Type":"rule-group"},"tags_all":{"CardData":"no","Classification":"nonpublic","Environment":"nonprod","GitURL":"https://gitlab.com/williamhillplc/technical-services/networks/channels-team.git","ManagedBy":"OpenTofu","Migrated":"no","Name":"network-hub-nonprod-domain-allowlist","Product":"network-hub","Project":"network-hub","Tier":"internal","Type":"rule-group"},"type":"STATEFUL","update_token":"2ca0498b-82af-4033-91d4-3655f494bcd0"},"sensitive_attributes":[],"private":"bnVsbA=="}]},{"module":"module.network_hub","mode":"managed","type":"aws_networkfirewall_rule_group","name":"ip_rules","provider":"provider[\"registry.opentofu.org/hashicorp/aws\"]","instances":[{"index_key":0,"schema_version":0,"attributes":{"arn":"arn:aws:network-firewall:us-east-1:052127203460:stateful-rulegroup/network-hub-nonprod-ip-rule-group","capacity":100,"description":"","encryption_configuration":[],"id":"arn:aws:network-firewall:us-east-1:052127203460:stateful-rulegroup/network-hub-nonprod-ip-rule-group","name":"network-hub-nonprod-ip-rule-group","region":"us-east-1","rule_group":[{"reference_sets":[],"rule_variables":[],"rules_source":[{"rules_source_list":[],"rules_string":"","stateful_rule":[{"action":"PASS","header":[{"destination":"1.0.0.1","destination_port":"ANY","direction":"ANY","protocol":"ICMP","source":"ANY","source_port":"ANY"}],"rule_option":[{"keyword":"sid","settings":["1"]}]},{"action":"DROP","header":[{"destination":"169.254.169.254","destination_port":"ANY","direction":"ANY","protocol":"TCP","source":"ANY","source_port":"ANY"}],"rule_option":[{"keyword":"sid","settings":["2"]}]}],"stateless_rules_and_custom_actions":[]}],"stateful_rule_options":[{"rule_order":"STRICT_ORDER"}]}],"rules":null,"tags":{"CardData":"no","Classification":"nonpublic","Environment":"nonprod","GitURL":"https://gitlab.com/williamhillplc/technical-services/networks/channels-team.git","ManagedBy":"OpenTofu","Migrated":"no","Name":"network-hub-nonprod-ip-rule-group","Product":"network-hub","Project":"network-hub","Tier":"internal","Type":"rule-group"},"tags_all":{"CardData":"no","Classification":"nonpublic","Environment":"nonprod","GitURL":"https://gitlab.com/williamhillplc/technical-services/networks/channels-team.git","ManagedBy":"OpenTofu","Migrated":"no","Name":"network-hub-nonprod-ip-rule-group","Product":"network-hub","Project":"network-hub","Tier":"internal","Type":"rule-group"},"type":"STATEFUL","update_token":"3b1a71ee-e63a-43d8-a997-a1979b5bd0bb"},"sensitive_attributes":[],"private":"bnVsbA=="}]},{"module":"module.network_hub","mode":"managed","type":"aws_ram_principal_association","name":"organization","provider":"provider[\"registry.opentofu.org/hashicorp/aws\"]","instances":[{"schema_version":0,"attributes":{"id":"arn:aws:ram:us-east-1:052127203460:resource-share/13e8c179-c393-45f9-a737-2a56805b1643,arn:aws:organizations::703671905140:organization/o-kv10f7crlv","principal":"arn:aws:organizations::703671905140:organization/o-kv10f7crlv","region":"us-east-1","resource_share_arn":"arn:aws:ram:us-east-1:052127203460:resource-share/13e8c179-c393-45f9-a737-2a56805b1643"},"sensitive_attributes":[],"private":"bnVsbA==","dependencies":["module.network_hub.aws_ec2_transit_gateway.main","module.network_hub.aws_ram_resource_association.transit_gateway_share","module.network_hub.aws_ram_resource_share.transit_gateway_share"]}]},{"module":"module.network_hub","mode":"managed","type":"aws_ram_resource_association","name":"transit_gateway_share","provider":"provider[\"registry.opentofu.org/hashicorp/aws\"]","instances":[{"schema_version":0,"attributes":{"id":"arn:aws:ram:us-east-1:052127203460:resource-share/13e8c179-c393-45f9-a737-2a56805b1643,arn:aws:ec2:us-east-1:052127203460:transit-gateway/tgw-0d075f0bbac840458","region":"us-east-1","resource_arn":"arn:aws:ec2:us-east-1:052127203460:transit-gateway/tgw-0d075f0bbac840458","resource_share_arn":"arn:aws:ram:us-east-1:052127203460:resource-share/13e8c179-c393-45f9-a737-2a56805b1643"},"sensitive_attributes":[],"private":"bnVsbA==","dependencies":["module.network_hub.aws_ec2_transit_gateway.main","module.network_hub.aws_ram_resource_share.transit_gateway_share"]}]},{"module":"module.network_hub","mode":"managed","type":"aws_ram_resource_share","name":"transit_gateway_share","provider":"provider[\"registry.opentofu.org/hashicorp/aws\"]","instances":[{"schema_version":0,"attributes":{"allow_external_principals":false,"arn":"arn:aws:ram:us-east-1:052127203460:resource-share/13e8c179-c393-45f9-a737-2a56805b1643","id":"arn:aws:ram:us-east-1:052127203460:resource-share/13e8c179-c393-45f9-a737-2a56805b1643","name":"network-hub-nonprod-tgw-share","permission_arns":["arn:aws:ram::aws:permission/AWSRAMDefaultPermissionTransitGateway"],"region":"us-east-1","tags":{"CardData":"no","Classification":"nonpublic","Environment":"nonprod","GitURL":"https://gitlab.com/williamhillplc/technical-services/networks/channels-team.git","ManagedBy":"OpenTofu","Migrated":"no","Name":"network-hub-nonprod-tgw-share","Product":"network-hub","Project":"network-hub","Purpose":"transit-gateway-cross-account-access","Tier":"internal","Type":"ram-share"},"tags_all":{"CardData":"no","Classification":"nonpublic","Environment":"nonprod","GitURL":"https://gitlab.com/williamhillplc/technical-services/networks/channels-team.git","ManagedBy":"OpenTofu","Migrated":"no","Name":"network-hub-nonprod-tgw-share","Product":"network-hub","Project":"network-hub","Purpose":"transit-gateway-cross-account-access","Tier":"internal","Type":"ram-share"},"timeouts":null},"sensitive_attributes":[],"private":"eyJlMmJmYjczMC1lY2FhLTExZTYtOGY4OC0zNDM2M2JjN2M0YzAiOnsiY3JlYXRlIjozMDAwMDAwMDAwMDAsImRlbGV0ZSI6MzAwMDAwMDAwMDAwfX0="}]},{"module":"module.network_hub","mode":"managed","type":"aws_route","name":"client_vpc_to_tgw","provider":"provider[\"registry.opentofu.org/hashicorp/aws\"]","instances":[{"schema_version":0,"attributes":{"carrier_gateway_id":"","core_network_arn":"","destination_cidr_block":"0.0.0.0/0","destination_ipv6_cidr_block":"","destination_prefix_list_id":"","egress_only_gateway_id":"","gateway_id":"","id":"r-rtb-0749407a277fc43801080289494","instance_id":"","instance_owner_id":"","local_gateway_id":"","nat_gateway_id":"","network_interface_id":"","origin":"CreateRoute","region":"us-east-1","route_table_id":"rtb-0749407a277fc4380","state":"active","timeouts":null,"transit_gateway_id":"tgw-0d075f0bbac840458","vpc_endpoint_id":"","vpc_peering_connection_id":""},"sensitive_attributes":[],"private":"eyJlMmJmYjczMC1lY2FhLTExZTYtOGY4OC0zNDM2M2JjN2M0YzAiOnsiY3JlYXRlIjozMDAwMDAwMDAwMDAsImRlbGV0ZSI6MzAwMDAwMDAwMDAwLCJ1cGRhdGUiOjEyMDAwMDAwMDAwMH19","dependencies":["module.network_hub.aws_default_route_table.client_main","module.network_hub.aws_ec2_transit_gateway.main","module.network_hub.aws_vpc.client"]}]},{"module":"module.network_hub","mode":"managed","type":"aws_route","name":"egress_firewall_endpoint_to_nat","provider":"provider[\"registry.opentofu.org/hashicorp/aws\"]","instances":[{"index_key":0,"schema_version":0,"attributes":{"carrier_gateway_id":"","core_network_arn":"","destination_cidr_block":"0.0.0.0/0","destination_ipv6_cidr_block":"","destination_prefix_list_id":"","egress_only_gateway_id":"","gateway_id":"","id":"r-rtb-063521d69973d2ab21080289494","instance_id":"","instance_owner_id":"","local_gateway_id":"","nat_gateway_id":"nat-0c1b728298358a7dc","network_interface_id":"","origin":"CreateRoute","region":"us-east-1","route_table_id":"rtb-063521d69973d2ab2","state":"active","timeouts":null,"transit_gateway_id":"","vpc_endpoint_id":"","vpc_peering_connection_id":""},"sensitive_attributes":[],"private":"eyJlMmJmYjczMC1lY2FhLTExZTYtOGY4OC0zNDM2M2JjN2M0YzAiOnsiY3JlYXRlIjozMDAwMDAwMDAwMDAsImRlbGV0ZSI6MzAwMDAwMDAwMDAwLCJ1cGRhdGUiOjEyMDAwMDAwMDAwMH19","dependencies":["module.network_hub.aws_eip.nat_gateway","module.network_hub.aws_internet_gateway.central_egress","module.network_hub.aws_nat_gateway.central_egress","module.network_hub.aws_route_table.egress_firewall_endpoint","module.network_hub.aws_subnet.egress_firewall_endpoint","module.network_hub.aws_subnet.egress_public","module.network_hub.aws_vpc.central_egress","module.network_hub.data.aws_availability_zones.available"]},{"index_key":1,"schema_version":0,"attributes":{"carrier_gateway_id":"","core_network_arn":"","destination_cidr_block":"0.0.0.0/0","destination_ipv6_cidr_block":"","destination_prefix_list_id":"","egress_only_gateway_id":"","gateway_id":"","id":"r-rtb-0384f93362277749c1080289494","instance_id":"","instance_owner_id":"","local_gateway_id":"","nat_gateway_id":"nat-05801f763775bf438","network_interface_id":"","origin":"CreateRoute","region":"us-east-1","route_table_id":"rtb-0384f93362277749c","state":"active","timeouts":null,"transit_gateway_id":"","vpc_endpoint_id":"","vpc_peering_connection_id":""},"sensitive_attributes":[],"private":"eyJlMmJmYjczMC1lY2FhLTExZTYtOGY4OC0zNDM2M2JjN2M0YzAiOnsiY3JlYXRlIjozMDAwMDAwMDAwMDAsImRlbGV0ZSI6MzAwMDAwMDAwMDAwLCJ1cGRhdGUiOjEyMDAwMDAwMDAwMH19","dependencies":["module.network_hub.aws_eip.nat_gateway","module.network_hub.aws_internet_gateway.central_egress","module.network_hub.aws_nat_gateway.central_egress","module.network_hub.aws_route_table.egress_firewall_endpoint","module.network_hub.aws_subnet.egress_firewall_endpoint","module.network_hub.aws_subnet.egress_public","module.network_hub.aws_vpc.central_egress","module.network_hub.data.aws_availability_zones.available"]},{"index_key":2,"schema_version":0,"attributes":{"carrier_gateway_id":"","core_network_arn":"","destination_cidr_block":"0.0.0.0/0","destination_ipv6_cidr_block":"","destination_prefix_list_id":"","egress_only_gateway_id":"","gateway_id":"","id":"r-rtb-0049bcb51bbcc557c1080289494","instance_id":"","instance_owner_id":"","local_gateway_id":"","nat_gateway_id":"nat-090e1e19387831903","network_interface_id":"","origin":"CreateRoute","region":"us-east-1","route_table_id":"rtb-0049bcb51bbcc557c","state":"active","timeouts":null,"transit_gateway_id":"","vpc_endpoint_id":"","vpc_peering_connection_id":""},"sensitive_attributes":[],"private":"eyJlMmJmYjczMC1lY2FhLTExZTYtOGY4OC0zNDM2M2JjN2M0YzAiOnsiY3JlYXRlIjozMDAwMDAwMDAwMDAsImRlbGV0ZSI6MzAwMDAwMDAwMDAwLCJ1cGRhdGUiOjEyMDAwMDAwMDAwMH19","dependencies":["module.network_hub.aws_eip.nat_gateway","module.network_hub.aws_internet_gateway.central_egress","module.network_hub.aws_nat_gateway.central_egress","module.network_hub.aws_route_table.egress_firewall_endpoint","module.network_hub.aws_subnet.egress_firewall_endpoint","module.network_hub.aws_subnet.egress_public","module.network_hub.aws_vpc.central_egress","module.network_hub.data.aws_availability_zones.available"]}]},{"module":"module.network_hub","mode":"managed","type":"aws_route","name":"egress_firewall_endpoint_to_tgw","provider":"provider[\"registry.opentofu.org/hashicorp/aws\"]","instances":[{"index_key":0,"schema_version":0,"attributes":{"carrier_gateway_id":"","core_network_arn":"","destination_cidr_block":"100.120.0.0/14","destination_ipv6_cidr_block":"","destination_prefix_list_id":"","egress_only_gateway_id":"","gateway_id":"","id":"r-rtb-063521d69973d2ab23812175778","instance_id":"","instance_owner_id":"","local_gateway_id":"","nat_gateway_id":"","network_interface_id":"","origin":"CreateRoute","region":"us-east-1","route_table_id":"rtb-063521d69973d2ab2","state":"active","timeouts":null,"transit_gateway_id":"tgw-0d075f0bbac840458","vpc_endpoint_id":"","vpc_peering_connection_id":""},"sensitive_attributes":[],"private":"eyJlMmJmYjczMC1lY2FhLTExZTYtOGY4OC0zNDM2M2JjN2M0YzAiOnsiY3JlYXRlIjozMDAwMDAwMDAwMDAsImRlbGV0ZSI6MzAwMDAwMDAwMDAwLCJ1cGRhdGUiOjEyMDAwMDAwMDAwMH19","dependencies":["module.network_hub.aws_ec2_transit_gateway.main","module.network_hub.aws_route_table.egress_firewall_endpoint","module.network_hub.aws_subnet.egress_firewall_endpoint","module.network_hub.aws_vpc.central_egress","module.network_hub.data.aws_availability_zones.available"]},{"index_key":1,"schema_version":0,"attributes":{"carrier_gateway_id":"","core_network_arn":"","destination_cidr_block":"100.120.0.0/14","destination_ipv6_cidr_block":"","destination_prefix_list_id":"","egress_only_gateway_id":"","gateway_id":"","id":"r-rtb-0384f93362277749c3812175778","instance_id":"","instance_owner_id":"","local_gateway_id":"","nat_gateway_id":"","network_interface_id":"","origin":"CreateRoute","region":"us-east-1","route_table_id":"rtb-0384f93362277749c","state":"active","timeouts":null,"transit_gateway_id":"tgw-0d075f0bbac840458","vpc_endpoint_id":"","vpc_peering_connection_id":""},"sensitive_attributes":[],"private":"eyJlMmJmYjczMC1lY2FhLTExZTYtOGY4OC0zNDM2M2JjN2M0YzAiOnsiY3JlYXRlIjozMDAwMDAwMDAwMDAsImRlbGV0ZSI6MzAwMDAwMDAwMDAwLCJ1cGRhdGUiOjEyMDAwMDAwMDAwMH19","dependencies":["module.network_hub.aws_ec2_transit_gateway.main","module.network_hub.aws_route_table.egress_firewall_endpoint","module.network_hub.aws_subnet.egress_firewall_endpoint","module.network_hub.aws_vpc.central_egress","module.network_hub.data.aws_availability_zones.available"]},{"index_key":2,"schema_version":0,"attributes":{"carrier_gateway_id":"","core_network_arn":"","destination_cidr_block":"100.120.0.0/14","destination_ipv6_cidr_block":"","destination_prefix_list_id":"","egress_only_gateway_id":"","gateway_id":"","id":"r-rtb-0049bcb51bbcc557c3812175778","instance_id":"","instance_owner_id":"","local_gateway_id":"","nat_gateway_id":"","network_interface_id":"","origin":"CreateRoute","region":"us-east-1","route_table_id":"rtb-0049bcb51bbcc557c","state":"active","timeouts":null,"transit_gateway_id":"tgw-0d075f0bbac840458","vpc_endpoint_id":"","vpc_peering_connection_id":""},"sensitive_attributes":[],"private":"eyJlMmJmYjczMC1lY2FhLTExZTYtOGY4OC0zNDM2M2JjN2M0YzAiOnsiY3JlYXRlIjozMDAwMDAwMDAwMDAsImRlbGV0ZSI6MzAwMDAwMDAwMDAwLCJ1cGRhdGUiOjEyMDAwMDAwMDAwMH19","dependencies":["module.network_hub.aws_ec2_transit_gateway.main","module.network_hub.aws_route_table.egress_firewall_endpoint","module.network_hub.aws_subnet.egress_firewall_endpoint","module.network_hub.aws_vpc.central_egress","module.network_hub.data.aws_availability_zones.available"]}]},{"module":"module.network_hub","mode":"managed","type":"aws_route","name":"egress_private_to_nat","provider":"provider[\"registry.opentofu.org/hashicorp/aws\"]","instances":[{"index_key":0,"schema_version":0,"attributes":{"carrier_gateway_id":"","core_network_arn":"","destination_cidr_block":"0.0.0.0/0","destination_ipv6_cidr_block":"","destination_prefix_list_id":"","egress_only_gateway_id":"","gateway_id":"","id":"r-rtb-0f76b6ddab72753c51080289494","instance_id":"","instance_owner_id":"","local_gateway_id":"","nat_gateway_id":"","network_interface_id":"","origin":"CreateRoute","region":"us-east-1","route_table_id":"rtb-0f76b6ddab72753c5","state":"active","timeouts":null,"transit_gateway_id":"","vpc_endpoint_id":"vpce-0922f276b21316232","vpc_peering_connection_id":""},"sensitive_attributes":[],"private":"eyJlMmJmYjczMC1lY2FhLTExZTYtOGY4OC0zNDM2M2JjN2M0YzAiOnsiY3JlYXRlIjozMDAwMDAwMDAwMDAsImRlbGV0ZSI6MzAwMDAwMDAwMDAwLCJ1cGRhdGUiOjEyMDAwMDAwMDAwMH19","dependencies":["module.network_hub.aws_networkfirewall_firewall.main","module.network_hub.aws_networkfirewall_firewall_policy.main","module.network_hub.aws_networkfirewall_rule_group.domain_allowlist","module.network_hub.aws_networkfirewall_rule_group.ip_rules","module.network_hub.aws_route_table.egress_private","module.network_hub.aws_subnet.egress_firewall_endpoint","module.network_hub.aws_subnet.firewall_endpoint","module.network_hub.aws_vpc.central_egress","module.network_hub.aws_vpc.firewall","module.network_hub.awscc_networkfirewall_vpc_endpoint_association.egress","module.network_hub.data.aws_availability_zones.available","module.network_hub.data.aws_caller_identity.current","module.network_hub.data.aws_vpc_endpoint.firewall"]},{"index_key":1,"schema_version":0,"attributes":{"carrier_gateway_id":"","core_network_arn":"","destination_cidr_block":"0.0.0.0/0","destination_ipv6_cidr_block":"","destination_prefix_list_id":"","egress_only_gateway_id":"","gateway_id":"","id":"r-rtb-0a6dc5f471d3ebbd81080289494","instance_id":"","instance_owner_id":"","local_gateway_id":"","nat_gateway_id":"","network_interface_id":"","origin":"CreateRoute","region":"us-east-1","route_table_id":"rtb-0a6dc5f471d3ebbd8","state":"active","timeouts":null,"transit_gateway_id":"","vpc_endpoint_id":"vpce-08806658b681c90fe","vpc_peering_connection_id":""},"sensitive_attributes":[],"private":"eyJlMmJmYjczMC1lY2FhLTExZTYtOGY4OC0zNDM2M2JjN2M0YzAiOnsiY3JlYXRlIjozMDAwMDAwMDAwMDAsImRlbGV0ZSI6MzAwMDAwMDAwMDAwLCJ1cGRhdGUiOjEyMDAwMDAwMDAwMH19","dependencies":["module.network_hub.aws_networkfirewall_firewall.main","module.network_hub.aws_networkfirewall_firewall_policy.main","module.network_hub.aws_networkfirewall_rule_group.domain_allowlist","module.network_hub.aws_networkfirewall_rule_group.ip_rules","module.network_hub.aws_route_table.egress_private","module.network_hub.aws_subnet.egress_firewall_endpoint","module.network_hub.aws_subnet.firewall_endpoint","module.network_hub.aws_vpc.central_egress","module.network_hub.aws_vpc.firewall","module.network_hub.awscc_networkfirewall_vpc_endpoint_association.egress","module.network_hub.data.aws_availability_zones.available","module.network_hub.data.aws_caller_identity.current","module.network_hub.data.aws_vpc_endpoint.firewall"]},{"index_key":2,"schema_version":0,"attributes":{"carrier_gateway_id":"","core_network_arn":"","destination_cidr_block":"0.0.0.0/0","destination_ipv6_cidr_block":"","destination_prefix_list_id":"","egress_only_gateway_id":"","gateway_id":"","id":"r-rtb-05b52365d33da0e541080289494","instance_id":"","instance_owner_id":"","local_gateway_id":"","nat_gateway_id":"","network_interface_id":"","origin":"CreateRoute","region":"us-east-1","route_table_id":"rtb-05b52365d33da0e54","state":"active","timeouts":null,"transit_gateway_id":"","vpc_endpoint_id":"vpce-08652e363a8ce5be0","vpc_peering_connection_id":""},"sensitive_attributes":[],"private":"eyJlMmJmYjczMC1lY2FhLTExZTYtOGY4OC0zNDM2M2JjN2M0YzAiOnsiY3JlYXRlIjozMDAwMDAwMDAwMDAsImRlbGV0ZSI6MzAwMDAwMDAwMDAwLCJ1cGRhdGUiOjEyMDAwMDAwMDAwMH19","dependencies":["module.network_hub.aws_networkfirewall_firewall.main","module.network_hub.aws_networkfirewall_firewall_policy.main","module.network_hub.aws_networkfirewall_rule_group.domain_allowlist","module.network_hub.aws_networkfirewall_rule_group.ip_rules","module.network_hub.aws_route_table.egress_private","module.network_hub.aws_subnet.egress_firewall_endpoint","module.network_hub.aws_subnet.firewall_endpoint","module.network_hub.aws_vpc.central_egress","module.network_hub.aws_vpc.firewall","module.network_hub.awscc_networkfirewall_vpc_endpoint_association.egress","module.network_hub.data.aws_availability_zones.available","module.network_hub.data.aws_caller_identity.current","module.network_hub.data.aws_vpc_endpoint.firewall"]}]},{"module":"module.network_hub","mode":"managed","type":"aws_route","name":"egress_private_to_tgw","provider":"provider[\"registry.opentofu.org/hashicorp/aws\"]","instances":[{"index_key":0,"schema_version":0,"attributes":{"carrier_gateway_id":"","core_network_arn":"","destination_cidr_block":"100.120.0.0/14","destination_ipv6_cidr_block":"","destination_prefix_list_id":"","egress_only_gateway_id":"","gateway_id":"","id":"r-rtb-0f76b6ddab72753c53812175778","instance_id":"","instance_owner_id":"","local_gateway_id":"","nat_gateway_id":"","network_interface_id":"","origin":"CreateRoute","region":"us-east-1","route_table_id":"rtb-0f76b6ddab72753c5","state":"active","timeouts":null,"transit_gateway_id":"tgw-0d075f0bbac840458","vpc_endpoint_id":"","vpc_peering_connection_id":""},"sensitive_attributes":[],"private":"eyJlMmJmYjczMC1lY2FhLTExZTYtOGY4OC0zNDM2M2JjN2M0YzAiOnsiY3JlYXRlIjozMDAwMDAwMDAwMDAsImRlbGV0ZSI6MzAwMDAwMDAwMDAwLCJ1cGRhdGUiOjEyMDAwMDAwMDAwMH19","dependencies":["module.network_hub.aws_ec2_transit_gateway.main","module.network_hub.aws_route_table.egress_private","module.network_hub.aws_vpc.central_egress","module.network_hub.data.aws_availability_zones.available"]},{"index_key":1,"schema_version":0,"attributes":{"carrier_gateway_id":"","core_network_arn":"","destination_cidr_block":"100.120.0.0/14","destination_ipv6_cidr_block":"","destination_prefix_list_id":"","egress_only_gateway_id":"","gateway_id":"","id":"r-rtb-0a6dc5f471d3ebbd83812175778","instance_id":"","instance_owner_id":"","local_gateway_id":"","nat_gateway_id":"","network_interface_id":"","origin":"CreateRoute","region":"us-east-1","route_table_id":"rtb-0a6dc5f471d3ebbd8","state":"active","timeouts":null,"transit_gateway_id":"tgw-0d075f0bbac840458","vpc_endpoint_id":"","vpc_peering_connection_id":""},"sensitive_attributes":[],"private":"eyJlMmJmYjczMC1lY2FhLTExZTYtOGY4OC0zNDM2M2JjN2M0YzAiOnsiY3JlYXRlIjozMDAwMDAwMDAwMDAsImRlbGV0ZSI6MzAwMDAwMDAwMDAwLCJ1cGRhdGUiOjEyMDAwMDAwMDAwMH19","dependencies":["module.network_hub.aws_ec2_transit_gateway.main","module.network_hub.aws_route_table.egress_private","module.network_hub.aws_vpc.central_egress","module.network_hub.data.aws_availability_zones.available"]},{"index_key":2,"schema_version":0,"attributes":{"carrier_gateway_id":"","core_network_arn":"","destination_cidr_block":"100.120.0.0/14","destination_ipv6_cidr_block":"","destination_prefix_list_id":"","egress_only_gateway_id":"","gateway_id":"","id":"r-rtb-05b52365d33da0e543812175778","instance_id":"","instance_owner_id":"","local_gateway_id":"","nat_gateway_id":"","network_interface_id":"","origin":"CreateRoute","region":"us-east-1","route_table_id":"rtb-05b52365d33da0e54","state":"active","timeouts":null,"transit_gateway_id":"tgw-0d075f0bbac840458","vpc_endpoint_id":"","vpc_peering_connection_id":""},"sensitive_attributes":[],"private":"eyJlMmJmYjczMC1lY2FhLTExZTYtOGY4OC0zNDM2M2JjN2M0YzAiOnsiY3JlYXRlIjozMDAwMDAwMDAwMDAsImRlbGV0ZSI6MzAwMDAwMDAwMDAwLCJ1cGRhdGUiOjEyMDAwMDAwMDAwMH19","dependencies":["module.network_hub.aws_ec2_transit_gateway.main","module.network_hub.aws_route_table.egress_private","module.network_hub.aws_vpc.central_egress","module.network_hub.data.aws_availability_zones.available"]}]},{"module":"module.network_hub","mode":"managed","type":"aws_route","name":"egress_public_to_igw","provider":"provider[\"registry.opentofu.org/hashicorp/aws\"]","instances":[{"index_key":0,"schema_version":0,"attributes":{"carrier_gateway_id":"","core_network_arn":"","destination_cidr_block":"0.0.0.0/0","destination_ipv6_cidr_block":"","destination_prefix_list_id":"","egress_only_gateway_id":"","gateway_id":"igw-092face7239d36c11","id":"r-rtb-0dd52a790a2a01b131080289494","instance_id":"","instance_owner_id":"","local_gateway_id":"","nat_gateway_id":"","network_interface_id":"","origin":"CreateRoute","region":"us-east-1","route_table_id":"rtb-0dd52a790a2a01b13","state":"active","timeouts":null,"transit_gateway_id":"","vpc_endpoint_id":"","vpc_peering_connection_id":""},"sensitive_attributes":[],"private":"eyJlMmJmYjczMC1lY2FhLTExZTYtOGY4OC0zNDM2M2JjN2M0YzAiOnsiY3JlYXRlIjozMDAwMDAwMDAwMDAsImRlbGV0ZSI6MzAwMDAwMDAwMDAwLCJ1cGRhdGUiOjEyMDAwMDAwMDAwMH19","dependencies":["module.network_hub.aws_internet_gateway.central_egress","module.network_hub.aws_route_table.egress_public","module.network_hub.aws_vpc.central_egress","module.network_hub.data.aws_availability_zones.available"]},{"index_key":1,"schema_version":0,"attributes":{"carrier_gateway_id":"","core_network_arn":"","destination_cidr_block":"0.0.0.0/0","destination_ipv6_cidr_block":"","destination_prefix_list_id":"","egress_only_gateway_id":"","gateway_id":"igw-092face7239d36c11","id":"r-rtb-05b493b472cbfaafd1080289494","instance_id":"","instance_owner_id":"","local_gateway_id":"","nat_gateway_id":"","network_interface_id":"","origin":"CreateRoute","region":"us-east-1","route_table_id":"rtb-05b493b472cbfaafd","state":"active","timeouts":null,"transit_gateway_id":"","vpc_endpoint_id":"","vpc_peering_connection_id":""},"sensitive_attributes":[],"private":"eyJlMmJmYjczMC1lY2FhLTExZTYtOGY4OC0zNDM2M2JjN2M0YzAiOnsiY3JlYXRlIjozMDAwMDAwMDAwMDAsImRlbGV0ZSI6MzAwMDAwMDAwMDAwLCJ1cGRhdGUiOjEyMDAwMDAwMDAwMH19","dependencies":["module.network_hub.aws_internet_gateway.central_egress","module.network_hub.aws_route_table.egress_public","module.network_hub.aws_vpc.central_egress","module.network_hub.data.aws_availability_zones.available"]},{"index_key":2,"schema_version":0,"attributes":{"carrier_gateway_id":"","core_network_arn":"","destination_cidr_block":"0.0.0.0/0","destination_ipv6_cidr_block":"","destination_prefix_list_id":"","egress_only_gateway_id":"","gateway_id":"igw-092face7239d36c11","id":"r-rtb-0629fc20a70cbf8421080289494","instance_id":"","instance_owner_id":"","local_gateway_id":"","nat_gateway_id":"","network_interface_id":"","origin":"CreateRoute","region":"us-east-1","route_table_id":"rtb-0629fc20a70cbf842","state":"active","timeouts":null,"transit_gateway_id":"","vpc_endpoint_id":"","vpc_peering_connection_id":""},"sensitive_attributes":[],"private":"eyJlMmJmYjczMC1lY2FhLTExZTYtOGY4OC0zNDM2M2JjN2M0YzAiOnsiY3JlYXRlIjozMDAwMDAwMDAwMDAsImRlbGV0ZSI6MzAwMDAwMDAwMDAwLCJ1cGRhdGUiOjEyMDAwMDAwMDAwMH19","dependencies":["module.network_hub.aws_internet_gateway.central_egress","module.network_hub.aws_route_table.egress_public","module.network_hub.aws_vpc.central_egress","module.network_hub.data.aws_availability_zones.available"]}]},{"module":"module.network_hub","mode":"managed","type":"aws_route","name":"egress_public_to_tgw","provider":"provider[\"registry.opentofu.org/hashicorp/aws\"]","instances":[{"index_key":0,"schema_version":0,"attributes":{"carrier_gateway_id":"","core_network_arn":"","destination_cidr_block":"100.120.0.0/14","destination_ipv6_cidr_block":"","destination_prefix_list_id":"","egress_only_gateway_id":"","gateway_id":"","id":"r-rtb-0dd52a790a2a01b133812175778","instance_id":"","instance_owner_id":"","local_gateway_id":"","nat_gateway_id":"","network_interface_id":"","origin":"CreateRoute","region":"us-east-1","route_table_id":"rtb-0dd52a790a2a01b13","state":"active","timeouts":null,"transit_gateway_id":"","vpc_endpoint_id":"vpce-0922f276b21316232","vpc_peering_connection_id":""},"sensitive_attributes":[],"private":"eyJlMmJmYjczMC1lY2FhLTExZTYtOGY4OC0zNDM2M2JjN2M0YzAiOnsiY3JlYXRlIjozMDAwMDAwMDAwMDAsImRlbGV0ZSI6MzAwMDAwMDAwMDAwLCJ1cGRhdGUiOjEyMDAwMDAwMDAwMH19","dependencies":["module.network_hub.aws_networkfirewall_firewall.main","module.network_hub.aws_networkfirewall_firewall_policy.main","module.network_hub.aws_networkfirewall_rule_group.domain_allowlist","module.network_hub.aws_networkfirewall_rule_group.ip_rules","module.network_hub.aws_route_table.egress_public","module.network_hub.aws_subnet.egress_firewall_endpoint","module.network_hub.aws_subnet.firewall_endpoint","module.network_hub.aws_vpc.central_egress","module.network_hub.aws_vpc.firewall","module.network_hub.awscc_networkfirewall_vpc_endpoint_association.egress","module.network_hub.data.aws_availability_zones.available","module.network_hub.data.aws_caller_identity.current","module.network_hub.data.aws_vpc_endpoint.firewall"]},{"index_key":1,"schema_version":0,"attributes":{"carrier_gateway_id":"","core_network_arn":"","destination_cidr_block":"100.120.0.0/14","destination_ipv6_cidr_block":"","destination_prefix_list_id":"","egress_only_gateway_id":"","gateway_id":"","id":"r-rtb-05b493b472cbfaafd3812175778","instance_id":"","instance_owner_id":"","local_gateway_id":"","nat_gateway_id":"","network_interface_id":"","origin":"CreateRoute","region":"us-east-1","route_table_id":"rtb-05b493b472cbfaafd","state":"active","timeouts":null,"transit_gateway_id":"","vpc_endpoint_id":"vpce-08806658b681c90fe","vpc_peering_connection_id":""},"sensitive_attributes":[],"private":"eyJlMmJmYjczMC1lY2FhLTExZTYtOGY4OC0zNDM2M2JjN2M0YzAiOnsiY3JlYXRlIjozMDAwMDAwMDAwMDAsImRlbGV0ZSI6MzAwMDAwMDAwMDAwLCJ1cGRhdGUiOjEyMDAwMDAwMDAwMH19","dependencies":["module.network_hub.aws_networkfirewall_firewall.main","module.network_hub.aws_networkfirewall_firewall_policy.main","module.network_hub.aws_networkfirewall_rule_group.domain_allowlist","module.network_hub.aws_networkfirewall_rule_group.ip_rules","module.network_hub.aws_route_table.egress_public","module.network_hub.aws_subnet.egress_firewall_endpoint","module.network_hub.aws_subnet.firewall_endpoint","module.network_hub.aws_vpc.central_egress","module.network_hub.aws_vpc.firewall","module.network_hub.awscc_networkfirewall_vpc_endpoint_association.egress","module.network_hub.data.aws_availability_zones.available","module.network_hub.data.aws_caller_identity.current","module.network_hub.data.aws_vpc_endpoint.firewall"]},{"index_key":2,"schema_version":0,"attributes":{"carrier_gateway_id":"","core_network_arn":"","destination_cidr_block":"100.120.0.0/14","destination_ipv6_cidr_block":"","destination_prefix_list_id":"","egress_only_gateway_id":"","gateway_id":"","id":"r-rtb-0629fc20a70cbf8423812175778","instance_id":"","instance_owner_id":"","local_gateway_id":"","nat_gateway_id":"","network_interface_id":"","origin":"CreateRoute","region":"us-east-1","route_table_id":"rtb-0629fc20a70cbf842","state":"active","timeouts":null,"transit_gateway_id":"","vpc_endpoint_id":"vpce-08652e363a8ce5be0","vpc_peering_connection_id":""},"sensitive_attributes":[],"private":"eyJlMmJmYjczMC1lY2FhLTExZTYtOGY4OC0zNDM2M2JjN2M0YzAiOnsiY3JlYXRlIjozMDAwMDAwMDAwMDAsImRlbGV0ZSI6MzAwMDAwMDAwMDAwLCJ1cGRhdGUiOjEyMDAwMDAwMDAwMH19","dependencies":["module.network_hub.aws_networkfirewall_firewall.main","module.network_hub.aws_networkfirewall_firewall_policy.main","module.network_hub.aws_networkfirewall_rule_group.domain_allowlist","module.network_hub.aws_networkfirewall_rule_group.ip_rules","module.network_hub.aws_route_table.egress_public","module.network_hub.aws_subnet.egress_firewall_endpoint","module.network_hub.aws_subnet.firewall_endpoint","module.network_hub.aws_vpc.central_egress","module.network_hub.aws_vpc.firewall","module.network_hub.awscc_networkfirewall_vpc_endpoint_association.egress","module.network_hub.data.aws_availability_zones.available","module.network_hub.data.aws_caller_identity.current","module.network_hub.data.aws_vpc_endpoint.firewall"]}]},{"module":"module.network_hub","mode":"managed","type":"aws_route","name":"egress_vpc_to_igw","provider":"provider[\"registry.opentofu.org/hashicorp/aws\"]","instances":[{"schema_version":0,"attributes":{"carrier_gateway_id":"","core_network_arn":"","destination_cidr_block":"0.0.0.0/0","destination_ipv6_cidr_block":"","destination_prefix_list_id":"","egress_only_gateway_id":"","gateway_id":"igw-092face7239d36c11","id":"r-rtb-0dafca9550af716781080289494","instance_id":"","instance_owner_id":"","local_gateway_id":"","nat_gateway_id":"","network_interface_id":"","origin":"CreateRoute","region":"us-east-1","route_table_id":"rtb-0dafca9550af71678","state":"active","timeouts":null,"transit_gateway_id":"","vpc_endpoint_id":"","vpc_peering_connection_id":""},"sensitive_attributes":[],"private":"eyJlMmJmYjczMC1lY2FhLTExZTYtOGY4OC0zNDM2M2JjN2M0YzAiOnsiY3JlYXRlIjozMDAwMDAwMDAwMDAsImRlbGV0ZSI6MzAwMDAwMDAwMDAwLCJ1cGRhdGUiOjEyMDAwMDAwMDAwMH19","dependencies":["module.network_hub.aws_default_route_table.central_egress_main","module.network_hub.aws_internet_gateway.central_egress","module.network_hub.aws_vpc.central_egress"]}]},{"module":"module.network_hub","mode":"managed","type":"aws_route","name":"egress_vpc_to_tgw","provider":"provider[\"registry.opentofu.org/hashicorp/aws\"]","instances":[{"schema_version":0,"attributes":{"carrier_gateway_id":"","core_network_arn":"","destination_cidr_block":"100.120.0.0/14","destination_ipv6_cidr_block":"","destination_prefix_list_id":"","egress_only_gateway_id":"","gateway_id":"","id":"r-rtb-0dafca9550af716783812175778","instance_id":"","instance_owner_id":"","local_gateway_id":"","nat_gateway_id":"","network_interface_id":"","origin":"CreateRoute","region":"us-east-1","route_table_id":"rtb-0dafca9550af71678","state":"active","timeouts":null,"transit_gateway_id":"tgw-0d075f0bbac840458","vpc_endpoint_id":"","vpc_peering_connection_id":""},"sensitive_attributes":[],"private":"eyJlMmJmYjczMC1lY2FhLTExZTYtOGY4OC0zNDM2M2JjN2M0YzAiOnsiY3JlYXRlIjozMDAwMDAwMDAwMDAsImRlbGV0ZSI6MzAwMDAwMDAwMDAwLCJ1cGRhdGUiOjEyMDAwMDAwMDAwMH19","dependencies":["module.network_hub.aws_default_route_table.central_egress_main","module.network_hub.aws_ec2_transit_gateway.main","module.network_hub.aws_vpc.central_egress"]}]},{"module":"module.network_hub","mode":"managed","type":"aws_route","name":"firewall_endpoint_to_tgw","provider":"provider[\"registry.opentofu.org/hashicorp/aws\"]","instances":[{"index_key":0,"schema_version":0,"attributes":{"carrier_gateway_id":"","core_network_arn":"","destination_cidr_block":"0.0.0.0/0","destination_ipv6_cidr_block":"","destination_prefix_list_id":"","egress_only_gateway_id":"","gateway_id":"","id":"r-rtb-09a090991aff72f921080289494","instance_id":"","instance_owner_id":"","local_gateway_id":"","nat_gateway_id":"","network_interface_id":"","origin":"CreateRoute","region":"us-east-1","route_table_id":"rtb-09a090991aff72f92","state":"active","timeouts":null,"transit_gateway_id":"tgw-0d075f0bbac840458","vpc_endpoint_id":"","vpc_peering_connection_id":""},"sensitive_attributes":[],"private":"eyJlMmJmYjczMC1lY2FhLTExZTYtOGY4OC0zNDM2M2JjN2M0YzAiOnsiY3JlYXRlIjozMDAwMDAwMDAwMDAsImRlbGV0ZSI6MzAwMDAwMDAwMDAwLCJ1cGRhdGUiOjEyMDAwMDAwMDAwMH19","dependencies":["module.network_hub.aws_ec2_transit_gateway.main","module.network_hub.aws_route_table.firewall_endpoint","module.network_hub.aws_vpc.firewall","module.network_hub.data.aws_availability_zones.available"]},{"index_key":1,"schema_version":0,"attributes":{"carrier_gateway_id":"","core_network_arn":"","destination_cidr_block":"0.0.0.0/0","destination_ipv6_cidr_block":"","destination_prefix_list_id":"","egress_only_gateway_id":"","gateway_id":"","id":"r-rtb-01b3eb119a8181c521080289494","instance_id":"","instance_owner_id":"","local_gateway_id":"","nat_gateway_id":"","network_interface_id":"","origin":"CreateRoute","region":"us-east-1","route_table_id":"rtb-01b3eb119a8181c52","state":"active","timeouts":null,"transit_gateway_id":"tgw-0d075f0bbac840458","vpc_endpoint_id":"","vpc_peering_connection_id":""},"sensitive_attributes":[],"private":"eyJlMmJmYjczMC1lY2FhLTExZTYtOGY4OC0zNDM2M2JjN2M0YzAiOnsiY3JlYXRlIjozMDAwMDAwMDAwMDAsImRlbGV0ZSI6MzAwMDAwMDAwMDAwLCJ1cGRhdGUiOjEyMDAwMDAwMDAwMH19","dependencies":["module.network_hub.aws_ec2_transit_gateway.main","module.network_hub.aws_route_table.firewall_endpoint","module.network_hub.aws_vpc.firewall","module.network_hub.data.aws_availability_zones.available"]},{"index_key":2,"schema_version":0,"attributes":{"carrier_gateway_id":"","core_network_arn":"","destination_cidr_block":"0.0.0.0/0","destination_ipv6_cidr_block":"","destination_prefix_list_id":"","egress_only_gateway_id":"","gateway_id":"","id":"r-rtb-02d20e640451e807a1080289494","instance_id":"","instance_owner_id":"","local_gateway_id":"","nat_gateway_id":"","network_interface_id":"","origin":"CreateRoute","region":"us-east-1","route_table_id":"rtb-02d20e640451e807a","state":"active","timeouts":null,"transit_gateway_id":"tgw-0d075f0bbac840458","vpc_endpoint_id":"","vpc_peering_connection_id":""},"sensitive_attributes":[],"private":"eyJlMmJmYjczMC1lY2FhLTExZTYtOGY4OC0zNDM2M2JjN2M0YzAiOnsiY3JlYXRlIjozMDAwMDAwMDAwMDAsImRlbGV0ZSI6MzAwMDAwMDAwMDAwLCJ1cGRhdGUiOjEyMDAwMDAwMDAwMH19","dependencies":["module.network_hub.aws_ec2_transit_gateway.main","module.network_hub.aws_route_table.firewall_endpoint","module.network_hub.aws_vpc.firewall","module.network_hub.data.aws_availability_zones.available"]}]},{"module":"module.network_hub","mode":"managed","type":"aws_route","name":"firewall_tgw_to_vpce","provider":"provider[\"registry.opentofu.org/hashicorp/aws\"]","instances":[{"index_key":0,"schema_version":0,"attributes":{"carrier_gateway_id":"","core_network_arn":"","destination_cidr_block":"0.0.0.0/0","destination_ipv6_cidr_block":"","destination_prefix_list_id":"","egress_only_gateway_id":"","gateway_id":"","id":"r-rtb-0c0544c8491f76aac1080289494","instance_id":"","instance_owner_id":"","local_gateway_id":"","nat_gateway_id":"","network_interface_id":"","origin":"CreateRoute","region":"us-east-1","route_table_id":"rtb-0c0544c8491f76aac","state":"active","timeouts":null,"transit_gateway_id":"","vpc_endpoint_id":"vpce-074ead6a2bc838839","vpc_peering_connection_id":""},"sensitive_attributes":[],"private":"eyJlMmJmYjczMC1lY2FhLTExZTYtOGY4OC0zNDM2M2JjN2M0YzAiOnsiY3JlYXRlIjozMDAwMDAwMDAwMDAsImRlbGV0ZSI6MzAwMDAwMDAwMDAwLCJ1cGRhdGUiOjEyMDAwMDAwMDAwMH19","dependencies":["module.network_hub.aws_networkfirewall_firewall.main","module.network_hub.aws_networkfirewall_firewall_policy.main","module.network_hub.aws_networkfirewall_rule_group.domain_allowlist","module.network_hub.aws_networkfirewall_rule_group.ip_rules","module.network_hub.aws_route_table.firewall_tgw","module.network_hub.aws_subnet.firewall_endpoint","module.network_hub.aws_vpc.firewall","module.network_hub.data.aws_availability_zones.available"]},{"index_key":1,"schema_version":0,"attributes":{"carrier_gateway_id":"","core_network_arn":"","destination_cidr_block":"0.0.0.0/0","destination_ipv6_cidr_block":"","destination_prefix_list_id":"","egress_only_gateway_id":"","gateway_id":"","id":"r-rtb-05cedd980a80b7dec1080289494","instance_id":"","instance_owner_id":"","local_gateway_id":"","nat_gateway_id":"","network_interface_id":"","origin":"CreateRoute","region":"us-east-1","route_table_id":"rtb-05cedd980a80b7dec","state":"active","timeouts":null,"transit_gateway_id":"","vpc_endpoint_id":"vpce-082b5f3765c08d94d","vpc_peering_connection_id":""},"sensitive_attributes":[],"private":"eyJlMmJmYjczMC1lY2FhLTExZTYtOGY4OC0zNDM2M2JjN2M0YzAiOnsiY3JlYXRlIjozMDAwMDAwMDAwMDAsImRlbGV0ZSI6MzAwMDAwMDAwMDAwLCJ1cGRhdGUiOjEyMDAwMDAwMDAwMH19","dependencies":["module.network_hub.aws_networkfirewall_firewall.main","module.network_hub.aws_networkfirewall_firewall_policy.main","module.network_hub.aws_networkfirewall_rule_group.domain_allowlist","module.network_hub.aws_networkfirewall_rule_group.ip_rules","module.network_hub.aws_route_table.firewall_tgw","module.network_hub.aws_subnet.firewall_endpoint","module.network_hub.aws_vpc.firewall","module.network_hub.data.aws_availability_zones.available"]},{"index_key":2,"schema_version":0,"attributes":{"carrier_gateway_id":"","core_network_arn":"","destination_cidr_block":"0.0.0.0/0","destination_ipv6_cidr_block":"","destination_prefix_list_id":"","egress_only_gateway_id":"","gateway_id":"","id":"r-rtb-031e9174a4c30e57e1080289494","instance_id":"","instance_owner_id":"","local_gateway_id":"","nat_gateway_id":"","network_interface_id":"","origin":"CreateRoute","region":"us-east-1","route_table_id":"rtb-031e9174a4c30e57e","state":"active","timeouts":null,"transit_gateway_id":"","vpc_endpoint_id":"vpce-029d921f5916973e6","vpc_peering_connection_id":""},"sensitive_attributes":[],"private":"eyJlMmJmYjczMC1lY2FhLTExZTYtOGY4OC0zNDM2M2JjN2M0YzAiOnsiY3JlYXRlIjozMDAwMDAwMDAwMDAsImRlbGV0ZSI6MzAwMDAwMDAwMDAwLCJ1cGRhdGUiOjEyMDAwMDAwMDAwMH19","dependencies":["module.network_hub.aws_networkfirewall_firewall.main","module.network_hub.aws_networkfirewall_firewall_policy.main","module.network_hub.aws_networkfirewall_rule_group.domain_allowlist","module.network_hub.aws_networkfirewall_rule_group.ip_rules","module.network_hub.aws_route_table.firewall_tgw","module.network_hub.aws_subnet.firewall_endpoint","module.network_hub.aws_vpc.firewall","module.network_hub.data.aws_availability_zones.available"]}]},{"module":"module.network_hub","mode":"managed","type":"aws_route","name":"firewall_vpc_to_tgw","provider":"provider[\"registry.opentofu.org/hashicorp/aws\"]","instances":[{"schema_version":0,"attributes":{"carrier_gateway_id":"","core_network_arn":"","destination_cidr_block":"0.0.0.0/0","destination_ipv6_cidr_block":"","destination_prefix_list_id":"","egress_only_gateway_id":"","gateway_id":"","id":"r-rtb-0b63f2d932ed700e51080289494","instance_id":"","instance_owner_id":"","local_gateway_id":"","nat_gateway_id":"","network_interface_id":"","origin":"CreateRoute","region":"us-east-1","route_table_id":"rtb-0b63f2d932ed700e5","state":"active","timeouts":null,"transit_gateway_id":"tgw-0d075f0bbac840458","vpc_endpoint_id":"","vpc_peering_connection_id":""},"sensitive_attributes":[],"private":"eyJlMmJmYjczMC1lY2FhLTExZTYtOGY4OC0zNDM2M2JjN2M0YzAiOnsiY3JlYXRlIjozMDAwMDAwMDAwMDAsImRlbGV0ZSI6MzAwMDAwMDAwMDAwLCJ1cGRhdGUiOjEyMDAwMDAwMDAwMH19","dependencies":["module.network_hub.aws_default_route_table.firewall_main","module.network_hub.aws_ec2_transit_gateway.main","module.network_hub.aws_vpc.firewall"]}]},{"module":"module.network_hub","mode":"managed","type":"aws_route","name":"tgw_vpc_to_igw","provider":"provider[\"registry.opentofu.org/hashicorp/aws\"]","instances":[{"schema_version":0,"attributes":{"carrier_gateway_id":"","core_network_arn":"","destination_cidr_block":"0.0.0.0/0","destination_ipv6_cidr_block":"","destination_prefix_list_id":"","egress_only_gateway_id":"","gateway_id":"igw-0309e583d58819067","id":"r-rtb-071fe495ab08904a11080289494","instance_id":"","instance_owner_id":"","local_gateway_id":"","nat_gateway_id":"","network_interface_id":"","origin":"CreateRoute","region":"us-east-1","route_table_id":"rtb-071fe495ab08904a1","state":"active","timeouts":null,"transit_gateway_id":"","vpc_endpoint_id":"","vpc_peering_connection_id":""},"sensitive_attributes":[],"private":"eyJlMmJmYjczMC1lY2FhLTExZTYtOGY4OC0zNDM2M2JjN2M0YzAiOnsiY3JlYXRlIjozMDAwMDAwMDAwMDAsImRlbGV0ZSI6MzAwMDAwMDAwMDAwLCJ1cGRhdGUiOjEyMDAwMDAwMDAwMH19","dependencies":["module.network_hub.aws_default_route_table.transit_gateway_main","module.network_hub.aws_internet_gateway.transit_gateway","module.network_hub.aws_vpc.transit_gateway"]}]},{"module":"module.network_hub","mode":"managed","type":"aws_route","name":"tgw_vpc_to_tgw","provider":"provider[\"registry.opentofu.org/hashicorp/aws\"]","instances":[{"schema_version":0,"attributes":{"carrier_gateway_id":"","core_network_arn":"","destination_cidr_block":"100.120.0.0/14","destination_ipv6_cidr_block":"","destination_prefix_list_id":"","egress_only_gateway_id":"","gateway_id":"","id":"r-rtb-071fe495ab08904a13812175778","instance_id":"","instance_owner_id":"","local_gateway_id":"","nat_gateway_id":"","network_interface_id":"","origin":"CreateRoute","region":"us-east-1","route_table_id":"rtb-071fe495ab08904a1","state":"active","timeouts":null,"transit_gateway_id":"tgw-0d075f0bbac840458","vpc_endpoint_id":"","vpc_peering_connection_id":""},"sensitive_attributes":[],"private":"eyJlMmJmYjczMC1lY2FhLTExZTYtOGY4OC0zNDM2M2JjN2M0YzAiOnsiY3JlYXRlIjozMDAwMDAwMDAwMDAsImRlbGV0ZSI6MzAwMDAwMDAwMDAwLCJ1cGRhdGUiOjEyMDAwMDAwMDAwMH19","dependencies":["module.network_hub.aws_default_route_table.transit_gateway_main","module.network_hub.aws_ec2_transit_gateway.main","module.network_hub.aws_vpc.transit_gateway"]}]},{"module":"module.network_hub","mode":"managed","type":"aws_route_table","name":"egress_firewall_endpoint","provider":"provider[\"registry.opentofu.org/hashicorp/aws\"]","instances":[{"index_key":0,"schema_version":0,"attributes":{"arn":"arn:aws:ec2:us-east-1:052127203460:route-table/rtb-063521d69973d2ab2","id":"rtb-063521d69973d2ab2","owner_id":"052127203460","propagating_vgws":[],"region":"us-east-1","route":[{"carrier_gateway_id":"","cidr_block":"0.0.0.0/0","core_network_arn":"","destination_prefix_list_id":"","egress_only_gateway_id":"","gateway_id":"","ipv6_cidr_block":"","local_gateway_id":"","nat_gateway_id":"nat-0c1b728298358a7dc","network_interface_id":"","transit_gateway_id":"","vpc_endpoint_id":"","vpc_peering_connection_id":""},{"carrier_gateway_id":"","cidr_block":"100.120.0.0/14","core_network_arn":"","destination_prefix_list_id":"","egress_only_gateway_id":"","gateway_id":"","ipv6_cidr_block":"","local_gateway_id":"","nat_gateway_id":"","network_interface_id":"","transit_gateway_id":"tgw-0d075f0bbac840458","vpc_endpoint_id":"","vpc_peering_connection_id":""}],"tags":{"AZ":"us-east-1a","CardData":"no","Classification":"nonpublic","Environment":"nonprod","GitURL":"https://gitlab.com/williamhillplc/technical-services/networks/channels-team.git","ManagedBy":"OpenTofu","Migrated":"no","Name":"network-hub-nonprod-egress-fw-endpoint-rt-1a","Product":"network-hub","Project":"network-hub","Tier":"internal","Type":"egress-firewall-endpoint-route-table"},"tags_all":{"AZ":"us-east-1a","CardData":"no","Classification":"nonpublic","Environment":"nonprod","GitURL":"https://gitlab.com/williamhillplc/technical-services/networks/channels-team.git","ManagedBy":"OpenTofu","Migrated":"no","Name":"network-hub-nonprod-egress-fw-endpoint-rt-1a","Product":"network-hub","Project":"network-hub","Tier":"internal","Type":"egress-firewall-endpoint-route-table"},"timeouts":null,"vpc_id":"vpc-00f01d128ce1f76fb"},"sensitive_attributes":[],"private":"eyJlMmJmYjczMC1lY2FhLTExZTYtOGY4OC0zNDM2M2JjN2M0YzAiOnsiY3JlYXRlIjozMDAwMDAwMDAwMDAsImRlbGV0ZSI6MzAwMDAwMDAwMDAwLCJ1cGRhdGUiOjEyMDAwMDAwMDAwMH19","dependencies":["module.network_hub.aws_subnet.egress_firewall_endpoint","module.network_hub.aws_vpc.central_egress","module.network_hub.data.aws_availability_zones.available"]},{"index_key":1,"schema_version":0,"attributes":{"arn":"arn:aws:ec2:us-east-1:052127203460:route-table/rtb-0384f93362277749c","id":"rtb-0384f93362277749c","owner_id":"052127203460","propagating_vgws":[],"region":"us-east-1","route":[{"carrier_gateway_id":"","cidr_block":"0.0.0.0/0","core_network_arn":"","destination_prefix_list_id":"","egress_only_gateway_id":"","gateway_id":"","ipv6_cidr_block":"","local_gateway_id":"","nat_gateway_id":"nat-05801f763775bf438","network_interface_id":"","transit_gateway_id":"","vpc_endpoint_id":"","vpc_peering_connection_id":""},{"carrier_gateway_id":"","cidr_block":"100.120.0.0/14","core_network_arn":"","destination_prefix_list_id":"","egress_only_gateway_id":"","gateway_id":"","ipv6_cidr_block":"","local_gateway_id":"","nat_gateway_id":"","network_interface_id":"","transit_gateway_id":"tgw-0d075f0bbac840458","vpc_endpoint_id":"","vpc_peering_connection_id":""}],"tags":{"AZ":"us-east-1b","CardData":"no","Classification":"nonpublic","Environment":"nonprod","GitURL":"https://gitlab.com/williamhillplc/technical-services/networks/channels-team.git","ManagedBy":"OpenTofu","Migrated":"no","Name":"network-hub-nonprod-egress-fw-endpoint-rt-1b","Product":"network-hub","Project":"network-hub","Tier":"internal","Type":"egress-firewall-endpoint-route-table"},"tags_all":{"AZ":"us-east-1b","CardData":"no","Classification":"nonpublic","Environment":"nonprod","GitURL":"https://gitlab.com/williamhillplc/technical-services/networks/channels-team.git","ManagedBy":"OpenTofu","Migrated":"no","Name":"network-hub-nonprod-egress-fw-endpoint-rt-1b","Product":"network-hub","Project":"network-hub","Tier":"internal","Type":"egress-firewall-endpoint-route-table"},"timeouts":null,"vpc_id":"vpc-00f01d128ce1f76fb"},"sensitive_attributes":[],"private":"eyJlMmJmYjczMC1lY2FhLTExZTYtOGY4OC0zNDM2M2JjN2M0YzAiOnsiY3JlYXRlIjozMDAwMDAwMDAwMDAsImRlbGV0ZSI6MzAwMDAwMDAwMDAwLCJ1cGRhdGUiOjEyMDAwMDAwMDAwMH19","dependencies":["module.network_hub.aws_subnet.egress_firewall_endpoint","module.network_hub.aws_vpc.central_egress","module.network_hub.data.aws_availability_zones.available"]},{"index_key":2,"schema_version":0,"attributes":{"arn":"arn:aws:ec2:us-east-1:052127203460:route-table/rtb-0049bcb51bbcc557c","id":"rtb-0049bcb51bbcc557c","owner_id":"052127203460","propagating_vgws":[],"region":"us-east-1","route":[{"carrier_gateway_id":"","cidr_block":"0.0.0.0/0","core_network_arn":"","destination_prefix_list_id":"","egress_only_gateway_id":"","gateway_id":"","ipv6_cidr_block":"","local_gateway_id":"","nat_gateway_id":"nat-090e1e19387831903","network_interface_id":"","transit_gateway_id":"","vpc_endpoint_id":"","vpc_peering_connection_id":""},{"carrier_gateway_id":"","cidr_block":"100.120.0.0/14","core_network_arn":"","destination_prefix_list_id":"","egress_only_gateway_id":"","gateway_id":"","ipv6_cidr_block":"","local_gateway_id":"","nat_gateway_id":"","network_interface_id":"","transit_gateway_id":"tgw-0d075f0bbac840458","vpc_endpoint_id":"","vpc_peering_connection_id":""}],"tags":{"AZ":"us-east-1c","CardData":"no","Classification":"nonpublic","Environment":"nonprod","GitURL":"https://gitlab.com/williamhillplc/technical-services/networks/channels-team.git","ManagedBy":"OpenTofu","Migrated":"no","Name":"network-hub-nonprod-egress-fw-endpoint-rt-1c","Product":"network-hub","Project":"network-hub","Tier":"internal","Type":"egress-firewall-endpoint-route-table"},"tags_all":{"AZ":"us-east-1c","CardData":"no","Classification":"nonpublic","Environment":"nonprod","GitURL":"https://gitlab.com/williamhillplc/technical-services/networks/channels-team.git","ManagedBy":"OpenTofu","Migrated":"no","Name":"network-hub-nonprod-egress-fw-endpoint-rt-1c","Product":"network-hub","Project":"network-hub","Tier":"internal","Type":"egress-firewall-endpoint-route-table"},"timeouts":null,"vpc_id":"vpc-00f01d128ce1f76fb"},"sensitive_attributes":[],"private":"eyJlMmJmYjczMC1lY2FhLTExZTYtOGY4OC0zNDM2M2JjN2M0YzAiOnsiY3JlYXRlIjozMDAwMDAwMDAwMDAsImRlbGV0ZSI6MzAwMDAwMDAwMDAwLCJ1cGRhdGUiOjEyMDAwMDAwMDAwMH19","dependencies":["module.network_hub.aws_subnet.egress_firewall_endpoint","module.network_hub.aws_vpc.central_egress","module.network_hub.data.aws_availability_zones.available"]}]},{"module":"module.network_hub","mode":"managed","type":"aws_route_table","name":"egress_private","provider":"provider[\"registry.opentofu.org/hashicorp/aws\"]","instances":[{"index_key":0,"schema_version":0,"attributes":{"arn":"arn:aws:ec2:us-east-1:052127203460:route-table/rtb-0f76b6ddab72753c5","id":"rtb-0f76b6ddab72753c5","owner_id":"052127203460","propagating_vgws":[],"region":"us-east-1","route":[{"carrier_gateway_id":"","cidr_block":"0.0.0.0/0","core_network_arn":"","destination_prefix_list_id":"","egress_only_gateway_id":"","gateway_id":"","ipv6_cidr_block":"","local_gateway_id":"","nat_gateway_id":"","network_interface_id":"","transit_gateway_id":"","vpc_endpoint_id":"vpce-0922f276b21316232","vpc_peering_connection_id":""},{"carrier_gateway_id":"","cidr_block":"100.120.0.0/14","core_network_arn":"","destination_prefix_list_id":"","egress_only_gateway_id":"","gateway_id":"","ipv6_cidr_block":"","local_gateway_id":"","nat_gateway_id":"","network_interface_id":"","transit_gateway_id":"tgw-0d075f0bbac840458","vpc_endpoint_id":"","vpc_peering_connection_id":""}],"tags":{"AZ":"us-east-1a","CardData":"no","Classification":"nonpublic","Environment":"nonprod","GitURL":"https://gitlab.com/williamhillplc/technical-services/networks/channels-team.git","ManagedBy":"OpenTofu","Migrated":"no","Name":"network-hub-nonprod-egress-private-rt-1a","Product":"network-hub","Project":"network-hub","Tier":"internal","Type":"private-route-table"},"tags_all":{"AZ":"us-east-1a","CardData":"no","Classification":"nonpublic","Environment":"nonprod","GitURL":"https://gitlab.com/williamhillplc/technical-services/networks/channels-team.git","ManagedBy":"OpenTofu","Migrated":"no","Name":"network-hub-nonprod-egress-private-rt-1a","Product":"network-hub","Project":"network-hub","Tier":"internal","Type":"private-route-table"},"timeouts":null,"vpc_id":"vpc-00f01d128ce1f76fb"},"sensitive_attributes":[],"private":"eyJlMmJmYjczMC1lY2FhLTExZTYtOGY4OC0zNDM2M2JjN2M0YzAiOnsiY3JlYXRlIjozMDAwMDAwMDAwMDAsImRlbGV0ZSI6MzAwMDAwMDAwMDAwLCJ1cGRhdGUiOjEyMDAwMDAwMDAwMH19","dependencies":["module.network_hub.aws_vpc.central_egress","module.network_hub.data.aws_availability_zones.available"]},{"index_key":1,"schema_version":0,"attributes":{"arn":"arn:aws:ec2:us-east-1:052127203460:route-table/rtb-0a6dc5f471d3ebbd8","id":"rtb-0a6dc5f471d3ebbd8","owner_id":"052127203460","propagating_vgws":[],"region":"us-east-1","route":[{"carrier_gateway_id":"","cidr_block":"0.0.0.0/0","core_network_arn":"","destination_prefix_list_id":"","egress_only_gateway_id":"","gateway_id":"","ipv6_cidr_block":"","local_gateway_id":"","nat_gateway_id":"","network_interface_id":"","transit_gateway_id":"","vpc_endpoint_id":"vpce-08806658b681c90fe","vpc_peering_connection_id":""},{"carrier_gateway_id":"","cidr_block":"100.120.0.0/14","core_network_arn":"","destination_prefix_list_id":"","egress_only_gateway_id":"","gateway_id":"","ipv6_cidr_block":"","local_gateway_id":"","nat_gateway_id":"","network_interface_id":"","transit_gateway_id":"tgw-0d075f0bbac840458","vpc_endpoint_id":"","vpc_peering_connection_id":""}],"tags":{"AZ":"us-east-1b","CardData":"no","Classification":"nonpublic","Environment":"nonprod","GitURL":"https://gitlab.com/williamhillplc/technical-services/networks/channels-team.git","ManagedBy":"OpenTofu","Migrated":"no","Name":"network-hub-nonprod-egress-private-rt-1b","Product":"network-hub","Project":"network-hub","Tier":"internal","Type":"private-route-table"},"tags_all":{"AZ":"us-east-1b","CardData":"no","Classification":"nonpublic","Environment":"nonprod","GitURL":"https://gitlab.com/williamhillplc/technical-services/networks/channels-team.git","ManagedBy":"OpenTofu","Migrated":"no","Name":"network-hub-nonprod-egress-private-rt-1b","Product":"network-hub","Project":"network-hub","Tier":"internal","Type":"private-route-table"},"timeouts":null,"vpc_id":"vpc-00f01d128ce1f76fb"},"sensitive_attributes":[],"private":"eyJlMmJmYjczMC1lY2FhLTExZTYtOGY4OC0zNDM2M2JjN2M0YzAiOnsiY3JlYXRlIjozMDAwMDAwMDAwMDAsImRlbGV0ZSI6MzAwMDAwMDAwMDAwLCJ1cGRhdGUiOjEyMDAwMDAwMDAwMH19","dependencies":["module.network_hub.aws_vpc.central_egress","module.network_hub.data.aws_availability_zones.available"]},{"index_key":2,"schema_version":0,"attributes":{"arn":"arn:aws:ec2:us-east-1:052127203460:route-table/rtb-05b52365d33da0e54","id":"rtb-05b52365d33da0e54","owner_id":"052127203460","propagating_vgws":[],"region":"us-east-1","route":[{"carrier_gateway_id":"","cidr_block":"0.0.0.0/0","core_network_arn":"","destination_prefix_list_id":"","egress_only_gateway_id":"","gateway_id":"","ipv6_cidr_block":"","local_gateway_id":"","nat_gateway_id":"","network_interface_id":"","transit_gateway_id":"","vpc_endpoint_id":"vpce-08652e363a8ce5be0","vpc_peering_connection_id":""},{"carrier_gateway_id":"","cidr_block":"100.120.0.0/14","core_network_arn":"","destination_prefix_list_id":"","egress_only_gateway_id":"","gateway_id":"","ipv6_cidr_block":"","local_gateway_id":"","nat_gateway_id":"","network_interface_id":"","transit_gateway_id":"tgw-0d075f0bbac840458","vpc_endpoint_id":"","vpc_peering_connection_id":""}],"tags":{"AZ":"us-east-1c","CardData":"no","Classification":"nonpublic","Environment":"nonprod","GitURL":"https://gitlab.com/williamhillplc/technical-services/networks/channels-team.git","ManagedBy":"OpenTofu","Migrated":"no","Name":"network-hub-nonprod-egress-private-rt-1c","Product":"network-hub","Project":"network-hub","Tier":"internal","Type":"private-route-table"},"tags_all":{"AZ":"us-east-1c","CardData":"no","Classification":"nonpublic","Environment":"nonprod","GitURL":"https://gitlab.com/williamhillplc/technical-services/networks/channels-team.git","ManagedBy":"OpenTofu","Migrated":"no","Name":"network-hub-nonprod-egress-private-rt-1c","Product":"network-hub","Project":"network-hub","Tier":"internal","Type":"private-route-table"},"timeouts":null,"vpc_id":"vpc-00f01d128ce1f76fb"},"sensitive_attributes":[],"private":"eyJlMmJmYjczMC1lY2FhLTExZTYtOGY4OC0zNDM2M2JjN2M0YzAiOnsiY3JlYXRlIjozMDAwMDAwMDAwMDAsImRlbGV0ZSI6MzAwMDAwMDAwMDAwLCJ1cGRhdGUiOjEyMDAwMDAwMDAwMH19","dependencies":["module.network_hub.aws_vpc.central_egress","module.network_hub.data.aws_availability_zones.available"]}]},{"module":"module.network_hub","mode":"managed","type":"aws_route_table","name":"egress_public","provider":"provider[\"registry.opentofu.org/hashicorp/aws\"]","instances":[{"index_key":0,"schema_version":0,"attributes":{"arn":"arn:aws:ec2:us-east-1:052127203460:route-table/rtb-0dd52a790a2a01b13","id":"rtb-0dd52a790a2a01b13","owner_id":"052127203460","propagating_vgws":[],"region":"us-east-1","route":[{"carrier_gateway_id":"","cidr_block":"0.0.0.0/0","core_network_arn":"","destination_prefix_list_id":"","egress_only_gateway_id":"","gateway_id":"igw-092face7239d36c11","ipv6_cidr_block":"","local_gateway_id":"","nat_gateway_id":"","network_interface_id":"","transit_gateway_id":"","vpc_endpoint_id":"","vpc_peering_connection_id":""},{"carrier_gateway_id":"","cidr_block":"100.120.0.0/14","core_network_arn":"","destination_prefix_list_id":"","egress_only_gateway_id":"","gateway_id":"","ipv6_cidr_block":"","local_gateway_id":"","nat_gateway_id":"","network_interface_id":"","transit_gateway_id":"","vpc_endpoint_id":"vpce-0922f276b21316232","vpc_peering_connection_id":""}],"tags":{"AZ":"us-east-1a","CardData":"no","Classification":"nonpublic","Environment":"nonprod","GitURL":"https://gitlab.com/williamhillplc/technical-services/networks/channels-team.git","ManagedBy":"OpenTofu","Migrated":"no","Name":"network-hub-nonprod-egress-public-rt-1a","Product":"network-hub","Project":"network-hub","Tier":"internal","Type":"public-route-table"},"tags_all":{"AZ":"us-east-1a","CardData":"no","Classification":"nonpublic","Environment":"nonprod","GitURL":"https://gitlab.com/williamhillplc/technical-services/networks/channels-team.git","ManagedBy":"OpenTofu","Migrated":"no","Name":"network-hub-nonprod-egress-public-rt-1a","Product":"network-hub","Project":"network-hub","Tier":"internal","Type":"public-route-table"},"timeouts":null,"vpc_id":"vpc-00f01d128ce1f76fb"},"sensitive_attributes":[],"private":"eyJlMmJmYjczMC1lY2FhLTExZTYtOGY4OC0zNDM2M2JjN2M0YzAiOnsiY3JlYXRlIjozMDAwMDAwMDAwMDAsImRlbGV0ZSI6MzAwMDAwMDAwMDAwLCJ1cGRhdGUiOjEyMDAwMDAwMDAwMH19","dependencies":["module.network_hub.aws_vpc.central_egress","module.network_hub.data.aws_availability_zones.available"]},{"index_key":1,"schema_version":0,"attributes":{"arn":"arn:aws:ec2:us-east-1:052127203460:route-table/rtb-05b493b472cbfaafd","id":"rtb-05b493b472cbfaafd","owner_id":"052127203460","propagating_vgws":[],"region":"us-east-1","route":[{"carrier_gateway_id":"","cidr_block":"0.0.0.0/0","core_network_arn":"","destination_prefix_list_id":"","egress_only_gateway_id":"","gateway_id":"igw-092face7239d36c11","ipv6_cidr_block":"","local_gateway_id":"","nat_gateway_id":"","network_interface_id":"","transit_gateway_id":"","vpc_endpoint_id":"","vpc_peering_connection_id":""},{"carrier_gateway_id":"","cidr_block":"100.120.0.0/14","core_network_arn":"","destination_prefix_list_id":"","egress_only_gateway_id":"","gateway_id":"","ipv6_cidr_block":"","local_gateway_id":"","nat_gateway_id":"","network_interface_id":"","transit_gateway_id":"","vpc_endpoint_id":"vpce-08806658b681c90fe","vpc_peering_connection_id":""}],"tags":{"AZ":"us-east-1b","CardData":"no","Classification":"nonpublic","Environment":"nonprod","GitURL":"https://gitlab.com/williamhillplc/technical-services/networks/channels-team.git","ManagedBy":"OpenTofu","Migrated":"no","Name":"network-hub-nonprod-egress-public-rt-1b","Product":"network-hub","Project":"network-hub","Tier":"internal","Type":"public-route-table"},"tags_all":{"AZ":"us-east-1b","CardData":"no","Classification":"nonpublic","Environment":"nonprod","GitURL":"https://gitlab.com/williamhillplc/technical-services/networks/channels-team.git","ManagedBy":"OpenTofu","Migrated":"no","Name":"network-hub-nonprod-egress-public-rt-1b","Product":"network-hub","Project":"network-hub","Tier":"internal","Type":"public-route-table"},"timeouts":null,"vpc_id":"vpc-00f01d128ce1f76fb"},"sensitive_attributes":[],"private":"eyJlMmJmYjczMC1lY2FhLTExZTYtOGY4OC0zNDM2M2JjN2M0YzAiOnsiY3JlYXRlIjozMDAwMDAwMDAwMDAsImRlbGV0ZSI6MzAwMDAwMDAwMDAwLCJ1cGRhdGUiOjEyMDAwMDAwMDAwMH19","dependencies":["module.network_hub.aws_vpc.central_egress","module.network_hub.data.aws_availability_zones.available"]},{"index_key":2,"schema_version":0,"attributes":{"arn":"arn:aws:ec2:us-east-1:052127203460:route-table/rtb-0629fc20a70cbf842","id":"rtb-0629fc20a70cbf842","owner_id":"052127203460","propagating_vgws":[],"region":"us-east-1","route":[{"carrier_gateway_id":"","cidr_block":"0.0.0.0/0","core_network_arn":"","destination_prefix_list_id":"","egress_only_gateway_id":"","gateway_id":"igw-092face7239d36c11","ipv6_cidr_block":"","local_gateway_id":"","nat_gateway_id":"","network_interface_id":"","transit_gateway_id":"","vpc_endpoint_id":"","vpc_peering_connection_id":""},{"carrier_gateway_id":"","cidr_block":"100.120.0.0/14","core_network_arn":"","destination_prefix_list_id":"","egress_only_gateway_id":"","gateway_id":"","ipv6_cidr_block":"","local_gateway_id":"","nat_gateway_id":"","network_interface_id":"","transit_gateway_id":"","vpc_endpoint_id":"vpce-08652e363a8ce5be0","vpc_peering_connection_id":""}],"tags":{"AZ":"us-east-1c","CardData":"no","Classification":"nonpublic","Environment":"nonprod","GitURL":"https://gitlab.com/williamhillplc/technical-services/networks/channels-team.git","ManagedBy":"OpenTofu","Migrated":"no","Name":"network-hub-nonprod-egress-public-rt-1c","Product":"network-hub","Project":"network-hub","Tier":"internal","Type":"public-route-table"},"tags_all":{"AZ":"us-east-1c","CardData":"no","Classification":"nonpublic","Environment":"nonprod","GitURL":"https://gitlab.com/williamhillplc/technical-services/networks/channels-team.git","ManagedBy":"OpenTofu","Migrated":"no","Name":"network-hub-nonprod-egress-public-rt-1c","Product":"network-hub","Project":"network-hub","Tier":"internal","Type":"public-route-table"},"timeouts":null,"vpc_id":"vpc-00f01d128ce1f76fb"},"sensitive_attributes":[],"private":"eyJlMmJmYjczMC1lY2FhLTExZTYtOGY4OC0zNDM2M2JjN2M0YzAiOnsiY3JlYXRlIjozMDAwMDAwMDAwMDAsImRlbGV0ZSI6MzAwMDAwMDAwMDAwLCJ1cGRhdGUiOjEyMDAwMDAwMDAwMH19","dependencies":["module.network_hub.aws_vpc.central_egress","module.network_hub.data.aws_availability_zones.available"]}]},{"module":"module.network_hub","mode":"managed","type":"aws_route_table","name":"firewall_endpoint","provider":"provider[\"registry.opentofu.org/hashicorp/aws\"]","instances":[{"index_key":0,"schema_version":0,"attributes":{"arn":"arn:aws:ec2:us-east-1:052127203460:route-table/rtb-09a090991aff72f92","id":"rtb-09a090991aff72f92","owner_id":"052127203460","propagating_vgws":[],"region":"us-east-1","route":[{"carrier_gateway_id":"","cidr_block":"0.0.0.0/0","core_network_arn":"","destination_prefix_list_id":"","egress_only_gateway_id":"","gateway_id":"","ipv6_cidr_block":"","local_gateway_id":"","nat_gateway_id":"","network_interface_id":"","transit_gateway_id":"tgw-0d075f0bbac840458","vpc_endpoint_id":"","vpc_peering_connection_id":""}],"tags":{"AZ":"us-east-1a","CardData":"no","Classification":"nonpublic","Environment":"nonprod","GitURL":"https://gitlab.com/williamhillplc/technical-services/networks/channels-team.git","ManagedBy":"OpenTofu","Migrated":"no","Name":"network-hub-nonprod-fw-endpoint-rt-1a","Product":"network-hub","Project":"network-hub","Tier":"internal","Type":"firewall-endpoint-route-table"},"tags_all":{"AZ":"us-east-1a","CardData":"no","Classification":"nonpublic","Environment":"nonprod","GitURL":"https://gitlab.com/williamhillplc/technical-services/networks/channels-team.git","ManagedBy":"OpenTofu","Migrated":"no","Name":"network-hub-nonprod-fw-endpoint-rt-1a","Product":"network-hub","Project":"network-hub","Tier":"internal","Type":"firewall-endpoint-route-table"},"timeouts":null,"vpc_id":"vpc-037b166dee18c9193"},"sensitive_attributes":[],"private":"eyJlMmJmYjczMC1lY2FhLTExZTYtOGY4OC0zNDM2M2JjN2M0YzAiOnsiY3JlYXRlIjozMDAwMDAwMDAwMDAsImRlbGV0ZSI6MzAwMDAwMDAwMDAwLCJ1cGRhdGUiOjEyMDAwMDAwMDAwMH19","dependencies":["module.network_hub.aws_vpc.firewall","module.network_hub.data.aws_availability_zones.available"]},{"index_key":1,"schema_version":0,"attributes":{"arn":"arn:aws:ec2:us-east-1:052127203460:route-table/rtb-01b3eb119a8181c52","id":"rtb-01b3eb119a8181c52","owner_id":"052127203460","propagating_vgws":[],"region":"us-east-1","route":[{"carrier_gateway_id":"","cidr_block":"0.0.0.0/0","core_network_arn":"","destination_prefix_list_id":"","egress_only_gateway_id":"","gateway_id":"","ipv6_cidr_block":"","local_gateway_id":"","nat_gateway_id":"","network_interface_id":"","transit_gateway_id":"tgw-0d075f0bbac840458","vpc_endpoint_id":"","vpc_peering_connection_id":""}],"tags":{"AZ":"us-east-1b","CardData":"no","Classification":"nonpublic","Environment":"nonprod","GitURL":"https://gitlab.com/williamhillplc/technical-services/networks/channels-team.git","ManagedBy":"OpenTofu","Migrated":"no","Name":"network-hub-nonprod-fw-endpoint-rt-1b","Product":"network-hub","Project":"network-hub","Tier":"internal","Type":"firewall-endpoint-route-table"},"tags_all":{"AZ":"us-east-1b","CardData":"no","Classification":"nonpublic","Environment":"nonprod","GitURL":"https://gitlab.com/williamhillplc/technical-services/networks/channels-team.git","ManagedBy":"OpenTofu","Migrated":"no","Name":"network-hub-nonprod-fw-endpoint-rt-1b","Product":"network-hub","Project":"network-hub","Tier":"internal","Type":"firewall-endpoint-route-table"},"timeouts":null,"vpc_id":"vpc-037b166dee18c9193"},"sensitive_attributes":[],"private":"eyJlMmJmYjczMC1lY2FhLTExZTYtOGY4OC0zNDM2M2JjN2M0YzAiOnsiY3JlYXRlIjozMDAwMDAwMDAwMDAsImRlbGV0ZSI6MzAwMDAwMDAwMDAwLCJ1cGRhdGUiOjEyMDAwMDAwMDAwMH19","dependencies":["module.network_hub.aws_vpc.firewall","module.network_hub.data.aws_availability_zones.available"]},{"index_key":2,"schema_version":0,"attributes":{"arn":"arn:aws:ec2:us-east-1:052127203460:route-table/rtb-02d20e640451e807a","id":"rtb-02d20e640451e807a","owner_id":"052127203460","propagating_vgws":[],"region":"us-east-1","route":[{"carrier_gateway_id":"","cidr_block":"0.0.0.0/0","core_network_arn":"","destination_prefix_list_id":"","egress_only_gateway_id":"","gateway_id":"","ipv6_cidr_block":"","local_gateway_id":"","nat_gateway_id":"","network_interface_id":"","transit_gateway_id":"tgw-0d075f0bbac840458","vpc_endpoint_id":"","vpc_peering_connection_id":""}],"tags":{"AZ":"us-east-1c","CardData":"no","Classification":"nonpublic","Environment":"nonprod","GitURL":"https://gitlab.com/williamhillplc/technical-services/networks/channels-team.git","ManagedBy":"OpenTofu","Migrated":"no","Name":"network-hub-nonprod-fw-endpoint-rt-1c","Product":"network-hub","Project":"network-hub","Tier":"internal","Type":"firewall-endpoint-route-table"},"tags_all":{"AZ":"us-east-1c","CardData":"no","Classification":"nonpublic","Environment":"nonprod","GitURL":"https://gitlab.com/williamhillplc/technical-services/networks/channels-team.git","ManagedBy":"OpenTofu","Migrated":"no","Name":"network-hub-nonprod-fw-endpoint-rt-1c","Product":"network-hub","Project":"network-hub","Tier":"internal","Type":"firewall-endpoint-route-table"},"timeouts":null,"vpc_id":"vpc-037b166dee18c9193"},"sensitive_attributes":[],"private":"eyJlMmJmYjczMC1lY2FhLTExZTYtOGY4OC0zNDM2M2JjN2M0YzAiOnsiY3JlYXRlIjozMDAwMDAwMDAwMDAsImRlbGV0ZSI6MzAwMDAwMDAwMDAwLCJ1cGRhdGUiOjEyMDAwMDAwMDAwMH19","dependencies":["module.network_hub.aws_vpc.firewall","module.network_hub.data.aws_availability_zones.available"]}]},{"module":"module.network_hub","mode":"managed","type":"aws_route_table","name":"firewall_tgw","provider":"provider[\"registry.opentofu.org/hashicorp/aws\"]","instances":[{"index_key":0,"schema_version":0,"attributes":{"arn":"arn:aws:ec2:us-east-1:052127203460:route-table/rtb-0c0544c8491f76aac","id":"rtb-0c0544c8491f76aac","owner_id":"052127203460","propagating_vgws":[],"region":"us-east-1","route":[{"carrier_gateway_id":"","cidr_block":"0.0.0.0/0","core_network_arn":"","destination_prefix_list_id":"","egress_only_gateway_id":"","gateway_id":"","ipv6_cidr_block":"","local_gateway_id":"","nat_gateway_id":"","network_interface_id":"","transit_gateway_id":"","vpc_endpoint_id":"vpce-074ead6a2bc838839","vpc_peering_connection_id":""}],"tags":{"AZ":"us-east-1a","CardData":"no","Classification":"nonpublic","Environment":"nonprod","GitURL":"https://gitlab.com/williamhillplc/technical-services/networks/channels-team.git","ManagedBy":"OpenTofu","Migrated":"no","Name":"network-hub-nonprod-fw-tgw-rt-1a","Product":"network-hub","Project":"network-hub","Tier":"internal","Type":"firewall-tgw-route-table"},"tags_all":{"AZ":"us-east-1a","CardData":"no","Classification":"nonpublic","Environment":"nonprod","GitURL":"https://gitlab.com/williamhillplc/technical-services/networks/channels-team.git","ManagedBy":"OpenTofu","Migrated":"no","Name":"network-hub-nonprod-fw-tgw-rt-1a","Product":"network-hub","Project":"network-hub","Tier":"internal","Type":"firewall-tgw-route-table"},"timeouts":null,"vpc_id":"vpc-037b166dee18c9193"},"sensitive_attributes":[],"private":"eyJlMmJmYjczMC1lY2FhLTExZTYtOGY4OC0zNDM2M2JjN2M0YzAiOnsiY3JlYXRlIjozMDAwMDAwMDAwMDAsImRlbGV0ZSI6MzAwMDAwMDAwMDAwLCJ1cGRhdGUiOjEyMDAwMDAwMDAwMH19","dependencies":["module.network_hub.aws_vpc.firewall","module.network_hub.data.aws_availability_zones.available"]},{"index_key":1,"schema_version":0,"attributes":{"arn":"arn:aws:ec2:us-east-1:052127203460:route-table/rtb-05cedd980a80b7dec","id":"rtb-05cedd980a80b7dec","owner_id":"052127203460","propagating_vgws":[],"region":"us-east-1","route":[{"carrier_gateway_id":"","cidr_block":"0.0.0.0/0","core_network_arn":"","destination_prefix_list_id":"","egress_only_gateway_id":"","gateway_id":"","ipv6_cidr_block":"","local_gateway_id":"","nat_gateway_id":"","network_interface_id":"","transit_gateway_id":"","vpc_endpoint_id":"vpce-082b5f3765c08d94d","vpc_peering_connection_id":""}],"tags":{"AZ":"us-east-1b","CardData":"no","Classification":"nonpublic","Environment":"nonprod","GitURL":"https://gitlab.com/williamhillplc/technical-services/networks/channels-team.git","ManagedBy":"OpenTofu","Migrated":"no","Name":"network-hub-nonprod-fw-tgw-rt-1b","Product":"network-hub","Project":"network-hub","Tier":"internal","Type":"firewall-tgw-route-table"},"tags_all":{"AZ":"us-east-1b","CardData":"no","Classification":"nonpublic","Environment":"nonprod","GitURL":"https://gitlab.com/williamhillplc/technical-services/networks/channels-team.git","ManagedBy":"OpenTofu","Migrated":"no","Name":"network-hub-nonprod-fw-tgw-rt-1b","Product":"network-hub","Project":"network-hub","Tier":"internal","Type":"firewall-tgw-route-table"},"timeouts":null,"vpc_id":"vpc-037b166dee18c9193"},"sensitive_attributes":[],"private":"eyJlMmJmYjczMC1lY2FhLTExZTYtOGY4OC0zNDM2M2JjN2M0YzAiOnsiY3JlYXRlIjozMDAwMDAwMDAwMDAsImRlbGV0ZSI6MzAwMDAwMDAwMDAwLCJ1cGRhdGUiOjEyMDAwMDAwMDAwMH19","dependencies":["module.network_hub.aws_vpc.firewall","module.network_hub.data.aws_availability_zones.available"]},{"index_key":2,"schema_version":0,"attributes":{"arn":"arn:aws:ec2:us-east-1:052127203460:route-table/rtb-031e9174a4c30e57e","id":"rtb-031e9174a4c30e57e","owner_id":"052127203460","propagating_vgws":[],"region":"us-east-1","route":[{"carrier_gateway_id":"","cidr_block":"0.0.0.0/0","core_network_arn":"","destination_prefix_list_id":"","egress_only_gateway_id":"","gateway_id":"","ipv6_cidr_block":"","local_gateway_id":"","nat_gateway_id":"","network_interface_id":"","transit_gateway_id":"","vpc_endpoint_id":"vpce-029d921f5916973e6","vpc_peering_connection_id":""}],"tags":{"AZ":"us-east-1c","CardData":"no","Classification":"nonpublic","Environment":"nonprod","GitURL":"https://gitlab.com/williamhillplc/technical-services/networks/channels-team.git","ManagedBy":"OpenTofu","Migrated":"no","Name":"network-hub-nonprod-fw-tgw-rt-1c","Product":"network-hub","Project":"network-hub","Tier":"internal","Type":"firewall-tgw-route-table"},"tags_all":{"AZ":"us-east-1c","CardData":"no","Classification":"nonpublic","Environment":"nonprod","GitURL":"https://gitlab.com/williamhillplc/technical-services/networks/channels-team.git","ManagedBy":"OpenTofu","Migrated":"no","Name":"network-hub-nonprod-fw-tgw-rt-1c","Product":"network-hub","Project":"network-hub","Tier":"internal","Type":"firewall-tgw-route-table"},"timeouts":null,"vpc_id":"vpc-037b166dee18c9193"},"sensitive_attributes":[],"private":"eyJlMmJmYjczMC1lY2FhLTExZTYtOGY4OC0zNDM2M2JjN2M0YzAiOnsiY3JlYXRlIjozMDAwMDAwMDAwMDAsImRlbGV0ZSI6MzAwMDAwMDAwMDAwLCJ1cGRhdGUiOjEyMDAwMDAwMDAwMH19","dependencies":["module.network_hub.aws_vpc.firewall","module.network_hub.data.aws_availability_zones.available"]}]},{"module":"module.network_hub","mode":"managed","type":"aws_route_table_association","name":"egress_firewall_endpoint","provider":"provider[\"registry.opentofu.org/hashicorp/aws\"]","instances":[{"index_key":0,"schema_version":0,"attributes":{"gateway_id":"","id":"rtbassoc-07fc66f5a8199ecd8","region":"us-east-1","route_table_id":"rtb-063521d69973d2ab2","subnet_id":"subnet-072778d4116ed85a3","timeouts":null},"sensitive_attributes":[],"private":"eyJlMmJmYjczMC1lY2FhLTExZTYtOGY4OC0zNDM2M2JjN2M0YzAiOnsiY3JlYXRlIjozMDAwMDAwMDAwMDAsImRlbGV0ZSI6MzAwMDAwMDAwMDAwLCJ1cGRhdGUiOjEyMDAwMDAwMDAwMH19","dependencies":["module.network_hub.aws_route_table.egress_firewall_endpoint","module.network_hub.aws_subnet.egress_firewall_endpoint","module.network_hub.aws_vpc.central_egress","module.network_hub.data.aws_availability_zones.available"]},{"index_key":1,"schema_version":0,"attributes":{"gateway_id":"","id":"rtbassoc-00e1f60cf3778ae5b","region":"us-east-1","route_table_id":"rtb-0384f93362277749c","subnet_id":"subnet-0156dc937a257e72d","timeouts":null},"sensitive_attributes":[],"private":"eyJlMmJmYjczMC1lY2FhLTExZTYtOGY4OC0zNDM2M2JjN2M0YzAiOnsiY3JlYXRlIjozMDAwMDAwMDAwMDAsImRlbGV0ZSI6MzAwMDAwMDAwMDAwLCJ1cGRhdGUiOjEyMDAwMDAwMDAwMH19","dependencies":["module.network_hub.aws_route_table.egress_firewall_endpoint","module.network_hub.aws_subnet.egress_firewall_endpoint","module.network_hub.aws_vpc.central_egress","module.network_hub.data.aws_availability_zones.available"]},{"index_key":2,"schema_version":0,"attributes":{"gateway_id":"","id":"rtbassoc-0cbdd9149991d971d","region":"us-east-1","route_table_id":"rtb-0049bcb51bbcc557c","subnet_id":"subnet-09642ec6cc85e01f7","timeouts":null},"sensitive_attributes":[],"private":"eyJlMmJmYjczMC1lY2FhLTExZTYtOGY4OC0zNDM2M2JjN2M0YzAiOnsiY3JlYXRlIjozMDAwMDAwMDAwMDAsImRlbGV0ZSI6MzAwMDAwMDAwMDAwLCJ1cGRhdGUiOjEyMDAwMDAwMDAwMH19","dependencies":["module.network_hub.aws_route_table.egress_firewall_endpoint","module.network_hub.aws_subnet.egress_firewall_endpoint","module.network_hub.aws_vpc.central_egress","module.network_hub.data.aws_availability_zones.available"]}]},{"module":"module.network_hub","mode":"managed","type":"aws_route_table_association","name":"egress_private","provider":"provider[\"registry.opentofu.org/hashicorp/aws\"]","instances":[{"index_key":0,"schema_version":0,"attributes":{"gateway_id":"","id":"rtbassoc-0e57eca52960aa4cc","region":"us-east-1","route_table_id":"rtb-0f76b6ddab72753c5","subnet_id":"subnet-07ec1b415d1b6bfa5","timeouts":null},"sensitive_attributes":[],"private":"eyJlMmJmYjczMC1lY2FhLTExZTYtOGY4OC0zNDM2M2JjN2M0YzAiOnsiY3JlYXRlIjozMDAwMDAwMDAwMDAsImRlbGV0ZSI6MzAwMDAwMDAwMDAwLCJ1cGRhdGUiOjEyMDAwMDAwMDAwMH19","dependencies":["module.network_hub.aws_route_table.egress_private","module.network_hub.aws_subnet.egress_private","module.network_hub.aws_vpc.central_egress","module.network_hub.data.aws_availability_zones.available"]},{"index_key":1,"schema_version":0,"attributes":{"gateway_id":"","id":"rtbassoc-0fd81a81760e73f66","region":"us-east-1","route_table_id":"rtb-0a6dc5f471d3ebbd8","subnet_id":"subnet-0e48ee23ae269d87d","timeouts":null},"sensitive_attributes":[],"private":"eyJlMmJmYjczMC1lY2FhLTExZTYtOGY4OC0zNDM2M2JjN2M0YzAiOnsiY3JlYXRlIjozMDAwMDAwMDAwMDAsImRlbGV0ZSI6MzAwMDAwMDAwMDAwLCJ1cGRhdGUiOjEyMDAwMDAwMDAwMH19","dependencies":["module.network_hub.aws_route_table.egress_private","module.network_hub.aws_subnet.egress_private","module.network_hub.aws_vpc.central_egress","module.network_hub.data.aws_availability_zones.available"]},{"index_key":2,"schema_version":0,"attributes":{"gateway_id":"","id":"rtbassoc-0f84d838e3c7a8769","region":"us-east-1","route_table_id":"rtb-05b52365d33da0e54","subnet_id":"subnet-0d72b0594526fba44","timeouts":null},"sensitive_attributes":[],"private":"eyJlMmJmYjczMC1lY2FhLTExZTYtOGY4OC0zNDM2M2JjN2M0YzAiOnsiY3JlYXRlIjozMDAwMDAwMDAwMDAsImRlbGV0ZSI6MzAwMDAwMDAwMDAwLCJ1cGRhdGUiOjEyMDAwMDAwMDAwMH19","dependencies":["module.network_hub.aws_route_table.egress_private","module.network_hub.aws_subnet.egress_private","module.network_hub.aws_vpc.central_egress","module.network_hub.data.aws_availability_zones.available"]}]},{"module":"module.network_hub","mode":"managed","type":"aws_route_table_association","name":"egress_public","provider":"provider[\"registry.opentofu.org/hashicorp/aws\"]","instances":[{"index_key":0,"schema_version":0,"attributes":{"gateway_id":"","id":"rtbassoc-06b3dd0442bfff4c3","region":"us-east-1","route_table_id":"rtb-0dd52a790a2a01b13","subnet_id":"subnet-0e34d1989897e9c41","timeouts":null},"sensitive_attributes":[],"private":"eyJlMmJmYjczMC1lY2FhLTExZTYtOGY4OC0zNDM2M2JjN2M0YzAiOnsiY3JlYXRlIjozMDAwMDAwMDAwMDAsImRlbGV0ZSI6MzAwMDAwMDAwMDAwLCJ1cGRhdGUiOjEyMDAwMDAwMDAwMH19","dependencies":["module.network_hub.aws_route_table.egress_public","module.network_hub.aws_subnet.egress_public","module.network_hub.aws_vpc.central_egress","module.network_hub.data.aws_availability_zones.available"]},{"index_key":1,"schema_version":0,"attributes":{"gateway_id":"","id":"rtbassoc-0d7469c1c54dbd50c","region":"us-east-1","route_table_id":"rtb-05b493b472cbfaafd","subnet_id":"subnet-095d3055c353e8353","timeouts":null},"sensitive_attributes":[],"private":"eyJlMmJmYjczMC1lY2FhLTExZTYtOGY4OC0zNDM2M2JjN2M0YzAiOnsiY3JlYXRlIjozMDAwMDAwMDAwMDAsImRlbGV0ZSI6MzAwMDAwMDAwMDAwLCJ1cGRhdGUiOjEyMDAwMDAwMDAwMH19","dependencies":["module.network_hub.aws_route_table.egress_public","module.network_hub.aws_subnet.egress_public","module.network_hub.aws_vpc.central_egress","module.network_hub.data.aws_availability_zones.available"]},{"index_key":2,"schema_version":0,"attributes":{"gateway_id":"","id":"rtbassoc-0eee269f1d2385299","region":"us-east-1","route_table_id":"rtb-0629fc20a70cbf842","subnet_id":"subnet-02e84df546c959371","timeouts":null},"sensitive_attributes":[],"private":"eyJlMmJmYjczMC1lY2FhLTExZTYtOGY4OC0zNDM2M2JjN2M0YzAiOnsiY3JlYXRlIjozMDAwMDAwMDAwMDAsImRlbGV0ZSI6MzAwMDAwMDAwMDAwLCJ1cGRhdGUiOjEyMDAwMDAwMDAwMH19","dependencies":["module.network_hub.aws_route_table.egress_public","module.network_hub.aws_subnet.egress_public","module.network_hub.aws_vpc.central_egress","module.network_hub.data.aws_availability_zones.available"]}]},{"module":"module.network_hub","mode":"managed","type":"aws_route_table_association","name":"firewall_endpoint","provider":"provider[\"registry.opentofu.org/hashicorp/aws\"]","instances":[{"index_key":0,"schema_version":0,"attributes":{"gateway_id":"","id":"rtbassoc-06e0b8e70a50f95e5","region":"us-east-1","route_table_id":"rtb-09a090991aff72f92","subnet_id":"subnet-02b9c84875c622b4c","timeouts":null},"sensitive_attributes":[],"private":"eyJlMmJmYjczMC1lY2FhLTExZTYtOGY4OC0zNDM2M2JjN2M0YzAiOnsiY3JlYXRlIjozMDAwMDAwMDAwMDAsImRlbGV0ZSI6MzAwMDAwMDAwMDAwLCJ1cGRhdGUiOjEyMDAwMDAwMDAwMH19","dependencies":["module.network_hub.aws_route_table.firewall_endpoint","module.network_hub.aws_subnet.firewall_endpoint","module.network_hub.aws_vpc.firewall","module.network_hub.data.aws_availability_zones.available"]},{"index_key":1,"schema_version":0,"attributes":{"gateway_id":"","id":"rtbassoc-05592ccabb0a95f48","region":"us-east-1","route_table_id":"rtb-01b3eb119a8181c52","subnet_id":"subnet-01eb45e8b2882c18b","timeouts":null},"sensitive_attributes":[],"private":"eyJlMmJmYjczMC1lY2FhLTExZTYtOGY4OC0zNDM2M2JjN2M0YzAiOnsiY3JlYXRlIjozMDAwMDAwMDAwMDAsImRlbGV0ZSI6MzAwMDAwMDAwMDAwLCJ1cGRhdGUiOjEyMDAwMDAwMDAwMH19","dependencies":["module.network_hub.aws_route_table.firewall_endpoint","module.network_hub.aws_subnet.firewall_endpoint","module.network_hub.aws_vpc.firewall","module.network_hub.data.aws_availability_zones.available"]},{"index_key":2,"schema_version":0,"attributes":{"gateway_id":"","id":"rtbassoc-026a963b31d115f79","region":"us-east-1","route_table_id":"rtb-02d20e640451e807a","subnet_id":"subnet-0ae820166fc1bd65c","timeouts":null},"sensitive_attributes":[],"private":"eyJlMmJmYjczMC1lY2FhLTExZTYtOGY4OC0zNDM2M2JjN2M0YzAiOnsiY3JlYXRlIjozMDAwMDAwMDAwMDAsImRlbGV0ZSI6MzAwMDAwMDAwMDAwLCJ1cGRhdGUiOjEyMDAwMDAwMDAwMH19","dependencies":["module.network_hub.aws_route_table.firewall_endpoint","module.network_hub.aws_subnet.firewall_endpoint","module.network_hub.aws_vpc.firewall","module.network_hub.data.aws_availability_zones.available"]}]},{"module":"module.network_hub","mode":"managed","type":"aws_route_table_association","name":"firewall_tgw","provider":"provider[\"registry.opentofu.org/hashicorp/aws\"]","instances":[{"index_key":0,"schema_version":0,"attributes":{"gateway_id":"","id":"rtbassoc-022a31bc7885844f8","region":"us-east-1","route_table_id":"rtb-0c0544c8491f76aac","subnet_id":"subnet-0e052e02fc73f96c7","timeouts":null},"sensitive_attributes":[],"private":"eyJlMmJmYjczMC1lY2FhLTExZTYtOGY4OC0zNDM2M2JjN2M0YzAiOnsiY3JlYXRlIjozMDAwMDAwMDAwMDAsImRlbGV0ZSI6MzAwMDAwMDAwMDAwLCJ1cGRhdGUiOjEyMDAwMDAwMDAwMH19","dependencies":["module.network_hub.aws_route_table.firewall_tgw","module.network_hub.aws_subnet.firewall_tgw","module.network_hub.aws_vpc.firewall","module.network_hub.data.aws_availability_zones.available"]},{"index_key":1,"schema_version":0,"attributes":{"gateway_id":"","id":"rtbassoc-008b0842c7c39d716","region":"us-east-1","route_table_id":"rtb-05cedd980a80b7dec","subnet_id":"subnet-0b127136f8827fdc9","timeouts":null},"sensitive_attributes":[],"private":"eyJlMmJmYjczMC1lY2FhLTExZTYtOGY4OC0zNDM2M2JjN2M0YzAiOnsiY3JlYXRlIjozMDAwMDAwMDAwMDAsImRlbGV0ZSI6MzAwMDAwMDAwMDAwLCJ1cGRhdGUiOjEyMDAwMDAwMDAwMH19","dependencies":["module.network_hub.aws_route_table.firewall_tgw","module.network_hub.aws_subnet.firewall_tgw","module.network_hub.aws_vpc.firewall","module.network_hub.data.aws_availability_zones.available"]},{"index_key":2,"schema_version":0,"attributes":{"gateway_id":"","id":"rtbassoc-08b434046aad8d094","region":"us-east-1","route_table_id":"rtb-031e9174a4c30e57e","subnet_id":"subnet-003a18ef7ea541146","timeouts":null},"sensitive_attributes":[],"private":"eyJlMmJmYjczMC1lY2FhLTExZTYtOGY4OC0zNDM2M2JjN2M0YzAiOnsiY3JlYXRlIjozMDAwMDAwMDAwMDAsImRlbGV0ZSI6MzAwMDAwMDAwMDAwLCJ1cGRhdGUiOjEyMDAwMDAwMDAwMH19","dependencies":["module.network_hub.aws_route_table.firewall_tgw","module.network_hub.aws_subnet.firewall_tgw","module.network_hub.aws_vpc.firewall","module.network_hub.data.aws_availability_zones.available"]}]},{"module":"module.network_hub","mode":"managed","type":"aws_security_group","name":"client_instance","provider":"provider[\"registry.opentofu.org/hashicorp/aws\"]","instances":[{"index_key":0,"schema_version":1,"attributes":{"arn":"arn:aws:ec2:us-east-1:052127203460:security-group/sg-0d62d59c6e856b4d8","description":"Security group for Client VPC test instance","egress":[{"cidr_blocks":["0.0.0.0/0"],"description":"All outbound traffic","from_port":0,"ipv6_cidr_blocks":[],"prefix_list_ids":[],"protocol":"-1","security_groups":[],"self":false,"to_port":0}],"id":"sg-0d62d59c6e856b4d8","ingress":[{"cidr_blocks":["100.120.0.0/14","100.104.0.0/14"],"description":"ICMP from internal networks","from_port":-1,"ipv6_cidr_blocks":[],"prefix_list_ids":[],"protocol":"icmp","security_groups":[],"self":false,"to_port":-1},{"cidr_blocks":["100.120.0.0/14","100.104.0.0/14"],"description":"SSH from internal networks only","from_port":22,"ipv6_cidr_blocks":[],"prefix_list_ids":[],"protocol":"tcp","security_groups":[],"self":false,"to_port":22}],"name":"network-hub-nonprod-client-instance-20250715114157146000000002","name_prefix":"network-hub-nonprod-client-instance-","owner_id":"052127203460","region":"us-east-1","revoke_rules_on_delete":false,"tags":{"CardData":"no","Classification":"nonpublic","Environment":"nonprod","GitURL":"https://gitlab.com/williamhillplc/technical-services/networks/channels-team.git","ManagedBy":"OpenTofu","Migrated":"no","Name":"network-hub-nonprod-client-instance-sg","Product":"network-hub","Project":"network-hub","Tier":"internal","Type":"security-group","VPC":"client"},"tags_all":{"CardData":"no","Classification":"nonpublic","Environment":"nonprod","GitURL":"https://gitlab.com/williamhillplc/technical-services/networks/channels-team.git","ManagedBy":"OpenTofu","Migrated":"no","Name":"network-hub-nonprod-client-instance-sg","Product":"network-hub","Project":"network-hub","Tier":"internal","Type":"security-group","VPC":"client"},"timeouts":null,"vpc_id":"vpc-0c2547488bbb89d13"},"sensitive_attributes":[],"private":"eyJlMmJmYjczMC1lY2FhLTExZTYtOGY4OC0zNDM2M2JjN2M0YzAiOnsiY3JlYXRlIjo2MDAwMDAwMDAwMDAsImRlbGV0ZSI6OTAwMDAwMDAwMDAwfSwic2NoZW1hX3ZlcnNpb24iOiIxIn0=","dependencies":["module.network_hub.aws_vpc.client","module.network_hub.aws_vpc.transit_gateway"],"create_before_destroy":true}]},{"module":"module.network_hub","mode":"managed","type":"aws_security_group","name":"tgw_instance","provider":"provider[\"registry.opentofu.org/hashicorp/aws\"]","instances":[{"index_key":0,"schema_version":1,"attributes":{"arn":"arn:aws:ec2:us-east-1:052127203460:security-group/sg-0aa42a7a385615af6","description":"Security group for TGW test instance","egress":[{"cidr_blocks":["0.0.0.0/0"],"description":"All outbound traffic","from_port":0,"ipv6_cidr_blocks":[],"prefix_list_ids":[],"protocol":"-1","security_groups":[],"self":false,"to_port":0}],"id":"sg-0aa42a7a385615af6","ingress":[{"cidr_blocks":["0.0.0.0/0"],"description":"SSH access for external connectivity","from_port":22,"ipv6_cidr_blocks":[],"prefix_list_ids":[],"protocol":"tcp","security_groups":[],"self":false,"to_port":22},{"cidr_blocks":["100.120.0.0/14","100.104.0.0/14"],"description":"ICMP from internal networks","from_port":-1,"ipv6_cidr_blocks":[],"prefix_list_ids":[],"protocol":"icmp","security_groups":[],"self":false,"to_port":-1}],"name":"network-hub-nonprod-tgw-instance-20250715114157041400000001","name_prefix":"network-hub-nonprod-tgw-instance-","owner_id":"052127203460","region":"us-east-1","revoke_rules_on_delete":false,"tags":{"CardData":"no","Classification":"nonpublic","Environment":"nonprod","GitURL":"https://gitlab.com/williamhillplc/technical-services/networks/channels-team.git","ManagedBy":"OpenTofu","Migrated":"no","Name":"network-hub-nonprod-tgw-instance-sg","Product":"network-hub","Project":"network-hub","Tier":"internal","Type":"security-group","VPC":"transit-gateway"},"tags_all":{"CardData":"no","Classification":"nonpublic","Environment":"nonprod","GitURL":"https://gitlab.com/williamhillplc/technical-services/networks/channels-team.git","ManagedBy":"OpenTofu","Migrated":"no","Name":"network-hub-nonprod-tgw-instance-sg","Product":"network-hub","Project":"network-hub","Tier":"internal","Type":"security-group","VPC":"transit-gateway"},"timeouts":null,"vpc_id":"vpc-0958fff4e34b6b948"},"sensitive_attributes":[],"private":"eyJlMmJmYjczMC1lY2FhLTExZTYtOGY4OC0zNDM2M2JjN2M0YzAiOnsiY3JlYXRlIjo2MDAwMDAwMDAwMDAsImRlbGV0ZSI6OTAwMDAwMDAwMDAwfSwic2NoZW1hX3ZlcnNpb24iOiIxIn0=","dependencies":["module.network_hub.aws_vpc.client","module.network_hub.aws_vpc.transit_gateway"],"create_before_destroy":true}]},{"module":"module.network_hub","mode":"managed","type":"aws_subnet","name":"client_cde","provider":"provider[\"registry.opentofu.org/hashicorp/aws\"]","instances":[{"index_key":0,"schema_version":1,"attributes":{"arn":"arn:aws:ec2:us-east-1:052127203460:subnet/subnet-0e494da2b9b499414","assign_ipv6_address_on_creation":false,"availability_zone":"us-east-1a","availability_zone_id":"use1-az6","cidr_block":"100.120.32.0/22","customer_owned_ipv4_pool":"","enable_dns64":false,"enable_lni_at_device_index":0,"enable_resource_name_dns_a_record_on_launch":false,"enable_resource_name_dns_aaaa_record_on_launch":false,"id":"subnet-0e494da2b9b499414","ipv6_cidr_block":"","ipv6_cidr_block_association_id":"","ipv6_native":false,"map_customer_owned_ip_on_launch":false,"map_public_ip_on_launch":false,"outpost_arn":"","owner_id":"052127203460","private_dns_hostname_type_on_launch":"ip-name","region":"us-east-1","tags":{"AZ":"us-east-1a","CardData":"no","Classification":"nonpublic","Compliance":"required","Environment":"cde","GitURL":"https://gitlab.com/williamhillplc/technical-services/networks/channels-team.git","ManagedBy":"OpenTofu","Migrated":"no","Name":"network-hub-nonprod-client-cde-subnet-1a","Product":"network-hub","Project":"network-hub","Tier":"internal","Type":"client-cde","VPC":"client"},"tags_all":{"AZ":"us-east-1a","CardData":"no","Classification":"nonpublic","Compliance":"required","Environment":"cde","GitURL":"https://gitlab.com/williamhillplc/technical-services/networks/channels-team.git","ManagedBy":"OpenTofu","Migrated":"no","Name":"network-hub-nonprod-client-cde-subnet-1a","Product":"network-hub","Project":"network-hub","Tier":"internal","Type":"client-cde","VPC":"client"},"timeouts":null,"vpc_id":"vpc-0c2547488bbb89d13"},"sensitive_attributes":[],"private":"eyJlMmJmYjczMC1lY2FhLTExZTYtOGY4OC0zNDM2M2JjN2M0YzAiOnsiY3JlYXRlIjo2MDAwMDAwMDAwMDAsImRlbGV0ZSI6MTIwMDAwMDAwMDAwMH0sInNjaGVtYV92ZXJzaW9uIjoiMSJ9","dependencies":["module.network_hub.aws_vpc.client","module.network_hub.data.aws_availability_zones.available"],"create_before_destroy":true},{"index_key":1,"schema_version":1,"attributes":{"arn":"arn:aws:ec2:us-east-1:052127203460:subnet/subnet-0e7b63c4bed841bc1","assign_ipv6_address_on_creation":false,"availability_zone":"us-east-1b","availability_zone_id":"use1-az1","cidr_block":"100.120.36.0/22","customer_owned_ipv4_pool":"","enable_dns64":false,"enable_lni_at_device_index":0,"enable_resource_name_dns_a_record_on_launch":false,"enable_resource_name_dns_aaaa_record_on_launch":false,"id":"subnet-0e7b63c4bed841bc1","ipv6_cidr_block":"","ipv6_cidr_block_association_id":"","ipv6_native":false,"map_customer_owned_ip_on_launch":false,"map_public_ip_on_launch":false,"outpost_arn":"","owner_id":"052127203460","private_dns_hostname_type_on_launch":"ip-name","region":"us-east-1","tags":{"AZ":"us-east-1b","CardData":"no","Classification":"nonpublic","Compliance":"required","Environment":"cde","GitURL":"https://gitlab.com/williamhillplc/technical-services/networks/channels-team.git","ManagedBy":"OpenTofu","Migrated":"no","Name":"network-hub-nonprod-client-cde-subnet-1b","Product":"network-hub","Project":"network-hub","Tier":"internal","Type":"client-cde","VPC":"client"},"tags_all":{"AZ":"us-east-1b","CardData":"no","Classification":"nonpublic","Compliance":"required","Environment":"cde","GitURL":"https://gitlab.com/williamhillplc/technical-services/networks/channels-team.git","ManagedBy":"OpenTofu","Migrated":"no","Name":"network-hub-nonprod-client-cde-subnet-1b","Product":"network-hub","Project":"network-hub","Tier":"internal","Type":"client-cde","VPC":"client"},"timeouts":null,"vpc_id":"vpc-0c2547488bbb89d13"},"sensitive_attributes":[],"private":"eyJlMmJmYjczMC1lY2FhLTExZTYtOGY4OC0zNDM2M2JjN2M0YzAiOnsiY3JlYXRlIjo2MDAwMDAwMDAwMDAsImRlbGV0ZSI6MTIwMDAwMDAwMDAwMH0sInNjaGVtYV92ZXJzaW9uIjoiMSJ9","dependencies":["module.network_hub.aws_vpc.client","module.network_hub.data.aws_availability_zones.available"],"create_before_destroy":true},{"index_key":2,"schema_version":1,"attributes":{"arn":"arn:aws:ec2:us-east-1:052127203460:subnet/subnet-0a268580a8f9753aa","assign_ipv6_address_on_creation":false,"availability_zone":"us-east-1c","availability_zone_id":"use1-az2","cidr_block":"100.120.40.0/22","customer_owned_ipv4_pool":"","enable_dns64":false,"enable_lni_at_device_index":0,"enable_resource_name_dns_a_record_on_launch":false,"enable_resource_name_dns_aaaa_record_on_launch":false,"id":"subnet-0a268580a8f9753aa","ipv6_cidr_block":"","ipv6_cidr_block_association_id":"","ipv6_native":false,"map_customer_owned_ip_on_launch":false,"map_public_ip_on_launch":false,"outpost_arn":"","owner_id":"052127203460","private_dns_hostname_type_on_launch":"ip-name","region":"us-east-1","tags":{"AZ":"us-east-1c","CardData":"no","Classification":"nonpublic","Compliance":"required","Environment":"cde","GitURL":"https://gitlab.com/williamhillplc/technical-services/networks/channels-team.git","ManagedBy":"OpenTofu","Migrated":"no","Name":"network-hub-nonprod-client-cde-subnet-1c","Product":"network-hub","Project":"network-hub","Tier":"internal","Type":"client-cde","VPC":"client"},"tags_all":{"AZ":"us-east-1c","CardData":"no","Classification":"nonpublic","Compliance":"required","Environment":"cde","GitURL":"https://gitlab.com/williamhillplc/technical-services/networks/channels-team.git","ManagedBy":"OpenTofu","Migrated":"no","Name":"network-hub-nonprod-client-cde-subnet-1c","Product":"network-hub","Project":"network-hub","Tier":"internal","Type":"client-cde","VPC":"client"},"timeouts":null,"vpc_id":"vpc-0c2547488bbb89d13"},"sensitive_attributes":[],"private":"eyJlMmJmYjczMC1lY2FhLTExZTYtOGY4OC0zNDM2M2JjN2M0YzAiOnsiY3JlYXRlIjo2MDAwMDAwMDAwMDAsImRlbGV0ZSI6MTIwMDAwMDAwMDAwMH0sInNjaGVtYV92ZXJzaW9uIjoiMSJ9","dependencies":["module.network_hub.aws_vpc.client","module.network_hub.data.aws_availability_zones.available"],"create_before_destroy":true}]},{"module":"module.network_hub","mode":"managed","type":"aws_subnet","name":"client_ncde","provider":"provider[\"registry.opentofu.org/hashicorp/aws\"]","instances":[{"index_key":0,"schema_version":1,"attributes":{"arn":"arn:aws:ec2:us-east-1:052127203460:subnet/subnet-096ea6038c5f068dd","assign_ipv6_address_on_creation":false,"availability_zone":"us-east-1a","availability_zone_id":"use1-az6","cidr_block":"100.120.44.0/22","customer_owned_ipv4_pool":"","enable_dns64":false,"enable_lni_at_device_index":0,"enable_resource_name_dns_a_record_on_launch":false,"enable_resource_name_dns_aaaa_record_on_launch":false,"id":"subnet-096ea6038c5f068dd","ipv6_cidr_block":"","ipv6_cidr_block_association_id":"","ipv6_native":false,"map_customer_owned_ip_on_launch":false,"map_public_ip_on_launch":false,"outpost_arn":"","owner_id":"052127203460","private_dns_hostname_type_on_launch":"ip-name","region":"us-east-1","tags":{"AZ":"us-east-1a","CardData":"no","Classification":"nonpublic","Compliance":"not-required","Environment":"ncde","GitURL":"https://gitlab.com/williamhillplc/technical-services/networks/channels-team.git","ManagedBy":"OpenTofu","Migrated":"no","Name":"network-hub-nonprod-client-ncde-subnet-1a","Product":"network-hub","Project":"network-hub","Tier":"internal","Type":"client-ncde","VPC":"client"},"tags_all":{"AZ":"us-east-1a","CardData":"no","Classification":"nonpublic","Compliance":"not-required","Environment":"ncde","GitURL":"https://gitlab.com/williamhillplc/technical-services/networks/channels-team.git","ManagedBy":"OpenTofu","Migrated":"no","Name":"network-hub-nonprod-client-ncde-subnet-1a","Product":"network-hub","Project":"network-hub","Tier":"internal","Type":"client-ncde","VPC":"client"},"timeouts":null,"vpc_id":"vpc-0c2547488bbb89d13"},"sensitive_attributes":[],"private":"eyJlMmJmYjczMC1lY2FhLTExZTYtOGY4OC0zNDM2M2JjN2M0YzAiOnsiY3JlYXRlIjo2MDAwMDAwMDAwMDAsImRlbGV0ZSI6MTIwMDAwMDAwMDAwMH0sInNjaGVtYV92ZXJzaW9uIjoiMSJ9","dependencies":["module.network_hub.aws_vpc.client","module.network_hub.data.aws_availability_zones.available"]},{"index_key":1,"schema_version":1,"attributes":{"arn":"arn:aws:ec2:us-east-1:052127203460:subnet/subnet-067d7b84da6208e6e","assign_ipv6_address_on_creation":false,"availability_zone":"us-east-1b","availability_zone_id":"use1-az1","cidr_block":"100.120.48.0/22","customer_owned_ipv4_pool":"","enable_dns64":false,"enable_lni_at_device_index":0,"enable_resource_name_dns_a_record_on_launch":false,"enable_resource_name_dns_aaaa_record_on_launch":false,"id":"subnet-067d7b84da6208e6e","ipv6_cidr_block":"","ipv6_cidr_block_association_id":"","ipv6_native":false,"map_customer_owned_ip_on_launch":false,"map_public_ip_on_launch":false,"outpost_arn":"","owner_id":"052127203460","private_dns_hostname_type_on_launch":"ip-name","region":"us-east-1","tags":{"AZ":"us-east-1b","CardData":"no","Classification":"nonpublic","Compliance":"not-required","Environment":"ncde","GitURL":"https://gitlab.com/williamhillplc/technical-services/networks/channels-team.git","ManagedBy":"OpenTofu","Migrated":"no","Name":"network-hub-nonprod-client-ncde-subnet-1b","Product":"network-hub","Project":"network-hub","Tier":"internal","Type":"client-ncde","VPC":"client"},"tags_all":{"AZ":"us-east-1b","CardData":"no","Classification":"nonpublic","Compliance":"not-required","Environment":"ncde","GitURL":"https://gitlab.com/williamhillplc/technical-services/networks/channels-team.git","ManagedBy":"OpenTofu","Migrated":"no","Name":"network-hub-nonprod-client-ncde-subnet-1b","Product":"network-hub","Project":"network-hub","Tier":"internal","Type":"client-ncde","VPC":"client"},"timeouts":null,"vpc_id":"vpc-0c2547488bbb89d13"},"sensitive_attributes":[],"private":"eyJlMmJmYjczMC1lY2FhLTExZTYtOGY4OC0zNDM2M2JjN2M0YzAiOnsiY3JlYXRlIjo2MDAwMDAwMDAwMDAsImRlbGV0ZSI6MTIwMDAwMDAwMDAwMH0sInNjaGVtYV92ZXJzaW9uIjoiMSJ9","dependencies":["module.network_hub.aws_vpc.client","module.network_hub.data.aws_availability_zones.available"]},{"index_key":2,"schema_version":1,"attributes":{"arn":"arn:aws:ec2:us-east-1:052127203460:subnet/subnet-0b3c222947b2e267d","assign_ipv6_address_on_creation":false,"availability_zone":"us-east-1c","availability_zone_id":"use1-az2","cidr_block":"100.120.52.0/22","customer_owned_ipv4_pool":"","enable_dns64":false,"enable_lni_at_device_index":0,"enable_resource_name_dns_a_record_on_launch":false,"enable_resource_name_dns_aaaa_record_on_launch":false,"id":"subnet-0b3c222947b2e267d","ipv6_cidr_block":"","ipv6_cidr_block_association_id":"","ipv6_native":false,"map_customer_owned_ip_on_launch":false,"map_public_ip_on_launch":false,"outpost_arn":"","owner_id":"052127203460","private_dns_hostname_type_on_launch":"ip-name","region":"us-east-1","tags":{"AZ":"us-east-1c","CardData":"no","Classification":"nonpublic","Compliance":"not-required","Environment":"ncde","GitURL":"https://gitlab.com/williamhillplc/technical-services/networks/channels-team.git","ManagedBy":"OpenTofu","Migrated":"no","Name":"network-hub-nonprod-client-ncde-subnet-1c","Product":"network-hub","Project":"network-hub","Tier":"internal","Type":"client-ncde","VPC":"client"},"tags_all":{"AZ":"us-east-1c","CardData":"no","Classification":"nonpublic","Compliance":"not-required","Environment":"ncde","GitURL":"https://gitlab.com/williamhillplc/technical-services/networks/channels-team.git","ManagedBy":"OpenTofu","Migrated":"no","Name":"network-hub-nonprod-client-ncde-subnet-1c","Product":"network-hub","Project":"network-hub","Tier":"internal","Type":"client-ncde","VPC":"client"},"timeouts":null,"vpc_id":"vpc-0c2547488bbb89d13"},"sensitive_attributes":[],"private":"eyJlMmJmYjczMC1lY2FhLTExZTYtOGY4OC0zNDM2M2JjN2M0YzAiOnsiY3JlYXRlIjo2MDAwMDAwMDAwMDAsImRlbGV0ZSI6MTIwMDAwMDAwMDAwMH0sInNjaGVtYV92ZXJzaW9uIjoiMSJ9","dependencies":["module.network_hub.aws_vpc.client","module.network_hub.data.aws_availability_zones.available"]}]},{"module":"module.network_hub","mode":"managed","type":"aws_subnet","name":"client_tgw","provider":"provider[\"registry.opentofu.org/hashicorp/aws\"]","instances":[{"index_key":0,"schema_version":1,"attributes":{"arn":"arn:aws:ec2:us-east-1:052127203460:subnet/subnet-035efbef995c4d76a","assign_ipv6_address_on_creation":false,"availability_zone":"us-east-1a","availability_zone_id":"use1-az6","cidr_block":"100.120.56.0/28","customer_owned_ipv4_pool":"","enable_dns64":false,"enable_lni_at_device_index":0,"enable_resource_name_dns_a_record_on_launch":false,"enable_resource_name_dns_aaaa_record_on_launch":false,"id":"subnet-035efbef995c4d76a","ipv6_cidr_block":"","ipv6_cidr_block_association_id":"","ipv6_native":false,"map_customer_owned_ip_on_launch":false,"map_public_ip_on_launch":false,"outpost_arn":"","owner_id":"052127203460","private_dns_hostname_type_on_launch":"ip-name","region":"us-east-1","tags":{"AZ":"us-east-1a","CardData":"no","Classification":"nonpublic","Environment":"nonprod","GitURL":"https://gitlab.com/williamhillplc/technical-services/networks/channels-team.git","ManagedBy":"OpenTofu","Migrated":"no","Name":"network-hub-nonprod-client-tgw-subnet-1a","Product":"network-hub","Project":"network-hub","Tier":"internal","Type":"client-tgw","VPC":"client"},"tags_all":{"AZ":"us-east-1a","CardData":"no","Classification":"nonpublic","Environment":"nonprod","GitURL":"https://gitlab.com/williamhillplc/technical-services/networks/channels-team.git","ManagedBy":"OpenTofu","Migrated":"no","Name":"network-hub-nonprod-client-tgw-subnet-1a","Product":"network-hub","Project":"network-hub","Tier":"internal","Type":"client-tgw","VPC":"client"},"timeouts":null,"vpc_id":"vpc-0c2547488bbb89d13"},"sensitive_attributes":[],"private":"eyJlMmJmYjczMC1lY2FhLTExZTYtOGY4OC0zNDM2M2JjN2M0YzAiOnsiY3JlYXRlIjo2MDAwMDAwMDAwMDAsImRlbGV0ZSI6MTIwMDAwMDAwMDAwMH0sInNjaGVtYV92ZXJzaW9uIjoiMSJ9","dependencies":["module.network_hub.aws_vpc.client","module.network_hub.data.aws_availability_zones.available"],"create_before_destroy":true},{"index_key":1,"schema_version":1,"attributes":{"arn":"arn:aws:ec2:us-east-1:052127203460:subnet/subnet-0dbfefb4f65298d81","assign_ipv6_address_on_creation":false,"availability_zone":"us-east-1b","availability_zone_id":"use1-az1","cidr_block":"100.120.56.16/28","customer_owned_ipv4_pool":"","enable_dns64":false,"enable_lni_at_device_index":0,"enable_resource_name_dns_a_record_on_launch":false,"enable_resource_name_dns_aaaa_record_on_launch":false,"id":"subnet-0dbfefb4f65298d81","ipv6_cidr_block":"","ipv6_cidr_block_association_id":"","ipv6_native":false,"map_customer_owned_ip_on_launch":false,"map_public_ip_on_launch":false,"outpost_arn":"","owner_id":"052127203460","private_dns_hostname_type_on_launch":"ip-name","region":"us-east-1","tags":{"AZ":"us-east-1b","CardData":"no","Classification":"nonpublic","Environment":"nonprod","GitURL":"https://gitlab.com/williamhillplc/technical-services/networks/channels-team.git","ManagedBy":"OpenTofu","Migrated":"no","Name":"network-hub-nonprod-client-tgw-subnet-1b","Product":"network-hub","Project":"network-hub","Tier":"internal","Type":"client-tgw","VPC":"client"},"tags_all":{"AZ":"us-east-1b","CardData":"no","Classification":"nonpublic","Environment":"nonprod","GitURL":"https://gitlab.com/williamhillplc/technical-services/networks/channels-team.git","ManagedBy":"OpenTofu","Migrated":"no","Name":"network-hub-nonprod-client-tgw-subnet-1b","Product":"network-hub","Project":"network-hub","Tier":"internal","Type":"client-tgw","VPC":"client"},"timeouts":null,"vpc_id":"vpc-0c2547488bbb89d13"},"sensitive_attributes":[],"private":"eyJlMmJmYjczMC1lY2FhLTExZTYtOGY4OC0zNDM2M2JjN2M0YzAiOnsiY3JlYXRlIjo2MDAwMDAwMDAwMDAsImRlbGV0ZSI6MTIwMDAwMDAwMDAwMH0sInNjaGVtYV92ZXJzaW9uIjoiMSJ9","dependencies":["module.network_hub.aws_vpc.client","module.network_hub.data.aws_availability_zones.available"],"create_before_destroy":true},{"index_key":2,"schema_version":1,"attributes":{"arn":"arn:aws:ec2:us-east-1:052127203460:subnet/subnet-0267c8da6d030c36b","assign_ipv6_address_on_creation":false,"availability_zone":"us-east-1c","availability_zone_id":"use1-az2","cidr_block":"100.120.56.32/28","customer_owned_ipv4_pool":"","enable_dns64":false,"enable_lni_at_device_index":0,"enable_resource_name_dns_a_record_on_launch":false,"enable_resource_name_dns_aaaa_record_on_launch":false,"id":"subnet-0267c8da6d030c36b","ipv6_cidr_block":"","ipv6_cidr_block_association_id":"","ipv6_native":false,"map_customer_owned_ip_on_launch":false,"map_public_ip_on_launch":false,"outpost_arn":"","owner_id":"052127203460","private_dns_hostname_type_on_launch":"ip-name","region":"us-east-1","tags":{"AZ":"us-east-1c","CardData":"no","Classification":"nonpublic","Environment":"nonprod","GitURL":"https://gitlab.com/williamhillplc/technical-services/networks/channels-team.git","ManagedBy":"OpenTofu","Migrated":"no","Name":"network-hub-nonprod-client-tgw-subnet-1c","Product":"network-hub","Project":"network-hub","Tier":"internal","Type":"client-tgw","VPC":"client"},"tags_all":{"AZ":"us-east-1c","CardData":"no","Classification":"nonpublic","Environment":"nonprod","GitURL":"https://gitlab.com/williamhillplc/technical-services/networks/channels-team.git","ManagedBy":"OpenTofu","Migrated":"no","Name":"network-hub-nonprod-client-tgw-subnet-1c","Product":"network-hub","Project":"network-hub","Tier":"internal","Type":"client-tgw","VPC":"client"},"timeouts":null,"vpc_id":"vpc-0c2547488bbb89d13"},"sensitive_attributes":[],"private":"eyJlMmJmYjczMC1lY2FhLTExZTYtOGY4OC0zNDM2M2JjN2M0YzAiOnsiY3JlYXRlIjo2MDAwMDAwMDAwMDAsImRlbGV0ZSI6MTIwMDAwMDAwMDAwMH0sInNjaGVtYV92ZXJzaW9uIjoiMSJ9","dependencies":["module.network_hub.aws_vpc.client","module.network_hub.data.aws_availability_zones.available"],"create_before_destroy":true}]},{"module":"module.network_hub","mode":"managed","type":"aws_subnet","name":"egress_firewall_endpoint","provider":"provider[\"registry.opentofu.org/hashicorp/aws\"]","instances":[{"index_key":0,"schema_version":1,"attributes":{"arn":"arn:aws:ec2:us-east-1:052127203460:subnet/subnet-072778d4116ed85a3","assign_ipv6_address_on_creation":false,"availability_zone":"us-east-1a","availability_zone_id":"use1-az6","cidr_block":"100.120.2.96/28","customer_owned_ipv4_pool":"","enable_dns64":false,"enable_lni_at_device_index":0,"enable_resource_name_dns_a_record_on_launch":false,"enable_resource_name_dns_aaaa_record_on_launch":false,"id":"subnet-072778d4116ed85a3","ipv6_cidr_block":"","ipv6_cidr_block_association_id":"","ipv6_native":false,"map_customer_owned_ip_on_launch":false,"map_public_ip_on_launch":false,"outpost_arn":"","owner_id":"052127203460","private_dns_hostname_type_on_launch":"ip-name","region":"us-east-1","tags":{"AZ":"us-east-1a","CardData":"no","Classification":"nonpublic","Environment":"nonprod","GitURL":"https://gitlab.com/williamhillplc/technical-services/networks/channels-team.git","ManagedBy":"OpenTofu","Migrated":"no","Name":"network-hub-nonprod-egress-fw-endpoint-subnet-1a","Product":"network-hub","Project":"network-hub","Tier":"internal","Type":"egress-firewall-endpoint","VPC":"central-egress"},"tags_all":{"AZ":"us-east-1a","CardData":"no","Classification":"nonpublic","Environment":"nonprod","GitURL":"https://gitlab.com/williamhillplc/technical-services/networks/channels-team.git","ManagedBy":"OpenTofu","Migrated":"no","Name":"network-hub-nonprod-egress-fw-endpoint-subnet-1a","Product":"network-hub","Project":"network-hub","Tier":"internal","Type":"egress-firewall-endpoint","VPC":"central-egress"},"timeouts":null,"vpc_id":"vpc-00f01d128ce1f76fb"},"sensitive_attributes":[],"private":"eyJlMmJmYjczMC1lY2FhLTExZTYtOGY4OC0zNDM2M2JjN2M0YzAiOnsiY3JlYXRlIjo2MDAwMDAwMDAwMDAsImRlbGV0ZSI6MTIwMDAwMDAwMDAwMH0sInNjaGVtYV92ZXJzaW9uIjoiMSJ9","dependencies":["module.network_hub.aws_vpc.central_egress","module.network_hub.data.aws_availability_zones.available"]},{"index_key":1,"schema_version":1,"attributes":{"arn":"arn:aws:ec2:us-east-1:052127203460:subnet/subnet-0156dc937a257e72d","assign_ipv6_address_on_creation":false,"availability_zone":"us-east-1b","availability_zone_id":"use1-az1","cidr_block":"100.120.2.112/28","customer_owned_ipv4_pool":"","enable_dns64":false,"enable_lni_at_device_index":0,"enable_resource_name_dns_a_record_on_launch":false,"enable_resource_name_dns_aaaa_record_on_launch":false,"id":"subnet-0156dc937a257e72d","ipv6_cidr_block":"","ipv6_cidr_block_association_id":"","ipv6_native":false,"map_customer_owned_ip_on_launch":false,"map_public_ip_on_launch":false,"outpost_arn":"","owner_id":"052127203460","private_dns_hostname_type_on_launch":"ip-name","region":"us-east-1","tags":{"AZ":"us-east-1b","CardData":"no","Classification":"nonpublic","Environment":"nonprod","GitURL":"https://gitlab.com/williamhillplc/technical-services/networks/channels-team.git","ManagedBy":"OpenTofu","Migrated":"no","Name":"network-hub-nonprod-egress-fw-endpoint-subnet-1b","Product":"network-hub","Project":"network-hub","Tier":"internal","Type":"egress-firewall-endpoint","VPC":"central-egress"},"tags_all":{"AZ":"us-east-1b","CardData":"no","Classification":"nonpublic","Environment":"nonprod","GitURL":"https://gitlab.com/williamhillplc/technical-services/networks/channels-team.git","ManagedBy":"OpenTofu","Migrated":"no","Name":"network-hub-nonprod-egress-fw-endpoint-subnet-1b","Product":"network-hub","Project":"network-hub","Tier":"internal","Type":"egress-firewall-endpoint","VPC":"central-egress"},"timeouts":null,"vpc_id":"vpc-00f01d128ce1f76fb"},"sensitive_attributes":[],"private":"eyJlMmJmYjczMC1lY2FhLTExZTYtOGY4OC0zNDM2M2JjN2M0YzAiOnsiY3JlYXRlIjo2MDAwMDAwMDAwMDAsImRlbGV0ZSI6MTIwMDAwMDAwMDAwMH0sInNjaGVtYV92ZXJzaW9uIjoiMSJ9","dependencies":["module.network_hub.aws_vpc.central_egress","module.network_hub.data.aws_availability_zones.available"]},{"index_key":2,"schema_version":1,"attributes":{"arn":"arn:aws:ec2:us-east-1:052127203460:subnet/subnet-09642ec6cc85e01f7","assign_ipv6_address_on_creation":false,"availability_zone":"us-east-1c","availability_zone_id":"use1-az2","cidr_block":"100.120.2.128/28","customer_owned_ipv4_pool":"","enable_dns64":false,"enable_lni_at_device_index":0,"enable_resource_name_dns_a_record_on_launch":false,"enable_resource_name_dns_aaaa_record_on_launch":false,"id":"subnet-09642ec6cc85e01f7","ipv6_cidr_block":"","ipv6_cidr_block_association_id":"","ipv6_native":false,"map_customer_owned_ip_on_launch":false,"map_public_ip_on_launch":false,"outpost_arn":"","owner_id":"052127203460","private_dns_hostname_type_on_launch":"ip-name","region":"us-east-1","tags":{"AZ":"us-east-1c","CardData":"no","Classification":"nonpublic","Environment":"nonprod","GitURL":"https://gitlab.com/williamhillplc/technical-services/networks/channels-team.git","ManagedBy":"OpenTofu","Migrated":"no","Name":"network-hub-nonprod-egress-fw-endpoint-subnet-1c","Product":"network-hub","Project":"network-hub","Tier":"internal","Type":"egress-firewall-endpoint","VPC":"central-egress"},"tags_all":{"AZ":"us-east-1c","CardData":"no","Classification":"nonpublic","Environment":"nonprod","GitURL":"https://gitlab.com/williamhillplc/technical-services/networks/channels-team.git","ManagedBy":"OpenTofu","Migrated":"no","Name":"network-hub-nonprod-egress-fw-endpoint-subnet-1c","Product":"network-hub","Project":"network-hub","Tier":"internal","Type":"egress-firewall-endpoint","VPC":"central-egress"},"timeouts":null,"vpc_id":"vpc-00f01d128ce1f76fb"},"sensitive_attributes":[],"private":"eyJlMmJmYjczMC1lY2FhLTExZTYtOGY4OC0zNDM2M2JjN2M0YzAiOnsiY3JlYXRlIjo2MDAwMDAwMDAwMDAsImRlbGV0ZSI6MTIwMDAwMDAwMDAwMH0sInNjaGVtYV92ZXJzaW9uIjoiMSJ9","dependencies":["module.network_hub.aws_vpc.central_egress","module.network_hub.data.aws_availability_zones.available"]}]},{"module":"module.network_hub","mode":"managed","type":"aws_subnet","name":"egress_private","provider":"provider[\"registry.opentofu.org/hashicorp/aws\"]","instances":[{"index_key":0,"schema_version":1,"attributes":{"arn":"arn:aws:ec2:us-east-1:052127203460:subnet/subnet-07ec1b415d1b6bfa5","assign_ipv6_address_on_creation":false,"availability_zone":"us-east-1a","availability_zone_id":"use1-az6","cidr_block":"100.120.2.0/28","customer_owned_ipv4_pool":"","enable_dns64":false,"enable_lni_at_device_index":0,"enable_resource_name_dns_a_record_on_launch":false,"enable_resource_name_dns_aaaa_record_on_launch":false,"id":"subnet-07ec1b415d1b6bfa5","ipv6_cidr_block":"","ipv6_cidr_block_association_id":"","ipv6_native":false,"map_customer_owned_ip_on_launch":false,"map_public_ip_on_launch":false,"outpost_arn":"","owner_id":"052127203460","private_dns_hostname_type_on_launch":"ip-name","region":"us-east-1","tags":{"AZ":"us-east-1a","CardData":"no","Classification":"nonpublic","Environment":"nonprod","GitURL":"https://gitlab.com/williamhillplc/technical-services/networks/channels-team.git","ManagedBy":"OpenTofu","Migrated":"no","Name":"network-hub-nonprod-egress-private-subnet-1a","Product":"network-hub","Project":"network-hub","Tier":"internal","Type":"egress-private","VPC":"central-egress"},"tags_all":{"AZ":"us-east-1a","CardData":"no","Classification":"nonpublic","Environment":"nonprod","GitURL":"https://gitlab.com/williamhillplc/technical-services/networks/channels-team.git","ManagedBy":"OpenTofu","Migrated":"no","Name":"network-hub-nonprod-egress-private-subnet-1a","Product":"network-hub","Project":"network-hub","Tier":"internal","Type":"egress-private","VPC":"central-egress"},"timeouts":null,"vpc_id":"vpc-00f01d128ce1f76fb"},"sensitive_attributes":[],"private":"eyJlMmJmYjczMC1lY2FhLTExZTYtOGY4OC0zNDM2M2JjN2M0YzAiOnsiY3JlYXRlIjo2MDAwMDAwMDAwMDAsImRlbGV0ZSI6MTIwMDAwMDAwMDAwMH0sInNjaGVtYV92ZXJzaW9uIjoiMSJ9","dependencies":["module.network_hub.aws_vpc.central_egress","module.network_hub.data.aws_availability_zones.available"]},{"index_key":1,"schema_version":1,"attributes":{"arn":"arn:aws:ec2:us-east-1:052127203460:subnet/subnet-0e48ee23ae269d87d","assign_ipv6_address_on_creation":false,"availability_zone":"us-east-1b","availability_zone_id":"use1-az1","cidr_block":"100.120.2.16/28","customer_owned_ipv4_pool":"","enable_dns64":false,"enable_lni_at_device_index":0,"enable_resource_name_dns_a_record_on_launch":false,"enable_resource_name_dns_aaaa_record_on_launch":false,"id":"subnet-0e48ee23ae269d87d","ipv6_cidr_block":"","ipv6_cidr_block_association_id":"","ipv6_native":false,"map_customer_owned_ip_on_launch":false,"map_public_ip_on_launch":false,"outpost_arn":"","owner_id":"052127203460","private_dns_hostname_type_on_launch":"ip-name","region":"us-east-1","tags":{"AZ":"us-east-1b","CardData":"no","Classification":"nonpublic","Environment":"nonprod","GitURL":"https://gitlab.com/williamhillplc/technical-services/networks/channels-team.git","ManagedBy":"OpenTofu","Migrated":"no","Name":"network-hub-nonprod-egress-private-subnet-1b","Product":"network-hub","Project":"network-hub","Tier":"internal","Type":"egress-private","VPC":"central-egress"},"tags_all":{"AZ":"us-east-1b","CardData":"no","Classification":"nonpublic","Environment":"nonprod","GitURL":"https://gitlab.com/williamhillplc/technical-services/networks/channels-team.git","ManagedBy":"OpenTofu","Migrated":"no","Name":"network-hub-nonprod-egress-private-subnet-1b","Product":"network-hub","Project":"network-hub","Tier":"internal","Type":"egress-private","VPC":"central-egress"},"timeouts":null,"vpc_id":"vpc-00f01d128ce1f76fb"},"sensitive_attributes":[],"private":"eyJlMmJmYjczMC1lY2FhLTExZTYtOGY4OC0zNDM2M2JjN2M0YzAiOnsiY3JlYXRlIjo2MDAwMDAwMDAwMDAsImRlbGV0ZSI6MTIwMDAwMDAwMDAwMH0sInNjaGVtYV92ZXJzaW9uIjoiMSJ9","dependencies":["module.network_hub.aws_vpc.central_egress","module.network_hub.data.aws_availability_zones.available"]},{"index_key":2,"schema_version":1,"attributes":{"arn":"arn:aws:ec2:us-east-1:052127203460:subnet/subnet-0d72b0594526fba44","assign_ipv6_address_on_creation":false,"availability_zone":"us-east-1c","availability_zone_id":"use1-az2","cidr_block":"100.120.2.32/28","customer_owned_ipv4_pool":"","enable_dns64":false,"enable_lni_at_device_index":0,"enable_resource_name_dns_a_record_on_launch":false,"enable_resource_name_dns_aaaa_record_on_launch":false,"id":"subnet-0d72b0594526fba44","ipv6_cidr_block":"","ipv6_cidr_block_association_id":"","ipv6_native":false,"map_customer_owned_ip_on_launch":false,"map_public_ip_on_launch":false,"outpost_arn":"","owner_id":"052127203460","private_dns_hostname_type_on_launch":"ip-name","region":"us-east-1","tags":{"AZ":"us-east-1c","CardData":"no","Classification":"nonpublic","Environment":"nonprod","GitURL":"https://gitlab.com/williamhillplc/technical-services/networks/channels-team.git","ManagedBy":"OpenTofu","Migrated":"no","Name":"network-hub-nonprod-egress-private-subnet-1c","Product":"network-hub","Project":"network-hub","Tier":"internal","Type":"egress-private","VPC":"central-egress"},"tags_all":{"AZ":"us-east-1c","CardData":"no","Classification":"nonpublic","Environment":"nonprod","GitURL":"https://gitlab.com/williamhillplc/technical-services/networks/channels-team.git","ManagedBy":"OpenTofu","Migrated":"no","Name":"network-hub-nonprod-egress-private-subnet-1c","Product":"network-hub","Project":"network-hub","Tier":"internal","Type":"egress-private","VPC":"central-egress"},"timeouts":null,"vpc_id":"vpc-00f01d128ce1f76fb"},"sensitive_attributes":[],"private":"eyJlMmJmYjczMC1lY2FhLTExZTYtOGY4OC0zNDM2M2JjN2M0YzAiOnsiY3JlYXRlIjo2MDAwMDAwMDAwMDAsImRlbGV0ZSI6MTIwMDAwMDAwMDAwMH0sInNjaGVtYV92ZXJzaW9uIjoiMSJ9","dependencies":["module.network_hub.aws_vpc.central_egress","module.network_hub.data.aws_availability_zones.available"]}]},{"module":"module.network_hub","mode":"managed","type":"aws_subnet","name":"egress_public","provider":"provider[\"registry.opentofu.org/hashicorp/aws\"]","instances":[{"index_key":0,"schema_version":1,"attributes":{"arn":"arn:aws:ec2:us-east-1:052127203460:subnet/subnet-0e34d1989897e9c41","assign_ipv6_address_on_creation":false,"availability_zone":"us-east-1a","availability_zone_id":"use1-az6","cidr_block":"100.120.2.48/28","customer_owned_ipv4_pool":"","enable_dns64":false,"enable_lni_at_device_index":0,"enable_resource_name_dns_a_record_on_launch":false,"enable_resource_name_dns_aaaa_record_on_launch":false,"id":"subnet-0e34d1989897e9c41","ipv6_cidr_block":"","ipv6_cidr_block_association_id":"","ipv6_native":false,"map_customer_owned_ip_on_launch":false,"map_public_ip_on_launch":true,"outpost_arn":"","owner_id":"052127203460","private_dns_hostname_type_on_launch":"ip-name","region":"us-east-1","tags":{"AZ":"us-east-1a","CardData":"no","Classification":"nonpublic","Environment":"nonprod","GitURL":"https://gitlab.com/williamhillplc/technical-services/networks/channels-team.git","ManagedBy":"OpenTofu","Migrated":"no","Name":"network-hub-nonprod-egress-public-subnet-1a","Product":"network-hub","Project":"network-hub","Tier":"internal","Type":"egress-public","VPC":"central-egress"},"tags_all":{"AZ":"us-east-1a","CardData":"no","Classification":"nonpublic","Environment":"nonprod","GitURL":"https://gitlab.com/williamhillplc/technical-services/networks/channels-team.git","ManagedBy":"OpenTofu","Migrated":"no","Name":"network-hub-nonprod-egress-public-subnet-1a","Product":"network-hub","Project":"network-hub","Tier":"internal","Type":"egress-public","VPC":"central-egress"},"timeouts":null,"vpc_id":"vpc-00f01d128ce1f76fb"},"sensitive_attributes":[],"private":"eyJlMmJmYjczMC1lY2FhLTExZTYtOGY4OC0zNDM2M2JjN2M0YzAiOnsiY3JlYXRlIjo2MDAwMDAwMDAwMDAsImRlbGV0ZSI6MTIwMDAwMDAwMDAwMH0sInNjaGVtYV92ZXJzaW9uIjoiMSJ9","dependencies":["module.network_hub.aws_vpc.central_egress","module.network_hub.data.aws_availability_zones.available"]},{"index_key":1,"schema_version":1,"attributes":{"arn":"arn:aws:ec2:us-east-1:052127203460:subnet/subnet-095d3055c353e8353","assign_ipv6_address_on_creation":false,"availability_zone":"us-east-1b","availability_zone_id":"use1-az1","cidr_block":"100.120.2.64/28","customer_owned_ipv4_pool":"","enable_dns64":false,"enable_lni_at_device_index":0,"enable_resource_name_dns_a_record_on_launch":false,"enable_resource_name_dns_aaaa_record_on_launch":false,"id":"subnet-095d3055c353e8353","ipv6_cidr_block":"","ipv6_cidr_block_association_id":"","ipv6_native":false,"map_customer_owned_ip_on_launch":false,"map_public_ip_on_launch":true,"outpost_arn":"","owner_id":"052127203460","private_dns_hostname_type_on_launch":"ip-name","region":"us-east-1","tags":{"AZ":"us-east-1b","CardData":"no","Classification":"nonpublic","Environment":"nonprod","GitURL":"https://gitlab.com/williamhillplc/technical-services/networks/channels-team.git","ManagedBy":"OpenTofu","Migrated":"no","Name":"network-hub-nonprod-egress-public-subnet-1b","Product":"network-hub","Project":"network-hub","Tier":"internal","Type":"egress-public","VPC":"central-egress"},"tags_all":{"AZ":"us-east-1b","CardData":"no","Classification":"nonpublic","Environment":"nonprod","GitURL":"https://gitlab.com/williamhillplc/technical-services/networks/channels-team.git","ManagedBy":"OpenTofu","Migrated":"no","Name":"network-hub-nonprod-egress-public-subnet-1b","Product":"network-hub","Project":"network-hub","Tier":"internal","Type":"egress-public","VPC":"central-egress"},"timeouts":null,"vpc_id":"vpc-00f01d128ce1f76fb"},"sensitive_attributes":[],"private":"eyJlMmJmYjczMC1lY2FhLTExZTYtOGY4OC0zNDM2M2JjN2M0YzAiOnsiY3JlYXRlIjo2MDAwMDAwMDAwMDAsImRlbGV0ZSI6MTIwMDAwMDAwMDAwMH0sInNjaGVtYV92ZXJzaW9uIjoiMSJ9","dependencies":["module.network_hub.aws_vpc.central_egress","module.network_hub.data.aws_availability_zones.available"]},{"index_key":2,"schema_version":1,"attributes":{"arn":"arn:aws:ec2:us-east-1:052127203460:subnet/subnet-02e84df546c959371","assign_ipv6_address_on_creation":false,"availability_zone":"us-east-1c","availability_zone_id":"use1-az2","cidr_block":"100.120.2.80/28","customer_owned_ipv4_pool":"","enable_dns64":false,"enable_lni_at_device_index":0,"enable_resource_name_dns_a_record_on_launch":false,"enable_resource_name_dns_aaaa_record_on_launch":false,"id":"subnet-02e84df546c959371","ipv6_cidr_block":"","ipv6_cidr_block_association_id":"","ipv6_native":false,"map_customer_owned_ip_on_launch":false,"map_public_ip_on_launch":true,"outpost_arn":"","owner_id":"052127203460","private_dns_hostname_type_on_launch":"ip-name","region":"us-east-1","tags":{"AZ":"us-east-1c","CardData":"no","Classification":"nonpublic","Environment":"nonprod","GitURL":"https://gitlab.com/williamhillplc/technical-services/networks/channels-team.git","ManagedBy":"OpenTofu","Migrated":"no","Name":"network-hub-nonprod-egress-public-subnet-1c","Product":"network-hub","Project":"network-hub","Tier":"internal","Type":"egress-public","VPC":"central-egress"},"tags_all":{"AZ":"us-east-1c","CardData":"no","Classification":"nonpublic","Environment":"nonprod","GitURL":"https://gitlab.com/williamhillplc/technical-services/networks/channels-team.git","ManagedBy":"OpenTofu","Migrated":"no","Name":"network-hub-nonprod-egress-public-subnet-1c","Product":"network-hub","Project":"network-hub","Tier":"internal","Type":"egress-public","VPC":"central-egress"},"timeouts":null,"vpc_id":"vpc-00f01d128ce1f76fb"},"sensitive_attributes":[],"private":"eyJlMmJmYjczMC1lY2FhLTExZTYtOGY4OC0zNDM2M2JjN2M0YzAiOnsiY3JlYXRlIjo2MDAwMDAwMDAwMDAsImRlbGV0ZSI6MTIwMDAwMDAwMDAwMH0sInNjaGVtYV92ZXJzaW9uIjoiMSJ9","dependencies":["module.network_hub.aws_vpc.central_egress","module.network_hub.data.aws_availability_zones.available"]}]},{"module":"module.network_hub","mode":"managed","type":"aws_subnet","name":"firewall_endpoint","provider":"provider[\"registry.opentofu.org/hashicorp/aws\"]","instances":[{"index_key":0,"schema_version":1,"attributes":{"arn":"arn:aws:ec2:us-east-1:052127203460:subnet/subnet-02b9c84875c622b4c","assign_ipv6_address_on_creation":false,"availability_zone":"us-east-1a","availability_zone_id":"use1-az6","cidr_block":"100.120.1.0/28","customer_owned_ipv4_pool":"","enable_dns64":false,"enable_lni_at_device_index":0,"enable_resource_name_dns_a_record_on_launch":false,"enable_resource_name_dns_aaaa_record_on_launch":false,"id":"subnet-02b9c84875c622b4c","ipv6_cidr_block":"","ipv6_cidr_block_association_id":"","ipv6_native":false,"map_customer_owned_ip_on_launch":false,"map_public_ip_on_launch":false,"outpost_arn":"","owner_id":"052127203460","private_dns_hostname_type_on_launch":"ip-name","region":"us-east-1","tags":{"AZ":"us-east-1a","CardData":"no","Classification":"nonpublic","Environment":"nonprod","GitURL":"https://gitlab.com/williamhillplc/technical-services/networks/channels-team.git","ManagedBy":"OpenTofu","Migrated":"no","Name":"network-hub-nonprod-fw-endpoint-subnet-1a","Product":"network-hub","Project":"network-hub","Tier":"internal","Type":"firewall-endpoint","VPC":"firewall"},"tags_all":{"AZ":"us-east-1a","CardData":"no","Classification":"nonpublic","Environment":"nonprod","GitURL":"https://gitlab.com/williamhillplc/technical-services/networks/channels-team.git","ManagedBy":"OpenTofu","Migrated":"no","Name":"network-hub-nonprod-fw-endpoint-subnet-1a","Product":"network-hub","Project":"network-hub","Tier":"internal","Type":"firewall-endpoint","VPC":"firewall"},"timeouts":null,"vpc_id":"vpc-037b166dee18c9193"},"sensitive_attributes":[],"private":"eyJlMmJmYjczMC1lY2FhLTExZTYtOGY4OC0zNDM2M2JjN2M0YzAiOnsiY3JlYXRlIjo2MDAwMDAwMDAwMDAsImRlbGV0ZSI6MTIwMDAwMDAwMDAwMH0sInNjaGVtYV92ZXJzaW9uIjoiMSJ9","dependencies":["module.network_hub.aws_vpc.firewall","module.network_hub.data.aws_availability_zones.available"]},{"index_key":1,"schema_version":1,"attributes":{"arn":"arn:aws:ec2:us-east-1:052127203460:subnet/subnet-01eb45e8b2882c18b","assign_ipv6_address_on_creation":false,"availability_zone":"us-east-1b","availability_zone_id":"use1-az1","cidr_block":"100.120.1.16/28","customer_owned_ipv4_pool":"","enable_dns64":false,"enable_lni_at_device_index":0,"enable_resource_name_dns_a_record_on_launch":false,"enable_resource_name_dns_aaaa_record_on_launch":false,"id":"subnet-01eb45e8b2882c18b","ipv6_cidr_block":"","ipv6_cidr_block_association_id":"","ipv6_native":false,"map_customer_owned_ip_on_launch":false,"map_public_ip_on_launch":false,"outpost_arn":"","owner_id":"052127203460","private_dns_hostname_type_on_launch":"ip-name","region":"us-east-1","tags":{"AZ":"us-east-1b","CardData":"no","Classification":"nonpublic","Environment":"nonprod","GitURL":"https://gitlab.com/williamhillplc/technical-services/networks/channels-team.git","ManagedBy":"OpenTofu","Migrated":"no","Name":"network-hub-nonprod-fw-endpoint-subnet-1b","Product":"network-hub","Project":"network-hub","Tier":"internal","Type":"firewall-endpoint","VPC":"firewall"},"tags_all":{"AZ":"us-east-1b","CardData":"no","Classification":"nonpublic","Environment":"nonprod","GitURL":"https://gitlab.com/williamhillplc/technical-services/networks/channels-team.git","ManagedBy":"OpenTofu","Migrated":"no","Name":"network-hub-nonprod-fw-endpoint-subnet-1b","Product":"network-hub","Project":"network-hub","Tier":"internal","Type":"firewall-endpoint","VPC":"firewall"},"timeouts":null,"vpc_id":"vpc-037b166dee18c9193"},"sensitive_attributes":[],"private":"eyJlMmJmYjczMC1lY2FhLTExZTYtOGY4OC0zNDM2M2JjN2M0YzAiOnsiY3JlYXRlIjo2MDAwMDAwMDAwMDAsImRlbGV0ZSI6MTIwMDAwMDAwMDAwMH0sInNjaGVtYV92ZXJzaW9uIjoiMSJ9","dependencies":["module.network_hub.aws_vpc.firewall","module.network_hub.data.aws_availability_zones.available"]},{"index_key":2,"schema_version":1,"attributes":{"arn":"arn:aws:ec2:us-east-1:052127203460:subnet/subnet-0ae820166fc1bd65c","assign_ipv6_address_on_creation":false,"availability_zone":"us-east-1c","availability_zone_id":"use1-az2","cidr_block":"100.120.1.32/28","customer_owned_ipv4_pool":"","enable_dns64":false,"enable_lni_at_device_index":0,"enable_resource_name_dns_a_record_on_launch":false,"enable_resource_name_dns_aaaa_record_on_launch":false,"id":"subnet-0ae820166fc1bd65c","ipv6_cidr_block":"","ipv6_cidr_block_association_id":"","ipv6_native":false,"map_customer_owned_ip_on_launch":false,"map_public_ip_on_launch":false,"outpost_arn":"","owner_id":"052127203460","private_dns_hostname_type_on_launch":"ip-name","region":"us-east-1","tags":{"AZ":"us-east-1c","CardData":"no","Classification":"nonpublic","Environment":"nonprod","GitURL":"https://gitlab.com/williamhillplc/technical-services/networks/channels-team.git","ManagedBy":"OpenTofu","Migrated":"no","Name":"network-hub-nonprod-fw-endpoint-subnet-1c","Product":"network-hub","Project":"network-hub","Tier":"internal","Type":"firewall-endpoint","VPC":"firewall"},"tags_all":{"AZ":"us-east-1c","CardData":"no","Classification":"nonpublic","Environment":"nonprod","GitURL":"https://gitlab.com/williamhillplc/technical-services/networks/channels-team.git","ManagedBy":"OpenTofu","Migrated":"no","Name":"network-hub-nonprod-fw-endpoint-subnet-1c","Product":"network-hub","Project":"network-hub","Tier":"internal","Type":"firewall-endpoint","VPC":"firewall"},"timeouts":null,"vpc_id":"vpc-037b166dee18c9193"},"sensitive_attributes":[],"private":"eyJlMmJmYjczMC1lY2FhLTExZTYtOGY4OC0zNDM2M2JjN2M0YzAiOnsiY3JlYXRlIjo2MDAwMDAwMDAwMDAsImRlbGV0ZSI6MTIwMDAwMDAwMDAwMH0sInNjaGVtYV92ZXJzaW9uIjoiMSJ9","dependencies":["module.network_hub.aws_vpc.firewall","module.network_hub.data.aws_availability_zones.available"]}]},{"module":"module.network_hub","mode":"managed","type":"aws_subnet","name":"firewall_tgw","provider":"provider[\"registry.opentofu.org/hashicorp/aws\"]","instances":[{"index_key":0,"schema_version":1,"attributes":{"arn":"arn:aws:ec2:us-east-1:052127203460:subnet/subnet-0e052e02fc73f96c7","assign_ipv6_address_on_creation":false,"availability_zone":"us-east-1a","availability_zone_id":"use1-az6","cidr_block":"100.120.1.48/28","customer_owned_ipv4_pool":"","enable_dns64":false,"enable_lni_at_device_index":0,"enable_resource_name_dns_a_record_on_launch":false,"enable_resource_name_dns_aaaa_record_on_launch":false,"id":"subnet-0e052e02fc73f96c7","ipv6_cidr_block":"","ipv6_cidr_block_association_id":"","ipv6_native":false,"map_customer_owned_ip_on_launch":false,"map_public_ip_on_launch":false,"outpost_arn":"","owner_id":"052127203460","private_dns_hostname_type_on_launch":"ip-name","region":"us-east-1","tags":{"AZ":"us-east-1a","CardData":"no","Classification":"nonpublic","Environment":"nonprod","GitURL":"https://gitlab.com/williamhillplc/technical-services/networks/channels-team.git","ManagedBy":"OpenTofu","Migrated":"no","Name":"network-hub-nonprod-fw-tgw-subnet-1a","Product":"network-hub","Project":"network-hub","Tier":"internal","Type":"firewall-tgw","VPC":"firewall"},"tags_all":{"AZ":"us-east-1a","CardData":"no","Classification":"nonpublic","Environment":"nonprod","GitURL":"https://gitlab.com/williamhillplc/technical-services/networks/channels-team.git","ManagedBy":"OpenTofu","Migrated":"no","Name":"network-hub-nonprod-fw-tgw-subnet-1a","Product":"network-hub","Project":"network-hub","Tier":"internal","Type":"firewall-tgw","VPC":"firewall"},"timeouts":null,"vpc_id":"vpc-037b166dee18c9193"},"sensitive_attributes":[],"private":"eyJlMmJmYjczMC1lY2FhLTExZTYtOGY4OC0zNDM2M2JjN2M0YzAiOnsiY3JlYXRlIjo2MDAwMDAwMDAwMDAsImRlbGV0ZSI6MTIwMDAwMDAwMDAwMH0sInNjaGVtYV92ZXJzaW9uIjoiMSJ9","dependencies":["module.network_hub.aws_vpc.firewall","module.network_hub.data.aws_availability_zones.available"]},{"index_key":1,"schema_version":1,"attributes":{"arn":"arn:aws:ec2:us-east-1:052127203460:subnet/subnet-0b127136f8827fdc9","assign_ipv6_address_on_creation":false,"availability_zone":"us-east-1b","availability_zone_id":"use1-az1","cidr_block":"100.120.1.64/28","customer_owned_ipv4_pool":"","enable_dns64":false,"enable_lni_at_device_index":0,"enable_resource_name_dns_a_record_on_launch":false,"enable_resource_name_dns_aaaa_record_on_launch":false,"id":"subnet-0b127136f8827fdc9","ipv6_cidr_block":"","ipv6_cidr_block_association_id":"","ipv6_native":false,"map_customer_owned_ip_on_launch":false,"map_public_ip_on_launch":false,"outpost_arn":"","owner_id":"052127203460","private_dns_hostname_type_on_launch":"ip-name","region":"us-east-1","tags":{"AZ":"us-east-1b","CardData":"no","Classification":"nonpublic","Environment":"nonprod","GitURL":"https://gitlab.com/williamhillplc/technical-services/networks/channels-team.git","ManagedBy":"OpenTofu","Migrated":"no","Name":"network-hub-nonprod-fw-tgw-subnet-1b","Product":"network-hub","Project":"network-hub","Tier":"internal","Type":"firewall-tgw","VPC":"firewall"},"tags_all":{"AZ":"us-east-1b","CardData":"no","Classification":"nonpublic","Environment":"nonprod","GitURL":"https://gitlab.com/williamhillplc/technical-services/networks/channels-team.git","ManagedBy":"OpenTofu","Migrated":"no","Name":"network-hub-nonprod-fw-tgw-subnet-1b","Product":"network-hub","Project":"network-hub","Tier":"internal","Type":"firewall-tgw","VPC":"firewall"},"timeouts":null,"vpc_id":"vpc-037b166dee18c9193"},"sensitive_attributes":[],"private":"eyJlMmJmYjczMC1lY2FhLTExZTYtOGY4OC0zNDM2M2JjN2M0YzAiOnsiY3JlYXRlIjo2MDAwMDAwMDAwMDAsImRlbGV0ZSI6MTIwMDAwMDAwMDAwMH0sInNjaGVtYV92ZXJzaW9uIjoiMSJ9","dependencies":["module.network_hub.aws_vpc.firewall","module.network_hub.data.aws_availability_zones.available"]},{"index_key":2,"schema_version":1,"attributes":{"arn":"arn:aws:ec2:us-east-1:052127203460:subnet/subnet-003a18ef7ea541146","assign_ipv6_address_on_creation":false,"availability_zone":"us-east-1c","availability_zone_id":"use1-az2","cidr_block":"100.120.1.80/28","customer_owned_ipv4_pool":"","enable_dns64":false,"enable_lni_at_device_index":0,"enable_resource_name_dns_a_record_on_launch":false,"enable_resource_name_dns_aaaa_record_on_launch":false,"id":"subnet-003a18ef7ea541146","ipv6_cidr_block":"","ipv6_cidr_block_association_id":"","ipv6_native":false,"map_customer_owned_ip_on_launch":false,"map_public_ip_on_launch":false,"outpost_arn":"","owner_id":"052127203460","private_dns_hostname_type_on_launch":"ip-name","region":"us-east-1","tags":{"AZ":"us-east-1c","CardData":"no","Classification":"nonpublic","Environment":"nonprod","GitURL":"https://gitlab.com/williamhillplc/technical-services/networks/channels-team.git","ManagedBy":"OpenTofu","Migrated":"no","Name":"network-hub-nonprod-fw-tgw-subnet-1c","Product":"network-hub","Project":"network-hub","Tier":"internal","Type":"firewall-tgw","VPC":"firewall"},"tags_all":{"AZ":"us-east-1c","CardData":"no","Classification":"nonpublic","Environment":"nonprod","GitURL":"https://gitlab.com/williamhillplc/technical-services/networks/channels-team.git","ManagedBy":"OpenTofu","Migrated":"no","Name":"network-hub-nonprod-fw-tgw-subnet-1c","Product":"network-hub","Project":"network-hub","Tier":"internal","Type":"firewall-tgw","VPC":"firewall"},"timeouts":null,"vpc_id":"vpc-037b166dee18c9193"},"sensitive_attributes":[],"private":"eyJlMmJmYjczMC1lY2FhLTExZTYtOGY4OC0zNDM2M2JjN2M0YzAiOnsiY3JlYXRlIjo2MDAwMDAwMDAwMDAsImRlbGV0ZSI6MTIwMDAwMDAwMDAwMH0sInNjaGVtYV92ZXJzaW9uIjoiMSJ9","dependencies":["module.network_hub.aws_vpc.firewall","module.network_hub.data.aws_availability_zones.available"]}]},{"module":"module.network_hub","mode":"managed","type":"aws_subnet","name":"transit_gateway","provider":"provider[\"registry.opentofu.org/hashicorp/aws\"]","instances":[{"index_key":0,"schema_version":1,"attributes":{"arn":"arn:aws:ec2:us-east-1:052127203460:subnet/subnet-01b85e56227549c62","assign_ipv6_address_on_creation":false,"availability_zone":"us-east-1a","availability_zone_id":"use1-az6","cidr_block":"100.120.0.0/28","customer_owned_ipv4_pool":"","enable_dns64":false,"enable_lni_at_device_index":0,"enable_resource_name_dns_a_record_on_launch":false,"enable_resource_name_dns_aaaa_record_on_launch":false,"id":"subnet-01b85e56227549c62","ipv6_cidr_block":"","ipv6_cidr_block_association_id":"","ipv6_native":false,"map_customer_owned_ip_on_launch":false,"map_public_ip_on_launch":false,"outpost_arn":"","owner_id":"052127203460","private_dns_hostname_type_on_launch":"ip-name","region":"us-east-1","tags":{"AZ":"us-east-1a","CardData":"no","Classification":"nonpublic","Environment":"nonprod","GitURL":"https://gitlab.com/williamhillplc/technical-services/networks/channels-team.git","ManagedBy":"OpenTofu","Migrated":"no","Name":"network-hub-nonprod-tgw-subnet-1a","Product":"network-hub","Project":"network-hub","Tier":"internal","Type":"transit-gateway","VPC":"transit-gateway"},"tags_all":{"AZ":"us-east-1a","CardData":"no","Classification":"nonpublic","Environment":"nonprod","GitURL":"https://gitlab.com/williamhillplc/technical-services/networks/channels-team.git","ManagedBy":"OpenTofu","Migrated":"no","Name":"network-hub-nonprod-tgw-subnet-1a","Product":"network-hub","Project":"network-hub","Tier":"internal","Type":"transit-gateway","VPC":"transit-gateway"},"timeouts":null,"vpc_id":"vpc-0958fff4e34b6b948"},"sensitive_attributes":[],"private":"eyJlMmJmYjczMC1lY2FhLTExZTYtOGY4OC0zNDM2M2JjN2M0YzAiOnsiY3JlYXRlIjo2MDAwMDAwMDAwMDAsImRlbGV0ZSI6MTIwMDAwMDAwMDAwMH0sInNjaGVtYV92ZXJzaW9uIjoiMSJ9","dependencies":["module.network_hub.aws_vpc.transit_gateway","module.network_hub.data.aws_availability_zones.available"],"create_before_destroy":true},{"index_key":1,"schema_version":1,"attributes":{"arn":"arn:aws:ec2:us-east-1:052127203460:subnet/subnet-05841c3b2e5ad2792","assign_ipv6_address_on_creation":false,"availability_zone":"us-east-1b","availability_zone_id":"use1-az1","cidr_block":"100.120.0.16/28","customer_owned_ipv4_pool":"","enable_dns64":false,"enable_lni_at_device_index":0,"enable_resource_name_dns_a_record_on_launch":false,"enable_resource_name_dns_aaaa_record_on_launch":false,"id":"subnet-05841c3b2e5ad2792","ipv6_cidr_block":"","ipv6_cidr_block_association_id":"","ipv6_native":false,"map_customer_owned_ip_on_launch":false,"map_public_ip_on_launch":false,"outpost_arn":"","owner_id":"052127203460","private_dns_hostname_type_on_launch":"ip-name","region":"us-east-1","tags":{"AZ":"us-east-1b","CardData":"no","Classification":"nonpublic","Environment":"nonprod","GitURL":"https://gitlab.com/williamhillplc/technical-services/networks/channels-team.git","ManagedBy":"OpenTofu","Migrated":"no","Name":"network-hub-nonprod-tgw-subnet-1b","Product":"network-hub","Project":"network-hub","Tier":"internal","Type":"transit-gateway","VPC":"transit-gateway"},"tags_all":{"AZ":"us-east-1b","CardData":"no","Classification":"nonpublic","Environment":"nonprod","GitURL":"https://gitlab.com/williamhillplc/technical-services/networks/channels-team.git","ManagedBy":"OpenTofu","Migrated":"no","Name":"network-hub-nonprod-tgw-subnet-1b","Product":"network-hub","Project":"network-hub","Tier":"internal","Type":"transit-gateway","VPC":"transit-gateway"},"timeouts":null,"vpc_id":"vpc-0958fff4e34b6b948"},"sensitive_attributes":[],"private":"eyJlMmJmYjczMC1lY2FhLTExZTYtOGY4OC0zNDM2M2JjN2M0YzAiOnsiY3JlYXRlIjo2MDAwMDAwMDAwMDAsImRlbGV0ZSI6MTIwMDAwMDAwMDAwMH0sInNjaGVtYV92ZXJzaW9uIjoiMSJ9","dependencies":["module.network_hub.aws_vpc.transit_gateway","module.network_hub.data.aws_availability_zones.available"],"create_before_destroy":true},{"index_key":2,"schema_version":1,"attributes":{"arn":"arn:aws:ec2:us-east-1:052127203460:subnet/subnet-02ef65715093bc80d","assign_ipv6_address_on_creation":false,"availability_zone":"us-east-1c","availability_zone_id":"use1-az2","cidr_block":"100.120.0.32/28","customer_owned_ipv4_pool":"","enable_dns64":false,"enable_lni_at_device_index":0,"enable_resource_name_dns_a_record_on_launch":false,"enable_resource_name_dns_aaaa_record_on_launch":false,"id":"subnet-02ef65715093bc80d","ipv6_cidr_block":"","ipv6_cidr_block_association_id":"","ipv6_native":false,"map_customer_owned_ip_on_launch":false,"map_public_ip_on_launch":false,"outpost_arn":"","owner_id":"052127203460","private_dns_hostname_type_on_launch":"ip-name","region":"us-east-1","tags":{"AZ":"us-east-1c","CardData":"no","Classification":"nonpublic","Environment":"nonprod","GitURL":"https://gitlab.com/williamhillplc/technical-services/networks/channels-team.git","ManagedBy":"OpenTofu","Migrated":"no","Name":"network-hub-nonprod-tgw-subnet-1c","Product":"network-hub","Project":"network-hub","Tier":"internal","Type":"transit-gateway","VPC":"transit-gateway"},"tags_all":{"AZ":"us-east-1c","CardData":"no","Classification":"nonpublic","Environment":"nonprod","GitURL":"https://gitlab.com/williamhillplc/technical-services/networks/channels-team.git","ManagedBy":"OpenTofu","Migrated":"no","Name":"network-hub-nonprod-tgw-subnet-1c","Product":"network-hub","Project":"network-hub","Tier":"internal","Type":"transit-gateway","VPC":"transit-gateway"},"timeouts":null,"vpc_id":"vpc-0958fff4e34b6b948"},"sensitive_attributes":[],"private":"eyJlMmJmYjczMC1lY2FhLTExZTYtOGY4OC0zNDM2M2JjN2M0YzAiOnsiY3JlYXRlIjo2MDAwMDAwMDAwMDAsImRlbGV0ZSI6MTIwMDAwMDAwMDAwMH0sInNjaGVtYV92ZXJzaW9uIjoiMSJ9","dependencies":["module.network_hub.aws_vpc.transit_gateway","module.network_hub.data.aws_availability_zones.available"],"create_before_destroy":true}]},{"module":"module.network_hub","mode":"managed","type":"aws_vpc","name":"central_egress","provider":"provider[\"registry.opentofu.org/hashicorp/aws\"]","instances":[{"schema_version":1,"attributes":{"arn":"arn:aws:ec2:us-east-1:052127203460:vpc/vpc-00f01d128ce1f76fb","assign_generated_ipv6_cidr_block":false,"cidr_block":"100.120.2.0/24","default_network_acl_id":"acl-03a7d48af18a2c745","default_route_table_id":"rtb-0dafca9550af71678","default_security_group_id":"sg-0dd55c1077bc22878","dhcp_options_id":"dopt-0ce9349d8ae8cb849","enable_dns_hostnames":true,"enable_dns_support":true,"enable_network_address_usage_metrics":false,"id":"vpc-00f01d128ce1f76fb","instance_tenancy":"default","ipv4_ipam_pool_id":null,"ipv4_netmask_length":null,"ipv6_association_id":"","ipv6_cidr_block":"","ipv6_cidr_block_network_border_group":"","ipv6_ipam_pool_id":"","ipv6_netmask_length":0,"main_route_table_id":"rtb-0dafca9550af71678","owner_id":"052127203460","region":"us-east-1","tags":{"CardData":"no","Classification":"nonpublic","Environment":"nonprod","GitURL":"https://gitlab.com/williamhillplc/technical-services/networks/channels-team.git","ManagedBy":"OpenTofu","Migrated":"no","Name":"network-hub-nonprod-egress-vpc","Product":"network-hub","Project":"network-hub","Purpose":"Centralized internet connectivity","Tier":"internal","Type":"central-egress"},"tags_all":{"CardData":"no","Classification":"nonpublic","Environment":"nonprod","GitURL":"https://gitlab.com/williamhillplc/technical-services/networks/channels-team.git","ManagedBy":"OpenTofu","Migrated":"no","Name":"network-hub-nonprod-egress-vpc","Product":"network-hub","Project":"network-hub","Purpose":"Centralized internet connectivity","Tier":"internal","Type":"central-egress"}},"sensitive_attributes":[],"private":"eyJzY2hlbWFfdmVyc2lvbiI6IjEifQ=="}]},{"module":"module.network_hub","mode":"managed","type":"aws_vpc","name":"client","provider":"provider[\"registry.opentofu.org/hashicorp/aws\"]","instances":[{"schema_version":1,"attributes":{"arn":"arn:aws:ec2:us-east-1:052127203460:vpc/vpc-0c2547488bbb89d13","assign_generated_ipv6_cidr_block":false,"cidr_block":"100.120.32.0/19","default_network_acl_id":"acl-0955ea3492fa0c6bc","default_route_table_id":"rtb-0749407a277fc4380","default_security_group_id":"sg-09698edc4bf869d00","dhcp_options_id":"dopt-0ce9349d8ae8cb849","enable_dns_hostnames":true,"enable_dns_support":true,"enable_network_address_usage_metrics":false,"id":"vpc-0c2547488bbb89d13","instance_tenancy":"default","ipv4_ipam_pool_id":null,"ipv4_netmask_length":null,"ipv6_association_id":"","ipv6_cidr_block":"","ipv6_cidr_block_network_border_group":"","ipv6_ipam_pool_id":"","ipv6_netmask_length":0,"main_route_table_id":"rtb-0749407a277fc4380","owner_id":"052127203460","region":"us-east-1","tags":{"CardData":"no","Classification":"nonpublic","Environment":"nonprod","GitURL":"https://gitlab.com/williamhillplc/technical-services/networks/channels-team.git","ManagedBy":"OpenTofu","Migrated":"no","Name":"network-hub-nonprod-client-vpc","Product":"network-hub","Project":"network-hub","Purpose":"Application workloads and data environments","Tier":"internal","Type":"client"},"tags_all":{"CardData":"no","Classification":"nonpublic","Environment":"nonprod","GitURL":"https://gitlab.com/williamhillplc/technical-services/networks/channels-team.git","ManagedBy":"OpenTofu","Migrated":"no","Name":"network-hub-nonprod-client-vpc","Product":"network-hub","Project":"network-hub","Purpose":"Application workloads and data environments","Tier":"internal","Type":"client"}},"sensitive_attributes":[],"private":"eyJzY2hlbWFfdmVyc2lvbiI6IjEifQ==","create_before_destroy":true}]},{"module":"module.network_hub","mode":"managed","type":"aws_vpc","name":"firewall","provider":"provider[\"registry.opentofu.org/hashicorp/aws\"]","instances":[{"schema_version":1,"attributes":{"arn":"arn:aws:ec2:us-east-1:052127203460:vpc/vpc-037b166dee18c9193","assign_generated_ipv6_cidr_block":false,"cidr_block":"100.120.1.0/24","default_network_acl_id":"acl-063a31fe041f49c80","default_route_table_id":"rtb-0b63f2d932ed700e5","default_security_group_id":"sg-0756c52ec4bc44f6e","dhcp_options_id":"dopt-0ce9349d8ae8cb849","enable_dns_hostnames":true,"enable_dns_support":true,"enable_network_address_usage_metrics":false,"id":"vpc-037b166dee18c9193","instance_tenancy":"default","ipv4_ipam_pool_id":null,"ipv4_netmask_length":null,"ipv6_association_id":"","ipv6_cidr_block":"","ipv6_cidr_block_network_border_group":"","ipv6_ipam_pool_id":"","ipv6_netmask_length":0,"main_route_table_id":"rtb-0b63f2d932ed700e5","owner_id":"052127203460","region":"us-east-1","tags":{"CardData":"no","Classification":"nonpublic","Environment":"nonprod","GitURL":"https://gitlab.com/williamhillplc/technical-services/networks/channels-team.git","ManagedBy":"OpenTofu","Migrated":"no","Name":"network-hub-nonprod-firewall-vpc","Product":"network-hub","Project":"network-hub","Purpose":"Network security and traffic inspection","Tier":"internal","Type":"firewall"},"tags_all":{"CardData":"no","Classification":"nonpublic","Environment":"nonprod","GitURL":"https://gitlab.com/williamhillplc/technical-services/networks/channels-team.git","ManagedBy":"OpenTofu","Migrated":"no","Name":"network-hub-nonprod-firewall-vpc","Product":"network-hub","Project":"network-hub","Purpose":"Network security and traffic inspection","Tier":"internal","Type":"firewall"}},"sensitive_attributes":[],"private":"eyJzY2hlbWFfdmVyc2lvbiI6IjEifQ=="}]},{"module":"module.network_hub","mode":"managed","type":"aws_vpc","name":"transit_gateway","provider":"provider[\"registry.opentofu.org/hashicorp/aws\"]","instances":[{"schema_version":1,"attributes":{"arn":"arn:aws:ec2:us-east-1:052127203460:vpc/vpc-0958fff4e34b6b948","assign_generated_ipv6_cidr_block":false,"cidr_block":"100.120.0.0/24","default_network_acl_id":"acl-059946f96faa46884","default_route_table_id":"rtb-071fe495ab08904a1","default_security_group_id":"sg-0807f9fea6dfc8d2f","dhcp_options_id":"dopt-0ce9349d8ae8cb849","enable_dns_hostnames":true,"enable_dns_support":true,"enable_network_address_usage_metrics":false,"id":"vpc-0958fff4e34b6b948","instance_tenancy":"default","ipv4_ipam_pool_id":null,"ipv4_netmask_length":null,"ipv6_association_id":"","ipv6_cidr_block":"","ipv6_cidr_block_network_border_group":"","ipv6_ipam_pool_id":"","ipv6_netmask_length":0,"main_route_table_id":"rtb-071fe495ab08904a1","owner_id":"052127203460","region":"us-east-1","tags":{"CardData":"no","Classification":"nonpublic","Environment":"nonprod","GitURL":"https://gitlab.com/williamhillplc/technical-services/networks/channels-team.git","ManagedBy":"OpenTofu","Migrated":"no","Name":"network-hub-nonprod-tgw-vpc","Product":"network-hub","Project":"network-hub","Purpose":"Management and external access point","Tier":"internal","Type":"transit-gateway"},"tags_all":{"CardData":"no","Classification":"nonpublic","Environment":"nonprod","GitURL":"https://gitlab.com/williamhillplc/technical-services/networks/channels-team.git","ManagedBy":"OpenTofu","Migrated":"no","Name":"network-hub-nonprod-tgw-vpc","Product":"network-hub","Project":"network-hub","Purpose":"Management and external access point","Tier":"internal","Type":"transit-gateway"}},"sensitive_attributes":[],"private":"eyJzY2hlbWFfdmVyc2lvbiI6IjEifQ==","create_before_destroy":true}]},{"module":"module.network_hub","mode":"managed","type":"awscc_networkfirewall_vpc_endpoint_association","name":"egress","provider":"provider[\"registry.opentofu.org/hashicorp/awscc\"]","instances":[{"index_key":"0","schema_version":1,"attributes":{"description":null,"endpoint_id":"vpce-0922f276b21316232","firewall_arn":"arn:aws:network-firewall:us-east-1:052127203460:firewall/network-hub-nonprod-network-firewall","id":"arn:aws:network-firewall:us-east-1:052127203460:vpc-endpoint-association/3913d961-2ff9-36a7-be98-4a9c8efb827e","subnet_mapping":{"ip_address_type":"IPV4","subnet_id":"subnet-072778d4116ed85a3"},"tags":[{"key":"CardData","value":"no"},{"key":"Classification","value":"nonpublic"},{"key":"Environment","value":"nonprod"},{"key":"GitURL","value":"https://gitlab.com/williamhillplc/technical-services/networks/channels-team.git"},{"key":"ManagedBy","value":"OpenTofu"},{"key":"Migrated","value":"no"},{"key":"Name","value":"network-hub-nonprod-egress-fw-endpoint-0"},{"key":"Product","value":"network-hub"},{"key":"Project","value":"network-hub"},{"key":"Tier","value":"internal"}],"vpc_endpoint_association_arn":"arn:aws:network-firewall:us-east-1:052127203460:vpc-endpoint-association/3913d961-2ff9-36a7-be98-4a9c8efb827e","vpc_endpoint_association_id":"f901f239-2e9f-4f77-af85-80c5c43b3dc3","vpc_id":"vpc-00f01d128ce1f76fb"},"sensitive_attributes":[],"dependencies":["module.network_hub.aws_networkfirewall_firewall.main","module.network_hub.aws_networkfirewall_firewall_policy.main","module.network_hub.aws_networkfirewall_rule_group.domain_allowlist","module.network_hub.aws_networkfirewall_rule_group.ip_rules","module.network_hub.aws_subnet.egress_firewall_endpoint","module.network_hub.aws_subnet.firewall_endpoint","module.network_hub.aws_vpc.central_egress","module.network_hub.aws_vpc.firewall","module.network_hub.data.aws_availability_zones.available"]},{"index_key":"1","schema_version":1,"attributes":{"description":null,"endpoint_id":"vpce-08806658b681c90fe","firewall_arn":"arn:aws:network-firewall:us-east-1:052127203460:firewall/network-hub-nonprod-network-firewall","id":"arn:aws:network-firewall:us-east-1:052127203460:vpc-endpoint-association/47b11b79-b0a7-3bdf-84c8-dc1ce838d165","subnet_mapping":{"ip_address_type":"IPV4","subnet_id":"subnet-0156dc937a257e72d"},"tags":[{"key":"CardData","value":"no"},{"key":"Classification","value":"nonpublic"},{"key":"Environment","value":"nonprod"},{"key":"GitURL","value":"https://gitlab.com/williamhillplc/technical-services/networks/channels-team.git"},{"key":"ManagedBy","value":"OpenTofu"},{"key":"Migrated","value":"no"},{"key":"Name","value":"network-hub-nonprod-egress-fw-endpoint-1"},{"key":"Product","value":"network-hub"},{"key":"Project","value":"network-hub"},{"key":"Tier","value":"internal"}],"vpc_endpoint_association_arn":"arn:aws:network-firewall:us-east-1:052127203460:vpc-endpoint-association/47b11b79-b0a7-3bdf-84c8-dc1ce838d165","vpc_endpoint_association_id":"94dea6e6-f970-431c-90da-3403f0b19c20","vpc_id":"vpc-00f01d128ce1f76fb"},"sensitive_attributes":[],"dependencies":["module.network_hub.aws_networkfirewall_firewall.main","module.network_hub.aws_networkfirewall_firewall_policy.main","module.network_hub.aws_networkfirewall_rule_group.domain_allowlist","module.network_hub.aws_networkfirewall_rule_group.ip_rules","module.network_hub.aws_subnet.egress_firewall_endpoint","module.network_hub.aws_subnet.firewall_endpoint","module.network_hub.aws_vpc.central_egress","module.network_hub.aws_vpc.firewall","module.network_hub.data.aws_availability_zones.available"]},{"index_key":"2","schema_version":1,"attributes":{"description":null,"endpoint_id":"vpce-08652e363a8ce5be0","firewall_arn":"arn:aws:network-firewall:us-east-1:052127203460:firewall/network-hub-nonprod-network-firewall","id":"arn:aws:network-firewall:us-east-1:052127203460:vpc-endpoint-association/718222db-b0eb-3d2e-aa5b-84bd9d9c1839","subnet_mapping":{"ip_address_type":"IPV4","subnet_id":"subnet-09642ec6cc85e01f7"},"tags":[{"key":"CardData","value":"no"},{"key":"Classification","value":"nonpublic"},{"key":"Environment","value":"nonprod"},{"key":"GitURL","value":"https://gitlab.com/williamhillplc/technical-services/networks/channels-team.git"},{"key":"ManagedBy","value":"OpenTofu"},{"key":"Migrated","value":"no"},{"key":"Name","value":"network-hub-nonprod-egress-fw-endpoint-2"},{"key":"Product","value":"network-hub"},{"key":"Project","value":"network-hub"},{"key":"Tier","value":"internal"}],"vpc_endpoint_association_arn":"arn:aws:network-firewall:us-east-1:052127203460:vpc-endpoint-association/718222db-b0eb-3d2e-aa5b-84bd9d9c1839","vpc_endpoint_association_id":"dbd182fe-6258-491b-be38-3a3e8f9e6136","vpc_id":"vpc-00f01d128ce1f76fb"},"sensitive_attributes":[],"dependencies":["module.network_hub.aws_networkfirewall_firewall.main","module.network_hub.aws_networkfirewall_firewall_policy.main","module.network_hub.aws_networkfirewall_rule_group.domain_allowlist","module.network_hub.aws_networkfirewall_rule_group.ip_rules","module.network_hub.aws_subnet.egress_firewall_endpoint","module.network_hub.aws_subnet.firewall_endpoint","module.network_hub.aws_vpc.central_egress","module.network_hub.aws_vpc.firewall","module.network_hub.data.aws_availability_zones.available"]}]}],"check_results":[{"object_kind":"var","config_addr":"module.network_hub.var.environment_ip_rules","status":"pass","objects":[{"object_addr":"module.network_hub.var.environment_ip_rules","status":"pass"}]}]}
