{"version":4,"terraform_version":"1.10.6","serial":35,"lineage":"12804525-1a8c-ae1f-1caa-b1f8600ef4ee","outputs":{"firewall_details":{"value":{"arn":"arn:aws:network-firewall:eu-west-1:131778591898:firewall/network-hub-prod-network-firewall","endpoints":[{"attachment":[{"endpoint_id":"vpce-025bc1f54825bfd1a","subnet_id":"subnet-0d5fff51969cea403"}],"availability_zone":"eu-west-1b"},{"attachment":[{"endpoint_id":"vpce-059389703af4ac9a0","subnet_id":"subnet-06cd9906ae4747c73"}],"availability_zone":"eu-west-1c"},{"attachment":[{"endpoint_id":"vpce-05b9da3719613db0c","subnet_id":"subnet-0950619ce8c96da7e"}],"availability_zone":"eu-west-1a"}],"id":"arn:aws:network-firewall:eu-west-1:131778591898:firewall/network-hub-prod-network-firewall","policy_arn":"arn:aws:network-firewall:eu-west-1:131778591898:firewall-policy/network-hub-prod-firewall-policy","policy_id":"arn:aws:network-firewall:eu-west-1:131778591898:firewall-policy/network-hub-prod-firewall-policy"},"type":["object",{"arn":"string","endpoints":["set",["object",{"attachment":["list",["object",{"endpoint_id":"string","subnet_id":"string"}]],"availability_zone":"string"}]],"id":"string","policy_arn":"string","policy_id":"string"}]},"firewall_endpoints":{"value":[{"attachment":[{"endpoint_id":"vpce-025bc1f54825bfd1a","subnet_id":"subnet-0d5fff51969cea403"}],"availability_zone":"eu-west-1b"},{"attachment":[{"endpoint_id":"vpce-059389703af4ac9a0","subnet_id":"subnet-06cd9906ae4747c73"}],"availability_zone":"eu-west-1c"},{"attachment":[{"endpoint_id":"vpce-05b9da3719613db0c","subnet_id":"subnet-0950619ce8c96da7e"}],"availability_zone":"eu-west-1a"}],"type":["set",["object",{"attachment":["list",["object",{"endpoint_id":"string","subnet_id":"string"}]],"availability_zone":"string"}]]},"firewall_id":{"value":"arn:aws:network-firewall:eu-west-1:131778591898:firewall/network-hub-prod-network-firewall","type":"string"},"firewall_policy_id":{"value":"arn:aws:network-firewall:eu-west-1:131778591898:firewall-policy/network-hub-prod-firewall-policy","type":"string"},"ram_share_details":{"value":{"organization_arn":"arn:aws:organizations::703671905140:organization/o-kv10f7crlv","share_arn":"arn:aws:ram:eu-west-1:131778591898:resource-share/3b9f0fbb-2ac5-4f61-9906-d7c07f5e655f","share_id":"arn:aws:ram:eu-west-1:131778591898:resource-share/3b9f0fbb-2ac5-4f61-9906-d7c07f5e655f","share_name":"network-hub-prod-tgw-share"},"type":["object",{"organization_arn":"string","share_arn":"string","share_id":"string","share_name":"string"}]},"subnet_cidrs":{"value":{"egress_private":["100.108.2.0/28","100.108.2.16/28","100.108.2.32/28"],"egress_public":["100.108.2.48/28","100.108.2.64/28","100.108.2.80/28"]},"type":["object",{"egress_private":["tuple",["string","string","string"]],"egress_public":["tuple",["string","string","string"]]}]},"subnet_details":{"value":{"central_egress":{"firewall_endpoint":{"0":{"availability_zone":"eu-west-1a","cidr_block":"100.108.2.96/28","id":"subnet-08e42c0bd12cf8bad"},"1":{"availability_zone":"eu-west-1b","cidr_block":"100.108.2.112/28","id":"subnet-04e64e187fb855238"},"2":{"availability_zone":"eu-west-1c","cidr_block":"100.108.2.128/28","id":"subnet-0040ba63b418bff19"}},"private":{"0":{"availability_zone":"eu-west-1a","cidr_block":"100.108.2.0/28","id":"subnet-01fdcd47c0f07ffeb"},"1":{"availability_zone":"eu-west-1b","cidr_block":"100.108.2.16/28","id":"subnet-0f6e976b63ff3912e"},"2":{"availability_zone":"eu-west-1c","cidr_block":"100.108.2.32/28","id":"subnet-02fffa865e28e658f"}},"public":{"0":{"availability_zone":"eu-west-1a","cidr_block":"100.108.2.48/28","id":"subnet-06b6a397e179f937b"},"1":{"availability_zone":"eu-west-1b","cidr_block":"100.108.2.64/28","id":"subnet-0f63ae70b115c970a"},"2":{"availability_zone":"eu-west-1c","cidr_block":"100.108.2.80/28","id":"subnet-0329975c6601cdcdb"}}}},"type":["object",{"central_egress":["object",{"firewall_endpoint":["object",{"0":["object",{"availability_zone":"string","cidr_block":"string","id":"string"}],"1":["object",{"availability_zone":"string","cidr_block":"string","id":"string"}],"2":["object",{"availability_zone":"string","cidr_block":"string","id":"string"}]}],"private":["object",{"0":["object",{"availability_zone":"string","cidr_block":"string","id":"string"}],"1":["object",{"availability_zone":"string","cidr_block":"string","id":"string"}],"2":["object",{"availability_zone":"string","cidr_block":"string","id":"string"}]}],"public":["object",{"0":["object",{"availability_zone":"string","cidr_block":"string","id":"string"}],"1":["object",{"availability_zone":"string","cidr_block":"string","id":"string"}],"2":["object",{"availability_zone":"string","cidr_block":"string","id":"string"}]}]}]}]},"subnet_ids":{"value":{"egress_private":["subnet-01fdcd47c0f07ffeb","subnet-0f6e976b63ff3912e","subnet-02fffa865e28e658f"],"egress_public":["subnet-06b6a397e179f937b","subnet-0f63ae70b115c970a","subnet-0329975c6601cdcdb"]},"type":["object",{"egress_private":["tuple",["string","string","string"]],"egress_public":["tuple",["string","string","string"]]}]},"tgw_route_table_ids":{"value":{"main":"tgw-rtb-098be5d8ef7a22647"},"type":["object",{"main":"string"}]},"tgw_vpc_attachments":{"value":{"central_egress":"tgw-attach-0cce9595a8912ab72"},"type":["object",{"central_egress":"string"}]},"transit_gateway_details":{"value":{"arn":"arn:aws:ec2:eu-west-1:131778591898:transit-gateway/tgw-064572ba47d22fb2a","attachments":{"central_egress":"tgw-attach-0cce9595a8912ab72"},"id":"tgw-064572ba47d22fb2a","main_route_table_id":"tgw-rtb-098be5d8ef7a22647","owner_id":"131778591898"},"type":["object",{"arn":"string","attachments":["object",{"central_egress":"string"}],"id":"string","main_route_table_id":"string","owner_id":"string"}]},"transit_gateway_id":{"value":"tgw-064572ba47d22fb2a","type":"string"},"vpc_cidrs":{"value":{"central_egress":"100.108.2.0/24","firewall":"100.108.1.0/24"},"type":["object",{"central_egress":"string","firewall":"string"}]},"vpc_details":{"value":{"central_egress":{"cidr_block":"100.108.2.0/24","default_route_table_id":"rtb-092dddb612d1bed7b","id":"vpc-0d1da3b159ec41fbd","name":"network-hub-prod-egress-vpc"},"firewall":{"cidr_block":"100.108.1.0/24","default_route_table_id":"rtb-0d556f768aa7736b1","id":"vpc-048e0fd1f3533674c","name":"network-hub-prod-firewall-vpc"}},"type":["object",{"central_egress":["object",{"cidr_block":"string","default_route_table_id":"string","id":"string","name":"string"}],"firewall":["object",{"cidr_block":"string","default_route_table_id":"string","id":"string","name":"string"}]}]},"vpc_ids":{"value":{"central_egress":"vpc-0d1da3b159ec41fbd","firewall":"vpc-048e0fd1f3533674c"},"type":["object",{"central_egress":"string","firewall":"string"}]}},"resources":[{"mode":"data","type":"terraform_remote_state","name":"dev","provider":"provider[\"terraform.io/builtin/terraform\"]","instances":[{"schema_version":0,"attributes":{"backend":"local","config":{"value":{"path":"../dev_tgw/terraform.tfstate"},"type":["object",{"path":"string"}]},"defaults":null,"outputs":{"value":{"account_id":"776564762201","firewall_details":{"arn":"arn:aws:network-firewall:eu-west-1:776564762201:firewall/network-hub-dev-network-firewall","endpoints":[{"attachment":[{"endpoint_id":"vpce-06f0dfc5c3f0bf789","subnet_id":"subnet-0e4a71b82158df324"}],"availability_zone":"eu-west-1a"},{"attachment":[{"endpoint_id":"vpce-0a1ddce3a83f4e5ca","subnet_id":"subnet-0cd468a6112e7cdb1"}],"availability_zone":"eu-west-1b"},{"attachment":[{"endpoint_id":"vpce-0eddadbade7a6967e","subnet_id":"subnet-0ced88f41b5e22841"}],"availability_zone":"eu-west-1c"}],"id":"arn:aws:network-firewall:eu-west-1:776564762201:firewall/network-hub-dev-network-firewall","policy_arn":"arn:aws:network-firewall:eu-west-1:776564762201:firewall-policy/network-hub-dev-firewall-policy","policy_id":"arn:aws:network-firewall:eu-west-1:776564762201:firewall-policy/network-hub-dev-firewall-policy"},"firewall_endpoints":[{"attachment":[{"endpoint_id":"vpce-06f0dfc5c3f0bf789","subnet_id":"subnet-0e4a71b82158df324"}],"availability_zone":"eu-west-1a"},{"attachment":[{"endpoint_id":"vpce-0a1ddce3a83f4e5ca","subnet_id":"subnet-0cd468a6112e7cdb1"}],"availability_zone":"eu-west-1b"},{"attachment":[{"endpoint_id":"vpce-0eddadbade7a6967e","subnet_id":"subnet-0ced88f41b5e22841"}],"availability_zone":"eu-west-1c"}],"firewall_id":"arn:aws:network-firewall:eu-west-1:776564762201:firewall/network-hub-dev-network-firewall","firewall_policy_id":"arn:aws:network-firewall:eu-west-1:776564762201:firewall-policy/network-hub-dev-firewall-policy","peering_attachment_ids":{"dev_to_nonprod":"tgw-attach-0bde630c848192e22","dev_to_prod":"tgw-attach-0e8ccd20b47659714","nonprod_to_prod":""},"ram_share_details":{"organization_arn":"arn:aws:organizations::703671905140:organization/o-kv10f7crlv","share_arn":"arn:aws:ram:eu-west-1:776564762201:resource-share/545da265-7c14-4aa6-8e30-e4a63ce64136","share_id":"arn:aws:ram:eu-west-1:776564762201:resource-share/545da265-7c14-4aa6-8e30-e4a63ce64136","share_name":"network-hub-dev-tgw-share"},"subnet_cidrs":{"egress_private":["100.96.2.0/28","100.96.2.16/28","100.96.2.32/28"],"egress_public":["100.96.2.48/28","100.96.2.64/28","100.96.2.80/28"],"firewall_endpoint":["100.96.1.0/28","100.96.1.16/28","100.96.1.32/28"],"firewall_tgw":["100.96.1.48/28","100.96.1.64/28","100.96.1.80/28"]},"subnet_details":{"central_egress":{"firewall_endpoint":{"0":{"availability_zone":"eu-west-1a","cidr_block":"100.96.2.96/28","id":"subnet-002f23239ab301739"},"1":{"availability_zone":"eu-west-1b","cidr_block":"100.96.2.112/28","id":"subnet-0ba6e368683a0071b"},"2":{"availability_zone":"eu-west-1c","cidr_block":"100.96.2.128/28","id":"subnet-01e2aa1768ee8e3f0"}},"private":{"0":{"availability_zone":"eu-west-1a","cidr_block":"100.96.2.0/28","id":"subnet-0ba2b72603c1b8e7b"},"1":{"availability_zone":"eu-west-1b","cidr_block":"100.96.2.16/28","id":"subnet-0d9a6a8b6c1095a18"},"2":{"availability_zone":"eu-west-1c","cidr_block":"100.96.2.32/28","id":"subnet-0ae96febfd86d409d"}},"public":{"0":{"availability_zone":"eu-west-1a","cidr_block":"100.96.2.48/28","id":"subnet-0207ac87524f48df5"},"1":{"availability_zone":"eu-west-1b","cidr_block":"100.96.2.64/28","id":"subnet-0fa992c2f9d3aca53"},"2":{"availability_zone":"eu-west-1c","cidr_block":"100.96.2.80/28","id":"subnet-0fbbb3dbe1bed0e18"}}},"firewall":{"endpoint":{"0":{"availability_zone":"eu-west-1a","cidr_block":"100.96.1.0/28","id":"subnet-0e4a71b82158df324"},"1":{"availability_zone":"eu-west-1b","cidr_block":"100.96.1.16/28","id":"subnet-0cd468a6112e7cdb1"},"2":{"availability_zone":"eu-west-1c","cidr_block":"100.96.1.32/28","id":"subnet-0ced88f41b5e22841"}},"tgw":{"0":{"availability_zone":"eu-west-1a","cidr_block":"100.96.1.48/28","id":"subnet-026a00e0cd6caf2c4"},"1":{"availability_zone":"eu-west-1b","cidr_block":"100.96.1.64/28","id":"subnet-0ea39ade00628c07b"},"2":{"availability_zone":"eu-west-1c","cidr_block":"100.96.1.80/28","id":"subnet-049c49e561fb119a1"}}}},"subnet_ids":{"egress_private":["subnet-0ba2b72603c1b8e7b","subnet-0d9a6a8b6c1095a18","subnet-0ae96febfd86d409d"],"egress_public":["subnet-0207ac87524f48df5","subnet-0fa992c2f9d3aca53","subnet-0fbbb3dbe1bed0e18"],"firewall_endpoint":["subnet-0e4a71b82158df324","subnet-0cd468a6112e7cdb1","subnet-0ced88f41b5e22841"],"firewall_tgw":["subnet-026a00e0cd6caf2c4","subnet-0ea39ade00628c07b","subnet-049c49e561fb119a1"]},"tgw_route_table_ids":{"main":"tgw-rtb-0c77bd74b43aa4a42"},"tgw_vpc_attachments":{"central_egress":"tgw-attach-012d31d815dbe895a"},"transit_gateway_details":{"arn":"arn:aws:ec2:eu-west-1:776564762201:transit-gateway/tgw-0284b236e26e8934e","attachments":{"central_egress":"tgw-attach-012d31d815dbe895a"},"id":"tgw-0284b236e26e8934e","main_route_table_id":"tgw-rtb-0c77bd74b43aa4a42","owner_id":"776564762201"},"transit_gateway_id":"tgw-0284b236e26e8934e","vpc_cidrs":{"central_egress":"100.96.2.0/24","firewall":"100.96.1.0/24"},"vpc_details":{"central_egress":{"cidr_block":"100.96.2.0/24","default_route_table_id":"rtb-0fd54760276adbef2","id":"vpc-0c9d5139053883a6e","name":"network-hub-dev-egress-vpc"},"firewall":{"cidr_block":"100.96.1.0/24","default_route_table_id":"rtb-0095b08ece03b72e9","id":"vpc-0c29daa332d3c4fb9","name":"network-hub-dev-firewall-vpc"}},"vpc_ids":{"central_egress":"vpc-0c9d5139053883a6e","firewall":"vpc-0c29daa332d3c4fb9"}},"type":["object",{"account_id":"string","firewall_details":["object",{"arn":"string","endpoints":["set",["object",{"attachment":["list",["object",{"endpoint_id":"string","subnet_id":"string"}]],"availability_zone":"string"}]],"id":"string","policy_arn":"string","policy_id":"string"}],"firewall_endpoints":["set",["object",{"attachment":["list",["object",{"endpoint_id":"string","subnet_id":"string"}]],"availability_zone":"string"}]],"firewall_id":"string","firewall_policy_id":"string","peering_attachment_ids":["object",{"dev_to_nonprod":"string","dev_to_prod":"string","nonprod_to_prod":"string"}],"ram_share_details":["object",{"organization_arn":"string","share_arn":"string","share_id":"string","share_name":"string"}],"subnet_cidrs":["object",{"egress_private":["tuple",["string","string","string"]],"egress_public":["tuple",["string","string","string"]],"firewall_endpoint":["tuple",["string","string","string"]],"firewall_tgw":["tuple",["string","string","string"]]}],"subnet_details":["object",{"central_egress":["object",{"firewall_endpoint":["object",{"0":["object",{"availability_zone":"string","cidr_block":"string","id":"string"}],"1":["object",{"availability_zone":"string","cidr_block":"string","id":"string"}],"2":["object",{"availability_zone":"string","cidr_block":"string","id":"string"}]}],"private":["object",{"0":["object",{"availability_zone":"string","cidr_block":"string","id":"string"}],"1":["object",{"availability_zone":"string","cidr_block":"string","id":"string"}],"2":["object",{"availability_zone":"string","cidr_block":"string","id":"string"}]}],"public":["object",{"0":["object",{"availability_zone":"string","cidr_block":"string","id":"string"}],"1":["object",{"availability_zone":"string","cidr_block":"string","id":"string"}],"2":["object",{"availability_zone":"string","cidr_block":"string","id":"string"}]}]}],"firewall":["object",{"endpoint":["object",{"0":["object",{"availability_zone":"string","cidr_block":"string","id":"string"}],"1":["object",{"availability_zone":"string","cidr_block":"string","id":"string"}],"2":["object",{"availability_zone":"string","cidr_block":"string","id":"string"}]}],"tgw":["object",{"0":["object",{"availability_zone":"string","cidr_block":"string","id":"string"}],"1":["object",{"availability_zone":"string","cidr_block":"string","id":"string"}],"2":["object",{"availability_zone":"string","cidr_block":"string","id":"string"}]}]}]}],"subnet_ids":["object",{"egress_private":["tuple",["string","string","string"]],"egress_public":["tuple",["string","string","string"]],"firewall_endpoint":["tuple",["string","string","string"]],"firewall_tgw":["tuple",["string","string","string"]]}],"tgw_route_table_ids":["object",{"main":"string"}],"tgw_vpc_attachments":["object",{"central_egress":"string"}],"transit_gateway_details":["object",{"arn":"string","attachments":["object",{"central_egress":"string"}],"id":"string","main_route_table_id":"string","owner_id":"string"}],"transit_gateway_id":"string","vpc_cidrs":["object",{"central_egress":"string","firewall":"string"}],"vpc_details":["object",{"central_egress":["object",{"cidr_block":"string","default_route_table_id":"string","id":"string","name":"string"}],"firewall":["object",{"cidr_block":"string","default_route_table_id":"string","id":"string","name":"string"}]}],"vpc_ids":["object",{"central_egress":"string","firewall":"string"}]}]},"workspace":null},"sensitive_attributes":[]}]},{"module":"module.network_hub","mode":"data","type":"aws_availability_zones","name":"available","provider":"provider[\"registry.opentofu.org/hashicorp/aws\"]","instances":[{"schema_version":0,"attributes":{"all_availability_zones":null,"exclude_names":null,"exclude_zone_ids":null,"filter":null,"group_names":["eu-west-1-zg-1"],"id":"eu-west-1","names":["eu-west-1a","eu-west-1b","eu-west-1c"],"region":"eu-west-1","state":"available","timeouts":null,"zone_ids":["euw1-az2","euw1-az3","euw1-az1"]},"sensitive_attributes":[]}]},{"module":"module.network_hub","mode":"data","type":"aws_caller_identity","name":"current","provider":"provider[\"registry.opentofu.org/hashicorp/aws\"]","instances":[{"schema_version":0,"attributes":{"account_id":"131778591898","arn":"arn:aws:sts::131778591898:assumed-role/AWSReservedSSO_AWSAdministratorAccess_e9978fb4d2f340b0/David.Oxley@williamhill.com","id":"131778591898","user_id":"AROAR5LU5XSNAGVYHYUNH:David.Oxley@williamhill.com"},"sensitive_attributes":[]}]},{"module":"module.network_hub","mode":"data","type":"aws_ec2_transit_gateway","name":"dev","provider":"provider[\"registry.opentofu.org/hashicorp/aws\"]","instances":[{"index_key":0,"schema_version":0,"attributes":{"amazon_side_asn":64512,"arn":"arn:aws:ec2:eu-west-1:776564762201:transit-gateway/tgw-0284b236e26e8934e","association_default_route_table_id":"","auto_accept_shared_attachments":"disable","default_route_table_association":"disable","default_route_table_propagation":"disable","description":"Main Transit Gateway for network-hub-dev","dns_support":"enable","filter":[{"name":"owner-id","values":["776564762201"]},{"name":"state","values":["available"]}],"id":"tgw-0284b236e26e8934e","multicast_support":"disable","owner_id":"776564762201","propagation_default_route_table_id":"","region":"eu-west-1","security_group_referencing_support":"disable","tags":{},"timeouts":null,"transit_gateway_cidr_blocks":[],"vpn_ecmp_support":"enable"},"sensitive_attributes":[]}]},{"module":"module.network_hub","mode":"data","type":"aws_ec2_transit_gateway","name":"nonprod","provider":"provider[\"registry.opentofu.org/hashicorp/aws\"]","instances":[{"index_key":0,"schema_version":0,"attributes":{"amazon_side_asn":64512,"arn":"arn:aws:ec2:eu-west-1:559413642457:transit-gateway/tgw-0d7306650a77fc440","association_default_route_table_id":"","auto_accept_shared_attachments":"disable","default_route_table_association":"disable","default_route_table_propagation":"disable","description":"Main Transit Gateway for network-hub-nonprod","dns_support":"enable","filter":[{"name":"owner-id","values":["559413642457"]},{"name":"state","values":["available"]}],"id":"tgw-0d7306650a77fc440","multicast_support":"disable","owner_id":"559413642457","propagation_default_route_table_id":"","region":"eu-west-1","security_group_referencing_support":"disable","tags":{},"timeouts":null,"transit_gateway_cidr_blocks":[],"vpn_ecmp_support":"enable"},"sensitive_attributes":[]}]},{"module":"module.network_hub","mode":"data","type":"aws_ec2_transit_gateway","name":"prod","provider":"provider[\"registry.opentofu.org/hashicorp/aws\"]","instances":[]},{"module":"module.network_hub","mode":"data","type":"aws_organizations_organization","name":"current","provider":"provider[\"registry.opentofu.org/hashicorp/aws\"]","instances":[{"schema_version":0,"attributes":{"accounts":null,"arn":"arn:aws:organizations::703671905140:organization/o-kv10f7crlv","aws_service_access_principals":[],"enabled_policy_types":[],"feature_set":"ALL","id":"o-kv10f7crlv","master_account_arn":"arn:aws:organizations::703671905140:account/o-kv10f7crlv/703671905140","master_account_email":"awsorg-evoketest@terasky.com","master_account_id":"703671905140","master_account_name":"","non_master_accounts":null,"roots":null},"sensitive_attributes":[]}]},{"module":"module.network_hub","mode":"data","type":"aws_vpc_endpoint","name":"firewall","provider":"provider[\"registry.opentofu.org/hashicorp/aws\"]","instances":[{"index_key":"0","schema_version":0,"attributes":{"arn":"arn:aws:ec2:eu-west-1:131778591898:vpc-endpoint/vpce-00485aba4ec3e733c","cidr_blocks":[],"dns_entry":[],"dns_options":[],"filter":null,"id":"vpce-00485aba4ec3e733c","ip_address_type":"ipv4","network_interface_ids":["eni-068d5c0430794de06"],"owner_id":"131778591898","policy":"","prefix_list_id":null,"private_dns_enabled":false,"region":"eu-west-1","requester_managed":true,"route_table_ids":[],"security_group_ids":[],"service_name":"com.amazonaws.vpce.eu-west-1.vpce-svc-0befc4f0b804a8dc9","state":"available","subnet_ids":["subnet-08e42c0bd12cf8bad"],"tags":{"AWSNetworkFirewallManaged":"true","Firewall":"arn:aws:network-firewall:eu-west-1:131778591898:firewall/network-hub-prod-network-firewall","Name":"network-hub-prod-network-firewall (eu-west-1a)","VPCEndpointAssociation":"arn:aws:network-firewall:eu-west-1:131778591898:vpc-endpoint-association/789b2a0c-c48b-38e8-ada2-de978f34a506"},"timeouts":null,"vpc_endpoint_type":"GatewayLoadBalancer","vpc_id":"vpc-0d1da3b159ec41fbd"},"sensitive_attributes":[]},{"index_key":"1","schema_version":0,"attributes":{"arn":"arn:aws:ec2:eu-west-1:131778591898:vpc-endpoint/vpce-01a5bad46bc2e0021","cidr_blocks":[],"dns_entry":[],"dns_options":[],"filter":null,"id":"vpce-01a5bad46bc2e0021","ip_address_type":"ipv4","network_interface_ids":["eni-0378bd45a4e0ba042"],"owner_id":"131778591898","policy":"","prefix_list_id":null,"private_dns_enabled":false,"region":"eu-west-1","requester_managed":true,"route_table_ids":[],"security_group_ids":[],"service_name":"com.amazonaws.vpce.eu-west-1.vpce-svc-0b04dd86db41ba610","state":"available","subnet_ids":["subnet-04e64e187fb855238"],"tags":{"AWSNetworkFirewallManaged":"true","Firewall":"arn:aws:network-firewall:eu-west-1:131778591898:firewall/network-hub-prod-network-firewall","Name":"network-hub-prod-network-firewall (eu-west-1b)","VPCEndpointAssociation":"arn:aws:network-firewall:eu-west-1:131778591898:vpc-endpoint-association/964b957c-1e48-32da-b501-347e94c36fce"},"timeouts":null,"vpc_endpoint_type":"GatewayLoadBalancer","vpc_id":"vpc-0d1da3b159ec41fbd"},"sensitive_attributes":[]},{"index_key":"2","schema_version":0,"attributes":{"arn":"arn:aws:ec2:eu-west-1:131778591898:vpc-endpoint/vpce-03ea7196ab6bdba91","cidr_blocks":[],"dns_entry":[],"dns_options":[],"filter":null,"id":"vpce-03ea7196ab6bdba91","ip_address_type":"ipv4","network_interface_ids":["eni-0c7aae572e940ebfc"],"owner_id":"131778591898","policy":"","prefix_list_id":null,"private_dns_enabled":false,"region":"eu-west-1","requester_managed":true,"route_table_ids":[],"security_group_ids":[],"service_name":"com.amazonaws.vpce.eu-west-1.vpce-svc-0a65d8ed7662eb851","state":"available","subnet_ids":["subnet-0040ba63b418bff19"],"tags":{"AWSNetworkFirewallManaged":"true","Firewall":"arn:aws:network-firewall:eu-west-1:131778591898:firewall/network-hub-prod-network-firewall","Name":"network-hub-prod-network-firewall (eu-west-1c)","VPCEndpointAssociation":"arn:aws:network-firewall:eu-west-1:131778591898:vpc-endpoint-association/a68d99da-b072-30cc-ab8b-ed70c88eb655"},"timeouts":null,"vpc_endpoint_type":"GatewayLoadBalancer","vpc_id":"vpc-0d1da3b159ec41fbd"},"sensitive_attributes":[]}]},{"module":"module.network_hub","mode":"data","type":"external","name":"dev_peering_attachment","provider":"provider[\"registry.opentofu.org/hashicorp/external\"]","instances":[{"index_key":0,"schema_version":0,"attributes":{"id":"-","program":["bash","-c","set -e\nresult=$(aws ec2 describe-transit-gateway-peering-attachments \\\n  --region eu-west-1 \\\n  --filters \\\n    \"Name=transit-gateway-id,Values=tgw-064572ba47d22fb2a\" \\\n    \"Name=state,Values=available,pendingAcceptance\" \\\n  --query 'TransitGatewayPeeringAttachments[?RequesterTgwInfo.OwnerId==`776564762201`] | [0].TransitGatewayAttachmentId' \\\n  --output text)\n    \nif [ \"$result\" = \"None\" ] || [ -z \"$result\" ]; then\n  echo '{\"id\":\"\"}'\nelse\n  echo \"{\\\"id\\\":\\\"$result\\\"}\"\nfi\n"],"query":null,"result":{"id":""},"working_dir":null},"sensitive_attributes":[]}]},{"module":"module.network_hub","mode":"data","type":"external","name":"dev_peering_attachment_nonprod","provider":"provider[\"registry.opentofu.org/hashicorp/external\"]","instances":[]},{"module":"module.network_hub","mode":"data","type":"external","name":"nonprod_peering_attachment","provider":"provider[\"registry.opentofu.org/hashicorp/external\"]","instances":[{"index_key":0,"schema_version":0,"attributes":{"id":"-","program":["bash","-c","result=$(aws ec2 describe-transit-gateway-peering-attachments \\\n  --region eu-west-1 \\\n  --filters \\\n    \"Name=transit-gateway-id,Values=tgw-064572ba47d22fb2a\" \\\n    \"Name=state,Values=available,pendingAcceptance\" \\\n  --output json | jq '.TransitGatewayPeeringAttachments[] | select(.RequesterTgwInfo.OwnerId==\"559413642457\") | {id: .TransitGatewayAttachmentId}')\n    \nif [ -z \"$result\" ]; then\n  echo '{\"id\":\"\"}'\nelse\n  echo \"$result\"\nfi\n"],"query":null,"result":{"id":"tgw-attach-0faed14cff9efea32"},"working_dir":null},"sensitive_attributes":[]}]},{"module":"module.network_hub","mode":"managed","type":"aws_default_route_table","name":"central_egress_main","provider":"provider[\"registry.opentofu.org/hashicorp/aws\"]","instances":[{"schema_version":0,"attributes":{"arn":"arn:aws:ec2:eu-west-1:131778591898:route-table/rtb-092dddb612d1bed7b","default_route_table_id":"rtb-092dddb612d1bed7b","id":"rtb-092dddb612d1bed7b","owner_id":"131778591898","propagating_vgws":[],"region":"eu-west-1","route":[{"cidr_block":"0.0.0.0/0","core_network_arn":"","destination_prefix_list_id":"","egress_only_gateway_id":"","gateway_id":"igw-03fa53ae97d506fed","instance_id":"","ipv6_cidr_block":"","nat_gateway_id":"","network_interface_id":"","transit_gateway_id":"","vpc_endpoint_id":"","vpc_peering_connection_id":""},{"cidr_block":"100.108.0.0/14","core_network_arn":"","destination_prefix_list_id":"","egress_only_gateway_id":"","gateway_id":"","instance_id":"","ipv6_cidr_block":"","nat_gateway_id":"","network_interface_id":"","transit_gateway_id":"tgw-064572ba47d22fb2a","vpc_endpoint_id":"","vpc_peering_connection_id":""}],"tags":{"CardData":"no","Classification":"nonpublic","Environment":"prod","GitURL":"https://gitlab.com/williamhillplc/technical-services/networks/channels-team.git","ManagedBy":"OpenTofu","Migrated":"no","Name":"network-hub-prod-egress-vpc-main-rt","Product":"network-hub","Project":"network-hub","Tier":"internal","Type":"main-route-table","VPC":"central-egress"},"tags_all":{"CardData":"no","Classification":"nonpublic","Environment":"prod","GitURL":"https://gitlab.com/williamhillplc/technical-services/networks/channels-team.git","ManagedBy":"OpenTofu","Migrated":"no","Name":"network-hub-prod-egress-vpc-main-rt","Product":"network-hub","Project":"network-hub","Tier":"internal","Type":"main-route-table","VPC":"central-egress"},"timeouts":null,"vpc_id":"vpc-0d1da3b159ec41fbd"},"sensitive_attributes":[],"private":"eyJlMmJmYjczMC1lY2FhLTExZTYtOGY4OC0zNDM2M2JjN2M0YzAiOnsiY3JlYXRlIjoxMjAwMDAwMDAwMDAsInVwZGF0ZSI6MTIwMDAwMDAwMDAwfX0=","dependencies":["module.network_hub.aws_vpc.central_egress"]}]},{"module":"module.network_hub","mode":"managed","type":"aws_default_route_table","name":"firewall_main","provider":"provider[\"registry.opentofu.org/hashicorp/aws\"]","instances":[{"schema_version":0,"attributes":{"arn":"arn:aws:ec2:eu-west-1:131778591898:route-table/rtb-0d556f768aa7736b1","default_route_table_id":"rtb-0d556f768aa7736b1","id":"rtb-0d556f768aa7736b1","owner_id":"131778591898","propagating_vgws":[],"region":"eu-west-1","route":[],"tags":{"CardData":"no","Classification":"nonpublic","Environment":"prod","GitURL":"https://gitlab.com/williamhillplc/technical-services/networks/channels-team.git","ManagedBy":"OpenTofu","Migrated":"no","Name":"network-hub-prod-firewall-vpc-main-rt","Product":"network-hub","Project":"network-hub","Tier":"internal","Type":"main-route-table","VPC":"firewall"},"tags_all":{"CardData":"no","Classification":"nonpublic","Environment":"prod","GitURL":"https://gitlab.com/williamhillplc/technical-services/networks/channels-team.git","ManagedBy":"OpenTofu","Migrated":"no","Name":"network-hub-prod-firewall-vpc-main-rt","Product":"network-hub","Project":"network-hub","Tier":"internal","Type":"main-route-table","VPC":"firewall"},"timeouts":null,"vpc_id":"vpc-048e0fd1f3533674c"},"sensitive_attributes":[],"private":"eyJlMmJmYjczMC1lY2FhLTExZTYtOGY4OC0zNDM2M2JjN2M0YzAiOnsiY3JlYXRlIjoxMjAwMDAwMDAwMDAsInVwZGF0ZSI6MTIwMDAwMDAwMDAwfX0=","dependencies":["module.network_hub.aws_vpc.firewall"]}]},{"module":"module.network_hub","mode":"managed","type":"aws_ec2_tag","name":"shared_tgw_environment","provider":"provider[\"registry.opentofu.org/hashicorp/aws\"]","instances":[]},{"module":"module.network_hub","mode":"managed","type":"aws_ec2_tag","name":"shared_tgw_name","provider":"provider[\"registry.opentofu.org/hashicorp/aws\"]","instances":[]},{"module":"module.network_hub","mode":"managed","type":"aws_ec2_tag","name":"shared_tgw_owner","provider":"provider[\"registry.opentofu.org/hashicorp/aws\"]","instances":[]},{"module":"module.network_hub","mode":"managed","type":"aws_ec2_tag","name":"shared_tgw_owner_id","provider":"provider[\"registry.opentofu.org/hashicorp/aws\"]","instances":[]},{"module":"module.network_hub","mode":"managed","type":"aws_ec2_tag","name":"shared_tgw_shared","provider":"provider[\"registry.opentofu.org/hashicorp/aws\"]","instances":[]},{"module":"module.network_hub","mode":"managed","type":"aws_ec2_transit_gateway","name":"main","provider":"provider[\"registry.opentofu.org/hashicorp/aws\"]","instances":[{"schema_version":0,"attributes":{"amazon_side_asn":64512,"arn":"arn:aws:ec2:eu-west-1:131778591898:transit-gateway/tgw-064572ba47d22fb2a","association_default_route_table_id":"","auto_accept_shared_attachments":"disable","default_route_table_association":"disable","default_route_table_propagation":"disable","description":"Main Transit Gateway for network-hub-prod","dns_support":"enable","id":"tgw-064572ba47d22fb2a","multicast_support":"disable","owner_id":"131778591898","propagation_default_route_table_id":"","region":"eu-west-1","security_group_referencing_support":"disable","tags":{"CardData":"no","Classification":"nonpublic","Environment":"prod","GitURL":"https://gitlab.com/williamhillplc/technical-services/networks/channels-team.git","ManagedBy":"OpenTofu","Migrated":"no","Name":"network-hub-prod-tgw","Product":"network-hub","Project":"network-hub","Tier":"internal","Type":"transit-gateway"},"tags_all":{"CardData":"no","Classification":"nonpublic","Environment":"prod","GitURL":"https://gitlab.com/williamhillplc/technical-services/networks/channels-team.git","ManagedBy":"OpenTofu","Migrated":"no","Name":"network-hub-prod-tgw","Product":"network-hub","Project":"network-hub","Tier":"internal","Type":"transit-gateway"},"timeouts":null,"transit_gateway_cidr_blocks":[],"vpn_ecmp_support":"enable"},"sensitive_attributes":[],"private":"eyJlMmJmYjczMC1lY2FhLTExZTYtOGY4OC0zNDM2M2JjN2M0YzAiOnsiY3JlYXRlIjo2MDAwMDAwMDAwMDAsImRlbGV0ZSI6NjAwMDAwMDAwMDAwLCJ1cGRhdGUiOjYwMDAwMDAwMDAwMH19"}]},{"module":"module.network_hub","mode":"managed","type":"aws_ec2_transit_gateway_peering_attachment","name":"dev_to_nonprod","provider":"provider[\"registry.opentofu.org/hashicorp/aws\"]","instances":[]},{"module":"module.network_hub","mode":"managed","type":"aws_ec2_transit_gateway_peering_attachment","name":"dev_to_prod","provider":"provider[\"registry.opentofu.org/hashicorp/aws\"]","instances":[]},{"module":"module.network_hub","mode":"managed","type":"aws_ec2_transit_gateway_peering_attachment","name":"nonprod_to_prod","provider":"provider[\"registry.opentofu.org/hashicorp/aws\"]","instances":[]},{"module":"module.network_hub","mode":"managed","type":"aws_ec2_transit_gateway_peering_attachment_accepter","name":"from_dev_to_nonprod","provider":"provider[\"registry.opentofu.org/hashicorp/aws\"]","instances":[]},{"module":"module.network_hub","mode":"managed","type":"aws_ec2_transit_gateway_peering_attachment_accepter","name":"from_dev_to_prod","provider":"provider[\"registry.opentofu.org/hashicorp/aws\"]","instances":[{"index_key":0,"schema_version":0,"attributes":{"id":"tgw-attach-0c46449b62928535c","peer_account_id":"776564762201","peer_region":"eu-west-1","peer_transit_gateway_id":"tgw-0284b236e26e8934e","region":"eu-west-1","tags":{},"tags_all":{},"transit_gateway_attachment_id":"tgw-attach-0c46449b62928535c","transit_gateway_id":"tgw-064572ba47d22fb2a"},"sensitive_attributes":[],"private":"eyJzY2hlbWFfdmVyc2lvbiI6IjAifQ=="}]},{"module":"module.network_hub","mode":"managed","type":"aws_ec2_transit_gateway_peering_attachment_accepter","name":"from_nonprod_to_prod","provider":"provider[\"registry.opentofu.org/hashicorp/aws\"]","instances":[{"index_key":0,"schema_version":0,"attributes":{"id":"tgw-attach-0faed14cff9efea32","peer_account_id":"559413642457","peer_region":"eu-west-1","peer_transit_gateway_id":"tgw-0d7306650a77fc440","region":"eu-west-1","tags":{"CardData":"no","Classification":"nonpublic","Direction":"inbound","Environment":"prod","GitURL":"https://gitlab.com/williamhillplc/technical-services/networks/channels-team.git","ManagedBy":"OpenTofu","Migrated":"no","Name":"tgw-peering-nonprod-to-prod","Product":"network-hub","Project":"network-hub","Side":"Accepter","SourceAccountId":"559413642457","SourceEnvironment":"nonprod","TargetAccountId":"131778591898","TargetEnvironment":"prod","Tier":"internal","Type":"tgw-peering"},"tags_all":{"CardData":"no","Classification":"nonpublic","Direction":"inbound","Environment":"prod","GitURL":"https://gitlab.com/williamhillplc/technical-services/networks/channels-team.git","ManagedBy":"OpenTofu","Migrated":"no","Name":"tgw-peering-nonprod-to-prod","Product":"network-hub","Project":"network-hub","Side":"Accepter","SourceAccountId":"559413642457","SourceEnvironment":"nonprod","TargetAccountId":"131778591898","TargetEnvironment":"prod","Tier":"internal","Type":"tgw-peering"},"transit_gateway_attachment_id":"tgw-attach-0faed14cff9efea32","transit_gateway_id":"tgw-064572ba47d22fb2a"},"sensitive_attributes":[],"private":"bnVsbA==","dependencies":["module.network_hub.aws_ec2_transit_gateway.main","module.network_hub.data.external.nonprod_peering_attachment"]}]},{"module":"module.network_hub","mode":"managed","type":"aws_ec2_transit_gateway_route","name":"blackhole_evoke_supernet","provider":"provider[\"registry.opentofu.org/hashicorp/aws\"]","instances":[{"schema_version":0,"attributes":{"blackhole":true,"destination_cidr_block":"100.96.0.0/11","id":"tgw-rtb-098be5d8ef7a22647_100.96.0.0/11","region":"eu-west-1","transit_gateway_attachment_id":"","transit_gateway_route_table_id":"tgw-rtb-098be5d8ef7a22647"},"sensitive_attributes":[],"private":"bnVsbA==","dependencies":["module.network_hub.aws_ec2_transit_gateway.main","module.network_hub.aws_ec2_transit_gateway_route_table.main"]}]},{"module":"module.network_hub","mode":"managed","type":"aws_ec2_transit_gateway_route","name":"dev_to_nonprod","provider":"provider[\"registry.opentofu.org/hashicorp/aws\"]","instances":[]},{"module":"module.network_hub","mode":"managed","type":"aws_ec2_transit_gateway_route","name":"dev_to_prod","provider":"provider[\"registry.opentofu.org/hashicorp/aws\"]","instances":[]},{"module":"module.network_hub","mode":"managed","type":"aws_ec2_transit_gateway_route","name":"main_default_to_egress","provider":"provider[\"registry.opentofu.org/hashicorp/aws\"]","instances":[{"schema_version":0,"attributes":{"blackhole":false,"destination_cidr_block":"0.0.0.0/0","id":"tgw-rtb-098be5d8ef7a22647_0.0.0.0/0","region":"eu-west-1","transit_gateway_attachment_id":"tgw-attach-0cce9595a8912ab72","transit_gateway_route_table_id":"tgw-rtb-098be5d8ef7a22647"},"sensitive_attributes":[],"private":"bnVsbA==","dependencies":["module.network_hub.aws_ec2_transit_gateway.main","module.network_hub.aws_ec2_transit_gateway_route_table.main","module.network_hub.aws_ec2_transit_gateway_vpc_attachment.central_egress_vpc","module.network_hub.aws_subnet.egress_private","module.network_hub.aws_vpc.central_egress","module.network_hub.data.aws_availability_zones.available"]}]},{"module":"module.network_hub","mode":"managed","type":"aws_ec2_transit_gateway_route","name":"nonprod_to_dev","provider":"provider[\"registry.opentofu.org/hashicorp/aws\"]","instances":[]},{"module":"module.network_hub","mode":"managed","type":"aws_ec2_transit_gateway_route","name":"nonprod_to_prod","provider":"provider[\"registry.opentofu.org/hashicorp/aws\"]","instances":[]},{"module":"module.network_hub","mode":"managed","type":"aws_ec2_transit_gateway_route","name":"prod_to_nonprod","provider":"provider[\"registry.opentofu.org/hashicorp/aws\"]","instances":[{"index_key":0,"schema_version":0,"attributes":{"blackhole":false,"destination_cidr_block":"100.104.0.0/14","id":"tgw-rtb-098be5d8ef7a22647_100.104.0.0/14","region":"eu-west-1","transit_gateway_attachment_id":"tgw-attach-0faed14cff9efea32","transit_gateway_route_table_id":"tgw-rtb-098be5d8ef7a22647"},"sensitive_attributes":[],"private":"bnVsbA==","dependencies":["module.network_hub.aws_ec2_transit_gateway.main","module.network_hub.aws_ec2_transit_gateway_peering_attachment_accepter.from_nonprod_to_prod","module.network_hub.aws_ec2_transit_gateway_route_table.main","module.network_hub.data.external.nonprod_peering_attachment"]}]},{"module":"module.network_hub","mode":"managed","type":"aws_ec2_transit_gateway_route_table","name":"main","provider":"provider[\"registry.opentofu.org/hashicorp/aws\"]","instances":[{"schema_version":0,"attributes":{"arn":"arn:aws:ec2:eu-west-1:131778591898:transit-gateway-route-table/tgw-rtb-098be5d8ef7a22647","default_association_route_table":false,"default_propagation_route_table":false,"id":"tgw-rtb-098be5d8ef7a22647","region":"eu-west-1","tags":{"CardData":"no","Classification":"nonpublic","Environment":"prod","GitURL":"https://gitlab.com/williamhillplc/technical-services/networks/channels-team.git","ManagedBy":"OpenTofu","Migrated":"no","Name":"network-hub-prod-tgw-rt-main","Product":"network-hub","Project":"network-hub","Purpose":"main-routing","Tier":"internal","Type":"tgw-route-table"},"tags_all":{"CardData":"no","Classification":"nonpublic","Environment":"prod","GitURL":"https://gitlab.com/williamhillplc/technical-services/networks/channels-team.git","ManagedBy":"OpenTofu","Migrated":"no","Name":"network-hub-prod-tgw-rt-main","Product":"network-hub","Project":"network-hub","Purpose":"main-routing","Tier":"internal","Type":"tgw-route-table"},"transit_gateway_id":"tgw-064572ba47d22fb2a"},"sensitive_attributes":[],"private":"bnVsbA==","dependencies":["module.network_hub.aws_ec2_transit_gateway.main"]}]},{"module":"module.network_hub","mode":"managed","type":"aws_ec2_transit_gateway_route_table_association","name":"dev_to_nonprod","provider":"provider[\"registry.opentofu.org/hashicorp/aws\"]","instances":[]},{"module":"module.network_hub","mode":"managed","type":"aws_ec2_transit_gateway_route_table_association","name":"dev_to_prod","provider":"provider[\"registry.opentofu.org/hashicorp/aws\"]","instances":[]},{"module":"module.network_hub","mode":"managed","type":"aws_ec2_transit_gateway_route_table_association","name":"from_dev_to_nonprod","provider":"provider[\"registry.opentofu.org/hashicorp/aws\"]","instances":[]},{"module":"module.network_hub","mode":"managed","type":"aws_ec2_transit_gateway_route_table_association","name":"from_nonprod_to_prod","provider":"provider[\"registry.opentofu.org/hashicorp/aws\"]","instances":[{"index_key":0,"schema_version":0,"attributes":{"id":"tgw-rtb-098be5d8ef7a22647_tgw-attach-0faed14cff9efea32","region":"eu-west-1","replace_existing_association":false,"resource_id":"tgw-064572ba47d22fb2a","resource_type":"peering","transit_gateway_attachment_id":"tgw-attach-0faed14cff9efea32","transit_gateway_route_table_id":"tgw-rtb-098be5d8ef7a22647"},"sensitive_attributes":[],"private":"bnVsbA==","dependencies":["module.network_hub.aws_ec2_transit_gateway.main","module.network_hub.aws_ec2_transit_gateway_peering_attachment_accepter.from_nonprod_to_prod","module.network_hub.aws_ec2_transit_gateway_route_table.main","module.network_hub.data.external.nonprod_peering_attachment"]}]},{"module":"module.network_hub","mode":"managed","type":"aws_ec2_transit_gateway_route_table_association","name":"main_egress_vpc","provider":"provider[\"registry.opentofu.org/hashicorp/aws\"]","instances":[{"schema_version":0,"attributes":{"id":"tgw-rtb-098be5d8ef7a22647_tgw-attach-0cce9595a8912ab72","region":"eu-west-1","replace_existing_association":false,"resource_id":"vpc-0d1da3b159ec41fbd","resource_type":"vpc","transit_gateway_attachment_id":"tgw-attach-0cce9595a8912ab72","transit_gateway_route_table_id":"tgw-rtb-098be5d8ef7a22647"},"sensitive_attributes":[],"private":"bnVsbA==","dependencies":["module.network_hub.aws_ec2_transit_gateway.main","module.network_hub.aws_ec2_transit_gateway_route_table.main","module.network_hub.aws_ec2_transit_gateway_vpc_attachment.central_egress_vpc","module.network_hub.aws_subnet.egress_private","module.network_hub.aws_vpc.central_egress","module.network_hub.data.aws_availability_zones.available"]}]},{"module":"module.network_hub","mode":"managed","type":"aws_ec2_transit_gateway_route_table_association","name":"nonprod_to_prod","provider":"provider[\"registry.opentofu.org/hashicorp/aws\"]","instances":[]},{"module":"module.network_hub","mode":"managed","type":"aws_ec2_transit_gateway_vpc_attachment","name":"central_egress_vpc","provider":"provider[\"registry.opentofu.org/hashicorp/aws\"]","instances":[{"schema_version":0,"attributes":{"appliance_mode_support":"enable","arn":"arn:aws:ec2:eu-west-1:131778591898:transit-gateway-attachment/tgw-attach-0cce9595a8912ab72","dns_support":"enable","id":"tgw-attach-0cce9595a8912ab72","ipv6_support":"disable","region":"eu-west-1","security_group_referencing_support":"enable","subnet_ids":["subnet-01fdcd47c0f07ffeb","subnet-02fffa865e28e658f","subnet-0f6e976b63ff3912e"],"tags":{"CardData":"no","Classification":"nonpublic","Environment":"prod","GitURL":"https://gitlab.com/williamhillplc/technical-services/networks/channels-team.git","ManagedBy":"OpenTofu","Migrated":"no","Name":"network-hub-prod-tgw-attachment-egress-vpc","Product":"network-hub","Project":"network-hub","Tier":"internal","Type":"tgw-attachment","VPC":"central-egress"},"tags_all":{"CardData":"no","Classification":"nonpublic","Environment":"prod","GitURL":"https://gitlab.com/williamhillplc/technical-services/networks/channels-team.git","ManagedBy":"OpenTofu","Migrated":"no","Name":"network-hub-prod-tgw-attachment-egress-vpc","Product":"network-hub","Project":"network-hub","Tier":"internal","Type":"tgw-attachment","VPC":"central-egress"},"transit_gateway_default_route_table_association":false,"transit_gateway_default_route_table_propagation":false,"transit_gateway_id":"tgw-064572ba47d22fb2a","vpc_id":"vpc-0d1da3b159ec41fbd","vpc_owner_id":"131778591898"},"sensitive_attributes":[],"private":"bnVsbA==","dependencies":["module.network_hub.aws_ec2_transit_gateway.main","module.network_hub.aws_subnet.egress_private","module.network_hub.aws_vpc.central_egress","module.network_hub.data.aws_availability_zones.available"]}]},{"module":"module.network_hub","mode":"managed","type":"aws_eip","name":"nat_gateway","provider":"provider[\"registry.opentofu.org/hashicorp/aws\"]","instances":[{"index_key":0,"schema_version":0,"attributes":{"address":null,"allocation_id":"eipalloc-06776500a4c1e4e1e","arn":"arn:aws:ec2:eu-west-1:131778591898:elastic-ip/eipalloc-06776500a4c1e4e1e","associate_with_private_ip":null,"association_id":"eipassoc-0d88f24a3b60c8ab6","carrier_ip":"","customer_owned_ip":"","customer_owned_ipv4_pool":"","domain":"vpc","id":"eipalloc-06776500a4c1e4e1e","instance":"","ipam_pool_id":null,"network_border_group":"eu-west-1","network_interface":"eni-0c60ffbfe9c77fb74","private_dns":"ip-100-108-2-56.eu-west-1.compute.internal","private_ip":"100.108.2.56","ptr_record":"","public_dns":"ec2-54-217-175-196.eu-west-1.compute.amazonaws.com","public_ip":"54.217.175.196","public_ipv4_pool":"amazon","region":"eu-west-1","tags":{"AZ":"eu-west-1a","CardData":"no","Classification":"nonpublic","Environment":"prod","GitURL":"https://gitlab.com/williamhillplc/technical-services/networks/channels-team.git","ManagedBy":"OpenTofu","Migrated":"no","Name":"network-hub-prod-nat-eip-1a","Product":"network-hub","Project":"network-hub","Purpose":"nat-gateway","Tier":"internal","Type":"elastic-ip"},"tags_all":{"AZ":"eu-west-1a","CardData":"no","Classification":"nonpublic","Environment":"prod","GitURL":"https://gitlab.com/williamhillplc/technical-services/networks/channels-team.git","ManagedBy":"OpenTofu","Migrated":"no","Name":"network-hub-prod-nat-eip-1a","Product":"network-hub","Project":"network-hub","Purpose":"nat-gateway","Tier":"internal","Type":"elastic-ip"},"timeouts":null},"sensitive_attributes":[],"private":"eyJlMmJmYjczMC1lY2FhLTExZTYtOGY4OC0zNDM2M2JjN2M0YzAiOnsiZGVsZXRlIjoxODAwMDAwMDAwMDAsInJlYWQiOjkwMDAwMDAwMDAwMCwidXBkYXRlIjozMDAwMDAwMDAwMDB9fQ==","dependencies":["module.network_hub.aws_internet_gateway.central_egress","module.network_hub.aws_vpc.central_egress","module.network_hub.data.aws_availability_zones.available"]},{"index_key":1,"schema_version":0,"attributes":{"address":null,"allocation_id":"eipalloc-0e8a48ac5cc123765","arn":"arn:aws:ec2:eu-west-1:131778591898:elastic-ip/eipalloc-0e8a48ac5cc123765","associate_with_private_ip":null,"association_id":"eipassoc-02a3d61c51506b934","carrier_ip":"","customer_owned_ip":"","customer_owned_ipv4_pool":"","domain":"vpc","id":"eipalloc-0e8a48ac5cc123765","instance":"","ipam_pool_id":null,"network_border_group":"eu-west-1","network_interface":"eni-0f6c8fdd5f91a7924","private_dns":"ip-100-108-2-72.eu-west-1.compute.internal","private_ip":"100.108.2.72","ptr_record":"","public_dns":"ec2-63-35-200-35.eu-west-1.compute.amazonaws.com","public_ip":"63.35.200.35","public_ipv4_pool":"amazon","region":"eu-west-1","tags":{"AZ":"eu-west-1b","CardData":"no","Classification":"nonpublic","Environment":"prod","GitURL":"https://gitlab.com/williamhillplc/technical-services/networks/channels-team.git","ManagedBy":"OpenTofu","Migrated":"no","Name":"network-hub-prod-nat-eip-1b","Product":"network-hub","Project":"network-hub","Purpose":"nat-gateway","Tier":"internal","Type":"elastic-ip"},"tags_all":{"AZ":"eu-west-1b","CardData":"no","Classification":"nonpublic","Environment":"prod","GitURL":"https://gitlab.com/williamhillplc/technical-services/networks/channels-team.git","ManagedBy":"OpenTofu","Migrated":"no","Name":"network-hub-prod-nat-eip-1b","Product":"network-hub","Project":"network-hub","Purpose":"nat-gateway","Tier":"internal","Type":"elastic-ip"},"timeouts":null},"sensitive_attributes":[],"private":"eyJlMmJmYjczMC1lY2FhLTExZTYtOGY4OC0zNDM2M2JjN2M0YzAiOnsiZGVsZXRlIjoxODAwMDAwMDAwMDAsInJlYWQiOjkwMDAwMDAwMDAwMCwidXBkYXRlIjozMDAwMDAwMDAwMDB9fQ==","dependencies":["module.network_hub.aws_internet_gateway.central_egress","module.network_hub.aws_vpc.central_egress","module.network_hub.data.aws_availability_zones.available"]},{"index_key":2,"schema_version":0,"attributes":{"address":null,"allocation_id":"eipalloc-0fe4b5b552d802baf","arn":"arn:aws:ec2:eu-west-1:131778591898:elastic-ip/eipalloc-0fe4b5b552d802baf","associate_with_private_ip":null,"association_id":"eipassoc-0eb17f091bf507a01","carrier_ip":"","customer_owned_ip":"","customer_owned_ipv4_pool":"","domain":"vpc","id":"eipalloc-0fe4b5b552d802baf","instance":"","ipam_pool_id":null,"network_border_group":"eu-west-1","network_interface":"eni-04d5f4d06f18457f9","private_dns":"ip-100-108-2-93.eu-west-1.compute.internal","private_ip":"100.108.2.93","ptr_record":"","public_dns":"ec2-54-75-103-68.eu-west-1.compute.amazonaws.com","public_ip":"54.75.103.68","public_ipv4_pool":"amazon","region":"eu-west-1","tags":{"AZ":"eu-west-1c","CardData":"no","Classification":"nonpublic","Environment":"prod","GitURL":"https://gitlab.com/williamhillplc/technical-services/networks/channels-team.git","ManagedBy":"OpenTofu","Migrated":"no","Name":"network-hub-prod-nat-eip-1c","Product":"network-hub","Project":"network-hub","Purpose":"nat-gateway","Tier":"internal","Type":"elastic-ip"},"tags_all":{"AZ":"eu-west-1c","CardData":"no","Classification":"nonpublic","Environment":"prod","GitURL":"https://gitlab.com/williamhillplc/technical-services/networks/channels-team.git","ManagedBy":"OpenTofu","Migrated":"no","Name":"network-hub-prod-nat-eip-1c","Product":"network-hub","Project":"network-hub","Purpose":"nat-gateway","Tier":"internal","Type":"elastic-ip"},"timeouts":null},"sensitive_attributes":[],"private":"eyJlMmJmYjczMC1lY2FhLTExZTYtOGY4OC0zNDM2M2JjN2M0YzAiOnsiZGVsZXRlIjoxODAwMDAwMDAwMDAsInJlYWQiOjkwMDAwMDAwMDAwMCwidXBkYXRlIjozMDAwMDAwMDAwMDB9fQ==","dependencies":["module.network_hub.aws_internet_gateway.central_egress","module.network_hub.aws_vpc.central_egress","module.network_hub.data.aws_availability_zones.available"]}]},{"module":"module.network_hub","mode":"managed","type":"aws_internet_gateway","name":"central_egress","provider":"provider[\"registry.opentofu.org/hashicorp/aws\"]","instances":[{"schema_version":0,"attributes":{"arn":"arn:aws:ec2:eu-west-1:131778591898:internet-gateway/igw-03fa53ae97d506fed","id":"igw-03fa53ae97d506fed","owner_id":"131778591898","region":"eu-west-1","tags":{"CardData":"no","Classification":"nonpublic","Environment":"prod","GitURL":"https://gitlab.com/williamhillplc/technical-services/networks/channels-team.git","ManagedBy":"OpenTofu","Migrated":"no","Name":"network-hub-prod-egress-igw","Product":"network-hub","Project":"network-hub","Tier":"internal","Type":"internet-gateway","VPC":"central-egress"},"tags_all":{"CardData":"no","Classification":"nonpublic","Environment":"prod","GitURL":"https://gitlab.com/williamhillplc/technical-services/networks/channels-team.git","ManagedBy":"OpenTofu","Migrated":"no","Name":"network-hub-prod-egress-igw","Product":"network-hub","Project":"network-hub","Tier":"internal","Type":"internet-gateway","VPC":"central-egress"},"timeouts":null,"vpc_id":"vpc-0d1da3b159ec41fbd"},"sensitive_attributes":[],"private":"eyJlMmJmYjczMC1lY2FhLTExZTYtOGY4OC0zNDM2M2JjN2M0YzAiOnsiY3JlYXRlIjoxMjAwMDAwMDAwMDAwLCJkZWxldGUiOjEyMDAwMDAwMDAwMDAsInVwZGF0ZSI6MTIwMDAwMDAwMDAwMH19","dependencies":["module.network_hub.aws_vpc.central_egress"]}]},{"module":"module.network_hub","mode":"managed","type":"aws_nat_gateway","name":"central_egress","provider":"provider[\"registry.opentofu.org/hashicorp/aws\"]","instances":[{"index_key":0,"schema_version":0,"attributes":{"allocation_id":"eipalloc-06776500a4c1e4e1e","association_id":"eipassoc-0d88f24a3b60c8ab6","connectivity_type":"public","id":"nat-0d9e03bf76a73dabe","network_interface_id":"eni-0c60ffbfe9c77fb74","private_ip":"100.108.2.56","public_ip":"54.217.175.196","region":"eu-west-1","secondary_allocation_ids":[],"secondary_private_ip_address_count":0,"secondary_private_ip_addresses":[],"subnet_id":"subnet-06b6a397e179f937b","tags":{"AZ":"eu-west-1a","CardData":"no","Classification":"nonpublic","Environment":"prod","GitURL":"https://gitlab.com/williamhillplc/technical-services/networks/channels-team.git","ManagedBy":"OpenTofu","Migrated":"no","Name":"network-hub-prod-nat-gw-1a","Product":"network-hub","Project":"network-hub","Subnet":"subnet-06b6a397e179f937b","Tier":"internal","Type":"nat-gateway"},"tags_all":{"AZ":"eu-west-1a","CardData":"no","Classification":"nonpublic","Environment":"prod","GitURL":"https://gitlab.com/williamhillplc/technical-services/networks/channels-team.git","ManagedBy":"OpenTofu","Migrated":"no","Name":"network-hub-prod-nat-gw-1a","Product":"network-hub","Project":"network-hub","Subnet":"subnet-06b6a397e179f937b","Tier":"internal","Type":"nat-gateway"},"timeouts":null},"sensitive_attributes":[],"private":"eyJlMmJmYjczMC1lY2FhLTExZTYtOGY4OC0zNDM2M2JjN2M0YzAiOnsiY3JlYXRlIjo2MDAwMDAwMDAwMDAsImRlbGV0ZSI6MTgwMDAwMDAwMDAwMCwidXBkYXRlIjo2MDAwMDAwMDAwMDB9fQ==","dependencies":["module.network_hub.aws_eip.nat_gateway","module.network_hub.aws_internet_gateway.central_egress","module.network_hub.aws_subnet.egress_public","module.network_hub.aws_vpc.central_egress","module.network_hub.data.aws_availability_zones.available"]},{"index_key":1,"schema_version":0,"attributes":{"allocation_id":"eipalloc-0e8a48ac5cc123765","association_id":"eipassoc-02a3d61c51506b934","connectivity_type":"public","id":"nat-0eb464759d74915de","network_interface_id":"eni-0f6c8fdd5f91a7924","private_ip":"100.108.2.72","public_ip":"63.35.200.35","region":"eu-west-1","secondary_allocation_ids":[],"secondary_private_ip_address_count":0,"secondary_private_ip_addresses":[],"subnet_id":"subnet-0f63ae70b115c970a","tags":{"AZ":"eu-west-1b","CardData":"no","Classification":"nonpublic","Environment":"prod","GitURL":"https://gitlab.com/williamhillplc/technical-services/networks/channels-team.git","ManagedBy":"OpenTofu","Migrated":"no","Name":"network-hub-prod-nat-gw-1b","Product":"network-hub","Project":"network-hub","Subnet":"subnet-0f63ae70b115c970a","Tier":"internal","Type":"nat-gateway"},"tags_all":{"AZ":"eu-west-1b","CardData":"no","Classification":"nonpublic","Environment":"prod","GitURL":"https://gitlab.com/williamhillplc/technical-services/networks/channels-team.git","ManagedBy":"OpenTofu","Migrated":"no","Name":"network-hub-prod-nat-gw-1b","Product":"network-hub","Project":"network-hub","Subnet":"subnet-0f63ae70b115c970a","Tier":"internal","Type":"nat-gateway"},"timeouts":null},"sensitive_attributes":[],"private":"eyJlMmJmYjczMC1lY2FhLTExZTYtOGY4OC0zNDM2M2JjN2M0YzAiOnsiY3JlYXRlIjo2MDAwMDAwMDAwMDAsImRlbGV0ZSI6MTgwMDAwMDAwMDAwMCwidXBkYXRlIjo2MDAwMDAwMDAwMDB9fQ==","dependencies":["module.network_hub.aws_eip.nat_gateway","module.network_hub.aws_internet_gateway.central_egress","module.network_hub.aws_subnet.egress_public","module.network_hub.aws_vpc.central_egress","module.network_hub.data.aws_availability_zones.available"]},{"index_key":2,"schema_version":0,"attributes":{"allocation_id":"eipalloc-0fe4b5b552d802baf","association_id":"eipassoc-0eb17f091bf507a01","connectivity_type":"public","id":"nat-00d39181c6771911f","network_interface_id":"eni-04d5f4d06f18457f9","private_ip":"100.108.2.93","public_ip":"54.75.103.68","region":"eu-west-1","secondary_allocation_ids":[],"secondary_private_ip_address_count":0,"secondary_private_ip_addresses":[],"subnet_id":"subnet-0329975c6601cdcdb","tags":{"AZ":"eu-west-1c","CardData":"no","Classification":"nonpublic","Environment":"prod","GitURL":"https://gitlab.com/williamhillplc/technical-services/networks/channels-team.git","ManagedBy":"OpenTofu","Migrated":"no","Name":"network-hub-prod-nat-gw-1c","Product":"network-hub","Project":"network-hub","Subnet":"subnet-0329975c6601cdcdb","Tier":"internal","Type":"nat-gateway"},"tags_all":{"AZ":"eu-west-1c","CardData":"no","Classification":"nonpublic","Environment":"prod","GitURL":"https://gitlab.com/williamhillplc/technical-services/networks/channels-team.git","ManagedBy":"OpenTofu","Migrated":"no","Name":"network-hub-prod-nat-gw-1c","Product":"network-hub","Project":"network-hub","Subnet":"subnet-0329975c6601cdcdb","Tier":"internal","Type":"nat-gateway"},"timeouts":null},"sensitive_attributes":[],"private":"eyJlMmJmYjczMC1lY2FhLTExZTYtOGY4OC0zNDM2M2JjN2M0YzAiOnsiY3JlYXRlIjo2MDAwMDAwMDAwMDAsImRlbGV0ZSI6MTgwMDAwMDAwMDAwMCwidXBkYXRlIjo2MDAwMDAwMDAwMDB9fQ==","dependencies":["module.network_hub.aws_eip.nat_gateway","module.network_hub.aws_internet_gateway.central_egress","module.network_hub.aws_subnet.egress_public","module.network_hub.aws_vpc.central_egress","module.network_hub.data.aws_availability_zones.available"]}]},{"module":"module.network_hub","mode":"managed","type":"aws_networkfirewall_firewall","name":"main","provider":"provider[\"registry.opentofu.org/hashicorp/aws\"]","instances":[{"schema_version":0,"attributes":{"arn":"arn:aws:network-firewall:eu-west-1:131778591898:firewall/network-hub-prod-network-firewall","delete_protection":false,"description":"","enabled_analysis_types":[],"encryption_configuration":[],"firewall_policy_arn":"arn:aws:network-firewall:eu-west-1:131778591898:firewall-policy/network-hub-prod-firewall-policy","firewall_policy_change_protection":false,"firewall_status":[{"sync_states":[{"attachment":[{"endpoint_id":"vpce-025bc1f54825bfd1a","subnet_id":"subnet-0d5fff51969cea403"}],"availability_zone":"eu-west-1b"},{"attachment":[{"endpoint_id":"vpce-059389703af4ac9a0","subnet_id":"subnet-06cd9906ae4747c73"}],"availability_zone":"eu-west-1c"},{"attachment":[{"endpoint_id":"vpce-05b9da3719613db0c","subnet_id":"subnet-0950619ce8c96da7e"}],"availability_zone":"eu-west-1a"}]}],"id":"arn:aws:network-firewall:eu-west-1:131778591898:firewall/network-hub-prod-network-firewall","name":"network-hub-prod-network-firewall","region":"eu-west-1","subnet_change_protection":false,"subnet_mapping":[{"ip_address_type":"IPV4","subnet_id":"subnet-06cd9906ae4747c73"},{"ip_address_type":"IPV4","subnet_id":"subnet-0950619ce8c96da7e"},{"ip_address_type":"IPV4","subnet_id":"subnet-0d5fff51969cea403"}],"tags":{"CardData":"no","Classification":"nonpublic","Environment":"prod","GitURL":"https://gitlab.com/williamhillplc/technical-services/networks/channels-team.git","ManagedBy":"OpenTofu","Migrated":"no","Name":"network-hub-prod-network-firewall","Product":"network-hub","Project":"network-hub","Tier":"internal","Type":"network-firewall"},"tags_all":{"CardData":"no","Classification":"nonpublic","Environment":"prod","GitURL":"https://gitlab.com/williamhillplc/technical-services/networks/channels-team.git","ManagedBy":"OpenTofu","Migrated":"no","Name":"network-hub-prod-network-firewall","Product":"network-hub","Project":"network-hub","Tier":"internal","Type":"network-firewall"},"timeouts":null,"update_token":"e4a076c8-7a4a-46f6-8107-af58dadce348","vpc_id":"vpc-048e0fd1f3533674c"},"sensitive_attributes":[],"private":"eyJlMmJmYjczMC1lY2FhLTExZTYtOGY4OC0zNDM2M2JjN2M0YzAiOnsiY3JlYXRlIjoxODAwMDAwMDAwMDAwLCJkZWxldGUiOjE4MDAwMDAwMDAwMDAsInVwZGF0ZSI6MTgwMDAwMDAwMDAwMH19","dependencies":["module.network_hub.aws_networkfirewall_firewall_policy.main","module.network_hub.aws_networkfirewall_rule_group.domain_allowlist","module.network_hub.aws_networkfirewall_rule_group.ip_rules","module.network_hub.aws_subnet.firewall_endpoint","module.network_hub.aws_vpc.firewall","module.network_hub.data.aws_availability_zones.available"]}]},{"module":"module.network_hub","mode":"managed","type":"aws_networkfirewall_firewall_policy","name":"main","provider":"provider[\"registry.opentofu.org/hashicorp/aws\"]","instances":[{"schema_version":0,"attributes":{"arn":"arn:aws:network-firewall:eu-west-1:131778591898:firewall-policy/network-hub-prod-firewall-policy","description":"","encryption_configuration":[],"firewall_policy":[{"policy_variables":[],"stateful_default_actions":["aws:alert_strict","aws:drop_established"],"stateful_engine_options":[{"flow_timeouts":[],"rule_order":"STRICT_ORDER","stream_exception_policy":""}],"stateful_rule_group_reference":[{"deep_threat_inspection":"","override":[],"priority":100,"resource_arn":"arn:aws:network-firewall:eu-west-1:131778591898:stateful-rulegroup/network-hub-prod-domain-allowlist"},{"deep_threat_inspection":"","override":[],"priority":300,"resource_arn":"arn:aws:network-firewall:eu-west-1:131778591898:stateful-rulegroup/network-hub-prod-ip-rule-group"}],"stateless_custom_action":[],"stateless_default_actions":["aws:forward_to_sfe"],"stateless_fragment_default_actions":["aws:forward_to_sfe"],"stateless_rule_group_reference":[],"tls_inspection_configuration_arn":""}],"id":"arn:aws:network-firewall:eu-west-1:131778591898:firewall-policy/network-hub-prod-firewall-policy","name":"network-hub-prod-firewall-policy","region":"eu-west-1","tags":{"CardData":"no","Classification":"nonpublic","Environment":"prod","GitURL":"https://gitlab.com/williamhillplc/technical-services/networks/channels-team.git","ManagedBy":"OpenTofu","Migrated":"no","Name":"network-hub-prod-firewall-policy","Product":"network-hub","Project":"network-hub","Tier":"internal","Type":"firewall-policy"},"tags_all":{"CardData":"no","Classification":"nonpublic","Environment":"prod","GitURL":"https://gitlab.com/williamhillplc/technical-services/networks/channels-team.git","ManagedBy":"OpenTofu","Migrated":"no","Name":"network-hub-prod-firewall-policy","Product":"network-hub","Project":"network-hub","Tier":"internal","Type":"firewall-policy"},"update_token":"996d9b4c-fbdb-4161-8c05-0d9a2fde6a91"},"sensitive_attributes":[],"private":"bnVsbA==","dependencies":["module.network_hub.aws_networkfirewall_rule_group.domain_allowlist","module.network_hub.aws_networkfirewall_rule_group.ip_rules"]}]},{"module":"module.network_hub","mode":"managed","type":"aws_networkfirewall_rule_group","name":"domain_allowlist","provider":"provider[\"registry.opentofu.org/hashicorp/aws\"]","instances":[{"index_key":0,"schema_version":0,"attributes":{"arn":"arn:aws:network-firewall:eu-west-1:131778591898:stateful-rulegroup/network-hub-prod-domain-allowlist","capacity":100,"description":"","encryption_configuration":[],"id":"arn:aws:network-firewall:eu-west-1:131778591898:stateful-rulegroup/network-hub-prod-domain-allowlist","name":"network-hub-prod-domain-allowlist","region":"eu-west-1","rule_group":[{"reference_sets":[],"rule_variables":[{"ip_sets":[{"ip_set":[{"definition":["100.108.0.0/14"]}],"key":"HOME_NET"}],"port_sets":[]}],"rules_source":[{"rules_source_list":[{"generated_rules_type":"ALLOWLIST","target_types":["HTTP_HOST","TLS_SNI"],"targets":[".amazon.com",".ifconfig.me","bbc.co.uk","example.com"]}],"rules_string":"","stateful_rule":[],"stateless_rules_and_custom_actions":[]}],"stateful_rule_options":[{"rule_order":"STRICT_ORDER"}]}],"rules":null,"tags":{"CardData":"no","Classification":"nonpublic","Environment":"prod","GitURL":"https://gitlab.com/williamhillplc/technical-services/networks/channels-team.git","ManagedBy":"OpenTofu","Migrated":"no","Name":"network-hub-prod-domain-allowlist","Product":"network-hub","Project":"network-hub","Tier":"internal","Type":"rule-group"},"tags_all":{"CardData":"no","Classification":"nonpublic","Environment":"prod","GitURL":"https://gitlab.com/williamhillplc/technical-services/networks/channels-team.git","ManagedBy":"OpenTofu","Migrated":"no","Name":"network-hub-prod-domain-allowlist","Product":"network-hub","Project":"network-hub","Tier":"internal","Type":"rule-group"},"type":"STATEFUL","update_token":"4bcff8f2-b28f-48ee-9282-910f73acd7fd"},"sensitive_attributes":[],"private":"bnVsbA=="}]},{"module":"module.network_hub","mode":"managed","type":"aws_networkfirewall_rule_group","name":"ip_rules","provider":"provider[\"registry.opentofu.org/hashicorp/aws\"]","instances":[{"index_key":0,"schema_version":0,"attributes":{"arn":"arn:aws:network-firewall:eu-west-1:131778591898:stateful-rulegroup/network-hub-prod-ip-rule-group","capacity":100,"description":"","encryption_configuration":[],"id":"arn:aws:network-firewall:eu-west-1:131778591898:stateful-rulegroup/network-hub-prod-ip-rule-group","name":"network-hub-prod-ip-rule-group","region":"eu-west-1","rule_group":[{"reference_sets":[],"rule_variables":[],"rules_source":[{"rules_source_list":[],"rules_string":"","stateful_rule":[{"action":"PASS","header":[{"destination":"1.0.0.1","destination_port":"ANY","direction":"ANY","protocol":"ICMP","source":"ANY","source_port":"ANY"}],"rule_option":[{"keyword":"sid","settings":["1"]}]},{"action":"DROP","header":[{"destination":"169.254.169.254","destination_port":"ANY","direction":"ANY","protocol":"TCP","source":"ANY","source_port":"ANY"}],"rule_option":[{"keyword":"sid","settings":["2"]}]}],"stateless_rules_and_custom_actions":[]}],"stateful_rule_options":[{"rule_order":"STRICT_ORDER"}]}],"rules":null,"tags":{"CardData":"no","Classification":"nonpublic","Environment":"prod","GitURL":"https://gitlab.com/williamhillplc/technical-services/networks/channels-team.git","ManagedBy":"OpenTofu","Migrated":"no","Name":"network-hub-prod-ip-rule-group","Product":"network-hub","Project":"network-hub","Tier":"internal","Type":"rule-group"},"tags_all":{"CardData":"no","Classification":"nonpublic","Environment":"prod","GitURL":"https://gitlab.com/williamhillplc/technical-services/networks/channels-team.git","ManagedBy":"OpenTofu","Migrated":"no","Name":"network-hub-prod-ip-rule-group","Product":"network-hub","Project":"network-hub","Tier":"internal","Type":"rule-group"},"type":"STATEFUL","update_token":"b4829028-1347-422d-b2bd-50d1a26e40a7"},"sensitive_attributes":[],"private":"bnVsbA=="}]},{"module":"module.network_hub","mode":"managed","type":"aws_ram_principal_association","name":"organization","provider":"provider[\"registry.opentofu.org/hashicorp/aws\"]","instances":[{"schema_version":0,"attributes":{"id":"arn:aws:ram:eu-west-1:131778591898:resource-share/3b9f0fbb-2ac5-4f61-9906-d7c07f5e655f,arn:aws:organizations::703671905140:organization/o-kv10f7crlv","principal":"arn:aws:organizations::703671905140:organization/o-kv10f7crlv","region":"eu-west-1","resource_share_arn":"arn:aws:ram:eu-west-1:131778591898:resource-share/3b9f0fbb-2ac5-4f61-9906-d7c07f5e655f"},"sensitive_attributes":[],"private":"bnVsbA==","dependencies":["module.network_hub.aws_ec2_transit_gateway.main","module.network_hub.aws_ram_resource_association.transit_gateway_share","module.network_hub.aws_ram_resource_share.transit_gateway_share"]}]},{"module":"module.network_hub","mode":"managed","type":"aws_ram_resource_association","name":"transit_gateway_share","provider":"provider[\"registry.opentofu.org/hashicorp/aws\"]","instances":[{"schema_version":0,"attributes":{"id":"arn:aws:ram:eu-west-1:131778591898:resource-share/3b9f0fbb-2ac5-4f61-9906-d7c07f5e655f,arn:aws:ec2:eu-west-1:131778591898:transit-gateway/tgw-064572ba47d22fb2a","region":"eu-west-1","resource_arn":"arn:aws:ec2:eu-west-1:131778591898:transit-gateway/tgw-064572ba47d22fb2a","resource_share_arn":"arn:aws:ram:eu-west-1:131778591898:resource-share/3b9f0fbb-2ac5-4f61-9906-d7c07f5e655f"},"sensitive_attributes":[],"private":"bnVsbA==","dependencies":["module.network_hub.aws_ec2_transit_gateway.main","module.network_hub.aws_ram_resource_share.transit_gateway_share"]}]},{"module":"module.network_hub","mode":"managed","type":"aws_ram_resource_share","name":"transit_gateway_share","provider":"provider[\"registry.opentofu.org/hashicorp/aws\"]","instances":[{"schema_version":0,"attributes":{"allow_external_principals":false,"arn":"arn:aws:ram:eu-west-1:131778591898:resource-share/3b9f0fbb-2ac5-4f61-9906-d7c07f5e655f","id":"arn:aws:ram:eu-west-1:131778591898:resource-share/3b9f0fbb-2ac5-4f61-9906-d7c07f5e655f","name":"network-hub-prod-tgw-share","permission_arns":["arn:aws:ram::aws:permission/AWSRAMDefaultPermissionTransitGateway"],"region":"eu-west-1","tags":{"CardData":"no","Classification":"nonpublic","Environment":"prod","GitURL":"https://gitlab.com/williamhillplc/technical-services/networks/channels-team.git","ManagedBy":"OpenTofu","Migrated":"no","Name":"network-hub-prod-tgw-share","Product":"network-hub","Project":"network-hub","Purpose":"transit-gateway-cross-account-access","Tier":"internal","Type":"ram-share"},"tags_all":{"CardData":"no","Classification":"nonpublic","Environment":"prod","GitURL":"https://gitlab.com/williamhillplc/technical-services/networks/channels-team.git","ManagedBy":"OpenTofu","Migrated":"no","Name":"network-hub-prod-tgw-share","Product":"network-hub","Project":"network-hub","Purpose":"transit-gateway-cross-account-access","Tier":"internal","Type":"ram-share"},"timeouts":null},"sensitive_attributes":[],"private":"eyJlMmJmYjczMC1lY2FhLTExZTYtOGY4OC0zNDM2M2JjN2M0YzAiOnsiY3JlYXRlIjozMDAwMDAwMDAwMDAsImRlbGV0ZSI6MzAwMDAwMDAwMDAwfX0="}]},{"module":"module.network_hub","mode":"managed","type":"aws_route","name":"egress_firewall_endpoint_to_nat","provider":"provider[\"registry.opentofu.org/hashicorp/aws\"]","instances":[{"index_key":0,"schema_version":0,"attributes":{"carrier_gateway_id":"","core_network_arn":"","destination_cidr_block":"0.0.0.0/0","destination_ipv6_cidr_block":"","destination_prefix_list_id":"","egress_only_gateway_id":"","gateway_id":"","id":"r-rtb-0f77a9ee70109ec381080289494","instance_id":"","instance_owner_id":"","local_gateway_id":"","nat_gateway_id":"nat-0d9e03bf76a73dabe","network_interface_id":"","origin":"CreateRoute","region":"eu-west-1","route_table_id":"rtb-0f77a9ee70109ec38","state":"active","timeouts":null,"transit_gateway_id":"","vpc_endpoint_id":"","vpc_peering_connection_id":""},"sensitive_attributes":[],"private":"eyJlMmJmYjczMC1lY2FhLTExZTYtOGY4OC0zNDM2M2JjN2M0YzAiOnsiY3JlYXRlIjozMDAwMDAwMDAwMDAsImRlbGV0ZSI6MzAwMDAwMDAwMDAwLCJ1cGRhdGUiOjEyMDAwMDAwMDAwMH19","dependencies":["module.network_hub.aws_eip.nat_gateway","module.network_hub.aws_internet_gateway.central_egress","module.network_hub.aws_nat_gateway.central_egress","module.network_hub.aws_route_table.egress_firewall_endpoint","module.network_hub.aws_subnet.egress_firewall_endpoint","module.network_hub.aws_subnet.egress_public","module.network_hub.aws_vpc.central_egress","module.network_hub.data.aws_availability_zones.available"]},{"index_key":1,"schema_version":0,"attributes":{"carrier_gateway_id":"","core_network_arn":"","destination_cidr_block":"0.0.0.0/0","destination_ipv6_cidr_block":"","destination_prefix_list_id":"","egress_only_gateway_id":"","gateway_id":"","id":"r-rtb-001bbe66dd3a4e0d51080289494","instance_id":"","instance_owner_id":"","local_gateway_id":"","nat_gateway_id":"nat-0eb464759d74915de","network_interface_id":"","origin":"CreateRoute","region":"eu-west-1","route_table_id":"rtb-001bbe66dd3a4e0d5","state":"active","timeouts":null,"transit_gateway_id":"","vpc_endpoint_id":"","vpc_peering_connection_id":""},"sensitive_attributes":[],"private":"eyJlMmJmYjczMC1lY2FhLTExZTYtOGY4OC0zNDM2M2JjN2M0YzAiOnsiY3JlYXRlIjozMDAwMDAwMDAwMDAsImRlbGV0ZSI6MzAwMDAwMDAwMDAwLCJ1cGRhdGUiOjEyMDAwMDAwMDAwMH19","dependencies":["module.network_hub.aws_eip.nat_gateway","module.network_hub.aws_internet_gateway.central_egress","module.network_hub.aws_nat_gateway.central_egress","module.network_hub.aws_route_table.egress_firewall_endpoint","module.network_hub.aws_subnet.egress_firewall_endpoint","module.network_hub.aws_subnet.egress_public","module.network_hub.aws_vpc.central_egress","module.network_hub.data.aws_availability_zones.available"]},{"index_key":2,"schema_version":0,"attributes":{"carrier_gateway_id":"","core_network_arn":"","destination_cidr_block":"0.0.0.0/0","destination_ipv6_cidr_block":"","destination_prefix_list_id":"","egress_only_gateway_id":"","gateway_id":"","id":"r-rtb-0bdeeeffb72298aff1080289494","instance_id":"","instance_owner_id":"","local_gateway_id":"","nat_gateway_id":"nat-00d39181c6771911f","network_interface_id":"","origin":"CreateRoute","region":"eu-west-1","route_table_id":"rtb-0bdeeeffb72298aff","state":"active","timeouts":null,"transit_gateway_id":"","vpc_endpoint_id":"","vpc_peering_connection_id":""},"sensitive_attributes":[],"private":"eyJlMmJmYjczMC1lY2FhLTExZTYtOGY4OC0zNDM2M2JjN2M0YzAiOnsiY3JlYXRlIjozMDAwMDAwMDAwMDAsImRlbGV0ZSI6MzAwMDAwMDAwMDAwLCJ1cGRhdGUiOjEyMDAwMDAwMDAwMH19","dependencies":["module.network_hub.aws_eip.nat_gateway","module.network_hub.aws_internet_gateway.central_egress","module.network_hub.aws_nat_gateway.central_egress","module.network_hub.aws_route_table.egress_firewall_endpoint","module.network_hub.aws_subnet.egress_firewall_endpoint","module.network_hub.aws_subnet.egress_public","module.network_hub.aws_vpc.central_egress","module.network_hub.data.aws_availability_zones.available"]}]},{"module":"module.network_hub","mode":"managed","type":"aws_route","name":"egress_firewall_endpoint_to_tgw","provider":"provider[\"registry.opentofu.org/hashicorp/aws\"]","instances":[{"index_key":0,"schema_version":0,"attributes":{"carrier_gateway_id":"","core_network_arn":"","destination_cidr_block":"100.108.0.0/14","destination_ipv6_cidr_block":"","destination_prefix_list_id":"","egress_only_gateway_id":"","gateway_id":"","id":"r-rtb-0f77a9ee70109ec38506076305","instance_id":"","instance_owner_id":"","local_gateway_id":"","nat_gateway_id":"","network_interface_id":"","origin":"CreateRoute","region":"eu-west-1","route_table_id":"rtb-0f77a9ee70109ec38","state":"active","timeouts":null,"transit_gateway_id":"tgw-064572ba47d22fb2a","vpc_endpoint_id":"","vpc_peering_connection_id":""},"sensitive_attributes":[],"private":"eyJlMmJmYjczMC1lY2FhLTExZTYtOGY4OC0zNDM2M2JjN2M0YzAiOnsiY3JlYXRlIjozMDAwMDAwMDAwMDAsImRlbGV0ZSI6MzAwMDAwMDAwMDAwLCJ1cGRhdGUiOjEyMDAwMDAwMDAwMH19","dependencies":["module.network_hub.aws_ec2_transit_gateway.main","module.network_hub.aws_route_table.egress_firewall_endpoint","module.network_hub.aws_subnet.egress_firewall_endpoint","module.network_hub.aws_vpc.central_egress","module.network_hub.data.aws_availability_zones.available"]},{"index_key":1,"schema_version":0,"attributes":{"carrier_gateway_id":"","core_network_arn":"","destination_cidr_block":"100.108.0.0/14","destination_ipv6_cidr_block":"","destination_prefix_list_id":"","egress_only_gateway_id":"","gateway_id":"","id":"r-rtb-001bbe66dd3a4e0d5506076305","instance_id":"","instance_owner_id":"","local_gateway_id":"","nat_gateway_id":"","network_interface_id":"","origin":"CreateRoute","region":"eu-west-1","route_table_id":"rtb-001bbe66dd3a4e0d5","state":"active","timeouts":null,"transit_gateway_id":"tgw-064572ba47d22fb2a","vpc_endpoint_id":"","vpc_peering_connection_id":""},"sensitive_attributes":[],"private":"eyJlMmJmYjczMC1lY2FhLTExZTYtOGY4OC0zNDM2M2JjN2M0YzAiOnsiY3JlYXRlIjozMDAwMDAwMDAwMDAsImRlbGV0ZSI6MzAwMDAwMDAwMDAwLCJ1cGRhdGUiOjEyMDAwMDAwMDAwMH19","dependencies":["module.network_hub.aws_ec2_transit_gateway.main","module.network_hub.aws_route_table.egress_firewall_endpoint","module.network_hub.aws_subnet.egress_firewall_endpoint","module.network_hub.aws_vpc.central_egress","module.network_hub.data.aws_availability_zones.available"]},{"index_key":2,"schema_version":0,"attributes":{"carrier_gateway_id":"","core_network_arn":"","destination_cidr_block":"100.108.0.0/14","destination_ipv6_cidr_block":"","destination_prefix_list_id":"","egress_only_gateway_id":"","gateway_id":"","id":"r-rtb-0bdeeeffb72298aff506076305","instance_id":"","instance_owner_id":"","local_gateway_id":"","nat_gateway_id":"","network_interface_id":"","origin":"CreateRoute","region":"eu-west-1","route_table_id":"rtb-0bdeeeffb72298aff","state":"active","timeouts":null,"transit_gateway_id":"tgw-064572ba47d22fb2a","vpc_endpoint_id":"","vpc_peering_connection_id":""},"sensitive_attributes":[],"private":"eyJlMmJmYjczMC1lY2FhLTExZTYtOGY4OC0zNDM2M2JjN2M0YzAiOnsiY3JlYXRlIjozMDAwMDAwMDAwMDAsImRlbGV0ZSI6MzAwMDAwMDAwMDAwLCJ1cGRhdGUiOjEyMDAwMDAwMDAwMH19","dependencies":["module.network_hub.aws_ec2_transit_gateway.main","module.network_hub.aws_route_table.egress_firewall_endpoint","module.network_hub.aws_subnet.egress_firewall_endpoint","module.network_hub.aws_vpc.central_egress","module.network_hub.data.aws_availability_zones.available"]}]},{"module":"module.network_hub","mode":"managed","type":"aws_route","name":"egress_private_to_nat","provider":"provider[\"registry.opentofu.org/hashicorp/aws\"]","instances":[{"index_key":0,"schema_version":0,"attributes":{"carrier_gateway_id":"","core_network_arn":"","destination_cidr_block":"0.0.0.0/0","destination_ipv6_cidr_block":"","destination_prefix_list_id":"","egress_only_gateway_id":"","gateway_id":"","id":"r-rtb-0997a05e7d2f42adb1080289494","instance_id":"","instance_owner_id":"","local_gateway_id":"","nat_gateway_id":"","network_interface_id":"","origin":"CreateRoute","region":"eu-west-1","route_table_id":"rtb-0997a05e7d2f42adb","state":"active","timeouts":null,"transit_gateway_id":"","vpc_endpoint_id":"vpce-00485aba4ec3e733c","vpc_peering_connection_id":""},"sensitive_attributes":[],"private":"eyJlMmJmYjczMC1lY2FhLTExZTYtOGY4OC0zNDM2M2JjN2M0YzAiOnsiY3JlYXRlIjozMDAwMDAwMDAwMDAsImRlbGV0ZSI6MzAwMDAwMDAwMDAwLCJ1cGRhdGUiOjEyMDAwMDAwMDAwMH19","dependencies":["module.network_hub.aws_networkfirewall_firewall.main","module.network_hub.aws_networkfirewall_firewall_policy.main","module.network_hub.aws_networkfirewall_rule_group.domain_allowlist","module.network_hub.aws_networkfirewall_rule_group.ip_rules","module.network_hub.aws_route_table.egress_private","module.network_hub.aws_subnet.egress_firewall_endpoint","module.network_hub.aws_subnet.firewall_endpoint","module.network_hub.aws_vpc.central_egress","module.network_hub.aws_vpc.firewall","module.network_hub.awscc_networkfirewall_vpc_endpoint_association.egress","module.network_hub.data.aws_availability_zones.available","module.network_hub.data.aws_caller_identity.current","module.network_hub.data.aws_vpc_endpoint.firewall"]},{"index_key":1,"schema_version":0,"attributes":{"carrier_gateway_id":"","core_network_arn":"","destination_cidr_block":"0.0.0.0/0","destination_ipv6_cidr_block":"","destination_prefix_list_id":"","egress_only_gateway_id":"","gateway_id":"","id":"r-rtb-0b1c2648250c5be301080289494","instance_id":"","instance_owner_id":"","local_gateway_id":"","nat_gateway_id":"","network_interface_id":"","origin":"CreateRoute","region":"eu-west-1","route_table_id":"rtb-0b1c2648250c5be30","state":"active","timeouts":null,"transit_gateway_id":"","vpc_endpoint_id":"vpce-01a5bad46bc2e0021","vpc_peering_connection_id":""},"sensitive_attributes":[],"private":"eyJlMmJmYjczMC1lY2FhLTExZTYtOGY4OC0zNDM2M2JjN2M0YzAiOnsiY3JlYXRlIjozMDAwMDAwMDAwMDAsImRlbGV0ZSI6MzAwMDAwMDAwMDAwLCJ1cGRhdGUiOjEyMDAwMDAwMDAwMH19","dependencies":["module.network_hub.aws_networkfirewall_firewall.main","module.network_hub.aws_networkfirewall_firewall_policy.main","module.network_hub.aws_networkfirewall_rule_group.domain_allowlist","module.network_hub.aws_networkfirewall_rule_group.ip_rules","module.network_hub.aws_route_table.egress_private","module.network_hub.aws_subnet.egress_firewall_endpoint","module.network_hub.aws_subnet.firewall_endpoint","module.network_hub.aws_vpc.central_egress","module.network_hub.aws_vpc.firewall","module.network_hub.awscc_networkfirewall_vpc_endpoint_association.egress","module.network_hub.data.aws_availability_zones.available","module.network_hub.data.aws_caller_identity.current","module.network_hub.data.aws_vpc_endpoint.firewall"]},{"index_key":2,"schema_version":0,"attributes":{"carrier_gateway_id":"","core_network_arn":"","destination_cidr_block":"0.0.0.0/0","destination_ipv6_cidr_block":"","destination_prefix_list_id":"","egress_only_gateway_id":"","gateway_id":"","id":"r-rtb-012bde5ad2852b86b1080289494","instance_id":"","instance_owner_id":"","local_gateway_id":"","nat_gateway_id":"","network_interface_id":"","origin":"CreateRoute","region":"eu-west-1","route_table_id":"rtb-012bde5ad2852b86b","state":"active","timeouts":null,"transit_gateway_id":"","vpc_endpoint_id":"vpce-03ea7196ab6bdba91","vpc_peering_connection_id":""},"sensitive_attributes":[],"private":"eyJlMmJmYjczMC1lY2FhLTExZTYtOGY4OC0zNDM2M2JjN2M0YzAiOnsiY3JlYXRlIjozMDAwMDAwMDAwMDAsImRlbGV0ZSI6MzAwMDAwMDAwMDAwLCJ1cGRhdGUiOjEyMDAwMDAwMDAwMH19","dependencies":["module.network_hub.aws_networkfirewall_firewall.main","module.network_hub.aws_networkfirewall_firewall_policy.main","module.network_hub.aws_networkfirewall_rule_group.domain_allowlist","module.network_hub.aws_networkfirewall_rule_group.ip_rules","module.network_hub.aws_route_table.egress_private","module.network_hub.aws_subnet.egress_firewall_endpoint","module.network_hub.aws_subnet.firewall_endpoint","module.network_hub.aws_vpc.central_egress","module.network_hub.aws_vpc.firewall","module.network_hub.awscc_networkfirewall_vpc_endpoint_association.egress","module.network_hub.data.aws_availability_zones.available","module.network_hub.data.aws_caller_identity.current","module.network_hub.data.aws_vpc_endpoint.firewall"]}]},{"module":"module.network_hub","mode":"managed","type":"aws_route","name":"egress_private_to_tgw","provider":"provider[\"registry.opentofu.org/hashicorp/aws\"]","instances":[{"index_key":0,"schema_version":0,"attributes":{"carrier_gateway_id":"","core_network_arn":"","destination_cidr_block":"100.108.0.0/14","destination_ipv6_cidr_block":"","destination_prefix_list_id":"","egress_only_gateway_id":"","gateway_id":"","id":"r-rtb-0997a05e7d2f42adb506076305","instance_id":"","instance_owner_id":"","local_gateway_id":"","nat_gateway_id":"","network_interface_id":"","origin":"CreateRoute","region":"eu-west-1","route_table_id":"rtb-0997a05e7d2f42adb","state":"active","timeouts":null,"transit_gateway_id":"tgw-064572ba47d22fb2a","vpc_endpoint_id":"","vpc_peering_connection_id":""},"sensitive_attributes":[],"private":"eyJlMmJmYjczMC1lY2FhLTExZTYtOGY4OC0zNDM2M2JjN2M0YzAiOnsiY3JlYXRlIjozMDAwMDAwMDAwMDAsImRlbGV0ZSI6MzAwMDAwMDAwMDAwLCJ1cGRhdGUiOjEyMDAwMDAwMDAwMH19","dependencies":["module.network_hub.aws_ec2_transit_gateway.main","module.network_hub.aws_route_table.egress_private","module.network_hub.aws_vpc.central_egress","module.network_hub.data.aws_availability_zones.available"]},{"index_key":1,"schema_version":0,"attributes":{"carrier_gateway_id":"","core_network_arn":"","destination_cidr_block":"100.108.0.0/14","destination_ipv6_cidr_block":"","destination_prefix_list_id":"","egress_only_gateway_id":"","gateway_id":"","id":"r-rtb-0b1c2648250c5be30506076305","instance_id":"","instance_owner_id":"","local_gateway_id":"","nat_gateway_id":"","network_interface_id":"","origin":"CreateRoute","region":"eu-west-1","route_table_id":"rtb-0b1c2648250c5be30","state":"active","timeouts":null,"transit_gateway_id":"tgw-064572ba47d22fb2a","vpc_endpoint_id":"","vpc_peering_connection_id":""},"sensitive_attributes":[],"private":"eyJlMmJmYjczMC1lY2FhLTExZTYtOGY4OC0zNDM2M2JjN2M0YzAiOnsiY3JlYXRlIjozMDAwMDAwMDAwMDAsImRlbGV0ZSI6MzAwMDAwMDAwMDAwLCJ1cGRhdGUiOjEyMDAwMDAwMDAwMH19","dependencies":["module.network_hub.aws_ec2_transit_gateway.main","module.network_hub.aws_route_table.egress_private","module.network_hub.aws_vpc.central_egress","module.network_hub.data.aws_availability_zones.available"]},{"index_key":2,"schema_version":0,"attributes":{"carrier_gateway_id":"","core_network_arn":"","destination_cidr_block":"100.108.0.0/14","destination_ipv6_cidr_block":"","destination_prefix_list_id":"","egress_only_gateway_id":"","gateway_id":"","id":"r-rtb-012bde5ad2852b86b506076305","instance_id":"","instance_owner_id":"","local_gateway_id":"","nat_gateway_id":"","network_interface_id":"","origin":"CreateRoute","region":"eu-west-1","route_table_id":"rtb-012bde5ad2852b86b","state":"active","timeouts":null,"transit_gateway_id":"tgw-064572ba47d22fb2a","vpc_endpoint_id":"","vpc_peering_connection_id":""},"sensitive_attributes":[],"private":"eyJlMmJmYjczMC1lY2FhLTExZTYtOGY4OC0zNDM2M2JjN2M0YzAiOnsiY3JlYXRlIjozMDAwMDAwMDAwMDAsImRlbGV0ZSI6MzAwMDAwMDAwMDAwLCJ1cGRhdGUiOjEyMDAwMDAwMDAwMH19","dependencies":["module.network_hub.aws_ec2_transit_gateway.main","module.network_hub.aws_route_table.egress_private","module.network_hub.aws_vpc.central_egress","module.network_hub.data.aws_availability_zones.available"]}]},{"module":"module.network_hub","mode":"managed","type":"aws_route","name":"egress_public_to_igw","provider":"provider[\"registry.opentofu.org/hashicorp/aws\"]","instances":[{"index_key":0,"schema_version":0,"attributes":{"carrier_gateway_id":"","core_network_arn":"","destination_cidr_block":"0.0.0.0/0","destination_ipv6_cidr_block":"","destination_prefix_list_id":"","egress_only_gateway_id":"","gateway_id":"igw-03fa53ae97d506fed","id":"r-rtb-067f9e131597462cd1080289494","instance_id":"","instance_owner_id":"","local_gateway_id":"","nat_gateway_id":"","network_interface_id":"","origin":"CreateRoute","region":"eu-west-1","route_table_id":"rtb-067f9e131597462cd","state":"active","timeouts":null,"transit_gateway_id":"","vpc_endpoint_id":"","vpc_peering_connection_id":""},"sensitive_attributes":[],"private":"eyJlMmJmYjczMC1lY2FhLTExZTYtOGY4OC0zNDM2M2JjN2M0YzAiOnsiY3JlYXRlIjozMDAwMDAwMDAwMDAsImRlbGV0ZSI6MzAwMDAwMDAwMDAwLCJ1cGRhdGUiOjEyMDAwMDAwMDAwMH19","dependencies":["module.network_hub.aws_internet_gateway.central_egress","module.network_hub.aws_route_table.egress_public","module.network_hub.aws_vpc.central_egress","module.network_hub.data.aws_availability_zones.available"]},{"index_key":1,"schema_version":0,"attributes":{"carrier_gateway_id":"","core_network_arn":"","destination_cidr_block":"0.0.0.0/0","destination_ipv6_cidr_block":"","destination_prefix_list_id":"","egress_only_gateway_id":"","gateway_id":"igw-03fa53ae97d506fed","id":"r-rtb-060bfbf03f96bf3fc1080289494","instance_id":"","instance_owner_id":"","local_gateway_id":"","nat_gateway_id":"","network_interface_id":"","origin":"CreateRoute","region":"eu-west-1","route_table_id":"rtb-060bfbf03f96bf3fc","state":"active","timeouts":null,"transit_gateway_id":"","vpc_endpoint_id":"","vpc_peering_connection_id":""},"sensitive_attributes":[],"private":"eyJlMmJmYjczMC1lY2FhLTExZTYtOGY4OC0zNDM2M2JjN2M0YzAiOnsiY3JlYXRlIjozMDAwMDAwMDAwMDAsImRlbGV0ZSI6MzAwMDAwMDAwMDAwLCJ1cGRhdGUiOjEyMDAwMDAwMDAwMH19","dependencies":["module.network_hub.aws_internet_gateway.central_egress","module.network_hub.aws_route_table.egress_public","module.network_hub.aws_vpc.central_egress","module.network_hub.data.aws_availability_zones.available"]},{"index_key":2,"schema_version":0,"attributes":{"carrier_gateway_id":"","core_network_arn":"","destination_cidr_block":"0.0.0.0/0","destination_ipv6_cidr_block":"","destination_prefix_list_id":"","egress_only_gateway_id":"","gateway_id":"igw-03fa53ae97d506fed","id":"r-rtb-030b5eefbb6a6e91e1080289494","instance_id":"","instance_owner_id":"","local_gateway_id":"","nat_gateway_id":"","network_interface_id":"","origin":"CreateRoute","region":"eu-west-1","route_table_id":"rtb-030b5eefbb6a6e91e","state":"active","timeouts":null,"transit_gateway_id":"","vpc_endpoint_id":"","vpc_peering_connection_id":""},"sensitive_attributes":[],"private":"eyJlMmJmYjczMC1lY2FhLTExZTYtOGY4OC0zNDM2M2JjN2M0YzAiOnsiY3JlYXRlIjozMDAwMDAwMDAwMDAsImRlbGV0ZSI6MzAwMDAwMDAwMDAwLCJ1cGRhdGUiOjEyMDAwMDAwMDAwMH19","dependencies":["module.network_hub.aws_internet_gateway.central_egress","module.network_hub.aws_route_table.egress_public","module.network_hub.aws_vpc.central_egress","module.network_hub.data.aws_availability_zones.available"]}]},{"module":"module.network_hub","mode":"managed","type":"aws_route","name":"egress_public_to_tgw","provider":"provider[\"registry.opentofu.org/hashicorp/aws\"]","instances":[{"index_key":0,"schema_version":0,"attributes":{"carrier_gateway_id":"","core_network_arn":"","destination_cidr_block":"100.108.0.0/14","destination_ipv6_cidr_block":"","destination_prefix_list_id":"","egress_only_gateway_id":"","gateway_id":"","id":"r-rtb-067f9e131597462cd506076305","instance_id":"","instance_owner_id":"","local_gateway_id":"","nat_gateway_id":"","network_interface_id":"","origin":"CreateRoute","region":"eu-west-1","route_table_id":"rtb-067f9e131597462cd","state":"active","timeouts":null,"transit_gateway_id":"","vpc_endpoint_id":"vpce-00485aba4ec3e733c","vpc_peering_connection_id":""},"sensitive_attributes":[],"private":"eyJlMmJmYjczMC1lY2FhLTExZTYtOGY4OC0zNDM2M2JjN2M0YzAiOnsiY3JlYXRlIjozMDAwMDAwMDAwMDAsImRlbGV0ZSI6MzAwMDAwMDAwMDAwLCJ1cGRhdGUiOjEyMDAwMDAwMDAwMH19","dependencies":["module.network_hub.aws_networkfirewall_firewall.main","module.network_hub.aws_networkfirewall_firewall_policy.main","module.network_hub.aws_networkfirewall_rule_group.domain_allowlist","module.network_hub.aws_networkfirewall_rule_group.ip_rules","module.network_hub.aws_route_table.egress_public","module.network_hub.aws_subnet.egress_firewall_endpoint","module.network_hub.aws_subnet.firewall_endpoint","module.network_hub.aws_vpc.central_egress","module.network_hub.aws_vpc.firewall","module.network_hub.awscc_networkfirewall_vpc_endpoint_association.egress","module.network_hub.data.aws_availability_zones.available","module.network_hub.data.aws_caller_identity.current","module.network_hub.data.aws_vpc_endpoint.firewall"]},{"index_key":1,"schema_version":0,"attributes":{"carrier_gateway_id":"","core_network_arn":"","destination_cidr_block":"100.108.0.0/14","destination_ipv6_cidr_block":"","destination_prefix_list_id":"","egress_only_gateway_id":"","gateway_id":"","id":"r-rtb-060bfbf03f96bf3fc506076305","instance_id":"","instance_owner_id":"","local_gateway_id":"","nat_gateway_id":"","network_interface_id":"","origin":"CreateRoute","region":"eu-west-1","route_table_id":"rtb-060bfbf03f96bf3fc","state":"active","timeouts":null,"transit_gateway_id":"","vpc_endpoint_id":"vpce-01a5bad46bc2e0021","vpc_peering_connection_id":""},"sensitive_attributes":[],"private":"eyJlMmJmYjczMC1lY2FhLTExZTYtOGY4OC0zNDM2M2JjN2M0YzAiOnsiY3JlYXRlIjozMDAwMDAwMDAwMDAsImRlbGV0ZSI6MzAwMDAwMDAwMDAwLCJ1cGRhdGUiOjEyMDAwMDAwMDAwMH19","dependencies":["module.network_hub.aws_networkfirewall_firewall.main","module.network_hub.aws_networkfirewall_firewall_policy.main","module.network_hub.aws_networkfirewall_rule_group.domain_allowlist","module.network_hub.aws_networkfirewall_rule_group.ip_rules","module.network_hub.aws_route_table.egress_public","module.network_hub.aws_subnet.egress_firewall_endpoint","module.network_hub.aws_subnet.firewall_endpoint","module.network_hub.aws_vpc.central_egress","module.network_hub.aws_vpc.firewall","module.network_hub.awscc_networkfirewall_vpc_endpoint_association.egress","module.network_hub.data.aws_availability_zones.available","module.network_hub.data.aws_caller_identity.current","module.network_hub.data.aws_vpc_endpoint.firewall"]},{"index_key":2,"schema_version":0,"attributes":{"carrier_gateway_id":"","core_network_arn":"","destination_cidr_block":"100.108.0.0/14","destination_ipv6_cidr_block":"","destination_prefix_list_id":"","egress_only_gateway_id":"","gateway_id":"","id":"r-rtb-030b5eefbb6a6e91e506076305","instance_id":"","instance_owner_id":"","local_gateway_id":"","nat_gateway_id":"","network_interface_id":"","origin":"CreateRoute","region":"eu-west-1","route_table_id":"rtb-030b5eefbb6a6e91e","state":"active","timeouts":null,"transit_gateway_id":"","vpc_endpoint_id":"vpce-03ea7196ab6bdba91","vpc_peering_connection_id":""},"sensitive_attributes":[],"private":"eyJlMmJmYjczMC1lY2FhLTExZTYtOGY4OC0zNDM2M2JjN2M0YzAiOnsiY3JlYXRlIjozMDAwMDAwMDAwMDAsImRlbGV0ZSI6MzAwMDAwMDAwMDAwLCJ1cGRhdGUiOjEyMDAwMDAwMDAwMH19","dependencies":["module.network_hub.aws_networkfirewall_firewall.main","module.network_hub.aws_networkfirewall_firewall_policy.main","module.network_hub.aws_networkfirewall_rule_group.domain_allowlist","module.network_hub.aws_networkfirewall_rule_group.ip_rules","module.network_hub.aws_route_table.egress_public","module.network_hub.aws_subnet.egress_firewall_endpoint","module.network_hub.aws_subnet.firewall_endpoint","module.network_hub.aws_vpc.central_egress","module.network_hub.aws_vpc.firewall","module.network_hub.awscc_networkfirewall_vpc_endpoint_association.egress","module.network_hub.data.aws_availability_zones.available","module.network_hub.data.aws_caller_identity.current","module.network_hub.data.aws_vpc_endpoint.firewall"]}]},{"module":"module.network_hub","mode":"managed","type":"aws_route","name":"egress_vpc_to_igw","provider":"provider[\"registry.opentofu.org/hashicorp/aws\"]","instances":[{"schema_version":0,"attributes":{"carrier_gateway_id":"","core_network_arn":"","destination_cidr_block":"0.0.0.0/0","destination_ipv6_cidr_block":"","destination_prefix_list_id":"","egress_only_gateway_id":"","gateway_id":"igw-03fa53ae97d506fed","id":"r-rtb-092dddb612d1bed7b1080289494","instance_id":"","instance_owner_id":"","local_gateway_id":"","nat_gateway_id":"","network_interface_id":"","origin":"CreateRoute","region":"eu-west-1","route_table_id":"rtb-092dddb612d1bed7b","state":"active","timeouts":null,"transit_gateway_id":"","vpc_endpoint_id":"","vpc_peering_connection_id":""},"sensitive_attributes":[],"private":"eyJlMmJmYjczMC1lY2FhLTExZTYtOGY4OC0zNDM2M2JjN2M0YzAiOnsiY3JlYXRlIjozMDAwMDAwMDAwMDAsImRlbGV0ZSI6MzAwMDAwMDAwMDAwLCJ1cGRhdGUiOjEyMDAwMDAwMDAwMH19","dependencies":["module.network_hub.aws_default_route_table.central_egress_main","module.network_hub.aws_internet_gateway.central_egress","module.network_hub.aws_vpc.central_egress"]}]},{"module":"module.network_hub","mode":"managed","type":"aws_route","name":"egress_vpc_to_tgw","provider":"provider[\"registry.opentofu.org/hashicorp/aws\"]","instances":[{"schema_version":0,"attributes":{"carrier_gateway_id":"","core_network_arn":"","destination_cidr_block":"100.108.0.0/14","destination_ipv6_cidr_block":"","destination_prefix_list_id":"","egress_only_gateway_id":"","gateway_id":"","id":"r-rtb-092dddb612d1bed7b506076305","instance_id":"","instance_owner_id":"","local_gateway_id":"","nat_gateway_id":"","network_interface_id":"","origin":"CreateRoute","region":"eu-west-1","route_table_id":"rtb-092dddb612d1bed7b","state":"active","timeouts":null,"transit_gateway_id":"tgw-064572ba47d22fb2a","vpc_endpoint_id":"","vpc_peering_connection_id":""},"sensitive_attributes":[],"private":"eyJlMmJmYjczMC1lY2FhLTExZTYtOGY4OC0zNDM2M2JjN2M0YzAiOnsiY3JlYXRlIjozMDAwMDAwMDAwMDAsImRlbGV0ZSI6MzAwMDAwMDAwMDAwLCJ1cGRhdGUiOjEyMDAwMDAwMDAwMH19","dependencies":["module.network_hub.aws_default_route_table.central_egress_main","module.network_hub.aws_ec2_transit_gateway.main","module.network_hub.aws_vpc.central_egress"]}]},{"module":"module.network_hub","mode":"managed","type":"aws_route_table","name":"egress_firewall_endpoint","provider":"provider[\"registry.opentofu.org/hashicorp/aws\"]","instances":[{"index_key":0,"schema_version":0,"attributes":{"arn":"arn:aws:ec2:eu-west-1:131778591898:route-table/rtb-0f77a9ee70109ec38","id":"rtb-0f77a9ee70109ec38","owner_id":"131778591898","propagating_vgws":[],"region":"eu-west-1","route":[{"carrier_gateway_id":"","cidr_block":"0.0.0.0/0","core_network_arn":"","destination_prefix_list_id":"","egress_only_gateway_id":"","gateway_id":"","ipv6_cidr_block":"","local_gateway_id":"","nat_gateway_id":"nat-0d9e03bf76a73dabe","network_interface_id":"","transit_gateway_id":"","vpc_endpoint_id":"","vpc_peering_connection_id":""},{"carrier_gateway_id":"","cidr_block":"100.108.0.0/14","core_network_arn":"","destination_prefix_list_id":"","egress_only_gateway_id":"","gateway_id":"","ipv6_cidr_block":"","local_gateway_id":"","nat_gateway_id":"","network_interface_id":"","transit_gateway_id":"tgw-064572ba47d22fb2a","vpc_endpoint_id":"","vpc_peering_connection_id":""}],"tags":{"AZ":"eu-west-1a","CardData":"no","Classification":"nonpublic","Environment":"prod","GitURL":"https://gitlab.com/williamhillplc/technical-services/networks/channels-team.git","ManagedBy":"OpenTofu","Migrated":"no","Name":"network-hub-prod-egress-fw-endpoint-rt-1a","Product":"network-hub","Project":"network-hub","Tier":"internal","Type":"egress-firewall-endpoint-route-table"},"tags_all":{"AZ":"eu-west-1a","CardData":"no","Classification":"nonpublic","Environment":"prod","GitURL":"https://gitlab.com/williamhillplc/technical-services/networks/channels-team.git","ManagedBy":"OpenTofu","Migrated":"no","Name":"network-hub-prod-egress-fw-endpoint-rt-1a","Product":"network-hub","Project":"network-hub","Tier":"internal","Type":"egress-firewall-endpoint-route-table"},"timeouts":null,"vpc_id":"vpc-0d1da3b159ec41fbd"},"sensitive_attributes":[],"private":"eyJlMmJmYjczMC1lY2FhLTExZTYtOGY4OC0zNDM2M2JjN2M0YzAiOnsiY3JlYXRlIjozMDAwMDAwMDAwMDAsImRlbGV0ZSI6MzAwMDAwMDAwMDAwLCJ1cGRhdGUiOjEyMDAwMDAwMDAwMH19","dependencies":["module.network_hub.aws_subnet.egress_firewall_endpoint","module.network_hub.aws_vpc.central_egress","module.network_hub.data.aws_availability_zones.available"]},{"index_key":1,"schema_version":0,"attributes":{"arn":"arn:aws:ec2:eu-west-1:131778591898:route-table/rtb-001bbe66dd3a4e0d5","id":"rtb-001bbe66dd3a4e0d5","owner_id":"131778591898","propagating_vgws":[],"region":"eu-west-1","route":[{"carrier_gateway_id":"","cidr_block":"0.0.0.0/0","core_network_arn":"","destination_prefix_list_id":"","egress_only_gateway_id":"","gateway_id":"","ipv6_cidr_block":"","local_gateway_id":"","nat_gateway_id":"nat-0eb464759d74915de","network_interface_id":"","transit_gateway_id":"","vpc_endpoint_id":"","vpc_peering_connection_id":""},{"carrier_gateway_id":"","cidr_block":"100.108.0.0/14","core_network_arn":"","destination_prefix_list_id":"","egress_only_gateway_id":"","gateway_id":"","ipv6_cidr_block":"","local_gateway_id":"","nat_gateway_id":"","network_interface_id":"","transit_gateway_id":"tgw-064572ba47d22fb2a","vpc_endpoint_id":"","vpc_peering_connection_id":""}],"tags":{"AZ":"eu-west-1b","CardData":"no","Classification":"nonpublic","Environment":"prod","GitURL":"https://gitlab.com/williamhillplc/technical-services/networks/channels-team.git","ManagedBy":"OpenTofu","Migrated":"no","Name":"network-hub-prod-egress-fw-endpoint-rt-1b","Product":"network-hub","Project":"network-hub","Tier":"internal","Type":"egress-firewall-endpoint-route-table"},"tags_all":{"AZ":"eu-west-1b","CardData":"no","Classification":"nonpublic","Environment":"prod","GitURL":"https://gitlab.com/williamhillplc/technical-services/networks/channels-team.git","ManagedBy":"OpenTofu","Migrated":"no","Name":"network-hub-prod-egress-fw-endpoint-rt-1b","Product":"network-hub","Project":"network-hub","Tier":"internal","Type":"egress-firewall-endpoint-route-table"},"timeouts":null,"vpc_id":"vpc-0d1da3b159ec41fbd"},"sensitive_attributes":[],"private":"eyJlMmJmYjczMC1lY2FhLTExZTYtOGY4OC0zNDM2M2JjN2M0YzAiOnsiY3JlYXRlIjozMDAwMDAwMDAwMDAsImRlbGV0ZSI6MzAwMDAwMDAwMDAwLCJ1cGRhdGUiOjEyMDAwMDAwMDAwMH19","dependencies":["module.network_hub.aws_subnet.egress_firewall_endpoint","module.network_hub.aws_vpc.central_egress","module.network_hub.data.aws_availability_zones.available"]},{"index_key":2,"schema_version":0,"attributes":{"arn":"arn:aws:ec2:eu-west-1:131778591898:route-table/rtb-0bdeeeffb72298aff","id":"rtb-0bdeeeffb72298aff","owner_id":"131778591898","propagating_vgws":[],"region":"eu-west-1","route":[{"carrier_gateway_id":"","cidr_block":"0.0.0.0/0","core_network_arn":"","destination_prefix_list_id":"","egress_only_gateway_id":"","gateway_id":"","ipv6_cidr_block":"","local_gateway_id":"","nat_gateway_id":"nat-00d39181c6771911f","network_interface_id":"","transit_gateway_id":"","vpc_endpoint_id":"","vpc_peering_connection_id":""},{"carrier_gateway_id":"","cidr_block":"100.108.0.0/14","core_network_arn":"","destination_prefix_list_id":"","egress_only_gateway_id":"","gateway_id":"","ipv6_cidr_block":"","local_gateway_id":"","nat_gateway_id":"","network_interface_id":"","transit_gateway_id":"tgw-064572ba47d22fb2a","vpc_endpoint_id":"","vpc_peering_connection_id":""}],"tags":{"AZ":"eu-west-1c","CardData":"no","Classification":"nonpublic","Environment":"prod","GitURL":"https://gitlab.com/williamhillplc/technical-services/networks/channels-team.git","ManagedBy":"OpenTofu","Migrated":"no","Name":"network-hub-prod-egress-fw-endpoint-rt-1c","Product":"network-hub","Project":"network-hub","Tier":"internal","Type":"egress-firewall-endpoint-route-table"},"tags_all":{"AZ":"eu-west-1c","CardData":"no","Classification":"nonpublic","Environment":"prod","GitURL":"https://gitlab.com/williamhillplc/technical-services/networks/channels-team.git","ManagedBy":"OpenTofu","Migrated":"no","Name":"network-hub-prod-egress-fw-endpoint-rt-1c","Product":"network-hub","Project":"network-hub","Tier":"internal","Type":"egress-firewall-endpoint-route-table"},"timeouts":null,"vpc_id":"vpc-0d1da3b159ec41fbd"},"sensitive_attributes":[],"private":"eyJlMmJmYjczMC1lY2FhLTExZTYtOGY4OC0zNDM2M2JjN2M0YzAiOnsiY3JlYXRlIjozMDAwMDAwMDAwMDAsImRlbGV0ZSI6MzAwMDAwMDAwMDAwLCJ1cGRhdGUiOjEyMDAwMDAwMDAwMH19","dependencies":["module.network_hub.aws_subnet.egress_firewall_endpoint","module.network_hub.aws_vpc.central_egress","module.network_hub.data.aws_availability_zones.available"]}]},{"module":"module.network_hub","mode":"managed","type":"aws_route_table","name":"egress_private","provider":"provider[\"registry.opentofu.org/hashicorp/aws\"]","instances":[{"index_key":0,"schema_version":0,"attributes":{"arn":"arn:aws:ec2:eu-west-1:131778591898:route-table/rtb-0997a05e7d2f42adb","id":"rtb-0997a05e7d2f42adb","owner_id":"131778591898","propagating_vgws":[],"region":"eu-west-1","route":[{"carrier_gateway_id":"","cidr_block":"0.0.0.0/0","core_network_arn":"","destination_prefix_list_id":"","egress_only_gateway_id":"","gateway_id":"","ipv6_cidr_block":"","local_gateway_id":"","nat_gateway_id":"","network_interface_id":"","transit_gateway_id":"","vpc_endpoint_id":"vpce-00485aba4ec3e733c","vpc_peering_connection_id":""},{"carrier_gateway_id":"","cidr_block":"100.108.0.0/14","core_network_arn":"","destination_prefix_list_id":"","egress_only_gateway_id":"","gateway_id":"","ipv6_cidr_block":"","local_gateway_id":"","nat_gateway_id":"","network_interface_id":"","transit_gateway_id":"tgw-064572ba47d22fb2a","vpc_endpoint_id":"","vpc_peering_connection_id":""}],"tags":{"AZ":"eu-west-1a","CardData":"no","Classification":"nonpublic","Environment":"prod","GitURL":"https://gitlab.com/williamhillplc/technical-services/networks/channels-team.git","ManagedBy":"OpenTofu","Migrated":"no","Name":"network-hub-prod-egress-private-rt-1a","Product":"network-hub","Project":"network-hub","Tier":"internal","Type":"private-route-table"},"tags_all":{"AZ":"eu-west-1a","CardData":"no","Classification":"nonpublic","Environment":"prod","GitURL":"https://gitlab.com/williamhillplc/technical-services/networks/channels-team.git","ManagedBy":"OpenTofu","Migrated":"no","Name":"network-hub-prod-egress-private-rt-1a","Product":"network-hub","Project":"network-hub","Tier":"internal","Type":"private-route-table"},"timeouts":null,"vpc_id":"vpc-0d1da3b159ec41fbd"},"sensitive_attributes":[],"private":"eyJlMmJmYjczMC1lY2FhLTExZTYtOGY4OC0zNDM2M2JjN2M0YzAiOnsiY3JlYXRlIjozMDAwMDAwMDAwMDAsImRlbGV0ZSI6MzAwMDAwMDAwMDAwLCJ1cGRhdGUiOjEyMDAwMDAwMDAwMH19","dependencies":["module.network_hub.aws_vpc.central_egress","module.network_hub.data.aws_availability_zones.available"]},{"index_key":1,"schema_version":0,"attributes":{"arn":"arn:aws:ec2:eu-west-1:131778591898:route-table/rtb-0b1c2648250c5be30","id":"rtb-0b1c2648250c5be30","owner_id":"131778591898","propagating_vgws":[],"region":"eu-west-1","route":[{"carrier_gateway_id":"","cidr_block":"0.0.0.0/0","core_network_arn":"","destination_prefix_list_id":"","egress_only_gateway_id":"","gateway_id":"","ipv6_cidr_block":"","local_gateway_id":"","nat_gateway_id":"","network_interface_id":"","transit_gateway_id":"","vpc_endpoint_id":"vpce-01a5bad46bc2e0021","vpc_peering_connection_id":""},{"carrier_gateway_id":"","cidr_block":"100.108.0.0/14","core_network_arn":"","destination_prefix_list_id":"","egress_only_gateway_id":"","gateway_id":"","ipv6_cidr_block":"","local_gateway_id":"","nat_gateway_id":"","network_interface_id":"","transit_gateway_id":"tgw-064572ba47d22fb2a","vpc_endpoint_id":"","vpc_peering_connection_id":""}],"tags":{"AZ":"eu-west-1b","CardData":"no","Classification":"nonpublic","Environment":"prod","GitURL":"https://gitlab.com/williamhillplc/technical-services/networks/channels-team.git","ManagedBy":"OpenTofu","Migrated":"no","Name":"network-hub-prod-egress-private-rt-1b","Product":"network-hub","Project":"network-hub","Tier":"internal","Type":"private-route-table"},"tags_all":{"AZ":"eu-west-1b","CardData":"no","Classification":"nonpublic","Environment":"prod","GitURL":"https://gitlab.com/williamhillplc/technical-services/networks/channels-team.git","ManagedBy":"OpenTofu","Migrated":"no","Name":"network-hub-prod-egress-private-rt-1b","Product":"network-hub","Project":"network-hub","Tier":"internal","Type":"private-route-table"},"timeouts":null,"vpc_id":"vpc-0d1da3b159ec41fbd"},"sensitive_attributes":[],"private":"eyJlMmJmYjczMC1lY2FhLTExZTYtOGY4OC0zNDM2M2JjN2M0YzAiOnsiY3JlYXRlIjozMDAwMDAwMDAwMDAsImRlbGV0ZSI6MzAwMDAwMDAwMDAwLCJ1cGRhdGUiOjEyMDAwMDAwMDAwMH19","dependencies":["module.network_hub.aws_vpc.central_egress","module.network_hub.data.aws_availability_zones.available"]},{"index_key":2,"schema_version":0,"attributes":{"arn":"arn:aws:ec2:eu-west-1:131778591898:route-table/rtb-012bde5ad2852b86b","id":"rtb-012bde5ad2852b86b","owner_id":"131778591898","propagating_vgws":[],"region":"eu-west-1","route":[{"carrier_gateway_id":"","cidr_block":"0.0.0.0/0","core_network_arn":"","destination_prefix_list_id":"","egress_only_gateway_id":"","gateway_id":"","ipv6_cidr_block":"","local_gateway_id":"","nat_gateway_id":"","network_interface_id":"","transit_gateway_id":"","vpc_endpoint_id":"vpce-03ea7196ab6bdba91","vpc_peering_connection_id":""},{"carrier_gateway_id":"","cidr_block":"100.108.0.0/14","core_network_arn":"","destination_prefix_list_id":"","egress_only_gateway_id":"","gateway_id":"","ipv6_cidr_block":"","local_gateway_id":"","nat_gateway_id":"","network_interface_id":"","transit_gateway_id":"tgw-064572ba47d22fb2a","vpc_endpoint_id":"","vpc_peering_connection_id":""}],"tags":{"AZ":"eu-west-1c","CardData":"no","Classification":"nonpublic","Environment":"prod","GitURL":"https://gitlab.com/williamhillplc/technical-services/networks/channels-team.git","ManagedBy":"OpenTofu","Migrated":"no","Name":"network-hub-prod-egress-private-rt-1c","Product":"network-hub","Project":"network-hub","Tier":"internal","Type":"private-route-table"},"tags_all":{"AZ":"eu-west-1c","CardData":"no","Classification":"nonpublic","Environment":"prod","GitURL":"https://gitlab.com/williamhillplc/technical-services/networks/channels-team.git","ManagedBy":"OpenTofu","Migrated":"no","Name":"network-hub-prod-egress-private-rt-1c","Product":"network-hub","Project":"network-hub","Tier":"internal","Type":"private-route-table"},"timeouts":null,"vpc_id":"vpc-0d1da3b159ec41fbd"},"sensitive_attributes":[],"private":"eyJlMmJmYjczMC1lY2FhLTExZTYtOGY4OC0zNDM2M2JjN2M0YzAiOnsiY3JlYXRlIjozMDAwMDAwMDAwMDAsImRlbGV0ZSI6MzAwMDAwMDAwMDAwLCJ1cGRhdGUiOjEyMDAwMDAwMDAwMH19","dependencies":["module.network_hub.aws_vpc.central_egress","module.network_hub.data.aws_availability_zones.available"]}]},{"module":"module.network_hub","mode":"managed","type":"aws_route_table","name":"egress_public","provider":"provider[\"registry.opentofu.org/hashicorp/aws\"]","instances":[{"index_key":0,"schema_version":0,"attributes":{"arn":"arn:aws:ec2:eu-west-1:131778591898:route-table/rtb-067f9e131597462cd","id":"rtb-067f9e131597462cd","owner_id":"131778591898","propagating_vgws":[],"region":"eu-west-1","route":[{"carrier_gateway_id":"","cidr_block":"0.0.0.0/0","core_network_arn":"","destination_prefix_list_id":"","egress_only_gateway_id":"","gateway_id":"igw-03fa53ae97d506fed","ipv6_cidr_block":"","local_gateway_id":"","nat_gateway_id":"","network_interface_id":"","transit_gateway_id":"","vpc_endpoint_id":"","vpc_peering_connection_id":""},{"carrier_gateway_id":"","cidr_block":"100.108.0.0/14","core_network_arn":"","destination_prefix_list_id":"","egress_only_gateway_id":"","gateway_id":"","ipv6_cidr_block":"","local_gateway_id":"","nat_gateway_id":"","network_interface_id":"","transit_gateway_id":"","vpc_endpoint_id":"vpce-00485aba4ec3e733c","vpc_peering_connection_id":""}],"tags":{"AZ":"eu-west-1a","CardData":"no","Classification":"nonpublic","Environment":"prod","GitURL":"https://gitlab.com/williamhillplc/technical-services/networks/channels-team.git","ManagedBy":"OpenTofu","Migrated":"no","Name":"network-hub-prod-egress-public-rt-1a","Product":"network-hub","Project":"network-hub","Tier":"internal","Type":"public-route-table"},"tags_all":{"AZ":"eu-west-1a","CardData":"no","Classification":"nonpublic","Environment":"prod","GitURL":"https://gitlab.com/williamhillplc/technical-services/networks/channels-team.git","ManagedBy":"OpenTofu","Migrated":"no","Name":"network-hub-prod-egress-public-rt-1a","Product":"network-hub","Project":"network-hub","Tier":"internal","Type":"public-route-table"},"timeouts":null,"vpc_id":"vpc-0d1da3b159ec41fbd"},"sensitive_attributes":[],"private":"eyJlMmJmYjczMC1lY2FhLTExZTYtOGY4OC0zNDM2M2JjN2M0YzAiOnsiY3JlYXRlIjozMDAwMDAwMDAwMDAsImRlbGV0ZSI6MzAwMDAwMDAwMDAwLCJ1cGRhdGUiOjEyMDAwMDAwMDAwMH19","dependencies":["module.network_hub.aws_vpc.central_egress","module.network_hub.data.aws_availability_zones.available"]},{"index_key":1,"schema_version":0,"attributes":{"arn":"arn:aws:ec2:eu-west-1:131778591898:route-table/rtb-060bfbf03f96bf3fc","id":"rtb-060bfbf03f96bf3fc","owner_id":"131778591898","propagating_vgws":[],"region":"eu-west-1","route":[{"carrier_gateway_id":"","cidr_block":"0.0.0.0/0","core_network_arn":"","destination_prefix_list_id":"","egress_only_gateway_id":"","gateway_id":"igw-03fa53ae97d506fed","ipv6_cidr_block":"","local_gateway_id":"","nat_gateway_id":"","network_interface_id":"","transit_gateway_id":"","vpc_endpoint_id":"","vpc_peering_connection_id":""},{"carrier_gateway_id":"","cidr_block":"100.108.0.0/14","core_network_arn":"","destination_prefix_list_id":"","egress_only_gateway_id":"","gateway_id":"","ipv6_cidr_block":"","local_gateway_id":"","nat_gateway_id":"","network_interface_id":"","transit_gateway_id":"","vpc_endpoint_id":"vpce-01a5bad46bc2e0021","vpc_peering_connection_id":""}],"tags":{"AZ":"eu-west-1b","CardData":"no","Classification":"nonpublic","Environment":"prod","GitURL":"https://gitlab.com/williamhillplc/technical-services/networks/channels-team.git","ManagedBy":"OpenTofu","Migrated":"no","Name":"network-hub-prod-egress-public-rt-1b","Product":"network-hub","Project":"network-hub","Tier":"internal","Type":"public-route-table"},"tags_all":{"AZ":"eu-west-1b","CardData":"no","Classification":"nonpublic","Environment":"prod","GitURL":"https://gitlab.com/williamhillplc/technical-services/networks/channels-team.git","ManagedBy":"OpenTofu","Migrated":"no","Name":"network-hub-prod-egress-public-rt-1b","Product":"network-hub","Project":"network-hub","Tier":"internal","Type":"public-route-table"},"timeouts":null,"vpc_id":"vpc-0d1da3b159ec41fbd"},"sensitive_attributes":[],"private":"eyJlMmJmYjczMC1lY2FhLTExZTYtOGY4OC0zNDM2M2JjN2M0YzAiOnsiY3JlYXRlIjozMDAwMDAwMDAwMDAsImRlbGV0ZSI6MzAwMDAwMDAwMDAwLCJ1cGRhdGUiOjEyMDAwMDAwMDAwMH19","dependencies":["module.network_hub.aws_vpc.central_egress","module.network_hub.data.aws_availability_zones.available"]},{"index_key":2,"schema_version":0,"attributes":{"arn":"arn:aws:ec2:eu-west-1:131778591898:route-table/rtb-030b5eefbb6a6e91e","id":"rtb-030b5eefbb6a6e91e","owner_id":"131778591898","propagating_vgws":[],"region":"eu-west-1","route":[{"carrier_gateway_id":"","cidr_block":"0.0.0.0/0","core_network_arn":"","destination_prefix_list_id":"","egress_only_gateway_id":"","gateway_id":"igw-03fa53ae97d506fed","ipv6_cidr_block":"","local_gateway_id":"","nat_gateway_id":"","network_interface_id":"","transit_gateway_id":"","vpc_endpoint_id":"","vpc_peering_connection_id":""},{"carrier_gateway_id":"","cidr_block":"100.108.0.0/14","core_network_arn":"","destination_prefix_list_id":"","egress_only_gateway_id":"","gateway_id":"","ipv6_cidr_block":"","local_gateway_id":"","nat_gateway_id":"","network_interface_id":"","transit_gateway_id":"","vpc_endpoint_id":"vpce-03ea7196ab6bdba91","vpc_peering_connection_id":""}],"tags":{"AZ":"eu-west-1c","CardData":"no","Classification":"nonpublic","Environment":"prod","GitURL":"https://gitlab.com/williamhillplc/technical-services/networks/channels-team.git","ManagedBy":"OpenTofu","Migrated":"no","Name":"network-hub-prod-egress-public-rt-1c","Product":"network-hub","Project":"network-hub","Tier":"internal","Type":"public-route-table"},"tags_all":{"AZ":"eu-west-1c","CardData":"no","Classification":"nonpublic","Environment":"prod","GitURL":"https://gitlab.com/williamhillplc/technical-services/networks/channels-team.git","ManagedBy":"OpenTofu","Migrated":"no","Name":"network-hub-prod-egress-public-rt-1c","Product":"network-hub","Project":"network-hub","Tier":"internal","Type":"public-route-table"},"timeouts":null,"vpc_id":"vpc-0d1da3b159ec41fbd"},"sensitive_attributes":[],"private":"eyJlMmJmYjczMC1lY2FhLTExZTYtOGY4OC0zNDM2M2JjN2M0YzAiOnsiY3JlYXRlIjozMDAwMDAwMDAwMDAsImRlbGV0ZSI6MzAwMDAwMDAwMDAwLCJ1cGRhdGUiOjEyMDAwMDAwMDAwMH19","dependencies":["module.network_hub.aws_vpc.central_egress","module.network_hub.data.aws_availability_zones.available"]}]},{"module":"module.network_hub","mode":"managed","type":"aws_route_table_association","name":"egress_firewall_endpoint","provider":"provider[\"registry.opentofu.org/hashicorp/aws\"]","instances":[{"index_key":0,"schema_version":0,"attributes":{"gateway_id":"","id":"rtbassoc-058c52c9a35268a84","region":"eu-west-1","route_table_id":"rtb-0f77a9ee70109ec38","subnet_id":"subnet-08e42c0bd12cf8bad","timeouts":null},"sensitive_attributes":[],"private":"eyJlMmJmYjczMC1lY2FhLTExZTYtOGY4OC0zNDM2M2JjN2M0YzAiOnsiY3JlYXRlIjozMDAwMDAwMDAwMDAsImRlbGV0ZSI6MzAwMDAwMDAwMDAwLCJ1cGRhdGUiOjEyMDAwMDAwMDAwMH19","dependencies":["module.network_hub.aws_route_table.egress_firewall_endpoint","module.network_hub.aws_subnet.egress_firewall_endpoint","module.network_hub.aws_vpc.central_egress","module.network_hub.data.aws_availability_zones.available"]},{"index_key":1,"schema_version":0,"attributes":{"gateway_id":"","id":"rtbassoc-06280f98acdabe782","region":"eu-west-1","route_table_id":"rtb-001bbe66dd3a4e0d5","subnet_id":"subnet-04e64e187fb855238","timeouts":null},"sensitive_attributes":[],"private":"eyJlMmJmYjczMC1lY2FhLTExZTYtOGY4OC0zNDM2M2JjN2M0YzAiOnsiY3JlYXRlIjozMDAwMDAwMDAwMDAsImRlbGV0ZSI6MzAwMDAwMDAwMDAwLCJ1cGRhdGUiOjEyMDAwMDAwMDAwMH19","dependencies":["module.network_hub.aws_route_table.egress_firewall_endpoint","module.network_hub.aws_subnet.egress_firewall_endpoint","module.network_hub.aws_vpc.central_egress","module.network_hub.data.aws_availability_zones.available"]},{"index_key":2,"schema_version":0,"attributes":{"gateway_id":"","id":"rtbassoc-096e0f138e379ab51","region":"eu-west-1","route_table_id":"rtb-0bdeeeffb72298aff","subnet_id":"subnet-0040ba63b418bff19","timeouts":null},"sensitive_attributes":[],"private":"eyJlMmJmYjczMC1lY2FhLTExZTYtOGY4OC0zNDM2M2JjN2M0YzAiOnsiY3JlYXRlIjozMDAwMDAwMDAwMDAsImRlbGV0ZSI6MzAwMDAwMDAwMDAwLCJ1cGRhdGUiOjEyMDAwMDAwMDAwMH19","dependencies":["module.network_hub.aws_route_table.egress_firewall_endpoint","module.network_hub.aws_subnet.egress_firewall_endpoint","module.network_hub.aws_vpc.central_egress","module.network_hub.data.aws_availability_zones.available"]}]},{"module":"module.network_hub","mode":"managed","type":"aws_route_table_association","name":"egress_private","provider":"provider[\"registry.opentofu.org/hashicorp/aws\"]","instances":[{"index_key":0,"schema_version":0,"attributes":{"gateway_id":"","id":"rtbassoc-0446d21c4dd531191","region":"eu-west-1","route_table_id":"rtb-0997a05e7d2f42adb","subnet_id":"subnet-01fdcd47c0f07ffeb","timeouts":null},"sensitive_attributes":[],"private":"eyJlMmJmYjczMC1lY2FhLTExZTYtOGY4OC0zNDM2M2JjN2M0YzAiOnsiY3JlYXRlIjozMDAwMDAwMDAwMDAsImRlbGV0ZSI6MzAwMDAwMDAwMDAwLCJ1cGRhdGUiOjEyMDAwMDAwMDAwMH19","dependencies":["module.network_hub.aws_route_table.egress_private","module.network_hub.aws_subnet.egress_private","module.network_hub.aws_vpc.central_egress","module.network_hub.data.aws_availability_zones.available"]},{"index_key":1,"schema_version":0,"attributes":{"gateway_id":"","id":"rtbassoc-0007d6c6d9a0e10f1","region":"eu-west-1","route_table_id":"rtb-0b1c2648250c5be30","subnet_id":"subnet-0f6e976b63ff3912e","timeouts":null},"sensitive_attributes":[],"private":"eyJlMmJmYjczMC1lY2FhLTExZTYtOGY4OC0zNDM2M2JjN2M0YzAiOnsiY3JlYXRlIjozMDAwMDAwMDAwMDAsImRlbGV0ZSI6MzAwMDAwMDAwMDAwLCJ1cGRhdGUiOjEyMDAwMDAwMDAwMH19","dependencies":["module.network_hub.aws_route_table.egress_private","module.network_hub.aws_subnet.egress_private","module.network_hub.aws_vpc.central_egress","module.network_hub.data.aws_availability_zones.available"]},{"index_key":2,"schema_version":0,"attributes":{"gateway_id":"","id":"rtbassoc-069fd2c13507e4ed0","region":"eu-west-1","route_table_id":"rtb-012bde5ad2852b86b","subnet_id":"subnet-02fffa865e28e658f","timeouts":null},"sensitive_attributes":[],"private":"eyJlMmJmYjczMC1lY2FhLTExZTYtOGY4OC0zNDM2M2JjN2M0YzAiOnsiY3JlYXRlIjozMDAwMDAwMDAwMDAsImRlbGV0ZSI6MzAwMDAwMDAwMDAwLCJ1cGRhdGUiOjEyMDAwMDAwMDAwMH19","dependencies":["module.network_hub.aws_route_table.egress_private","module.network_hub.aws_subnet.egress_private","module.network_hub.aws_vpc.central_egress","module.network_hub.data.aws_availability_zones.available"]}]},{"module":"module.network_hub","mode":"managed","type":"aws_route_table_association","name":"egress_public","provider":"provider[\"registry.opentofu.org/hashicorp/aws\"]","instances":[{"index_key":0,"schema_version":0,"attributes":{"gateway_id":"","id":"rtbassoc-04aa06e7f9e6f359a","region":"eu-west-1","route_table_id":"rtb-067f9e131597462cd","subnet_id":"subnet-06b6a397e179f937b","timeouts":null},"sensitive_attributes":[],"private":"eyJlMmJmYjczMC1lY2FhLTExZTYtOGY4OC0zNDM2M2JjN2M0YzAiOnsiY3JlYXRlIjozMDAwMDAwMDAwMDAsImRlbGV0ZSI6MzAwMDAwMDAwMDAwLCJ1cGRhdGUiOjEyMDAwMDAwMDAwMH19","dependencies":["module.network_hub.aws_route_table.egress_public","module.network_hub.aws_subnet.egress_public","module.network_hub.aws_vpc.central_egress","module.network_hub.data.aws_availability_zones.available"]},{"index_key":1,"schema_version":0,"attributes":{"gateway_id":"","id":"rtbassoc-01053378b8ef28aa5","region":"eu-west-1","route_table_id":"rtb-060bfbf03f96bf3fc","subnet_id":"subnet-0f63ae70b115c970a","timeouts":null},"sensitive_attributes":[],"private":"eyJlMmJmYjczMC1lY2FhLTExZTYtOGY4OC0zNDM2M2JjN2M0YzAiOnsiY3JlYXRlIjozMDAwMDAwMDAwMDAsImRlbGV0ZSI6MzAwMDAwMDAwMDAwLCJ1cGRhdGUiOjEyMDAwMDAwMDAwMH19","dependencies":["module.network_hub.aws_route_table.egress_public","module.network_hub.aws_subnet.egress_public","module.network_hub.aws_vpc.central_egress","module.network_hub.data.aws_availability_zones.available"]},{"index_key":2,"schema_version":0,"attributes":{"gateway_id":"","id":"rtbassoc-0b4743240a694b108","region":"eu-west-1","route_table_id":"rtb-030b5eefbb6a6e91e","subnet_id":"subnet-0329975c6601cdcdb","timeouts":null},"sensitive_attributes":[],"private":"eyJlMmJmYjczMC1lY2FhLTExZTYtOGY4OC0zNDM2M2JjN2M0YzAiOnsiY3JlYXRlIjozMDAwMDAwMDAwMDAsImRlbGV0ZSI6MzAwMDAwMDAwMDAwLCJ1cGRhdGUiOjEyMDAwMDAwMDAwMH19","dependencies":["module.network_hub.aws_route_table.egress_public","module.network_hub.aws_subnet.egress_public","module.network_hub.aws_vpc.central_egress","module.network_hub.data.aws_availability_zones.available"]}]},{"module":"module.network_hub","mode":"managed","type":"aws_subnet","name":"egress_firewall_endpoint","provider":"provider[\"registry.opentofu.org/hashicorp/aws\"]","instances":[{"index_key":0,"schema_version":1,"attributes":{"arn":"arn:aws:ec2:eu-west-1:131778591898:subnet/subnet-08e42c0bd12cf8bad","assign_ipv6_address_on_creation":false,"availability_zone":"eu-west-1a","availability_zone_id":"euw1-az2","cidr_block":"100.108.2.96/28","customer_owned_ipv4_pool":"","enable_dns64":false,"enable_lni_at_device_index":0,"enable_resource_name_dns_a_record_on_launch":false,"enable_resource_name_dns_aaaa_record_on_launch":false,"id":"subnet-08e42c0bd12cf8bad","ipv6_cidr_block":"","ipv6_cidr_block_association_id":"","ipv6_native":false,"map_customer_owned_ip_on_launch":false,"map_public_ip_on_launch":false,"outpost_arn":"","owner_id":"131778591898","private_dns_hostname_type_on_launch":"ip-name","region":"eu-west-1","tags":{"AZ":"eu-west-1a","CardData":"no","Classification":"nonpublic","Environment":"prod","GitURL":"https://gitlab.com/williamhillplc/technical-services/networks/channels-team.git","ManagedBy":"OpenTofu","Migrated":"no","Name":"network-hub-prod-egress-fw-endpoint-subnet-1a","Product":"network-hub","Project":"network-hub","Tier":"internal","Type":"egress-firewall-endpoint","VPC":"central-egress"},"tags_all":{"AZ":"eu-west-1a","CardData":"no","Classification":"nonpublic","Environment":"prod","GitURL":"https://gitlab.com/williamhillplc/technical-services/networks/channels-team.git","ManagedBy":"OpenTofu","Migrated":"no","Name":"network-hub-prod-egress-fw-endpoint-subnet-1a","Product":"network-hub","Project":"network-hub","Tier":"internal","Type":"egress-firewall-endpoint","VPC":"central-egress"},"timeouts":null,"vpc_id":"vpc-0d1da3b159ec41fbd"},"sensitive_attributes":[],"private":"eyJlMmJmYjczMC1lY2FhLTExZTYtOGY4OC0zNDM2M2JjN2M0YzAiOnsiY3JlYXRlIjo2MDAwMDAwMDAwMDAsImRlbGV0ZSI6MTIwMDAwMDAwMDAwMH0sInNjaGVtYV92ZXJzaW9uIjoiMSJ9","dependencies":["module.network_hub.aws_vpc.central_egress","module.network_hub.data.aws_availability_zones.available"]},{"index_key":1,"schema_version":1,"attributes":{"arn":"arn:aws:ec2:eu-west-1:131778591898:subnet/subnet-04e64e187fb855238","assign_ipv6_address_on_creation":false,"availability_zone":"eu-west-1b","availability_zone_id":"euw1-az3","cidr_block":"100.108.2.112/28","customer_owned_ipv4_pool":"","enable_dns64":false,"enable_lni_at_device_index":0,"enable_resource_name_dns_a_record_on_launch":false,"enable_resource_name_dns_aaaa_record_on_launch":false,"id":"subnet-04e64e187fb855238","ipv6_cidr_block":"","ipv6_cidr_block_association_id":"","ipv6_native":false,"map_customer_owned_ip_on_launch":false,"map_public_ip_on_launch":false,"outpost_arn":"","owner_id":"131778591898","private_dns_hostname_type_on_launch":"ip-name","region":"eu-west-1","tags":{"AZ":"eu-west-1b","CardData":"no","Classification":"nonpublic","Environment":"prod","GitURL":"https://gitlab.com/williamhillplc/technical-services/networks/channels-team.git","ManagedBy":"OpenTofu","Migrated":"no","Name":"network-hub-prod-egress-fw-endpoint-subnet-1b","Product":"network-hub","Project":"network-hub","Tier":"internal","Type":"egress-firewall-endpoint","VPC":"central-egress"},"tags_all":{"AZ":"eu-west-1b","CardData":"no","Classification":"nonpublic","Environment":"prod","GitURL":"https://gitlab.com/williamhillplc/technical-services/networks/channels-team.git","ManagedBy":"OpenTofu","Migrated":"no","Name":"network-hub-prod-egress-fw-endpoint-subnet-1b","Product":"network-hub","Project":"network-hub","Tier":"internal","Type":"egress-firewall-endpoint","VPC":"central-egress"},"timeouts":null,"vpc_id":"vpc-0d1da3b159ec41fbd"},"sensitive_attributes":[],"private":"eyJlMmJmYjczMC1lY2FhLTExZTYtOGY4OC0zNDM2M2JjN2M0YzAiOnsiY3JlYXRlIjo2MDAwMDAwMDAwMDAsImRlbGV0ZSI6MTIwMDAwMDAwMDAwMH0sInNjaGVtYV92ZXJzaW9uIjoiMSJ9","dependencies":["module.network_hub.aws_vpc.central_egress","module.network_hub.data.aws_availability_zones.available"]},{"index_key":2,"schema_version":1,"attributes":{"arn":"arn:aws:ec2:eu-west-1:131778591898:subnet/subnet-0040ba63b418bff19","assign_ipv6_address_on_creation":false,"availability_zone":"eu-west-1c","availability_zone_id":"euw1-az1","cidr_block":"100.108.2.128/28","customer_owned_ipv4_pool":"","enable_dns64":false,"enable_lni_at_device_index":0,"enable_resource_name_dns_a_record_on_launch":false,"enable_resource_name_dns_aaaa_record_on_launch":false,"id":"subnet-0040ba63b418bff19","ipv6_cidr_block":"","ipv6_cidr_block_association_id":"","ipv6_native":false,"map_customer_owned_ip_on_launch":false,"map_public_ip_on_launch":false,"outpost_arn":"","owner_id":"131778591898","private_dns_hostname_type_on_launch":"ip-name","region":"eu-west-1","tags":{"AZ":"eu-west-1c","CardData":"no","Classification":"nonpublic","Environment":"prod","GitURL":"https://gitlab.com/williamhillplc/technical-services/networks/channels-team.git","ManagedBy":"OpenTofu","Migrated":"no","Name":"network-hub-prod-egress-fw-endpoint-subnet-1c","Product":"network-hub","Project":"network-hub","Tier":"internal","Type":"egress-firewall-endpoint","VPC":"central-egress"},"tags_all":{"AZ":"eu-west-1c","CardData":"no","Classification":"nonpublic","Environment":"prod","GitURL":"https://gitlab.com/williamhillplc/technical-services/networks/channels-team.git","ManagedBy":"OpenTofu","Migrated":"no","Name":"network-hub-prod-egress-fw-endpoint-subnet-1c","Product":"network-hub","Project":"network-hub","Tier":"internal","Type":"egress-firewall-endpoint","VPC":"central-egress"},"timeouts":null,"vpc_id":"vpc-0d1da3b159ec41fbd"},"sensitive_attributes":[],"private":"eyJlMmJmYjczMC1lY2FhLTExZTYtOGY4OC0zNDM2M2JjN2M0YzAiOnsiY3JlYXRlIjo2MDAwMDAwMDAwMDAsImRlbGV0ZSI6MTIwMDAwMDAwMDAwMH0sInNjaGVtYV92ZXJzaW9uIjoiMSJ9","dependencies":["module.network_hub.aws_vpc.central_egress","module.network_hub.data.aws_availability_zones.available"]}]},{"module":"module.network_hub","mode":"managed","type":"aws_subnet","name":"egress_private","provider":"provider[\"registry.opentofu.org/hashicorp/aws\"]","instances":[{"index_key":0,"schema_version":1,"attributes":{"arn":"arn:aws:ec2:eu-west-1:131778591898:subnet/subnet-01fdcd47c0f07ffeb","assign_ipv6_address_on_creation":false,"availability_zone":"eu-west-1a","availability_zone_id":"euw1-az2","cidr_block":"100.108.2.0/28","customer_owned_ipv4_pool":"","enable_dns64":false,"enable_lni_at_device_index":0,"enable_resource_name_dns_a_record_on_launch":false,"enable_resource_name_dns_aaaa_record_on_launch":false,"id":"subnet-01fdcd47c0f07ffeb","ipv6_cidr_block":"","ipv6_cidr_block_association_id":"","ipv6_native":false,"map_customer_owned_ip_on_launch":false,"map_public_ip_on_launch":false,"outpost_arn":"","owner_id":"131778591898","private_dns_hostname_type_on_launch":"ip-name","region":"eu-west-1","tags":{"AZ":"eu-west-1a","CardData":"no","Classification":"nonpublic","Environment":"prod","GitURL":"https://gitlab.com/williamhillplc/technical-services/networks/channels-team.git","ManagedBy":"OpenTofu","Migrated":"no","Name":"network-hub-prod-egress-private-subnet-1a","Product":"network-hub","Project":"network-hub","Tier":"internal","Type":"egress-private","VPC":"central-egress"},"tags_all":{"AZ":"eu-west-1a","CardData":"no","Classification":"nonpublic","Environment":"prod","GitURL":"https://gitlab.com/williamhillplc/technical-services/networks/channels-team.git","ManagedBy":"OpenTofu","Migrated":"no","Name":"network-hub-prod-egress-private-subnet-1a","Product":"network-hub","Project":"network-hub","Tier":"internal","Type":"egress-private","VPC":"central-egress"},"timeouts":null,"vpc_id":"vpc-0d1da3b159ec41fbd"},"sensitive_attributes":[],"private":"eyJlMmJmYjczMC1lY2FhLTExZTYtOGY4OC0zNDM2M2JjN2M0YzAiOnsiY3JlYXRlIjo2MDAwMDAwMDAwMDAsImRlbGV0ZSI6MTIwMDAwMDAwMDAwMH0sInNjaGVtYV92ZXJzaW9uIjoiMSJ9","dependencies":["module.network_hub.aws_vpc.central_egress","module.network_hub.data.aws_availability_zones.available"]},{"index_key":1,"schema_version":1,"attributes":{"arn":"arn:aws:ec2:eu-west-1:131778591898:subnet/subnet-0f6e976b63ff3912e","assign_ipv6_address_on_creation":false,"availability_zone":"eu-west-1b","availability_zone_id":"euw1-az3","cidr_block":"100.108.2.16/28","customer_owned_ipv4_pool":"","enable_dns64":false,"enable_lni_at_device_index":0,"enable_resource_name_dns_a_record_on_launch":false,"enable_resource_name_dns_aaaa_record_on_launch":false,"id":"subnet-0f6e976b63ff3912e","ipv6_cidr_block":"","ipv6_cidr_block_association_id":"","ipv6_native":false,"map_customer_owned_ip_on_launch":false,"map_public_ip_on_launch":false,"outpost_arn":"","owner_id":"131778591898","private_dns_hostname_type_on_launch":"ip-name","region":"eu-west-1","tags":{"AZ":"eu-west-1b","CardData":"no","Classification":"nonpublic","Environment":"prod","GitURL":"https://gitlab.com/williamhillplc/technical-services/networks/channels-team.git","ManagedBy":"OpenTofu","Migrated":"no","Name":"network-hub-prod-egress-private-subnet-1b","Product":"network-hub","Project":"network-hub","Tier":"internal","Type":"egress-private","VPC":"central-egress"},"tags_all":{"AZ":"eu-west-1b","CardData":"no","Classification":"nonpublic","Environment":"prod","GitURL":"https://gitlab.com/williamhillplc/technical-services/networks/channels-team.git","ManagedBy":"OpenTofu","Migrated":"no","Name":"network-hub-prod-egress-private-subnet-1b","Product":"network-hub","Project":"network-hub","Tier":"internal","Type":"egress-private","VPC":"central-egress"},"timeouts":null,"vpc_id":"vpc-0d1da3b159ec41fbd"},"sensitive_attributes":[],"private":"eyJlMmJmYjczMC1lY2FhLTExZTYtOGY4OC0zNDM2M2JjN2M0YzAiOnsiY3JlYXRlIjo2MDAwMDAwMDAwMDAsImRlbGV0ZSI6MTIwMDAwMDAwMDAwMH0sInNjaGVtYV92ZXJzaW9uIjoiMSJ9","dependencies":["module.network_hub.aws_vpc.central_egress","module.network_hub.data.aws_availability_zones.available"]},{"index_key":2,"schema_version":1,"attributes":{"arn":"arn:aws:ec2:eu-west-1:131778591898:subnet/subnet-02fffa865e28e658f","assign_ipv6_address_on_creation":false,"availability_zone":"eu-west-1c","availability_zone_id":"euw1-az1","cidr_block":"100.108.2.32/28","customer_owned_ipv4_pool":"","enable_dns64":false,"enable_lni_at_device_index":0,"enable_resource_name_dns_a_record_on_launch":false,"enable_resource_name_dns_aaaa_record_on_launch":false,"id":"subnet-02fffa865e28e658f","ipv6_cidr_block":"","ipv6_cidr_block_association_id":"","ipv6_native":false,"map_customer_owned_ip_on_launch":false,"map_public_ip_on_launch":false,"outpost_arn":"","owner_id":"131778591898","private_dns_hostname_type_on_launch":"ip-name","region":"eu-west-1","tags":{"AZ":"eu-west-1c","CardData":"no","Classification":"nonpublic","Environment":"prod","GitURL":"https://gitlab.com/williamhillplc/technical-services/networks/channels-team.git","ManagedBy":"OpenTofu","Migrated":"no","Name":"network-hub-prod-egress-private-subnet-1c","Product":"network-hub","Project":"network-hub","Tier":"internal","Type":"egress-private","VPC":"central-egress"},"tags_all":{"AZ":"eu-west-1c","CardData":"no","Classification":"nonpublic","Environment":"prod","GitURL":"https://gitlab.com/williamhillplc/technical-services/networks/channels-team.git","ManagedBy":"OpenTofu","Migrated":"no","Name":"network-hub-prod-egress-private-subnet-1c","Product":"network-hub","Project":"network-hub","Tier":"internal","Type":"egress-private","VPC":"central-egress"},"timeouts":null,"vpc_id":"vpc-0d1da3b159ec41fbd"},"sensitive_attributes":[],"private":"eyJlMmJmYjczMC1lY2FhLTExZTYtOGY4OC0zNDM2M2JjN2M0YzAiOnsiY3JlYXRlIjo2MDAwMDAwMDAwMDAsImRlbGV0ZSI6MTIwMDAwMDAwMDAwMH0sInNjaGVtYV92ZXJzaW9uIjoiMSJ9","dependencies":["module.network_hub.aws_vpc.central_egress","module.network_hub.data.aws_availability_zones.available"]}]},{"module":"module.network_hub","mode":"managed","type":"aws_subnet","name":"egress_public","provider":"provider[\"registry.opentofu.org/hashicorp/aws\"]","instances":[{"index_key":0,"schema_version":1,"attributes":{"arn":"arn:aws:ec2:eu-west-1:131778591898:subnet/subnet-06b6a397e179f937b","assign_ipv6_address_on_creation":false,"availability_zone":"eu-west-1a","availability_zone_id":"euw1-az2","cidr_block":"100.108.2.48/28","customer_owned_ipv4_pool":"","enable_dns64":false,"enable_lni_at_device_index":0,"enable_resource_name_dns_a_record_on_launch":false,"enable_resource_name_dns_aaaa_record_on_launch":false,"id":"subnet-06b6a397e179f937b","ipv6_cidr_block":"","ipv6_cidr_block_association_id":"","ipv6_native":false,"map_customer_owned_ip_on_launch":false,"map_public_ip_on_launch":true,"outpost_arn":"","owner_id":"131778591898","private_dns_hostname_type_on_launch":"ip-name","region":"eu-west-1","tags":{"AZ":"eu-west-1a","CardData":"no","Classification":"nonpublic","Environment":"prod","GitURL":"https://gitlab.com/williamhillplc/technical-services/networks/channels-team.git","ManagedBy":"OpenTofu","Migrated":"no","Name":"network-hub-prod-egress-public-subnet-1a","Product":"network-hub","Project":"network-hub","Tier":"internal","Type":"egress-public","VPC":"central-egress"},"tags_all":{"AZ":"eu-west-1a","CardData":"no","Classification":"nonpublic","Environment":"prod","GitURL":"https://gitlab.com/williamhillplc/technical-services/networks/channels-team.git","ManagedBy":"OpenTofu","Migrated":"no","Name":"network-hub-prod-egress-public-subnet-1a","Product":"network-hub","Project":"network-hub","Tier":"internal","Type":"egress-public","VPC":"central-egress"},"timeouts":null,"vpc_id":"vpc-0d1da3b159ec41fbd"},"sensitive_attributes":[],"private":"eyJlMmJmYjczMC1lY2FhLTExZTYtOGY4OC0zNDM2M2JjN2M0YzAiOnsiY3JlYXRlIjo2MDAwMDAwMDAwMDAsImRlbGV0ZSI6MTIwMDAwMDAwMDAwMH0sInNjaGVtYV92ZXJzaW9uIjoiMSJ9","dependencies":["module.network_hub.aws_vpc.central_egress","module.network_hub.data.aws_availability_zones.available"]},{"index_key":1,"schema_version":1,"attributes":{"arn":"arn:aws:ec2:eu-west-1:131778591898:subnet/subnet-0f63ae70b115c970a","assign_ipv6_address_on_creation":false,"availability_zone":"eu-west-1b","availability_zone_id":"euw1-az3","cidr_block":"100.108.2.64/28","customer_owned_ipv4_pool":"","enable_dns64":false,"enable_lni_at_device_index":0,"enable_resource_name_dns_a_record_on_launch":false,"enable_resource_name_dns_aaaa_record_on_launch":false,"id":"subnet-0f63ae70b115c970a","ipv6_cidr_block":"","ipv6_cidr_block_association_id":"","ipv6_native":false,"map_customer_owned_ip_on_launch":false,"map_public_ip_on_launch":true,"outpost_arn":"","owner_id":"131778591898","private_dns_hostname_type_on_launch":"ip-name","region":"eu-west-1","tags":{"AZ":"eu-west-1b","CardData":"no","Classification":"nonpublic","Environment":"prod","GitURL":"https://gitlab.com/williamhillplc/technical-services/networks/channels-team.git","ManagedBy":"OpenTofu","Migrated":"no","Name":"network-hub-prod-egress-public-subnet-1b","Product":"network-hub","Project":"network-hub","Tier":"internal","Type":"egress-public","VPC":"central-egress"},"tags_all":{"AZ":"eu-west-1b","CardData":"no","Classification":"nonpublic","Environment":"prod","GitURL":"https://gitlab.com/williamhillplc/technical-services/networks/channels-team.git","ManagedBy":"OpenTofu","Migrated":"no","Name":"network-hub-prod-egress-public-subnet-1b","Product":"network-hub","Project":"network-hub","Tier":"internal","Type":"egress-public","VPC":"central-egress"},"timeouts":null,"vpc_id":"vpc-0d1da3b159ec41fbd"},"sensitive_attributes":[],"private":"eyJlMmJmYjczMC1lY2FhLTExZTYtOGY4OC0zNDM2M2JjN2M0YzAiOnsiY3JlYXRlIjo2MDAwMDAwMDAwMDAsImRlbGV0ZSI6MTIwMDAwMDAwMDAwMH0sInNjaGVtYV92ZXJzaW9uIjoiMSJ9","dependencies":["module.network_hub.aws_vpc.central_egress","module.network_hub.data.aws_availability_zones.available"]},{"index_key":2,"schema_version":1,"attributes":{"arn":"arn:aws:ec2:eu-west-1:131778591898:subnet/subnet-0329975c6601cdcdb","assign_ipv6_address_on_creation":false,"availability_zone":"eu-west-1c","availability_zone_id":"euw1-az1","cidr_block":"100.108.2.80/28","customer_owned_ipv4_pool":"","enable_dns64":false,"enable_lni_at_device_index":0,"enable_resource_name_dns_a_record_on_launch":false,"enable_resource_name_dns_aaaa_record_on_launch":false,"id":"subnet-0329975c6601cdcdb","ipv6_cidr_block":"","ipv6_cidr_block_association_id":"","ipv6_native":false,"map_customer_owned_ip_on_launch":false,"map_public_ip_on_launch":true,"outpost_arn":"","owner_id":"131778591898","private_dns_hostname_type_on_launch":"ip-name","region":"eu-west-1","tags":{"AZ":"eu-west-1c","CardData":"no","Classification":"nonpublic","Environment":"prod","GitURL":"https://gitlab.com/williamhillplc/technical-services/networks/channels-team.git","ManagedBy":"OpenTofu","Migrated":"no","Name":"network-hub-prod-egress-public-subnet-1c","Product":"network-hub","Project":"network-hub","Tier":"internal","Type":"egress-public","VPC":"central-egress"},"tags_all":{"AZ":"eu-west-1c","CardData":"no","Classification":"nonpublic","Environment":"prod","GitURL":"https://gitlab.com/williamhillplc/technical-services/networks/channels-team.git","ManagedBy":"OpenTofu","Migrated":"no","Name":"network-hub-prod-egress-public-subnet-1c","Product":"network-hub","Project":"network-hub","Tier":"internal","Type":"egress-public","VPC":"central-egress"},"timeouts":null,"vpc_id":"vpc-0d1da3b159ec41fbd"},"sensitive_attributes":[],"private":"eyJlMmJmYjczMC1lY2FhLTExZTYtOGY4OC0zNDM2M2JjN2M0YzAiOnsiY3JlYXRlIjo2MDAwMDAwMDAwMDAsImRlbGV0ZSI6MTIwMDAwMDAwMDAwMH0sInNjaGVtYV92ZXJzaW9uIjoiMSJ9","dependencies":["module.network_hub.aws_vpc.central_egress","module.network_hub.data.aws_availability_zones.available"]}]},{"module":"module.network_hub","mode":"managed","type":"aws_subnet","name":"firewall_endpoint","provider":"provider[\"registry.opentofu.org/hashicorp/aws\"]","instances":[{"index_key":0,"schema_version":1,"attributes":{"arn":"arn:aws:ec2:eu-west-1:131778591898:subnet/subnet-0950619ce8c96da7e","assign_ipv6_address_on_creation":false,"availability_zone":"eu-west-1a","availability_zone_id":"euw1-az2","cidr_block":"100.108.1.0/28","customer_owned_ipv4_pool":"","enable_dns64":false,"enable_lni_at_device_index":0,"enable_resource_name_dns_a_record_on_launch":false,"enable_resource_name_dns_aaaa_record_on_launch":false,"id":"subnet-0950619ce8c96da7e","ipv6_cidr_block":"","ipv6_cidr_block_association_id":"","ipv6_native":false,"map_customer_owned_ip_on_launch":false,"map_public_ip_on_launch":false,"outpost_arn":"","owner_id":"131778591898","private_dns_hostname_type_on_launch":"ip-name","region":"eu-west-1","tags":{"AZ":"eu-west-1a","CardData":"no","Classification":"nonpublic","Environment":"prod","GitURL":"https://gitlab.com/williamhillplc/technical-services/networks/channels-team.git","ManagedBy":"OpenTofu","Migrated":"no","Name":"network-hub-prod-fw-endpoint-subnet-1a","Product":"network-hub","Project":"network-hub","Tier":"internal","Type":"firewall-endpoint","VPC":"firewall"},"tags_all":{"AZ":"eu-west-1a","CardData":"no","Classification":"nonpublic","Environment":"prod","GitURL":"https://gitlab.com/williamhillplc/technical-services/networks/channels-team.git","ManagedBy":"OpenTofu","Migrated":"no","Name":"network-hub-prod-fw-endpoint-subnet-1a","Product":"network-hub","Project":"network-hub","Tier":"internal","Type":"firewall-endpoint","VPC":"firewall"},"timeouts":null,"vpc_id":"vpc-048e0fd1f3533674c"},"sensitive_attributes":[],"private":"eyJlMmJmYjczMC1lY2FhLTExZTYtOGY4OC0zNDM2M2JjN2M0YzAiOnsiY3JlYXRlIjo2MDAwMDAwMDAwMDAsImRlbGV0ZSI6MTIwMDAwMDAwMDAwMH0sInNjaGVtYV92ZXJzaW9uIjoiMSJ9","dependencies":["module.network_hub.aws_vpc.firewall","module.network_hub.data.aws_availability_zones.available"]},{"index_key":1,"schema_version":1,"attributes":{"arn":"arn:aws:ec2:eu-west-1:131778591898:subnet/subnet-0d5fff51969cea403","assign_ipv6_address_on_creation":false,"availability_zone":"eu-west-1b","availability_zone_id":"euw1-az3","cidr_block":"100.108.1.16/28","customer_owned_ipv4_pool":"","enable_dns64":false,"enable_lni_at_device_index":0,"enable_resource_name_dns_a_record_on_launch":false,"enable_resource_name_dns_aaaa_record_on_launch":false,"id":"subnet-0d5fff51969cea403","ipv6_cidr_block":"","ipv6_cidr_block_association_id":"","ipv6_native":false,"map_customer_owned_ip_on_launch":false,"map_public_ip_on_launch":false,"outpost_arn":"","owner_id":"131778591898","private_dns_hostname_type_on_launch":"ip-name","region":"eu-west-1","tags":{"AZ":"eu-west-1b","CardData":"no","Classification":"nonpublic","Environment":"prod","GitURL":"https://gitlab.com/williamhillplc/technical-services/networks/channels-team.git","ManagedBy":"OpenTofu","Migrated":"no","Name":"network-hub-prod-fw-endpoint-subnet-1b","Product":"network-hub","Project":"network-hub","Tier":"internal","Type":"firewall-endpoint","VPC":"firewall"},"tags_all":{"AZ":"eu-west-1b","CardData":"no","Classification":"nonpublic","Environment":"prod","GitURL":"https://gitlab.com/williamhillplc/technical-services/networks/channels-team.git","ManagedBy":"OpenTofu","Migrated":"no","Name":"network-hub-prod-fw-endpoint-subnet-1b","Product":"network-hub","Project":"network-hub","Tier":"internal","Type":"firewall-endpoint","VPC":"firewall"},"timeouts":null,"vpc_id":"vpc-048e0fd1f3533674c"},"sensitive_attributes":[],"private":"eyJlMmJmYjczMC1lY2FhLTExZTYtOGY4OC0zNDM2M2JjN2M0YzAiOnsiY3JlYXRlIjo2MDAwMDAwMDAwMDAsImRlbGV0ZSI6MTIwMDAwMDAwMDAwMH0sInNjaGVtYV92ZXJzaW9uIjoiMSJ9","dependencies":["module.network_hub.aws_vpc.firewall","module.network_hub.data.aws_availability_zones.available"]},{"index_key":2,"schema_version":1,"attributes":{"arn":"arn:aws:ec2:eu-west-1:131778591898:subnet/subnet-06cd9906ae4747c73","assign_ipv6_address_on_creation":false,"availability_zone":"eu-west-1c","availability_zone_id":"euw1-az1","cidr_block":"100.108.1.32/28","customer_owned_ipv4_pool":"","enable_dns64":false,"enable_lni_at_device_index":0,"enable_resource_name_dns_a_record_on_launch":false,"enable_resource_name_dns_aaaa_record_on_launch":false,"id":"subnet-06cd9906ae4747c73","ipv6_cidr_block":"","ipv6_cidr_block_association_id":"","ipv6_native":false,"map_customer_owned_ip_on_launch":false,"map_public_ip_on_launch":false,"outpost_arn":"","owner_id":"131778591898","private_dns_hostname_type_on_launch":"ip-name","region":"eu-west-1","tags":{"AZ":"eu-west-1c","CardData":"no","Classification":"nonpublic","Environment":"prod","GitURL":"https://gitlab.com/williamhillplc/technical-services/networks/channels-team.git","ManagedBy":"OpenTofu","Migrated":"no","Name":"network-hub-prod-fw-endpoint-subnet-1c","Product":"network-hub","Project":"network-hub","Tier":"internal","Type":"firewall-endpoint","VPC":"firewall"},"tags_all":{"AZ":"eu-west-1c","CardData":"no","Classification":"nonpublic","Environment":"prod","GitURL":"https://gitlab.com/williamhillplc/technical-services/networks/channels-team.git","ManagedBy":"OpenTofu","Migrated":"no","Name":"network-hub-prod-fw-endpoint-subnet-1c","Product":"network-hub","Project":"network-hub","Tier":"internal","Type":"firewall-endpoint","VPC":"firewall"},"timeouts":null,"vpc_id":"vpc-048e0fd1f3533674c"},"sensitive_attributes":[],"private":"eyJlMmJmYjczMC1lY2FhLTExZTYtOGY4OC0zNDM2M2JjN2M0YzAiOnsiY3JlYXRlIjo2MDAwMDAwMDAwMDAsImRlbGV0ZSI6MTIwMDAwMDAwMDAwMH0sInNjaGVtYV92ZXJzaW9uIjoiMSJ9","dependencies":["module.network_hub.aws_vpc.firewall","module.network_hub.data.aws_availability_zones.available"]}]},{"module":"module.network_hub","mode":"managed","type":"aws_subnet","name":"firewall_tgw","provider":"provider[\"registry.opentofu.org/hashicorp/aws\"]","instances":[{"index_key":0,"schema_version":1,"attributes":{"arn":"arn:aws:ec2:eu-west-1:131778591898:subnet/subnet-0336592cae62167f3","assign_ipv6_address_on_creation":false,"availability_zone":"eu-west-1a","availability_zone_id":"euw1-az2","cidr_block":"100.108.1.48/28","customer_owned_ipv4_pool":"","enable_dns64":false,"enable_lni_at_device_index":0,"enable_resource_name_dns_a_record_on_launch":false,"enable_resource_name_dns_aaaa_record_on_launch":false,"id":"subnet-0336592cae62167f3","ipv6_cidr_block":"","ipv6_cidr_block_association_id":"","ipv6_native":false,"map_customer_owned_ip_on_launch":false,"map_public_ip_on_launch":false,"outpost_arn":"","owner_id":"131778591898","private_dns_hostname_type_on_launch":"ip-name","region":"eu-west-1","tags":{"AZ":"eu-west-1a","CardData":"no","Classification":"nonpublic","Environment":"prod","GitURL":"https://gitlab.com/williamhillplc/technical-services/networks/channels-team.git","ManagedBy":"OpenTofu","Migrated":"no","Name":"network-hub-prod-fw-tgw-subnet-1a","Product":"network-hub","Project":"network-hub","Tier":"internal","Type":"firewall-tgw","VPC":"firewall"},"tags_all":{"AZ":"eu-west-1a","CardData":"no","Classification":"nonpublic","Environment":"prod","GitURL":"https://gitlab.com/williamhillplc/technical-services/networks/channels-team.git","ManagedBy":"OpenTofu","Migrated":"no","Name":"network-hub-prod-fw-tgw-subnet-1a","Product":"network-hub","Project":"network-hub","Tier":"internal","Type":"firewall-tgw","VPC":"firewall"},"timeouts":null,"vpc_id":"vpc-048e0fd1f3533674c"},"sensitive_attributes":[],"private":"eyJlMmJmYjczMC1lY2FhLTExZTYtOGY4OC0zNDM2M2JjN2M0YzAiOnsiY3JlYXRlIjo2MDAwMDAwMDAwMDAsImRlbGV0ZSI6MTIwMDAwMDAwMDAwMH0sInNjaGVtYV92ZXJzaW9uIjoiMSJ9","dependencies":["module.network_hub.aws_vpc.firewall","module.network_hub.data.aws_availability_zones.available"]},{"index_key":1,"schema_version":1,"attributes":{"arn":"arn:aws:ec2:eu-west-1:131778591898:subnet/subnet-013fc848a9906c12b","assign_ipv6_address_on_creation":false,"availability_zone":"eu-west-1b","availability_zone_id":"euw1-az3","cidr_block":"100.108.1.64/28","customer_owned_ipv4_pool":"","enable_dns64":false,"enable_lni_at_device_index":0,"enable_resource_name_dns_a_record_on_launch":false,"enable_resource_name_dns_aaaa_record_on_launch":false,"id":"subnet-013fc848a9906c12b","ipv6_cidr_block":"","ipv6_cidr_block_association_id":"","ipv6_native":false,"map_customer_owned_ip_on_launch":false,"map_public_ip_on_launch":false,"outpost_arn":"","owner_id":"131778591898","private_dns_hostname_type_on_launch":"ip-name","region":"eu-west-1","tags":{"AZ":"eu-west-1b","CardData":"no","Classification":"nonpublic","Environment":"prod","GitURL":"https://gitlab.com/williamhillplc/technical-services/networks/channels-team.git","ManagedBy":"OpenTofu","Migrated":"no","Name":"network-hub-prod-fw-tgw-subnet-1b","Product":"network-hub","Project":"network-hub","Tier":"internal","Type":"firewall-tgw","VPC":"firewall"},"tags_all":{"AZ":"eu-west-1b","CardData":"no","Classification":"nonpublic","Environment":"prod","GitURL":"https://gitlab.com/williamhillplc/technical-services/networks/channels-team.git","ManagedBy":"OpenTofu","Migrated":"no","Name":"network-hub-prod-fw-tgw-subnet-1b","Product":"network-hub","Project":"network-hub","Tier":"internal","Type":"firewall-tgw","VPC":"firewall"},"timeouts":null,"vpc_id":"vpc-048e0fd1f3533674c"},"sensitive_attributes":[],"private":"eyJlMmJmYjczMC1lY2FhLTExZTYtOGY4OC0zNDM2M2JjN2M0YzAiOnsiY3JlYXRlIjo2MDAwMDAwMDAwMDAsImRlbGV0ZSI6MTIwMDAwMDAwMDAwMH0sInNjaGVtYV92ZXJzaW9uIjoiMSJ9","dependencies":["module.network_hub.aws_vpc.firewall","module.network_hub.data.aws_availability_zones.available"]},{"index_key":2,"schema_version":1,"attributes":{"arn":"arn:aws:ec2:eu-west-1:131778591898:subnet/subnet-005a24303c317eacb","assign_ipv6_address_on_creation":false,"availability_zone":"eu-west-1c","availability_zone_id":"euw1-az1","cidr_block":"100.108.1.80/28","customer_owned_ipv4_pool":"","enable_dns64":false,"enable_lni_at_device_index":0,"enable_resource_name_dns_a_record_on_launch":false,"enable_resource_name_dns_aaaa_record_on_launch":false,"id":"subnet-005a24303c317eacb","ipv6_cidr_block":"","ipv6_cidr_block_association_id":"","ipv6_native":false,"map_customer_owned_ip_on_launch":false,"map_public_ip_on_launch":false,"outpost_arn":"","owner_id":"131778591898","private_dns_hostname_type_on_launch":"ip-name","region":"eu-west-1","tags":{"AZ":"eu-west-1c","CardData":"no","Classification":"nonpublic","Environment":"prod","GitURL":"https://gitlab.com/williamhillplc/technical-services/networks/channels-team.git","ManagedBy":"OpenTofu","Migrated":"no","Name":"network-hub-prod-fw-tgw-subnet-1c","Product":"network-hub","Project":"network-hub","Tier":"internal","Type":"firewall-tgw","VPC":"firewall"},"tags_all":{"AZ":"eu-west-1c","CardData":"no","Classification":"nonpublic","Environment":"prod","GitURL":"https://gitlab.com/williamhillplc/technical-services/networks/channels-team.git","ManagedBy":"OpenTofu","Migrated":"no","Name":"network-hub-prod-fw-tgw-subnet-1c","Product":"network-hub","Project":"network-hub","Tier":"internal","Type":"firewall-tgw","VPC":"firewall"},"timeouts":null,"vpc_id":"vpc-048e0fd1f3533674c"},"sensitive_attributes":[],"private":"eyJlMmJmYjczMC1lY2FhLTExZTYtOGY4OC0zNDM2M2JjN2M0YzAiOnsiY3JlYXRlIjo2MDAwMDAwMDAwMDAsImRlbGV0ZSI6MTIwMDAwMDAwMDAwMH0sInNjaGVtYV92ZXJzaW9uIjoiMSJ9","dependencies":["module.network_hub.aws_vpc.firewall","module.network_hub.data.aws_availability_zones.available"]}]},{"module":"module.network_hub","mode":"managed","type":"aws_vpc","name":"central_egress","provider":"provider[\"registry.opentofu.org/hashicorp/aws\"]","instances":[{"schema_version":1,"attributes":{"arn":"arn:aws:ec2:eu-west-1:131778591898:vpc/vpc-0d1da3b159ec41fbd","assign_generated_ipv6_cidr_block":false,"cidr_block":"100.108.2.0/24","default_network_acl_id":"acl-02da0b44f8446bd61","default_route_table_id":"rtb-092dddb612d1bed7b","default_security_group_id":"sg-0240b70cf0a28fd87","dhcp_options_id":"dopt-0d8e67e1933fe9cd3","enable_dns_hostnames":true,"enable_dns_support":true,"enable_network_address_usage_metrics":false,"id":"vpc-0d1da3b159ec41fbd","instance_tenancy":"default","ipv4_ipam_pool_id":null,"ipv4_netmask_length":null,"ipv6_association_id":"","ipv6_cidr_block":"","ipv6_cidr_block_network_border_group":"","ipv6_ipam_pool_id":"","ipv6_netmask_length":0,"main_route_table_id":"rtb-092dddb612d1bed7b","owner_id":"131778591898","region":"eu-west-1","tags":{"CardData":"no","Classification":"nonpublic","Environment":"prod","GitURL":"https://gitlab.com/williamhillplc/technical-services/networks/channels-team.git","ManagedBy":"OpenTofu","Migrated":"no","Name":"network-hub-prod-egress-vpc","Product":"network-hub","Project":"network-hub","Purpose":"Centralized internet connectivity","Tier":"internal","Type":"central-egress"},"tags_all":{"CardData":"no","Classification":"nonpublic","Environment":"prod","GitURL":"https://gitlab.com/williamhillplc/technical-services/networks/channels-team.git","ManagedBy":"OpenTofu","Migrated":"no","Name":"network-hub-prod-egress-vpc","Product":"network-hub","Project":"network-hub","Purpose":"Centralized internet connectivity","Tier":"internal","Type":"central-egress"}},"sensitive_attributes":[],"private":"eyJzY2hlbWFfdmVyc2lvbiI6IjEifQ=="}]},{"module":"module.network_hub","mode":"managed","type":"aws_vpc","name":"firewall","provider":"provider[\"registry.opentofu.org/hashicorp/aws\"]","instances":[{"schema_version":1,"attributes":{"arn":"arn:aws:ec2:eu-west-1:131778591898:vpc/vpc-048e0fd1f3533674c","assign_generated_ipv6_cidr_block":false,"cidr_block":"100.108.1.0/24","default_network_acl_id":"acl-000719f6e2f606b9c","default_route_table_id":"rtb-0d556f768aa7736b1","default_security_group_id":"sg-03cd092f388e80d01","dhcp_options_id":"dopt-0d8e67e1933fe9cd3","enable_dns_hostnames":true,"enable_dns_support":true,"enable_network_address_usage_metrics":false,"id":"vpc-048e0fd1f3533674c","instance_tenancy":"default","ipv4_ipam_pool_id":null,"ipv4_netmask_length":null,"ipv6_association_id":"","ipv6_cidr_block":"","ipv6_cidr_block_network_border_group":"","ipv6_ipam_pool_id":"","ipv6_netmask_length":0,"main_route_table_id":"rtb-0d556f768aa7736b1","owner_id":"131778591898","region":"eu-west-1","tags":{"CardData":"no","Classification":"nonpublic","Environment":"prod","GitURL":"https://gitlab.com/williamhillplc/technical-services/networks/channels-team.git","ManagedBy":"OpenTofu","Migrated":"no","Name":"network-hub-prod-firewall-vpc","Product":"network-hub","Project":"network-hub","Purpose":"Network security and traffic inspection","Tier":"internal","Type":"firewall"},"tags_all":{"CardData":"no","Classification":"nonpublic","Environment":"prod","GitURL":"https://gitlab.com/williamhillplc/technical-services/networks/channels-team.git","ManagedBy":"OpenTofu","Migrated":"no","Name":"network-hub-prod-firewall-vpc","Product":"network-hub","Project":"network-hub","Purpose":"Network security and traffic inspection","Tier":"internal","Type":"firewall"}},"sensitive_attributes":[],"private":"eyJzY2hlbWFfdmVyc2lvbiI6IjEifQ=="}]},{"module":"module.network_hub","mode":"managed","type":"awscc_networkfirewall_vpc_endpoint_association","name":"egress","provider":"provider[\"registry.opentofu.org/hashicorp/awscc\"]","instances":[{"index_key":"0","schema_version":1,"attributes":{"description":null,"endpoint_id":"vpce-00485aba4ec3e733c","firewall_arn":"arn:aws:network-firewall:eu-west-1:131778591898:firewall/network-hub-prod-network-firewall","id":"arn:aws:network-firewall:eu-west-1:131778591898:vpc-endpoint-association/789b2a0c-c48b-38e8-ada2-de978f34a506","subnet_mapping":{"ip_address_type":"IPV4","subnet_id":"subnet-08e42c0bd12cf8bad"},"tags":[{"key":"CardData","value":"no"},{"key":"Classification","value":"nonpublic"},{"key":"Environment","value":"prod"},{"key":"GitURL","value":"https://gitlab.com/williamhillplc/technical-services/networks/channels-team.git"},{"key":"ManagedBy","value":"OpenTofu"},{"key":"Migrated","value":"no"},{"key":"Name","value":"network-hub-prod-egress-fw-endpoint-0"},{"key":"Product","value":"network-hub"},{"key":"Project","value":"network-hub"},{"key":"Tier","value":"internal"}],"vpc_endpoint_association_arn":"arn:aws:network-firewall:eu-west-1:131778591898:vpc-endpoint-association/789b2a0c-c48b-38e8-ada2-de978f34a506","vpc_endpoint_association_id":"68a723af-5851-4186-9da1-09b3412a327e","vpc_id":"vpc-0d1da3b159ec41fbd"},"sensitive_attributes":[],"dependencies":["module.network_hub.aws_networkfirewall_firewall.main","module.network_hub.aws_networkfirewall_firewall_policy.main","module.network_hub.aws_networkfirewall_rule_group.domain_allowlist","module.network_hub.aws_networkfirewall_rule_group.ip_rules","module.network_hub.aws_subnet.egress_firewall_endpoint","module.network_hub.aws_subnet.firewall_endpoint","module.network_hub.aws_vpc.central_egress","module.network_hub.aws_vpc.firewall","module.network_hub.data.aws_availability_zones.available"]},{"index_key":"1","schema_version":1,"attributes":{"description":null,"endpoint_id":"vpce-01a5bad46bc2e0021","firewall_arn":"arn:aws:network-firewall:eu-west-1:131778591898:firewall/network-hub-prod-network-firewall","id":"arn:aws:network-firewall:eu-west-1:131778591898:vpc-endpoint-association/964b957c-1e48-32da-b501-347e94c36fce","subnet_mapping":{"ip_address_type":"IPV4","subnet_id":"subnet-04e64e187fb855238"},"tags":[{"key":"CardData","value":"no"},{"key":"Classification","value":"nonpublic"},{"key":"Environment","value":"prod"},{"key":"GitURL","value":"https://gitlab.com/williamhillplc/technical-services/networks/channels-team.git"},{"key":"ManagedBy","value":"OpenTofu"},{"key":"Migrated","value":"no"},{"key":"Name","value":"network-hub-prod-egress-fw-endpoint-1"},{"key":"Product","value":"network-hub"},{"key":"Project","value":"network-hub"},{"key":"Tier","value":"internal"}],"vpc_endpoint_association_arn":"arn:aws:network-firewall:eu-west-1:131778591898:vpc-endpoint-association/964b957c-1e48-32da-b501-347e94c36fce","vpc_endpoint_association_id":"725c877a-2e8d-4786-b26f-49219b0b4f1a","vpc_id":"vpc-0d1da3b159ec41fbd"},"sensitive_attributes":[],"dependencies":["module.network_hub.aws_networkfirewall_firewall.main","module.network_hub.aws_networkfirewall_firewall_policy.main","module.network_hub.aws_networkfirewall_rule_group.domain_allowlist","module.network_hub.aws_networkfirewall_rule_group.ip_rules","module.network_hub.aws_subnet.egress_firewall_endpoint","module.network_hub.aws_subnet.firewall_endpoint","module.network_hub.aws_vpc.central_egress","module.network_hub.aws_vpc.firewall","module.network_hub.data.aws_availability_zones.available"]},{"index_key":"2","schema_version":1,"attributes":{"description":null,"endpoint_id":"vpce-03ea7196ab6bdba91","firewall_arn":"arn:aws:network-firewall:eu-west-1:131778591898:firewall/network-hub-prod-network-firewall","id":"arn:aws:network-firewall:eu-west-1:131778591898:vpc-endpoint-association/a68d99da-b072-30cc-ab8b-ed70c88eb655","subnet_mapping":{"ip_address_type":"IPV4","subnet_id":"subnet-0040ba63b418bff19"},"tags":[{"key":"CardData","value":"no"},{"key":"Classification","value":"nonpublic"},{"key":"Environment","value":"prod"},{"key":"GitURL","value":"https://gitlab.com/williamhillplc/technical-services/networks/channels-team.git"},{"key":"ManagedBy","value":"OpenTofu"},{"key":"Migrated","value":"no"},{"key":"Name","value":"network-hub-prod-egress-fw-endpoint-2"},{"key":"Product","value":"network-hub"},{"key":"Project","value":"network-hub"},{"key":"Tier","value":"internal"}],"vpc_endpoint_association_arn":"arn:aws:network-firewall:eu-west-1:131778591898:vpc-endpoint-association/a68d99da-b072-30cc-ab8b-ed70c88eb655","vpc_endpoint_association_id":"594babb9-25b6-4dec-9446-f7e94f82871e","vpc_id":"vpc-0d1da3b159ec41fbd"},"sensitive_attributes":[],"dependencies":["module.network_hub.aws_networkfirewall_firewall.main","module.network_hub.aws_networkfirewall_firewall_policy.main","module.network_hub.aws_networkfirewall_rule_group.domain_allowlist","module.network_hub.aws_networkfirewall_rule_group.ip_rules","module.network_hub.aws_subnet.egress_firewall_endpoint","module.network_hub.aws_subnet.firewall_endpoint","module.network_hub.aws_vpc.central_egress","module.network_hub.aws_vpc.firewall","module.network_hub.data.aws_availability_zones.available"]}]}],"check_results":null}
