{"version":4,"terraform_version":"1.10.6","serial":52,"lineage":"2429e930-45de-0f22-43e5-0d12aff1c26c","outputs":{"client_subnet_allocation":{"value":{"cde_subnets":["100.108.32.0/22","100.108.36.0/22","100.108.40.0/22"],"ncde_subnets":["100.108.44.0/22","100.108.48.0/22","100.108.52.0/22"],"tgw_subnets":["100.108.56.0/28","100.108.56.16/28","100.108.56.32/28"]},"type":["object",{"cde_subnets":["tuple",["string","string","string"]],"ncde_subnets":["tuple",["string","string","string"]],"tgw_subnets":["tuple",["string","string","string"]]}]},"elastic_ip_addresses":{"value":["54.229.174.182","52.19.152.146","34.249.104.245"],"type":["tuple",["string","string","string"]]},"firewall_details":{"value":{"arn":"arn:aws:network-firewall:eu-west-1:274363547985:firewall/network-hub-prod-network-firewall","endpoints":[{"attachment":[{"endpoint_id":"vpce-06ffe011454ba289a","subnet_id":"subnet-0bfd6a66b6a8bcce1"}],"availability_zone":"eu-west-1a"},{"attachment":[{"endpoint_id":"vpce-0bfd0da48dc3bc0e3","subnet_id":"subnet-0067766ec73313d47"}],"availability_zone":"eu-west-1b"},{"attachment":[{"endpoint_id":"vpce-0f98f060db5f6312f","subnet_id":"subnet-080cbbc5e22f662bf"}],"availability_zone":"eu-west-1c"}],"id":"arn:aws:network-firewall:eu-west-1:274363547985:firewall/network-hub-prod-network-firewall","policy_arn":"arn:aws:network-firewall:eu-west-1:274363547985:firewall-policy/network-hub-prod-firewall-policy","policy_id":"arn:aws:network-firewall:eu-west-1:274363547985:firewall-policy/network-hub-prod-firewall-policy"},"type":["object",{"arn":"string","endpoints":["set",["object",{"attachment":["list",["object",{"endpoint_id":"string","subnet_id":"string"}]],"availability_zone":"string"}]],"id":"string","policy_arn":"string","policy_id":"string"}]},"firewall_endpoints":{"value":[{"attachment":[{"endpoint_id":"vpce-06ffe011454ba289a","subnet_id":"subnet-0bfd6a66b6a8bcce1"}],"availability_zone":"eu-west-1a"},{"attachment":[{"endpoint_id":"vpce-0bfd0da48dc3bc0e3","subnet_id":"subnet-0067766ec73313d47"}],"availability_zone":"eu-west-1b"},{"attachment":[{"endpoint_id":"vpce-0f98f060db5f6312f","subnet_id":"subnet-080cbbc5e22f662bf"}],"availability_zone":"eu-west-1c"}],"type":["set",["object",{"attachment":["list",["object",{"endpoint_id":"string","subnet_id":"string"}]],"availability_zone":"string"}]]},"firewall_id":{"value":"arn:aws:network-firewall:eu-west-1:274363547985:firewall/network-hub-prod-network-firewall","type":"string"},"firewall_policy_id":{"value":"arn:aws:network-firewall:eu-west-1:274363547985:firewall-policy/network-hub-prod-firewall-policy","type":"string"},"internet_connectivity":{"value":{"elastic_ips":["54.229.174.182","52.19.152.146","34.249.104.245"],"internet_gateways":{"central_egress":"igw-07ef69decc03f77ef","transit_gateway":"igw-08e502555e2e4038d"},"nat_gateways":{"eu-west-1a":{"id":"nat-02d87fe3e49d2a84e","public_ip":"54.229.174.182","subnet_id":"subnet-02b9b1d18f2ba7d14"},"eu-west-1b":{"id":"nat-0fea1ec47e524af40","public_ip":"52.19.152.146","subnet_id":"subnet-0cf1816bca1fa2b50"},"eu-west-1c":{"id":"nat-04830d6d6251f6eae","public_ip":"34.249.104.245","subnet_id":"subnet-045c4554ad99fd872"}}},"type":["object",{"elastic_ips":["tuple",["string","string","string"]],"internet_gateways":["object",{"central_egress":"string","transit_gateway":"string"}],"nat_gateways":["object",{"eu-west-1a":["object",{"id":"string","public_ip":"string","subnet_id":"string"}],"eu-west-1b":["object",{"id":"string","public_ip":"string","subnet_id":"string"}],"eu-west-1c":["object",{"id":"string","public_ip":"string","subnet_id":"string"}]}]}]},"internet_gateway_ids":{"value":{"central_egress":"igw-07ef69decc03f77ef","transit_gateway":"igw-08e502555e2e4038d"},"type":["object",{"central_egress":"string","transit_gateway":"string"}]},"nat_gateway_ids":{"value":["nat-02d87fe3e49d2a84e","nat-0fea1ec47e524af40","nat-04830d6d6251f6eae"],"type":["tuple",["string","string","string"]]},"network_summary":{"value":{"availability_zones":["eu-west-1a","eu-west-1b","eu-west-1c"],"environment":"prod","features":{"firewall_enabled":true,"ram_sharing_enabled":true,"test_instances_enabled":true},"project_name":"network-hub","region":"eu-west-1","subnet_counts":{"cde_subnets":3,"ncde_subnets":3,"tgw_subnets":3,"total_subnets":27},"vpc_cidrs":{"central_egress":"100.108.2.0/24","client":"100.108.32.0/19","firewall":"100.108.1.0/24","transit_gateway":"100.108.0.0/24"},"vpc_count":4},"type":["object",{"availability_zones":["list","string"],"environment":"string","features":["object",{"firewall_enabled":"bool","ram_sharing_enabled":"bool","test_instances_enabled":"bool"}],"project_name":"string","region":"string","subnet_counts":["object",{"cde_subnets":"number","ncde_subnets":"number","tgw_subnets":"number","total_subnets":"number"}],"vpc_cidrs":["object",{"central_egress":"string","client":"string","firewall":"string","transit_gateway":"string"}],"vpc_count":"number"}]},"quick_access":{"value":{"firewall_id":"arn:aws:network-firewall:eu-west-1:274363547985:firewall/network-hub-prod-network-firewall","nat_gateway_ips":["54.229.174.182","52.19.152.146","34.249.104.245"],"test_instance_ssh":{"client_instance":"ssh -i eu_west_1_prod_tgw.pem ec2-user@100.108.35.183","tgw_instance":"ssh -i eu_west_1_prod_tgw.pem ec2-user@108.130.74.128"},"transit_gateway_id":"tgw-0b52f06ca2d3c4a7d","vpc_ids":{"central_egress":"vpc-095401066bff4b647","client":"vpc-0d92060b17ac794e3","firewall":"vpc-053b98debe53c2d7f","transit_gateway":"vpc-049706e57c961b3d5"}},"type":["object",{"firewall_id":"string","nat_gateway_ips":["tuple",["string","string","string"]],"test_instance_ssh":["object",{"client_instance":"string","tgw_instance":"string"}],"transit_gateway_id":"string","vpc_ids":["object",{"central_egress":"string","client":"string","firewall":"string","transit_gateway":"string"}]}]},"ram_share_details":{"value":{"organization_arn":"arn:aws:organizations::703671905140:organization/o-kv10f7crlv","share_arn":"arn:aws:ram:eu-west-1:274363547985:resource-share/26151adc-3b88-457a-ad1b-955efd96a7e0","share_id":"arn:aws:ram:eu-west-1:274363547985:resource-share/26151adc-3b88-457a-ad1b-955efd96a7e0","share_name":"network-hub-prod-tgw-share"},"type":["object",{"organization_arn":"string","share_arn":"string","share_id":"string","share_name":"string"}]},"security_group_ids":{"value":{"client_instance_sg":"sg-0d767acb033162b1e","tgw_instance_sg":"sg-0432b0275800df114"},"type":["object",{"client_instance_sg":"string","tgw_instance_sg":"string"}]},"subnet_cidrs":{"value":{"client_cde":["100.108.32.0/22","100.108.36.0/22","100.108.40.0/22"],"client_ncde":["100.108.44.0/22","100.108.48.0/22","100.108.52.0/22"],"client_tgw":["100.108.56.0/28","100.108.56.16/28","100.108.56.32/28"],"egress_private":["100.108.2.0/28","100.108.2.16/28","100.108.2.32/28"],"egress_public":["100.108.2.48/28","100.108.2.64/28","100.108.2.80/28"],"firewall_endpoint":["100.108.1.0/28","100.108.1.16/28","100.108.1.32/28"],"firewall_tgw":["100.108.1.48/28","100.108.1.64/28","100.108.1.80/28"],"transit_gateway":["100.108.0.0/28","100.108.0.16/28","100.108.0.32/28"]},"type":["object",{"client_cde":["tuple",["string","string","string"]],"client_ncde":["tuple",["string","string","string"]],"client_tgw":["tuple",["string","string","string"]],"egress_private":["tuple",["string","string","string"]],"egress_public":["tuple",["string","string","string"]],"firewall_endpoint":["tuple",["string","string","string"]],"firewall_tgw":["tuple",["string","string","string"]],"transit_gateway":["tuple",["string","string","string"]]}]},"subnet_details":{"value":{"central_egress":{"firewall_endpoint":{"0":{"availability_zone":"eu-west-1a","cidr_block":"100.108.2.96/28","id":"subnet-05d2cfd376edd7f60"},"1":{"availability_zone":"eu-west-1b","cidr_block":"100.108.2.112/28","id":"subnet-0c44031d10de5f8ef"},"2":{"availability_zone":"eu-west-1c","cidr_block":"100.108.2.128/28","id":"subnet-01daf5c95b32183da"}},"private":{"0":{"availability_zone":"eu-west-1a","cidr_block":"100.108.2.0/28","id":"subnet-01b89793468cac154"},"1":{"availability_zone":"eu-west-1b","cidr_block":"100.108.2.16/28","id":"subnet-085bdd2fe7b50dc0d"},"2":{"availability_zone":"eu-west-1c","cidr_block":"100.108.2.32/28","id":"subnet-0d60e3a729e4b4839"}},"public":{"0":{"availability_zone":"eu-west-1a","cidr_block":"100.108.2.48/28","id":"subnet-02b9b1d18f2ba7d14"},"1":{"availability_zone":"eu-west-1b","cidr_block":"100.108.2.64/28","id":"subnet-0cf1816bca1fa2b50"},"2":{"availability_zone":"eu-west-1c","cidr_block":"100.108.2.80/28","id":"subnet-045c4554ad99fd872"}}},"client":{"cde":{"0":{"availability_zone":"eu-west-1a","cidr_block":"100.108.32.0/22","id":"subnet-04218d2dd7a7b241f"},"1":{"availability_zone":"eu-west-1b","cidr_block":"100.108.36.0/22","id":"subnet-0bb4d385e53425cc6"},"2":{"availability_zone":"eu-west-1c","cidr_block":"100.108.40.0/22","id":"subnet-023108f08ee806566"}},"ncde":{"0":{"availability_zone":"eu-west-1a","cidr_block":"100.108.44.0/22","id":"subnet-03c19bddc64bbd166"},"1":{"availability_zone":"eu-west-1b","cidr_block":"100.108.48.0/22","id":"subnet-090e5fb5064a160c1"},"2":{"availability_zone":"eu-west-1c","cidr_block":"100.108.52.0/22","id":"subnet-0535d48f1d44d7915"}},"tgw":{"0":{"availability_zone":"eu-west-1a","cidr_block":"100.108.56.0/28","id":"subnet-000af58389cbedd72"},"1":{"availability_zone":"eu-west-1b","cidr_block":"100.108.56.16/28","id":"subnet-05b3c06134dcc20ab"},"2":{"availability_zone":"eu-west-1c","cidr_block":"100.108.56.32/28","id":"subnet-04e25c9002dbcec1e"}}},"firewall":{"endpoint":{"0":{"availability_zone":"eu-west-1a","cidr_block":"100.108.1.0/28","id":"subnet-0bfd6a66b6a8bcce1"},"1":{"availability_zone":"eu-west-1b","cidr_block":"100.108.1.16/28","id":"subnet-0067766ec73313d47"},"2":{"availability_zone":"eu-west-1c","cidr_block":"100.108.1.32/28","id":"subnet-080cbbc5e22f662bf"}},"tgw":{"0":{"availability_zone":"eu-west-1a","cidr_block":"100.108.1.48/28","id":"subnet-090215436ae4fb1a5"},"1":{"availability_zone":"eu-west-1b","cidr_block":"100.108.1.64/28","id":"subnet-006b51019827ebfa9"},"2":{"availability_zone":"eu-west-1c","cidr_block":"100.108.1.80/28","id":"subnet-05e249fee2f841231"}}},"transit_gateway":{"0":{"availability_zone":"eu-west-1a","cidr_block":"100.108.0.0/28","id":"subnet-08186d7309203bbc3"},"1":{"availability_zone":"eu-west-1b","cidr_block":"100.108.0.16/28","id":"subnet-0b8ee906a050b624c"},"2":{"availability_zone":"eu-west-1c","cidr_block":"100.108.0.32/28","id":"subnet-07781d341d0fadaba"}}},"type":["object",{"central_egress":["object",{"firewall_endpoint":["object",{"0":["object",{"availability_zone":"string","cidr_block":"string","id":"string"}],"1":["object",{"availability_zone":"string","cidr_block":"string","id":"string"}],"2":["object",{"availability_zone":"string","cidr_block":"string","id":"string"}]}],"private":["object",{"0":["object",{"availability_zone":"string","cidr_block":"string","id":"string"}],"1":["object",{"availability_zone":"string","cidr_block":"string","id":"string"}],"2":["object",{"availability_zone":"string","cidr_block":"string","id":"string"}]}],"public":["object",{"0":["object",{"availability_zone":"string","cidr_block":"string","id":"string"}],"1":["object",{"availability_zone":"string","cidr_block":"string","id":"string"}],"2":["object",{"availability_zone":"string","cidr_block":"string","id":"string"}]}]}],"client":["object",{"cde":["object",{"0":["object",{"availability_zone":"string","cidr_block":"string","id":"string"}],"1":["object",{"availability_zone":"string","cidr_block":"string","id":"string"}],"2":["object",{"availability_zone":"string","cidr_block":"string","id":"string"}]}],"ncde":["object",{"0":["object",{"availability_zone":"string","cidr_block":"string","id":"string"}],"1":["object",{"availability_zone":"string","cidr_block":"string","id":"string"}],"2":["object",{"availability_zone":"string","cidr_block":"string","id":"string"}]}],"tgw":["object",{"0":["object",{"availability_zone":"string","cidr_block":"string","id":"string"}],"1":["object",{"availability_zone":"string","cidr_block":"string","id":"string"}],"2":["object",{"availability_zone":"string","cidr_block":"string","id":"string"}]}]}],"firewall":["object",{"endpoint":["object",{"0":["object",{"availability_zone":"string","cidr_block":"string","id":"string"}],"1":["object",{"availability_zone":"string","cidr_block":"string","id":"string"}],"2":["object",{"availability_zone":"string","cidr_block":"string","id":"string"}]}],"tgw":["object",{"0":["object",{"availability_zone":"string","cidr_block":"string","id":"string"}],"1":["object",{"availability_zone":"string","cidr_block":"string","id":"string"}],"2":["object",{"availability_zone":"string","cidr_block":"string","id":"string"}]}]}],"transit_gateway":["object",{"0":["object",{"availability_zone":"string","cidr_block":"string","id":"string"}],"1":["object",{"availability_zone":"string","cidr_block":"string","id":"string"}],"2":["object",{"availability_zone":"string","cidr_block":"string","id":"string"}]}]}]},"subnet_ids":{"value":{"client_cde":["subnet-04218d2dd7a7b241f","subnet-0bb4d385e53425cc6","subnet-023108f08ee806566"],"client_ncde":["subnet-03c19bddc64bbd166","subnet-090e5fb5064a160c1","subnet-0535d48f1d44d7915"],"client_tgw":["subnet-000af58389cbedd72","subnet-05b3c06134dcc20ab","subnet-04e25c9002dbcec1e"],"egress_private":["subnet-01b89793468cac154","subnet-085bdd2fe7b50dc0d","subnet-0d60e3a729e4b4839"],"egress_public":["subnet-02b9b1d18f2ba7d14","subnet-0cf1816bca1fa2b50","subnet-045c4554ad99fd872"],"firewall_endpoint":["subnet-0bfd6a66b6a8bcce1","subnet-0067766ec73313d47","subnet-080cbbc5e22f662bf"],"firewall_tgw":["subnet-090215436ae4fb1a5","subnet-006b51019827ebfa9","subnet-05e249fee2f841231"],"transit_gateway":["subnet-08186d7309203bbc3","subnet-0b8ee906a050b624c","subnet-07781d341d0fadaba"]},"type":["object",{"client_cde":["tuple",["string","string","string"]],"client_ncde":["tuple",["string","string","string"]],"client_tgw":["tuple",["string","string","string"]],"egress_private":["tuple",["string","string","string"]],"egress_public":["tuple",["string","string","string"]],"firewall_endpoint":["tuple",["string","string","string"]],"firewall_tgw":["tuple",["string","string","string"]],"transit_gateway":["tuple",["string","string","string"]]}]},"test_instance_security_groups":{"value":{"client_instance_sg":"sg-0d767acb033162b1e","tgw_instance_sg":"sg-0432b0275800df114"},"type":["object",{"client_instance_sg":"string","tgw_instance_sg":"string"}]},"test_instances":{"value":{"client_instance":{"access_note":"Access via TGW instance or VPN - no public IP","availability_zone":"eu-west-1a","id":"i-033229d8d0335a62b","private_ip":"100.108.35.183","ssh_command":"ssh -i eu_west_1_prod_tgw.pem ec2-user@100.108.35.183","subnet_id":"subnet-04218d2dd7a7b241f"},"tgw_instance":{"availability_zone":"eu-west-1a","id":"i-0ab01dcea1f39eca9","private_ip":"100.108.0.14","public_ip":"108.130.74.128","ssh_command":"ssh -i eu_west_1_prod_tgw.pem ec2-user@108.130.74.128","subnet_id":"subnet-08186d7309203bbc3"}},"type":["object",{"client_instance":["object",{"access_note":"string","availability_zone":"string","id":"string","private_ip":"string","ssh_command":"string","subnet_id":"string"}],"tgw_instance":["object",{"availability_zone":"string","id":"string","private_ip":"string","public_ip":"string","ssh_command":"string","subnet_id":"string"}]}]},"tgw_route_table_ids":{"value":{"main":"tgw-rtb-060fbecb8df1225a5"},"type":["object",{"main":"string"}]},"tgw_vpc_attachments":{"value":{"central_egress":"tgw-attach-028bdd70220fa55fa","client":"tgw-attach-009f82fd0dbe7185f","transit_gateway":"tgw-attach-09014f662c71134c1"},"type":["object",{"central_egress":"string","client":"string","transit_gateway":"string"}]},"transit_gateway_details":{"value":{"arn":"arn:aws:ec2:eu-west-1:274363547985:transit-gateway/tgw-0b52f06ca2d3c4a7d","attachments":{"central_egress":"tgw-attach-028bdd70220fa55fa","client":"tgw-attach-009f82fd0dbe7185f","transit_gateway":"tgw-attach-09014f662c71134c1"},"id":"tgw-0b52f06ca2d3c4a7d","main_route_table_id":"tgw-rtb-060fbecb8df1225a5","owner_id":"274363547985"},"type":["object",{"arn":"string","attachments":["object",{"central_egress":"string","client":"string","transit_gateway":"string"}],"id":"string","main_route_table_id":"string","owner_id":"string"}]},"transit_gateway_id":{"value":"tgw-0b52f06ca2d3c4a7d","type":"string"},"vpc_cidrs":{"value":{"central_egress":"100.108.2.0/24","client":"100.108.32.0/19","firewall":"100.108.1.0/24","transit_gateway":"100.108.0.0/24"},"type":["object",{"central_egress":"string","client":"string","firewall":"string","transit_gateway":"string"}]},"vpc_details":{"value":{"central_egress":{"cidr_block":"100.108.2.0/24","default_route_table_id":"rtb-0bc61829f88a6f950","id":"vpc-095401066bff4b647","name":"network-hub-prod-egress-vpc"},"client":{"cidr_block":"100.108.32.0/19","default_route_table_id":"rtb-01ae6102c89134a35","id":"vpc-0d92060b17ac794e3","name":"network-hub-prod-client-vpc"},"firewall":{"cidr_block":"100.108.1.0/24","default_route_table_id":"rtb-056f573ea8b82a90b","id":"vpc-053b98debe53c2d7f","name":"network-hub-prod-firewall-vpc"},"transit_gateway":{"cidr_block":"100.108.0.0/24","default_route_table_id":"rtb-0b48fb41a0cb24603","id":"vpc-049706e57c961b3d5","name":"network-hub-prod-tgw-vpc"}},"type":["object",{"central_egress":["object",{"cidr_block":"string","default_route_table_id":"string","id":"string","name":"string"}],"client":["object",{"cidr_block":"string","default_route_table_id":"string","id":"string","name":"string"}],"firewall":["object",{"cidr_block":"string","default_route_table_id":"string","id":"string","name":"string"}],"transit_gateway":["object",{"cidr_block":"string","default_route_table_id":"string","id":"string","name":"string"}]}]},"vpc_ids":{"value":{"central_egress":"vpc-095401066bff4b647","client":"vpc-0d92060b17ac794e3","firewall":"vpc-053b98debe53c2d7f","transit_gateway":"vpc-049706e57c961b3d5"},"type":["object",{"central_egress":"string","client":"string","firewall":"string","transit_gateway":"string"}]}},"resources":[{"mode":"data","type":"terraform_remote_state","name":"dev","provider":"provider[\"terraform.io/builtin/terraform\"]","instances":[{"schema_version":0,"attributes":{"backend":"local","config":{"value":{"path":"../dev_tgw/terraform.tfstate"},"type":["object",{"path":"string"}]},"defaults":null,"outputs":{"value":{"account_id":"183071452604","client_subnet_allocation":{"cde_subnets":["100.96.32.0/22","100.96.36.0/22","100.96.40.0/22"],"ncde_subnets":["100.96.44.0/22","100.96.48.0/22","100.96.52.0/22"],"tgw_subnets":["100.96.56.0/28","100.96.56.16/28","100.96.56.32/28"]},"elastic_ip_addresses":["54.228.228.86","34.251.35.21","46.137.87.132"],"firewall_details":{"arn":"arn:aws:network-firewall:eu-west-1:183071452604:firewall/network-hub-dev-network-firewall","endpoints":[{"attachment":[{"endpoint_id":"vpce-0396b03bd80658e1b","subnet_id":"subnet-07f9f8900458e3447"}],"availability_zone":"eu-west-1a"},{"attachment":[{"endpoint_id":"vpce-089005f4d0546e9b9","subnet_id":"subnet-0b43ed26debfe6ccb"}],"availability_zone":"eu-west-1b"},{"attachment":[{"endpoint_id":"vpce-099fa8d0008b5d590","subnet_id":"subnet-0c7adae3b5c497319"}],"availability_zone":"eu-west-1c"}],"id":"arn:aws:network-firewall:eu-west-1:183071452604:firewall/network-hub-dev-network-firewall","policy_arn":"arn:aws:network-firewall:eu-west-1:183071452604:firewall-policy/network-hub-dev-firewall-policy","policy_id":"arn:aws:network-firewall:eu-west-1:183071452604:firewall-policy/network-hub-dev-firewall-policy"},"firewall_endpoints":[{"attachment":[{"endpoint_id":"vpce-0396b03bd80658e1b","subnet_id":"subnet-07f9f8900458e3447"}],"availability_zone":"eu-west-1a"},{"attachment":[{"endpoint_id":"vpce-089005f4d0546e9b9","subnet_id":"subnet-0b43ed26debfe6ccb"}],"availability_zone":"eu-west-1b"},{"attachment":[{"endpoint_id":"vpce-099fa8d0008b5d590","subnet_id":"subnet-0c7adae3b5c497319"}],"availability_zone":"eu-west-1c"}],"firewall_id":"arn:aws:network-firewall:eu-west-1:183071452604:firewall/network-hub-dev-network-firewall","firewall_policy_id":"arn:aws:network-firewall:eu-west-1:183071452604:firewall-policy/network-hub-dev-firewall-policy","internet_connectivity":{"elastic_ips":["54.228.228.86","34.251.35.21","46.137.87.132"],"internet_gateways":{"central_egress":"igw-013e765dda1b8bf60","transit_gateway":"igw-0592af0040157c5be"},"nat_gateways":{"eu-west-1a":{"id":"nat-08ac527c46aaa606e","public_ip":"54.228.228.86","subnet_id":"subnet-08bce22075167aab3"},"eu-west-1b":{"id":"nat-0e88c85a71ad6cde4","public_ip":"34.251.35.21","subnet_id":"subnet-06ac1bfaaa9636dd0"},"eu-west-1c":{"id":"nat-05df6f2b57db1e6b3","public_ip":"46.137.87.132","subnet_id":"subnet-0f8f126d54e74ae62"}}},"internet_gateway_ids":{"central_egress":"igw-013e765dda1b8bf60","transit_gateway":"igw-0592af0040157c5be"},"nat_gateway_ids":["nat-08ac527c46aaa606e","nat-0e88c85a71ad6cde4","nat-05df6f2b57db1e6b3"],"network_summary":{"account_id":"183071452604","availability_zones":["eu-west-1a","eu-west-1b","eu-west-1c"],"environment":"dev","features":{"firewall_enabled":true,"is_peering_initiator":true,"peering_enabled":true,"ram_sharing_enabled":true,"test_instances_enabled":true},"project_name":"network-hub","region":"eu-west-1","subnet_counts":{"cde_subnets":3,"ncde_subnets":3,"tgw_subnets":3,"total_subnets":27},"vpc_cidrs":{"central_egress":"100.96.2.0/24","client":"100.96.32.0/19","firewall":"100.96.1.0/24","transit_gateway":"100.96.0.0/24"},"vpc_count":4},"peering_attachment_ids":{"dev_to_nonprod":"tgw-attach-09ec57832d2918c9c","dev_to_prod":"tgw-attach-088b883863a27b88e","nonprod_to_prod":""},"quick_access":{"account_id":"183071452604","firewall_id":"arn:aws:network-firewall:eu-west-1:183071452604:firewall/network-hub-dev-network-firewall","nat_gateway_ips":["54.228.228.86","34.251.35.21","46.137.87.132"],"test_instance_ssh":{"client_instance":"ssh -i eu_west_1_dev_tgw.pem ec2-user@100.96.35.24","tgw_instance":"ssh -i eu_west_1_dev_tgw.pem ec2-user@54.217.166.172"},"transit_gateway_id":"tgw-0c00f503f3a58b290","vpc_ids":{"central_egress":"vpc-0f66e0d3e8e87ee4c","client":"vpc-044f84880fc570354","firewall":"vpc-0139ca84692bead55","transit_gateway":"vpc-0b96a3963f7c70e30"}},"ram_share_details":{"organization_arn":"arn:aws:organizations::703671905140:organization/o-kv10f7crlv","share_arn":"arn:aws:ram:eu-west-1:183071452604:resource-share/a3bad7e5-fd04-4fa4-9c73-c9c04dec5cc7","share_id":"arn:aws:ram:eu-west-1:183071452604:resource-share/a3bad7e5-fd04-4fa4-9c73-c9c04dec5cc7","share_name":"network-hub-dev-tgw-share"},"subnet_cidrs":{"client_cde":["100.96.32.0/22","100.96.36.0/22","100.96.40.0/22"],"client_ncde":["100.96.44.0/22","100.96.48.0/22","100.96.52.0/22"],"client_tgw":["100.96.56.0/28","100.96.56.16/28","100.96.56.32/28"],"egress_private":["100.96.2.0/28","100.96.2.16/28","100.96.2.32/28"],"egress_public":["100.96.2.48/28","100.96.2.64/28","100.96.2.80/28"],"firewall_endpoint":["100.96.1.0/28","100.96.1.16/28","100.96.1.32/28"],"firewall_tgw":["100.96.1.48/28","100.96.1.64/28","100.96.1.80/28"],"transit_gateway":["100.96.0.0/28","100.96.0.16/28","100.96.0.32/28"]},"subnet_details":{"central_egress":{"firewall_endpoint":{"0":{"availability_zone":"eu-west-1a","cidr_block":"100.96.2.96/28","id":"subnet-002de9ccab05ed167"},"1":{"availability_zone":"eu-west-1b","cidr_block":"100.96.2.112/28","id":"subnet-041a4c81b7e834e64"},"2":{"availability_zone":"eu-west-1c","cidr_block":"100.96.2.128/28","id":"subnet-06bb006be54ab5d09"}},"private":{"0":{"availability_zone":"eu-west-1a","cidr_block":"100.96.2.0/28","id":"subnet-0412605ad49bd3a8d"},"1":{"availability_zone":"eu-west-1b","cidr_block":"100.96.2.16/28","id":"subnet-0054a5b9f5b5e5c1e"},"2":{"availability_zone":"eu-west-1c","cidr_block":"100.96.2.32/28","id":"subnet-03e84a666c98da50a"}},"public":{"0":{"availability_zone":"eu-west-1a","cidr_block":"100.96.2.48/28","id":"subnet-08bce22075167aab3"},"1":{"availability_zone":"eu-west-1b","cidr_block":"100.96.2.64/28","id":"subnet-06ac1bfaaa9636dd0"},"2":{"availability_zone":"eu-west-1c","cidr_block":"100.96.2.80/28","id":"subnet-0f8f126d54e74ae62"}}},"client":{"cde":{"0":{"availability_zone":"eu-west-1a","cidr_block":"100.96.32.0/22","id":"subnet-01c3a3a70f4a9b684"},"1":{"availability_zone":"eu-west-1b","cidr_block":"100.96.36.0/22","id":"subnet-01a00b62662dd5c67"},"2":{"availability_zone":"eu-west-1c","cidr_block":"100.96.40.0/22","id":"subnet-0ed607bb0dc9b7c56"}},"ncde":{"0":{"availability_zone":"eu-west-1a","cidr_block":"100.96.44.0/22","id":"subnet-0f9378f1122b41286"},"1":{"availability_zone":"eu-west-1b","cidr_block":"100.96.48.0/22","id":"subnet-0c4aca477d9328e6f"},"2":{"availability_zone":"eu-west-1c","cidr_block":"100.96.52.0/22","id":"subnet-0acac046c0d01c3c8"}},"tgw":{"0":{"availability_zone":"eu-west-1a","cidr_block":"100.96.56.0/28","id":"subnet-045349bd50396c419"},"1":{"availability_zone":"eu-west-1b","cidr_block":"100.96.56.16/28","id":"subnet-009dc1e6fca23fef8"},"2":{"availability_zone":"eu-west-1c","cidr_block":"100.96.56.32/28","id":"subnet-0fe208633d8755542"}}},"firewall":{"endpoint":{"0":{"availability_zone":"eu-west-1a","cidr_block":"100.96.1.0/28","id":"subnet-07f9f8900458e3447"},"1":{"availability_zone":"eu-west-1b","cidr_block":"100.96.1.16/28","id":"subnet-0b43ed26debfe6ccb"},"2":{"availability_zone":"eu-west-1c","cidr_block":"100.96.1.32/28","id":"subnet-0c7adae3b5c497319"}},"tgw":{"0":{"availability_zone":"eu-west-1a","cidr_block":"100.96.1.48/28","id":"subnet-056721c7733ae9456"},"1":{"availability_zone":"eu-west-1b","cidr_block":"100.96.1.64/28","id":"subnet-0c71ec0c88d787aab"},"2":{"availability_zone":"eu-west-1c","cidr_block":"100.96.1.80/28","id":"subnet-0f397c424f02d3ae9"}}},"transit_gateway":{"0":{"availability_zone":"eu-west-1a","cidr_block":"100.96.0.0/28","id":"subnet-059a7e948243aacd0"},"1":{"availability_zone":"eu-west-1b","cidr_block":"100.96.0.16/28","id":"subnet-082870f6406baa178"},"2":{"availability_zone":"eu-west-1c","cidr_block":"100.96.0.32/28","id":"subnet-01682f2d5cf868e15"}}},"subnet_ids":{"client_cde":["subnet-01c3a3a70f4a9b684","subnet-01a00b62662dd5c67","subnet-0ed607bb0dc9b7c56"],"client_ncde":["subnet-0f9378f1122b41286","subnet-0c4aca477d9328e6f","subnet-0acac046c0d01c3c8"],"client_tgw":["subnet-045349bd50396c419","subnet-009dc1e6fca23fef8","subnet-0fe208633d8755542"],"egress_private":["subnet-0412605ad49bd3a8d","subnet-0054a5b9f5b5e5c1e","subnet-03e84a666c98da50a"],"egress_public":["subnet-08bce22075167aab3","subnet-06ac1bfaaa9636dd0","subnet-0f8f126d54e74ae62"],"firewall_endpoint":["subnet-07f9f8900458e3447","subnet-0b43ed26debfe6ccb","subnet-0c7adae3b5c497319"],"firewall_tgw":["subnet-056721c7733ae9456","subnet-0c71ec0c88d787aab","subnet-0f397c424f02d3ae9"],"transit_gateway":["subnet-059a7e948243aacd0","subnet-082870f6406baa178","subnet-01682f2d5cf868e15"]},"test_instance_security_groups":{"client_instance_sg":"sg-00d665823930496ca","tgw_instance_sg":"sg-05c27e8434ea5a55c"},"test_instances":{"client_instance":{"access_note":"Access via TGW instance or VPN - no public IP","availability_zone":"eu-west-1a","id":"i-04e12886924bd6fa6","private_ip":"100.96.35.24","ssh_command":"ssh -i eu_west_1_dev_tgw.pem ec2-user@100.96.35.24","subnet_id":"subnet-01c3a3a70f4a9b684"},"tgw_instance":{"availability_zone":"eu-west-1a","id":"i-03a053eba829ff2b0","private_ip":"100.96.0.14","public_ip":"54.217.166.172","ssh_command":"ssh -i eu_west_1_dev_tgw.pem ec2-user@54.217.166.172","subnet_id":"subnet-059a7e948243aacd0"}},"tgw_route_table_ids":{"main":"tgw-rtb-06355e5303edba5c6"},"tgw_vpc_attachments":{"central_egress":"tgw-attach-0b5b34836ff8172e0","client":"tgw-attach-07adf15f29f440dcc","transit_gateway":"tgw-attach-0badaed2c0f668b1d"},"transit_gateway_details":{"arn":"arn:aws:ec2:eu-west-1:183071452604:transit-gateway/tgw-0c00f503f3a58b290","attachments":{"central_egress":"tgw-attach-0b5b34836ff8172e0","client":"tgw-attach-07adf15f29f440dcc","transit_gateway":"tgw-attach-0badaed2c0f668b1d"},"id":"tgw-0c00f503f3a58b290","main_route_table_id":"tgw-rtb-06355e5303edba5c6","owner_id":"183071452604"},"transit_gateway_id":"tgw-0c00f503f3a58b290","vpc_cidrs":{"central_egress":"100.96.2.0/24","client":"100.96.32.0/19","firewall":"100.96.1.0/24","transit_gateway":"100.96.0.0/24"},"vpc_details":{"central_egress":{"cidr_block":"100.96.2.0/24","default_route_table_id":"rtb-08168a5eb7acdec33","id":"vpc-0f66e0d3e8e87ee4c","name":"network-hub-dev-egress-vpc"},"client":{"cidr_block":"100.96.32.0/19","default_route_table_id":"rtb-05b8fd801af2435db","id":"vpc-044f84880fc570354","name":"network-hub-dev-client-vpc"},"firewall":{"cidr_block":"100.96.1.0/24","default_route_table_id":"rtb-041ef0c9c2503b5ce","id":"vpc-0139ca84692bead55","name":"network-hub-dev-firewall-vpc"},"transit_gateway":{"cidr_block":"100.96.0.0/24","default_route_table_id":"rtb-038f8babc295c12e3","id":"vpc-0b96a3963f7c70e30","name":"network-hub-dev-tgw-vpc"}},"vpc_ids":{"central_egress":"vpc-0f66e0d3e8e87ee4c","client":"vpc-044f84880fc570354","firewall":"vpc-0139ca84692bead55","transit_gateway":"vpc-0b96a3963f7c70e30"}},"type":["object",{"account_id":"string","client_subnet_allocation":["object",{"cde_subnets":["tuple",["string","string","string"]],"ncde_subnets":["tuple",["string","string","string"]],"tgw_subnets":["tuple",["string","string","string"]]}],"elastic_ip_addresses":["tuple",["string","string","string"]],"firewall_details":["object",{"arn":"string","endpoints":["set",["object",{"attachment":["list",["object",{"endpoint_id":"string","subnet_id":"string"}]],"availability_zone":"string"}]],"id":"string","policy_arn":"string","policy_id":"string"}],"firewall_endpoints":["set",["object",{"attachment":["list",["object",{"endpoint_id":"string","subnet_id":"string"}]],"availability_zone":"string"}]],"firewall_id":"string","firewall_policy_id":"string","internet_connectivity":["object",{"elastic_ips":["tuple",["string","string","string"]],"internet_gateways":["object",{"central_egress":"string","transit_gateway":"string"}],"nat_gateways":["object",{"eu-west-1a":["object",{"id":"string","public_ip":"string","subnet_id":"string"}],"eu-west-1b":["object",{"id":"string","public_ip":"string","subnet_id":"string"}],"eu-west-1c":["object",{"id":"string","public_ip":"string","subnet_id":"string"}]}]}],"internet_gateway_ids":["object",{"central_egress":"string","transit_gateway":"string"}],"nat_gateway_ids":["tuple",["string","string","string"]],"network_summary":["object",{"account_id":"string","availability_zones":["list","string"],"environment":"string","features":["object",{"firewall_enabled":"bool","is_peering_initiator":"bool","peering_enabled":"bool","ram_sharing_enabled":"bool","test_instances_enabled":"bool"}],"project_name":"string","region":"string","subnet_counts":["object",{"cde_subnets":"number","ncde_subnets":"number","tgw_subnets":"number","total_subnets":"number"}],"vpc_cidrs":["object",{"central_egress":"string","client":"string","firewall":"string","transit_gateway":"string"}],"vpc_count":"number"}],"peering_attachment_ids":["object",{"dev_to_nonprod":"string","dev_to_prod":"string","nonprod_to_prod":"string"}],"quick_access":["object",{"account_id":"string","firewall_id":"string","nat_gateway_ips":["tuple",["string","string","string"]],"test_instance_ssh":["object",{"client_instance":"string","tgw_instance":"string"}],"transit_gateway_id":"string","vpc_ids":["object",{"central_egress":"string","client":"string","firewall":"string","transit_gateway":"string"}]}],"ram_share_details":["object",{"organization_arn":"string","share_arn":"string","share_id":"string","share_name":"string"}],"subnet_cidrs":["object",{"client_cde":["tuple",["string","string","string"]],"client_ncde":["tuple",["string","string","string"]],"client_tgw":["tuple",["string","string","string"]],"egress_private":["tuple",["string","string","string"]],"egress_public":["tuple",["string","string","string"]],"firewall_endpoint":["tuple",["string","string","string"]],"firewall_tgw":["tuple",["string","string","string"]],"transit_gateway":["tuple",["string","string","string"]]}],"subnet_details":["object",{"central_egress":["object",{"firewall_endpoint":["object",{"0":["object",{"availability_zone":"string","cidr_block":"string","id":"string"}],"1":["object",{"availability_zone":"string","cidr_block":"string","id":"string"}],"2":["object",{"availability_zone":"string","cidr_block":"string","id":"string"}]}],"private":["object",{"0":["object",{"availability_zone":"string","cidr_block":"string","id":"string"}],"1":["object",{"availability_zone":"string","cidr_block":"string","id":"string"}],"2":["object",{"availability_zone":"string","cidr_block":"string","id":"string"}]}],"public":["object",{"0":["object",{"availability_zone":"string","cidr_block":"string","id":"string"}],"1":["object",{"availability_zone":"string","cidr_block":"string","id":"string"}],"2":["object",{"availability_zone":"string","cidr_block":"string","id":"string"}]}]}],"client":["object",{"cde":["object",{"0":["object",{"availability_zone":"string","cidr_block":"string","id":"string"}],"1":["object",{"availability_zone":"string","cidr_block":"string","id":"string"}],"2":["object",{"availability_zone":"string","cidr_block":"string","id":"string"}]}],"ncde":["object",{"0":["object",{"availability_zone":"string","cidr_block":"string","id":"string"}],"1":["object",{"availability_zone":"string","cidr_block":"string","id":"string"}],"2":["object",{"availability_zone":"string","cidr_block":"string","id":"string"}]}],"tgw":["object",{"0":["object",{"availability_zone":"string","cidr_block":"string","id":"string"}],"1":["object",{"availability_zone":"string","cidr_block":"string","id":"string"}],"2":["object",{"availability_zone":"string","cidr_block":"string","id":"string"}]}]}],"firewall":["object",{"endpoint":["object",{"0":["object",{"availability_zone":"string","cidr_block":"string","id":"string"}],"1":["object",{"availability_zone":"string","cidr_block":"string","id":"string"}],"2":["object",{"availability_zone":"string","cidr_block":"string","id":"string"}]}],"tgw":["object",{"0":["object",{"availability_zone":"string","cidr_block":"string","id":"string"}],"1":["object",{"availability_zone":"string","cidr_block":"string","id":"string"}],"2":["object",{"availability_zone":"string","cidr_block":"string","id":"string"}]}]}],"transit_gateway":["object",{"0":["object",{"availability_zone":"string","cidr_block":"string","id":"string"}],"1":["object",{"availability_zone":"string","cidr_block":"string","id":"string"}],"2":["object",{"availability_zone":"string","cidr_block":"string","id":"string"}]}]}],"subnet_ids":["object",{"client_cde":["tuple",["string","string","string"]],"client_ncde":["tuple",["string","string","string"]],"client_tgw":["tuple",["string","string","string"]],"egress_private":["tuple",["string","string","string"]],"egress_public":["tuple",["string","string","string"]],"firewall_endpoint":["tuple",["string","string","string"]],"firewall_tgw":["tuple",["string","string","string"]],"transit_gateway":["tuple",["string","string","string"]]}],"test_instance_security_groups":["object",{"client_instance_sg":"string","tgw_instance_sg":"string"}],"test_instances":["object",{"client_instance":["object",{"access_note":"string","availability_zone":"string","id":"string","private_ip":"string","ssh_command":"string","subnet_id":"string"}],"tgw_instance":["object",{"availability_zone":"string","id":"string","private_ip":"string","public_ip":"string","ssh_command":"string","subnet_id":"string"}]}],"tgw_route_table_ids":["object",{"main":"string"}],"tgw_vpc_attachments":["object",{"central_egress":"string","client":"string","transit_gateway":"string"}],"transit_gateway_details":["object",{"arn":"string","attachments":["object",{"central_egress":"string","client":"string","transit_gateway":"string"}],"id":"string","main_route_table_id":"string","owner_id":"string"}],"transit_gateway_id":"string","vpc_cidrs":["object",{"central_egress":"string","client":"string","firewall":"string","transit_gateway":"string"}],"vpc_details":["object",{"central_egress":["object",{"cidr_block":"string","default_route_table_id":"string","id":"string","name":"string"}],"client":["object",{"cidr_block":"string","default_route_table_id":"string","id":"string","name":"string"}],"firewall":["object",{"cidr_block":"string","default_route_table_id":"string","id":"string","name":"string"}],"transit_gateway":["object",{"cidr_block":"string","default_route_table_id":"string","id":"string","name":"string"}]}],"vpc_ids":["object",{"central_egress":"string","client":"string","firewall":"string","transit_gateway":"string"}]}]},"workspace":null},"sensitive_attributes":[]}]},{"module":"module.network_hub","mode":"data","type":"aws_ami","name":"amazon_linux","provider":"provider[\"registry.opentofu.org/hashicorp/aws\"]","instances":[{"schema_version":0,"attributes":{"allow_unsafe_filter":null,"architecture":"x86_64","arn":"arn:aws:ec2:eu-west-1::image/ami-05b64e48206882438","block_device_mappings":[{"device_name":"/dev/xvda","ebs":{"delete_on_termination":"true","encrypted":"false","iops":"0","snapshot_id":"snap-0ee38d229f4243765","throughput":"0","volume_initialization_rate":"0","volume_size":"8","volume_type":"gp2"},"no_device":"","virtual_name":""}],"boot_mode":"","creation_date":"2025-10-24T17:55:15.000Z","deprecation_time":"2026-01-22T00:00:00.000Z","description":"Amazon Linux 2 AMI 2.0.20251027.1 x86_64 HVM gp2","ena_support":true,"executable_users":null,"filter":[{"name":"name","values":["amzn2-ami-hvm-*-x86_64-gp2"]},{"name":"virtualization-type","values":["hvm"]}],"hypervisor":"xen","id":"ami-05b64e48206882438","image_id":"ami-05b64e48206882438","image_location":"amazon/amzn2-ami-hvm-2.0.20251027.1-x86_64-gp2","image_owner_alias":"amazon","image_type":"machine","imds_support":"","include_deprecated":false,"kernel_id":"","last_launched_time":"","most_recent":true,"name":"amzn2-ami-hvm-2.0.20251027.1-x86_64-gp2","name_regex":null,"owner_id":"137112412989","owners":["amazon"],"platform":"","platform_details":"Linux/UNIX","product_codes":[],"public":true,"ramdisk_id":"","region":"eu-west-1","root_device_name":"/dev/xvda","root_device_type":"ebs","root_snapshot_id":"snap-0ee38d229f4243765","sriov_net_support":"simple","state":"available","state_reason":{"code":"UNSET","message":"UNSET"},"tags":{},"timeouts":null,"tpm_support":"","uefi_data":null,"usage_operation":"RunInstances","virtualization_type":"hvm"},"sensitive_attributes":[]}]},{"module":"module.network_hub","mode":"data","type":"aws_availability_zones","name":"available","provider":"provider[\"registry.opentofu.org/hashicorp/aws\"]","instances":[{"schema_version":0,"attributes":{"all_availability_zones":null,"exclude_names":null,"exclude_zone_ids":null,"filter":null,"group_names":["eu-west-1-zg-1"],"id":"eu-west-1","names":["eu-west-1a","eu-west-1b","eu-west-1c"],"region":"eu-west-1","state":"available","timeouts":null,"zone_ids":["euw1-az2","euw1-az3","euw1-az1"]},"sensitive_attributes":[]}]},{"module":"module.network_hub","mode":"data","type":"aws_caller_identity","name":"current","provider":"provider[\"registry.opentofu.org/hashicorp/aws\"]","instances":[{"schema_version":0,"attributes":{"account_id":"274363547985","arn":"arn:aws:sts::274363547985:assumed-role/AWSReservedSSO_AWSAdministratorAccess_7bf1fd7924505015/David.Oxley@williamhill.com","id":"274363547985","user_id":"AROAT7YKXQFI7RWDM3EEM:David.Oxley@williamhill.com"},"sensitive_attributes":[]}]},{"module":"module.network_hub","mode":"data","type":"aws_ec2_transit_gateway","name":"dev","provider":"provider[\"registry.opentofu.org/hashicorp/aws\"]","instances":[{"schema_version":0,"attributes":{"amazon_side_asn":64512,"arn":"arn:aws:ec2:eu-west-1:183071452604:transit-gateway/tgw-0c00f503f3a58b290","association_default_route_table_id":"","auto_accept_shared_attachments":"disable","default_route_table_association":"disable","default_route_table_propagation":"disable","description":"Main Transit Gateway for network-hub-dev","dns_support":"enable","filter":[{"name":"owner-id","values":["183071452604"]},{"name":"state","values":["available"]}],"id":"tgw-0c00f503f3a58b290","multicast_support":"disable","owner_id":"183071452604","propagation_default_route_table_id":"","region":"eu-west-1","security_group_referencing_support":"disable","tags":{"Environment":"dev","Name":"network-hub-dev-tgw","OwnerAccount":"dev","OwnerAccountId":"183071452604","SharedResource":"true"},"timeouts":null,"transit_gateway_cidr_blocks":[],"vpn_ecmp_support":"enable"},"sensitive_attributes":[]}]},{"module":"module.network_hub","mode":"data","type":"aws_ec2_transit_gateway","name":"nonprod","provider":"provider[\"registry.opentofu.org/hashicorp/aws\"]","instances":[{"schema_version":0,"attributes":{"amazon_side_asn":64512,"arn":"arn:aws:ec2:eu-west-1:837520753421:transit-gateway/tgw-02ef891cde2662590","association_default_route_table_id":"","auto_accept_shared_attachments":"disable","default_route_table_association":"disable","default_route_table_propagation":"disable","description":"Main Transit Gateway for network-hub-nonprod","dns_support":"enable","filter":[{"name":"owner-id","values":["837520753421"]},{"name":"state","values":["available"]}],"id":"tgw-02ef891cde2662590","multicast_support":"disable","owner_id":"837520753421","propagation_default_route_table_id":"","region":"eu-west-1","security_group_referencing_support":"disable","tags":{"Environment":"nonprod","Name":"network-hub-nonprod-tgw","OwnerAccount":"nonprod","OwnerAccountId":"837520753421","SharedResource":"true"},"timeouts":null,"transit_gateway_cidr_blocks":[],"vpn_ecmp_support":"enable"},"sensitive_attributes":[]}]},{"module":"module.network_hub","mode":"data","type":"aws_ec2_transit_gateway","name":"prod","provider":"provider[\"registry.opentofu.org/hashicorp/aws\"]","instances":[{"schema_version":0,"attributes":{"amazon_side_asn":64512,"arn":"arn:aws:ec2:eu-west-1:274363547985:transit-gateway/tgw-0b52f06ca2d3c4a7d","association_default_route_table_id":"","auto_accept_shared_attachments":"disable","default_route_table_association":"disable","default_route_table_propagation":"disable","description":"Main Transit Gateway for network-hub-prod","dns_support":"enable","filter":[{"name":"owner-id","values":["274363547985"]},{"name":"state","values":["available"]}],"id":"tgw-0b52f06ca2d3c4a7d","multicast_support":"disable","owner_id":"274363547985","propagation_default_route_table_id":"","region":"eu-west-1","security_group_referencing_support":"disable","tags":{"CardData":"no","Classification":"nonpublic","Environment":"prod","GitURL":"https://gitlab.com/williamhillplc/technical-services/networks/channels-team.git","ManagedBy":"OpenTofu","Migrated":"no","Name":"network-hub-prod-tgw","Product":"network-hub","Project":"network-hub","Tier":"internal","Type":"transit-gateway"},"timeouts":null,"transit_gateway_cidr_blocks":[],"vpn_ecmp_support":"enable"},"sensitive_attributes":[]}]},{"module":"module.network_hub","mode":"data","type":"aws_organizations_organization","name":"current","provider":"provider[\"registry.opentofu.org/hashicorp/aws\"]","instances":[{"schema_version":0,"attributes":{"accounts":null,"arn":"arn:aws:organizations::703671905140:organization/o-kv10f7crlv","aws_service_access_principals":[],"enabled_policy_types":[],"feature_set":"ALL","id":"o-kv10f7crlv","master_account_arn":"arn:aws:organizations::703671905140:account/o-kv10f7crlv/703671905140","master_account_email":"awsorg-evoketest@terasky.com","master_account_id":"703671905140","master_account_name":"","non_master_accounts":null,"roots":null},"sensitive_attributes":[]}]},{"module":"module.network_hub","mode":"data","type":"aws_vpc_endpoint","name":"firewall","provider":"provider[\"registry.opentofu.org/hashicorp/aws\"]","instances":[{"index_key":"0","schema_version":0,"attributes":{"arn":"arn:aws:ec2:eu-west-1:274363547985:vpc-endpoint/vpce-06a1beb714b328d67","cidr_blocks":[],"dns_entry":[],"dns_options":[],"filter":null,"id":"vpce-06a1beb714b328d67","ip_address_type":"ipv4","network_interface_ids":["eni-041b390363d5e6334"],"owner_id":"274363547985","policy":"","prefix_list_id":null,"private_dns_enabled":false,"region":"eu-west-1","requester_managed":true,"route_table_ids":[],"security_group_ids":[],"service_name":"com.amazonaws.vpce.eu-west-1.vpce-svc-0e0bccbae196584a9","state":"available","subnet_ids":["subnet-05d2cfd376edd7f60"],"tags":{"AWSNetworkFirewallManaged":"true","Firewall":"arn:aws:network-firewall:eu-west-1:274363547985:firewall/network-hub-prod-network-firewall","Name":"network-hub-prod-network-firewall (eu-west-1a)","VPCEndpointAssociation":"arn:aws:network-firewall:eu-west-1:274363547985:vpc-endpoint-association/fe2e9a51-d30b-3e46-acc0-a29649645d35"},"timeouts":null,"vpc_endpoint_type":"GatewayLoadBalancer","vpc_id":"vpc-095401066bff4b647"},"sensitive_attributes":[]},{"index_key":"1","schema_version":0,"attributes":{"arn":"arn:aws:ec2:eu-west-1:274363547985:vpc-endpoint/vpce-0848e18726034be18","cidr_blocks":[],"dns_entry":[],"dns_options":[],"filter":null,"id":"vpce-0848e18726034be18","ip_address_type":"ipv4","network_interface_ids":["eni-0dca94b7d99b7667b"],"owner_id":"274363547985","policy":"","prefix_list_id":null,"private_dns_enabled":false,"region":"eu-west-1","requester_managed":true,"route_table_ids":[],"security_group_ids":[],"service_name":"com.amazonaws.vpce.eu-west-1.vpce-svc-0ef42baf1732fd90d","state":"available","subnet_ids":["subnet-0c44031d10de5f8ef"],"tags":{"AWSNetworkFirewallManaged":"true","Firewall":"arn:aws:network-firewall:eu-west-1:274363547985:firewall/network-hub-prod-network-firewall","Name":"network-hub-prod-network-firewall (eu-west-1b)","VPCEndpointAssociation":"arn:aws:network-firewall:eu-west-1:274363547985:vpc-endpoint-association/da69617d-25fe-31ab-8db3-e3e6ecbd41c8"},"timeouts":null,"vpc_endpoint_type":"GatewayLoadBalancer","vpc_id":"vpc-095401066bff4b647"},"sensitive_attributes":[]},{"index_key":"2","schema_version":0,"attributes":{"arn":"arn:aws:ec2:eu-west-1:274363547985:vpc-endpoint/vpce-0dbbddcba988c626f","cidr_blocks":[],"dns_entry":[],"dns_options":[],"filter":null,"id":"vpce-0dbbddcba988c626f","ip_address_type":"ipv4","network_interface_ids":["eni-07b6b9bcea19fde84"],"owner_id":"274363547985","policy":"","prefix_list_id":null,"private_dns_enabled":false,"region":"eu-west-1","requester_managed":true,"route_table_ids":[],"security_group_ids":[],"service_name":"com.amazonaws.vpce.eu-west-1.vpce-svc-0d6e4631bbc8ddefb","state":"available","subnet_ids":["subnet-01daf5c95b32183da"],"tags":{"AWSNetworkFirewallManaged":"true","Firewall":"arn:aws:network-firewall:eu-west-1:274363547985:firewall/network-hub-prod-network-firewall","Name":"network-hub-prod-network-firewall (eu-west-1c)","VPCEndpointAssociation":"arn:aws:network-firewall:eu-west-1:274363547985:vpc-endpoint-association/965ad869-03b7-372d-bb56-a605595fe75f"},"timeouts":null,"vpc_endpoint_type":"GatewayLoadBalancer","vpc_id":"vpc-095401066bff4b647"},"sensitive_attributes":[]}]},{"module":"module.network_hub","mode":"data","type":"external","name":"dev_peering_attachment","provider":"provider[\"registry.opentofu.org/hashicorp/external\"]","instances":[{"index_key":0,"schema_version":0,"attributes":{"id":"-","program":["bash","-c","result=$(aws ec2 describe-transit-gateway-peering-attachments \\\n  --region eu-west-1 \\\n  --filters \\\n    \"Name=transit-gateway-id,Values=tgw-0b52f06ca2d3c4a7d\" \\\n    \"Name=state,Values=available,pendingAcceptance\" \\\n  --output json | jq '.TransitGatewayPeeringAttachments[] | select(.RequesterTgwInfo.OwnerId==\"183071452604\") | {id: .TransitGatewayAttachmentId}')\n    \nif [ -z \"$result\" ]; then\n  echo '{\"id\":\"\"}'\nelse\n  echo \"$result\"\nfi\n"],"query":null,"result":{"id":"tgw-attach-0b6e017977de4bc37"},"working_dir":null},"sensitive_attributes":[]}]},{"module":"module.network_hub","mode":"data","type":"external","name":"nonprod_peering_attachment","provider":"provider[\"registry.opentofu.org/hashicorp/external\"]","instances":[{"index_key":0,"schema_version":0,"attributes":{"id":"-","program":["bash","-c","result=$(aws ec2 describe-transit-gateway-peering-attachments \\\n  --region eu-west-1 \\\n  --filters \\\n    \"Name=transit-gateway-id,Values=tgw-0b52f06ca2d3c4a7d\" \\\n    \"Name=state,Values=available,pendingAcceptance\" \\\n  --output json | jq '.TransitGatewayPeeringAttachments[] | select(.RequesterTgwInfo.OwnerId==\"837520753421\") | {id: .TransitGatewayAttachmentId}')\n    \nif [ -z \"$result\" ]; then\n  echo '{\"id\":\"\"}'\nelse\n  echo \"$result\"\nfi\n"],"query":null,"result":{"id":"tgw-attach-012602e94c677c518"},"working_dir":null},"sensitive_attributes":[]}]},{"module":"module.network_hub","mode":"managed","type":"aws_default_route_table","name":"central_egress_main","provider":"provider[\"registry.opentofu.org/hashicorp/aws\"]","instances":[{"schema_version":0,"attributes":{"arn":"arn:aws:ec2:eu-west-1:274363547985:route-table/rtb-0bc61829f88a6f950","default_route_table_id":"rtb-0bc61829f88a6f950","id":"rtb-0bc61829f88a6f950","owner_id":"274363547985","propagating_vgws":[],"region":"eu-west-1","route":[{"cidr_block":"0.0.0.0/0","core_network_arn":"","destination_prefix_list_id":"","egress_only_gateway_id":"","gateway_id":"igw-07ef69decc03f77ef","instance_id":"","ipv6_cidr_block":"","nat_gateway_id":"","network_interface_id":"","transit_gateway_id":"","vpc_endpoint_id":"","vpc_peering_connection_id":""},{"cidr_block":"100.108.0.0/14","core_network_arn":"","destination_prefix_list_id":"","egress_only_gateway_id":"","gateway_id":"","instance_id":"","ipv6_cidr_block":"","nat_gateway_id":"","network_interface_id":"","transit_gateway_id":"tgw-0b52f06ca2d3c4a7d","vpc_endpoint_id":"","vpc_peering_connection_id":""}],"tags":{"CardData":"no","Classification":"nonpublic","Environment":"prod","GitURL":"https://gitlab.com/williamhillplc/technical-services/networks/channels-team.git","ManagedBy":"OpenTofu","Migrated":"no","Name":"network-hub-prod-egress-vpc-main-rt","Product":"network-hub","Project":"network-hub","Tier":"internal","Type":"main-route-table","VPC":"central-egress"},"tags_all":{"CardData":"no","Classification":"nonpublic","Environment":"prod","GitURL":"https://gitlab.com/williamhillplc/technical-services/networks/channels-team.git","ManagedBy":"OpenTofu","Migrated":"no","Name":"network-hub-prod-egress-vpc-main-rt","Product":"network-hub","Project":"network-hub","Tier":"internal","Type":"main-route-table","VPC":"central-egress"},"timeouts":null,"vpc_id":"vpc-095401066bff4b647"},"sensitive_attributes":[],"private":"eyJlMmJmYjczMC1lY2FhLTExZTYtOGY4OC0zNDM2M2JjN2M0YzAiOnsiY3JlYXRlIjoxMjAwMDAwMDAwMDAsInVwZGF0ZSI6MTIwMDAwMDAwMDAwfX0=","dependencies":["module.network_hub.aws_vpc.central_egress"]}]},{"module":"module.network_hub","mode":"managed","type":"aws_default_route_table","name":"client_main","provider":"provider[\"registry.opentofu.org/hashicorp/aws\"]","instances":[{"schema_version":0,"attributes":{"arn":"arn:aws:ec2:eu-west-1:274363547985:route-table/rtb-01ae6102c89134a35","default_route_table_id":"rtb-01ae6102c89134a35","id":"rtb-01ae6102c89134a35","owner_id":"274363547985","propagating_vgws":[],"region":"eu-west-1","route":[{"cidr_block":"0.0.0.0/0","core_network_arn":"","destination_prefix_list_id":"","egress_only_gateway_id":"","gateway_id":"","instance_id":"","ipv6_cidr_block":"","nat_gateway_id":"","network_interface_id":"","transit_gateway_id":"tgw-0b52f06ca2d3c4a7d","vpc_endpoint_id":"","vpc_peering_connection_id":""}],"tags":{"CardData":"no","Classification":"nonpublic","Environment":"prod","GitURL":"https://gitlab.com/williamhillplc/technical-services/networks/channels-team.git","ManagedBy":"OpenTofu","Migrated":"no","Name":"network-hub-prod-client-vpc-main-rt","Product":"network-hub","Project":"network-hub","Tier":"internal","Type":"main-route-table","VPC":"client"},"tags_all":{"CardData":"no","Classification":"nonpublic","Environment":"prod","GitURL":"https://gitlab.com/williamhillplc/technical-services/networks/channels-team.git","ManagedBy":"OpenTofu","Migrated":"no","Name":"network-hub-prod-client-vpc-main-rt","Product":"network-hub","Project":"network-hub","Tier":"internal","Type":"main-route-table","VPC":"client"},"timeouts":null,"vpc_id":"vpc-0d92060b17ac794e3"},"sensitive_attributes":[],"private":"eyJlMmJmYjczMC1lY2FhLTExZTYtOGY4OC0zNDM2M2JjN2M0YzAiOnsiY3JlYXRlIjoxMjAwMDAwMDAwMDAsInVwZGF0ZSI6MTIwMDAwMDAwMDAwfX0=","dependencies":["module.network_hub.aws_vpc.client"]}]},{"module":"module.network_hub","mode":"managed","type":"aws_default_route_table","name":"firewall_main","provider":"provider[\"registry.opentofu.org/hashicorp/aws\"]","instances":[{"schema_version":0,"attributes":{"arn":"arn:aws:ec2:eu-west-1:274363547985:route-table/rtb-056f573ea8b82a90b","default_route_table_id":"rtb-056f573ea8b82a90b","id":"rtb-056f573ea8b82a90b","owner_id":"274363547985","propagating_vgws":[],"region":"eu-west-1","route":[{"cidr_block":"0.0.0.0/0","core_network_arn":"","destination_prefix_list_id":"","egress_only_gateway_id":"","gateway_id":"","instance_id":"","ipv6_cidr_block":"","nat_gateway_id":"","network_interface_id":"","transit_gateway_id":"tgw-0b52f06ca2d3c4a7d","vpc_endpoint_id":"","vpc_peering_connection_id":""}],"tags":{"CardData":"no","Classification":"nonpublic","Environment":"prod","GitURL":"https://gitlab.com/williamhillplc/technical-services/networks/channels-team.git","ManagedBy":"OpenTofu","Migrated":"no","Name":"network-hub-prod-firewall-vpc-main-rt","Product":"network-hub","Project":"network-hub","Tier":"internal","Type":"main-route-table","VPC":"firewall"},"tags_all":{"CardData":"no","Classification":"nonpublic","Environment":"prod","GitURL":"https://gitlab.com/williamhillplc/technical-services/networks/channels-team.git","ManagedBy":"OpenTofu","Migrated":"no","Name":"network-hub-prod-firewall-vpc-main-rt","Product":"network-hub","Project":"network-hub","Tier":"internal","Type":"main-route-table","VPC":"firewall"},"timeouts":null,"vpc_id":"vpc-053b98debe53c2d7f"},"sensitive_attributes":[],"private":"eyJlMmJmYjczMC1lY2FhLTExZTYtOGY4OC0zNDM2M2JjN2M0YzAiOnsiY3JlYXRlIjoxMjAwMDAwMDAwMDAsInVwZGF0ZSI6MTIwMDAwMDAwMDAwfX0=","dependencies":["module.network_hub.aws_vpc.firewall"]}]},{"module":"module.network_hub","mode":"managed","type":"aws_default_route_table","name":"transit_gateway_main","provider":"provider[\"registry.opentofu.org/hashicorp/aws\"]","instances":[{"schema_version":0,"attributes":{"arn":"arn:aws:ec2:eu-west-1:274363547985:route-table/rtb-0b48fb41a0cb24603","default_route_table_id":"rtb-0b48fb41a0cb24603","id":"rtb-0b48fb41a0cb24603","owner_id":"274363547985","propagating_vgws":[],"region":"eu-west-1","route":[{"cidr_block":"0.0.0.0/0","core_network_arn":"","destination_prefix_list_id":"","egress_only_gateway_id":"","gateway_id":"igw-08e502555e2e4038d","instance_id":"","ipv6_cidr_block":"","nat_gateway_id":"","network_interface_id":"","transit_gateway_id":"","vpc_endpoint_id":"","vpc_peering_connection_id":""},{"cidr_block":"100.108.0.0/14","core_network_arn":"","destination_prefix_list_id":"","egress_only_gateway_id":"","gateway_id":"","instance_id":"","ipv6_cidr_block":"","nat_gateway_id":"","network_interface_id":"","transit_gateway_id":"tgw-0b52f06ca2d3c4a7d","vpc_endpoint_id":"","vpc_peering_connection_id":""}],"tags":{"CardData":"no","Classification":"nonpublic","Environment":"prod","GitURL":"https://gitlab.com/williamhillplc/technical-services/networks/channels-team.git","ManagedBy":"OpenTofu","Migrated":"no","Name":"network-hub-prod-tgw-vpc-main-rt","Product":"network-hub","Project":"network-hub","Tier":"internal","Type":"main-route-table","VPC":"transit-gateway"},"tags_all":{"CardData":"no","Classification":"nonpublic","Environment":"prod","GitURL":"https://gitlab.com/williamhillplc/technical-services/networks/channels-team.git","ManagedBy":"OpenTofu","Migrated":"no","Name":"network-hub-prod-tgw-vpc-main-rt","Product":"network-hub","Project":"network-hub","Tier":"internal","Type":"main-route-table","VPC":"transit-gateway"},"timeouts":null,"vpc_id":"vpc-049706e57c961b3d5"},"sensitive_attributes":[],"private":"eyJlMmJmYjczMC1lY2FhLTExZTYtOGY4OC0zNDM2M2JjN2M0YzAiOnsiY3JlYXRlIjoxMjAwMDAwMDAwMDAsInVwZGF0ZSI6MTIwMDAwMDAwMDAwfX0=","dependencies":["module.network_hub.aws_vpc.transit_gateway"]}]},{"module":"module.network_hub","mode":"managed","type":"aws_ec2_tag","name":"shared_tgw_environment","provider":"provider[\"registry.opentofu.org/hashicorp/aws\"]","instances":[{"index_key":"dev","schema_version":0,"attributes":{"id":"tgw-0c00f503f3a58b290,Environment","key":"Environment","region":"eu-west-1","resource_id":"tgw-0c00f503f3a58b290","value":"dev"},"sensitive_attributes":[],"private":"bnVsbA==","dependencies":["module.network_hub.data.aws_ec2_transit_gateway.dev","module.network_hub.data.aws_ec2_transit_gateway.nonprod","module.network_hub.data.aws_ec2_transit_gateway.prod"]},{"index_key":"nonprod","schema_version":0,"attributes":{"id":"tgw-02ef891cde2662590,Environment","key":"Environment","region":"eu-west-1","resource_id":"tgw-02ef891cde2662590","value":"nonprod"},"sensitive_attributes":[],"private":"bnVsbA==","dependencies":["module.network_hub.data.aws_ec2_transit_gateway.dev","module.network_hub.data.aws_ec2_transit_gateway.nonprod","module.network_hub.data.aws_ec2_transit_gateway.prod"]}]},{"module":"module.network_hub","mode":"managed","type":"aws_ec2_tag","name":"shared_tgw_name","provider":"provider[\"registry.opentofu.org/hashicorp/aws\"]","instances":[{"index_key":"dev","schema_version":0,"attributes":{"id":"tgw-0c00f503f3a58b290,Name","key":"Name","region":"eu-west-1","resource_id":"tgw-0c00f503f3a58b290","value":"network-hub-dev-tgw"},"sensitive_attributes":[],"private":"bnVsbA==","dependencies":["module.network_hub.data.aws_ec2_transit_gateway.dev","module.network_hub.data.aws_ec2_transit_gateway.nonprod","module.network_hub.data.aws_ec2_transit_gateway.prod"]},{"index_key":"nonprod","schema_version":0,"attributes":{"id":"tgw-02ef891cde2662590,Name","key":"Name","region":"eu-west-1","resource_id":"tgw-02ef891cde2662590","value":"network-hub-nonprod-tgw"},"sensitive_attributes":[],"private":"bnVsbA==","dependencies":["module.network_hub.data.aws_ec2_transit_gateway.dev","module.network_hub.data.aws_ec2_transit_gateway.nonprod","module.network_hub.data.aws_ec2_transit_gateway.prod"]}]},{"module":"module.network_hub","mode":"managed","type":"aws_ec2_tag","name":"shared_tgw_owner","provider":"provider[\"registry.opentofu.org/hashicorp/aws\"]","instances":[{"index_key":"dev","schema_version":0,"attributes":{"id":"tgw-0c00f503f3a58b290,OwnerAccount","key":"OwnerAccount","region":"eu-west-1","resource_id":"tgw-0c00f503f3a58b290","value":"dev"},"sensitive_attributes":[],"private":"bnVsbA==","dependencies":["module.network_hub.data.aws_ec2_transit_gateway.dev","module.network_hub.data.aws_ec2_transit_gateway.nonprod","module.network_hub.data.aws_ec2_transit_gateway.prod"]},{"index_key":"nonprod","schema_version":0,"attributes":{"id":"tgw-02ef891cde2662590,OwnerAccount","key":"OwnerAccount","region":"eu-west-1","resource_id":"tgw-02ef891cde2662590","value":"nonprod"},"sensitive_attributes":[],"private":"bnVsbA==","dependencies":["module.network_hub.data.aws_ec2_transit_gateway.dev","module.network_hub.data.aws_ec2_transit_gateway.nonprod","module.network_hub.data.aws_ec2_transit_gateway.prod"]}]},{"module":"module.network_hub","mode":"managed","type":"aws_ec2_tag","name":"shared_tgw_owner_id","provider":"provider[\"registry.opentofu.org/hashicorp/aws\"]","instances":[{"index_key":"dev","schema_version":0,"attributes":{"id":"tgw-0c00f503f3a58b290,OwnerAccountId","key":"OwnerAccountId","region":"eu-west-1","resource_id":"tgw-0c00f503f3a58b290","value":"183071452604"},"sensitive_attributes":[],"private":"bnVsbA==","dependencies":["module.network_hub.data.aws_ec2_transit_gateway.dev","module.network_hub.data.aws_ec2_transit_gateway.nonprod","module.network_hub.data.aws_ec2_transit_gateway.prod"]},{"index_key":"nonprod","schema_version":0,"attributes":{"id":"tgw-02ef891cde2662590,OwnerAccountId","key":"OwnerAccountId","region":"eu-west-1","resource_id":"tgw-02ef891cde2662590","value":"837520753421"},"sensitive_attributes":[],"private":"bnVsbA==","dependencies":["module.network_hub.data.aws_ec2_transit_gateway.dev","module.network_hub.data.aws_ec2_transit_gateway.nonprod","module.network_hub.data.aws_ec2_transit_gateway.prod"]}]},{"module":"module.network_hub","mode":"managed","type":"aws_ec2_tag","name":"shared_tgw_shared","provider":"provider[\"registry.opentofu.org/hashicorp/aws\"]","instances":[{"index_key":"dev","schema_version":0,"attributes":{"id":"tgw-0c00f503f3a58b290,SharedResource","key":"SharedResource","region":"eu-west-1","resource_id":"tgw-0c00f503f3a58b290","value":"true"},"sensitive_attributes":[],"private":"bnVsbA==","dependencies":["module.network_hub.data.aws_ec2_transit_gateway.dev","module.network_hub.data.aws_ec2_transit_gateway.nonprod","module.network_hub.data.aws_ec2_transit_gateway.prod"]},{"index_key":"nonprod","schema_version":0,"attributes":{"id":"tgw-02ef891cde2662590,SharedResource","key":"SharedResource","region":"eu-west-1","resource_id":"tgw-02ef891cde2662590","value":"true"},"sensitive_attributes":[],"private":"bnVsbA==","dependencies":["module.network_hub.data.aws_ec2_transit_gateway.dev","module.network_hub.data.aws_ec2_transit_gateway.nonprod","module.network_hub.data.aws_ec2_transit_gateway.prod"]}]},{"module":"module.network_hub","mode":"managed","type":"aws_ec2_transit_gateway","name":"main","provider":"provider[\"registry.opentofu.org/hashicorp/aws\"]","instances":[{"schema_version":0,"attributes":{"amazon_side_asn":64512,"arn":"arn:aws:ec2:eu-west-1:274363547985:transit-gateway/tgw-0b52f06ca2d3c4a7d","association_default_route_table_id":"","auto_accept_shared_attachments":"disable","default_route_table_association":"disable","default_route_table_propagation":"disable","description":"Main Transit Gateway for network-hub-prod","dns_support":"enable","id":"tgw-0b52f06ca2d3c4a7d","multicast_support":"disable","owner_id":"274363547985","propagation_default_route_table_id":"","region":"eu-west-1","security_group_referencing_support":"disable","tags":{"CardData":"no","Classification":"nonpublic","Environment":"prod","GitURL":"https://gitlab.com/williamhillplc/technical-services/networks/channels-team.git","ManagedBy":"OpenTofu","Migrated":"no","Name":"network-hub-prod-tgw","Product":"network-hub","Project":"network-hub","Tier":"internal","Type":"transit-gateway"},"tags_all":{"CardData":"no","Classification":"nonpublic","Environment":"prod","GitURL":"https://gitlab.com/williamhillplc/technical-services/networks/channels-team.git","ManagedBy":"OpenTofu","Migrated":"no","Name":"network-hub-prod-tgw","Product":"network-hub","Project":"network-hub","Tier":"internal","Type":"transit-gateway"},"timeouts":null,"transit_gateway_cidr_blocks":[],"vpn_ecmp_support":"enable"},"sensitive_attributes":[],"private":"eyJlMmJmYjczMC1lY2FhLTExZTYtOGY4OC0zNDM2M2JjN2M0YzAiOnsiY3JlYXRlIjo2MDAwMDAwMDAwMDAsImRlbGV0ZSI6NjAwMDAwMDAwMDAwLCJ1cGRhdGUiOjYwMDAwMDAwMDAwMH19"}]},{"module":"module.network_hub","mode":"managed","type":"aws_ec2_transit_gateway_peering_attachment_accepter","name":"from_dev_to_prod","provider":"provider[\"registry.opentofu.org/hashicorp/aws\"]","instances":[{"index_key":0,"schema_version":0,"attributes":{"id":"tgw-attach-0b6e017977de4bc37","peer_account_id":"183071452604","peer_region":"eu-west-1","peer_transit_gateway_id":"tgw-0c00f503f3a58b290","region":"eu-west-1","tags":{"CardData":"no","Classification":"nonpublic","Direction":"inbound","Environment":"prod","GitURL":"https://gitlab.com/williamhillplc/technical-services/networks/channels-team.git","ManagedBy":"OpenTofu","Migrated":"no","Name":"tgw-peering-dev-to-prod","Product":"network-hub","Project":"network-hub","Side":"Accepter","SourceAccountId":"183071452604","SourceEnvironment":"dev","TargetAccountId":"274363547985","TargetEnvironment":"prod","Tier":"internal","Type":"tgw-peering"},"tags_all":{"CardData":"no","Classification":"nonpublic","Direction":"inbound","Environment":"prod","GitURL":"https://gitlab.com/williamhillplc/technical-services/networks/channels-team.git","ManagedBy":"OpenTofu","Migrated":"no","Name":"tgw-peering-dev-to-prod","Product":"network-hub","Project":"network-hub","Side":"Accepter","SourceAccountId":"183071452604","SourceEnvironment":"dev","TargetAccountId":"274363547985","TargetEnvironment":"prod","Tier":"internal","Type":"tgw-peering"},"transit_gateway_attachment_id":"tgw-attach-0b6e017977de4bc37","transit_gateway_id":"tgw-0b52f06ca2d3c4a7d"},"sensitive_attributes":[],"private":"bnVsbA==","dependencies":["module.network_hub.aws_ec2_transit_gateway.main","module.network_hub.data.external.dev_peering_attachment"]}]},{"module":"module.network_hub","mode":"managed","type":"aws_ec2_transit_gateway_peering_attachment_accepter","name":"from_nonprod_to_prod","provider":"provider[\"registry.opentofu.org/hashicorp/aws\"]","instances":[{"index_key":0,"schema_version":0,"attributes":{"id":"tgw-attach-012602e94c677c518","peer_account_id":"837520753421","peer_region":"eu-west-1","peer_transit_gateway_id":"tgw-02ef891cde2662590","region":"eu-west-1","tags":{"CardData":"no","Classification":"nonpublic","Direction":"inbound","Environment":"prod","GitURL":"https://gitlab.com/williamhillplc/technical-services/networks/channels-team.git","ManagedBy":"OpenTofu","Migrated":"no","Name":"tgw-peering-nonprod-to-prod","Product":"network-hub","Project":"network-hub","Side":"Accepter","SourceAccountId":"837520753421","SourceEnvironment":"nonprod","TargetAccountId":"274363547985","TargetEnvironment":"prod","Tier":"internal","Type":"tgw-peering"},"tags_all":{"CardData":"no","Classification":"nonpublic","Direction":"inbound","Environment":"prod","GitURL":"https://gitlab.com/williamhillplc/technical-services/networks/channels-team.git","ManagedBy":"OpenTofu","Migrated":"no","Name":"tgw-peering-nonprod-to-prod","Product":"network-hub","Project":"network-hub","Side":"Accepter","SourceAccountId":"837520753421","SourceEnvironment":"nonprod","TargetAccountId":"274363547985","TargetEnvironment":"prod","Tier":"internal","Type":"tgw-peering"},"transit_gateway_attachment_id":"tgw-attach-012602e94c677c518","transit_gateway_id":"tgw-0b52f06ca2d3c4a7d"},"sensitive_attributes":[],"private":"bnVsbA==","dependencies":["module.network_hub.aws_ec2_transit_gateway.main","module.network_hub.data.external.nonprod_peering_attachment"]}]},{"module":"module.network_hub","mode":"managed","type":"aws_ec2_transit_gateway_route","name":"blackhole_evoke_supernet","provider":"provider[\"registry.opentofu.org/hashicorp/aws\"]","instances":[{"schema_version":0,"attributes":{"blackhole":true,"destination_cidr_block":"100.96.0.0/11","id":"tgw-rtb-060fbecb8df1225a5_100.96.0.0/11","region":"eu-west-1","transit_gateway_attachment_id":"","transit_gateway_route_table_id":"tgw-rtb-060fbecb8df1225a5"},"sensitive_attributes":[],"private":"bnVsbA==","dependencies":["module.network_hub.aws_ec2_transit_gateway.main","module.network_hub.aws_ec2_transit_gateway_route_table.main"]}]},{"module":"module.network_hub","mode":"managed","type":"aws_ec2_transit_gateway_route","name":"main_default_to_egress","provider":"provider[\"registry.opentofu.org/hashicorp/aws\"]","instances":[{"schema_version":0,"attributes":{"blackhole":false,"destination_cidr_block":"0.0.0.0/0","id":"tgw-rtb-060fbecb8df1225a5_0.0.0.0/0","region":"eu-west-1","transit_gateway_attachment_id":"tgw-attach-028bdd70220fa55fa","transit_gateway_route_table_id":"tgw-rtb-060fbecb8df1225a5"},"sensitive_attributes":[],"private":"bnVsbA==","dependencies":["module.network_hub.aws_ec2_transit_gateway.main","module.network_hub.aws_ec2_transit_gateway_route_table.main","module.network_hub.aws_ec2_transit_gateway_vpc_attachment.central_egress_vpc","module.network_hub.aws_subnet.client_tgw","module.network_hub.aws_subnet.egress_private","module.network_hub.aws_subnet.firewall_tgw","module.network_hub.aws_subnet.transit_gateway","module.network_hub.aws_vpc.central_egress","module.network_hub.aws_vpc.client","module.network_hub.aws_vpc.firewall","module.network_hub.aws_vpc.transit_gateway","module.network_hub.data.aws_availability_zones.available"]}]},{"module":"module.network_hub","mode":"managed","type":"aws_ec2_transit_gateway_route","name":"prod_to_dev","provider":"provider[\"registry.opentofu.org/hashicorp/aws\"]","instances":[{"index_key":0,"schema_version":0,"attributes":{"blackhole":false,"destination_cidr_block":"100.96.0.0/14","id":"tgw-rtb-060fbecb8df1225a5_100.96.0.0/14","region":"eu-west-1","transit_gateway_attachment_id":"tgw-attach-0b6e017977de4bc37","transit_gateway_route_table_id":"tgw-rtb-060fbecb8df1225a5"},"sensitive_attributes":[],"private":"bnVsbA==","dependencies":["module.network_hub.aws_ec2_transit_gateway.main","module.network_hub.aws_ec2_transit_gateway_peering_attachment_accepter.from_dev_to_prod","module.network_hub.aws_ec2_transit_gateway_route_table.main","module.network_hub.data.external.dev_peering_attachment"]}]},{"module":"module.network_hub","mode":"managed","type":"aws_ec2_transit_gateway_route","name":"prod_to_nonprod","provider":"provider[\"registry.opentofu.org/hashicorp/aws\"]","instances":[{"index_key":0,"schema_version":0,"attributes":{"blackhole":false,"destination_cidr_block":"100.104.0.0/14","id":"tgw-rtb-060fbecb8df1225a5_100.104.0.0/14","region":"eu-west-1","transit_gateway_attachment_id":"tgw-attach-012602e94c677c518","transit_gateway_route_table_id":"tgw-rtb-060fbecb8df1225a5"},"sensitive_attributes":[],"private":"bnVsbA==","dependencies":["module.network_hub.aws_ec2_transit_gateway.main","module.network_hub.aws_ec2_transit_gateway_peering_attachment_accepter.from_nonprod_to_prod","module.network_hub.aws_ec2_transit_gateway_route_table.main","module.network_hub.data.external.nonprod_peering_attachment"]}]},{"module":"module.network_hub","mode":"managed","type":"aws_ec2_transit_gateway_route_table","name":"main","provider":"provider[\"registry.opentofu.org/hashicorp/aws\"]","instances":[{"schema_version":0,"attributes":{"arn":"arn:aws:ec2:eu-west-1:274363547985:transit-gateway-route-table/tgw-rtb-060fbecb8df1225a5","default_association_route_table":false,"default_propagation_route_table":false,"id":"tgw-rtb-060fbecb8df1225a5","region":"eu-west-1","tags":{"CardData":"no","Classification":"nonpublic","Environment":"prod","GitURL":"https://gitlab.com/williamhillplc/technical-services/networks/channels-team.git","ManagedBy":"OpenTofu","Migrated":"no","Name":"network-hub-prod-tgw-rt-main","Product":"network-hub","Project":"network-hub","Purpose":"main-routing","Tier":"internal","Type":"tgw-route-table"},"tags_all":{"CardData":"no","Classification":"nonpublic","Environment":"prod","GitURL":"https://gitlab.com/williamhillplc/technical-services/networks/channels-team.git","ManagedBy":"OpenTofu","Migrated":"no","Name":"network-hub-prod-tgw-rt-main","Product":"network-hub","Project":"network-hub","Purpose":"main-routing","Tier":"internal","Type":"tgw-route-table"},"transit_gateway_id":"tgw-0b52f06ca2d3c4a7d"},"sensitive_attributes":[],"private":"bnVsbA==","dependencies":["module.network_hub.aws_ec2_transit_gateway.main"]}]},{"module":"module.network_hub","mode":"managed","type":"aws_ec2_transit_gateway_route_table_association","name":"from_dev_to_prod","provider":"provider[\"registry.opentofu.org/hashicorp/aws\"]","instances":[{"index_key":0,"schema_version":0,"attributes":{"id":"tgw-rtb-060fbecb8df1225a5_tgw-attach-0b6e017977de4bc37","region":"eu-west-1","replace_existing_association":false,"resource_id":"tgw-0b52f06ca2d3c4a7d","resource_type":"peering","transit_gateway_attachment_id":"tgw-attach-0b6e017977de4bc37","transit_gateway_route_table_id":"tgw-rtb-060fbecb8df1225a5"},"sensitive_attributes":[],"private":"bnVsbA==","dependencies":["module.network_hub.aws_ec2_transit_gateway.main","module.network_hub.aws_ec2_transit_gateway_peering_attachment_accepter.from_dev_to_prod","module.network_hub.aws_ec2_transit_gateway_route_table.main","module.network_hub.data.external.dev_peering_attachment"]}]},{"module":"module.network_hub","mode":"managed","type":"aws_ec2_transit_gateway_route_table_association","name":"from_nonprod_to_prod","provider":"provider[\"registry.opentofu.org/hashicorp/aws\"]","instances":[{"index_key":0,"schema_version":0,"attributes":{"id":"tgw-rtb-060fbecb8df1225a5_tgw-attach-012602e94c677c518","region":"eu-west-1","replace_existing_association":false,"resource_id":"tgw-0b52f06ca2d3c4a7d","resource_type":"peering","transit_gateway_attachment_id":"tgw-attach-012602e94c677c518","transit_gateway_route_table_id":"tgw-rtb-060fbecb8df1225a5"},"sensitive_attributes":[],"private":"bnVsbA==","dependencies":["module.network_hub.aws_ec2_transit_gateway.main","module.network_hub.aws_ec2_transit_gateway_peering_attachment_accepter.from_nonprod_to_prod","module.network_hub.aws_ec2_transit_gateway_route_table.main","module.network_hub.data.external.nonprod_peering_attachment"]}]},{"module":"module.network_hub","mode":"managed","type":"aws_ec2_transit_gateway_route_table_association","name":"main_client_vpc","provider":"provider[\"registry.opentofu.org/hashicorp/aws\"]","instances":[{"schema_version":0,"attributes":{"id":"tgw-rtb-060fbecb8df1225a5_tgw-attach-009f82fd0dbe7185f","region":"eu-west-1","replace_existing_association":false,"resource_id":"vpc-0d92060b17ac794e3","resource_type":"vpc","transit_gateway_attachment_id":"tgw-attach-009f82fd0dbe7185f","transit_gateway_route_table_id":"tgw-rtb-060fbecb8df1225a5"},"sensitive_attributes":[],"private":"bnVsbA==","dependencies":["module.network_hub.aws_ec2_transit_gateway.main","module.network_hub.aws_ec2_transit_gateway_route_table.main","module.network_hub.aws_ec2_transit_gateway_vpc_attachment.client_vpc","module.network_hub.aws_subnet.client_tgw","module.network_hub.aws_subnet.egress_private","module.network_hub.aws_subnet.firewall_tgw","module.network_hub.aws_subnet.transit_gateway","module.network_hub.aws_vpc.central_egress","module.network_hub.aws_vpc.client","module.network_hub.aws_vpc.firewall","module.network_hub.aws_vpc.transit_gateway","module.network_hub.data.aws_availability_zones.available"]}]},{"module":"module.network_hub","mode":"managed","type":"aws_ec2_transit_gateway_route_table_association","name":"main_egress_vpc","provider":"provider[\"registry.opentofu.org/hashicorp/aws\"]","instances":[{"schema_version":0,"attributes":{"id":"tgw-rtb-060fbecb8df1225a5_tgw-attach-028bdd70220fa55fa","region":"eu-west-1","replace_existing_association":false,"resource_id":"vpc-095401066bff4b647","resource_type":"vpc","transit_gateway_attachment_id":"tgw-attach-028bdd70220fa55fa","transit_gateway_route_table_id":"tgw-rtb-060fbecb8df1225a5"},"sensitive_attributes":[],"private":"bnVsbA==","dependencies":["module.network_hub.aws_ec2_transit_gateway.main","module.network_hub.aws_ec2_transit_gateway_route_table.main","module.network_hub.aws_ec2_transit_gateway_vpc_attachment.central_egress_vpc","module.network_hub.aws_subnet.client_tgw","module.network_hub.aws_subnet.egress_private","module.network_hub.aws_subnet.firewall_tgw","module.network_hub.aws_subnet.transit_gateway","module.network_hub.aws_vpc.central_egress","module.network_hub.aws_vpc.client","module.network_hub.aws_vpc.firewall","module.network_hub.aws_vpc.transit_gateway","module.network_hub.data.aws_availability_zones.available"]}]},{"module":"module.network_hub","mode":"managed","type":"aws_ec2_transit_gateway_route_table_association","name":"main_tgw_vpc","provider":"provider[\"registry.opentofu.org/hashicorp/aws\"]","instances":[{"schema_version":0,"attributes":{"id":"tgw-rtb-060fbecb8df1225a5_tgw-attach-09014f662c71134c1","region":"eu-west-1","replace_existing_association":false,"resource_id":"vpc-049706e57c961b3d5","resource_type":"vpc","transit_gateway_attachment_id":"tgw-attach-09014f662c71134c1","transit_gateway_route_table_id":"tgw-rtb-060fbecb8df1225a5"},"sensitive_attributes":[],"private":"bnVsbA==","dependencies":["module.network_hub.aws_ec2_transit_gateway.main","module.network_hub.aws_ec2_transit_gateway_route_table.main","module.network_hub.aws_ec2_transit_gateway_vpc_attachment.transit_gateway_vpc","module.network_hub.aws_subnet.client_tgw","module.network_hub.aws_subnet.egress_private","module.network_hub.aws_subnet.firewall_tgw","module.network_hub.aws_subnet.transit_gateway","module.network_hub.aws_vpc.central_egress","module.network_hub.aws_vpc.client","module.network_hub.aws_vpc.firewall","module.network_hub.aws_vpc.transit_gateway","module.network_hub.data.aws_availability_zones.available"]}]},{"module":"module.network_hub","mode":"managed","type":"aws_ec2_transit_gateway_route_table_propagation","name":"main_client_vpc","provider":"provider[\"registry.opentofu.org/hashicorp/aws\"]","instances":[{"schema_version":0,"attributes":{"id":"tgw-rtb-060fbecb8df1225a5_tgw-attach-009f82fd0dbe7185f","region":"eu-west-1","resource_id":"vpc-0d92060b17ac794e3","resource_type":"vpc","transit_gateway_attachment_id":"tgw-attach-009f82fd0dbe7185f","transit_gateway_route_table_id":"tgw-rtb-060fbecb8df1225a5"},"sensitive_attributes":[],"private":"bnVsbA==","dependencies":["module.network_hub.aws_ec2_transit_gateway.main","module.network_hub.aws_ec2_transit_gateway_route_table.main","module.network_hub.aws_ec2_transit_gateway_vpc_attachment.client_vpc","module.network_hub.aws_subnet.client_tgw","module.network_hub.aws_subnet.egress_private","module.network_hub.aws_subnet.firewall_tgw","module.network_hub.aws_subnet.transit_gateway","module.network_hub.aws_vpc.central_egress","module.network_hub.aws_vpc.client","module.network_hub.aws_vpc.firewall","module.network_hub.aws_vpc.transit_gateway","module.network_hub.data.aws_availability_zones.available"]}]},{"module":"module.network_hub","mode":"managed","type":"aws_ec2_transit_gateway_route_table_propagation","name":"main_tgw_vpc","provider":"provider[\"registry.opentofu.org/hashicorp/aws\"]","instances":[{"schema_version":0,"attributes":{"id":"tgw-rtb-060fbecb8df1225a5_tgw-attach-09014f662c71134c1","region":"eu-west-1","resource_id":"vpc-049706e57c961b3d5","resource_type":"vpc","transit_gateway_attachment_id":"tgw-attach-09014f662c71134c1","transit_gateway_route_table_id":"tgw-rtb-060fbecb8df1225a5"},"sensitive_attributes":[],"private":"bnVsbA==","dependencies":["module.network_hub.aws_ec2_transit_gateway.main","module.network_hub.aws_ec2_transit_gateway_route_table.main","module.network_hub.aws_ec2_transit_gateway_vpc_attachment.transit_gateway_vpc","module.network_hub.aws_subnet.client_tgw","module.network_hub.aws_subnet.egress_private","module.network_hub.aws_subnet.firewall_tgw","module.network_hub.aws_subnet.transit_gateway","module.network_hub.aws_vpc.central_egress","module.network_hub.aws_vpc.client","module.network_hub.aws_vpc.firewall","module.network_hub.aws_vpc.transit_gateway","module.network_hub.data.aws_availability_zones.available"]}]},{"module":"module.network_hub","mode":"managed","type":"aws_ec2_transit_gateway_vpc_attachment","name":"central_egress_vpc","provider":"provider[\"registry.opentofu.org/hashicorp/aws\"]","instances":[{"schema_version":0,"attributes":{"appliance_mode_support":"enable","arn":"arn:aws:ec2:eu-west-1:274363547985:transit-gateway-attachment/tgw-attach-028bdd70220fa55fa","dns_support":"enable","id":"tgw-attach-028bdd70220fa55fa","ipv6_support":"disable","region":"eu-west-1","security_group_referencing_support":"enable","subnet_ids":["subnet-01b89793468cac154","subnet-085bdd2fe7b50dc0d","subnet-0d60e3a729e4b4839"],"tags":{"CardData":"no","Classification":"nonpublic","Environment":"prod","GitURL":"https://gitlab.com/williamhillplc/technical-services/networks/channels-team.git","ManagedBy":"OpenTofu","Migrated":"no","Name":"network-hub-prod-tgw-attachment-egress-vpc","Product":"network-hub","Project":"network-hub","Tier":"internal","Type":"tgw-attachment","VPC":"central-egress"},"tags_all":{"CardData":"no","Classification":"nonpublic","Environment":"prod","GitURL":"https://gitlab.com/williamhillplc/technical-services/networks/channels-team.git","ManagedBy":"OpenTofu","Migrated":"no","Name":"network-hub-prod-tgw-attachment-egress-vpc","Product":"network-hub","Project":"network-hub","Tier":"internal","Type":"tgw-attachment","VPC":"central-egress"},"transit_gateway_default_route_table_association":false,"transit_gateway_default_route_table_propagation":false,"transit_gateway_id":"tgw-0b52f06ca2d3c4a7d","vpc_id":"vpc-095401066bff4b647","vpc_owner_id":"274363547985"},"sensitive_attributes":[],"private":"bnVsbA==","dependencies":["module.network_hub.aws_ec2_transit_gateway.main","module.network_hub.aws_subnet.client_tgw","module.network_hub.aws_subnet.egress_private","module.network_hub.aws_subnet.firewall_tgw","module.network_hub.aws_subnet.transit_gateway","module.network_hub.aws_vpc.central_egress","module.network_hub.aws_vpc.client","module.network_hub.aws_vpc.firewall","module.network_hub.aws_vpc.transit_gateway","module.network_hub.data.aws_availability_zones.available"]}]},{"module":"module.network_hub","mode":"managed","type":"aws_ec2_transit_gateway_vpc_attachment","name":"client_vpc","provider":"provider[\"registry.opentofu.org/hashicorp/aws\"]","instances":[{"schema_version":0,"attributes":{"appliance_mode_support":"disable","arn":"arn:aws:ec2:eu-west-1:274363547985:transit-gateway-attachment/tgw-attach-009f82fd0dbe7185f","dns_support":"enable","id":"tgw-attach-009f82fd0dbe7185f","ipv6_support":"disable","region":"eu-west-1","security_group_referencing_support":"enable","subnet_ids":["subnet-000af58389cbedd72","subnet-04e25c9002dbcec1e","subnet-05b3c06134dcc20ab"],"tags":{"CardData":"no","Classification":"nonpublic","Environment":"prod","GitURL":"https://gitlab.com/williamhillplc/technical-services/networks/channels-team.git","ManagedBy":"OpenTofu","Migrated":"no","Name":"network-hub-prod-tgw-attachment-client-vpc","Product":"network-hub","Project":"network-hub","Tier":"internal","Type":"tgw-attachment","VPC":"client"},"tags_all":{"CardData":"no","Classification":"nonpublic","Environment":"prod","GitURL":"https://gitlab.com/williamhillplc/technical-services/networks/channels-team.git","ManagedBy":"OpenTofu","Migrated":"no","Name":"network-hub-prod-tgw-attachment-client-vpc","Product":"network-hub","Project":"network-hub","Tier":"internal","Type":"tgw-attachment","VPC":"client"},"transit_gateway_default_route_table_association":false,"transit_gateway_default_route_table_propagation":false,"transit_gateway_id":"tgw-0b52f06ca2d3c4a7d","vpc_id":"vpc-0d92060b17ac794e3","vpc_owner_id":"274363547985"},"sensitive_attributes":[],"private":"bnVsbA==","dependencies":["module.network_hub.aws_ec2_transit_gateway.main","module.network_hub.aws_subnet.client_tgw","module.network_hub.aws_subnet.egress_private","module.network_hub.aws_subnet.firewall_tgw","module.network_hub.aws_subnet.transit_gateway","module.network_hub.aws_vpc.central_egress","module.network_hub.aws_vpc.client","module.network_hub.aws_vpc.firewall","module.network_hub.aws_vpc.transit_gateway","module.network_hub.data.aws_availability_zones.available"]}]},{"module":"module.network_hub","mode":"managed","type":"aws_ec2_transit_gateway_vpc_attachment","name":"transit_gateway_vpc","provider":"provider[\"registry.opentofu.org/hashicorp/aws\"]","instances":[{"schema_version":0,"attributes":{"appliance_mode_support":"disable","arn":"arn:aws:ec2:eu-west-1:274363547985:transit-gateway-attachment/tgw-attach-09014f662c71134c1","dns_support":"enable","id":"tgw-attach-09014f662c71134c1","ipv6_support":"disable","region":"eu-west-1","security_group_referencing_support":"enable","subnet_ids":["subnet-07781d341d0fadaba","subnet-08186d7309203bbc3","subnet-0b8ee906a050b624c"],"tags":{"CardData":"no","Classification":"nonpublic","Environment":"prod","GitURL":"https://gitlab.com/williamhillplc/technical-services/networks/channels-team.git","ManagedBy":"OpenTofu","Migrated":"no","Name":"network-hub-prod-tgw-attachment-tgw-vpc","Product":"network-hub","Project":"network-hub","Tier":"internal","Type":"tgw-attachment","VPC":"transit-gateway"},"tags_all":{"CardData":"no","Classification":"nonpublic","Environment":"prod","GitURL":"https://gitlab.com/williamhillplc/technical-services/networks/channels-team.git","ManagedBy":"OpenTofu","Migrated":"no","Name":"network-hub-prod-tgw-attachment-tgw-vpc","Product":"network-hub","Project":"network-hub","Tier":"internal","Type":"tgw-attachment","VPC":"transit-gateway"},"transit_gateway_default_route_table_association":false,"transit_gateway_default_route_table_propagation":false,"transit_gateway_id":"tgw-0b52f06ca2d3c4a7d","vpc_id":"vpc-049706e57c961b3d5","vpc_owner_id":"274363547985"},"sensitive_attributes":[],"private":"bnVsbA==","dependencies":["module.network_hub.aws_ec2_transit_gateway.main","module.network_hub.aws_subnet.client_tgw","module.network_hub.aws_subnet.egress_private","module.network_hub.aws_subnet.firewall_tgw","module.network_hub.aws_subnet.transit_gateway","module.network_hub.aws_vpc.central_egress","module.network_hub.aws_vpc.client","module.network_hub.aws_vpc.firewall","module.network_hub.aws_vpc.transit_gateway","module.network_hub.data.aws_availability_zones.available"]}]},{"module":"module.network_hub","mode":"managed","type":"aws_eip","name":"nat_gateway","provider":"provider[\"registry.opentofu.org/hashicorp/aws\"]","instances":[{"index_key":0,"schema_version":0,"attributes":{"address":null,"allocation_id":"eipalloc-0d771a43a13c71d38","arn":"arn:aws:ec2:eu-west-1:274363547985:elastic-ip/eipalloc-0d771a43a13c71d38","associate_with_private_ip":null,"association_id":"eipassoc-0cb5a6c26370662f2","carrier_ip":"","customer_owned_ip":"","customer_owned_ipv4_pool":"","domain":"vpc","id":"eipalloc-0d771a43a13c71d38","instance":"","ipam_pool_id":null,"network_border_group":"eu-west-1","network_interface":"eni-09abde589e43cc66f","private_dns":"ip-100-108-2-56.eu-west-1.compute.internal","private_ip":"100.108.2.56","ptr_record":"","public_dns":"ec2-54-229-174-182.eu-west-1.compute.amazonaws.com","public_ip":"54.229.174.182","public_ipv4_pool":"amazon","region":"eu-west-1","tags":{"AZ":"eu-west-1a","CardData":"no","Classification":"nonpublic","Environment":"prod","GitURL":"https://gitlab.com/williamhillplc/technical-services/networks/channels-team.git","ManagedBy":"OpenTofu","Migrated":"no","Name":"network-hub-prod-nat-eip-1a","Product":"network-hub","Project":"network-hub","Purpose":"nat-gateway","Tier":"internal","Type":"elastic-ip"},"tags_all":{"AZ":"eu-west-1a","CardData":"no","Classification":"nonpublic","Environment":"prod","GitURL":"https://gitlab.com/williamhillplc/technical-services/networks/channels-team.git","ManagedBy":"OpenTofu","Migrated":"no","Name":"network-hub-prod-nat-eip-1a","Product":"network-hub","Project":"network-hub","Purpose":"nat-gateway","Tier":"internal","Type":"elastic-ip"},"timeouts":null},"sensitive_attributes":[],"private":"eyJlMmJmYjczMC1lY2FhLTExZTYtOGY4OC0zNDM2M2JjN2M0YzAiOnsiZGVsZXRlIjoxODAwMDAwMDAwMDAsInJlYWQiOjkwMDAwMDAwMDAwMCwidXBkYXRlIjozMDAwMDAwMDAwMDB9fQ==","dependencies":["module.network_hub.aws_internet_gateway.central_egress","module.network_hub.aws_vpc.central_egress","module.network_hub.data.aws_availability_zones.available"]},{"index_key":1,"schema_version":0,"attributes":{"address":null,"allocation_id":"eipalloc-0ca938476b7b727e7","arn":"arn:aws:ec2:eu-west-1:274363547985:elastic-ip/eipalloc-0ca938476b7b727e7","associate_with_private_ip":null,"association_id":"eipassoc-0692f006403498ef8","carrier_ip":"","customer_owned_ip":"","customer_owned_ipv4_pool":"","domain":"vpc","id":"eipalloc-0ca938476b7b727e7","instance":"","ipam_pool_id":null,"network_border_group":"eu-west-1","network_interface":"eni-0b7b025ff01cc3faa","private_dns":"ip-100-108-2-77.eu-west-1.compute.internal","private_ip":"100.108.2.77","ptr_record":"","public_dns":"ec2-52-19-152-146.eu-west-1.compute.amazonaws.com","public_ip":"52.19.152.146","public_ipv4_pool":"amazon","region":"eu-west-1","tags":{"AZ":"eu-west-1b","CardData":"no","Classification":"nonpublic","Environment":"prod","GitURL":"https://gitlab.com/williamhillplc/technical-services/networks/channels-team.git","ManagedBy":"OpenTofu","Migrated":"no","Name":"network-hub-prod-nat-eip-1b","Product":"network-hub","Project":"network-hub","Purpose":"nat-gateway","Tier":"internal","Type":"elastic-ip"},"tags_all":{"AZ":"eu-west-1b","CardData":"no","Classification":"nonpublic","Environment":"prod","GitURL":"https://gitlab.com/williamhillplc/technical-services/networks/channels-team.git","ManagedBy":"OpenTofu","Migrated":"no","Name":"network-hub-prod-nat-eip-1b","Product":"network-hub","Project":"network-hub","Purpose":"nat-gateway","Tier":"internal","Type":"elastic-ip"},"timeouts":null},"sensitive_attributes":[],"private":"eyJlMmJmYjczMC1lY2FhLTExZTYtOGY4OC0zNDM2M2JjN2M0YzAiOnsiZGVsZXRlIjoxODAwMDAwMDAwMDAsInJlYWQiOjkwMDAwMDAwMDAwMCwidXBkYXRlIjozMDAwMDAwMDAwMDB9fQ==","dependencies":["module.network_hub.aws_internet_gateway.central_egress","module.network_hub.aws_vpc.central_egress","module.network_hub.data.aws_availability_zones.available"]},{"index_key":2,"schema_version":0,"attributes":{"address":null,"allocation_id":"eipalloc-0ae545167f5ed21d5","arn":"arn:aws:ec2:eu-west-1:274363547985:elastic-ip/eipalloc-0ae545167f5ed21d5","associate_with_private_ip":null,"association_id":"eipassoc-0b1732864e9222423","carrier_ip":"","customer_owned_ip":"","customer_owned_ipv4_pool":"","domain":"vpc","id":"eipalloc-0ae545167f5ed21d5","instance":"","ipam_pool_id":null,"network_border_group":"eu-west-1","network_interface":"eni-062acfafcef29c983","private_dns":"ip-100-108-2-87.eu-west-1.compute.internal","private_ip":"100.108.2.87","ptr_record":"","public_dns":"ec2-34-249-104-245.eu-west-1.compute.amazonaws.com","public_ip":"34.249.104.245","public_ipv4_pool":"amazon","region":"eu-west-1","tags":{"AZ":"eu-west-1c","CardData":"no","Classification":"nonpublic","Environment":"prod","GitURL":"https://gitlab.com/williamhillplc/technical-services/networks/channels-team.git","ManagedBy":"OpenTofu","Migrated":"no","Name":"network-hub-prod-nat-eip-1c","Product":"network-hub","Project":"network-hub","Purpose":"nat-gateway","Tier":"internal","Type":"elastic-ip"},"tags_all":{"AZ":"eu-west-1c","CardData":"no","Classification":"nonpublic","Environment":"prod","GitURL":"https://gitlab.com/williamhillplc/technical-services/networks/channels-team.git","ManagedBy":"OpenTofu","Migrated":"no","Name":"network-hub-prod-nat-eip-1c","Product":"network-hub","Project":"network-hub","Purpose":"nat-gateway","Tier":"internal","Type":"elastic-ip"},"timeouts":null},"sensitive_attributes":[],"private":"eyJlMmJmYjczMC1lY2FhLTExZTYtOGY4OC0zNDM2M2JjN2M0YzAiOnsiZGVsZXRlIjoxODAwMDAwMDAwMDAsInJlYWQiOjkwMDAwMDAwMDAwMCwidXBkYXRlIjozMDAwMDAwMDAwMDB9fQ==","dependencies":["module.network_hub.aws_internet_gateway.central_egress","module.network_hub.aws_vpc.central_egress","module.network_hub.data.aws_availability_zones.available"]}]},{"module":"module.network_hub","mode":"managed","type":"aws_instance","name":"client_test","provider":"provider[\"registry.opentofu.org/hashicorp/aws\"]","instances":[{"index_key":0,"schema_version":2,"attributes":{"ami":"ami-05b64e48206882438","arn":"arn:aws:ec2:eu-west-1:274363547985:instance/i-033229d8d0335a62b","associate_public_ip_address":false,"availability_zone":"eu-west-1a","capacity_reservation_specification":[{"capacity_reservation_preference":"open","capacity_reservation_target":[]}],"cpu_options":[{"amd_sev_snp":"","core_count":1,"threads_per_core":2}],"credit_specification":[{"cpu_credits":"unlimited"}],"disable_api_stop":false,"disable_api_termination":false,"ebs_block_device":[],"ebs_optimized":false,"enable_primary_ipv6":null,"enclave_options":[{"enabled":false}],"ephemeral_block_device":[],"get_password_data":false,"hibernation":false,"host_id":"","host_resource_group_arn":null,"iam_instance_profile":"","id":"i-033229d8d0335a62b","instance_initiated_shutdown_behavior":"stop","instance_lifecycle":"","instance_market_options":[],"instance_state":"running","instance_type":"t3.micro","ipv6_address_count":0,"ipv6_addresses":[],"key_name":"eu_west_1_prod_tgw","launch_template":[],"maintenance_options":[{"auto_recovery":"default"}],"metadata_options":[{"http_endpoint":"enabled","http_protocol_ipv6":"disabled","http_put_response_hop_limit":1,"http_tokens":"optional","instance_metadata_tags":"disabled"}],"monitoring":false,"network_interface":[],"outpost_arn":"","password_data":"","placement_group":"","placement_partition_number":0,"primary_network_interface_id":"eni-043d33a8b575eb0d4","private_dns":"ip-100-108-35-183.eu-west-1.compute.internal","private_dns_name_options":[{"enable_resource_name_dns_a_record":false,"enable_resource_name_dns_aaaa_record":false,"hostname_type":"ip-name"}],"private_ip":"100.108.35.183","public_dns":"","public_ip":"","region":"eu-west-1","root_block_device":[{"delete_on_termination":true,"device_name":"/dev/xvda","encrypted":false,"iops":100,"kms_key_id":"","tags":{},"tags_all":{},"throughput":0,"volume_id":"vol-0c5a366342fd20425","volume_size":8,"volume_type":"gp2"}],"secondary_private_ips":[],"security_groups":[],"source_dest_check":true,"spot_instance_request_id":"","subnet_id":"subnet-04218d2dd7a7b241f","tags":{"CardData":"no","Classification":"nonpublic","Environment":"cde","GitURL":"https://gitlab.com/williamhillplc/technical-services/networks/channels-team.git","ManagedBy":"OpenTofu","Migrated":"no","Name":"network-hub-prod-client-test-instance","Product":"network-hub","Project":"network-hub","Purpose":"client-vpc-and-firewall-testing","Tier":"internal","Type":"test-instance","VPC":"client"},"tags_all":{"CardData":"no","Classification":"nonpublic","Environment":"cde","GitURL":"https://gitlab.com/williamhillplc/technical-services/networks/channels-team.git","ManagedBy":"OpenTofu","Migrated":"no","Name":"network-hub-prod-client-test-instance","Product":"network-hub","Project":"network-hub","Purpose":"client-vpc-and-firewall-testing","Tier":"internal","Type":"test-instance","VPC":"client"},"tenancy":"default","timeouts":null,"user_data":null,"user_data_base64":null,"user_data_replace_on_change":false,"volume_tags":null,"vpc_security_group_ids":["sg-0d767acb033162b1e"]},"sensitive_attributes":[],"private":"eyJlMmJmYjczMC1lY2FhLTExZTYtOGY4OC0zNDM2M2JjN2M0YzAiOnsiY3JlYXRlIjo2MDAwMDAwMDAwMDAsImRlbGV0ZSI6MTIwMDAwMDAwMDAwMCwicmVhZCI6OTAwMDAwMDAwMDAwLCJ1cGRhdGUiOjYwMDAwMDAwMDAwMH0sInNjaGVtYV92ZXJzaW9uIjoiMiJ9","dependencies":["module.network_hub.aws_security_group.client_instance","module.network_hub.aws_subnet.client_cde","module.network_hub.aws_subnet.client_tgw","module.network_hub.aws_vpc.client","module.network_hub.aws_vpc.transit_gateway","module.network_hub.data.aws_ami.amazon_linux","module.network_hub.data.aws_availability_zones.available"],"create_before_destroy":true}]},{"module":"module.network_hub","mode":"managed","type":"aws_instance","name":"tgw_test","provider":"provider[\"registry.opentofu.org/hashicorp/aws\"]","instances":[{"index_key":0,"schema_version":2,"attributes":{"ami":"ami-05b64e48206882438","arn":"arn:aws:ec2:eu-west-1:274363547985:instance/i-0ab01dcea1f39eca9","associate_public_ip_address":true,"availability_zone":"eu-west-1a","capacity_reservation_specification":[{"capacity_reservation_preference":"open","capacity_reservation_target":[]}],"cpu_options":[{"amd_sev_snp":"","core_count":1,"threads_per_core":2}],"credit_specification":[{"cpu_credits":"unlimited"}],"disable_api_stop":false,"disable_api_termination":false,"ebs_block_device":[],"ebs_optimized":false,"enable_primary_ipv6":null,"enclave_options":[{"enabled":false}],"ephemeral_block_device":[],"get_password_data":false,"hibernation":false,"host_id":"","host_resource_group_arn":null,"iam_instance_profile":"","id":"i-0ab01dcea1f39eca9","instance_initiated_shutdown_behavior":"stop","instance_lifecycle":"","instance_market_options":[],"instance_state":"running","instance_type":"t3.micro","ipv6_address_count":0,"ipv6_addresses":[],"key_name":"eu_west_1_prod_tgw","launch_template":[],"maintenance_options":[{"auto_recovery":"default"}],"metadata_options":[{"http_endpoint":"enabled","http_protocol_ipv6":"disabled","http_put_response_hop_limit":1,"http_tokens":"optional","instance_metadata_tags":"disabled"}],"monitoring":false,"network_interface":[],"outpost_arn":"","password_data":"","placement_group":"","placement_partition_number":0,"primary_network_interface_id":"eni-0f918a41b87367ef9","private_dns":"ip-100-108-0-14.eu-west-1.compute.internal","private_dns_name_options":[{"enable_resource_name_dns_a_record":false,"enable_resource_name_dns_aaaa_record":false,"hostname_type":"ip-name"}],"private_ip":"100.108.0.14","public_dns":"ec2-108-130-74-128.eu-west-1.compute.amazonaws.com","public_ip":"108.130.74.128","region":"eu-west-1","root_block_device":[{"delete_on_termination":true,"device_name":"/dev/xvda","encrypted":false,"iops":100,"kms_key_id":"","tags":{},"tags_all":{},"throughput":0,"volume_id":"vol-025523115f23eb3e0","volume_size":8,"volume_type":"gp2"}],"secondary_private_ips":[],"security_groups":[],"source_dest_check":true,"spot_instance_request_id":"","subnet_id":"subnet-08186d7309203bbc3","tags":{"CardData":"no","Classification":"nonpublic","Environment":"prod","GitURL":"https://gitlab.com/williamhillplc/technical-services/networks/channels-team.git","ManagedBy":"OpenTofu","Migrated":"no","Name":"network-hub-prod-tgw-test-instance","Product":"network-hub","Project":"network-hub","Purpose":"external-access-and-tgw-testing","Tier":"internal","Type":"test-instance","VPC":"transit-gateway"},"tags_all":{"CardData":"no","Classification":"nonpublic","Environment":"prod","GitURL":"https://gitlab.com/williamhillplc/technical-services/networks/channels-team.git","ManagedBy":"OpenTofu","Migrated":"no","Name":"network-hub-prod-tgw-test-instance","Product":"network-hub","Project":"network-hub","Purpose":"external-access-and-tgw-testing","Tier":"internal","Type":"test-instance","VPC":"transit-gateway"},"tenancy":"default","timeouts":null,"user_data":null,"user_data_base64":null,"user_data_replace_on_change":false,"volume_tags":null,"vpc_security_group_ids":["sg-0432b0275800df114"]},"sensitive_attributes":[],"private":"eyJlMmJmYjczMC1lY2FhLTExZTYtOGY4OC0zNDM2M2JjN2M0YzAiOnsiY3JlYXRlIjo2MDAwMDAwMDAwMDAsImRlbGV0ZSI6MTIwMDAwMDAwMDAwMCwicmVhZCI6OTAwMDAwMDAwMDAwLCJ1cGRhdGUiOjYwMDAwMDAwMDAwMH0sInNjaGVtYV92ZXJzaW9uIjoiMiJ9","dependencies":["module.network_hub.aws_security_group.tgw_instance","module.network_hub.aws_subnet.transit_gateway","module.network_hub.aws_vpc.client","module.network_hub.aws_vpc.transit_gateway","module.network_hub.data.aws_ami.amazon_linux","module.network_hub.data.aws_availability_zones.available"],"create_before_destroy":true}]},{"module":"module.network_hub","mode":"managed","type":"aws_internet_gateway","name":"central_egress","provider":"provider[\"registry.opentofu.org/hashicorp/aws\"]","instances":[{"schema_version":0,"attributes":{"arn":"arn:aws:ec2:eu-west-1:274363547985:internet-gateway/igw-07ef69decc03f77ef","id":"igw-07ef69decc03f77ef","owner_id":"274363547985","region":"eu-west-1","tags":{"CardData":"no","Classification":"nonpublic","Environment":"prod","GitURL":"https://gitlab.com/williamhillplc/technical-services/networks/channels-team.git","ManagedBy":"OpenTofu","Migrated":"no","Name":"network-hub-prod-egress-igw","Product":"network-hub","Project":"network-hub","Tier":"internal","Type":"internet-gateway","VPC":"central-egress"},"tags_all":{"CardData":"no","Classification":"nonpublic","Environment":"prod","GitURL":"https://gitlab.com/williamhillplc/technical-services/networks/channels-team.git","ManagedBy":"OpenTofu","Migrated":"no","Name":"network-hub-prod-egress-igw","Product":"network-hub","Project":"network-hub","Tier":"internal","Type":"internet-gateway","VPC":"central-egress"},"timeouts":null,"vpc_id":"vpc-095401066bff4b647"},"sensitive_attributes":[],"private":"eyJlMmJmYjczMC1lY2FhLTExZTYtOGY4OC0zNDM2M2JjN2M0YzAiOnsiY3JlYXRlIjoxMjAwMDAwMDAwMDAwLCJkZWxldGUiOjEyMDAwMDAwMDAwMDAsInVwZGF0ZSI6MTIwMDAwMDAwMDAwMH19","dependencies":["module.network_hub.aws_vpc.central_egress"]}]},{"module":"module.network_hub","mode":"managed","type":"aws_internet_gateway","name":"transit_gateway","provider":"provider[\"registry.opentofu.org/hashicorp/aws\"]","instances":[{"schema_version":0,"attributes":{"arn":"arn:aws:ec2:eu-west-1:274363547985:internet-gateway/igw-08e502555e2e4038d","id":"igw-08e502555e2e4038d","owner_id":"274363547985","region":"eu-west-1","tags":{"CardData":"no","Classification":"nonpublic","Environment":"prod","GitURL":"https://gitlab.com/williamhillplc/technical-services/networks/channels-team.git","ManagedBy":"OpenTofu","Migrated":"no","Name":"network-hub-prod-tgw-igw","Product":"network-hub","Project":"network-hub","Tier":"internal","Type":"internet-gateway","VPC":"transit-gateway"},"tags_all":{"CardData":"no","Classification":"nonpublic","Environment":"prod","GitURL":"https://gitlab.com/williamhillplc/technical-services/networks/channels-team.git","ManagedBy":"OpenTofu","Migrated":"no","Name":"network-hub-prod-tgw-igw","Product":"network-hub","Project":"network-hub","Tier":"internal","Type":"internet-gateway","VPC":"transit-gateway"},"timeouts":null,"vpc_id":"vpc-049706e57c961b3d5"},"sensitive_attributes":[],"private":"eyJlMmJmYjczMC1lY2FhLTExZTYtOGY4OC0zNDM2M2JjN2M0YzAiOnsiY3JlYXRlIjoxMjAwMDAwMDAwMDAwLCJkZWxldGUiOjEyMDAwMDAwMDAwMDAsInVwZGF0ZSI6MTIwMDAwMDAwMDAwMH19","dependencies":["module.network_hub.aws_vpc.transit_gateway"]}]},{"module":"module.network_hub","mode":"managed","type":"aws_nat_gateway","name":"central_egress","provider":"provider[\"registry.opentofu.org/hashicorp/aws\"]","instances":[{"index_key":0,"schema_version":0,"attributes":{"allocation_id":"eipalloc-0d771a43a13c71d38","association_id":"eipassoc-0cb5a6c26370662f2","connectivity_type":"public","id":"nat-02d87fe3e49d2a84e","network_interface_id":"eni-09abde589e43cc66f","private_ip":"100.108.2.56","public_ip":"54.229.174.182","region":"eu-west-1","secondary_allocation_ids":[],"secondary_private_ip_address_count":0,"secondary_private_ip_addresses":[],"subnet_id":"subnet-02b9b1d18f2ba7d14","tags":{"AZ":"eu-west-1a","CardData":"no","Classification":"nonpublic","Environment":"prod","GitURL":"https://gitlab.com/williamhillplc/technical-services/networks/channels-team.git","ManagedBy":"OpenTofu","Migrated":"no","Name":"network-hub-prod-nat-gw-1a","Product":"network-hub","Project":"network-hub","Subnet":"subnet-02b9b1d18f2ba7d14","Tier":"internal","Type":"nat-gateway"},"tags_all":{"AZ":"eu-west-1a","CardData":"no","Classification":"nonpublic","Environment":"prod","GitURL":"https://gitlab.com/williamhillplc/technical-services/networks/channels-team.git","ManagedBy":"OpenTofu","Migrated":"no","Name":"network-hub-prod-nat-gw-1a","Product":"network-hub","Project":"network-hub","Subnet":"subnet-02b9b1d18f2ba7d14","Tier":"internal","Type":"nat-gateway"},"timeouts":null},"sensitive_attributes":[],"private":"eyJlMmJmYjczMC1lY2FhLTExZTYtOGY4OC0zNDM2M2JjN2M0YzAiOnsiY3JlYXRlIjo2MDAwMDAwMDAwMDAsImRlbGV0ZSI6MTgwMDAwMDAwMDAwMCwidXBkYXRlIjo2MDAwMDAwMDAwMDB9fQ==","dependencies":["module.network_hub.aws_eip.nat_gateway","module.network_hub.aws_internet_gateway.central_egress","module.network_hub.aws_subnet.egress_public","module.network_hub.aws_vpc.central_egress","module.network_hub.data.aws_availability_zones.available"]},{"index_key":1,"schema_version":0,"attributes":{"allocation_id":"eipalloc-0ca938476b7b727e7","association_id":"eipassoc-0692f006403498ef8","connectivity_type":"public","id":"nat-0fea1ec47e524af40","network_interface_id":"eni-0b7b025ff01cc3faa","private_ip":"100.108.2.77","public_ip":"52.19.152.146","region":"eu-west-1","secondary_allocation_ids":[],"secondary_private_ip_address_count":0,"secondary_private_ip_addresses":[],"subnet_id":"subnet-0cf1816bca1fa2b50","tags":{"AZ":"eu-west-1b","CardData":"no","Classification":"nonpublic","Environment":"prod","GitURL":"https://gitlab.com/williamhillplc/technical-services/networks/channels-team.git","ManagedBy":"OpenTofu","Migrated":"no","Name":"network-hub-prod-nat-gw-1b","Product":"network-hub","Project":"network-hub","Subnet":"subnet-0cf1816bca1fa2b50","Tier":"internal","Type":"nat-gateway"},"tags_all":{"AZ":"eu-west-1b","CardData":"no","Classification":"nonpublic","Environment":"prod","GitURL":"https://gitlab.com/williamhillplc/technical-services/networks/channels-team.git","ManagedBy":"OpenTofu","Migrated":"no","Name":"network-hub-prod-nat-gw-1b","Product":"network-hub","Project":"network-hub","Subnet":"subnet-0cf1816bca1fa2b50","Tier":"internal","Type":"nat-gateway"},"timeouts":null},"sensitive_attributes":[],"private":"eyJlMmJmYjczMC1lY2FhLTExZTYtOGY4OC0zNDM2M2JjN2M0YzAiOnsiY3JlYXRlIjo2MDAwMDAwMDAwMDAsImRlbGV0ZSI6MTgwMDAwMDAwMDAwMCwidXBkYXRlIjo2MDAwMDAwMDAwMDB9fQ==","dependencies":["module.network_hub.aws_eip.nat_gateway","module.network_hub.aws_internet_gateway.central_egress","module.network_hub.aws_subnet.egress_public","module.network_hub.aws_vpc.central_egress","module.network_hub.data.aws_availability_zones.available"]},{"index_key":2,"schema_version":0,"attributes":{"allocation_id":"eipalloc-0ae545167f5ed21d5","association_id":"eipassoc-0b1732864e9222423","connectivity_type":"public","id":"nat-04830d6d6251f6eae","network_interface_id":"eni-062acfafcef29c983","private_ip":"100.108.2.87","public_ip":"34.249.104.245","region":"eu-west-1","secondary_allocation_ids":[],"secondary_private_ip_address_count":0,"secondary_private_ip_addresses":[],"subnet_id":"subnet-045c4554ad99fd872","tags":{"AZ":"eu-west-1c","CardData":"no","Classification":"nonpublic","Environment":"prod","GitURL":"https://gitlab.com/williamhillplc/technical-services/networks/channels-team.git","ManagedBy":"OpenTofu","Migrated":"no","Name":"network-hub-prod-nat-gw-1c","Product":"network-hub","Project":"network-hub","Subnet":"subnet-045c4554ad99fd872","Tier":"internal","Type":"nat-gateway"},"tags_all":{"AZ":"eu-west-1c","CardData":"no","Classification":"nonpublic","Environment":"prod","GitURL":"https://gitlab.com/williamhillplc/technical-services/networks/channels-team.git","ManagedBy":"OpenTofu","Migrated":"no","Name":"network-hub-prod-nat-gw-1c","Product":"network-hub","Project":"network-hub","Subnet":"subnet-045c4554ad99fd872","Tier":"internal","Type":"nat-gateway"},"timeouts":null},"sensitive_attributes":[],"private":"eyJlMmJmYjczMC1lY2FhLTExZTYtOGY4OC0zNDM2M2JjN2M0YzAiOnsiY3JlYXRlIjo2MDAwMDAwMDAwMDAsImRlbGV0ZSI6MTgwMDAwMDAwMDAwMCwidXBkYXRlIjo2MDAwMDAwMDAwMDB9fQ==","dependencies":["module.network_hub.aws_eip.nat_gateway","module.network_hub.aws_internet_gateway.central_egress","module.network_hub.aws_subnet.egress_public","module.network_hub.aws_vpc.central_egress","module.network_hub.data.aws_availability_zones.available"]}]},{"module":"module.network_hub","mode":"managed","type":"aws_networkfirewall_firewall","name":"main","provider":"provider[\"registry.opentofu.org/hashicorp/aws\"]","instances":[{"schema_version":0,"attributes":{"arn":"arn:aws:network-firewall:eu-west-1:274363547985:firewall/network-hub-prod-network-firewall","delete_protection":false,"description":"","enabled_analysis_types":[],"encryption_configuration":[],"firewall_policy_arn":"arn:aws:network-firewall:eu-west-1:274363547985:firewall-policy/network-hub-prod-firewall-policy","firewall_policy_change_protection":false,"firewall_status":[{"sync_states":[{"attachment":[{"endpoint_id":"vpce-06ffe011454ba289a","subnet_id":"subnet-0bfd6a66b6a8bcce1"}],"availability_zone":"eu-west-1a"},{"attachment":[{"endpoint_id":"vpce-0bfd0da48dc3bc0e3","subnet_id":"subnet-0067766ec73313d47"}],"availability_zone":"eu-west-1b"},{"attachment":[{"endpoint_id":"vpce-0f98f060db5f6312f","subnet_id":"subnet-080cbbc5e22f662bf"}],"availability_zone":"eu-west-1c"}]}],"id":"arn:aws:network-firewall:eu-west-1:274363547985:firewall/network-hub-prod-network-firewall","name":"network-hub-prod-network-firewall","region":"eu-west-1","subnet_change_protection":false,"subnet_mapping":[{"ip_address_type":"IPV4","subnet_id":"subnet-0067766ec73313d47"},{"ip_address_type":"IPV4","subnet_id":"subnet-080cbbc5e22f662bf"},{"ip_address_type":"IPV4","subnet_id":"subnet-0bfd6a66b6a8bcce1"}],"tags":{"CardData":"no","Classification":"nonpublic","Environment":"prod","GitURL":"https://gitlab.com/williamhillplc/technical-services/networks/channels-team.git","ManagedBy":"OpenTofu","Migrated":"no","Name":"network-hub-prod-network-firewall","Product":"network-hub","Project":"network-hub","Tier":"internal","Type":"network-firewall"},"tags_all":{"CardData":"no","Classification":"nonpublic","Environment":"prod","GitURL":"https://gitlab.com/williamhillplc/technical-services/networks/channels-team.git","ManagedBy":"OpenTofu","Migrated":"no","Name":"network-hub-prod-network-firewall","Product":"network-hub","Project":"network-hub","Tier":"internal","Type":"network-firewall"},"timeouts":null,"update_token":"0391c79d-7f0a-4d05-8069-89857c30f27c","vpc_id":"vpc-053b98debe53c2d7f"},"sensitive_attributes":[],"private":"eyJlMmJmYjczMC1lY2FhLTExZTYtOGY4OC0zNDM2M2JjN2M0YzAiOnsiY3JlYXRlIjoxODAwMDAwMDAwMDAwLCJkZWxldGUiOjE4MDAwMDAwMDAwMDAsInVwZGF0ZSI6MTgwMDAwMDAwMDAwMH19","dependencies":["module.network_hub.aws_networkfirewall_firewall_policy.main","module.network_hub.aws_networkfirewall_rule_group.domain_allowlist","module.network_hub.aws_networkfirewall_rule_group.ip_rules","module.network_hub.aws_subnet.firewall_endpoint","module.network_hub.aws_vpc.firewall","module.network_hub.data.aws_availability_zones.available"]}]},{"module":"module.network_hub","mode":"managed","type":"aws_networkfirewall_firewall_policy","name":"main","provider":"provider[\"registry.opentofu.org/hashicorp/aws\"]","instances":[{"schema_version":0,"attributes":{"arn":"arn:aws:network-firewall:eu-west-1:274363547985:firewall-policy/network-hub-prod-firewall-policy","description":"","encryption_configuration":[],"firewall_policy":[{"policy_variables":[],"stateful_default_actions":["aws:alert_strict","aws:drop_established"],"stateful_engine_options":[{"flow_timeouts":[],"rule_order":"STRICT_ORDER","stream_exception_policy":""}],"stateful_rule_group_reference":[{"deep_threat_inspection":"","override":[],"priority":100,"resource_arn":"arn:aws:network-firewall:eu-west-1:274363547985:stateful-rulegroup/network-hub-prod-domain-allowlist"},{"deep_threat_inspection":"","override":[],"priority":300,"resource_arn":"arn:aws:network-firewall:eu-west-1:274363547985:stateful-rulegroup/network-hub-prod-ip-rule-group"}],"stateless_custom_action":[],"stateless_default_actions":["aws:forward_to_sfe"],"stateless_fragment_default_actions":["aws:forward_to_sfe"],"stateless_rule_group_reference":[],"tls_inspection_configuration_arn":""}],"id":"arn:aws:network-firewall:eu-west-1:274363547985:firewall-policy/network-hub-prod-firewall-policy","name":"network-hub-prod-firewall-policy","region":"eu-west-1","tags":{"CardData":"no","Classification":"nonpublic","Environment":"prod","GitURL":"https://gitlab.com/williamhillplc/technical-services/networks/channels-team.git","ManagedBy":"OpenTofu","Migrated":"no","Name":"network-hub-prod-firewall-policy","Product":"network-hub","Project":"network-hub","Tier":"internal","Type":"firewall-policy"},"tags_all":{"CardData":"no","Classification":"nonpublic","Environment":"prod","GitURL":"https://gitlab.com/williamhillplc/technical-services/networks/channels-team.git","ManagedBy":"OpenTofu","Migrated":"no","Name":"network-hub-prod-firewall-policy","Product":"network-hub","Project":"network-hub","Tier":"internal","Type":"firewall-policy"},"update_token":"865ea9ce-17ff-44ea-8be0-89efebae05cc"},"sensitive_attributes":[],"private":"bnVsbA==","dependencies":["module.network_hub.aws_networkfirewall_rule_group.domain_allowlist","module.network_hub.aws_networkfirewall_rule_group.ip_rules"]}]},{"module":"module.network_hub","mode":"managed","type":"aws_networkfirewall_rule_group","name":"domain_allowlist","provider":"provider[\"registry.opentofu.org/hashicorp/aws\"]","instances":[{"index_key":0,"schema_version":0,"attributes":{"arn":"arn:aws:network-firewall:eu-west-1:274363547985:stateful-rulegroup/network-hub-prod-domain-allowlist","capacity":100,"description":"","encryption_configuration":[],"id":"arn:aws:network-firewall:eu-west-1:274363547985:stateful-rulegroup/network-hub-prod-domain-allowlist","name":"network-hub-prod-domain-allowlist","region":"eu-west-1","rule_group":[{"reference_sets":[],"rule_variables":[{"ip_sets":[{"ip_set":[{"definition":["100.108.0.0/14"]}],"key":"HOME_NET"}],"port_sets":[]}],"rules_source":[{"rules_source_list":[{"generated_rules_type":"ALLOWLIST","target_types":["HTTP_HOST","TLS_SNI"],"targets":[".amazon.com",".ifconfig.me","bbc.co.uk","example.com"]}],"rules_string":"","stateful_rule":[],"stateless_rules_and_custom_actions":[]}],"stateful_rule_options":[{"rule_order":"STRICT_ORDER"}]}],"rules":null,"tags":{"CardData":"no","Classification":"nonpublic","Environment":"prod","GitURL":"https://gitlab.com/williamhillplc/technical-services/networks/channels-team.git","ManagedBy":"OpenTofu","Migrated":"no","Name":"network-hub-prod-domain-allowlist","Product":"network-hub","Project":"network-hub","Tier":"internal","Type":"rule-group"},"tags_all":{"CardData":"no","Classification":"nonpublic","Environment":"prod","GitURL":"https://gitlab.com/williamhillplc/technical-services/networks/channels-team.git","ManagedBy":"OpenTofu","Migrated":"no","Name":"network-hub-prod-domain-allowlist","Product":"network-hub","Project":"network-hub","Tier":"internal","Type":"rule-group"},"type":"STATEFUL","update_token":"27272776-c1f6-4543-aee2-3734d3cd91ab"},"sensitive_attributes":[],"private":"bnVsbA=="}]},{"module":"module.network_hub","mode":"managed","type":"aws_networkfirewall_rule_group","name":"ip_rules","provider":"provider[\"registry.opentofu.org/hashicorp/aws\"]","instances":[{"index_key":0,"schema_version":0,"attributes":{"arn":"arn:aws:network-firewall:eu-west-1:274363547985:stateful-rulegroup/network-hub-prod-ip-rule-group","capacity":100,"description":"","encryption_configuration":[],"id":"arn:aws:network-firewall:eu-west-1:274363547985:stateful-rulegroup/network-hub-prod-ip-rule-group","name":"network-hub-prod-ip-rule-group","region":"eu-west-1","rule_group":[{"reference_sets":[],"rule_variables":[],"rules_source":[{"rules_source_list":[],"rules_string":"","stateful_rule":[{"action":"PASS","header":[{"destination":"1.0.0.1","destination_port":"ANY","direction":"ANY","protocol":"ICMP","source":"ANY","source_port":"ANY"}],"rule_option":[{"keyword":"sid","settings":["1"]}]},{"action":"DROP","header":[{"destination":"169.254.169.254","destination_port":"ANY","direction":"ANY","protocol":"TCP","source":"ANY","source_port":"ANY"}],"rule_option":[{"keyword":"sid","settings":["2"]}]}],"stateless_rules_and_custom_actions":[]}],"stateful_rule_options":[{"rule_order":"STRICT_ORDER"}]}],"rules":null,"tags":{"CardData":"no","Classification":"nonpublic","Environment":"prod","GitURL":"https://gitlab.com/williamhillplc/technical-services/networks/channels-team.git","ManagedBy":"OpenTofu","Migrated":"no","Name":"network-hub-prod-ip-rule-group","Product":"network-hub","Project":"network-hub","Tier":"internal","Type":"rule-group"},"tags_all":{"CardData":"no","Classification":"nonpublic","Environment":"prod","GitURL":"https://gitlab.com/williamhillplc/technical-services/networks/channels-team.git","ManagedBy":"OpenTofu","Migrated":"no","Name":"network-hub-prod-ip-rule-group","Product":"network-hub","Project":"network-hub","Tier":"internal","Type":"rule-group"},"type":"STATEFUL","update_token":"658dfb30-5683-4de1-ab31-55241939dacf"},"sensitive_attributes":[],"private":"bnVsbA=="}]},{"module":"module.network_hub","mode":"managed","type":"aws_ram_principal_association","name":"organization","provider":"provider[\"registry.opentofu.org/hashicorp/aws\"]","instances":[{"schema_version":0,"attributes":{"id":"arn:aws:ram:eu-west-1:274363547985:resource-share/26151adc-3b88-457a-ad1b-955efd96a7e0,arn:aws:organizations::703671905140:organization/o-kv10f7crlv","principal":"arn:aws:organizations::703671905140:organization/o-kv10f7crlv","region":"eu-west-1","resource_share_arn":"arn:aws:ram:eu-west-1:274363547985:resource-share/26151adc-3b88-457a-ad1b-955efd96a7e0"},"sensitive_attributes":[],"private":"bnVsbA==","dependencies":["module.network_hub.aws_ec2_transit_gateway.main","module.network_hub.aws_ram_resource_association.transit_gateway_share","module.network_hub.aws_ram_resource_share.transit_gateway_share"]}]},{"module":"module.network_hub","mode":"managed","type":"aws_ram_resource_association","name":"transit_gateway_share","provider":"provider[\"registry.opentofu.org/hashicorp/aws\"]","instances":[{"schema_version":0,"attributes":{"id":"arn:aws:ram:eu-west-1:274363547985:resource-share/26151adc-3b88-457a-ad1b-955efd96a7e0,arn:aws:ec2:eu-west-1:274363547985:transit-gateway/tgw-0b52f06ca2d3c4a7d","region":"eu-west-1","resource_arn":"arn:aws:ec2:eu-west-1:274363547985:transit-gateway/tgw-0b52f06ca2d3c4a7d","resource_share_arn":"arn:aws:ram:eu-west-1:274363547985:resource-share/26151adc-3b88-457a-ad1b-955efd96a7e0"},"sensitive_attributes":[],"private":"bnVsbA==","dependencies":["module.network_hub.aws_ec2_transit_gateway.main","module.network_hub.aws_ram_resource_share.transit_gateway_share"]}]},{"module":"module.network_hub","mode":"managed","type":"aws_ram_resource_share","name":"transit_gateway_share","provider":"provider[\"registry.opentofu.org/hashicorp/aws\"]","instances":[{"schema_version":0,"attributes":{"allow_external_principals":false,"arn":"arn:aws:ram:eu-west-1:274363547985:resource-share/26151adc-3b88-457a-ad1b-955efd96a7e0","id":"arn:aws:ram:eu-west-1:274363547985:resource-share/26151adc-3b88-457a-ad1b-955efd96a7e0","name":"network-hub-prod-tgw-share","permission_arns":["arn:aws:ram::aws:permission/AWSRAMDefaultPermissionTransitGateway"],"region":"eu-west-1","tags":{"CardData":"no","Classification":"nonpublic","Environment":"prod","GitURL":"https://gitlab.com/williamhillplc/technical-services/networks/channels-team.git","ManagedBy":"OpenTofu","Migrated":"no","Name":"network-hub-prod-tgw-share","Product":"network-hub","Project":"network-hub","Purpose":"transit-gateway-cross-account-access","Tier":"internal","Type":"ram-share"},"tags_all":{"CardData":"no","Classification":"nonpublic","Environment":"prod","GitURL":"https://gitlab.com/williamhillplc/technical-services/networks/channels-team.git","ManagedBy":"OpenTofu","Migrated":"no","Name":"network-hub-prod-tgw-share","Product":"network-hub","Project":"network-hub","Purpose":"transit-gateway-cross-account-access","Tier":"internal","Type":"ram-share"},"timeouts":null},"sensitive_attributes":[],"private":"eyJlMmJmYjczMC1lY2FhLTExZTYtOGY4OC0zNDM2M2JjN2M0YzAiOnsiY3JlYXRlIjozMDAwMDAwMDAwMDAsImRlbGV0ZSI6MzAwMDAwMDAwMDAwfX0="}]},{"module":"module.network_hub","mode":"managed","type":"aws_route","name":"client_vpc_to_tgw","provider":"provider[\"registry.opentofu.org/hashicorp/aws\"]","instances":[{"schema_version":0,"attributes":{"carrier_gateway_id":"","core_network_arn":"","destination_cidr_block":"0.0.0.0/0","destination_ipv6_cidr_block":"","destination_prefix_list_id":"","egress_only_gateway_id":"","gateway_id":"","id":"r-rtb-01ae6102c89134a351080289494","instance_id":"","instance_owner_id":"","local_gateway_id":"","nat_gateway_id":"","network_interface_id":"","origin":"CreateRoute","region":"eu-west-1","route_table_id":"rtb-01ae6102c89134a35","state":"active","timeouts":null,"transit_gateway_id":"tgw-0b52f06ca2d3c4a7d","vpc_endpoint_id":"","vpc_peering_connection_id":""},"sensitive_attributes":[],"private":"eyJlMmJmYjczMC1lY2FhLTExZTYtOGY4OC0zNDM2M2JjN2M0YzAiOnsiY3JlYXRlIjozMDAwMDAwMDAwMDAsImRlbGV0ZSI6MzAwMDAwMDAwMDAwLCJ1cGRhdGUiOjEyMDAwMDAwMDAwMH19","dependencies":["module.network_hub.aws_default_route_table.client_main","module.network_hub.aws_ec2_transit_gateway.main","module.network_hub.aws_ec2_transit_gateway_vpc_attachment.transit_gateway_vpc","module.network_hub.aws_subnet.client_tgw","module.network_hub.aws_subnet.egress_private","module.network_hub.aws_subnet.firewall_tgw","module.network_hub.aws_subnet.transit_gateway","module.network_hub.aws_vpc.central_egress","module.network_hub.aws_vpc.client","module.network_hub.aws_vpc.firewall","module.network_hub.aws_vpc.transit_gateway","module.network_hub.data.aws_availability_zones.available"]}]},{"module":"module.network_hub","mode":"managed","type":"aws_route","name":"egress_firewall_endpoint_to_nat","provider":"provider[\"registry.opentofu.org/hashicorp/aws\"]","instances":[{"index_key":0,"schema_version":0,"attributes":{"carrier_gateway_id":"","core_network_arn":"","destination_cidr_block":"0.0.0.0/0","destination_ipv6_cidr_block":"","destination_prefix_list_id":"","egress_only_gateway_id":"","gateway_id":"","id":"r-rtb-09ac3a79a0a0fdbf01080289494","instance_id":"","instance_owner_id":"","local_gateway_id":"","nat_gateway_id":"nat-02d87fe3e49d2a84e","network_interface_id":"","origin":"CreateRoute","region":"eu-west-1","route_table_id":"rtb-09ac3a79a0a0fdbf0","state":"active","timeouts":null,"transit_gateway_id":"","vpc_endpoint_id":"","vpc_peering_connection_id":""},"sensitive_attributes":[],"private":"eyJlMmJmYjczMC1lY2FhLTExZTYtOGY4OC0zNDM2M2JjN2M0YzAiOnsiY3JlYXRlIjozMDAwMDAwMDAwMDAsImRlbGV0ZSI6MzAwMDAwMDAwMDAwLCJ1cGRhdGUiOjEyMDAwMDAwMDAwMH19","dependencies":["module.network_hub.aws_eip.nat_gateway","module.network_hub.aws_internet_gateway.central_egress","module.network_hub.aws_nat_gateway.central_egress","module.network_hub.aws_route_table.egress_firewall_endpoint","module.network_hub.aws_subnet.egress_firewall_endpoint","module.network_hub.aws_subnet.egress_public","module.network_hub.aws_vpc.central_egress","module.network_hub.data.aws_availability_zones.available"]},{"index_key":1,"schema_version":0,"attributes":{"carrier_gateway_id":"","core_network_arn":"","destination_cidr_block":"0.0.0.0/0","destination_ipv6_cidr_block":"","destination_prefix_list_id":"","egress_only_gateway_id":"","gateway_id":"","id":"r-rtb-0d424891f633e7a3a1080289494","instance_id":"","instance_owner_id":"","local_gateway_id":"","nat_gateway_id":"nat-0fea1ec47e524af40","network_interface_id":"","origin":"CreateRoute","region":"eu-west-1","route_table_id":"rtb-0d424891f633e7a3a","state":"active","timeouts":null,"transit_gateway_id":"","vpc_endpoint_id":"","vpc_peering_connection_id":""},"sensitive_attributes":[],"private":"eyJlMmJmYjczMC1lY2FhLTExZTYtOGY4OC0zNDM2M2JjN2M0YzAiOnsiY3JlYXRlIjozMDAwMDAwMDAwMDAsImRlbGV0ZSI6MzAwMDAwMDAwMDAwLCJ1cGRhdGUiOjEyMDAwMDAwMDAwMH19","dependencies":["module.network_hub.aws_eip.nat_gateway","module.network_hub.aws_internet_gateway.central_egress","module.network_hub.aws_nat_gateway.central_egress","module.network_hub.aws_route_table.egress_firewall_endpoint","module.network_hub.aws_subnet.egress_firewall_endpoint","module.network_hub.aws_subnet.egress_public","module.network_hub.aws_vpc.central_egress","module.network_hub.data.aws_availability_zones.available"]},{"index_key":2,"schema_version":0,"attributes":{"carrier_gateway_id":"","core_network_arn":"","destination_cidr_block":"0.0.0.0/0","destination_ipv6_cidr_block":"","destination_prefix_list_id":"","egress_only_gateway_id":"","gateway_id":"","id":"r-rtb-07baf1c5d6d470d6a1080289494","instance_id":"","instance_owner_id":"","local_gateway_id":"","nat_gateway_id":"nat-04830d6d6251f6eae","network_interface_id":"","origin":"CreateRoute","region":"eu-west-1","route_table_id":"rtb-07baf1c5d6d470d6a","state":"active","timeouts":null,"transit_gateway_id":"","vpc_endpoint_id":"","vpc_peering_connection_id":""},"sensitive_attributes":[],"private":"eyJlMmJmYjczMC1lY2FhLTExZTYtOGY4OC0zNDM2M2JjN2M0YzAiOnsiY3JlYXRlIjozMDAwMDAwMDAwMDAsImRlbGV0ZSI6MzAwMDAwMDAwMDAwLCJ1cGRhdGUiOjEyMDAwMDAwMDAwMH19","dependencies":["module.network_hub.aws_eip.nat_gateway","module.network_hub.aws_internet_gateway.central_egress","module.network_hub.aws_nat_gateway.central_egress","module.network_hub.aws_route_table.egress_firewall_endpoint","module.network_hub.aws_subnet.egress_firewall_endpoint","module.network_hub.aws_subnet.egress_public","module.network_hub.aws_vpc.central_egress","module.network_hub.data.aws_availability_zones.available"]}]},{"module":"module.network_hub","mode":"managed","type":"aws_route","name":"egress_firewall_endpoint_to_tgw","provider":"provider[\"registry.opentofu.org/hashicorp/aws\"]","instances":[{"index_key":0,"schema_version":0,"attributes":{"carrier_gateway_id":"","core_network_arn":"","destination_cidr_block":"100.108.0.0/14","destination_ipv6_cidr_block":"","destination_prefix_list_id":"","egress_only_gateway_id":"","gateway_id":"","id":"r-rtb-09ac3a79a0a0fdbf0506076305","instance_id":"","instance_owner_id":"","local_gateway_id":"","nat_gateway_id":"","network_interface_id":"","origin":"CreateRoute","region":"eu-west-1","route_table_id":"rtb-09ac3a79a0a0fdbf0","state":"active","timeouts":null,"transit_gateway_id":"tgw-0b52f06ca2d3c4a7d","vpc_endpoint_id":"","vpc_peering_connection_id":""},"sensitive_attributes":[],"private":"eyJlMmJmYjczMC1lY2FhLTExZTYtOGY4OC0zNDM2M2JjN2M0YzAiOnsiY3JlYXRlIjozMDAwMDAwMDAwMDAsImRlbGV0ZSI6MzAwMDAwMDAwMDAwLCJ1cGRhdGUiOjEyMDAwMDAwMDAwMH19","dependencies":["module.network_hub.aws_ec2_transit_gateway.main","module.network_hub.aws_route_table.egress_firewall_endpoint","module.network_hub.aws_subnet.egress_firewall_endpoint","module.network_hub.aws_vpc.central_egress","module.network_hub.data.aws_availability_zones.available"]},{"index_key":1,"schema_version":0,"attributes":{"carrier_gateway_id":"","core_network_arn":"","destination_cidr_block":"100.108.0.0/14","destination_ipv6_cidr_block":"","destination_prefix_list_id":"","egress_only_gateway_id":"","gateway_id":"","id":"r-rtb-0d424891f633e7a3a506076305","instance_id":"","instance_owner_id":"","local_gateway_id":"","nat_gateway_id":"","network_interface_id":"","origin":"CreateRoute","region":"eu-west-1","route_table_id":"rtb-0d424891f633e7a3a","state":"active","timeouts":null,"transit_gateway_id":"tgw-0b52f06ca2d3c4a7d","vpc_endpoint_id":"","vpc_peering_connection_id":""},"sensitive_attributes":[],"private":"eyJlMmJmYjczMC1lY2FhLTExZTYtOGY4OC0zNDM2M2JjN2M0YzAiOnsiY3JlYXRlIjozMDAwMDAwMDAwMDAsImRlbGV0ZSI6MzAwMDAwMDAwMDAwLCJ1cGRhdGUiOjEyMDAwMDAwMDAwMH19","dependencies":["module.network_hub.aws_ec2_transit_gateway.main","module.network_hub.aws_route_table.egress_firewall_endpoint","module.network_hub.aws_subnet.egress_firewall_endpoint","module.network_hub.aws_vpc.central_egress","module.network_hub.data.aws_availability_zones.available"]},{"index_key":2,"schema_version":0,"attributes":{"carrier_gateway_id":"","core_network_arn":"","destination_cidr_block":"100.108.0.0/14","destination_ipv6_cidr_block":"","destination_prefix_list_id":"","egress_only_gateway_id":"","gateway_id":"","id":"r-rtb-07baf1c5d6d470d6a506076305","instance_id":"","instance_owner_id":"","local_gateway_id":"","nat_gateway_id":"","network_interface_id":"","origin":"CreateRoute","region":"eu-west-1","route_table_id":"rtb-07baf1c5d6d470d6a","state":"active","timeouts":null,"transit_gateway_id":"tgw-0b52f06ca2d3c4a7d","vpc_endpoint_id":"","vpc_peering_connection_id":""},"sensitive_attributes":[],"private":"eyJlMmJmYjczMC1lY2FhLTExZTYtOGY4OC0zNDM2M2JjN2M0YzAiOnsiY3JlYXRlIjozMDAwMDAwMDAwMDAsImRlbGV0ZSI6MzAwMDAwMDAwMDAwLCJ1cGRhdGUiOjEyMDAwMDAwMDAwMH19","dependencies":["module.network_hub.aws_ec2_transit_gateway.main","module.network_hub.aws_route_table.egress_firewall_endpoint","module.network_hub.aws_subnet.egress_firewall_endpoint","module.network_hub.aws_vpc.central_egress","module.network_hub.data.aws_availability_zones.available"]}]},{"module":"module.network_hub","mode":"managed","type":"aws_route","name":"egress_private_to_nat","provider":"provider[\"registry.opentofu.org/hashicorp/aws\"]","instances":[{"index_key":0,"schema_version":0,"attributes":{"carrier_gateway_id":"","core_network_arn":"","destination_cidr_block":"0.0.0.0/0","destination_ipv6_cidr_block":"","destination_prefix_list_id":"","egress_only_gateway_id":"","gateway_id":"","id":"r-rtb-0fb5bb37a51e553d81080289494","instance_id":"","instance_owner_id":"","local_gateway_id":"","nat_gateway_id":"","network_interface_id":"","origin":"CreateRoute","region":"eu-west-1","route_table_id":"rtb-0fb5bb37a51e553d8","state":"active","timeouts":null,"transit_gateway_id":"","vpc_endpoint_id":"vpce-06a1beb714b328d67","vpc_peering_connection_id":""},"sensitive_attributes":[],"private":"eyJlMmJmYjczMC1lY2FhLTExZTYtOGY4OC0zNDM2M2JjN2M0YzAiOnsiY3JlYXRlIjozMDAwMDAwMDAwMDAsImRlbGV0ZSI6MzAwMDAwMDAwMDAwLCJ1cGRhdGUiOjEyMDAwMDAwMDAwMH19","dependencies":["module.network_hub.aws_networkfirewall_firewall.main","module.network_hub.aws_networkfirewall_firewall_policy.main","module.network_hub.aws_networkfirewall_rule_group.domain_allowlist","module.network_hub.aws_networkfirewall_rule_group.ip_rules","module.network_hub.aws_route_table.egress_private","module.network_hub.aws_subnet.egress_firewall_endpoint","module.network_hub.aws_subnet.firewall_endpoint","module.network_hub.aws_vpc.central_egress","module.network_hub.aws_vpc.firewall","module.network_hub.awscc_networkfirewall_vpc_endpoint_association.egress","module.network_hub.data.aws_availability_zones.available","module.network_hub.data.aws_caller_identity.current","module.network_hub.data.aws_vpc_endpoint.firewall"]},{"index_key":1,"schema_version":0,"attributes":{"carrier_gateway_id":"","core_network_arn":"","destination_cidr_block":"0.0.0.0/0","destination_ipv6_cidr_block":"","destination_prefix_list_id":"","egress_only_gateway_id":"","gateway_id":"","id":"r-rtb-0f6665461b130b62e1080289494","instance_id":"","instance_owner_id":"","local_gateway_id":"","nat_gateway_id":"","network_interface_id":"","origin":"CreateRoute","region":"eu-west-1","route_table_id":"rtb-0f6665461b130b62e","state":"active","timeouts":null,"transit_gateway_id":"","vpc_endpoint_id":"vpce-0848e18726034be18","vpc_peering_connection_id":""},"sensitive_attributes":[],"private":"eyJlMmJmYjczMC1lY2FhLTExZTYtOGY4OC0zNDM2M2JjN2M0YzAiOnsiY3JlYXRlIjozMDAwMDAwMDAwMDAsImRlbGV0ZSI6MzAwMDAwMDAwMDAwLCJ1cGRhdGUiOjEyMDAwMDAwMDAwMH19","dependencies":["module.network_hub.aws_networkfirewall_firewall.main","module.network_hub.aws_networkfirewall_firewall_policy.main","module.network_hub.aws_networkfirewall_rule_group.domain_allowlist","module.network_hub.aws_networkfirewall_rule_group.ip_rules","module.network_hub.aws_route_table.egress_private","module.network_hub.aws_subnet.egress_firewall_endpoint","module.network_hub.aws_subnet.firewall_endpoint","module.network_hub.aws_vpc.central_egress","module.network_hub.aws_vpc.firewall","module.network_hub.awscc_networkfirewall_vpc_endpoint_association.egress","module.network_hub.data.aws_availability_zones.available","module.network_hub.data.aws_caller_identity.current","module.network_hub.data.aws_vpc_endpoint.firewall"]},{"index_key":2,"schema_version":0,"attributes":{"carrier_gateway_id":"","core_network_arn":"","destination_cidr_block":"0.0.0.0/0","destination_ipv6_cidr_block":"","destination_prefix_list_id":"","egress_only_gateway_id":"","gateway_id":"","id":"r-rtb-0cf1ef2fdcdea61a51080289494","instance_id":"","instance_owner_id":"","local_gateway_id":"","nat_gateway_id":"","network_interface_id":"","origin":"CreateRoute","region":"eu-west-1","route_table_id":"rtb-0cf1ef2fdcdea61a5","state":"active","timeouts":null,"transit_gateway_id":"","vpc_endpoint_id":"vpce-0dbbddcba988c626f","vpc_peering_connection_id":""},"sensitive_attributes":[],"private":"eyJlMmJmYjczMC1lY2FhLTExZTYtOGY4OC0zNDM2M2JjN2M0YzAiOnsiY3JlYXRlIjozMDAwMDAwMDAwMDAsImRlbGV0ZSI6MzAwMDAwMDAwMDAwLCJ1cGRhdGUiOjEyMDAwMDAwMDAwMH19","dependencies":["module.network_hub.aws_networkfirewall_firewall.main","module.network_hub.aws_networkfirewall_firewall_policy.main","module.network_hub.aws_networkfirewall_rule_group.domain_allowlist","module.network_hub.aws_networkfirewall_rule_group.ip_rules","module.network_hub.aws_route_table.egress_private","module.network_hub.aws_subnet.egress_firewall_endpoint","module.network_hub.aws_subnet.firewall_endpoint","module.network_hub.aws_vpc.central_egress","module.network_hub.aws_vpc.firewall","module.network_hub.awscc_networkfirewall_vpc_endpoint_association.egress","module.network_hub.data.aws_availability_zones.available","module.network_hub.data.aws_caller_identity.current","module.network_hub.data.aws_vpc_endpoint.firewall"]}]},{"module":"module.network_hub","mode":"managed","type":"aws_route","name":"egress_private_to_tgw","provider":"provider[\"registry.opentofu.org/hashicorp/aws\"]","instances":[{"index_key":0,"schema_version":0,"attributes":{"carrier_gateway_id":"","core_network_arn":"","destination_cidr_block":"100.108.0.0/14","destination_ipv6_cidr_block":"","destination_prefix_list_id":"","egress_only_gateway_id":"","gateway_id":"","id":"r-rtb-0fb5bb37a51e553d8506076305","instance_id":"","instance_owner_id":"","local_gateway_id":"","nat_gateway_id":"","network_interface_id":"","origin":"CreateRoute","region":"eu-west-1","route_table_id":"rtb-0fb5bb37a51e553d8","state":"active","timeouts":null,"transit_gateway_id":"tgw-0b52f06ca2d3c4a7d","vpc_endpoint_id":"","vpc_peering_connection_id":""},"sensitive_attributes":[],"private":"eyJlMmJmYjczMC1lY2FhLTExZTYtOGY4OC0zNDM2M2JjN2M0YzAiOnsiY3JlYXRlIjozMDAwMDAwMDAwMDAsImRlbGV0ZSI6MzAwMDAwMDAwMDAwLCJ1cGRhdGUiOjEyMDAwMDAwMDAwMH19","dependencies":["module.network_hub.aws_ec2_transit_gateway.main","module.network_hub.aws_route_table.egress_private","module.network_hub.aws_vpc.central_egress","module.network_hub.data.aws_availability_zones.available"]},{"index_key":1,"schema_version":0,"attributes":{"carrier_gateway_id":"","core_network_arn":"","destination_cidr_block":"100.108.0.0/14","destination_ipv6_cidr_block":"","destination_prefix_list_id":"","egress_only_gateway_id":"","gateway_id":"","id":"r-rtb-0f6665461b130b62e506076305","instance_id":"","instance_owner_id":"","local_gateway_id":"","nat_gateway_id":"","network_interface_id":"","origin":"CreateRoute","region":"eu-west-1","route_table_id":"rtb-0f6665461b130b62e","state":"active","timeouts":null,"transit_gateway_id":"tgw-0b52f06ca2d3c4a7d","vpc_endpoint_id":"","vpc_peering_connection_id":""},"sensitive_attributes":[],"private":"eyJlMmJmYjczMC1lY2FhLTExZTYtOGY4OC0zNDM2M2JjN2M0YzAiOnsiY3JlYXRlIjozMDAwMDAwMDAwMDAsImRlbGV0ZSI6MzAwMDAwMDAwMDAwLCJ1cGRhdGUiOjEyMDAwMDAwMDAwMH19","dependencies":["module.network_hub.aws_ec2_transit_gateway.main","module.network_hub.aws_route_table.egress_private","module.network_hub.aws_vpc.central_egress","module.network_hub.data.aws_availability_zones.available"]},{"index_key":2,"schema_version":0,"attributes":{"carrier_gateway_id":"","core_network_arn":"","destination_cidr_block":"100.108.0.0/14","destination_ipv6_cidr_block":"","destination_prefix_list_id":"","egress_only_gateway_id":"","gateway_id":"","id":"r-rtb-0cf1ef2fdcdea61a5506076305","instance_id":"","instance_owner_id":"","local_gateway_id":"","nat_gateway_id":"","network_interface_id":"","origin":"CreateRoute","region":"eu-west-1","route_table_id":"rtb-0cf1ef2fdcdea61a5","state":"active","timeouts":null,"transit_gateway_id":"tgw-0b52f06ca2d3c4a7d","vpc_endpoint_id":"","vpc_peering_connection_id":""},"sensitive_attributes":[],"private":"eyJlMmJmYjczMC1lY2FhLTExZTYtOGY4OC0zNDM2M2JjN2M0YzAiOnsiY3JlYXRlIjozMDAwMDAwMDAwMDAsImRlbGV0ZSI6MzAwMDAwMDAwMDAwLCJ1cGRhdGUiOjEyMDAwMDAwMDAwMH19","dependencies":["module.network_hub.aws_ec2_transit_gateway.main","module.network_hub.aws_route_table.egress_private","module.network_hub.aws_vpc.central_egress","module.network_hub.data.aws_availability_zones.available"]}]},{"module":"module.network_hub","mode":"managed","type":"aws_route","name":"egress_public_to_igw","provider":"provider[\"registry.opentofu.org/hashicorp/aws\"]","instances":[{"index_key":0,"schema_version":0,"attributes":{"carrier_gateway_id":"","core_network_arn":"","destination_cidr_block":"0.0.0.0/0","destination_ipv6_cidr_block":"","destination_prefix_list_id":"","egress_only_gateway_id":"","gateway_id":"igw-07ef69decc03f77ef","id":"r-rtb-005ef775f349f2ad71080289494","instance_id":"","instance_owner_id":"","local_gateway_id":"","nat_gateway_id":"","network_interface_id":"","origin":"CreateRoute","region":"eu-west-1","route_table_id":"rtb-005ef775f349f2ad7","state":"active","timeouts":null,"transit_gateway_id":"","vpc_endpoint_id":"","vpc_peering_connection_id":""},"sensitive_attributes":[],"private":"eyJlMmJmYjczMC1lY2FhLTExZTYtOGY4OC0zNDM2M2JjN2M0YzAiOnsiY3JlYXRlIjozMDAwMDAwMDAwMDAsImRlbGV0ZSI6MzAwMDAwMDAwMDAwLCJ1cGRhdGUiOjEyMDAwMDAwMDAwMH19","dependencies":["module.network_hub.aws_internet_gateway.central_egress","module.network_hub.aws_route_table.egress_public","module.network_hub.aws_vpc.central_egress","module.network_hub.data.aws_availability_zones.available"]},{"index_key":1,"schema_version":0,"attributes":{"carrier_gateway_id":"","core_network_arn":"","destination_cidr_block":"0.0.0.0/0","destination_ipv6_cidr_block":"","destination_prefix_list_id":"","egress_only_gateway_id":"","gateway_id":"igw-07ef69decc03f77ef","id":"r-rtb-01b2bc208a8341d301080289494","instance_id":"","instance_owner_id":"","local_gateway_id":"","nat_gateway_id":"","network_interface_id":"","origin":"CreateRoute","region":"eu-west-1","route_table_id":"rtb-01b2bc208a8341d30","state":"active","timeouts":null,"transit_gateway_id":"","vpc_endpoint_id":"","vpc_peering_connection_id":""},"sensitive_attributes":[],"private":"eyJlMmJmYjczMC1lY2FhLTExZTYtOGY4OC0zNDM2M2JjN2M0YzAiOnsiY3JlYXRlIjozMDAwMDAwMDAwMDAsImRlbGV0ZSI6MzAwMDAwMDAwMDAwLCJ1cGRhdGUiOjEyMDAwMDAwMDAwMH19","dependencies":["module.network_hub.aws_internet_gateway.central_egress","module.network_hub.aws_route_table.egress_public","module.network_hub.aws_vpc.central_egress","module.network_hub.data.aws_availability_zones.available"]},{"index_key":2,"schema_version":0,"attributes":{"carrier_gateway_id":"","core_network_arn":"","destination_cidr_block":"0.0.0.0/0","destination_ipv6_cidr_block":"","destination_prefix_list_id":"","egress_only_gateway_id":"","gateway_id":"igw-07ef69decc03f77ef","id":"r-rtb-01520b447284ca2451080289494","instance_id":"","instance_owner_id":"","local_gateway_id":"","nat_gateway_id":"","network_interface_id":"","origin":"CreateRoute","region":"eu-west-1","route_table_id":"rtb-01520b447284ca245","state":"active","timeouts":null,"transit_gateway_id":"","vpc_endpoint_id":"","vpc_peering_connection_id":""},"sensitive_attributes":[],"private":"eyJlMmJmYjczMC1lY2FhLTExZTYtOGY4OC0zNDM2M2JjN2M0YzAiOnsiY3JlYXRlIjozMDAwMDAwMDAwMDAsImRlbGV0ZSI6MzAwMDAwMDAwMDAwLCJ1cGRhdGUiOjEyMDAwMDAwMDAwMH19","dependencies":["module.network_hub.aws_internet_gateway.central_egress","module.network_hub.aws_route_table.egress_public","module.network_hub.aws_vpc.central_egress","module.network_hub.data.aws_availability_zones.available"]}]},{"module":"module.network_hub","mode":"managed","type":"aws_route","name":"egress_public_to_tgw","provider":"provider[\"registry.opentofu.org/hashicorp/aws\"]","instances":[{"index_key":0,"schema_version":0,"attributes":{"carrier_gateway_id":"","core_network_arn":"","destination_cidr_block":"100.108.0.0/14","destination_ipv6_cidr_block":"","destination_prefix_list_id":"","egress_only_gateway_id":"","gateway_id":"","id":"r-rtb-005ef775f349f2ad7506076305","instance_id":"","instance_owner_id":"","local_gateway_id":"","nat_gateway_id":"","network_interface_id":"","origin":"CreateRoute","region":"eu-west-1","route_table_id":"rtb-005ef775f349f2ad7","state":"active","timeouts":null,"transit_gateway_id":"","vpc_endpoint_id":"vpce-06a1beb714b328d67","vpc_peering_connection_id":""},"sensitive_attributes":[],"private":"eyJlMmJmYjczMC1lY2FhLTExZTYtOGY4OC0zNDM2M2JjN2M0YzAiOnsiY3JlYXRlIjozMDAwMDAwMDAwMDAsImRlbGV0ZSI6MzAwMDAwMDAwMDAwLCJ1cGRhdGUiOjEyMDAwMDAwMDAwMH19","dependencies":["module.network_hub.aws_networkfirewall_firewall.main","module.network_hub.aws_networkfirewall_firewall_policy.main","module.network_hub.aws_networkfirewall_rule_group.domain_allowlist","module.network_hub.aws_networkfirewall_rule_group.ip_rules","module.network_hub.aws_route_table.egress_public","module.network_hub.aws_subnet.egress_firewall_endpoint","module.network_hub.aws_subnet.firewall_endpoint","module.network_hub.aws_vpc.central_egress","module.network_hub.aws_vpc.firewall","module.network_hub.awscc_networkfirewall_vpc_endpoint_association.egress","module.network_hub.data.aws_availability_zones.available","module.network_hub.data.aws_caller_identity.current","module.network_hub.data.aws_vpc_endpoint.firewall"]},{"index_key":1,"schema_version":0,"attributes":{"carrier_gateway_id":"","core_network_arn":"","destination_cidr_block":"100.108.0.0/14","destination_ipv6_cidr_block":"","destination_prefix_list_id":"","egress_only_gateway_id":"","gateway_id":"","id":"r-rtb-01b2bc208a8341d30506076305","instance_id":"","instance_owner_id":"","local_gateway_id":"","nat_gateway_id":"","network_interface_id":"","origin":"CreateRoute","region":"eu-west-1","route_table_id":"rtb-01b2bc208a8341d30","state":"active","timeouts":null,"transit_gateway_id":"","vpc_endpoint_id":"vpce-0848e18726034be18","vpc_peering_connection_id":""},"sensitive_attributes":[],"private":"eyJlMmJmYjczMC1lY2FhLTExZTYtOGY4OC0zNDM2M2JjN2M0YzAiOnsiY3JlYXRlIjozMDAwMDAwMDAwMDAsImRlbGV0ZSI6MzAwMDAwMDAwMDAwLCJ1cGRhdGUiOjEyMDAwMDAwMDAwMH19","dependencies":["module.network_hub.aws_networkfirewall_firewall.main","module.network_hub.aws_networkfirewall_firewall_policy.main","module.network_hub.aws_networkfirewall_rule_group.domain_allowlist","module.network_hub.aws_networkfirewall_rule_group.ip_rules","module.network_hub.aws_route_table.egress_public","module.network_hub.aws_subnet.egress_firewall_endpoint","module.network_hub.aws_subnet.firewall_endpoint","module.network_hub.aws_vpc.central_egress","module.network_hub.aws_vpc.firewall","module.network_hub.awscc_networkfirewall_vpc_endpoint_association.egress","module.network_hub.data.aws_availability_zones.available","module.network_hub.data.aws_caller_identity.current","module.network_hub.data.aws_vpc_endpoint.firewall"]},{"index_key":2,"schema_version":0,"attributes":{"carrier_gateway_id":"","core_network_arn":"","destination_cidr_block":"100.108.0.0/14","destination_ipv6_cidr_block":"","destination_prefix_list_id":"","egress_only_gateway_id":"","gateway_id":"","id":"r-rtb-01520b447284ca245506076305","instance_id":"","instance_owner_id":"","local_gateway_id":"","nat_gateway_id":"","network_interface_id":"","origin":"CreateRoute","region":"eu-west-1","route_table_id":"rtb-01520b447284ca245","state":"active","timeouts":null,"transit_gateway_id":"","vpc_endpoint_id":"vpce-0dbbddcba988c626f","vpc_peering_connection_id":""},"sensitive_attributes":[],"private":"eyJlMmJmYjczMC1lY2FhLTExZTYtOGY4OC0zNDM2M2JjN2M0YzAiOnsiY3JlYXRlIjozMDAwMDAwMDAwMDAsImRlbGV0ZSI6MzAwMDAwMDAwMDAwLCJ1cGRhdGUiOjEyMDAwMDAwMDAwMH19","dependencies":["module.network_hub.aws_networkfirewall_firewall.main","module.network_hub.aws_networkfirewall_firewall_policy.main","module.network_hub.aws_networkfirewall_rule_group.domain_allowlist","module.network_hub.aws_networkfirewall_rule_group.ip_rules","module.network_hub.aws_route_table.egress_public","module.network_hub.aws_subnet.egress_firewall_endpoint","module.network_hub.aws_subnet.firewall_endpoint","module.network_hub.aws_vpc.central_egress","module.network_hub.aws_vpc.firewall","module.network_hub.awscc_networkfirewall_vpc_endpoint_association.egress","module.network_hub.data.aws_availability_zones.available","module.network_hub.data.aws_caller_identity.current","module.network_hub.data.aws_vpc_endpoint.firewall"]}]},{"module":"module.network_hub","mode":"managed","type":"aws_route","name":"egress_vpc_to_igw","provider":"provider[\"registry.opentofu.org/hashicorp/aws\"]","instances":[{"schema_version":0,"attributes":{"carrier_gateway_id":"","core_network_arn":"","destination_cidr_block":"0.0.0.0/0","destination_ipv6_cidr_block":"","destination_prefix_list_id":"","egress_only_gateway_id":"","gateway_id":"igw-07ef69decc03f77ef","id":"r-rtb-0bc61829f88a6f9501080289494","instance_id":"","instance_owner_id":"","local_gateway_id":"","nat_gateway_id":"","network_interface_id":"","origin":"CreateRoute","region":"eu-west-1","route_table_id":"rtb-0bc61829f88a6f950","state":"active","timeouts":null,"transit_gateway_id":"","vpc_endpoint_id":"","vpc_peering_connection_id":""},"sensitive_attributes":[],"private":"eyJlMmJmYjczMC1lY2FhLTExZTYtOGY4OC0zNDM2M2JjN2M0YzAiOnsiY3JlYXRlIjozMDAwMDAwMDAwMDAsImRlbGV0ZSI6MzAwMDAwMDAwMDAwLCJ1cGRhdGUiOjEyMDAwMDAwMDAwMH19","dependencies":["module.network_hub.aws_default_route_table.central_egress_main","module.network_hub.aws_internet_gateway.central_egress","module.network_hub.aws_vpc.central_egress"]}]},{"module":"module.network_hub","mode":"managed","type":"aws_route","name":"egress_vpc_to_tgw","provider":"provider[\"registry.opentofu.org/hashicorp/aws\"]","instances":[{"schema_version":0,"attributes":{"carrier_gateway_id":"","core_network_arn":"","destination_cidr_block":"100.108.0.0/14","destination_ipv6_cidr_block":"","destination_prefix_list_id":"","egress_only_gateway_id":"","gateway_id":"","id":"r-rtb-0bc61829f88a6f950506076305","instance_id":"","instance_owner_id":"","local_gateway_id":"","nat_gateway_id":"","network_interface_id":"","origin":"CreateRoute","region":"eu-west-1","route_table_id":"rtb-0bc61829f88a6f950","state":"active","timeouts":null,"transit_gateway_id":"tgw-0b52f06ca2d3c4a7d","vpc_endpoint_id":"","vpc_peering_connection_id":""},"sensitive_attributes":[],"private":"eyJlMmJmYjczMC1lY2FhLTExZTYtOGY4OC0zNDM2M2JjN2M0YzAiOnsiY3JlYXRlIjozMDAwMDAwMDAwMDAsImRlbGV0ZSI6MzAwMDAwMDAwMDAwLCJ1cGRhdGUiOjEyMDAwMDAwMDAwMH19","dependencies":["module.network_hub.aws_default_route_table.central_egress_main","module.network_hub.aws_ec2_transit_gateway.main","module.network_hub.aws_ec2_transit_gateway_vpc_attachment.transit_gateway_vpc","module.network_hub.aws_subnet.client_tgw","module.network_hub.aws_subnet.egress_private","module.network_hub.aws_subnet.firewall_tgw","module.network_hub.aws_subnet.transit_gateway","module.network_hub.aws_vpc.central_egress","module.network_hub.aws_vpc.client","module.network_hub.aws_vpc.firewall","module.network_hub.aws_vpc.transit_gateway","module.network_hub.data.aws_availability_zones.available"]}]},{"module":"module.network_hub","mode":"managed","type":"aws_route","name":"firewall_endpoint_to_tgw","provider":"provider[\"registry.opentofu.org/hashicorp/aws\"]","instances":[{"index_key":0,"schema_version":0,"attributes":{"carrier_gateway_id":"","core_network_arn":"","destination_cidr_block":"0.0.0.0/0","destination_ipv6_cidr_block":"","destination_prefix_list_id":"","egress_only_gateway_id":"","gateway_id":"","id":"r-rtb-0254f30eb0e55cb011080289494","instance_id":"","instance_owner_id":"","local_gateway_id":"","nat_gateway_id":"","network_interface_id":"","origin":"CreateRoute","region":"eu-west-1","route_table_id":"rtb-0254f30eb0e55cb01","state":"blackhole","timeouts":null,"transit_gateway_id":"tgw-0b52f06ca2d3c4a7d","vpc_endpoint_id":"","vpc_peering_connection_id":""},"sensitive_attributes":[],"private":"eyJlMmJmYjczMC1lY2FhLTExZTYtOGY4OC0zNDM2M2JjN2M0YzAiOnsiY3JlYXRlIjozMDAwMDAwMDAwMDAsImRlbGV0ZSI6MzAwMDAwMDAwMDAwLCJ1cGRhdGUiOjEyMDAwMDAwMDAwMH19","dependencies":["module.network_hub.aws_ec2_transit_gateway.main","module.network_hub.aws_route_table.firewall_endpoint","module.network_hub.aws_vpc.firewall","module.network_hub.data.aws_availability_zones.available"]},{"index_key":1,"schema_version":0,"attributes":{"carrier_gateway_id":"","core_network_arn":"","destination_cidr_block":"0.0.0.0/0","destination_ipv6_cidr_block":"","destination_prefix_list_id":"","egress_only_gateway_id":"","gateway_id":"","id":"r-rtb-0f41f06d2755d50261080289494","instance_id":"","instance_owner_id":"","local_gateway_id":"","nat_gateway_id":"","network_interface_id":"","origin":"CreateRoute","region":"eu-west-1","route_table_id":"rtb-0f41f06d2755d5026","state":"blackhole","timeouts":null,"transit_gateway_id":"tgw-0b52f06ca2d3c4a7d","vpc_endpoint_id":"","vpc_peering_connection_id":""},"sensitive_attributes":[],"private":"eyJlMmJmYjczMC1lY2FhLTExZTYtOGY4OC0zNDM2M2JjN2M0YzAiOnsiY3JlYXRlIjozMDAwMDAwMDAwMDAsImRlbGV0ZSI6MzAwMDAwMDAwMDAwLCJ1cGRhdGUiOjEyMDAwMDAwMDAwMH19","dependencies":["module.network_hub.aws_ec2_transit_gateway.main","module.network_hub.aws_route_table.firewall_endpoint","module.network_hub.aws_vpc.firewall","module.network_hub.data.aws_availability_zones.available"]},{"index_key":2,"schema_version":0,"attributes":{"carrier_gateway_id":"","core_network_arn":"","destination_cidr_block":"0.0.0.0/0","destination_ipv6_cidr_block":"","destination_prefix_list_id":"","egress_only_gateway_id":"","gateway_id":"","id":"r-rtb-0b4d986f1e39d667b1080289494","instance_id":"","instance_owner_id":"","local_gateway_id":"","nat_gateway_id":"","network_interface_id":"","origin":"CreateRoute","region":"eu-west-1","route_table_id":"rtb-0b4d986f1e39d667b","state":"blackhole","timeouts":null,"transit_gateway_id":"tgw-0b52f06ca2d3c4a7d","vpc_endpoint_id":"","vpc_peering_connection_id":""},"sensitive_attributes":[],"private":"eyJlMmJmYjczMC1lY2FhLTExZTYtOGY4OC0zNDM2M2JjN2M0YzAiOnsiY3JlYXRlIjozMDAwMDAwMDAwMDAsImRlbGV0ZSI6MzAwMDAwMDAwMDAwLCJ1cGRhdGUiOjEyMDAwMDAwMDAwMH19","dependencies":["module.network_hub.aws_ec2_transit_gateway.main","module.network_hub.aws_route_table.firewall_endpoint","module.network_hub.aws_vpc.firewall","module.network_hub.data.aws_availability_zones.available"]}]},{"module":"module.network_hub","mode":"managed","type":"aws_route","name":"firewall_tgw_to_vpce","provider":"provider[\"registry.opentofu.org/hashicorp/aws\"]","instances":[{"index_key":0,"schema_version":0,"attributes":{"carrier_gateway_id":"","core_network_arn":"","destination_cidr_block":"0.0.0.0/0","destination_ipv6_cidr_block":"","destination_prefix_list_id":"","egress_only_gateway_id":"","gateway_id":"","id":"r-rtb-04033979497bc89901080289494","instance_id":"","instance_owner_id":"","local_gateway_id":"","nat_gateway_id":"","network_interface_id":"","origin":"CreateRoute","region":"eu-west-1","route_table_id":"rtb-04033979497bc8990","state":"active","timeouts":null,"transit_gateway_id":"","vpc_endpoint_id":"vpce-06ffe011454ba289a","vpc_peering_connection_id":""},"sensitive_attributes":[],"private":"eyJlMmJmYjczMC1lY2FhLTExZTYtOGY4OC0zNDM2M2JjN2M0YzAiOnsiY3JlYXRlIjozMDAwMDAwMDAwMDAsImRlbGV0ZSI6MzAwMDAwMDAwMDAwLCJ1cGRhdGUiOjEyMDAwMDAwMDAwMH19","dependencies":["module.network_hub.aws_networkfirewall_firewall.main","module.network_hub.aws_networkfirewall_firewall_policy.main","module.network_hub.aws_networkfirewall_rule_group.domain_allowlist","module.network_hub.aws_networkfirewall_rule_group.ip_rules","module.network_hub.aws_route_table.firewall_tgw","module.network_hub.aws_subnet.firewall_endpoint","module.network_hub.aws_vpc.firewall","module.network_hub.data.aws_availability_zones.available"]},{"index_key":1,"schema_version":0,"attributes":{"carrier_gateway_id":"","core_network_arn":"","destination_cidr_block":"0.0.0.0/0","destination_ipv6_cidr_block":"","destination_prefix_list_id":"","egress_only_gateway_id":"","gateway_id":"","id":"r-rtb-0994e3c53c9104dcb1080289494","instance_id":"","instance_owner_id":"","local_gateway_id":"","nat_gateway_id":"","network_interface_id":"","origin":"CreateRoute","region":"eu-west-1","route_table_id":"rtb-0994e3c53c9104dcb","state":"active","timeouts":null,"transit_gateway_id":"","vpc_endpoint_id":"vpce-0bfd0da48dc3bc0e3","vpc_peering_connection_id":""},"sensitive_attributes":[],"private":"eyJlMmJmYjczMC1lY2FhLTExZTYtOGY4OC0zNDM2M2JjN2M0YzAiOnsiY3JlYXRlIjozMDAwMDAwMDAwMDAsImRlbGV0ZSI6MzAwMDAwMDAwMDAwLCJ1cGRhdGUiOjEyMDAwMDAwMDAwMH19","dependencies":["module.network_hub.aws_networkfirewall_firewall.main","module.network_hub.aws_networkfirewall_firewall_policy.main","module.network_hub.aws_networkfirewall_rule_group.domain_allowlist","module.network_hub.aws_networkfirewall_rule_group.ip_rules","module.network_hub.aws_route_table.firewall_tgw","module.network_hub.aws_subnet.firewall_endpoint","module.network_hub.aws_vpc.firewall","module.network_hub.data.aws_availability_zones.available"]},{"index_key":2,"schema_version":0,"attributes":{"carrier_gateway_id":"","core_network_arn":"","destination_cidr_block":"0.0.0.0/0","destination_ipv6_cidr_block":"","destination_prefix_list_id":"","egress_only_gateway_id":"","gateway_id":"","id":"r-rtb-02c6d2f7ba92e794d1080289494","instance_id":"","instance_owner_id":"","local_gateway_id":"","nat_gateway_id":"","network_interface_id":"","origin":"CreateRoute","region":"eu-west-1","route_table_id":"rtb-02c6d2f7ba92e794d","state":"active","timeouts":null,"transit_gateway_id":"","vpc_endpoint_id":"vpce-0f98f060db5f6312f","vpc_peering_connection_id":""},"sensitive_attributes":[],"private":"eyJlMmJmYjczMC1lY2FhLTExZTYtOGY4OC0zNDM2M2JjN2M0YzAiOnsiY3JlYXRlIjozMDAwMDAwMDAwMDAsImRlbGV0ZSI6MzAwMDAwMDAwMDAwLCJ1cGRhdGUiOjEyMDAwMDAwMDAwMH19","dependencies":["module.network_hub.aws_networkfirewall_firewall.main","module.network_hub.aws_networkfirewall_firewall_policy.main","module.network_hub.aws_networkfirewall_rule_group.domain_allowlist","module.network_hub.aws_networkfirewall_rule_group.ip_rules","module.network_hub.aws_route_table.firewall_tgw","module.network_hub.aws_subnet.firewall_endpoint","module.network_hub.aws_vpc.firewall","module.network_hub.data.aws_availability_zones.available"]}]},{"module":"module.network_hub","mode":"managed","type":"aws_route","name":"firewall_vpc_to_tgw","provider":"provider[\"registry.opentofu.org/hashicorp/aws\"]","instances":[{"schema_version":0,"attributes":{"carrier_gateway_id":"","core_network_arn":"","destination_cidr_block":"0.0.0.0/0","destination_ipv6_cidr_block":"","destination_prefix_list_id":"","egress_only_gateway_id":"","gateway_id":"","id":"r-rtb-056f573ea8b82a90b1080289494","instance_id":"","instance_owner_id":"","local_gateway_id":"","nat_gateway_id":"","network_interface_id":"","origin":"CreateRoute","region":"eu-west-1","route_table_id":"rtb-056f573ea8b82a90b","state":"blackhole","timeouts":null,"transit_gateway_id":"tgw-0b52f06ca2d3c4a7d","vpc_endpoint_id":"","vpc_peering_connection_id":""},"sensitive_attributes":[],"private":"eyJlMmJmYjczMC1lY2FhLTExZTYtOGY4OC0zNDM2M2JjN2M0YzAiOnsiY3JlYXRlIjozMDAwMDAwMDAwMDAsImRlbGV0ZSI6MzAwMDAwMDAwMDAwLCJ1cGRhdGUiOjEyMDAwMDAwMDAwMH19","dependencies":["module.network_hub.aws_default_route_table.firewall_main","module.network_hub.aws_ec2_transit_gateway.main","module.network_hub.aws_ec2_transit_gateway_vpc_attachment.transit_gateway_vpc","module.network_hub.aws_subnet.client_tgw","module.network_hub.aws_subnet.egress_private","module.network_hub.aws_subnet.firewall_tgw","module.network_hub.aws_subnet.transit_gateway","module.network_hub.aws_vpc.central_egress","module.network_hub.aws_vpc.client","module.network_hub.aws_vpc.firewall","module.network_hub.aws_vpc.transit_gateway","module.network_hub.data.aws_availability_zones.available"]}]},{"module":"module.network_hub","mode":"managed","type":"aws_route","name":"tgw_vpc_to_igw","provider":"provider[\"registry.opentofu.org/hashicorp/aws\"]","instances":[{"schema_version":0,"attributes":{"carrier_gateway_id":"","core_network_arn":"","destination_cidr_block":"0.0.0.0/0","destination_ipv6_cidr_block":"","destination_prefix_list_id":"","egress_only_gateway_id":"","gateway_id":"igw-08e502555e2e4038d","id":"r-rtb-0b48fb41a0cb246031080289494","instance_id":"","instance_owner_id":"","local_gateway_id":"","nat_gateway_id":"","network_interface_id":"","origin":"CreateRoute","region":"eu-west-1","route_table_id":"rtb-0b48fb41a0cb24603","state":"active","timeouts":null,"transit_gateway_id":"","vpc_endpoint_id":"","vpc_peering_connection_id":""},"sensitive_attributes":[],"private":"eyJlMmJmYjczMC1lY2FhLTExZTYtOGY4OC0zNDM2M2JjN2M0YzAiOnsiY3JlYXRlIjozMDAwMDAwMDAwMDAsImRlbGV0ZSI6MzAwMDAwMDAwMDAwLCJ1cGRhdGUiOjEyMDAwMDAwMDAwMH19","dependencies":["module.network_hub.aws_default_route_table.transit_gateway_main","module.network_hub.aws_ec2_transit_gateway.main","module.network_hub.aws_ec2_transit_gateway_vpc_attachment.transit_gateway_vpc","module.network_hub.aws_internet_gateway.transit_gateway","module.network_hub.aws_subnet.client_tgw","module.network_hub.aws_subnet.egress_private","module.network_hub.aws_subnet.firewall_tgw","module.network_hub.aws_subnet.transit_gateway","module.network_hub.aws_vpc.central_egress","module.network_hub.aws_vpc.client","module.network_hub.aws_vpc.firewall","module.network_hub.aws_vpc.transit_gateway","module.network_hub.data.aws_availability_zones.available"]}]},{"module":"module.network_hub","mode":"managed","type":"aws_route","name":"tgw_vpc_to_tgw","provider":"provider[\"registry.opentofu.org/hashicorp/aws\"]","instances":[{"schema_version":0,"attributes":{"carrier_gateway_id":"","core_network_arn":"","destination_cidr_block":"100.108.0.0/14","destination_ipv6_cidr_block":"","destination_prefix_list_id":"","egress_only_gateway_id":"","gateway_id":"","id":"r-rtb-0b48fb41a0cb24603506076305","instance_id":"","instance_owner_id":"","local_gateway_id":"","nat_gateway_id":"","network_interface_id":"","origin":"CreateRoute","region":"eu-west-1","route_table_id":"rtb-0b48fb41a0cb24603","state":"active","timeouts":null,"transit_gateway_id":"tgw-0b52f06ca2d3c4a7d","vpc_endpoint_id":"","vpc_peering_connection_id":""},"sensitive_attributes":[],"private":"eyJlMmJmYjczMC1lY2FhLTExZTYtOGY4OC0zNDM2M2JjN2M0YzAiOnsiY3JlYXRlIjozMDAwMDAwMDAwMDAsImRlbGV0ZSI6MzAwMDAwMDAwMDAwLCJ1cGRhdGUiOjEyMDAwMDAwMDAwMH19","dependencies":["module.network_hub.aws_default_route_table.transit_gateway_main","module.network_hub.aws_ec2_transit_gateway.main","module.network_hub.aws_ec2_transit_gateway_vpc_attachment.transit_gateway_vpc","module.network_hub.aws_subnet.client_tgw","module.network_hub.aws_subnet.egress_private","module.network_hub.aws_subnet.firewall_tgw","module.network_hub.aws_subnet.transit_gateway","module.network_hub.aws_vpc.central_egress","module.network_hub.aws_vpc.client","module.network_hub.aws_vpc.firewall","module.network_hub.aws_vpc.transit_gateway","module.network_hub.data.aws_availability_zones.available"]}]},{"module":"module.network_hub","mode":"managed","type":"aws_route_table","name":"egress_firewall_endpoint","provider":"provider[\"registry.opentofu.org/hashicorp/aws\"]","instances":[{"index_key":0,"schema_version":0,"attributes":{"arn":"arn:aws:ec2:eu-west-1:274363547985:route-table/rtb-09ac3a79a0a0fdbf0","id":"rtb-09ac3a79a0a0fdbf0","owner_id":"274363547985","propagating_vgws":[],"region":"eu-west-1","route":[{"carrier_gateway_id":"","cidr_block":"0.0.0.0/0","core_network_arn":"","destination_prefix_list_id":"","egress_only_gateway_id":"","gateway_id":"","ipv6_cidr_block":"","local_gateway_id":"","nat_gateway_id":"nat-02d87fe3e49d2a84e","network_interface_id":"","transit_gateway_id":"","vpc_endpoint_id":"","vpc_peering_connection_id":""},{"carrier_gateway_id":"","cidr_block":"100.108.0.0/14","core_network_arn":"","destination_prefix_list_id":"","egress_only_gateway_id":"","gateway_id":"","ipv6_cidr_block":"","local_gateway_id":"","nat_gateway_id":"","network_interface_id":"","transit_gateway_id":"tgw-0b52f06ca2d3c4a7d","vpc_endpoint_id":"","vpc_peering_connection_id":""}],"tags":{"AZ":"eu-west-1a","CardData":"no","Classification":"nonpublic","Environment":"prod","GitURL":"https://gitlab.com/williamhillplc/technical-services/networks/channels-team.git","ManagedBy":"OpenTofu","Migrated":"no","Name":"network-hub-prod-egress-fw-endpoint-rt-1a","Product":"network-hub","Project":"network-hub","Tier":"internal","Type":"egress-firewall-endpoint-route-table"},"tags_all":{"AZ":"eu-west-1a","CardData":"no","Classification":"nonpublic","Environment":"prod","GitURL":"https://gitlab.com/williamhillplc/technical-services/networks/channels-team.git","ManagedBy":"OpenTofu","Migrated":"no","Name":"network-hub-prod-egress-fw-endpoint-rt-1a","Product":"network-hub","Project":"network-hub","Tier":"internal","Type":"egress-firewall-endpoint-route-table"},"timeouts":null,"vpc_id":"vpc-095401066bff4b647"},"sensitive_attributes":[],"private":"eyJlMmJmYjczMC1lY2FhLTExZTYtOGY4OC0zNDM2M2JjN2M0YzAiOnsiY3JlYXRlIjozMDAwMDAwMDAwMDAsImRlbGV0ZSI6MzAwMDAwMDAwMDAwLCJ1cGRhdGUiOjEyMDAwMDAwMDAwMH19","dependencies":["module.network_hub.aws_subnet.egress_firewall_endpoint","module.network_hub.aws_vpc.central_egress","module.network_hub.data.aws_availability_zones.available"]},{"index_key":1,"schema_version":0,"attributes":{"arn":"arn:aws:ec2:eu-west-1:274363547985:route-table/rtb-0d424891f633e7a3a","id":"rtb-0d424891f633e7a3a","owner_id":"274363547985","propagating_vgws":[],"region":"eu-west-1","route":[{"carrier_gateway_id":"","cidr_block":"0.0.0.0/0","core_network_arn":"","destination_prefix_list_id":"","egress_only_gateway_id":"","gateway_id":"","ipv6_cidr_block":"","local_gateway_id":"","nat_gateway_id":"nat-0fea1ec47e524af40","network_interface_id":"","transit_gateway_id":"","vpc_endpoint_id":"","vpc_peering_connection_id":""},{"carrier_gateway_id":"","cidr_block":"100.108.0.0/14","core_network_arn":"","destination_prefix_list_id":"","egress_only_gateway_id":"","gateway_id":"","ipv6_cidr_block":"","local_gateway_id":"","nat_gateway_id":"","network_interface_id":"","transit_gateway_id":"tgw-0b52f06ca2d3c4a7d","vpc_endpoint_id":"","vpc_peering_connection_id":""}],"tags":{"AZ":"eu-west-1b","CardData":"no","Classification":"nonpublic","Environment":"prod","GitURL":"https://gitlab.com/williamhillplc/technical-services/networks/channels-team.git","ManagedBy":"OpenTofu","Migrated":"no","Name":"network-hub-prod-egress-fw-endpoint-rt-1b","Product":"network-hub","Project":"network-hub","Tier":"internal","Type":"egress-firewall-endpoint-route-table"},"tags_all":{"AZ":"eu-west-1b","CardData":"no","Classification":"nonpublic","Environment":"prod","GitURL":"https://gitlab.com/williamhillplc/technical-services/networks/channels-team.git","ManagedBy":"OpenTofu","Migrated":"no","Name":"network-hub-prod-egress-fw-endpoint-rt-1b","Product":"network-hub","Project":"network-hub","Tier":"internal","Type":"egress-firewall-endpoint-route-table"},"timeouts":null,"vpc_id":"vpc-095401066bff4b647"},"sensitive_attributes":[],"private":"eyJlMmJmYjczMC1lY2FhLTExZTYtOGY4OC0zNDM2M2JjN2M0YzAiOnsiY3JlYXRlIjozMDAwMDAwMDAwMDAsImRlbGV0ZSI6MzAwMDAwMDAwMDAwLCJ1cGRhdGUiOjEyMDAwMDAwMDAwMH19","dependencies":["module.network_hub.aws_subnet.egress_firewall_endpoint","module.network_hub.aws_vpc.central_egress","module.network_hub.data.aws_availability_zones.available"]},{"index_key":2,"schema_version":0,"attributes":{"arn":"arn:aws:ec2:eu-west-1:274363547985:route-table/rtb-07baf1c5d6d470d6a","id":"rtb-07baf1c5d6d470d6a","owner_id":"274363547985","propagating_vgws":[],"region":"eu-west-1","route":[{"carrier_gateway_id":"","cidr_block":"0.0.0.0/0","core_network_arn":"","destination_prefix_list_id":"","egress_only_gateway_id":"","gateway_id":"","ipv6_cidr_block":"","local_gateway_id":"","nat_gateway_id":"nat-04830d6d6251f6eae","network_interface_id":"","transit_gateway_id":"","vpc_endpoint_id":"","vpc_peering_connection_id":""},{"carrier_gateway_id":"","cidr_block":"100.108.0.0/14","core_network_arn":"","destination_prefix_list_id":"","egress_only_gateway_id":"","gateway_id":"","ipv6_cidr_block":"","local_gateway_id":"","nat_gateway_id":"","network_interface_id":"","transit_gateway_id":"tgw-0b52f06ca2d3c4a7d","vpc_endpoint_id":"","vpc_peering_connection_id":""}],"tags":{"AZ":"eu-west-1c","CardData":"no","Classification":"nonpublic","Environment":"prod","GitURL":"https://gitlab.com/williamhillplc/technical-services/networks/channels-team.git","ManagedBy":"OpenTofu","Migrated":"no","Name":"network-hub-prod-egress-fw-endpoint-rt-1c","Product":"network-hub","Project":"network-hub","Tier":"internal","Type":"egress-firewall-endpoint-route-table"},"tags_all":{"AZ":"eu-west-1c","CardData":"no","Classification":"nonpublic","Environment":"prod","GitURL":"https://gitlab.com/williamhillplc/technical-services/networks/channels-team.git","ManagedBy":"OpenTofu","Migrated":"no","Name":"network-hub-prod-egress-fw-endpoint-rt-1c","Product":"network-hub","Project":"network-hub","Tier":"internal","Type":"egress-firewall-endpoint-route-table"},"timeouts":null,"vpc_id":"vpc-095401066bff4b647"},"sensitive_attributes":[],"private":"eyJlMmJmYjczMC1lY2FhLTExZTYtOGY4OC0zNDM2M2JjN2M0YzAiOnsiY3JlYXRlIjozMDAwMDAwMDAwMDAsImRlbGV0ZSI6MzAwMDAwMDAwMDAwLCJ1cGRhdGUiOjEyMDAwMDAwMDAwMH19","dependencies":["module.network_hub.aws_subnet.egress_firewall_endpoint","module.network_hub.aws_vpc.central_egress","module.network_hub.data.aws_availability_zones.available"]}]},{"module":"module.network_hub","mode":"managed","type":"aws_route_table","name":"egress_private","provider":"provider[\"registry.opentofu.org/hashicorp/aws\"]","instances":[{"index_key":0,"schema_version":0,"attributes":{"arn":"arn:aws:ec2:eu-west-1:274363547985:route-table/rtb-0fb5bb37a51e553d8","id":"rtb-0fb5bb37a51e553d8","owner_id":"274363547985","propagating_vgws":[],"region":"eu-west-1","route":[{"carrier_gateway_id":"","cidr_block":"0.0.0.0/0","core_network_arn":"","destination_prefix_list_id":"","egress_only_gateway_id":"","gateway_id":"","ipv6_cidr_block":"","local_gateway_id":"","nat_gateway_id":"","network_interface_id":"","transit_gateway_id":"","vpc_endpoint_id":"vpce-06a1beb714b328d67","vpc_peering_connection_id":""},{"carrier_gateway_id":"","cidr_block":"100.108.0.0/14","core_network_arn":"","destination_prefix_list_id":"","egress_only_gateway_id":"","gateway_id":"","ipv6_cidr_block":"","local_gateway_id":"","nat_gateway_id":"","network_interface_id":"","transit_gateway_id":"tgw-0b52f06ca2d3c4a7d","vpc_endpoint_id":"","vpc_peering_connection_id":""}],"tags":{"AZ":"eu-west-1a","CardData":"no","Classification":"nonpublic","Environment":"prod","GitURL":"https://gitlab.com/williamhillplc/technical-services/networks/channels-team.git","ManagedBy":"OpenTofu","Migrated":"no","Name":"network-hub-prod-egress-private-rt-1a","Product":"network-hub","Project":"network-hub","Tier":"internal","Type":"private-route-table"},"tags_all":{"AZ":"eu-west-1a","CardData":"no","Classification":"nonpublic","Environment":"prod","GitURL":"https://gitlab.com/williamhillplc/technical-services/networks/channels-team.git","ManagedBy":"OpenTofu","Migrated":"no","Name":"network-hub-prod-egress-private-rt-1a","Product":"network-hub","Project":"network-hub","Tier":"internal","Type":"private-route-table"},"timeouts":null,"vpc_id":"vpc-095401066bff4b647"},"sensitive_attributes":[],"private":"eyJlMmJmYjczMC1lY2FhLTExZTYtOGY4OC0zNDM2M2JjN2M0YzAiOnsiY3JlYXRlIjozMDAwMDAwMDAwMDAsImRlbGV0ZSI6MzAwMDAwMDAwMDAwLCJ1cGRhdGUiOjEyMDAwMDAwMDAwMH19","dependencies":["module.network_hub.aws_vpc.central_egress","module.network_hub.data.aws_availability_zones.available"]},{"index_key":1,"schema_version":0,"attributes":{"arn":"arn:aws:ec2:eu-west-1:274363547985:route-table/rtb-0f6665461b130b62e","id":"rtb-0f6665461b130b62e","owner_id":"274363547985","propagating_vgws":[],"region":"eu-west-1","route":[{"carrier_gateway_id":"","cidr_block":"0.0.0.0/0","core_network_arn":"","destination_prefix_list_id":"","egress_only_gateway_id":"","gateway_id":"","ipv6_cidr_block":"","local_gateway_id":"","nat_gateway_id":"","network_interface_id":"","transit_gateway_id":"","vpc_endpoint_id":"vpce-0848e18726034be18","vpc_peering_connection_id":""},{"carrier_gateway_id":"","cidr_block":"100.108.0.0/14","core_network_arn":"","destination_prefix_list_id":"","egress_only_gateway_id":"","gateway_id":"","ipv6_cidr_block":"","local_gateway_id":"","nat_gateway_id":"","network_interface_id":"","transit_gateway_id":"tgw-0b52f06ca2d3c4a7d","vpc_endpoint_id":"","vpc_peering_connection_id":""}],"tags":{"AZ":"eu-west-1b","CardData":"no","Classification":"nonpublic","Environment":"prod","GitURL":"https://gitlab.com/williamhillplc/technical-services/networks/channels-team.git","ManagedBy":"OpenTofu","Migrated":"no","Name":"network-hub-prod-egress-private-rt-1b","Product":"network-hub","Project":"network-hub","Tier":"internal","Type":"private-route-table"},"tags_all":{"AZ":"eu-west-1b","CardData":"no","Classification":"nonpublic","Environment":"prod","GitURL":"https://gitlab.com/williamhillplc/technical-services/networks/channels-team.git","ManagedBy":"OpenTofu","Migrated":"no","Name":"network-hub-prod-egress-private-rt-1b","Product":"network-hub","Project":"network-hub","Tier":"internal","Type":"private-route-table"},"timeouts":null,"vpc_id":"vpc-095401066bff4b647"},"sensitive_attributes":[],"private":"eyJlMmJmYjczMC1lY2FhLTExZTYtOGY4OC0zNDM2M2JjN2M0YzAiOnsiY3JlYXRlIjozMDAwMDAwMDAwMDAsImRlbGV0ZSI6MzAwMDAwMDAwMDAwLCJ1cGRhdGUiOjEyMDAwMDAwMDAwMH19","dependencies":["module.network_hub.aws_vpc.central_egress","module.network_hub.data.aws_availability_zones.available"]},{"index_key":2,"schema_version":0,"attributes":{"arn":"arn:aws:ec2:eu-west-1:274363547985:route-table/rtb-0cf1ef2fdcdea61a5","id":"rtb-0cf1ef2fdcdea61a5","owner_id":"274363547985","propagating_vgws":[],"region":"eu-west-1","route":[{"carrier_gateway_id":"","cidr_block":"0.0.0.0/0","core_network_arn":"","destination_prefix_list_id":"","egress_only_gateway_id":"","gateway_id":"","ipv6_cidr_block":"","local_gateway_id":"","nat_gateway_id":"","network_interface_id":"","transit_gateway_id":"","vpc_endpoint_id":"vpce-0dbbddcba988c626f","vpc_peering_connection_id":""},{"carrier_gateway_id":"","cidr_block":"100.108.0.0/14","core_network_arn":"","destination_prefix_list_id":"","egress_only_gateway_id":"","gateway_id":"","ipv6_cidr_block":"","local_gateway_id":"","nat_gateway_id":"","network_interface_id":"","transit_gateway_id":"tgw-0b52f06ca2d3c4a7d","vpc_endpoint_id":"","vpc_peering_connection_id":""}],"tags":{"AZ":"eu-west-1c","CardData":"no","Classification":"nonpublic","Environment":"prod","GitURL":"https://gitlab.com/williamhillplc/technical-services/networks/channels-team.git","ManagedBy":"OpenTofu","Migrated":"no","Name":"network-hub-prod-egress-private-rt-1c","Product":"network-hub","Project":"network-hub","Tier":"internal","Type":"private-route-table"},"tags_all":{"AZ":"eu-west-1c","CardData":"no","Classification":"nonpublic","Environment":"prod","GitURL":"https://gitlab.com/williamhillplc/technical-services/networks/channels-team.git","ManagedBy":"OpenTofu","Migrated":"no","Name":"network-hub-prod-egress-private-rt-1c","Product":"network-hub","Project":"network-hub","Tier":"internal","Type":"private-route-table"},"timeouts":null,"vpc_id":"vpc-095401066bff4b647"},"sensitive_attributes":[],"private":"eyJlMmJmYjczMC1lY2FhLTExZTYtOGY4OC0zNDM2M2JjN2M0YzAiOnsiY3JlYXRlIjozMDAwMDAwMDAwMDAsImRlbGV0ZSI6MzAwMDAwMDAwMDAwLCJ1cGRhdGUiOjEyMDAwMDAwMDAwMH19","dependencies":["module.network_hub.aws_vpc.central_egress","module.network_hub.data.aws_availability_zones.available"]}]},{"module":"module.network_hub","mode":"managed","type":"aws_route_table","name":"egress_public","provider":"provider[\"registry.opentofu.org/hashicorp/aws\"]","instances":[{"index_key":0,"schema_version":0,"attributes":{"arn":"arn:aws:ec2:eu-west-1:274363547985:route-table/rtb-005ef775f349f2ad7","id":"rtb-005ef775f349f2ad7","owner_id":"274363547985","propagating_vgws":[],"region":"eu-west-1","route":[{"carrier_gateway_id":"","cidr_block":"0.0.0.0/0","core_network_arn":"","destination_prefix_list_id":"","egress_only_gateway_id":"","gateway_id":"igw-07ef69decc03f77ef","ipv6_cidr_block":"","local_gateway_id":"","nat_gateway_id":"","network_interface_id":"","transit_gateway_id":"","vpc_endpoint_id":"","vpc_peering_connection_id":""},{"carrier_gateway_id":"","cidr_block":"100.108.0.0/14","core_network_arn":"","destination_prefix_list_id":"","egress_only_gateway_id":"","gateway_id":"","ipv6_cidr_block":"","local_gateway_id":"","nat_gateway_id":"","network_interface_id":"","transit_gateway_id":"","vpc_endpoint_id":"vpce-06a1beb714b328d67","vpc_peering_connection_id":""}],"tags":{"AZ":"eu-west-1a","CardData":"no","Classification":"nonpublic","Environment":"prod","GitURL":"https://gitlab.com/williamhillplc/technical-services/networks/channels-team.git","ManagedBy":"OpenTofu","Migrated":"no","Name":"network-hub-prod-egress-public-rt-1a","Product":"network-hub","Project":"network-hub","Tier":"internal","Type":"public-route-table"},"tags_all":{"AZ":"eu-west-1a","CardData":"no","Classification":"nonpublic","Environment":"prod","GitURL":"https://gitlab.com/williamhillplc/technical-services/networks/channels-team.git","ManagedBy":"OpenTofu","Migrated":"no","Name":"network-hub-prod-egress-public-rt-1a","Product":"network-hub","Project":"network-hub","Tier":"internal","Type":"public-route-table"},"timeouts":null,"vpc_id":"vpc-095401066bff4b647"},"sensitive_attributes":[],"private":"eyJlMmJmYjczMC1lY2FhLTExZTYtOGY4OC0zNDM2M2JjN2M0YzAiOnsiY3JlYXRlIjozMDAwMDAwMDAwMDAsImRlbGV0ZSI6MzAwMDAwMDAwMDAwLCJ1cGRhdGUiOjEyMDAwMDAwMDAwMH19","dependencies":["module.network_hub.aws_vpc.central_egress","module.network_hub.data.aws_availability_zones.available"]},{"index_key":1,"schema_version":0,"attributes":{"arn":"arn:aws:ec2:eu-west-1:274363547985:route-table/rtb-01b2bc208a8341d30","id":"rtb-01b2bc208a8341d30","owner_id":"274363547985","propagating_vgws":[],"region":"eu-west-1","route":[{"carrier_gateway_id":"","cidr_block":"0.0.0.0/0","core_network_arn":"","destination_prefix_list_id":"","egress_only_gateway_id":"","gateway_id":"igw-07ef69decc03f77ef","ipv6_cidr_block":"","local_gateway_id":"","nat_gateway_id":"","network_interface_id":"","transit_gateway_id":"","vpc_endpoint_id":"","vpc_peering_connection_id":""},{"carrier_gateway_id":"","cidr_block":"100.108.0.0/14","core_network_arn":"","destination_prefix_list_id":"","egress_only_gateway_id":"","gateway_id":"","ipv6_cidr_block":"","local_gateway_id":"","nat_gateway_id":"","network_interface_id":"","transit_gateway_id":"","vpc_endpoint_id":"vpce-0848e18726034be18","vpc_peering_connection_id":""}],"tags":{"AZ":"eu-west-1b","CardData":"no","Classification":"nonpublic","Environment":"prod","GitURL":"https://gitlab.com/williamhillplc/technical-services/networks/channels-team.git","ManagedBy":"OpenTofu","Migrated":"no","Name":"network-hub-prod-egress-public-rt-1b","Product":"network-hub","Project":"network-hub","Tier":"internal","Type":"public-route-table"},"tags_all":{"AZ":"eu-west-1b","CardData":"no","Classification":"nonpublic","Environment":"prod","GitURL":"https://gitlab.com/williamhillplc/technical-services/networks/channels-team.git","ManagedBy":"OpenTofu","Migrated":"no","Name":"network-hub-prod-egress-public-rt-1b","Product":"network-hub","Project":"network-hub","Tier":"internal","Type":"public-route-table"},"timeouts":null,"vpc_id":"vpc-095401066bff4b647"},"sensitive_attributes":[],"private":"eyJlMmJmYjczMC1lY2FhLTExZTYtOGY4OC0zNDM2M2JjN2M0YzAiOnsiY3JlYXRlIjozMDAwMDAwMDAwMDAsImRlbGV0ZSI6MzAwMDAwMDAwMDAwLCJ1cGRhdGUiOjEyMDAwMDAwMDAwMH19","dependencies":["module.network_hub.aws_vpc.central_egress","module.network_hub.data.aws_availability_zones.available"]},{"index_key":2,"schema_version":0,"attributes":{"arn":"arn:aws:ec2:eu-west-1:274363547985:route-table/rtb-01520b447284ca245","id":"rtb-01520b447284ca245","owner_id":"274363547985","propagating_vgws":[],"region":"eu-west-1","route":[{"carrier_gateway_id":"","cidr_block":"0.0.0.0/0","core_network_arn":"","destination_prefix_list_id":"","egress_only_gateway_id":"","gateway_id":"igw-07ef69decc03f77ef","ipv6_cidr_block":"","local_gateway_id":"","nat_gateway_id":"","network_interface_id":"","transit_gateway_id":"","vpc_endpoint_id":"","vpc_peering_connection_id":""},{"carrier_gateway_id":"","cidr_block":"100.108.0.0/14","core_network_arn":"","destination_prefix_list_id":"","egress_only_gateway_id":"","gateway_id":"","ipv6_cidr_block":"","local_gateway_id":"","nat_gateway_id":"","network_interface_id":"","transit_gateway_id":"","vpc_endpoint_id":"vpce-0dbbddcba988c626f","vpc_peering_connection_id":""}],"tags":{"AZ":"eu-west-1c","CardData":"no","Classification":"nonpublic","Environment":"prod","GitURL":"https://gitlab.com/williamhillplc/technical-services/networks/channels-team.git","ManagedBy":"OpenTofu","Migrated":"no","Name":"network-hub-prod-egress-public-rt-1c","Product":"network-hub","Project":"network-hub","Tier":"internal","Type":"public-route-table"},"tags_all":{"AZ":"eu-west-1c","CardData":"no","Classification":"nonpublic","Environment":"prod","GitURL":"https://gitlab.com/williamhillplc/technical-services/networks/channels-team.git","ManagedBy":"OpenTofu","Migrated":"no","Name":"network-hub-prod-egress-public-rt-1c","Product":"network-hub","Project":"network-hub","Tier":"internal","Type":"public-route-table"},"timeouts":null,"vpc_id":"vpc-095401066bff4b647"},"sensitive_attributes":[],"private":"eyJlMmJmYjczMC1lY2FhLTExZTYtOGY4OC0zNDM2M2JjN2M0YzAiOnsiY3JlYXRlIjozMDAwMDAwMDAwMDAsImRlbGV0ZSI6MzAwMDAwMDAwMDAwLCJ1cGRhdGUiOjEyMDAwMDAwMDAwMH19","dependencies":["module.network_hub.aws_vpc.central_egress","module.network_hub.data.aws_availability_zones.available"]}]},{"module":"module.network_hub","mode":"managed","type":"aws_route_table","name":"firewall_endpoint","provider":"provider[\"registry.opentofu.org/hashicorp/aws\"]","instances":[{"index_key":0,"schema_version":0,"attributes":{"arn":"arn:aws:ec2:eu-west-1:274363547985:route-table/rtb-0254f30eb0e55cb01","id":"rtb-0254f30eb0e55cb01","owner_id":"274363547985","propagating_vgws":[],"region":"eu-west-1","route":[{"carrier_gateway_id":"","cidr_block":"0.0.0.0/0","core_network_arn":"","destination_prefix_list_id":"","egress_only_gateway_id":"","gateway_id":"","ipv6_cidr_block":"","local_gateway_id":"","nat_gateway_id":"","network_interface_id":"","transit_gateway_id":"tgw-0b52f06ca2d3c4a7d","vpc_endpoint_id":"","vpc_peering_connection_id":""}],"tags":{"AZ":"eu-west-1a","CardData":"no","Classification":"nonpublic","Environment":"prod","GitURL":"https://gitlab.com/williamhillplc/technical-services/networks/channels-team.git","ManagedBy":"OpenTofu","Migrated":"no","Name":"network-hub-prod-fw-endpoint-rt-1a","Product":"network-hub","Project":"network-hub","Tier":"internal","Type":"firewall-endpoint-route-table"},"tags_all":{"AZ":"eu-west-1a","CardData":"no","Classification":"nonpublic","Environment":"prod","GitURL":"https://gitlab.com/williamhillplc/technical-services/networks/channels-team.git","ManagedBy":"OpenTofu","Migrated":"no","Name":"network-hub-prod-fw-endpoint-rt-1a","Product":"network-hub","Project":"network-hub","Tier":"internal","Type":"firewall-endpoint-route-table"},"timeouts":null,"vpc_id":"vpc-053b98debe53c2d7f"},"sensitive_attributes":[],"private":"eyJlMmJmYjczMC1lY2FhLTExZTYtOGY4OC0zNDM2M2JjN2M0YzAiOnsiY3JlYXRlIjozMDAwMDAwMDAwMDAsImRlbGV0ZSI6MzAwMDAwMDAwMDAwLCJ1cGRhdGUiOjEyMDAwMDAwMDAwMH19","dependencies":["module.network_hub.aws_vpc.firewall","module.network_hub.data.aws_availability_zones.available"]},{"index_key":1,"schema_version":0,"attributes":{"arn":"arn:aws:ec2:eu-west-1:274363547985:route-table/rtb-0f41f06d2755d5026","id":"rtb-0f41f06d2755d5026","owner_id":"274363547985","propagating_vgws":[],"region":"eu-west-1","route":[{"carrier_gateway_id":"","cidr_block":"0.0.0.0/0","core_network_arn":"","destination_prefix_list_id":"","egress_only_gateway_id":"","gateway_id":"","ipv6_cidr_block":"","local_gateway_id":"","nat_gateway_id":"","network_interface_id":"","transit_gateway_id":"tgw-0b52f06ca2d3c4a7d","vpc_endpoint_id":"","vpc_peering_connection_id":""}],"tags":{"AZ":"eu-west-1b","CardData":"no","Classification":"nonpublic","Environment":"prod","GitURL":"https://gitlab.com/williamhillplc/technical-services/networks/channels-team.git","ManagedBy":"OpenTofu","Migrated":"no","Name":"network-hub-prod-fw-endpoint-rt-1b","Product":"network-hub","Project":"network-hub","Tier":"internal","Type":"firewall-endpoint-route-table"},"tags_all":{"AZ":"eu-west-1b","CardData":"no","Classification":"nonpublic","Environment":"prod","GitURL":"https://gitlab.com/williamhillplc/technical-services/networks/channels-team.git","ManagedBy":"OpenTofu","Migrated":"no","Name":"network-hub-prod-fw-endpoint-rt-1b","Product":"network-hub","Project":"network-hub","Tier":"internal","Type":"firewall-endpoint-route-table"},"timeouts":null,"vpc_id":"vpc-053b98debe53c2d7f"},"sensitive_attributes":[],"private":"eyJlMmJmYjczMC1lY2FhLTExZTYtOGY4OC0zNDM2M2JjN2M0YzAiOnsiY3JlYXRlIjozMDAwMDAwMDAwMDAsImRlbGV0ZSI6MzAwMDAwMDAwMDAwLCJ1cGRhdGUiOjEyMDAwMDAwMDAwMH19","dependencies":["module.network_hub.aws_vpc.firewall","module.network_hub.data.aws_availability_zones.available"]},{"index_key":2,"schema_version":0,"attributes":{"arn":"arn:aws:ec2:eu-west-1:274363547985:route-table/rtb-0b4d986f1e39d667b","id":"rtb-0b4d986f1e39d667b","owner_id":"274363547985","propagating_vgws":[],"region":"eu-west-1","route":[{"carrier_gateway_id":"","cidr_block":"0.0.0.0/0","core_network_arn":"","destination_prefix_list_id":"","egress_only_gateway_id":"","gateway_id":"","ipv6_cidr_block":"","local_gateway_id":"","nat_gateway_id":"","network_interface_id":"","transit_gateway_id":"tgw-0b52f06ca2d3c4a7d","vpc_endpoint_id":"","vpc_peering_connection_id":""}],"tags":{"AZ":"eu-west-1c","CardData":"no","Classification":"nonpublic","Environment":"prod","GitURL":"https://gitlab.com/williamhillplc/technical-services/networks/channels-team.git","ManagedBy":"OpenTofu","Migrated":"no","Name":"network-hub-prod-fw-endpoint-rt-1c","Product":"network-hub","Project":"network-hub","Tier":"internal","Type":"firewall-endpoint-route-table"},"tags_all":{"AZ":"eu-west-1c","CardData":"no","Classification":"nonpublic","Environment":"prod","GitURL":"https://gitlab.com/williamhillplc/technical-services/networks/channels-team.git","ManagedBy":"OpenTofu","Migrated":"no","Name":"network-hub-prod-fw-endpoint-rt-1c","Product":"network-hub","Project":"network-hub","Tier":"internal","Type":"firewall-endpoint-route-table"},"timeouts":null,"vpc_id":"vpc-053b98debe53c2d7f"},"sensitive_attributes":[],"private":"eyJlMmJmYjczMC1lY2FhLTExZTYtOGY4OC0zNDM2M2JjN2M0YzAiOnsiY3JlYXRlIjozMDAwMDAwMDAwMDAsImRlbGV0ZSI6MzAwMDAwMDAwMDAwLCJ1cGRhdGUiOjEyMDAwMDAwMDAwMH19","dependencies":["module.network_hub.aws_vpc.firewall","module.network_hub.data.aws_availability_zones.available"]}]},{"module":"module.network_hub","mode":"managed","type":"aws_route_table","name":"firewall_tgw","provider":"provider[\"registry.opentofu.org/hashicorp/aws\"]","instances":[{"index_key":0,"schema_version":0,"attributes":{"arn":"arn:aws:ec2:eu-west-1:274363547985:route-table/rtb-04033979497bc8990","id":"rtb-04033979497bc8990","owner_id":"274363547985","propagating_vgws":[],"region":"eu-west-1","route":[{"carrier_gateway_id":"","cidr_block":"0.0.0.0/0","core_network_arn":"","destination_prefix_list_id":"","egress_only_gateway_id":"","gateway_id":"","ipv6_cidr_block":"","local_gateway_id":"","nat_gateway_id":"","network_interface_id":"","transit_gateway_id":"","vpc_endpoint_id":"vpce-06ffe011454ba289a","vpc_peering_connection_id":""}],"tags":{"AZ":"eu-west-1a","CardData":"no","Classification":"nonpublic","Environment":"prod","GitURL":"https://gitlab.com/williamhillplc/technical-services/networks/channels-team.git","ManagedBy":"OpenTofu","Migrated":"no","Name":"network-hub-prod-fw-tgw-rt-1a","Product":"network-hub","Project":"network-hub","Tier":"internal","Type":"firewall-tgw-route-table"},"tags_all":{"AZ":"eu-west-1a","CardData":"no","Classification":"nonpublic","Environment":"prod","GitURL":"https://gitlab.com/williamhillplc/technical-services/networks/channels-team.git","ManagedBy":"OpenTofu","Migrated":"no","Name":"network-hub-prod-fw-tgw-rt-1a","Product":"network-hub","Project":"network-hub","Tier":"internal","Type":"firewall-tgw-route-table"},"timeouts":null,"vpc_id":"vpc-053b98debe53c2d7f"},"sensitive_attributes":[],"private":"eyJlMmJmYjczMC1lY2FhLTExZTYtOGY4OC0zNDM2M2JjN2M0YzAiOnsiY3JlYXRlIjozMDAwMDAwMDAwMDAsImRlbGV0ZSI6MzAwMDAwMDAwMDAwLCJ1cGRhdGUiOjEyMDAwMDAwMDAwMH19","dependencies":["module.network_hub.aws_vpc.firewall","module.network_hub.data.aws_availability_zones.available"]},{"index_key":1,"schema_version":0,"attributes":{"arn":"arn:aws:ec2:eu-west-1:274363547985:route-table/rtb-0994e3c53c9104dcb","id":"rtb-0994e3c53c9104dcb","owner_id":"274363547985","propagating_vgws":[],"region":"eu-west-1","route":[{"carrier_gateway_id":"","cidr_block":"0.0.0.0/0","core_network_arn":"","destination_prefix_list_id":"","egress_only_gateway_id":"","gateway_id":"","ipv6_cidr_block":"","local_gateway_id":"","nat_gateway_id":"","network_interface_id":"","transit_gateway_id":"","vpc_endpoint_id":"vpce-0bfd0da48dc3bc0e3","vpc_peering_connection_id":""}],"tags":{"AZ":"eu-west-1b","CardData":"no","Classification":"nonpublic","Environment":"prod","GitURL":"https://gitlab.com/williamhillplc/technical-services/networks/channels-team.git","ManagedBy":"OpenTofu","Migrated":"no","Name":"network-hub-prod-fw-tgw-rt-1b","Product":"network-hub","Project":"network-hub","Tier":"internal","Type":"firewall-tgw-route-table"},"tags_all":{"AZ":"eu-west-1b","CardData":"no","Classification":"nonpublic","Environment":"prod","GitURL":"https://gitlab.com/williamhillplc/technical-services/networks/channels-team.git","ManagedBy":"OpenTofu","Migrated":"no","Name":"network-hub-prod-fw-tgw-rt-1b","Product":"network-hub","Project":"network-hub","Tier":"internal","Type":"firewall-tgw-route-table"},"timeouts":null,"vpc_id":"vpc-053b98debe53c2d7f"},"sensitive_attributes":[],"private":"eyJlMmJmYjczMC1lY2FhLTExZTYtOGY4OC0zNDM2M2JjN2M0YzAiOnsiY3JlYXRlIjozMDAwMDAwMDAwMDAsImRlbGV0ZSI6MzAwMDAwMDAwMDAwLCJ1cGRhdGUiOjEyMDAwMDAwMDAwMH19","dependencies":["module.network_hub.aws_vpc.firewall","module.network_hub.data.aws_availability_zones.available"]},{"index_key":2,"schema_version":0,"attributes":{"arn":"arn:aws:ec2:eu-west-1:274363547985:route-table/rtb-02c6d2f7ba92e794d","id":"rtb-02c6d2f7ba92e794d","owner_id":"274363547985","propagating_vgws":[],"region":"eu-west-1","route":[{"carrier_gateway_id":"","cidr_block":"0.0.0.0/0","core_network_arn":"","destination_prefix_list_id":"","egress_only_gateway_id":"","gateway_id":"","ipv6_cidr_block":"","local_gateway_id":"","nat_gateway_id":"","network_interface_id":"","transit_gateway_id":"","vpc_endpoint_id":"vpce-0f98f060db5f6312f","vpc_peering_connection_id":""}],"tags":{"AZ":"eu-west-1c","CardData":"no","Classification":"nonpublic","Environment":"prod","GitURL":"https://gitlab.com/williamhillplc/technical-services/networks/channels-team.git","ManagedBy":"OpenTofu","Migrated":"no","Name":"network-hub-prod-fw-tgw-rt-1c","Product":"network-hub","Project":"network-hub","Tier":"internal","Type":"firewall-tgw-route-table"},"tags_all":{"AZ":"eu-west-1c","CardData":"no","Classification":"nonpublic","Environment":"prod","GitURL":"https://gitlab.com/williamhillplc/technical-services/networks/channels-team.git","ManagedBy":"OpenTofu","Migrated":"no","Name":"network-hub-prod-fw-tgw-rt-1c","Product":"network-hub","Project":"network-hub","Tier":"internal","Type":"firewall-tgw-route-table"},"timeouts":null,"vpc_id":"vpc-053b98debe53c2d7f"},"sensitive_attributes":[],"private":"eyJlMmJmYjczMC1lY2FhLTExZTYtOGY4OC0zNDM2M2JjN2M0YzAiOnsiY3JlYXRlIjozMDAwMDAwMDAwMDAsImRlbGV0ZSI6MzAwMDAwMDAwMDAwLCJ1cGRhdGUiOjEyMDAwMDAwMDAwMH19","dependencies":["module.network_hub.aws_vpc.firewall","module.network_hub.data.aws_availability_zones.available"]}]},{"module":"module.network_hub","mode":"managed","type":"aws_route_table_association","name":"egress_firewall_endpoint","provider":"provider[\"registry.opentofu.org/hashicorp/aws\"]","instances":[{"index_key":0,"schema_version":0,"attributes":{"gateway_id":"","id":"rtbassoc-0259d15ce690b23de","region":"eu-west-1","route_table_id":"rtb-09ac3a79a0a0fdbf0","subnet_id":"subnet-05d2cfd376edd7f60","timeouts":null},"sensitive_attributes":[],"private":"eyJlMmJmYjczMC1lY2FhLTExZTYtOGY4OC0zNDM2M2JjN2M0YzAiOnsiY3JlYXRlIjozMDAwMDAwMDAwMDAsImRlbGV0ZSI6MzAwMDAwMDAwMDAwLCJ1cGRhdGUiOjEyMDAwMDAwMDAwMH19","dependencies":["module.network_hub.aws_route_table.egress_firewall_endpoint","module.network_hub.aws_subnet.egress_firewall_endpoint","module.network_hub.aws_vpc.central_egress","module.network_hub.data.aws_availability_zones.available"]},{"index_key":1,"schema_version":0,"attributes":{"gateway_id":"","id":"rtbassoc-0c97c8317e605a3f6","region":"eu-west-1","route_table_id":"rtb-0d424891f633e7a3a","subnet_id":"subnet-0c44031d10de5f8ef","timeouts":null},"sensitive_attributes":[],"private":"eyJlMmJmYjczMC1lY2FhLTExZTYtOGY4OC0zNDM2M2JjN2M0YzAiOnsiY3JlYXRlIjozMDAwMDAwMDAwMDAsImRlbGV0ZSI6MzAwMDAwMDAwMDAwLCJ1cGRhdGUiOjEyMDAwMDAwMDAwMH19","dependencies":["module.network_hub.aws_route_table.egress_firewall_endpoint","module.network_hub.aws_subnet.egress_firewall_endpoint","module.network_hub.aws_vpc.central_egress","module.network_hub.data.aws_availability_zones.available"]},{"index_key":2,"schema_version":0,"attributes":{"gateway_id":"","id":"rtbassoc-0190d2c5fdfd3b7df","region":"eu-west-1","route_table_id":"rtb-07baf1c5d6d470d6a","subnet_id":"subnet-01daf5c95b32183da","timeouts":null},"sensitive_attributes":[],"private":"eyJlMmJmYjczMC1lY2FhLTExZTYtOGY4OC0zNDM2M2JjN2M0YzAiOnsiY3JlYXRlIjozMDAwMDAwMDAwMDAsImRlbGV0ZSI6MzAwMDAwMDAwMDAwLCJ1cGRhdGUiOjEyMDAwMDAwMDAwMH19","dependencies":["module.network_hub.aws_route_table.egress_firewall_endpoint","module.network_hub.aws_subnet.egress_firewall_endpoint","module.network_hub.aws_vpc.central_egress","module.network_hub.data.aws_availability_zones.available"]}]},{"module":"module.network_hub","mode":"managed","type":"aws_route_table_association","name":"egress_private","provider":"provider[\"registry.opentofu.org/hashicorp/aws\"]","instances":[{"index_key":0,"schema_version":0,"attributes":{"gateway_id":"","id":"rtbassoc-02e26aaa7404a839e","region":"eu-west-1","route_table_id":"rtb-0fb5bb37a51e553d8","subnet_id":"subnet-01b89793468cac154","timeouts":null},"sensitive_attributes":[],"private":"eyJlMmJmYjczMC1lY2FhLTExZTYtOGY4OC0zNDM2M2JjN2M0YzAiOnsiY3JlYXRlIjozMDAwMDAwMDAwMDAsImRlbGV0ZSI6MzAwMDAwMDAwMDAwLCJ1cGRhdGUiOjEyMDAwMDAwMDAwMH19","dependencies":["module.network_hub.aws_route_table.egress_private","module.network_hub.aws_subnet.egress_private","module.network_hub.aws_vpc.central_egress","module.network_hub.data.aws_availability_zones.available"]},{"index_key":1,"schema_version":0,"attributes":{"gateway_id":"","id":"rtbassoc-03a57f9515f42b7c2","region":"eu-west-1","route_table_id":"rtb-0f6665461b130b62e","subnet_id":"subnet-085bdd2fe7b50dc0d","timeouts":null},"sensitive_attributes":[],"private":"eyJlMmJmYjczMC1lY2FhLTExZTYtOGY4OC0zNDM2M2JjN2M0YzAiOnsiY3JlYXRlIjozMDAwMDAwMDAwMDAsImRlbGV0ZSI6MzAwMDAwMDAwMDAwLCJ1cGRhdGUiOjEyMDAwMDAwMDAwMH19","dependencies":["module.network_hub.aws_route_table.egress_private","module.network_hub.aws_subnet.egress_private","module.network_hub.aws_vpc.central_egress","module.network_hub.data.aws_availability_zones.available"]},{"index_key":2,"schema_version":0,"attributes":{"gateway_id":"","id":"rtbassoc-0963082ebf901bda2","region":"eu-west-1","route_table_id":"rtb-0cf1ef2fdcdea61a5","subnet_id":"subnet-0d60e3a729e4b4839","timeouts":null},"sensitive_attributes":[],"private":"eyJlMmJmYjczMC1lY2FhLTExZTYtOGY4OC0zNDM2M2JjN2M0YzAiOnsiY3JlYXRlIjozMDAwMDAwMDAwMDAsImRlbGV0ZSI6MzAwMDAwMDAwMDAwLCJ1cGRhdGUiOjEyMDAwMDAwMDAwMH19","dependencies":["module.network_hub.aws_route_table.egress_private","module.network_hub.aws_subnet.egress_private","module.network_hub.aws_vpc.central_egress","module.network_hub.data.aws_availability_zones.available"]}]},{"module":"module.network_hub","mode":"managed","type":"aws_route_table_association","name":"egress_public","provider":"provider[\"registry.opentofu.org/hashicorp/aws\"]","instances":[{"index_key":0,"schema_version":0,"attributes":{"gateway_id":"","id":"rtbassoc-09d65b6104452ecd7","region":"eu-west-1","route_table_id":"rtb-005ef775f349f2ad7","subnet_id":"subnet-02b9b1d18f2ba7d14","timeouts":null},"sensitive_attributes":[],"private":"eyJlMmJmYjczMC1lY2FhLTExZTYtOGY4OC0zNDM2M2JjN2M0YzAiOnsiY3JlYXRlIjozMDAwMDAwMDAwMDAsImRlbGV0ZSI6MzAwMDAwMDAwMDAwLCJ1cGRhdGUiOjEyMDAwMDAwMDAwMH19","dependencies":["module.network_hub.aws_route_table.egress_public","module.network_hub.aws_subnet.egress_public","module.network_hub.aws_vpc.central_egress","module.network_hub.data.aws_availability_zones.available"]},{"index_key":1,"schema_version":0,"attributes":{"gateway_id":"","id":"rtbassoc-00a1f539c2a5f02f2","region":"eu-west-1","route_table_id":"rtb-01b2bc208a8341d30","subnet_id":"subnet-0cf1816bca1fa2b50","timeouts":null},"sensitive_attributes":[],"private":"eyJlMmJmYjczMC1lY2FhLTExZTYtOGY4OC0zNDM2M2JjN2M0YzAiOnsiY3JlYXRlIjozMDAwMDAwMDAwMDAsImRlbGV0ZSI6MzAwMDAwMDAwMDAwLCJ1cGRhdGUiOjEyMDAwMDAwMDAwMH19","dependencies":["module.network_hub.aws_route_table.egress_public","module.network_hub.aws_subnet.egress_public","module.network_hub.aws_vpc.central_egress","module.network_hub.data.aws_availability_zones.available"]},{"index_key":2,"schema_version":0,"attributes":{"gateway_id":"","id":"rtbassoc-0f241d78ae3694fb9","region":"eu-west-1","route_table_id":"rtb-01520b447284ca245","subnet_id":"subnet-045c4554ad99fd872","timeouts":null},"sensitive_attributes":[],"private":"eyJlMmJmYjczMC1lY2FhLTExZTYtOGY4OC0zNDM2M2JjN2M0YzAiOnsiY3JlYXRlIjozMDAwMDAwMDAwMDAsImRlbGV0ZSI6MzAwMDAwMDAwMDAwLCJ1cGRhdGUiOjEyMDAwMDAwMDAwMH19","dependencies":["module.network_hub.aws_route_table.egress_public","module.network_hub.aws_subnet.egress_public","module.network_hub.aws_vpc.central_egress","module.network_hub.data.aws_availability_zones.available"]}]},{"module":"module.network_hub","mode":"managed","type":"aws_route_table_association","name":"firewall_endpoint","provider":"provider[\"registry.opentofu.org/hashicorp/aws\"]","instances":[{"index_key":0,"schema_version":0,"attributes":{"gateway_id":"","id":"rtbassoc-03a756439e0146aa3","region":"eu-west-1","route_table_id":"rtb-0254f30eb0e55cb01","subnet_id":"subnet-0bfd6a66b6a8bcce1","timeouts":null},"sensitive_attributes":[],"private":"eyJlMmJmYjczMC1lY2FhLTExZTYtOGY4OC0zNDM2M2JjN2M0YzAiOnsiY3JlYXRlIjozMDAwMDAwMDAwMDAsImRlbGV0ZSI6MzAwMDAwMDAwMDAwLCJ1cGRhdGUiOjEyMDAwMDAwMDAwMH19","dependencies":["module.network_hub.aws_route_table.firewall_endpoint","module.network_hub.aws_subnet.firewall_endpoint","module.network_hub.aws_vpc.firewall","module.network_hub.data.aws_availability_zones.available"]},{"index_key":1,"schema_version":0,"attributes":{"gateway_id":"","id":"rtbassoc-0579df7759e00a662","region":"eu-west-1","route_table_id":"rtb-0f41f06d2755d5026","subnet_id":"subnet-0067766ec73313d47","timeouts":null},"sensitive_attributes":[],"private":"eyJlMmJmYjczMC1lY2FhLTExZTYtOGY4OC0zNDM2M2JjN2M0YzAiOnsiY3JlYXRlIjozMDAwMDAwMDAwMDAsImRlbGV0ZSI6MzAwMDAwMDAwMDAwLCJ1cGRhdGUiOjEyMDAwMDAwMDAwMH19","dependencies":["module.network_hub.aws_route_table.firewall_endpoint","module.network_hub.aws_subnet.firewall_endpoint","module.network_hub.aws_vpc.firewall","module.network_hub.data.aws_availability_zones.available"]},{"index_key":2,"schema_version":0,"attributes":{"gateway_id":"","id":"rtbassoc-0b4b7a19ab13e1f38","region":"eu-west-1","route_table_id":"rtb-0b4d986f1e39d667b","subnet_id":"subnet-080cbbc5e22f662bf","timeouts":null},"sensitive_attributes":[],"private":"eyJlMmJmYjczMC1lY2FhLTExZTYtOGY4OC0zNDM2M2JjN2M0YzAiOnsiY3JlYXRlIjozMDAwMDAwMDAwMDAsImRlbGV0ZSI6MzAwMDAwMDAwMDAwLCJ1cGRhdGUiOjEyMDAwMDAwMDAwMH19","dependencies":["module.network_hub.aws_route_table.firewall_endpoint","module.network_hub.aws_subnet.firewall_endpoint","module.network_hub.aws_vpc.firewall","module.network_hub.data.aws_availability_zones.available"]}]},{"module":"module.network_hub","mode":"managed","type":"aws_route_table_association","name":"firewall_tgw","provider":"provider[\"registry.opentofu.org/hashicorp/aws\"]","instances":[{"index_key":0,"schema_version":0,"attributes":{"gateway_id":"","id":"rtbassoc-04dd0c35277680696","region":"eu-west-1","route_table_id":"rtb-04033979497bc8990","subnet_id":"subnet-090215436ae4fb1a5","timeouts":null},"sensitive_attributes":[],"private":"eyJlMmJmYjczMC1lY2FhLTExZTYtOGY4OC0zNDM2M2JjN2M0YzAiOnsiY3JlYXRlIjozMDAwMDAwMDAwMDAsImRlbGV0ZSI6MzAwMDAwMDAwMDAwLCJ1cGRhdGUiOjEyMDAwMDAwMDAwMH19","dependencies":["module.network_hub.aws_route_table.firewall_tgw","module.network_hub.aws_subnet.firewall_tgw","module.network_hub.aws_vpc.firewall","module.network_hub.data.aws_availability_zones.available"]},{"index_key":1,"schema_version":0,"attributes":{"gateway_id":"","id":"rtbassoc-0f23ee6e054012f06","region":"eu-west-1","route_table_id":"rtb-0994e3c53c9104dcb","subnet_id":"subnet-006b51019827ebfa9","timeouts":null},"sensitive_attributes":[],"private":"eyJlMmJmYjczMC1lY2FhLTExZTYtOGY4OC0zNDM2M2JjN2M0YzAiOnsiY3JlYXRlIjozMDAwMDAwMDAwMDAsImRlbGV0ZSI6MzAwMDAwMDAwMDAwLCJ1cGRhdGUiOjEyMDAwMDAwMDAwMH19","dependencies":["module.network_hub.aws_route_table.firewall_tgw","module.network_hub.aws_subnet.firewall_tgw","module.network_hub.aws_vpc.firewall","module.network_hub.data.aws_availability_zones.available"]},{"index_key":2,"schema_version":0,"attributes":{"gateway_id":"","id":"rtbassoc-039a605fbbdebaf02","region":"eu-west-1","route_table_id":"rtb-02c6d2f7ba92e794d","subnet_id":"subnet-05e249fee2f841231","timeouts":null},"sensitive_attributes":[],"private":"eyJlMmJmYjczMC1lY2FhLTExZTYtOGY4OC0zNDM2M2JjN2M0YzAiOnsiY3JlYXRlIjozMDAwMDAwMDAwMDAsImRlbGV0ZSI6MzAwMDAwMDAwMDAwLCJ1cGRhdGUiOjEyMDAwMDAwMDAwMH19","dependencies":["module.network_hub.aws_route_table.firewall_tgw","module.network_hub.aws_subnet.firewall_tgw","module.network_hub.aws_vpc.firewall","module.network_hub.data.aws_availability_zones.available"]}]},{"module":"module.network_hub","mode":"managed","type":"aws_security_group","name":"client_instance","provider":"provider[\"registry.opentofu.org/hashicorp/aws\"]","instances":[{"index_key":0,"schema_version":1,"attributes":{"arn":"arn:aws:ec2:eu-west-1:274363547985:security-group/sg-0d767acb033162b1e","description":"Security group for Client VPC test instance","egress":[{"cidr_blocks":["0.0.0.0/0"],"description":"All outbound traffic","from_port":0,"ipv6_cidr_blocks":[],"prefix_list_ids":[],"protocol":"-1","security_groups":[],"self":false,"to_port":0}],"id":"sg-0d767acb033162b1e","ingress":[{"cidr_blocks":["100.108.0.0/14","100.96.0.0/14","100.104.0.0/14","100.108.0.0/14","100.124.0.0/14"],"description":"ICMP from internal networks","from_port":-1,"ipv6_cidr_blocks":[],"prefix_list_ids":[],"protocol":"icmp","security_groups":[],"self":false,"to_port":-1},{"cidr_blocks":["100.108.0.0/14","100.96.0.0/14","100.104.0.0/14","100.108.0.0/14","100.124.0.0/14"],"description":"SSH from internal networks only","from_port":22,"ipv6_cidr_blocks":[],"prefix_list_ids":[],"protocol":"tcp","security_groups":[],"self":false,"to_port":22}],"name":"network-hub-prod-client-instance-2025091910005562090000000d","name_prefix":"network-hub-prod-client-instance-","owner_id":"274363547985","region":"eu-west-1","revoke_rules_on_delete":false,"tags":{"CardData":"no","Classification":"nonpublic","Environment":"prod","GitURL":"https://gitlab.com/williamhillplc/technical-services/networks/channels-team.git","ManagedBy":"OpenTofu","Migrated":"no","Name":"network-hub-prod-client-instance-sg","Product":"network-hub","Project":"network-hub","Tier":"internal","Type":"security-group","VPC":"client"},"tags_all":{"CardData":"no","Classification":"nonpublic","Environment":"prod","GitURL":"https://gitlab.com/williamhillplc/technical-services/networks/channels-team.git","ManagedBy":"OpenTofu","Migrated":"no","Name":"network-hub-prod-client-instance-sg","Product":"network-hub","Project":"network-hub","Tier":"internal","Type":"security-group","VPC":"client"},"timeouts":null,"vpc_id":"vpc-0d92060b17ac794e3"},"sensitive_attributes":[],"private":"eyJlMmJmYjczMC1lY2FhLTExZTYtOGY4OC0zNDM2M2JjN2M0YzAiOnsiY3JlYXRlIjo2MDAwMDAwMDAwMDAsImRlbGV0ZSI6OTAwMDAwMDAwMDAwfSwic2NoZW1hX3ZlcnNpb24iOiIxIn0=","dependencies":["module.network_hub.aws_vpc.client","module.network_hub.aws_vpc.transit_gateway"]}]},{"module":"module.network_hub","mode":"managed","type":"aws_security_group","name":"tgw_instance","provider":"provider[\"registry.opentofu.org/hashicorp/aws\"]","instances":[{"index_key":0,"schema_version":1,"attributes":{"arn":"arn:aws:ec2:eu-west-1:274363547985:security-group/sg-0432b0275800df114","description":"Security group for TGW test instance","egress":[{"cidr_blocks":["0.0.0.0/0"],"description":"All outbound traffic","from_port":0,"ipv6_cidr_blocks":[],"prefix_list_ids":[],"protocol":"-1","security_groups":[],"self":false,"to_port":0}],"id":"sg-0432b0275800df114","ingress":[{"cidr_blocks":["0.0.0.0/0"],"description":"SSH access for external connectivity","from_port":22,"ipv6_cidr_blocks":[],"prefix_list_ids":[],"protocol":"tcp","security_groups":[],"self":false,"to_port":22},{"cidr_blocks":["100.108.0.0/14","100.96.0.0/14","100.104.0.0/14","100.108.0.0/14","100.124.0.0/14"],"description":"ICMP from internal networks","from_port":-1,"ipv6_cidr_blocks":[],"prefix_list_ids":[],"protocol":"icmp","security_groups":[],"self":false,"to_port":-1}],"name":"network-hub-prod-tgw-instance-2025091910005616990000000e","name_prefix":"network-hub-prod-tgw-instance-","owner_id":"274363547985","region":"eu-west-1","revoke_rules_on_delete":false,"tags":{"CardData":"no","Classification":"nonpublic","Environment":"prod","GitURL":"https://gitlab.com/williamhillplc/technical-services/networks/channels-team.git","ManagedBy":"OpenTofu","Migrated":"no","Name":"network-hub-prod-tgw-instance-sg","Product":"network-hub","Project":"network-hub","Tier":"internal","Type":"security-group","VPC":"transit-gateway"},"tags_all":{"CardData":"no","Classification":"nonpublic","Environment":"prod","GitURL":"https://gitlab.com/williamhillplc/technical-services/networks/channels-team.git","ManagedBy":"OpenTofu","Migrated":"no","Name":"network-hub-prod-tgw-instance-sg","Product":"network-hub","Project":"network-hub","Tier":"internal","Type":"security-group","VPC":"transit-gateway"},"timeouts":null,"vpc_id":"vpc-049706e57c961b3d5"},"sensitive_attributes":[],"private":"eyJlMmJmYjczMC1lY2FhLTExZTYtOGY4OC0zNDM2M2JjN2M0YzAiOnsiY3JlYXRlIjo2MDAwMDAwMDAwMDAsImRlbGV0ZSI6OTAwMDAwMDAwMDAwfSwic2NoZW1hX3ZlcnNpb24iOiIxIn0=","dependencies":["module.network_hub.aws_vpc.client","module.network_hub.aws_vpc.transit_gateway"]}]},{"module":"module.network_hub","mode":"managed","type":"aws_subnet","name":"client_cde","provider":"provider[\"registry.opentofu.org/hashicorp/aws\"]","instances":[{"index_key":0,"schema_version":1,"attributes":{"arn":"arn:aws:ec2:eu-west-1:274363547985:subnet/subnet-04218d2dd7a7b241f","assign_ipv6_address_on_creation":false,"availability_zone":"eu-west-1a","availability_zone_id":"euw1-az2","cidr_block":"100.108.32.0/22","customer_owned_ipv4_pool":"","enable_dns64":false,"enable_lni_at_device_index":0,"enable_resource_name_dns_a_record_on_launch":false,"enable_resource_name_dns_aaaa_record_on_launch":false,"id":"subnet-04218d2dd7a7b241f","ipv6_cidr_block":"","ipv6_cidr_block_association_id":"","ipv6_native":false,"map_customer_owned_ip_on_launch":false,"map_public_ip_on_launch":false,"outpost_arn":"","owner_id":"274363547985","private_dns_hostname_type_on_launch":"ip-name","region":"eu-west-1","tags":{"AZ":"eu-west-1a","CardData":"no","Classification":"nonpublic","Compliance":"required","Environment":"cde","GitURL":"https://gitlab.com/williamhillplc/technical-services/networks/channels-team.git","ManagedBy":"OpenTofu","Migrated":"no","Name":"network-hub-prod-client-cde-subnet-1a","Product":"network-hub","Project":"network-hub","Tier":"internal","Type":"client-cde","VPC":"client"},"tags_all":{"AZ":"eu-west-1a","CardData":"no","Classification":"nonpublic","Compliance":"required","Environment":"cde","GitURL":"https://gitlab.com/williamhillplc/technical-services/networks/channels-team.git","ManagedBy":"OpenTofu","Migrated":"no","Name":"network-hub-prod-client-cde-subnet-1a","Product":"network-hub","Project":"network-hub","Tier":"internal","Type":"client-cde","VPC":"client"},"timeouts":null,"vpc_id":"vpc-0d92060b17ac794e3"},"sensitive_attributes":[],"private":"eyJlMmJmYjczMC1lY2FhLTExZTYtOGY4OC0zNDM2M2JjN2M0YzAiOnsiY3JlYXRlIjo2MDAwMDAwMDAwMDAsImRlbGV0ZSI6MTIwMDAwMDAwMDAwMH0sInNjaGVtYV92ZXJzaW9uIjoiMSJ9","dependencies":["module.network_hub.aws_vpc.client","module.network_hub.data.aws_availability_zones.available"],"create_before_destroy":true},{"index_key":1,"schema_version":1,"attributes":{"arn":"arn:aws:ec2:eu-west-1:274363547985:subnet/subnet-0bb4d385e53425cc6","assign_ipv6_address_on_creation":false,"availability_zone":"eu-west-1b","availability_zone_id":"euw1-az3","cidr_block":"100.108.36.0/22","customer_owned_ipv4_pool":"","enable_dns64":false,"enable_lni_at_device_index":0,"enable_resource_name_dns_a_record_on_launch":false,"enable_resource_name_dns_aaaa_record_on_launch":false,"id":"subnet-0bb4d385e53425cc6","ipv6_cidr_block":"","ipv6_cidr_block_association_id":"","ipv6_native":false,"map_customer_owned_ip_on_launch":false,"map_public_ip_on_launch":false,"outpost_arn":"","owner_id":"274363547985","private_dns_hostname_type_on_launch":"ip-name","region":"eu-west-1","tags":{"AZ":"eu-west-1b","CardData":"no","Classification":"nonpublic","Compliance":"required","Environment":"cde","GitURL":"https://gitlab.com/williamhillplc/technical-services/networks/channels-team.git","ManagedBy":"OpenTofu","Migrated":"no","Name":"network-hub-prod-client-cde-subnet-1b","Product":"network-hub","Project":"network-hub","Tier":"internal","Type":"client-cde","VPC":"client"},"tags_all":{"AZ":"eu-west-1b","CardData":"no","Classification":"nonpublic","Compliance":"required","Environment":"cde","GitURL":"https://gitlab.com/williamhillplc/technical-services/networks/channels-team.git","ManagedBy":"OpenTofu","Migrated":"no","Name":"network-hub-prod-client-cde-subnet-1b","Product":"network-hub","Project":"network-hub","Tier":"internal","Type":"client-cde","VPC":"client"},"timeouts":null,"vpc_id":"vpc-0d92060b17ac794e3"},"sensitive_attributes":[],"private":"eyJlMmJmYjczMC1lY2FhLTExZTYtOGY4OC0zNDM2M2JjN2M0YzAiOnsiY3JlYXRlIjo2MDAwMDAwMDAwMDAsImRlbGV0ZSI6MTIwMDAwMDAwMDAwMH0sInNjaGVtYV92ZXJzaW9uIjoiMSJ9","dependencies":["module.network_hub.aws_vpc.client","module.network_hub.data.aws_availability_zones.available"],"create_before_destroy":true},{"index_key":2,"schema_version":1,"attributes":{"arn":"arn:aws:ec2:eu-west-1:274363547985:subnet/subnet-023108f08ee806566","assign_ipv6_address_on_creation":false,"availability_zone":"eu-west-1c","availability_zone_id":"euw1-az1","cidr_block":"100.108.40.0/22","customer_owned_ipv4_pool":"","enable_dns64":false,"enable_lni_at_device_index":0,"enable_resource_name_dns_a_record_on_launch":false,"enable_resource_name_dns_aaaa_record_on_launch":false,"id":"subnet-023108f08ee806566","ipv6_cidr_block":"","ipv6_cidr_block_association_id":"","ipv6_native":false,"map_customer_owned_ip_on_launch":false,"map_public_ip_on_launch":false,"outpost_arn":"","owner_id":"274363547985","private_dns_hostname_type_on_launch":"ip-name","region":"eu-west-1","tags":{"AZ":"eu-west-1c","CardData":"no","Classification":"nonpublic","Compliance":"required","Environment":"cde","GitURL":"https://gitlab.com/williamhillplc/technical-services/networks/channels-team.git","ManagedBy":"OpenTofu","Migrated":"no","Name":"network-hub-prod-client-cde-subnet-1c","Product":"network-hub","Project":"network-hub","Tier":"internal","Type":"client-cde","VPC":"client"},"tags_all":{"AZ":"eu-west-1c","CardData":"no","Classification":"nonpublic","Compliance":"required","Environment":"cde","GitURL":"https://gitlab.com/williamhillplc/technical-services/networks/channels-team.git","ManagedBy":"OpenTofu","Migrated":"no","Name":"network-hub-prod-client-cde-subnet-1c","Product":"network-hub","Project":"network-hub","Tier":"internal","Type":"client-cde","VPC":"client"},"timeouts":null,"vpc_id":"vpc-0d92060b17ac794e3"},"sensitive_attributes":[],"private":"eyJlMmJmYjczMC1lY2FhLTExZTYtOGY4OC0zNDM2M2JjN2M0YzAiOnsiY3JlYXRlIjo2MDAwMDAwMDAwMDAsImRlbGV0ZSI6MTIwMDAwMDAwMDAwMH0sInNjaGVtYV92ZXJzaW9uIjoiMSJ9","dependencies":["module.network_hub.aws_vpc.client","module.network_hub.data.aws_availability_zones.available"],"create_before_destroy":true}]},{"module":"module.network_hub","mode":"managed","type":"aws_subnet","name":"client_ncde","provider":"provider[\"registry.opentofu.org/hashicorp/aws\"]","instances":[{"index_key":0,"schema_version":1,"attributes":{"arn":"arn:aws:ec2:eu-west-1:274363547985:subnet/subnet-03c19bddc64bbd166","assign_ipv6_address_on_creation":false,"availability_zone":"eu-west-1a","availability_zone_id":"euw1-az2","cidr_block":"100.108.44.0/22","customer_owned_ipv4_pool":"","enable_dns64":false,"enable_lni_at_device_index":0,"enable_resource_name_dns_a_record_on_launch":false,"enable_resource_name_dns_aaaa_record_on_launch":false,"id":"subnet-03c19bddc64bbd166","ipv6_cidr_block":"","ipv6_cidr_block_association_id":"","ipv6_native":false,"map_customer_owned_ip_on_launch":false,"map_public_ip_on_launch":false,"outpost_arn":"","owner_id":"274363547985","private_dns_hostname_type_on_launch":"ip-name","region":"eu-west-1","tags":{"AZ":"eu-west-1a","CardData":"no","Classification":"nonpublic","Compliance":"not-required","Environment":"ncde","GitURL":"https://gitlab.com/williamhillplc/technical-services/networks/channels-team.git","ManagedBy":"OpenTofu","Migrated":"no","Name":"network-hub-prod-client-ncde-subnet-1a","Product":"network-hub","Project":"network-hub","Tier":"internal","Type":"client-ncde","VPC":"client"},"tags_all":{"AZ":"eu-west-1a","CardData":"no","Classification":"nonpublic","Compliance":"not-required","Environment":"ncde","GitURL":"https://gitlab.com/williamhillplc/technical-services/networks/channels-team.git","ManagedBy":"OpenTofu","Migrated":"no","Name":"network-hub-prod-client-ncde-subnet-1a","Product":"network-hub","Project":"network-hub","Tier":"internal","Type":"client-ncde","VPC":"client"},"timeouts":null,"vpc_id":"vpc-0d92060b17ac794e3"},"sensitive_attributes":[],"private":"eyJlMmJmYjczMC1lY2FhLTExZTYtOGY4OC0zNDM2M2JjN2M0YzAiOnsiY3JlYXRlIjo2MDAwMDAwMDAwMDAsImRlbGV0ZSI6MTIwMDAwMDAwMDAwMH0sInNjaGVtYV92ZXJzaW9uIjoiMSJ9","dependencies":["module.network_hub.aws_vpc.client","module.network_hub.data.aws_availability_zones.available"]},{"index_key":1,"schema_version":1,"attributes":{"arn":"arn:aws:ec2:eu-west-1:274363547985:subnet/subnet-090e5fb5064a160c1","assign_ipv6_address_on_creation":false,"availability_zone":"eu-west-1b","availability_zone_id":"euw1-az3","cidr_block":"100.108.48.0/22","customer_owned_ipv4_pool":"","enable_dns64":false,"enable_lni_at_device_index":0,"enable_resource_name_dns_a_record_on_launch":false,"enable_resource_name_dns_aaaa_record_on_launch":false,"id":"subnet-090e5fb5064a160c1","ipv6_cidr_block":"","ipv6_cidr_block_association_id":"","ipv6_native":false,"map_customer_owned_ip_on_launch":false,"map_public_ip_on_launch":false,"outpost_arn":"","owner_id":"274363547985","private_dns_hostname_type_on_launch":"ip-name","region":"eu-west-1","tags":{"AZ":"eu-west-1b","CardData":"no","Classification":"nonpublic","Compliance":"not-required","Environment":"ncde","GitURL":"https://gitlab.com/williamhillplc/technical-services/networks/channels-team.git","ManagedBy":"OpenTofu","Migrated":"no","Name":"network-hub-prod-client-ncde-subnet-1b","Product":"network-hub","Project":"network-hub","Tier":"internal","Type":"client-ncde","VPC":"client"},"tags_all":{"AZ":"eu-west-1b","CardData":"no","Classification":"nonpublic","Compliance":"not-required","Environment":"ncde","GitURL":"https://gitlab.com/williamhillplc/technical-services/networks/channels-team.git","ManagedBy":"OpenTofu","Migrated":"no","Name":"network-hub-prod-client-ncde-subnet-1b","Product":"network-hub","Project":"network-hub","Tier":"internal","Type":"client-ncde","VPC":"client"},"timeouts":null,"vpc_id":"vpc-0d92060b17ac794e3"},"sensitive_attributes":[],"private":"eyJlMmJmYjczMC1lY2FhLTExZTYtOGY4OC0zNDM2M2JjN2M0YzAiOnsiY3JlYXRlIjo2MDAwMDAwMDAwMDAsImRlbGV0ZSI6MTIwMDAwMDAwMDAwMH0sInNjaGVtYV92ZXJzaW9uIjoiMSJ9","dependencies":["module.network_hub.aws_vpc.client","module.network_hub.data.aws_availability_zones.available"]},{"index_key":2,"schema_version":1,"attributes":{"arn":"arn:aws:ec2:eu-west-1:274363547985:subnet/subnet-0535d48f1d44d7915","assign_ipv6_address_on_creation":false,"availability_zone":"eu-west-1c","availability_zone_id":"euw1-az1","cidr_block":"100.108.52.0/22","customer_owned_ipv4_pool":"","enable_dns64":false,"enable_lni_at_device_index":0,"enable_resource_name_dns_a_record_on_launch":false,"enable_resource_name_dns_aaaa_record_on_launch":false,"id":"subnet-0535d48f1d44d7915","ipv6_cidr_block":"","ipv6_cidr_block_association_id":"","ipv6_native":false,"map_customer_owned_ip_on_launch":false,"map_public_ip_on_launch":false,"outpost_arn":"","owner_id":"274363547985","private_dns_hostname_type_on_launch":"ip-name","region":"eu-west-1","tags":{"AZ":"eu-west-1c","CardData":"no","Classification":"nonpublic","Compliance":"not-required","Environment":"ncde","GitURL":"https://gitlab.com/williamhillplc/technical-services/networks/channels-team.git","ManagedBy":"OpenTofu","Migrated":"no","Name":"network-hub-prod-client-ncde-subnet-1c","Product":"network-hub","Project":"network-hub","Tier":"internal","Type":"client-ncde","VPC":"client"},"tags_all":{"AZ":"eu-west-1c","CardData":"no","Classification":"nonpublic","Compliance":"not-required","Environment":"ncde","GitURL":"https://gitlab.com/williamhillplc/technical-services/networks/channels-team.git","ManagedBy":"OpenTofu","Migrated":"no","Name":"network-hub-prod-client-ncde-subnet-1c","Product":"network-hub","Project":"network-hub","Tier":"internal","Type":"client-ncde","VPC":"client"},"timeouts":null,"vpc_id":"vpc-0d92060b17ac794e3"},"sensitive_attributes":[],"private":"eyJlMmJmYjczMC1lY2FhLTExZTYtOGY4OC0zNDM2M2JjN2M0YzAiOnsiY3JlYXRlIjo2MDAwMDAwMDAwMDAsImRlbGV0ZSI6MTIwMDAwMDAwMDAwMH0sInNjaGVtYV92ZXJzaW9uIjoiMSJ9","dependencies":["module.network_hub.aws_vpc.client","module.network_hub.data.aws_availability_zones.available"]}]},{"module":"module.network_hub","mode":"managed","type":"aws_subnet","name":"client_tgw","provider":"provider[\"registry.opentofu.org/hashicorp/aws\"]","instances":[{"index_key":0,"schema_version":1,"attributes":{"arn":"arn:aws:ec2:eu-west-1:274363547985:subnet/subnet-000af58389cbedd72","assign_ipv6_address_on_creation":false,"availability_zone":"eu-west-1a","availability_zone_id":"euw1-az2","cidr_block":"100.108.56.0/28","customer_owned_ipv4_pool":"","enable_dns64":false,"enable_lni_at_device_index":0,"enable_resource_name_dns_a_record_on_launch":false,"enable_resource_name_dns_aaaa_record_on_launch":false,"id":"subnet-000af58389cbedd72","ipv6_cidr_block":"","ipv6_cidr_block_association_id":"","ipv6_native":false,"map_customer_owned_ip_on_launch":false,"map_public_ip_on_launch":false,"outpost_arn":"","owner_id":"274363547985","private_dns_hostname_type_on_launch":"ip-name","region":"eu-west-1","tags":{"AZ":"eu-west-1a","CardData":"no","Classification":"nonpublic","Environment":"prod","GitURL":"https://gitlab.com/williamhillplc/technical-services/networks/channels-team.git","ManagedBy":"OpenTofu","Migrated":"no","Name":"network-hub-prod-client-tgw-subnet-1a","Product":"network-hub","Project":"network-hub","Tier":"internal","Type":"client-tgw","VPC":"client"},"tags_all":{"AZ":"eu-west-1a","CardData":"no","Classification":"nonpublic","Environment":"prod","GitURL":"https://gitlab.com/williamhillplc/technical-services/networks/channels-team.git","ManagedBy":"OpenTofu","Migrated":"no","Name":"network-hub-prod-client-tgw-subnet-1a","Product":"network-hub","Project":"network-hub","Tier":"internal","Type":"client-tgw","VPC":"client"},"timeouts":null,"vpc_id":"vpc-0d92060b17ac794e3"},"sensitive_attributes":[],"private":"eyJlMmJmYjczMC1lY2FhLTExZTYtOGY4OC0zNDM2M2JjN2M0YzAiOnsiY3JlYXRlIjo2MDAwMDAwMDAwMDAsImRlbGV0ZSI6MTIwMDAwMDAwMDAwMH0sInNjaGVtYV92ZXJzaW9uIjoiMSJ9","dependencies":["module.network_hub.aws_vpc.client","module.network_hub.data.aws_availability_zones.available"],"create_before_destroy":true},{"index_key":1,"schema_version":1,"attributes":{"arn":"arn:aws:ec2:eu-west-1:274363547985:subnet/subnet-05b3c06134dcc20ab","assign_ipv6_address_on_creation":false,"availability_zone":"eu-west-1b","availability_zone_id":"euw1-az3","cidr_block":"100.108.56.16/28","customer_owned_ipv4_pool":"","enable_dns64":false,"enable_lni_at_device_index":0,"enable_resource_name_dns_a_record_on_launch":false,"enable_resource_name_dns_aaaa_record_on_launch":false,"id":"subnet-05b3c06134dcc20ab","ipv6_cidr_block":"","ipv6_cidr_block_association_id":"","ipv6_native":false,"map_customer_owned_ip_on_launch":false,"map_public_ip_on_launch":false,"outpost_arn":"","owner_id":"274363547985","private_dns_hostname_type_on_launch":"ip-name","region":"eu-west-1","tags":{"AZ":"eu-west-1b","CardData":"no","Classification":"nonpublic","Environment":"prod","GitURL":"https://gitlab.com/williamhillplc/technical-services/networks/channels-team.git","ManagedBy":"OpenTofu","Migrated":"no","Name":"network-hub-prod-client-tgw-subnet-1b","Product":"network-hub","Project":"network-hub","Tier":"internal","Type":"client-tgw","VPC":"client"},"tags_all":{"AZ":"eu-west-1b","CardData":"no","Classification":"nonpublic","Environment":"prod","GitURL":"https://gitlab.com/williamhillplc/technical-services/networks/channels-team.git","ManagedBy":"OpenTofu","Migrated":"no","Name":"network-hub-prod-client-tgw-subnet-1b","Product":"network-hub","Project":"network-hub","Tier":"internal","Type":"client-tgw","VPC":"client"},"timeouts":null,"vpc_id":"vpc-0d92060b17ac794e3"},"sensitive_attributes":[],"private":"eyJlMmJmYjczMC1lY2FhLTExZTYtOGY4OC0zNDM2M2JjN2M0YzAiOnsiY3JlYXRlIjo2MDAwMDAwMDAwMDAsImRlbGV0ZSI6MTIwMDAwMDAwMDAwMH0sInNjaGVtYV92ZXJzaW9uIjoiMSJ9","dependencies":["module.network_hub.aws_vpc.client","module.network_hub.data.aws_availability_zones.available"],"create_before_destroy":true},{"index_key":2,"schema_version":1,"attributes":{"arn":"arn:aws:ec2:eu-west-1:274363547985:subnet/subnet-04e25c9002dbcec1e","assign_ipv6_address_on_creation":false,"availability_zone":"eu-west-1c","availability_zone_id":"euw1-az1","cidr_block":"100.108.56.32/28","customer_owned_ipv4_pool":"","enable_dns64":false,"enable_lni_at_device_index":0,"enable_resource_name_dns_a_record_on_launch":false,"enable_resource_name_dns_aaaa_record_on_launch":false,"id":"subnet-04e25c9002dbcec1e","ipv6_cidr_block":"","ipv6_cidr_block_association_id":"","ipv6_native":false,"map_customer_owned_ip_on_launch":false,"map_public_ip_on_launch":false,"outpost_arn":"","owner_id":"274363547985","private_dns_hostname_type_on_launch":"ip-name","region":"eu-west-1","tags":{"AZ":"eu-west-1c","CardData":"no","Classification":"nonpublic","Environment":"prod","GitURL":"https://gitlab.com/williamhillplc/technical-services/networks/channels-team.git","ManagedBy":"OpenTofu","Migrated":"no","Name":"network-hub-prod-client-tgw-subnet-1c","Product":"network-hub","Project":"network-hub","Tier":"internal","Type":"client-tgw","VPC":"client"},"tags_all":{"AZ":"eu-west-1c","CardData":"no","Classification":"nonpublic","Environment":"prod","GitURL":"https://gitlab.com/williamhillplc/technical-services/networks/channels-team.git","ManagedBy":"OpenTofu","Migrated":"no","Name":"network-hub-prod-client-tgw-subnet-1c","Product":"network-hub","Project":"network-hub","Tier":"internal","Type":"client-tgw","VPC":"client"},"timeouts":null,"vpc_id":"vpc-0d92060b17ac794e3"},"sensitive_attributes":[],"private":"eyJlMmJmYjczMC1lY2FhLTExZTYtOGY4OC0zNDM2M2JjN2M0YzAiOnsiY3JlYXRlIjo2MDAwMDAwMDAwMDAsImRlbGV0ZSI6MTIwMDAwMDAwMDAwMH0sInNjaGVtYV92ZXJzaW9uIjoiMSJ9","dependencies":["module.network_hub.aws_vpc.client","module.network_hub.data.aws_availability_zones.available"],"create_before_destroy":true}]},{"module":"module.network_hub","mode":"managed","type":"aws_subnet","name":"egress_firewall_endpoint","provider":"provider[\"registry.opentofu.org/hashicorp/aws\"]","instances":[{"index_key":0,"schema_version":1,"attributes":{"arn":"arn:aws:ec2:eu-west-1:274363547985:subnet/subnet-05d2cfd376edd7f60","assign_ipv6_address_on_creation":false,"availability_zone":"eu-west-1a","availability_zone_id":"euw1-az2","cidr_block":"100.108.2.96/28","customer_owned_ipv4_pool":"","enable_dns64":false,"enable_lni_at_device_index":0,"enable_resource_name_dns_a_record_on_launch":false,"enable_resource_name_dns_aaaa_record_on_launch":false,"id":"subnet-05d2cfd376edd7f60","ipv6_cidr_block":"","ipv6_cidr_block_association_id":"","ipv6_native":false,"map_customer_owned_ip_on_launch":false,"map_public_ip_on_launch":false,"outpost_arn":"","owner_id":"274363547985","private_dns_hostname_type_on_launch":"ip-name","region":"eu-west-1","tags":{"AZ":"eu-west-1a","CardData":"no","Classification":"nonpublic","Environment":"prod","GitURL":"https://gitlab.com/williamhillplc/technical-services/networks/channels-team.git","ManagedBy":"OpenTofu","Migrated":"no","Name":"network-hub-prod-egress-fw-endpoint-subnet-1a","Product":"network-hub","Project":"network-hub","Tier":"internal","Type":"egress-firewall-endpoint","VPC":"central-egress"},"tags_all":{"AZ":"eu-west-1a","CardData":"no","Classification":"nonpublic","Environment":"prod","GitURL":"https://gitlab.com/williamhillplc/technical-services/networks/channels-team.git","ManagedBy":"OpenTofu","Migrated":"no","Name":"network-hub-prod-egress-fw-endpoint-subnet-1a","Product":"network-hub","Project":"network-hub","Tier":"internal","Type":"egress-firewall-endpoint","VPC":"central-egress"},"timeouts":null,"vpc_id":"vpc-095401066bff4b647"},"sensitive_attributes":[],"private":"eyJlMmJmYjczMC1lY2FhLTExZTYtOGY4OC0zNDM2M2JjN2M0YzAiOnsiY3JlYXRlIjo2MDAwMDAwMDAwMDAsImRlbGV0ZSI6MTIwMDAwMDAwMDAwMH0sInNjaGVtYV92ZXJzaW9uIjoiMSJ9","dependencies":["module.network_hub.aws_vpc.central_egress","module.network_hub.data.aws_availability_zones.available"]},{"index_key":1,"schema_version":1,"attributes":{"arn":"arn:aws:ec2:eu-west-1:274363547985:subnet/subnet-0c44031d10de5f8ef","assign_ipv6_address_on_creation":false,"availability_zone":"eu-west-1b","availability_zone_id":"euw1-az3","cidr_block":"100.108.2.112/28","customer_owned_ipv4_pool":"","enable_dns64":false,"enable_lni_at_device_index":0,"enable_resource_name_dns_a_record_on_launch":false,"enable_resource_name_dns_aaaa_record_on_launch":false,"id":"subnet-0c44031d10de5f8ef","ipv6_cidr_block":"","ipv6_cidr_block_association_id":"","ipv6_native":false,"map_customer_owned_ip_on_launch":false,"map_public_ip_on_launch":false,"outpost_arn":"","owner_id":"274363547985","private_dns_hostname_type_on_launch":"ip-name","region":"eu-west-1","tags":{"AZ":"eu-west-1b","CardData":"no","Classification":"nonpublic","Environment":"prod","GitURL":"https://gitlab.com/williamhillplc/technical-services/networks/channels-team.git","ManagedBy":"OpenTofu","Migrated":"no","Name":"network-hub-prod-egress-fw-endpoint-subnet-1b","Product":"network-hub","Project":"network-hub","Tier":"internal","Type":"egress-firewall-endpoint","VPC":"central-egress"},"tags_all":{"AZ":"eu-west-1b","CardData":"no","Classification":"nonpublic","Environment":"prod","GitURL":"https://gitlab.com/williamhillplc/technical-services/networks/channels-team.git","ManagedBy":"OpenTofu","Migrated":"no","Name":"network-hub-prod-egress-fw-endpoint-subnet-1b","Product":"network-hub","Project":"network-hub","Tier":"internal","Type":"egress-firewall-endpoint","VPC":"central-egress"},"timeouts":null,"vpc_id":"vpc-095401066bff4b647"},"sensitive_attributes":[],"private":"eyJlMmJmYjczMC1lY2FhLTExZTYtOGY4OC0zNDM2M2JjN2M0YzAiOnsiY3JlYXRlIjo2MDAwMDAwMDAwMDAsImRlbGV0ZSI6MTIwMDAwMDAwMDAwMH0sInNjaGVtYV92ZXJzaW9uIjoiMSJ9","dependencies":["module.network_hub.aws_vpc.central_egress","module.network_hub.data.aws_availability_zones.available"]},{"index_key":2,"schema_version":1,"attributes":{"arn":"arn:aws:ec2:eu-west-1:274363547985:subnet/subnet-01daf5c95b32183da","assign_ipv6_address_on_creation":false,"availability_zone":"eu-west-1c","availability_zone_id":"euw1-az1","cidr_block":"100.108.2.128/28","customer_owned_ipv4_pool":"","enable_dns64":false,"enable_lni_at_device_index":0,"enable_resource_name_dns_a_record_on_launch":false,"enable_resource_name_dns_aaaa_record_on_launch":false,"id":"subnet-01daf5c95b32183da","ipv6_cidr_block":"","ipv6_cidr_block_association_id":"","ipv6_native":false,"map_customer_owned_ip_on_launch":false,"map_public_ip_on_launch":false,"outpost_arn":"","owner_id":"274363547985","private_dns_hostname_type_on_launch":"ip-name","region":"eu-west-1","tags":{"AZ":"eu-west-1c","CardData":"no","Classification":"nonpublic","Environment":"prod","GitURL":"https://gitlab.com/williamhillplc/technical-services/networks/channels-team.git","ManagedBy":"OpenTofu","Migrated":"no","Name":"network-hub-prod-egress-fw-endpoint-subnet-1c","Product":"network-hub","Project":"network-hub","Tier":"internal","Type":"egress-firewall-endpoint","VPC":"central-egress"},"tags_all":{"AZ":"eu-west-1c","CardData":"no","Classification":"nonpublic","Environment":"prod","GitURL":"https://gitlab.com/williamhillplc/technical-services/networks/channels-team.git","ManagedBy":"OpenTofu","Migrated":"no","Name":"network-hub-prod-egress-fw-endpoint-subnet-1c","Product":"network-hub","Project":"network-hub","Tier":"internal","Type":"egress-firewall-endpoint","VPC":"central-egress"},"timeouts":null,"vpc_id":"vpc-095401066bff4b647"},"sensitive_attributes":[],"private":"eyJlMmJmYjczMC1lY2FhLTExZTYtOGY4OC0zNDM2M2JjN2M0YzAiOnsiY3JlYXRlIjo2MDAwMDAwMDAwMDAsImRlbGV0ZSI6MTIwMDAwMDAwMDAwMH0sInNjaGVtYV92ZXJzaW9uIjoiMSJ9","dependencies":["module.network_hub.aws_vpc.central_egress","module.network_hub.data.aws_availability_zones.available"]}]},{"module":"module.network_hub","mode":"managed","type":"aws_subnet","name":"egress_private","provider":"provider[\"registry.opentofu.org/hashicorp/aws\"]","instances":[{"index_key":0,"schema_version":1,"attributes":{"arn":"arn:aws:ec2:eu-west-1:274363547985:subnet/subnet-01b89793468cac154","assign_ipv6_address_on_creation":false,"availability_zone":"eu-west-1a","availability_zone_id":"euw1-az2","cidr_block":"100.108.2.0/28","customer_owned_ipv4_pool":"","enable_dns64":false,"enable_lni_at_device_index":0,"enable_resource_name_dns_a_record_on_launch":false,"enable_resource_name_dns_aaaa_record_on_launch":false,"id":"subnet-01b89793468cac154","ipv6_cidr_block":"","ipv6_cidr_block_association_id":"","ipv6_native":false,"map_customer_owned_ip_on_launch":false,"map_public_ip_on_launch":false,"outpost_arn":"","owner_id":"274363547985","private_dns_hostname_type_on_launch":"ip-name","region":"eu-west-1","tags":{"AZ":"eu-west-1a","CardData":"no","Classification":"nonpublic","Environment":"prod","GitURL":"https://gitlab.com/williamhillplc/technical-services/networks/channels-team.git","ManagedBy":"OpenTofu","Migrated":"no","Name":"network-hub-prod-egress-private-subnet-1a","Product":"network-hub","Project":"network-hub","Tier":"internal","Type":"egress-private","VPC":"central-egress"},"tags_all":{"AZ":"eu-west-1a","CardData":"no","Classification":"nonpublic","Environment":"prod","GitURL":"https://gitlab.com/williamhillplc/technical-services/networks/channels-team.git","ManagedBy":"OpenTofu","Migrated":"no","Name":"network-hub-prod-egress-private-subnet-1a","Product":"network-hub","Project":"network-hub","Tier":"internal","Type":"egress-private","VPC":"central-egress"},"timeouts":null,"vpc_id":"vpc-095401066bff4b647"},"sensitive_attributes":[],"private":"eyJlMmJmYjczMC1lY2FhLTExZTYtOGY4OC0zNDM2M2JjN2M0YzAiOnsiY3JlYXRlIjo2MDAwMDAwMDAwMDAsImRlbGV0ZSI6MTIwMDAwMDAwMDAwMH0sInNjaGVtYV92ZXJzaW9uIjoiMSJ9","dependencies":["module.network_hub.aws_vpc.central_egress","module.network_hub.data.aws_availability_zones.available"]},{"index_key":1,"schema_version":1,"attributes":{"arn":"arn:aws:ec2:eu-west-1:274363547985:subnet/subnet-085bdd2fe7b50dc0d","assign_ipv6_address_on_creation":false,"availability_zone":"eu-west-1b","availability_zone_id":"euw1-az3","cidr_block":"100.108.2.16/28","customer_owned_ipv4_pool":"","enable_dns64":false,"enable_lni_at_device_index":0,"enable_resource_name_dns_a_record_on_launch":false,"enable_resource_name_dns_aaaa_record_on_launch":false,"id":"subnet-085bdd2fe7b50dc0d","ipv6_cidr_block":"","ipv6_cidr_block_association_id":"","ipv6_native":false,"map_customer_owned_ip_on_launch":false,"map_public_ip_on_launch":false,"outpost_arn":"","owner_id":"274363547985","private_dns_hostname_type_on_launch":"ip-name","region":"eu-west-1","tags":{"AZ":"eu-west-1b","CardData":"no","Classification":"nonpublic","Environment":"prod","GitURL":"https://gitlab.com/williamhillplc/technical-services/networks/channels-team.git","ManagedBy":"OpenTofu","Migrated":"no","Name":"network-hub-prod-egress-private-subnet-1b","Product":"network-hub","Project":"network-hub","Tier":"internal","Type":"egress-private","VPC":"central-egress"},"tags_all":{"AZ":"eu-west-1b","CardData":"no","Classification":"nonpublic","Environment":"prod","GitURL":"https://gitlab.com/williamhillplc/technical-services/networks/channels-team.git","ManagedBy":"OpenTofu","Migrated":"no","Name":"network-hub-prod-egress-private-subnet-1b","Product":"network-hub","Project":"network-hub","Tier":"internal","Type":"egress-private","VPC":"central-egress"},"timeouts":null,"vpc_id":"vpc-095401066bff4b647"},"sensitive_attributes":[],"private":"eyJlMmJmYjczMC1lY2FhLTExZTYtOGY4OC0zNDM2M2JjN2M0YzAiOnsiY3JlYXRlIjo2MDAwMDAwMDAwMDAsImRlbGV0ZSI6MTIwMDAwMDAwMDAwMH0sInNjaGVtYV92ZXJzaW9uIjoiMSJ9","dependencies":["module.network_hub.aws_vpc.central_egress","module.network_hub.data.aws_availability_zones.available"]},{"index_key":2,"schema_version":1,"attributes":{"arn":"arn:aws:ec2:eu-west-1:274363547985:subnet/subnet-0d60e3a729e4b4839","assign_ipv6_address_on_creation":false,"availability_zone":"eu-west-1c","availability_zone_id":"euw1-az1","cidr_block":"100.108.2.32/28","customer_owned_ipv4_pool":"","enable_dns64":false,"enable_lni_at_device_index":0,"enable_resource_name_dns_a_record_on_launch":false,"enable_resource_name_dns_aaaa_record_on_launch":false,"id":"subnet-0d60e3a729e4b4839","ipv6_cidr_block":"","ipv6_cidr_block_association_id":"","ipv6_native":false,"map_customer_owned_ip_on_launch":false,"map_public_ip_on_launch":false,"outpost_arn":"","owner_id":"274363547985","private_dns_hostname_type_on_launch":"ip-name","region":"eu-west-1","tags":{"AZ":"eu-west-1c","CardData":"no","Classification":"nonpublic","Environment":"prod","GitURL":"https://gitlab.com/williamhillplc/technical-services/networks/channels-team.git","ManagedBy":"OpenTofu","Migrated":"no","Name":"network-hub-prod-egress-private-subnet-1c","Product":"network-hub","Project":"network-hub","Tier":"internal","Type":"egress-private","VPC":"central-egress"},"tags_all":{"AZ":"eu-west-1c","CardData":"no","Classification":"nonpublic","Environment":"prod","GitURL":"https://gitlab.com/williamhillplc/technical-services/networks/channels-team.git","ManagedBy":"OpenTofu","Migrated":"no","Name":"network-hub-prod-egress-private-subnet-1c","Product":"network-hub","Project":"network-hub","Tier":"internal","Type":"egress-private","VPC":"central-egress"},"timeouts":null,"vpc_id":"vpc-095401066bff4b647"},"sensitive_attributes":[],"private":"eyJlMmJmYjczMC1lY2FhLTExZTYtOGY4OC0zNDM2M2JjN2M0YzAiOnsiY3JlYXRlIjo2MDAwMDAwMDAwMDAsImRlbGV0ZSI6MTIwMDAwMDAwMDAwMH0sInNjaGVtYV92ZXJzaW9uIjoiMSJ9","dependencies":["module.network_hub.aws_vpc.central_egress","module.network_hub.data.aws_availability_zones.available"]}]},{"module":"module.network_hub","mode":"managed","type":"aws_subnet","name":"egress_public","provider":"provider[\"registry.opentofu.org/hashicorp/aws\"]","instances":[{"index_key":0,"schema_version":1,"attributes":{"arn":"arn:aws:ec2:eu-west-1:274363547985:subnet/subnet-02b9b1d18f2ba7d14","assign_ipv6_address_on_creation":false,"availability_zone":"eu-west-1a","availability_zone_id":"euw1-az2","cidr_block":"100.108.2.48/28","customer_owned_ipv4_pool":"","enable_dns64":false,"enable_lni_at_device_index":0,"enable_resource_name_dns_a_record_on_launch":false,"enable_resource_name_dns_aaaa_record_on_launch":false,"id":"subnet-02b9b1d18f2ba7d14","ipv6_cidr_block":"","ipv6_cidr_block_association_id":"","ipv6_native":false,"map_customer_owned_ip_on_launch":false,"map_public_ip_on_launch":true,"outpost_arn":"","owner_id":"274363547985","private_dns_hostname_type_on_launch":"ip-name","region":"eu-west-1","tags":{"AZ":"eu-west-1a","CardData":"no","Classification":"nonpublic","Environment":"prod","GitURL":"https://gitlab.com/williamhillplc/technical-services/networks/channels-team.git","ManagedBy":"OpenTofu","Migrated":"no","Name":"network-hub-prod-egress-public-subnet-1a","Product":"network-hub","Project":"network-hub","Tier":"internal","Type":"egress-public","VPC":"central-egress"},"tags_all":{"AZ":"eu-west-1a","CardData":"no","Classification":"nonpublic","Environment":"prod","GitURL":"https://gitlab.com/williamhillplc/technical-services/networks/channels-team.git","ManagedBy":"OpenTofu","Migrated":"no","Name":"network-hub-prod-egress-public-subnet-1a","Product":"network-hub","Project":"network-hub","Tier":"internal","Type":"egress-public","VPC":"central-egress"},"timeouts":null,"vpc_id":"vpc-095401066bff4b647"},"sensitive_attributes":[],"private":"eyJlMmJmYjczMC1lY2FhLTExZTYtOGY4OC0zNDM2M2JjN2M0YzAiOnsiY3JlYXRlIjo2MDAwMDAwMDAwMDAsImRlbGV0ZSI6MTIwMDAwMDAwMDAwMH0sInNjaGVtYV92ZXJzaW9uIjoiMSJ9","dependencies":["module.network_hub.aws_vpc.central_egress","module.network_hub.data.aws_availability_zones.available"]},{"index_key":1,"schema_version":1,"attributes":{"arn":"arn:aws:ec2:eu-west-1:274363547985:subnet/subnet-0cf1816bca1fa2b50","assign_ipv6_address_on_creation":false,"availability_zone":"eu-west-1b","availability_zone_id":"euw1-az3","cidr_block":"100.108.2.64/28","customer_owned_ipv4_pool":"","enable_dns64":false,"enable_lni_at_device_index":0,"enable_resource_name_dns_a_record_on_launch":false,"enable_resource_name_dns_aaaa_record_on_launch":false,"id":"subnet-0cf1816bca1fa2b50","ipv6_cidr_block":"","ipv6_cidr_block_association_id":"","ipv6_native":false,"map_customer_owned_ip_on_launch":false,"map_public_ip_on_launch":true,"outpost_arn":"","owner_id":"274363547985","private_dns_hostname_type_on_launch":"ip-name","region":"eu-west-1","tags":{"AZ":"eu-west-1b","CardData":"no","Classification":"nonpublic","Environment":"prod","GitURL":"https://gitlab.com/williamhillplc/technical-services/networks/channels-team.git","ManagedBy":"OpenTofu","Migrated":"no","Name":"network-hub-prod-egress-public-subnet-1b","Product":"network-hub","Project":"network-hub","Tier":"internal","Type":"egress-public","VPC":"central-egress"},"tags_all":{"AZ":"eu-west-1b","CardData":"no","Classification":"nonpublic","Environment":"prod","GitURL":"https://gitlab.com/williamhillplc/technical-services/networks/channels-team.git","ManagedBy":"OpenTofu","Migrated":"no","Name":"network-hub-prod-egress-public-subnet-1b","Product":"network-hub","Project":"network-hub","Tier":"internal","Type":"egress-public","VPC":"central-egress"},"timeouts":null,"vpc_id":"vpc-095401066bff4b647"},"sensitive_attributes":[],"private":"eyJlMmJmYjczMC1lY2FhLTExZTYtOGY4OC0zNDM2M2JjN2M0YzAiOnsiY3JlYXRlIjo2MDAwMDAwMDAwMDAsImRlbGV0ZSI6MTIwMDAwMDAwMDAwMH0sInNjaGVtYV92ZXJzaW9uIjoiMSJ9","dependencies":["module.network_hub.aws_vpc.central_egress","module.network_hub.data.aws_availability_zones.available"]},{"index_key":2,"schema_version":1,"attributes":{"arn":"arn:aws:ec2:eu-west-1:274363547985:subnet/subnet-045c4554ad99fd872","assign_ipv6_address_on_creation":false,"availability_zone":"eu-west-1c","availability_zone_id":"euw1-az1","cidr_block":"100.108.2.80/28","customer_owned_ipv4_pool":"","enable_dns64":false,"enable_lni_at_device_index":0,"enable_resource_name_dns_a_record_on_launch":false,"enable_resource_name_dns_aaaa_record_on_launch":false,"id":"subnet-045c4554ad99fd872","ipv6_cidr_block":"","ipv6_cidr_block_association_id":"","ipv6_native":false,"map_customer_owned_ip_on_launch":false,"map_public_ip_on_launch":true,"outpost_arn":"","owner_id":"274363547985","private_dns_hostname_type_on_launch":"ip-name","region":"eu-west-1","tags":{"AZ":"eu-west-1c","CardData":"no","Classification":"nonpublic","Environment":"prod","GitURL":"https://gitlab.com/williamhillplc/technical-services/networks/channels-team.git","ManagedBy":"OpenTofu","Migrated":"no","Name":"network-hub-prod-egress-public-subnet-1c","Product":"network-hub","Project":"network-hub","Tier":"internal","Type":"egress-public","VPC":"central-egress"},"tags_all":{"AZ":"eu-west-1c","CardData":"no","Classification":"nonpublic","Environment":"prod","GitURL":"https://gitlab.com/williamhillplc/technical-services/networks/channels-team.git","ManagedBy":"OpenTofu","Migrated":"no","Name":"network-hub-prod-egress-public-subnet-1c","Product":"network-hub","Project":"network-hub","Tier":"internal","Type":"egress-public","VPC":"central-egress"},"timeouts":null,"vpc_id":"vpc-095401066bff4b647"},"sensitive_attributes":[],"private":"eyJlMmJmYjczMC1lY2FhLTExZTYtOGY4OC0zNDM2M2JjN2M0YzAiOnsiY3JlYXRlIjo2MDAwMDAwMDAwMDAsImRlbGV0ZSI6MTIwMDAwMDAwMDAwMH0sInNjaGVtYV92ZXJzaW9uIjoiMSJ9","dependencies":["module.network_hub.aws_vpc.central_egress","module.network_hub.data.aws_availability_zones.available"]}]},{"module":"module.network_hub","mode":"managed","type":"aws_subnet","name":"firewall_endpoint","provider":"provider[\"registry.opentofu.org/hashicorp/aws\"]","instances":[{"index_key":0,"schema_version":1,"attributes":{"arn":"arn:aws:ec2:eu-west-1:274363547985:subnet/subnet-0bfd6a66b6a8bcce1","assign_ipv6_address_on_creation":false,"availability_zone":"eu-west-1a","availability_zone_id":"euw1-az2","cidr_block":"100.108.1.0/28","customer_owned_ipv4_pool":"","enable_dns64":false,"enable_lni_at_device_index":0,"enable_resource_name_dns_a_record_on_launch":false,"enable_resource_name_dns_aaaa_record_on_launch":false,"id":"subnet-0bfd6a66b6a8bcce1","ipv6_cidr_block":"","ipv6_cidr_block_association_id":"","ipv6_native":false,"map_customer_owned_ip_on_launch":false,"map_public_ip_on_launch":false,"outpost_arn":"","owner_id":"274363547985","private_dns_hostname_type_on_launch":"ip-name","region":"eu-west-1","tags":{"AZ":"eu-west-1a","CardData":"no","Classification":"nonpublic","Environment":"prod","GitURL":"https://gitlab.com/williamhillplc/technical-services/networks/channels-team.git","ManagedBy":"OpenTofu","Migrated":"no","Name":"network-hub-prod-fw-endpoint-subnet-1a","Product":"network-hub","Project":"network-hub","Tier":"internal","Type":"firewall-endpoint","VPC":"firewall"},"tags_all":{"AZ":"eu-west-1a","CardData":"no","Classification":"nonpublic","Environment":"prod","GitURL":"https://gitlab.com/williamhillplc/technical-services/networks/channels-team.git","ManagedBy":"OpenTofu","Migrated":"no","Name":"network-hub-prod-fw-endpoint-subnet-1a","Product":"network-hub","Project":"network-hub","Tier":"internal","Type":"firewall-endpoint","VPC":"firewall"},"timeouts":null,"vpc_id":"vpc-053b98debe53c2d7f"},"sensitive_attributes":[],"private":"eyJlMmJmYjczMC1lY2FhLTExZTYtOGY4OC0zNDM2M2JjN2M0YzAiOnsiY3JlYXRlIjo2MDAwMDAwMDAwMDAsImRlbGV0ZSI6MTIwMDAwMDAwMDAwMH0sInNjaGVtYV92ZXJzaW9uIjoiMSJ9","dependencies":["module.network_hub.aws_vpc.firewall","module.network_hub.data.aws_availability_zones.available"]},{"index_key":1,"schema_version":1,"attributes":{"arn":"arn:aws:ec2:eu-west-1:274363547985:subnet/subnet-0067766ec73313d47","assign_ipv6_address_on_creation":false,"availability_zone":"eu-west-1b","availability_zone_id":"euw1-az3","cidr_block":"100.108.1.16/28","customer_owned_ipv4_pool":"","enable_dns64":false,"enable_lni_at_device_index":0,"enable_resource_name_dns_a_record_on_launch":false,"enable_resource_name_dns_aaaa_record_on_launch":false,"id":"subnet-0067766ec73313d47","ipv6_cidr_block":"","ipv6_cidr_block_association_id":"","ipv6_native":false,"map_customer_owned_ip_on_launch":false,"map_public_ip_on_launch":false,"outpost_arn":"","owner_id":"274363547985","private_dns_hostname_type_on_launch":"ip-name","region":"eu-west-1","tags":{"AZ":"eu-west-1b","CardData":"no","Classification":"nonpublic","Environment":"prod","GitURL":"https://gitlab.com/williamhillplc/technical-services/networks/channels-team.git","ManagedBy":"OpenTofu","Migrated":"no","Name":"network-hub-prod-fw-endpoint-subnet-1b","Product":"network-hub","Project":"network-hub","Tier":"internal","Type":"firewall-endpoint","VPC":"firewall"},"tags_all":{"AZ":"eu-west-1b","CardData":"no","Classification":"nonpublic","Environment":"prod","GitURL":"https://gitlab.com/williamhillplc/technical-services/networks/channels-team.git","ManagedBy":"OpenTofu","Migrated":"no","Name":"network-hub-prod-fw-endpoint-subnet-1b","Product":"network-hub","Project":"network-hub","Tier":"internal","Type":"firewall-endpoint","VPC":"firewall"},"timeouts":null,"vpc_id":"vpc-053b98debe53c2d7f"},"sensitive_attributes":[],"private":"eyJlMmJmYjczMC1lY2FhLTExZTYtOGY4OC0zNDM2M2JjN2M0YzAiOnsiY3JlYXRlIjo2MDAwMDAwMDAwMDAsImRlbGV0ZSI6MTIwMDAwMDAwMDAwMH0sInNjaGVtYV92ZXJzaW9uIjoiMSJ9","dependencies":["module.network_hub.aws_vpc.firewall","module.network_hub.data.aws_availability_zones.available"]},{"index_key":2,"schema_version":1,"attributes":{"arn":"arn:aws:ec2:eu-west-1:274363547985:subnet/subnet-080cbbc5e22f662bf","assign_ipv6_address_on_creation":false,"availability_zone":"eu-west-1c","availability_zone_id":"euw1-az1","cidr_block":"100.108.1.32/28","customer_owned_ipv4_pool":"","enable_dns64":false,"enable_lni_at_device_index":0,"enable_resource_name_dns_a_record_on_launch":false,"enable_resource_name_dns_aaaa_record_on_launch":false,"id":"subnet-080cbbc5e22f662bf","ipv6_cidr_block":"","ipv6_cidr_block_association_id":"","ipv6_native":false,"map_customer_owned_ip_on_launch":false,"map_public_ip_on_launch":false,"outpost_arn":"","owner_id":"274363547985","private_dns_hostname_type_on_launch":"ip-name","region":"eu-west-1","tags":{"AZ":"eu-west-1c","CardData":"no","Classification":"nonpublic","Environment":"prod","GitURL":"https://gitlab.com/williamhillplc/technical-services/networks/channels-team.git","ManagedBy":"OpenTofu","Migrated":"no","Name":"network-hub-prod-fw-endpoint-subnet-1c","Product":"network-hub","Project":"network-hub","Tier":"internal","Type":"firewall-endpoint","VPC":"firewall"},"tags_all":{"AZ":"eu-west-1c","CardData":"no","Classification":"nonpublic","Environment":"prod","GitURL":"https://gitlab.com/williamhillplc/technical-services/networks/channels-team.git","ManagedBy":"OpenTofu","Migrated":"no","Name":"network-hub-prod-fw-endpoint-subnet-1c","Product":"network-hub","Project":"network-hub","Tier":"internal","Type":"firewall-endpoint","VPC":"firewall"},"timeouts":null,"vpc_id":"vpc-053b98debe53c2d7f"},"sensitive_attributes":[],"private":"eyJlMmJmYjczMC1lY2FhLTExZTYtOGY4OC0zNDM2M2JjN2M0YzAiOnsiY3JlYXRlIjo2MDAwMDAwMDAwMDAsImRlbGV0ZSI6MTIwMDAwMDAwMDAwMH0sInNjaGVtYV92ZXJzaW9uIjoiMSJ9","dependencies":["module.network_hub.aws_vpc.firewall","module.network_hub.data.aws_availability_zones.available"]}]},{"module":"module.network_hub","mode":"managed","type":"aws_subnet","name":"firewall_tgw","provider":"provider[\"registry.opentofu.org/hashicorp/aws\"]","instances":[{"index_key":0,"schema_version":1,"attributes":{"arn":"arn:aws:ec2:eu-west-1:274363547985:subnet/subnet-090215436ae4fb1a5","assign_ipv6_address_on_creation":false,"availability_zone":"eu-west-1a","availability_zone_id":"euw1-az2","cidr_block":"100.108.1.48/28","customer_owned_ipv4_pool":"","enable_dns64":false,"enable_lni_at_device_index":0,"enable_resource_name_dns_a_record_on_launch":false,"enable_resource_name_dns_aaaa_record_on_launch":false,"id":"subnet-090215436ae4fb1a5","ipv6_cidr_block":"","ipv6_cidr_block_association_id":"","ipv6_native":false,"map_customer_owned_ip_on_launch":false,"map_public_ip_on_launch":false,"outpost_arn":"","owner_id":"274363547985","private_dns_hostname_type_on_launch":"ip-name","region":"eu-west-1","tags":{"AZ":"eu-west-1a","CardData":"no","Classification":"nonpublic","Environment":"prod","GitURL":"https://gitlab.com/williamhillplc/technical-services/networks/channels-team.git","ManagedBy":"OpenTofu","Migrated":"no","Name":"network-hub-prod-fw-tgw-subnet-1a","Product":"network-hub","Project":"network-hub","Tier":"internal","Type":"firewall-tgw","VPC":"firewall"},"tags_all":{"AZ":"eu-west-1a","CardData":"no","Classification":"nonpublic","Environment":"prod","GitURL":"https://gitlab.com/williamhillplc/technical-services/networks/channels-team.git","ManagedBy":"OpenTofu","Migrated":"no","Name":"network-hub-prod-fw-tgw-subnet-1a","Product":"network-hub","Project":"network-hub","Tier":"internal","Type":"firewall-tgw","VPC":"firewall"},"timeouts":null,"vpc_id":"vpc-053b98debe53c2d7f"},"sensitive_attributes":[],"private":"eyJlMmJmYjczMC1lY2FhLTExZTYtOGY4OC0zNDM2M2JjN2M0YzAiOnsiY3JlYXRlIjo2MDAwMDAwMDAwMDAsImRlbGV0ZSI6MTIwMDAwMDAwMDAwMH0sInNjaGVtYV92ZXJzaW9uIjoiMSJ9","dependencies":["module.network_hub.aws_vpc.firewall","module.network_hub.data.aws_availability_zones.available"]},{"index_key":1,"schema_version":1,"attributes":{"arn":"arn:aws:ec2:eu-west-1:274363547985:subnet/subnet-006b51019827ebfa9","assign_ipv6_address_on_creation":false,"availability_zone":"eu-west-1b","availability_zone_id":"euw1-az3","cidr_block":"100.108.1.64/28","customer_owned_ipv4_pool":"","enable_dns64":false,"enable_lni_at_device_index":0,"enable_resource_name_dns_a_record_on_launch":false,"enable_resource_name_dns_aaaa_record_on_launch":false,"id":"subnet-006b51019827ebfa9","ipv6_cidr_block":"","ipv6_cidr_block_association_id":"","ipv6_native":false,"map_customer_owned_ip_on_launch":false,"map_public_ip_on_launch":false,"outpost_arn":"","owner_id":"274363547985","private_dns_hostname_type_on_launch":"ip-name","region":"eu-west-1","tags":{"AZ":"eu-west-1b","CardData":"no","Classification":"nonpublic","Environment":"prod","GitURL":"https://gitlab.com/williamhillplc/technical-services/networks/channels-team.git","ManagedBy":"OpenTofu","Migrated":"no","Name":"network-hub-prod-fw-tgw-subnet-1b","Product":"network-hub","Project":"network-hub","Tier":"internal","Type":"firewall-tgw","VPC":"firewall"},"tags_all":{"AZ":"eu-west-1b","CardData":"no","Classification":"nonpublic","Environment":"prod","GitURL":"https://gitlab.com/williamhillplc/technical-services/networks/channels-team.git","ManagedBy":"OpenTofu","Migrated":"no","Name":"network-hub-prod-fw-tgw-subnet-1b","Product":"network-hub","Project":"network-hub","Tier":"internal","Type":"firewall-tgw","VPC":"firewall"},"timeouts":null,"vpc_id":"vpc-053b98debe53c2d7f"},"sensitive_attributes":[],"private":"eyJlMmJmYjczMC1lY2FhLTExZTYtOGY4OC0zNDM2M2JjN2M0YzAiOnsiY3JlYXRlIjo2MDAwMDAwMDAwMDAsImRlbGV0ZSI6MTIwMDAwMDAwMDAwMH0sInNjaGVtYV92ZXJzaW9uIjoiMSJ9","dependencies":["module.network_hub.aws_vpc.firewall","module.network_hub.data.aws_availability_zones.available"]},{"index_key":2,"schema_version":1,"attributes":{"arn":"arn:aws:ec2:eu-west-1:274363547985:subnet/subnet-05e249fee2f841231","assign_ipv6_address_on_creation":false,"availability_zone":"eu-west-1c","availability_zone_id":"euw1-az1","cidr_block":"100.108.1.80/28","customer_owned_ipv4_pool":"","enable_dns64":false,"enable_lni_at_device_index":0,"enable_resource_name_dns_a_record_on_launch":false,"enable_resource_name_dns_aaaa_record_on_launch":false,"id":"subnet-05e249fee2f841231","ipv6_cidr_block":"","ipv6_cidr_block_association_id":"","ipv6_native":false,"map_customer_owned_ip_on_launch":false,"map_public_ip_on_launch":false,"outpost_arn":"","owner_id":"274363547985","private_dns_hostname_type_on_launch":"ip-name","region":"eu-west-1","tags":{"AZ":"eu-west-1c","CardData":"no","Classification":"nonpublic","Environment":"prod","GitURL":"https://gitlab.com/williamhillplc/technical-services/networks/channels-team.git","ManagedBy":"OpenTofu","Migrated":"no","Name":"network-hub-prod-fw-tgw-subnet-1c","Product":"network-hub","Project":"network-hub","Tier":"internal","Type":"firewall-tgw","VPC":"firewall"},"tags_all":{"AZ":"eu-west-1c","CardData":"no","Classification":"nonpublic","Environment":"prod","GitURL":"https://gitlab.com/williamhillplc/technical-services/networks/channels-team.git","ManagedBy":"OpenTofu","Migrated":"no","Name":"network-hub-prod-fw-tgw-subnet-1c","Product":"network-hub","Project":"network-hub","Tier":"internal","Type":"firewall-tgw","VPC":"firewall"},"timeouts":null,"vpc_id":"vpc-053b98debe53c2d7f"},"sensitive_attributes":[],"private":"eyJlMmJmYjczMC1lY2FhLTExZTYtOGY4OC0zNDM2M2JjN2M0YzAiOnsiY3JlYXRlIjo2MDAwMDAwMDAwMDAsImRlbGV0ZSI6MTIwMDAwMDAwMDAwMH0sInNjaGVtYV92ZXJzaW9uIjoiMSJ9","dependencies":["module.network_hub.aws_vpc.firewall","module.network_hub.data.aws_availability_zones.available"]}]},{"module":"module.network_hub","mode":"managed","type":"aws_subnet","name":"transit_gateway","provider":"provider[\"registry.opentofu.org/hashicorp/aws\"]","instances":[{"index_key":0,"schema_version":1,"attributes":{"arn":"arn:aws:ec2:eu-west-1:274363547985:subnet/subnet-08186d7309203bbc3","assign_ipv6_address_on_creation":false,"availability_zone":"eu-west-1a","availability_zone_id":"euw1-az2","cidr_block":"100.108.0.0/28","customer_owned_ipv4_pool":"","enable_dns64":false,"enable_lni_at_device_index":0,"enable_resource_name_dns_a_record_on_launch":false,"enable_resource_name_dns_aaaa_record_on_launch":false,"id":"subnet-08186d7309203bbc3","ipv6_cidr_block":"","ipv6_cidr_block_association_id":"","ipv6_native":false,"map_customer_owned_ip_on_launch":false,"map_public_ip_on_launch":false,"outpost_arn":"","owner_id":"274363547985","private_dns_hostname_type_on_launch":"ip-name","region":"eu-west-1","tags":{"AZ":"eu-west-1a","CardData":"no","Classification":"nonpublic","Environment":"prod","GitURL":"https://gitlab.com/williamhillplc/technical-services/networks/channels-team.git","ManagedBy":"OpenTofu","Migrated":"no","Name":"network-hub-prod-tgw-subnet-1a","Product":"network-hub","Project":"network-hub","Tier":"internal","Type":"transit-gateway","VPC":"transit-gateway"},"tags_all":{"AZ":"eu-west-1a","CardData":"no","Classification":"nonpublic","Environment":"prod","GitURL":"https://gitlab.com/williamhillplc/technical-services/networks/channels-team.git","ManagedBy":"OpenTofu","Migrated":"no","Name":"network-hub-prod-tgw-subnet-1a","Product":"network-hub","Project":"network-hub","Tier":"internal","Type":"transit-gateway","VPC":"transit-gateway"},"timeouts":null,"vpc_id":"vpc-049706e57c961b3d5"},"sensitive_attributes":[],"private":"eyJlMmJmYjczMC1lY2FhLTExZTYtOGY4OC0zNDM2M2JjN2M0YzAiOnsiY3JlYXRlIjo2MDAwMDAwMDAwMDAsImRlbGV0ZSI6MTIwMDAwMDAwMDAwMH0sInNjaGVtYV92ZXJzaW9uIjoiMSJ9","dependencies":["module.network_hub.aws_vpc.transit_gateway","module.network_hub.data.aws_availability_zones.available"],"create_before_destroy":true},{"index_key":1,"schema_version":1,"attributes":{"arn":"arn:aws:ec2:eu-west-1:274363547985:subnet/subnet-0b8ee906a050b624c","assign_ipv6_address_on_creation":false,"availability_zone":"eu-west-1b","availability_zone_id":"euw1-az3","cidr_block":"100.108.0.16/28","customer_owned_ipv4_pool":"","enable_dns64":false,"enable_lni_at_device_index":0,"enable_resource_name_dns_a_record_on_launch":false,"enable_resource_name_dns_aaaa_record_on_launch":false,"id":"subnet-0b8ee906a050b624c","ipv6_cidr_block":"","ipv6_cidr_block_association_id":"","ipv6_native":false,"map_customer_owned_ip_on_launch":false,"map_public_ip_on_launch":false,"outpost_arn":"","owner_id":"274363547985","private_dns_hostname_type_on_launch":"ip-name","region":"eu-west-1","tags":{"AZ":"eu-west-1b","CardData":"no","Classification":"nonpublic","Environment":"prod","GitURL":"https://gitlab.com/williamhillplc/technical-services/networks/channels-team.git","ManagedBy":"OpenTofu","Migrated":"no","Name":"network-hub-prod-tgw-subnet-1b","Product":"network-hub","Project":"network-hub","Tier":"internal","Type":"transit-gateway","VPC":"transit-gateway"},"tags_all":{"AZ":"eu-west-1b","CardData":"no","Classification":"nonpublic","Environment":"prod","GitURL":"https://gitlab.com/williamhillplc/technical-services/networks/channels-team.git","ManagedBy":"OpenTofu","Migrated":"no","Name":"network-hub-prod-tgw-subnet-1b","Product":"network-hub","Project":"network-hub","Tier":"internal","Type":"transit-gateway","VPC":"transit-gateway"},"timeouts":null,"vpc_id":"vpc-049706e57c961b3d5"},"sensitive_attributes":[],"private":"eyJlMmJmYjczMC1lY2FhLTExZTYtOGY4OC0zNDM2M2JjN2M0YzAiOnsiY3JlYXRlIjo2MDAwMDAwMDAwMDAsImRlbGV0ZSI6MTIwMDAwMDAwMDAwMH0sInNjaGVtYV92ZXJzaW9uIjoiMSJ9","dependencies":["module.network_hub.aws_vpc.transit_gateway","module.network_hub.data.aws_availability_zones.available"],"create_before_destroy":true},{"index_key":2,"schema_version":1,"attributes":{"arn":"arn:aws:ec2:eu-west-1:274363547985:subnet/subnet-07781d341d0fadaba","assign_ipv6_address_on_creation":false,"availability_zone":"eu-west-1c","availability_zone_id":"euw1-az1","cidr_block":"100.108.0.32/28","customer_owned_ipv4_pool":"","enable_dns64":false,"enable_lni_at_device_index":0,"enable_resource_name_dns_a_record_on_launch":false,"enable_resource_name_dns_aaaa_record_on_launch":false,"id":"subnet-07781d341d0fadaba","ipv6_cidr_block":"","ipv6_cidr_block_association_id":"","ipv6_native":false,"map_customer_owned_ip_on_launch":false,"map_public_ip_on_launch":false,"outpost_arn":"","owner_id":"274363547985","private_dns_hostname_type_on_launch":"ip-name","region":"eu-west-1","tags":{"AZ":"eu-west-1c","CardData":"no","Classification":"nonpublic","Environment":"prod","GitURL":"https://gitlab.com/williamhillplc/technical-services/networks/channels-team.git","ManagedBy":"OpenTofu","Migrated":"no","Name":"network-hub-prod-tgw-subnet-1c","Product":"network-hub","Project":"network-hub","Tier":"internal","Type":"transit-gateway","VPC":"transit-gateway"},"tags_all":{"AZ":"eu-west-1c","CardData":"no","Classification":"nonpublic","Environment":"prod","GitURL":"https://gitlab.com/williamhillplc/technical-services/networks/channels-team.git","ManagedBy":"OpenTofu","Migrated":"no","Name":"network-hub-prod-tgw-subnet-1c","Product":"network-hub","Project":"network-hub","Tier":"internal","Type":"transit-gateway","VPC":"transit-gateway"},"timeouts":null,"vpc_id":"vpc-049706e57c961b3d5"},"sensitive_attributes":[],"private":"eyJlMmJmYjczMC1lY2FhLTExZTYtOGY4OC0zNDM2M2JjN2M0YzAiOnsiY3JlYXRlIjo2MDAwMDAwMDAwMDAsImRlbGV0ZSI6MTIwMDAwMDAwMDAwMH0sInNjaGVtYV92ZXJzaW9uIjoiMSJ9","dependencies":["module.network_hub.aws_vpc.transit_gateway","module.network_hub.data.aws_availability_zones.available"],"create_before_destroy":true}]},{"module":"module.network_hub","mode":"managed","type":"aws_vpc","name":"central_egress","provider":"provider[\"registry.opentofu.org/hashicorp/aws\"]","instances":[{"schema_version":1,"attributes":{"arn":"arn:aws:ec2:eu-west-1:274363547985:vpc/vpc-095401066bff4b647","assign_generated_ipv6_cidr_block":false,"cidr_block":"100.108.2.0/24","default_network_acl_id":"acl-0ff8925f0bf15ed49","default_route_table_id":"rtb-0bc61829f88a6f950","default_security_group_id":"sg-09723f347de3715ca","dhcp_options_id":"dopt-0f5c6e607a2a3bb8e","enable_dns_hostnames":true,"enable_dns_support":true,"enable_network_address_usage_metrics":false,"id":"vpc-095401066bff4b647","instance_tenancy":"default","ipv4_ipam_pool_id":null,"ipv4_netmask_length":null,"ipv6_association_id":"","ipv6_cidr_block":"","ipv6_cidr_block_network_border_group":"","ipv6_ipam_pool_id":"","ipv6_netmask_length":0,"main_route_table_id":"rtb-0bc61829f88a6f950","owner_id":"274363547985","region":"eu-west-1","tags":{"CardData":"no","Classification":"nonpublic","Environment":"prod","GitURL":"https://gitlab.com/williamhillplc/technical-services/networks/channels-team.git","ManagedBy":"OpenTofu","Migrated":"no","Name":"network-hub-prod-egress-vpc","Product":"network-hub","Project":"network-hub","Purpose":"Centralized internet connectivity","Tier":"internal","Type":"central-egress"},"tags_all":{"CardData":"no","Classification":"nonpublic","Environment":"prod","GitURL":"https://gitlab.com/williamhillplc/technical-services/networks/channels-team.git","ManagedBy":"OpenTofu","Migrated":"no","Name":"network-hub-prod-egress-vpc","Product":"network-hub","Project":"network-hub","Purpose":"Centralized internet connectivity","Tier":"internal","Type":"central-egress"}},"sensitive_attributes":[],"private":"eyJzY2hlbWFfdmVyc2lvbiI6IjEifQ=="}]},{"module":"module.network_hub","mode":"managed","type":"aws_vpc","name":"client","provider":"provider[\"registry.opentofu.org/hashicorp/aws\"]","instances":[{"schema_version":1,"attributes":{"arn":"arn:aws:ec2:eu-west-1:274363547985:vpc/vpc-0d92060b17ac794e3","assign_generated_ipv6_cidr_block":false,"cidr_block":"100.108.32.0/19","default_network_acl_id":"acl-0350ac6f69a3facf4","default_route_table_id":"rtb-01ae6102c89134a35","default_security_group_id":"sg-0f29130611e1bc72b","dhcp_options_id":"dopt-0f5c6e607a2a3bb8e","enable_dns_hostnames":true,"enable_dns_support":true,"enable_network_address_usage_metrics":false,"id":"vpc-0d92060b17ac794e3","instance_tenancy":"default","ipv4_ipam_pool_id":null,"ipv4_netmask_length":null,"ipv6_association_id":"","ipv6_cidr_block":"","ipv6_cidr_block_network_border_group":"","ipv6_ipam_pool_id":"","ipv6_netmask_length":0,"main_route_table_id":"rtb-01ae6102c89134a35","owner_id":"274363547985","region":"eu-west-1","tags":{"CardData":"no","Classification":"nonpublic","Environment":"prod","GitURL":"https://gitlab.com/williamhillplc/technical-services/networks/channels-team.git","ManagedBy":"OpenTofu","Migrated":"no","Name":"network-hub-prod-client-vpc","Product":"network-hub","Project":"network-hub","Purpose":"Application workloads and data environments","Tier":"internal","Type":"client"},"tags_all":{"CardData":"no","Classification":"nonpublic","Environment":"prod","GitURL":"https://gitlab.com/williamhillplc/technical-services/networks/channels-team.git","ManagedBy":"OpenTofu","Migrated":"no","Name":"network-hub-prod-client-vpc","Product":"network-hub","Project":"network-hub","Purpose":"Application workloads and data environments","Tier":"internal","Type":"client"}},"sensitive_attributes":[],"private":"eyJzY2hlbWFfdmVyc2lvbiI6IjEifQ==","create_before_destroy":true}]},{"module":"module.network_hub","mode":"managed","type":"aws_vpc","name":"firewall","provider":"provider[\"registry.opentofu.org/hashicorp/aws\"]","instances":[{"schema_version":1,"attributes":{"arn":"arn:aws:ec2:eu-west-1:274363547985:vpc/vpc-053b98debe53c2d7f","assign_generated_ipv6_cidr_block":false,"cidr_block":"100.108.1.0/24","default_network_acl_id":"acl-07bdf9861e6f25510","default_route_table_id":"rtb-056f573ea8b82a90b","default_security_group_id":"sg-0638813176f9a11ee","dhcp_options_id":"dopt-0f5c6e607a2a3bb8e","enable_dns_hostnames":true,"enable_dns_support":true,"enable_network_address_usage_metrics":false,"id":"vpc-053b98debe53c2d7f","instance_tenancy":"default","ipv4_ipam_pool_id":null,"ipv4_netmask_length":null,"ipv6_association_id":"","ipv6_cidr_block":"","ipv6_cidr_block_network_border_group":"","ipv6_ipam_pool_id":"","ipv6_netmask_length":0,"main_route_table_id":"rtb-056f573ea8b82a90b","owner_id":"274363547985","region":"eu-west-1","tags":{"CardData":"no","Classification":"nonpublic","Environment":"prod","GitURL":"https://gitlab.com/williamhillplc/technical-services/networks/channels-team.git","ManagedBy":"OpenTofu","Migrated":"no","Name":"network-hub-prod-firewall-vpc","Product":"network-hub","Project":"network-hub","Purpose":"Network security and traffic inspection","Tier":"internal","Type":"firewall"},"tags_all":{"CardData":"no","Classification":"nonpublic","Environment":"prod","GitURL":"https://gitlab.com/williamhillplc/technical-services/networks/channels-team.git","ManagedBy":"OpenTofu","Migrated":"no","Name":"network-hub-prod-firewall-vpc","Product":"network-hub","Project":"network-hub","Purpose":"Network security and traffic inspection","Tier":"internal","Type":"firewall"}},"sensitive_attributes":[],"private":"eyJzY2hlbWFfdmVyc2lvbiI6IjEifQ=="}]},{"module":"module.network_hub","mode":"managed","type":"aws_vpc","name":"transit_gateway","provider":"provider[\"registry.opentofu.org/hashicorp/aws\"]","instances":[{"schema_version":1,"attributes":{"arn":"arn:aws:ec2:eu-west-1:274363547985:vpc/vpc-049706e57c961b3d5","assign_generated_ipv6_cidr_block":false,"cidr_block":"100.108.0.0/24","default_network_acl_id":"acl-02a808c9afbb4010f","default_route_table_id":"rtb-0b48fb41a0cb24603","default_security_group_id":"sg-0d395e2a3d5154c3c","dhcp_options_id":"dopt-0f5c6e607a2a3bb8e","enable_dns_hostnames":true,"enable_dns_support":true,"enable_network_address_usage_metrics":false,"id":"vpc-049706e57c961b3d5","instance_tenancy":"default","ipv4_ipam_pool_id":null,"ipv4_netmask_length":null,"ipv6_association_id":"","ipv6_cidr_block":"","ipv6_cidr_block_network_border_group":"","ipv6_ipam_pool_id":"","ipv6_netmask_length":0,"main_route_table_id":"rtb-0b48fb41a0cb24603","owner_id":"274363547985","region":"eu-west-1","tags":{"CardData":"no","Classification":"nonpublic","Environment":"prod","GitURL":"https://gitlab.com/williamhillplc/technical-services/networks/channels-team.git","ManagedBy":"OpenTofu","Migrated":"no","Name":"network-hub-prod-tgw-vpc","Product":"network-hub","Project":"network-hub","Purpose":"Management and external access point","Tier":"internal","Type":"transit-gateway"},"tags_all":{"CardData":"no","Classification":"nonpublic","Environment":"prod","GitURL":"https://gitlab.com/williamhillplc/technical-services/networks/channels-team.git","ManagedBy":"OpenTofu","Migrated":"no","Name":"network-hub-prod-tgw-vpc","Product":"network-hub","Project":"network-hub","Purpose":"Management and external access point","Tier":"internal","Type":"transit-gateway"}},"sensitive_attributes":[],"private":"eyJzY2hlbWFfdmVyc2lvbiI6IjEifQ==","create_before_destroy":true}]},{"module":"module.network_hub","mode":"managed","type":"awscc_networkfirewall_vpc_endpoint_association","name":"egress","provider":"provider[\"registry.opentofu.org/hashicorp/awscc\"]","instances":[{"index_key":"0","schema_version":1,"attributes":{"description":null,"endpoint_id":"vpce-06a1beb714b328d67","firewall_arn":"arn:aws:network-firewall:eu-west-1:274363547985:firewall/network-hub-prod-network-firewall","id":"arn:aws:network-firewall:eu-west-1:274363547985:vpc-endpoint-association/fe2e9a51-d30b-3e46-acc0-a29649645d35","subnet_mapping":{"ip_address_type":"IPV4","subnet_id":"subnet-05d2cfd376edd7f60"},"tags":[{"key":"CardData","value":"no"},{"key":"Classification","value":"nonpublic"},{"key":"Environment","value":"prod"},{"key":"GitURL","value":"https://gitlab.com/williamhillplc/technical-services/networks/channels-team.git"},{"key":"ManagedBy","value":"OpenTofu"},{"key":"Migrated","value":"no"},{"key":"Name","value":"network-hub-prod-egress-fw-endpoint-0"},{"key":"Product","value":"network-hub"},{"key":"Project","value":"network-hub"},{"key":"Tier","value":"internal"}],"vpc_endpoint_association_arn":"arn:aws:network-firewall:eu-west-1:274363547985:vpc-endpoint-association/fe2e9a51-d30b-3e46-acc0-a29649645d35","vpc_endpoint_association_id":"f69fbad9-dc37-4969-9dfd-6c91e9ebc8ef","vpc_id":"vpc-095401066bff4b647"},"sensitive_attributes":[],"dependencies":["module.network_hub.aws_networkfirewall_firewall.main","module.network_hub.aws_networkfirewall_firewall_policy.main","module.network_hub.aws_networkfirewall_rule_group.domain_allowlist","module.network_hub.aws_networkfirewall_rule_group.ip_rules","module.network_hub.aws_subnet.egress_firewall_endpoint","module.network_hub.aws_subnet.firewall_endpoint","module.network_hub.aws_vpc.central_egress","module.network_hub.aws_vpc.firewall","module.network_hub.data.aws_availability_zones.available"]},{"index_key":"1","schema_version":1,"attributes":{"description":null,"endpoint_id":"vpce-0848e18726034be18","firewall_arn":"arn:aws:network-firewall:eu-west-1:274363547985:firewall/network-hub-prod-network-firewall","id":"arn:aws:network-firewall:eu-west-1:274363547985:vpc-endpoint-association/da69617d-25fe-31ab-8db3-e3e6ecbd41c8","subnet_mapping":{"ip_address_type":"IPV4","subnet_id":"subnet-0c44031d10de5f8ef"},"tags":[{"key":"CardData","value":"no"},{"key":"Classification","value":"nonpublic"},{"key":"Environment","value":"prod"},{"key":"GitURL","value":"https://gitlab.com/williamhillplc/technical-services/networks/channels-team.git"},{"key":"ManagedBy","value":"OpenTofu"},{"key":"Migrated","value":"no"},{"key":"Name","value":"network-hub-prod-egress-fw-endpoint-1"},{"key":"Product","value":"network-hub"},{"key":"Project","value":"network-hub"},{"key":"Tier","value":"internal"}],"vpc_endpoint_association_arn":"arn:aws:network-firewall:eu-west-1:274363547985:vpc-endpoint-association/da69617d-25fe-31ab-8db3-e3e6ecbd41c8","vpc_endpoint_association_id":"4020fb02-ab0e-4bee-99b0-f9e10132dde5","vpc_id":"vpc-095401066bff4b647"},"sensitive_attributes":[],"dependencies":["module.network_hub.aws_networkfirewall_firewall.main","module.network_hub.aws_networkfirewall_firewall_policy.main","module.network_hub.aws_networkfirewall_rule_group.domain_allowlist","module.network_hub.aws_networkfirewall_rule_group.ip_rules","module.network_hub.aws_subnet.egress_firewall_endpoint","module.network_hub.aws_subnet.firewall_endpoint","module.network_hub.aws_vpc.central_egress","module.network_hub.aws_vpc.firewall","module.network_hub.data.aws_availability_zones.available"]},{"index_key":"2","schema_version":1,"attributes":{"description":null,"endpoint_id":"vpce-0dbbddcba988c626f","firewall_arn":"arn:aws:network-firewall:eu-west-1:274363547985:firewall/network-hub-prod-network-firewall","id":"arn:aws:network-firewall:eu-west-1:274363547985:vpc-endpoint-association/965ad869-03b7-372d-bb56-a605595fe75f","subnet_mapping":{"ip_address_type":"IPV4","subnet_id":"subnet-01daf5c95b32183da"},"tags":[{"key":"CardData","value":"no"},{"key":"Classification","value":"nonpublic"},{"key":"Environment","value":"prod"},{"key":"GitURL","value":"https://gitlab.com/williamhillplc/technical-services/networks/channels-team.git"},{"key":"ManagedBy","value":"OpenTofu"},{"key":"Migrated","value":"no"},{"key":"Name","value":"network-hub-prod-egress-fw-endpoint-2"},{"key":"Product","value":"network-hub"},{"key":"Project","value":"network-hub"},{"key":"Tier","value":"internal"}],"vpc_endpoint_association_arn":"arn:aws:network-firewall:eu-west-1:274363547985:vpc-endpoint-association/965ad869-03b7-372d-bb56-a605595fe75f","vpc_endpoint_association_id":"81da7c21-9fb7-4a95-908a-8b0726a95a15","vpc_id":"vpc-095401066bff4b647"},"sensitive_attributes":[],"dependencies":["module.network_hub.aws_networkfirewall_firewall.main","module.network_hub.aws_networkfirewall_firewall_policy.main","module.network_hub.aws_networkfirewall_rule_group.domain_allowlist","module.network_hub.aws_networkfirewall_rule_group.ip_rules","module.network_hub.aws_subnet.egress_firewall_endpoint","module.network_hub.aws_subnet.firewall_endpoint","module.network_hub.aws_vpc.central_egress","module.network_hub.aws_vpc.firewall","module.network_hub.data.aws_availability_zones.available"]}]}],"check_results":[{"object_kind":"resource","config_addr":"module.network_hub.aws_ec2_transit_gateway_peering_attachment_accepter.from_nonprod_to_prod","status":"pass","objects":[{"object_addr":"module.network_hub.aws_ec2_transit_gateway_peering_attachment_accepter.from_nonprod_to_prod[0]","status":"pass"}]},{"object_kind":"resource","config_addr":"module.network_hub.aws_ec2_transit_gateway_peering_attachment_accepter.from_dev_to_nonprod","status":"pass","objects":null},{"object_kind":"var","config_addr":"module.network_hub.var.environment_ip_rules","status":"pass","objects":[{"object_addr":"module.network_hub.var.environment_ip_rules","status":"pass"}]}]}
