{"version":4,"terraform_version":"1.10.3","serial":20,"lineage":"e15a231f-e739-8a83-128c-cfd33cdc696b","outputs":{"client_subnet_allocation":{"value":{"cde_subnets":["100.124.32.0/22","100.124.36.0/22","100.124.40.0/22"],"ncde_subnets":["100.124.44.0/22","100.124.48.0/22","100.124.52.0/22"],"tgw_subnets":["100.124.56.0/28","100.124.56.16/28","100.124.56.32/28"]},"type":["object",{"cde_subnets":["tuple",["string","string","string"]],"ncde_subnets":["tuple",["string","string","string"]],"tgw_subnets":["tuple",["string","string","string"]]}]},"elastic_ip_addresses":{"value":["34.198.129.173","3.223.39.42","54.160.216.1"],"type":["tuple",["string","string","string"]]},"firewall_details":{"value":{"arn":"arn:aws:network-firewall:us-east-1:492597629650:firewall/network-hub-prod-network-firewall","endpoints":[{"attachment":[{"endpoint_id":"vpce-0369b3979ffd198ec","subnet_id":"subnet-0dd35d6fcbe4e9930"}],"availability_zone":"us-east-1a"},{"attachment":[{"endpoint_id":"vpce-04888c608e44c1183","subnet_id":"subnet-075916d30b3160742"}],"availability_zone":"us-east-1b"},{"attachment":[{"endpoint_id":"vpce-0efa8f93557e72b82","subnet_id":"subnet-0b9cee9767f6b5924"}],"availability_zone":"us-east-1c"}],"id":"arn:aws:network-firewall:us-east-1:492597629650:firewall/network-hub-prod-network-firewall","policy_arn":"arn:aws:network-firewall:us-east-1:492597629650:firewall-policy/network-hub-prod-firewall-policy","policy_id":"arn:aws:network-firewall:us-east-1:492597629650:firewall-policy/network-hub-prod-firewall-policy"},"type":["object",{"arn":"string","endpoints":["set",["object",{"attachment":["list",["object",{"endpoint_id":"string","subnet_id":"string"}]],"availability_zone":"string"}]],"id":"string","policy_arn":"string","policy_id":"string"}]},"firewall_endpoints":{"value":[{"attachment":[{"endpoint_id":"vpce-0369b3979ffd198ec","subnet_id":"subnet-0dd35d6fcbe4e9930"}],"availability_zone":"us-east-1a"},{"attachment":[{"endpoint_id":"vpce-04888c608e44c1183","subnet_id":"subnet-075916d30b3160742"}],"availability_zone":"us-east-1b"},{"attachment":[{"endpoint_id":"vpce-0efa8f93557e72b82","subnet_id":"subnet-0b9cee9767f6b5924"}],"availability_zone":"us-east-1c"}],"type":["set",["object",{"attachment":["list",["object",{"endpoint_id":"string","subnet_id":"string"}]],"availability_zone":"string"}]]},"firewall_id":{"value":"arn:aws:network-firewall:us-east-1:492597629650:firewall/network-hub-prod-network-firewall","type":"string"},"firewall_policy_id":{"value":"arn:aws:network-firewall:us-east-1:492597629650:firewall-policy/network-hub-prod-firewall-policy","type":"string"},"internet_connectivity":{"value":{"elastic_ips":["34.198.129.173","3.223.39.42","54.160.216.1"],"internet_gateways":{"central_egress":"igw-0707abfbf5ea9bcd9","transit_gateway":"igw-0d85eea24c090c9e7"},"nat_gateways":{"us-east-1a":{"id":"nat-07de851c9a3404566","public_ip":"34.198.129.173","subnet_id":"subnet-0e829259a3215ac9a"},"us-east-1b":{"id":"nat-0fb538f7f3c174ba0","public_ip":"3.223.39.42","subnet_id":"subnet-0041058d6bcb42486"},"us-east-1c":{"id":"nat-058d6f4173097aa49","public_ip":"54.160.216.1","subnet_id":"subnet-07ce82c7232ffd93c"}}},"type":["object",{"elastic_ips":["tuple",["string","string","string"]],"internet_gateways":["object",{"central_egress":"string","transit_gateway":"string"}],"nat_gateways":["object",{"us-east-1a":["object",{"id":"string","public_ip":"string","subnet_id":"string"}],"us-east-1b":["object",{"id":"string","public_ip":"string","subnet_id":"string"}],"us-east-1c":["object",{"id":"string","public_ip":"string","subnet_id":"string"}]}]}]},"internet_gateway_ids":{"value":{"central_egress":"igw-0707abfbf5ea9bcd9","transit_gateway":"igw-0d85eea24c090c9e7"},"type":["object",{"central_egress":"string","transit_gateway":"string"}]},"nat_gateway_ids":{"value":["nat-07de851c9a3404566","nat-0fb538f7f3c174ba0","nat-058d6f4173097aa49"],"type":["tuple",["string","string","string"]]},"network_summary":{"value":{"availability_zones":["us-east-1a","us-east-1b","us-east-1c"],"environment":"prod","features":{"firewall_enabled":true,"ram_sharing_enabled":true,"test_instances_enabled":true},"project_name":"network-hub","region":"us-east-1","subnet_counts":{"cde_subnets":3,"ncde_subnets":3,"tgw_subnets":3,"total_subnets":27},"vpc_cidrs":{"central_egress":"100.124.2.0/24","client":"100.124.32.0/19","firewall":"100.124.1.0/24","transit_gateway":"100.124.0.0/24"},"vpc_count":4},"type":["object",{"availability_zones":["list","string"],"environment":"string","features":["object",{"firewall_enabled":"bool","ram_sharing_enabled":"bool","test_instances_enabled":"bool"}],"project_name":"string","region":"string","subnet_counts":["object",{"cde_subnets":"number","ncde_subnets":"number","tgw_subnets":"number","total_subnets":"number"}],"vpc_cidrs":["object",{"central_egress":"string","client":"string","firewall":"string","transit_gateway":"string"}],"vpc_count":"number"}]},"quick_access":{"value":{"firewall_id":"arn:aws:network-firewall:us-east-1:492597629650:firewall/network-hub-prod-network-firewall","nat_gateway_ips":["34.198.129.173","3.223.39.42","54.160.216.1"],"test_instance_ssh":{"client_instance":"ssh -i do_us_test.pem ec2-user@100.124.33.76","tgw_instance":"ssh -i do_us_test.pem ec2-user@54.80.199.17"},"transit_gateway_id":"tgw-0c01dd5c2967bcdd5","vpc_ids":{"central_egress":"vpc-05a370ae46699a489","client":"vpc-081f378ab142bf855","firewall":"vpc-0b2fbd3ae7ef58ddc","transit_gateway":"vpc-0db7cec3157dcffd2"}},"type":["object",{"firewall_id":"string","nat_gateway_ips":["tuple",["string","string","string"]],"test_instance_ssh":["object",{"client_instance":"string","tgw_instance":"string"}],"transit_gateway_id":"string","vpc_ids":["object",{"central_egress":"string","client":"string","firewall":"string","transit_gateway":"string"}]}]},"ram_share_details":{"value":{"organization_arn":"arn:aws:organizations::703671905140:organization/o-kv10f7crlv","share_arn":"arn:aws:ram:us-east-1:492597629650:resource-share/af0405c4-8080-4c90-96b0-02f12a966b82","share_id":"arn:aws:ram:us-east-1:492597629650:resource-share/af0405c4-8080-4c90-96b0-02f12a966b82","share_name":"network-hub-prod-tgw-share"},"type":["object",{"organization_arn":"string","share_arn":"string","share_id":"string","share_name":"string"}]},"security_group_ids":{"value":{"client_instance_sg":"sg-08c7955d61476f3d3","tgw_instance_sg":"sg-0a71b262757b45ec3"},"type":["object",{"client_instance_sg":"string","tgw_instance_sg":"string"}]},"subnet_cidrs":{"value":{"client_cde":["100.124.32.0/22","100.124.36.0/22","100.124.40.0/22"],"client_ncde":["100.124.44.0/22","100.124.48.0/22","100.124.52.0/22"],"client_tgw":["100.124.56.0/28","100.124.56.16/28","100.124.56.32/28"],"egress_private":["100.124.2.0/28","100.124.2.16/28","100.124.2.32/28"],"egress_public":["100.124.2.48/28","100.124.2.64/28","100.124.2.80/28"],"firewall_endpoint":["100.124.1.0/28","100.124.1.16/28","100.124.1.32/28"],"firewall_tgw":["100.124.1.48/28","100.124.1.64/28","100.124.1.80/28"],"transit_gateway":["100.124.0.0/28","100.124.0.16/28","100.124.0.32/28"]},"type":["object",{"client_cde":["tuple",["string","string","string"]],"client_ncde":["tuple",["string","string","string"]],"client_tgw":["tuple",["string","string","string"]],"egress_private":["tuple",["string","string","string"]],"egress_public":["tuple",["string","string","string"]],"firewall_endpoint":["tuple",["string","string","string"]],"firewall_tgw":["tuple",["string","string","string"]],"transit_gateway":["tuple",["string","string","string"]]}]},"subnet_details":{"value":{"central_egress":{"firewall_endpoint":{"0":{"availability_zone":"us-east-1a","cidr_block":"100.124.2.96/28","id":"subnet-0de0c3c0b3ca248f4"},"1":{"availability_zone":"us-east-1b","cidr_block":"100.124.2.112/28","id":"subnet-08a1a540de8f01d8e"},"2":{"availability_zone":"us-east-1c","cidr_block":"100.124.2.128/28","id":"subnet-0cee06a0b591185f7"}},"private":{"0":{"availability_zone":"us-east-1a","cidr_block":"100.124.2.0/28","id":"subnet-0f7755cf11d6edae1"},"1":{"availability_zone":"us-east-1b","cidr_block":"100.124.2.16/28","id":"subnet-04b04a48b0e67802e"},"2":{"availability_zone":"us-east-1c","cidr_block":"100.124.2.32/28","id":"subnet-07fb5d81d1e087719"}},"public":{"0":{"availability_zone":"us-east-1a","cidr_block":"100.124.2.48/28","id":"subnet-0e829259a3215ac9a"},"1":{"availability_zone":"us-east-1b","cidr_block":"100.124.2.64/28","id":"subnet-0041058d6bcb42486"},"2":{"availability_zone":"us-east-1c","cidr_block":"100.124.2.80/28","id":"subnet-07ce82c7232ffd93c"}}},"client":{"cde":{"0":{"availability_zone":"us-east-1a","cidr_block":"100.124.32.0/22","id":"subnet-0eba8378f20bfa60b"},"1":{"availability_zone":"us-east-1b","cidr_block":"100.124.36.0/22","id":"subnet-0dadc82777e16c995"},"2":{"availability_zone":"us-east-1c","cidr_block":"100.124.40.0/22","id":"subnet-0896c655b031b5428"}},"ncde":{"0":{"availability_zone":"us-east-1a","cidr_block":"100.124.44.0/22","id":"subnet-0f398d32f12be1a12"},"1":{"availability_zone":"us-east-1b","cidr_block":"100.124.48.0/22","id":"subnet-06ac0148180f8f2e5"},"2":{"availability_zone":"us-east-1c","cidr_block":"100.124.52.0/22","id":"subnet-0234718d5b922cfae"}},"tgw":{"0":{"availability_zone":"us-east-1a","cidr_block":"100.124.56.0/28","id":"subnet-0804c63ee7b10e18b"},"1":{"availability_zone":"us-east-1b","cidr_block":"100.124.56.16/28","id":"subnet-01ca040693de1d951"},"2":{"availability_zone":"us-east-1c","cidr_block":"100.124.56.32/28","id":"subnet-0eeb24cbc37240175"}}},"firewall":{"endpoint":{"0":{"availability_zone":"us-east-1a","cidr_block":"100.124.1.0/28","id":"subnet-0dd35d6fcbe4e9930"},"1":{"availability_zone":"us-east-1b","cidr_block":"100.124.1.16/28","id":"subnet-075916d30b3160742"},"2":{"availability_zone":"us-east-1c","cidr_block":"100.124.1.32/28","id":"subnet-0b9cee9767f6b5924"}},"tgw":{"0":{"availability_zone":"us-east-1a","cidr_block":"100.124.1.48/28","id":"subnet-0fab6ea88d3a00253"},"1":{"availability_zone":"us-east-1b","cidr_block":"100.124.1.64/28","id":"subnet-0e5445b0f68b9c8fc"},"2":{"availability_zone":"us-east-1c","cidr_block":"100.124.1.80/28","id":"subnet-081bee5ccaf8a34db"}}},"transit_gateway":{"0":{"availability_zone":"us-east-1a","cidr_block":"100.124.0.0/28","id":"subnet-07d53c1f3ee8ca703"},"1":{"availability_zone":"us-east-1b","cidr_block":"100.124.0.16/28","id":"subnet-0306ea0d7146a20e8"},"2":{"availability_zone":"us-east-1c","cidr_block":"100.124.0.32/28","id":"subnet-022e43f62e169bf85"}}},"type":["object",{"central_egress":["object",{"firewall_endpoint":["object",{"0":["object",{"availability_zone":"string","cidr_block":"string","id":"string"}],"1":["object",{"availability_zone":"string","cidr_block":"string","id":"string"}],"2":["object",{"availability_zone":"string","cidr_block":"string","id":"string"}]}],"private":["object",{"0":["object",{"availability_zone":"string","cidr_block":"string","id":"string"}],"1":["object",{"availability_zone":"string","cidr_block":"string","id":"string"}],"2":["object",{"availability_zone":"string","cidr_block":"string","id":"string"}]}],"public":["object",{"0":["object",{"availability_zone":"string","cidr_block":"string","id":"string"}],"1":["object",{"availability_zone":"string","cidr_block":"string","id":"string"}],"2":["object",{"availability_zone":"string","cidr_block":"string","id":"string"}]}]}],"client":["object",{"cde":["object",{"0":["object",{"availability_zone":"string","cidr_block":"string","id":"string"}],"1":["object",{"availability_zone":"string","cidr_block":"string","id":"string"}],"2":["object",{"availability_zone":"string","cidr_block":"string","id":"string"}]}],"ncde":["object",{"0":["object",{"availability_zone":"string","cidr_block":"string","id":"string"}],"1":["object",{"availability_zone":"string","cidr_block":"string","id":"string"}],"2":["object",{"availability_zone":"string","cidr_block":"string","id":"string"}]}],"tgw":["object",{"0":["object",{"availability_zone":"string","cidr_block":"string","id":"string"}],"1":["object",{"availability_zone":"string","cidr_block":"string","id":"string"}],"2":["object",{"availability_zone":"string","cidr_block":"string","id":"string"}]}]}],"firewall":["object",{"endpoint":["object",{"0":["object",{"availability_zone":"string","cidr_block":"string","id":"string"}],"1":["object",{"availability_zone":"string","cidr_block":"string","id":"string"}],"2":["object",{"availability_zone":"string","cidr_block":"string","id":"string"}]}],"tgw":["object",{"0":["object",{"availability_zone":"string","cidr_block":"string","id":"string"}],"1":["object",{"availability_zone":"string","cidr_block":"string","id":"string"}],"2":["object",{"availability_zone":"string","cidr_block":"string","id":"string"}]}]}],"transit_gateway":["object",{"0":["object",{"availability_zone":"string","cidr_block":"string","id":"string"}],"1":["object",{"availability_zone":"string","cidr_block":"string","id":"string"}],"2":["object",{"availability_zone":"string","cidr_block":"string","id":"string"}]}]}]},"subnet_ids":{"value":{"client_cde":["subnet-0eba8378f20bfa60b","subnet-0dadc82777e16c995","subnet-0896c655b031b5428"],"client_ncde":["subnet-0f398d32f12be1a12","subnet-06ac0148180f8f2e5","subnet-0234718d5b922cfae"],"client_tgw":["subnet-0804c63ee7b10e18b","subnet-01ca040693de1d951","subnet-0eeb24cbc37240175"],"egress_private":["subnet-0f7755cf11d6edae1","subnet-04b04a48b0e67802e","subnet-07fb5d81d1e087719"],"egress_public":["subnet-0e829259a3215ac9a","subnet-0041058d6bcb42486","subnet-07ce82c7232ffd93c"],"firewall_endpoint":["subnet-0dd35d6fcbe4e9930","subnet-075916d30b3160742","subnet-0b9cee9767f6b5924"],"firewall_tgw":["subnet-0fab6ea88d3a00253","subnet-0e5445b0f68b9c8fc","subnet-081bee5ccaf8a34db"],"transit_gateway":["subnet-07d53c1f3ee8ca703","subnet-0306ea0d7146a20e8","subnet-022e43f62e169bf85"]},"type":["object",{"client_cde":["tuple",["string","string","string"]],"client_ncde":["tuple",["string","string","string"]],"client_tgw":["tuple",["string","string","string"]],"egress_private":["tuple",["string","string","string"]],"egress_public":["tuple",["string","string","string"]],"firewall_endpoint":["tuple",["string","string","string"]],"firewall_tgw":["tuple",["string","string","string"]],"transit_gateway":["tuple",["string","string","string"]]}]},"test_instance_security_groups":{"value":{"client_instance_sg":"sg-08c7955d61476f3d3","tgw_instance_sg":"sg-0a71b262757b45ec3"},"type":["object",{"client_instance_sg":"string","tgw_instance_sg":"string"}]},"test_instances":{"value":{"client_instance":{"access_note":"Access via TGW instance or VPN - no public IP","availability_zone":"us-east-1a","id":"i-07c87eba6540549fc","private_ip":"100.124.33.76","ssh_command":"ssh -i do_us_test.pem ec2-user@100.124.33.76","subnet_id":"subnet-0eba8378f20bfa60b"},"tgw_instance":{"availability_zone":"us-east-1a","id":"i-08a2ca161e60d0b35","private_ip":"100.124.0.10","public_ip":"54.80.199.17","ssh_command":"ssh -i do_us_test.pem ec2-user@54.80.199.17","subnet_id":"subnet-07d53c1f3ee8ca703"}},"type":["object",{"client_instance":["object",{"access_note":"string","availability_zone":"string","id":"string","private_ip":"string","ssh_command":"string","subnet_id":"string"}],"tgw_instance":["object",{"availability_zone":"string","id":"string","private_ip":"string","public_ip":"string","ssh_command":"string","subnet_id":"string"}]}]},"tgw_route_table_ids":{"value":{"main":"tgw-rtb-022b05a0b6402a729"},"type":["object",{"main":"string"}]},"tgw_vpc_attachments":{"value":{"central_egress":"tgw-attach-088277030d9bbabe3","client":"tgw-attach-0661e50fd8ad90f5c","firewall":"tgw-attach-0e399ffe1f448d62d","transit_gateway":"tgw-attach-0b6f32adc8bc74439"},"type":["object",{"central_egress":"string","client":"string","firewall":"string","transit_gateway":"string"}]},"transit_gateway_details":{"value":{"arn":"arn:aws:ec2:us-east-1:492597629650:transit-gateway/tgw-0c01dd5c2967bcdd5","attachments":{"central_egress":"tgw-attach-088277030d9bbabe3","client":"tgw-attach-0661e50fd8ad90f5c","firewall":"tgw-attach-0e399ffe1f448d62d","transit_gateway":"tgw-attach-0b6f32adc8bc74439"},"id":"tgw-0c01dd5c2967bcdd5","main_route_table_id":"tgw-rtb-022b05a0b6402a729","owner_id":"492597629650"},"type":["object",{"arn":"string","attachments":["object",{"central_egress":"string","client":"string","firewall":"string","transit_gateway":"string"}],"id":"string","main_route_table_id":"string","owner_id":"string"}]},"transit_gateway_id":{"value":"tgw-0c01dd5c2967bcdd5","type":"string"},"vpc_cidrs":{"value":{"central_egress":"100.124.2.0/24","client":"100.124.32.0/19","firewall":"100.124.1.0/24","transit_gateway":"100.124.0.0/24"},"type":["object",{"central_egress":"string","client":"string","firewall":"string","transit_gateway":"string"}]},"vpc_details":{"value":{"central_egress":{"cidr_block":"100.124.2.0/24","default_route_table_id":"rtb-087df990da7a7c6fb","id":"vpc-05a370ae46699a489","name":"network-hub-prod-egress-vpc"},"client":{"cidr_block":"100.124.32.0/19","default_route_table_id":"rtb-0b14340d395d89604","id":"vpc-081f378ab142bf855","name":"network-hub-prod-client-vpc"},"firewall":{"cidr_block":"100.124.1.0/24","default_route_table_id":"rtb-0f8ab5878fb77e3bb","id":"vpc-0b2fbd3ae7ef58ddc","name":"network-hub-prod-firewall-vpc"},"transit_gateway":{"cidr_block":"100.124.0.0/24","default_route_table_id":"rtb-006ba5bfd788d2051","id":"vpc-0db7cec3157dcffd2","name":"network-hub-prod-tgw-vpc"}},"type":["object",{"central_egress":["object",{"cidr_block":"string","default_route_table_id":"string","id":"string","name":"string"}],"client":["object",{"cidr_block":"string","default_route_table_id":"string","id":"string","name":"string"}],"firewall":["object",{"cidr_block":"string","default_route_table_id":"string","id":"string","name":"string"}],"transit_gateway":["object",{"cidr_block":"string","default_route_table_id":"string","id":"string","name":"string"}]}]},"vpc_ids":{"value":{"central_egress":"vpc-05a370ae46699a489","client":"vpc-081f378ab142bf855","firewall":"vpc-0b2fbd3ae7ef58ddc","transit_gateway":"vpc-0db7cec3157dcffd2"},"type":["object",{"central_egress":"string","client":"string","firewall":"string","transit_gateway":"string"}]}},"resources":[{"module":"module.network_hub","mode":"data","type":"aws_ami","name":"amazon_linux","provider":"provider[\"registry.opentofu.org/hashicorp/aws\"]","instances":[{"schema_version":0,"attributes":{"allow_unsafe_filter":null,"architecture":"x86_64","arn":"arn:aws:ec2:us-east-1::image/ami-0871b7e0b83ae16c4","block_device_mappings":[{"device_name":"/dev/xvda","ebs":{"delete_on_termination":"true","encrypted":"false","iops":"0","snapshot_id":"snap-056ef849646c31290","throughput":"0","volume_initialization_rate":"0","volume_size":"8","volume_type":"gp2"},"no_device":"","virtual_name":""}],"boot_mode":"","creation_date":"2025-07-07T22:26:26.000Z","deprecation_time":"2025-10-05T22:26:00.000Z","description":"Amazon Linux 2 AMI 2.0.20250707.0 x86_64 HVM gp2","ena_support":true,"executable_users":null,"filter":[{"name":"name","values":["amzn2-ami-hvm-*-x86_64-gp2"]},{"name":"virtualization-type","values":["hvm"]}],"hypervisor":"xen","id":"ami-0871b7e0b83ae16c4","image_id":"ami-0871b7e0b83ae16c4","image_location":"amazon/amzn2-ami-hvm-2.0.20250707.0-x86_64-gp2","image_owner_alias":"amazon","image_type":"machine","imds_support":"","include_deprecated":false,"kernel_id":"","last_launched_time":"","most_recent":true,"name":"amzn2-ami-hvm-2.0.20250707.0-x86_64-gp2","name_regex":null,"owner_id":"137112412989","owners":["amazon"],"platform":"","platform_details":"Linux/UNIX","product_codes":[],"public":true,"ramdisk_id":"","region":"us-east-1","root_device_name":"/dev/xvda","root_device_type":"ebs","root_snapshot_id":"snap-056ef849646c31290","sriov_net_support":"simple","state":"available","state_reason":{"code":"UNSET","message":"UNSET"},"tags":{},"timeouts":null,"tpm_support":"","uefi_data":null,"usage_operation":"RunInstances","virtualization_type":"hvm"},"sensitive_attributes":[]}]},{"module":"module.network_hub","mode":"data","type":"aws_availability_zones","name":"available","provider":"provider[\"registry.opentofu.org/hashicorp/aws\"]","instances":[{"schema_version":0,"attributes":{"all_availability_zones":null,"exclude_names":null,"exclude_zone_ids":null,"filter":null,"group_names":["us-east-1-zg-1"],"id":"us-east-1","names":["us-east-1a","us-east-1b","us-east-1c","us-east-1d","us-east-1e","us-east-1f"],"region":"us-east-1","state":"available","timeouts":null,"zone_ids":["use1-az6","use1-az1","use1-az2","use1-az4","use1-az3","use1-az5"]},"sensitive_attributes":[]}]},{"module":"module.network_hub","mode":"data","type":"aws_caller_identity","name":"current","provider":"provider[\"registry.opentofu.org/hashicorp/aws\"]","instances":[{"schema_version":0,"attributes":{"account_id":"492597629650","arn":"arn:aws:sts::492597629650:assumed-role/AWSReservedSSO_AWSAdministratorAccess_c50dd1af671632fa/David.Oxley@williamhill.com","id":"492597629650","user_id":"AROAXFMI3KLJG2P6YU632:David.Oxley@williamhill.com"},"sensitive_attributes":[]}]},{"module":"module.network_hub","mode":"data","type":"aws_organizations_organization","name":"current","provider":"provider[\"registry.opentofu.org/hashicorp/aws\"]","instances":[{"schema_version":0,"attributes":{"accounts":null,"arn":"arn:aws:organizations::703671905140:organization/o-kv10f7crlv","aws_service_access_principals":[],"enabled_policy_types":[],"feature_set":"ALL","id":"o-kv10f7crlv","master_account_arn":"arn:aws:organizations::703671905140:account/o-kv10f7crlv/703671905140","master_account_email":"awsorg-evoketest@terasky.com","master_account_id":"703671905140","master_account_name":"","non_master_accounts":null,"roots":null},"sensitive_attributes":[]}]},{"module":"module.network_hub","mode":"data","type":"aws_vpc_endpoint","name":"firewall","provider":"provider[\"registry.opentofu.org/hashicorp/aws\"]","instances":[{"index_key":"0","schema_version":0,"attributes":{"arn":"arn:aws:ec2:us-east-1:492597629650:vpc-endpoint/vpce-010380a0c500c3a28","cidr_blocks":[],"dns_entry":[],"dns_options":[],"filter":null,"id":"vpce-010380a0c500c3a28","ip_address_type":"ipv4","network_interface_ids":["eni-0390b0afb175a01e1"],"owner_id":"492597629650","policy":"","prefix_list_id":null,"private_dns_enabled":false,"region":"us-east-1","requester_managed":true,"route_table_ids":[],"security_group_ids":[],"service_name":"com.amazonaws.vpce.us-east-1.vpce-svc-0fc129d0a4bd86674","state":"available","subnet_ids":["subnet-0de0c3c0b3ca248f4"],"tags":{"AWSNetworkFirewallManaged":"true","Firewall":"arn:aws:network-firewall:us-east-1:492597629650:firewall/network-hub-prod-network-firewall","Name":"network-hub-prod-network-firewall (us-east-1a)","VPCEndpointAssociation":"arn:aws:network-firewall:us-east-1:492597629650:vpc-endpoint-association/bd7962b5-b7c7-3774-b4af-26742c0a45d3"},"timeouts":null,"vpc_endpoint_type":"GatewayLoadBalancer","vpc_id":"vpc-05a370ae46699a489"},"sensitive_attributes":[]},{"index_key":"1","schema_version":0,"attributes":{"arn":"arn:aws:ec2:us-east-1:492597629650:vpc-endpoint/vpce-00ae534fe26132d55","cidr_blocks":[],"dns_entry":[],"dns_options":[],"filter":null,"id":"vpce-00ae534fe26132d55","ip_address_type":"ipv4","network_interface_ids":["eni-0e09f64980d97de42"],"owner_id":"492597629650","policy":"","prefix_list_id":null,"private_dns_enabled":false,"region":"us-east-1","requester_managed":true,"route_table_ids":[],"security_group_ids":[],"service_name":"com.amazonaws.vpce.us-east-1.vpce-svc-0862eff19bfb56a4e","state":"available","subnet_ids":["subnet-08a1a540de8f01d8e"],"tags":{"AWSNetworkFirewallManaged":"true","Firewall":"arn:aws:network-firewall:us-east-1:492597629650:firewall/network-hub-prod-network-firewall","Name":"network-hub-prod-network-firewall (us-east-1b)","VPCEndpointAssociation":"arn:aws:network-firewall:us-east-1:492597629650:vpc-endpoint-association/ad1b6a99-32e7-3e9b-8f1c-23f0f4c3a294"},"timeouts":null,"vpc_endpoint_type":"GatewayLoadBalancer","vpc_id":"vpc-05a370ae46699a489"},"sensitive_attributes":[]},{"index_key":"2","schema_version":0,"attributes":{"arn":"arn:aws:ec2:us-east-1:492597629650:vpc-endpoint/vpce-007b962accaf4da3c","cidr_blocks":[],"dns_entry":[],"dns_options":[],"filter":null,"id":"vpce-007b962accaf4da3c","ip_address_type":"ipv4","network_interface_ids":["eni-0ea8a3eee8d599ca1"],"owner_id":"492597629650","policy":"","prefix_list_id":null,"private_dns_enabled":false,"region":"us-east-1","requester_managed":true,"route_table_ids":[],"security_group_ids":[],"service_name":"com.amazonaws.vpce.us-east-1.vpce-svc-0f5c851fda8d1096f","state":"available","subnet_ids":["subnet-0cee06a0b591185f7"],"tags":{"AWSNetworkFirewallManaged":"true","Firewall":"arn:aws:network-firewall:us-east-1:492597629650:firewall/network-hub-prod-network-firewall","Name":"network-hub-prod-network-firewall (us-east-1c)","VPCEndpointAssociation":"arn:aws:network-firewall:us-east-1:492597629650:vpc-endpoint-association/71df55bc-6c98-39e9-b8a0-286ccb52cc19"},"timeouts":null,"vpc_endpoint_type":"GatewayLoadBalancer","vpc_id":"vpc-05a370ae46699a489"},"sensitive_attributes":[]}]},{"module":"module.network_hub","mode":"managed","type":"aws_default_route_table","name":"central_egress_main","provider":"provider[\"registry.opentofu.org/hashicorp/aws\"]","instances":[{"schema_version":0,"attributes":{"arn":"arn:aws:ec2:us-east-1:492597629650:route-table/rtb-087df990da7a7c6fb","default_route_table_id":"rtb-087df990da7a7c6fb","id":"rtb-087df990da7a7c6fb","owner_id":"492597629650","propagating_vgws":[],"region":"us-east-1","route":[{"cidr_block":"0.0.0.0/0","core_network_arn":"","destination_prefix_list_id":"","egress_only_gateway_id":"","gateway_id":"igw-0707abfbf5ea9bcd9","instance_id":"","ipv6_cidr_block":"","nat_gateway_id":"","network_interface_id":"","transit_gateway_id":"","vpc_endpoint_id":"","vpc_peering_connection_id":""},{"cidr_block":"100.124.0.0/14","core_network_arn":"","destination_prefix_list_id":"","egress_only_gateway_id":"","gateway_id":"","instance_id":"","ipv6_cidr_block":"","nat_gateway_id":"","network_interface_id":"","transit_gateway_id":"tgw-0c01dd5c2967bcdd5","vpc_endpoint_id":"","vpc_peering_connection_id":""}],"tags":{"CardData":"no","Classification":"nonpublic","Environment":"prod","GitURL":"https://gitlab.com/williamhillplc/technical-services/networks/channels-team.git","ManagedBy":"OpenTofu","Migrated":"no","Name":"network-hub-prod-egress-vpc-main-rt","Product":"network-hub","Project":"network-hub","Tier":"internal","Type":"main-route-table","VPC":"central-egress"},"tags_all":{"CardData":"no","Classification":"nonpublic","Environment":"prod","GitURL":"https://gitlab.com/williamhillplc/technical-services/networks/channels-team.git","ManagedBy":"OpenTofu","Migrated":"no","Name":"network-hub-prod-egress-vpc-main-rt","Product":"network-hub","Project":"network-hub","Tier":"internal","Type":"main-route-table","VPC":"central-egress"},"timeouts":null,"vpc_id":"vpc-05a370ae46699a489"},"sensitive_attributes":[],"private":"eyJlMmJmYjczMC1lY2FhLTExZTYtOGY4OC0zNDM2M2JjN2M0YzAiOnsiY3JlYXRlIjoxMjAwMDAwMDAwMDAsInVwZGF0ZSI6MTIwMDAwMDAwMDAwfX0=","dependencies":["module.network_hub.aws_vpc.central_egress"]}]},{"module":"module.network_hub","mode":"managed","type":"aws_default_route_table","name":"client_main","provider":"provider[\"registry.opentofu.org/hashicorp/aws\"]","instances":[{"schema_version":0,"attributes":{"arn":"arn:aws:ec2:us-east-1:492597629650:route-table/rtb-0b14340d395d89604","default_route_table_id":"rtb-0b14340d395d89604","id":"rtb-0b14340d395d89604","owner_id":"492597629650","propagating_vgws":[],"region":"us-east-1","route":[{"cidr_block":"0.0.0.0/0","core_network_arn":"","destination_prefix_list_id":"","egress_only_gateway_id":"","gateway_id":"","instance_id":"","ipv6_cidr_block":"","nat_gateway_id":"","network_interface_id":"","transit_gateway_id":"tgw-0c01dd5c2967bcdd5","vpc_endpoint_id":"","vpc_peering_connection_id":""}],"tags":{"CardData":"no","Classification":"nonpublic","Environment":"prod","GitURL":"https://gitlab.com/williamhillplc/technical-services/networks/channels-team.git","ManagedBy":"OpenTofu","Migrated":"no","Name":"network-hub-prod-client-vpc-main-rt","Product":"network-hub","Project":"network-hub","Tier":"internal","Type":"main-route-table","VPC":"client"},"tags_all":{"CardData":"no","Classification":"nonpublic","Environment":"prod","GitURL":"https://gitlab.com/williamhillplc/technical-services/networks/channels-team.git","ManagedBy":"OpenTofu","Migrated":"no","Name":"network-hub-prod-client-vpc-main-rt","Product":"network-hub","Project":"network-hub","Tier":"internal","Type":"main-route-table","VPC":"client"},"timeouts":null,"vpc_id":"vpc-081f378ab142bf855"},"sensitive_attributes":[],"private":"eyJlMmJmYjczMC1lY2FhLTExZTYtOGY4OC0zNDM2M2JjN2M0YzAiOnsiY3JlYXRlIjoxMjAwMDAwMDAwMDAsInVwZGF0ZSI6MTIwMDAwMDAwMDAwfX0=","dependencies":["module.network_hub.aws_vpc.client"]}]},{"module":"module.network_hub","mode":"managed","type":"aws_default_route_table","name":"firewall_main","provider":"provider[\"registry.opentofu.org/hashicorp/aws\"]","instances":[{"schema_version":0,"attributes":{"arn":"arn:aws:ec2:us-east-1:492597629650:route-table/rtb-0f8ab5878fb77e3bb","default_route_table_id":"rtb-0f8ab5878fb77e3bb","id":"rtb-0f8ab5878fb77e3bb","owner_id":"492597629650","propagating_vgws":[],"region":"us-east-1","route":[{"cidr_block":"0.0.0.0/0","core_network_arn":"","destination_prefix_list_id":"","egress_only_gateway_id":"","gateway_id":"","instance_id":"","ipv6_cidr_block":"","nat_gateway_id":"","network_interface_id":"","transit_gateway_id":"tgw-0c01dd5c2967bcdd5","vpc_endpoint_id":"","vpc_peering_connection_id":""}],"tags":{"CardData":"no","Classification":"nonpublic","Environment":"prod","GitURL":"https://gitlab.com/williamhillplc/technical-services/networks/channels-team.git","ManagedBy":"OpenTofu","Migrated":"no","Name":"network-hub-prod-firewall-vpc-main-rt","Product":"network-hub","Project":"network-hub","Tier":"internal","Type":"main-route-table","VPC":"firewall"},"tags_all":{"CardData":"no","Classification":"nonpublic","Environment":"prod","GitURL":"https://gitlab.com/williamhillplc/technical-services/networks/channels-team.git","ManagedBy":"OpenTofu","Migrated":"no","Name":"network-hub-prod-firewall-vpc-main-rt","Product":"network-hub","Project":"network-hub","Tier":"internal","Type":"main-route-table","VPC":"firewall"},"timeouts":null,"vpc_id":"vpc-0b2fbd3ae7ef58ddc"},"sensitive_attributes":[],"private":"eyJlMmJmYjczMC1lY2FhLTExZTYtOGY4OC0zNDM2M2JjN2M0YzAiOnsiY3JlYXRlIjoxMjAwMDAwMDAwMDAsInVwZGF0ZSI6MTIwMDAwMDAwMDAwfX0=","dependencies":["module.network_hub.aws_vpc.firewall"]}]},{"module":"module.network_hub","mode":"managed","type":"aws_default_route_table","name":"transit_gateway_main","provider":"provider[\"registry.opentofu.org/hashicorp/aws\"]","instances":[{"schema_version":0,"attributes":{"arn":"arn:aws:ec2:us-east-1:492597629650:route-table/rtb-006ba5bfd788d2051","default_route_table_id":"rtb-006ba5bfd788d2051","id":"rtb-006ba5bfd788d2051","owner_id":"492597629650","propagating_vgws":[],"region":"us-east-1","route":[{"cidr_block":"0.0.0.0/0","core_network_arn":"","destination_prefix_list_id":"","egress_only_gateway_id":"","gateway_id":"igw-0d85eea24c090c9e7","instance_id":"","ipv6_cidr_block":"","nat_gateway_id":"","network_interface_id":"","transit_gateway_id":"","vpc_endpoint_id":"","vpc_peering_connection_id":""},{"cidr_block":"100.124.0.0/14","core_network_arn":"","destination_prefix_list_id":"","egress_only_gateway_id":"","gateway_id":"","instance_id":"","ipv6_cidr_block":"","nat_gateway_id":"","network_interface_id":"","transit_gateway_id":"tgw-0c01dd5c2967bcdd5","vpc_endpoint_id":"","vpc_peering_connection_id":""}],"tags":{"CardData":"no","Classification":"nonpublic","Environment":"prod","GitURL":"https://gitlab.com/williamhillplc/technical-services/networks/channels-team.git","ManagedBy":"OpenTofu","Migrated":"no","Name":"network-hub-prod-tgw-vpc-main-rt","Product":"network-hub","Project":"network-hub","Tier":"internal","Type":"main-route-table","VPC":"transit-gateway"},"tags_all":{"CardData":"no","Classification":"nonpublic","Environment":"prod","GitURL":"https://gitlab.com/williamhillplc/technical-services/networks/channels-team.git","ManagedBy":"OpenTofu","Migrated":"no","Name":"network-hub-prod-tgw-vpc-main-rt","Product":"network-hub","Project":"network-hub","Tier":"internal","Type":"main-route-table","VPC":"transit-gateway"},"timeouts":null,"vpc_id":"vpc-0db7cec3157dcffd2"},"sensitive_attributes":[],"private":"eyJlMmJmYjczMC1lY2FhLTExZTYtOGY4OC0zNDM2M2JjN2M0YzAiOnsiY3JlYXRlIjoxMjAwMDAwMDAwMDAsInVwZGF0ZSI6MTIwMDAwMDAwMDAwfX0=","dependencies":["module.network_hub.aws_vpc.transit_gateway"]}]},{"module":"module.network_hub","mode":"managed","type":"aws_ec2_transit_gateway","name":"main","provider":"provider[\"registry.opentofu.org/hashicorp/aws\"]","instances":[{"schema_version":0,"attributes":{"amazon_side_asn":64512,"arn":"arn:aws:ec2:us-east-1:492597629650:transit-gateway/tgw-0c01dd5c2967bcdd5","association_default_route_table_id":"","auto_accept_shared_attachments":"disable","default_route_table_association":"disable","default_route_table_propagation":"disable","description":"Main Transit Gateway for network-hub-prod","dns_support":"enable","id":"tgw-0c01dd5c2967bcdd5","multicast_support":"disable","owner_id":"492597629650","propagation_default_route_table_id":"","region":"us-east-1","security_group_referencing_support":"disable","tags":{"CardData":"no","Classification":"nonpublic","Environment":"prod","GitURL":"https://gitlab.com/williamhillplc/technical-services/networks/channels-team.git","ManagedBy":"OpenTofu","Migrated":"no","Name":"network-hub-prod-tgw","Product":"network-hub","Project":"network-hub","Tier":"internal","Type":"transit-gateway"},"tags_all":{"CardData":"no","Classification":"nonpublic","Environment":"prod","GitURL":"https://gitlab.com/williamhillplc/technical-services/networks/channels-team.git","ManagedBy":"OpenTofu","Migrated":"no","Name":"network-hub-prod-tgw","Product":"network-hub","Project":"network-hub","Tier":"internal","Type":"transit-gateway"},"timeouts":null,"transit_gateway_cidr_blocks":[],"vpn_ecmp_support":"enable"},"sensitive_attributes":[],"private":"eyJlMmJmYjczMC1lY2FhLTExZTYtOGY4OC0zNDM2M2JjN2M0YzAiOnsiY3JlYXRlIjo2MDAwMDAwMDAwMDAsImRlbGV0ZSI6NjAwMDAwMDAwMDAwLCJ1cGRhdGUiOjYwMDAwMDAwMDAwMH19"}]},{"module":"module.network_hub","mode":"managed","type":"aws_ec2_transit_gateway_route","name":"blackhole_route","provider":"provider[\"registry.opentofu.org/hashicorp/aws\"]","instances":[{"schema_version":0,"attributes":{"blackhole":true,"destination_cidr_block":"100.96.0.0/11","id":"tgw-rtb-022b05a0b6402a729_100.96.0.0/11","region":"us-east-1","transit_gateway_attachment_id":"","transit_gateway_route_table_id":"tgw-rtb-022b05a0b6402a729"},"sensitive_attributes":[],"private":"bnVsbA==","dependencies":["module.network_hub.aws_ec2_transit_gateway.main","module.network_hub.aws_ec2_transit_gateway_route_table.main"]}]},{"module":"module.network_hub","mode":"managed","type":"aws_ec2_transit_gateway_route","name":"main_default_to_firewall","provider":"provider[\"registry.opentofu.org/hashicorp/aws\"]","instances":[{"schema_version":0,"attributes":{"blackhole":false,"destination_cidr_block":"0.0.0.0/0","id":"tgw-rtb-022b05a0b6402a729_0.0.0.0/0","region":"us-east-1","transit_gateway_attachment_id":"tgw-attach-088277030d9bbabe3","transit_gateway_route_table_id":"tgw-rtb-022b05a0b6402a729"},"sensitive_attributes":[],"private":"bnVsbA==","dependencies":["module.network_hub.aws_ec2_transit_gateway.main","module.network_hub.aws_ec2_transit_gateway_route_table.main","module.network_hub.aws_ec2_transit_gateway_vpc_attachment.central_egress_vpc","module.network_hub.aws_subnet.client_tgw","module.network_hub.aws_subnet.egress_private","module.network_hub.aws_subnet.firewall_tgw","module.network_hub.aws_subnet.transit_gateway","module.network_hub.aws_vpc.central_egress","module.network_hub.aws_vpc.client","module.network_hub.aws_vpc.firewall","module.network_hub.aws_vpc.transit_gateway","module.network_hub.data.aws_availability_zones.available"]}]},{"module":"module.network_hub","mode":"managed","type":"aws_ec2_transit_gateway_route_table","name":"main","provider":"provider[\"registry.opentofu.org/hashicorp/aws\"]","instances":[{"schema_version":0,"attributes":{"arn":"arn:aws:ec2:us-east-1:492597629650:transit-gateway-route-table/tgw-rtb-022b05a0b6402a729","default_association_route_table":false,"default_propagation_route_table":false,"id":"tgw-rtb-022b05a0b6402a729","region":"us-east-1","tags":{"CardData":"no","Classification":"nonpublic","Environment":"prod","GitURL":"https://gitlab.com/williamhillplc/technical-services/networks/channels-team.git","ManagedBy":"OpenTofu","Migrated":"no","Name":"network-hub-prod-tgw-rt-main","Product":"network-hub","Project":"network-hub","Purpose":"main-routing","Tier":"internal","Type":"tgw-route-table"},"tags_all":{"CardData":"no","Classification":"nonpublic","Environment":"prod","GitURL":"https://gitlab.com/williamhillplc/technical-services/networks/channels-team.git","ManagedBy":"OpenTofu","Migrated":"no","Name":"network-hub-prod-tgw-rt-main","Product":"network-hub","Project":"network-hub","Purpose":"main-routing","Tier":"internal","Type":"tgw-route-table"},"transit_gateway_id":"tgw-0c01dd5c2967bcdd5"},"sensitive_attributes":[],"private":"bnVsbA==","dependencies":["module.network_hub.aws_ec2_transit_gateway.main"]}]},{"module":"module.network_hub","mode":"managed","type":"aws_ec2_transit_gateway_route_table_association","name":"main_client_vpc","provider":"provider[\"registry.opentofu.org/hashicorp/aws\"]","instances":[{"schema_version":0,"attributes":{"id":"tgw-rtb-022b05a0b6402a729_tgw-attach-0661e50fd8ad90f5c","region":"us-east-1","replace_existing_association":false,"resource_id":"vpc-081f378ab142bf855","resource_type":"vpc","transit_gateway_attachment_id":"tgw-attach-0661e50fd8ad90f5c","transit_gateway_route_table_id":"tgw-rtb-022b05a0b6402a729"},"sensitive_attributes":[],"private":"bnVsbA==","dependencies":["module.network_hub.aws_ec2_transit_gateway.main","module.network_hub.aws_ec2_transit_gateway_route_table.main","module.network_hub.aws_ec2_transit_gateway_vpc_attachment.client_vpc","module.network_hub.aws_subnet.client_tgw","module.network_hub.aws_subnet.egress_private","module.network_hub.aws_subnet.firewall_tgw","module.network_hub.aws_subnet.transit_gateway","module.network_hub.aws_vpc.central_egress","module.network_hub.aws_vpc.client","module.network_hub.aws_vpc.firewall","module.network_hub.aws_vpc.transit_gateway","module.network_hub.data.aws_availability_zones.available"]}]},{"module":"module.network_hub","mode":"managed","type":"aws_ec2_transit_gateway_route_table_association","name":"main_egress_vpc","provider":"provider[\"registry.opentofu.org/hashicorp/aws\"]","instances":[{"schema_version":0,"attributes":{"id":"tgw-rtb-022b05a0b6402a729_tgw-attach-088277030d9bbabe3","region":"us-east-1","replace_existing_association":false,"resource_id":"vpc-05a370ae46699a489","resource_type":"vpc","transit_gateway_attachment_id":"tgw-attach-088277030d9bbabe3","transit_gateway_route_table_id":"tgw-rtb-022b05a0b6402a729"},"sensitive_attributes":[],"private":"bnVsbA==","dependencies":["module.network_hub.aws_ec2_transit_gateway.main","module.network_hub.aws_ec2_transit_gateway_route_table.main","module.network_hub.aws_ec2_transit_gateway_vpc_attachment.central_egress_vpc","module.network_hub.aws_subnet.client_tgw","module.network_hub.aws_subnet.egress_private","module.network_hub.aws_subnet.firewall_tgw","module.network_hub.aws_subnet.transit_gateway","module.network_hub.aws_vpc.central_egress","module.network_hub.aws_vpc.client","module.network_hub.aws_vpc.firewall","module.network_hub.aws_vpc.transit_gateway","module.network_hub.data.aws_availability_zones.available"]}]},{"module":"module.network_hub","mode":"managed","type":"aws_ec2_transit_gateway_route_table_association","name":"main_tgw_vpc","provider":"provider[\"registry.opentofu.org/hashicorp/aws\"]","instances":[{"schema_version":0,"attributes":{"id":"tgw-rtb-022b05a0b6402a729_tgw-attach-0b6f32adc8bc74439","region":"us-east-1","replace_existing_association":false,"resource_id":"vpc-0db7cec3157dcffd2","resource_type":"vpc","transit_gateway_attachment_id":"tgw-attach-0b6f32adc8bc74439","transit_gateway_route_table_id":"tgw-rtb-022b05a0b6402a729"},"sensitive_attributes":[],"private":"bnVsbA==","dependencies":["module.network_hub.aws_ec2_transit_gateway.main","module.network_hub.aws_ec2_transit_gateway_route_table.main","module.network_hub.aws_ec2_transit_gateway_vpc_attachment.transit_gateway_vpc","module.network_hub.aws_subnet.client_tgw","module.network_hub.aws_subnet.egress_private","module.network_hub.aws_subnet.firewall_tgw","module.network_hub.aws_subnet.transit_gateway","module.network_hub.aws_vpc.central_egress","module.network_hub.aws_vpc.client","module.network_hub.aws_vpc.firewall","module.network_hub.aws_vpc.transit_gateway","module.network_hub.data.aws_availability_zones.available"]}]},{"module":"module.network_hub","mode":"managed","type":"aws_ec2_transit_gateway_route_table_propagation","name":"main_client_vpc","provider":"provider[\"registry.opentofu.org/hashicorp/aws\"]","instances":[{"schema_version":0,"attributes":{"id":"tgw-rtb-022b05a0b6402a729_tgw-attach-0661e50fd8ad90f5c","region":"us-east-1","resource_id":"vpc-081f378ab142bf855","resource_type":"vpc","transit_gateway_attachment_id":"tgw-attach-0661e50fd8ad90f5c","transit_gateway_route_table_id":"tgw-rtb-022b05a0b6402a729"},"sensitive_attributes":[],"private":"bnVsbA==","dependencies":["module.network_hub.aws_ec2_transit_gateway.main","module.network_hub.aws_ec2_transit_gateway_route_table.main","module.network_hub.aws_ec2_transit_gateway_vpc_attachment.client_vpc","module.network_hub.aws_subnet.client_tgw","module.network_hub.aws_subnet.egress_private","module.network_hub.aws_subnet.firewall_tgw","module.network_hub.aws_subnet.transit_gateway","module.network_hub.aws_vpc.central_egress","module.network_hub.aws_vpc.client","module.network_hub.aws_vpc.firewall","module.network_hub.aws_vpc.transit_gateway","module.network_hub.data.aws_availability_zones.available"]}]},{"module":"module.network_hub","mode":"managed","type":"aws_ec2_transit_gateway_route_table_propagation","name":"main_tgw_vpc","provider":"provider[\"registry.opentofu.org/hashicorp/aws\"]","instances":[{"schema_version":0,"attributes":{"id":"tgw-rtb-022b05a0b6402a729_tgw-attach-0b6f32adc8bc74439","region":"us-east-1","resource_id":"vpc-0db7cec3157dcffd2","resource_type":"vpc","transit_gateway_attachment_id":"tgw-attach-0b6f32adc8bc74439","transit_gateway_route_table_id":"tgw-rtb-022b05a0b6402a729"},"sensitive_attributes":[],"private":"bnVsbA==","dependencies":["module.network_hub.aws_ec2_transit_gateway.main","module.network_hub.aws_ec2_transit_gateway_route_table.main","module.network_hub.aws_ec2_transit_gateway_vpc_attachment.transit_gateway_vpc","module.network_hub.aws_subnet.client_tgw","module.network_hub.aws_subnet.egress_private","module.network_hub.aws_subnet.firewall_tgw","module.network_hub.aws_subnet.transit_gateway","module.network_hub.aws_vpc.central_egress","module.network_hub.aws_vpc.client","module.network_hub.aws_vpc.firewall","module.network_hub.aws_vpc.transit_gateway","module.network_hub.data.aws_availability_zones.available"]}]},{"module":"module.network_hub","mode":"managed","type":"aws_ec2_transit_gateway_vpc_attachment","name":"central_egress_vpc","provider":"provider[\"registry.opentofu.org/hashicorp/aws\"]","instances":[{"schema_version":0,"attributes":{"appliance_mode_support":"disable","arn":"arn:aws:ec2:us-east-1:492597629650:transit-gateway-attachment/tgw-attach-088277030d9bbabe3","dns_support":"enable","id":"tgw-attach-088277030d9bbabe3","ipv6_support":"disable","region":"us-east-1","security_group_referencing_support":"enable","subnet_ids":["subnet-04b04a48b0e67802e","subnet-07fb5d81d1e087719","subnet-0f7755cf11d6edae1"],"tags":{"CardData":"no","Classification":"nonpublic","Environment":"prod","GitURL":"https://gitlab.com/williamhillplc/technical-services/networks/channels-team.git","ManagedBy":"OpenTofu","Migrated":"no","Name":"network-hub-prod-tgw-attachment-egress-vpc","Product":"network-hub","Project":"network-hub","Tier":"internal","Type":"tgw-attachment","VPC":"central-egress"},"tags_all":{"CardData":"no","Classification":"nonpublic","Environment":"prod","GitURL":"https://gitlab.com/williamhillplc/technical-services/networks/channels-team.git","ManagedBy":"OpenTofu","Migrated":"no","Name":"network-hub-prod-tgw-attachment-egress-vpc","Product":"network-hub","Project":"network-hub","Tier":"internal","Type":"tgw-attachment","VPC":"central-egress"},"transit_gateway_default_route_table_association":false,"transit_gateway_default_route_table_propagation":false,"transit_gateway_id":"tgw-0c01dd5c2967bcdd5","vpc_id":"vpc-05a370ae46699a489","vpc_owner_id":"492597629650"},"sensitive_attributes":[],"private":"bnVsbA==","dependencies":["module.network_hub.aws_ec2_transit_gateway.main","module.network_hub.aws_subnet.client_tgw","module.network_hub.aws_subnet.egress_private","module.network_hub.aws_subnet.firewall_tgw","module.network_hub.aws_subnet.transit_gateway","module.network_hub.aws_vpc.central_egress","module.network_hub.aws_vpc.client","module.network_hub.aws_vpc.firewall","module.network_hub.aws_vpc.transit_gateway","module.network_hub.data.aws_availability_zones.available"]}]},{"module":"module.network_hub","mode":"managed","type":"aws_ec2_transit_gateway_vpc_attachment","name":"client_vpc","provider":"provider[\"registry.opentofu.org/hashicorp/aws\"]","instances":[{"schema_version":0,"attributes":{"appliance_mode_support":"disable","arn":"arn:aws:ec2:us-east-1:492597629650:transit-gateway-attachment/tgw-attach-0661e50fd8ad90f5c","dns_support":"enable","id":"tgw-attach-0661e50fd8ad90f5c","ipv6_support":"disable","region":"us-east-1","security_group_referencing_support":"enable","subnet_ids":["subnet-01ca040693de1d951","subnet-0804c63ee7b10e18b","subnet-0eeb24cbc37240175"],"tags":{"CardData":"no","Classification":"nonpublic","Environment":"prod","GitURL":"https://gitlab.com/williamhillplc/technical-services/networks/channels-team.git","ManagedBy":"OpenTofu","Migrated":"no","Name":"network-hub-prod-tgw-attachment-client-vpc","Product":"network-hub","Project":"network-hub","Tier":"internal","Type":"tgw-attachment","VPC":"client"},"tags_all":{"CardData":"no","Classification":"nonpublic","Environment":"prod","GitURL":"https://gitlab.com/williamhillplc/technical-services/networks/channels-team.git","ManagedBy":"OpenTofu","Migrated":"no","Name":"network-hub-prod-tgw-attachment-client-vpc","Product":"network-hub","Project":"network-hub","Tier":"internal","Type":"tgw-attachment","VPC":"client"},"transit_gateway_default_route_table_association":false,"transit_gateway_default_route_table_propagation":false,"transit_gateway_id":"tgw-0c01dd5c2967bcdd5","vpc_id":"vpc-081f378ab142bf855","vpc_owner_id":"492597629650"},"sensitive_attributes":[],"private":"bnVsbA==","dependencies":["module.network_hub.aws_ec2_transit_gateway.main","module.network_hub.aws_subnet.client_tgw","module.network_hub.aws_subnet.egress_private","module.network_hub.aws_subnet.firewall_tgw","module.network_hub.aws_subnet.transit_gateway","module.network_hub.aws_vpc.central_egress","module.network_hub.aws_vpc.client","module.network_hub.aws_vpc.firewall","module.network_hub.aws_vpc.transit_gateway","module.network_hub.data.aws_availability_zones.available"]}]},{"module":"module.network_hub","mode":"managed","type":"aws_ec2_transit_gateway_vpc_attachment","name":"firewall_vpc","provider":"provider[\"registry.opentofu.org/hashicorp/aws\"]","instances":[{"schema_version":0,"attributes":{"appliance_mode_support":"enable","arn":"arn:aws:ec2:us-east-1:492597629650:transit-gateway-attachment/tgw-attach-0e399ffe1f448d62d","dns_support":"enable","id":"tgw-attach-0e399ffe1f448d62d","ipv6_support":"disable","region":"us-east-1","security_group_referencing_support":"enable","subnet_ids":["subnet-081bee5ccaf8a34db","subnet-0e5445b0f68b9c8fc","subnet-0fab6ea88d3a00253"],"tags":{"CardData":"no","Classification":"nonpublic","Environment":"prod","GitURL":"https://gitlab.com/williamhillplc/technical-services/networks/channels-team.git","ManagedBy":"OpenTofu","Migrated":"no","Name":"network-hub-prod-tgw-attachment-firewall-vpc","Product":"network-hub","Project":"network-hub","Tier":"internal","Type":"tgw-attachment","VPC":"firewall"},"tags_all":{"CardData":"no","Classification":"nonpublic","Environment":"prod","GitURL":"https://gitlab.com/williamhillplc/technical-services/networks/channels-team.git","ManagedBy":"OpenTofu","Migrated":"no","Name":"network-hub-prod-tgw-attachment-firewall-vpc","Product":"network-hub","Project":"network-hub","Tier":"internal","Type":"tgw-attachment","VPC":"firewall"},"transit_gateway_default_route_table_association":false,"transit_gateway_default_route_table_propagation":false,"transit_gateway_id":"tgw-0c01dd5c2967bcdd5","vpc_id":"vpc-0b2fbd3ae7ef58ddc","vpc_owner_id":"492597629650"},"sensitive_attributes":[],"private":"bnVsbA==","dependencies":["module.network_hub.aws_ec2_transit_gateway.main","module.network_hub.aws_subnet.client_tgw","module.network_hub.aws_subnet.egress_private","module.network_hub.aws_subnet.firewall_tgw","module.network_hub.aws_subnet.transit_gateway","module.network_hub.aws_vpc.central_egress","module.network_hub.aws_vpc.client","module.network_hub.aws_vpc.firewall","module.network_hub.aws_vpc.transit_gateway","module.network_hub.data.aws_availability_zones.available"]}]},{"module":"module.network_hub","mode":"managed","type":"aws_ec2_transit_gateway_vpc_attachment","name":"transit_gateway_vpc","provider":"provider[\"registry.opentofu.org/hashicorp/aws\"]","instances":[{"schema_version":0,"attributes":{"appliance_mode_support":"disable","arn":"arn:aws:ec2:us-east-1:492597629650:transit-gateway-attachment/tgw-attach-0b6f32adc8bc74439","dns_support":"enable","id":"tgw-attach-0b6f32adc8bc74439","ipv6_support":"disable","region":"us-east-1","security_group_referencing_support":"enable","subnet_ids":["subnet-022e43f62e169bf85","subnet-0306ea0d7146a20e8","subnet-07d53c1f3ee8ca703"],"tags":{"CardData":"no","Classification":"nonpublic","Environment":"prod","GitURL":"https://gitlab.com/williamhillplc/technical-services/networks/channels-team.git","ManagedBy":"OpenTofu","Migrated":"no","Name":"network-hub-prod-tgw-attachment-tgw-vpc","Product":"network-hub","Project":"network-hub","Tier":"internal","Type":"tgw-attachment","VPC":"transit-gateway"},"tags_all":{"CardData":"no","Classification":"nonpublic","Environment":"prod","GitURL":"https://gitlab.com/williamhillplc/technical-services/networks/channels-team.git","ManagedBy":"OpenTofu","Migrated":"no","Name":"network-hub-prod-tgw-attachment-tgw-vpc","Product":"network-hub","Project":"network-hub","Tier":"internal","Type":"tgw-attachment","VPC":"transit-gateway"},"transit_gateway_default_route_table_association":false,"transit_gateway_default_route_table_propagation":false,"transit_gateway_id":"tgw-0c01dd5c2967bcdd5","vpc_id":"vpc-0db7cec3157dcffd2","vpc_owner_id":"492597629650"},"sensitive_attributes":[],"private":"bnVsbA==","dependencies":["module.network_hub.aws_ec2_transit_gateway.main","module.network_hub.aws_subnet.client_tgw","module.network_hub.aws_subnet.egress_private","module.network_hub.aws_subnet.firewall_tgw","module.network_hub.aws_subnet.transit_gateway","module.network_hub.aws_vpc.central_egress","module.network_hub.aws_vpc.client","module.network_hub.aws_vpc.firewall","module.network_hub.aws_vpc.transit_gateway","module.network_hub.data.aws_availability_zones.available"]}]},{"module":"module.network_hub","mode":"managed","type":"aws_eip","name":"nat_gateway","provider":"provider[\"registry.opentofu.org/hashicorp/aws\"]","instances":[{"index_key":0,"schema_version":0,"attributes":{"address":null,"allocation_id":"eipalloc-0952f324e61be1cc9","arn":"arn:aws:ec2:us-east-1:492597629650:elastic-ip/eipalloc-0952f324e61be1cc9","associate_with_private_ip":null,"association_id":"eipassoc-01e8c64619f06055d","carrier_ip":"","customer_owned_ip":"","customer_owned_ipv4_pool":"","domain":"vpc","id":"eipalloc-0952f324e61be1cc9","instance":"","ipam_pool_id":null,"network_border_group":"us-east-1","network_interface":"eni-05158f2903e816fc7","private_dns":"ip-100-124-2-62.ec2.internal","private_ip":"100.124.2.62","ptr_record":"","public_dns":"ec2-34-198-129-173.compute-1.amazonaws.com","public_ip":"34.198.129.173","public_ipv4_pool":"amazon","region":"us-east-1","tags":{"AZ":"us-east-1a","CardData":"no","Classification":"nonpublic","Environment":"prod","GitURL":"https://gitlab.com/williamhillplc/technical-services/networks/channels-team.git","ManagedBy":"OpenTofu","Migrated":"no","Name":"network-hub-prod-nat-eip-1a","Product":"network-hub","Project":"network-hub","Purpose":"nat-gateway","Tier":"internal","Type":"elastic-ip"},"tags_all":{"AZ":"us-east-1a","CardData":"no","Classification":"nonpublic","Environment":"prod","GitURL":"https://gitlab.com/williamhillplc/technical-services/networks/channels-team.git","ManagedBy":"OpenTofu","Migrated":"no","Name":"network-hub-prod-nat-eip-1a","Product":"network-hub","Project":"network-hub","Purpose":"nat-gateway","Tier":"internal","Type":"elastic-ip"},"timeouts":null},"sensitive_attributes":[],"private":"eyJlMmJmYjczMC1lY2FhLTExZTYtOGY4OC0zNDM2M2JjN2M0YzAiOnsiZGVsZXRlIjoxODAwMDAwMDAwMDAsInJlYWQiOjkwMDAwMDAwMDAwMCwidXBkYXRlIjozMDAwMDAwMDAwMDB9fQ==","dependencies":["module.network_hub.aws_internet_gateway.central_egress","module.network_hub.aws_vpc.central_egress","module.network_hub.data.aws_availability_zones.available"]},{"index_key":1,"schema_version":0,"attributes":{"address":null,"allocation_id":"eipalloc-011880bd243c82e99","arn":"arn:aws:ec2:us-east-1:492597629650:elastic-ip/eipalloc-011880bd243c82e99","associate_with_private_ip":null,"association_id":"eipassoc-018a919f7947b19e1","carrier_ip":"","customer_owned_ip":"","customer_owned_ipv4_pool":"","domain":"vpc","id":"eipalloc-011880bd243c82e99","instance":"","ipam_pool_id":null,"network_border_group":"us-east-1","network_interface":"eni-0c20bd6eeee9c2744","private_dns":"ip-100-124-2-76.ec2.internal","private_ip":"100.124.2.76","ptr_record":"","public_dns":"ec2-3-223-39-42.compute-1.amazonaws.com","public_ip":"3.223.39.42","public_ipv4_pool":"amazon","region":"us-east-1","tags":{"AZ":"us-east-1b","CardData":"no","Classification":"nonpublic","Environment":"prod","GitURL":"https://gitlab.com/williamhillplc/technical-services/networks/channels-team.git","ManagedBy":"OpenTofu","Migrated":"no","Name":"network-hub-prod-nat-eip-1b","Product":"network-hub","Project":"network-hub","Purpose":"nat-gateway","Tier":"internal","Type":"elastic-ip"},"tags_all":{"AZ":"us-east-1b","CardData":"no","Classification":"nonpublic","Environment":"prod","GitURL":"https://gitlab.com/williamhillplc/technical-services/networks/channels-team.git","ManagedBy":"OpenTofu","Migrated":"no","Name":"network-hub-prod-nat-eip-1b","Product":"network-hub","Project":"network-hub","Purpose":"nat-gateway","Tier":"internal","Type":"elastic-ip"},"timeouts":null},"sensitive_attributes":[],"private":"eyJlMmJmYjczMC1lY2FhLTExZTYtOGY4OC0zNDM2M2JjN2M0YzAiOnsiZGVsZXRlIjoxODAwMDAwMDAwMDAsInJlYWQiOjkwMDAwMDAwMDAwMCwidXBkYXRlIjozMDAwMDAwMDAwMDB9fQ==","dependencies":["module.network_hub.aws_internet_gateway.central_egress","module.network_hub.aws_vpc.central_egress","module.network_hub.data.aws_availability_zones.available"]},{"index_key":2,"schema_version":0,"attributes":{"address":null,"allocation_id":"eipalloc-059184e14d2ec36e3","arn":"arn:aws:ec2:us-east-1:492597629650:elastic-ip/eipalloc-059184e14d2ec36e3","associate_with_private_ip":null,"association_id":"eipassoc-0f71df33ad6d90ba4","carrier_ip":"","customer_owned_ip":"","customer_owned_ipv4_pool":"","domain":"vpc","id":"eipalloc-059184e14d2ec36e3","instance":"","ipam_pool_id":null,"network_border_group":"us-east-1","network_interface":"eni-0606c839526636c74","private_dns":"ip-100-124-2-91.ec2.internal","private_ip":"100.124.2.91","ptr_record":"","public_dns":"ec2-54-160-216-1.compute-1.amazonaws.com","public_ip":"54.160.216.1","public_ipv4_pool":"amazon","region":"us-east-1","tags":{"AZ":"us-east-1c","CardData":"no","Classification":"nonpublic","Environment":"prod","GitURL":"https://gitlab.com/williamhillplc/technical-services/networks/channels-team.git","ManagedBy":"OpenTofu","Migrated":"no","Name":"network-hub-prod-nat-eip-1c","Product":"network-hub","Project":"network-hub","Purpose":"nat-gateway","Tier":"internal","Type":"elastic-ip"},"tags_all":{"AZ":"us-east-1c","CardData":"no","Classification":"nonpublic","Environment":"prod","GitURL":"https://gitlab.com/williamhillplc/technical-services/networks/channels-team.git","ManagedBy":"OpenTofu","Migrated":"no","Name":"network-hub-prod-nat-eip-1c","Product":"network-hub","Project":"network-hub","Purpose":"nat-gateway","Tier":"internal","Type":"elastic-ip"},"timeouts":null},"sensitive_attributes":[],"private":"eyJlMmJmYjczMC1lY2FhLTExZTYtOGY4OC0zNDM2M2JjN2M0YzAiOnsiZGVsZXRlIjoxODAwMDAwMDAwMDAsInJlYWQiOjkwMDAwMDAwMDAwMCwidXBkYXRlIjozMDAwMDAwMDAwMDB9fQ==","dependencies":["module.network_hub.aws_internet_gateway.central_egress","module.network_hub.aws_vpc.central_egress","module.network_hub.data.aws_availability_zones.available"]}]},{"module":"module.network_hub","mode":"managed","type":"aws_instance","name":"client_test","provider":"provider[\"registry.opentofu.org/hashicorp/aws\"]","instances":[{"index_key":0,"schema_version":2,"attributes":{"ami":"ami-0871b7e0b83ae16c4","arn":"arn:aws:ec2:us-east-1:492597629650:instance/i-07c87eba6540549fc","associate_public_ip_address":false,"availability_zone":"us-east-1a","capacity_reservation_specification":[{"capacity_reservation_preference":"open","capacity_reservation_target":[]}],"cpu_options":[{"amd_sev_snp":"","core_count":1,"threads_per_core":2}],"credit_specification":[{"cpu_credits":"unlimited"}],"disable_api_stop":false,"disable_api_termination":false,"ebs_block_device":[],"ebs_optimized":false,"enable_primary_ipv6":null,"enclave_options":[{"enabled":false}],"ephemeral_block_device":[],"get_password_data":false,"hibernation":false,"host_id":"","host_resource_group_arn":null,"iam_instance_profile":"","id":"i-07c87eba6540549fc","instance_initiated_shutdown_behavior":"stop","instance_lifecycle":"","instance_market_options":[],"instance_state":"running","instance_type":"t3.micro","ipv6_address_count":0,"ipv6_addresses":[],"key_name":"do_us_test","launch_template":[],"maintenance_options":[{"auto_recovery":"default"}],"metadata_options":[{"http_endpoint":"enabled","http_protocol_ipv6":"disabled","http_put_response_hop_limit":1,"http_tokens":"optional","instance_metadata_tags":"disabled"}],"monitoring":false,"network_interface":[],"outpost_arn":"","password_data":"","placement_group":"","placement_partition_number":0,"primary_network_interface_id":"eni-0c313f54e5564fa58","private_dns":"ip-100-124-33-76.ec2.internal","private_dns_name_options":[{"enable_resource_name_dns_a_record":false,"enable_resource_name_dns_aaaa_record":false,"hostname_type":"ip-name"}],"private_ip":"100.124.33.76","public_dns":"","public_ip":"","region":"us-east-1","root_block_device":[{"delete_on_termination":true,"device_name":"/dev/xvda","encrypted":false,"iops":100,"kms_key_id":"","tags":{},"tags_all":{},"throughput":0,"volume_id":"vol-094e1ba7d2b2fe2ba","volume_size":8,"volume_type":"gp2"}],"secondary_private_ips":[],"security_groups":[],"source_dest_check":true,"spot_instance_request_id":"","subnet_id":"subnet-0eba8378f20bfa60b","tags":{"CardData":"no","Classification":"nonpublic","Environment":"cde","GitURL":"https://gitlab.com/williamhillplc/technical-services/networks/channels-team.git","ManagedBy":"OpenTofu","Migrated":"no","Name":"network-hub-prod-client-test-instance","Product":"network-hub","Project":"network-hub","Purpose":"client-vpc-and-firewall-testing","Tier":"internal","Type":"test-instance","VPC":"client"},"tags_all":{"CardData":"no","Classification":"nonpublic","Environment":"cde","GitURL":"https://gitlab.com/williamhillplc/technical-services/networks/channels-team.git","ManagedBy":"OpenTofu","Migrated":"no","Name":"network-hub-prod-client-test-instance","Product":"network-hub","Project":"network-hub","Purpose":"client-vpc-and-firewall-testing","Tier":"internal","Type":"test-instance","VPC":"client"},"tenancy":"default","timeouts":null,"user_data":null,"user_data_base64":null,"user_data_replace_on_change":false,"volume_tags":null,"vpc_security_group_ids":["sg-08c7955d61476f3d3"]},"sensitive_attributes":[],"private":"eyJlMmJmYjczMC1lY2FhLTExZTYtOGY4OC0zNDM2M2JjN2M0YzAiOnsiY3JlYXRlIjo2MDAwMDAwMDAwMDAsImRlbGV0ZSI6MTIwMDAwMDAwMDAwMCwicmVhZCI6OTAwMDAwMDAwMDAwLCJ1cGRhdGUiOjYwMDAwMDAwMDAwMH0sInNjaGVtYV92ZXJzaW9uIjoiMiJ9","dependencies":["module.network_hub.aws_security_group.client_instance","module.network_hub.aws_subnet.client_cde","module.network_hub.aws_subnet.client_tgw","module.network_hub.aws_vpc.client","module.network_hub.aws_vpc.transit_gateway","module.network_hub.data.aws_ami.amazon_linux","module.network_hub.data.aws_availability_zones.available"],"create_before_destroy":true}]},{"module":"module.network_hub","mode":"managed","type":"aws_instance","name":"tgw_test","provider":"provider[\"registry.opentofu.org/hashicorp/aws\"]","instances":[{"index_key":0,"schema_version":2,"attributes":{"ami":"ami-0871b7e0b83ae16c4","arn":"arn:aws:ec2:us-east-1:492597629650:instance/i-08a2ca161e60d0b35","associate_public_ip_address":true,"availability_zone":"us-east-1a","capacity_reservation_specification":[{"capacity_reservation_preference":"open","capacity_reservation_target":[]}],"cpu_options":[{"amd_sev_snp":"","core_count":1,"threads_per_core":2}],"credit_specification":[{"cpu_credits":"unlimited"}],"disable_api_stop":false,"disable_api_termination":false,"ebs_block_device":[],"ebs_optimized":false,"enable_primary_ipv6":null,"enclave_options":[{"enabled":false}],"ephemeral_block_device":[],"get_password_data":false,"hibernation":false,"host_id":"","host_resource_group_arn":null,"iam_instance_profile":"","id":"i-08a2ca161e60d0b35","instance_initiated_shutdown_behavior":"stop","instance_lifecycle":"","instance_market_options":[],"instance_state":"running","instance_type":"t3.micro","ipv6_address_count":0,"ipv6_addresses":[],"key_name":"do_us_test","launch_template":[],"maintenance_options":[{"auto_recovery":"default"}],"metadata_options":[{"http_endpoint":"enabled","http_protocol_ipv6":"disabled","http_put_response_hop_limit":1,"http_tokens":"optional","instance_metadata_tags":"disabled"}],"monitoring":false,"network_interface":[],"outpost_arn":"","password_data":"","placement_group":"","placement_partition_number":0,"primary_network_interface_id":"eni-0294d0a74b269298c","private_dns":"ip-100-124-0-10.ec2.internal","private_dns_name_options":[{"enable_resource_name_dns_a_record":false,"enable_resource_name_dns_aaaa_record":false,"hostname_type":"ip-name"}],"private_ip":"100.124.0.10","public_dns":"ec2-54-80-199-17.compute-1.amazonaws.com","public_ip":"54.80.199.17","region":"us-east-1","root_block_device":[{"delete_on_termination":true,"device_name":"/dev/xvda","encrypted":false,"iops":100,"kms_key_id":"","tags":{},"tags_all":{},"throughput":0,"volume_id":"vol-07a3ab1e020e77c52","volume_size":8,"volume_type":"gp2"}],"secondary_private_ips":[],"security_groups":[],"source_dest_check":true,"spot_instance_request_id":"","subnet_id":"subnet-07d53c1f3ee8ca703","tags":{"CardData":"no","Classification":"nonpublic","Environment":"prod","GitURL":"https://gitlab.com/williamhillplc/technical-services/networks/channels-team.git","ManagedBy":"OpenTofu","Migrated":"no","Name":"network-hub-prod-tgw-test-instance","Product":"network-hub","Project":"network-hub","Purpose":"external-access-and-tgw-testing","Tier":"internal","Type":"test-instance","VPC":"transit-gateway"},"tags_all":{"CardData":"no","Classification":"nonpublic","Environment":"prod","GitURL":"https://gitlab.com/williamhillplc/technical-services/networks/channels-team.git","ManagedBy":"OpenTofu","Migrated":"no","Name":"network-hub-prod-tgw-test-instance","Product":"network-hub","Project":"network-hub","Purpose":"external-access-and-tgw-testing","Tier":"internal","Type":"test-instance","VPC":"transit-gateway"},"tenancy":"default","timeouts":null,"user_data":null,"user_data_base64":null,"user_data_replace_on_change":false,"volume_tags":null,"vpc_security_group_ids":["sg-0a71b262757b45ec3"]},"sensitive_attributes":[],"private":"eyJlMmJmYjczMC1lY2FhLTExZTYtOGY4OC0zNDM2M2JjN2M0YzAiOnsiY3JlYXRlIjo2MDAwMDAwMDAwMDAsImRlbGV0ZSI6MTIwMDAwMDAwMDAwMCwicmVhZCI6OTAwMDAwMDAwMDAwLCJ1cGRhdGUiOjYwMDAwMDAwMDAwMH0sInNjaGVtYV92ZXJzaW9uIjoiMiJ9","dependencies":["module.network_hub.aws_security_group.tgw_instance","module.network_hub.aws_subnet.transit_gateway","module.network_hub.aws_vpc.client","module.network_hub.aws_vpc.transit_gateway","module.network_hub.data.aws_ami.amazon_linux","module.network_hub.data.aws_availability_zones.available"],"create_before_destroy":true}]},{"module":"module.network_hub","mode":"managed","type":"aws_internet_gateway","name":"central_egress","provider":"provider[\"registry.opentofu.org/hashicorp/aws\"]","instances":[{"schema_version":0,"attributes":{"arn":"arn:aws:ec2:us-east-1:492597629650:internet-gateway/igw-0707abfbf5ea9bcd9","id":"igw-0707abfbf5ea9bcd9","owner_id":"492597629650","region":"us-east-1","tags":{"CardData":"no","Classification":"nonpublic","Environment":"prod","GitURL":"https://gitlab.com/williamhillplc/technical-services/networks/channels-team.git","ManagedBy":"OpenTofu","Migrated":"no","Name":"network-hub-prod-egress-igw","Product":"network-hub","Project":"network-hub","Tier":"internal","Type":"internet-gateway","VPC":"central-egress"},"tags_all":{"CardData":"no","Classification":"nonpublic","Environment":"prod","GitURL":"https://gitlab.com/williamhillplc/technical-services/networks/channels-team.git","ManagedBy":"OpenTofu","Migrated":"no","Name":"network-hub-prod-egress-igw","Product":"network-hub","Project":"network-hub","Tier":"internal","Type":"internet-gateway","VPC":"central-egress"},"timeouts":null,"vpc_id":"vpc-05a370ae46699a489"},"sensitive_attributes":[],"private":"eyJlMmJmYjczMC1lY2FhLTExZTYtOGY4OC0zNDM2M2JjN2M0YzAiOnsiY3JlYXRlIjoxMjAwMDAwMDAwMDAwLCJkZWxldGUiOjEyMDAwMDAwMDAwMDAsInVwZGF0ZSI6MTIwMDAwMDAwMDAwMH19","dependencies":["module.network_hub.aws_vpc.central_egress"]}]},{"module":"module.network_hub","mode":"managed","type":"aws_internet_gateway","name":"transit_gateway","provider":"provider[\"registry.opentofu.org/hashicorp/aws\"]","instances":[{"schema_version":0,"attributes":{"arn":"arn:aws:ec2:us-east-1:492597629650:internet-gateway/igw-0d85eea24c090c9e7","id":"igw-0d85eea24c090c9e7","owner_id":"492597629650","region":"us-east-1","tags":{"CardData":"no","Classification":"nonpublic","Environment":"prod","GitURL":"https://gitlab.com/williamhillplc/technical-services/networks/channels-team.git","ManagedBy":"OpenTofu","Migrated":"no","Name":"network-hub-prod-tgw-igw","Product":"network-hub","Project":"network-hub","Tier":"internal","Type":"internet-gateway","VPC":"transit-gateway"},"tags_all":{"CardData":"no","Classification":"nonpublic","Environment":"prod","GitURL":"https://gitlab.com/williamhillplc/technical-services/networks/channels-team.git","ManagedBy":"OpenTofu","Migrated":"no","Name":"network-hub-prod-tgw-igw","Product":"network-hub","Project":"network-hub","Tier":"internal","Type":"internet-gateway","VPC":"transit-gateway"},"timeouts":null,"vpc_id":"vpc-0db7cec3157dcffd2"},"sensitive_attributes":[],"private":"eyJlMmJmYjczMC1lY2FhLTExZTYtOGY4OC0zNDM2M2JjN2M0YzAiOnsiY3JlYXRlIjoxMjAwMDAwMDAwMDAwLCJkZWxldGUiOjEyMDAwMDAwMDAwMDAsInVwZGF0ZSI6MTIwMDAwMDAwMDAwMH19","dependencies":["module.network_hub.aws_vpc.transit_gateway"]}]},{"module":"module.network_hub","mode":"managed","type":"aws_nat_gateway","name":"central_egress","provider":"provider[\"registry.opentofu.org/hashicorp/aws\"]","instances":[{"index_key":0,"schema_version":0,"attributes":{"allocation_id":"eipalloc-0952f324e61be1cc9","association_id":"eipassoc-01e8c64619f06055d","connectivity_type":"public","id":"nat-07de851c9a3404566","network_interface_id":"eni-05158f2903e816fc7","private_ip":"100.124.2.62","public_ip":"34.198.129.173","region":"us-east-1","secondary_allocation_ids":[],"secondary_private_ip_address_count":0,"secondary_private_ip_addresses":[],"subnet_id":"subnet-0e829259a3215ac9a","tags":{"AZ":"us-east-1a","CardData":"no","Classification":"nonpublic","Environment":"prod","GitURL":"https://gitlab.com/williamhillplc/technical-services/networks/channels-team.git","ManagedBy":"OpenTofu","Migrated":"no","Name":"network-hub-prod-nat-gw-1a","Product":"network-hub","Project":"network-hub","Subnet":"subnet-0e829259a3215ac9a","Tier":"internal","Type":"nat-gateway"},"tags_all":{"AZ":"us-east-1a","CardData":"no","Classification":"nonpublic","Environment":"prod","GitURL":"https://gitlab.com/williamhillplc/technical-services/networks/channels-team.git","ManagedBy":"OpenTofu","Migrated":"no","Name":"network-hub-prod-nat-gw-1a","Product":"network-hub","Project":"network-hub","Subnet":"subnet-0e829259a3215ac9a","Tier":"internal","Type":"nat-gateway"},"timeouts":null},"sensitive_attributes":[],"private":"eyJlMmJmYjczMC1lY2FhLTExZTYtOGY4OC0zNDM2M2JjN2M0YzAiOnsiY3JlYXRlIjo2MDAwMDAwMDAwMDAsImRlbGV0ZSI6MTgwMDAwMDAwMDAwMCwidXBkYXRlIjo2MDAwMDAwMDAwMDB9fQ==","dependencies":["module.network_hub.aws_eip.nat_gateway","module.network_hub.aws_internet_gateway.central_egress","module.network_hub.aws_subnet.egress_public","module.network_hub.aws_vpc.central_egress","module.network_hub.data.aws_availability_zones.available"]},{"index_key":1,"schema_version":0,"attributes":{"allocation_id":"eipalloc-011880bd243c82e99","association_id":"eipassoc-018a919f7947b19e1","connectivity_type":"public","id":"nat-0fb538f7f3c174ba0","network_interface_id":"eni-0c20bd6eeee9c2744","private_ip":"100.124.2.76","public_ip":"3.223.39.42","region":"us-east-1","secondary_allocation_ids":[],"secondary_private_ip_address_count":0,"secondary_private_ip_addresses":[],"subnet_id":"subnet-0041058d6bcb42486","tags":{"AZ":"us-east-1b","CardData":"no","Classification":"nonpublic","Environment":"prod","GitURL":"https://gitlab.com/williamhillplc/technical-services/networks/channels-team.git","ManagedBy":"OpenTofu","Migrated":"no","Name":"network-hub-prod-nat-gw-1b","Product":"network-hub","Project":"network-hub","Subnet":"subnet-0041058d6bcb42486","Tier":"internal","Type":"nat-gateway"},"tags_all":{"AZ":"us-east-1b","CardData":"no","Classification":"nonpublic","Environment":"prod","GitURL":"https://gitlab.com/williamhillplc/technical-services/networks/channels-team.git","ManagedBy":"OpenTofu","Migrated":"no","Name":"network-hub-prod-nat-gw-1b","Product":"network-hub","Project":"network-hub","Subnet":"subnet-0041058d6bcb42486","Tier":"internal","Type":"nat-gateway"},"timeouts":null},"sensitive_attributes":[],"private":"eyJlMmJmYjczMC1lY2FhLTExZTYtOGY4OC0zNDM2M2JjN2M0YzAiOnsiY3JlYXRlIjo2MDAwMDAwMDAwMDAsImRlbGV0ZSI6MTgwMDAwMDAwMDAwMCwidXBkYXRlIjo2MDAwMDAwMDAwMDB9fQ==","dependencies":["module.network_hub.aws_eip.nat_gateway","module.network_hub.aws_internet_gateway.central_egress","module.network_hub.aws_subnet.egress_public","module.network_hub.aws_vpc.central_egress","module.network_hub.data.aws_availability_zones.available"]},{"index_key":2,"schema_version":0,"attributes":{"allocation_id":"eipalloc-059184e14d2ec36e3","association_id":"eipassoc-0f71df33ad6d90ba4","connectivity_type":"public","id":"nat-058d6f4173097aa49","network_interface_id":"eni-0606c839526636c74","private_ip":"100.124.2.91","public_ip":"54.160.216.1","region":"us-east-1","secondary_allocation_ids":[],"secondary_private_ip_address_count":0,"secondary_private_ip_addresses":[],"subnet_id":"subnet-07ce82c7232ffd93c","tags":{"AZ":"us-east-1c","CardData":"no","Classification":"nonpublic","Environment":"prod","GitURL":"https://gitlab.com/williamhillplc/technical-services/networks/channels-team.git","ManagedBy":"OpenTofu","Migrated":"no","Name":"network-hub-prod-nat-gw-1c","Product":"network-hub","Project":"network-hub","Subnet":"subnet-07ce82c7232ffd93c","Tier":"internal","Type":"nat-gateway"},"tags_all":{"AZ":"us-east-1c","CardData":"no","Classification":"nonpublic","Environment":"prod","GitURL":"https://gitlab.com/williamhillplc/technical-services/networks/channels-team.git","ManagedBy":"OpenTofu","Migrated":"no","Name":"network-hub-prod-nat-gw-1c","Product":"network-hub","Project":"network-hub","Subnet":"subnet-07ce82c7232ffd93c","Tier":"internal","Type":"nat-gateway"},"timeouts":null},"sensitive_attributes":[],"private":"eyJlMmJmYjczMC1lY2FhLTExZTYtOGY4OC0zNDM2M2JjN2M0YzAiOnsiY3JlYXRlIjo2MDAwMDAwMDAwMDAsImRlbGV0ZSI6MTgwMDAwMDAwMDAwMCwidXBkYXRlIjo2MDAwMDAwMDAwMDB9fQ==","dependencies":["module.network_hub.aws_eip.nat_gateway","module.network_hub.aws_internet_gateway.central_egress","module.network_hub.aws_subnet.egress_public","module.network_hub.aws_vpc.central_egress","module.network_hub.data.aws_availability_zones.available"]}]},{"module":"module.network_hub","mode":"managed","type":"aws_networkfirewall_firewall","name":"main","provider":"provider[\"registry.opentofu.org/hashicorp/aws\"]","instances":[{"schema_version":0,"attributes":{"arn":"arn:aws:network-firewall:us-east-1:492597629650:firewall/network-hub-prod-network-firewall","delete_protection":false,"description":"","enabled_analysis_types":[],"encryption_configuration":[],"firewall_policy_arn":"arn:aws:network-firewall:us-east-1:492597629650:firewall-policy/network-hub-prod-firewall-policy","firewall_policy_change_protection":false,"firewall_status":[{"sync_states":[{"attachment":[{"endpoint_id":"vpce-0369b3979ffd198ec","subnet_id":"subnet-0dd35d6fcbe4e9930"}],"availability_zone":"us-east-1a"},{"attachment":[{"endpoint_id":"vpce-04888c608e44c1183","subnet_id":"subnet-075916d30b3160742"}],"availability_zone":"us-east-1b"},{"attachment":[{"endpoint_id":"vpce-0efa8f93557e72b82","subnet_id":"subnet-0b9cee9767f6b5924"}],"availability_zone":"us-east-1c"}]}],"id":"arn:aws:network-firewall:us-east-1:492597629650:firewall/network-hub-prod-network-firewall","name":"network-hub-prod-network-firewall","region":"us-east-1","subnet_change_protection":false,"subnet_mapping":[{"ip_address_type":"IPV4","subnet_id":"subnet-075916d30b3160742"},{"ip_address_type":"IPV4","subnet_id":"subnet-0b9cee9767f6b5924"},{"ip_address_type":"IPV4","subnet_id":"subnet-0dd35d6fcbe4e9930"}],"tags":{"CardData":"no","Classification":"nonpublic","Environment":"prod","GitURL":"https://gitlab.com/williamhillplc/technical-services/networks/channels-team.git","ManagedBy":"OpenTofu","Migrated":"no","Name":"network-hub-prod-network-firewall","Product":"network-hub","Project":"network-hub","Tier":"internal","Type":"network-firewall"},"tags_all":{"CardData":"no","Classification":"nonpublic","Environment":"prod","GitURL":"https://gitlab.com/williamhillplc/technical-services/networks/channels-team.git","ManagedBy":"OpenTofu","Migrated":"no","Name":"network-hub-prod-network-firewall","Product":"network-hub","Project":"network-hub","Tier":"internal","Type":"network-firewall"},"timeouts":null,"update_token":"dba7773e-dbc0-4782-a551-d2074c9fe426","vpc_id":"vpc-0b2fbd3ae7ef58ddc"},"sensitive_attributes":[],"private":"eyJlMmJmYjczMC1lY2FhLTExZTYtOGY4OC0zNDM2M2JjN2M0YzAiOnsiY3JlYXRlIjoxODAwMDAwMDAwMDAwLCJkZWxldGUiOjE4MDAwMDAwMDAwMDAsInVwZGF0ZSI6MTgwMDAwMDAwMDAwMH19","dependencies":["module.network_hub.aws_networkfirewall_firewall_policy.main","module.network_hub.aws_networkfirewall_rule_group.domain_allowlist","module.network_hub.aws_networkfirewall_rule_group.ip_rules","module.network_hub.aws_subnet.firewall_endpoint","module.network_hub.aws_vpc.firewall","module.network_hub.data.aws_availability_zones.available"]}]},{"module":"module.network_hub","mode":"managed","type":"aws_networkfirewall_firewall_policy","name":"main","provider":"provider[\"registry.opentofu.org/hashicorp/aws\"]","instances":[{"schema_version":0,"attributes":{"arn":"arn:aws:network-firewall:us-east-1:492597629650:firewall-policy/network-hub-prod-firewall-policy","description":"","encryption_configuration":[],"firewall_policy":[{"policy_variables":[],"stateful_default_actions":["aws:alert_strict","aws:drop_established"],"stateful_engine_options":[{"flow_timeouts":[],"rule_order":"STRICT_ORDER","stream_exception_policy":""}],"stateful_rule_group_reference":[{"deep_threat_inspection":"","override":[],"priority":100,"resource_arn":"arn:aws:network-firewall:us-east-1:492597629650:stateful-rulegroup/network-hub-prod-domain-allowlist"},{"deep_threat_inspection":"","override":[],"priority":300,"resource_arn":"arn:aws:network-firewall:us-east-1:492597629650:stateful-rulegroup/network-hub-prod-ip-rule-group"}],"stateless_custom_action":[],"stateless_default_actions":["aws:forward_to_sfe"],"stateless_fragment_default_actions":["aws:forward_to_sfe"],"stateless_rule_group_reference":[],"tls_inspection_configuration_arn":""}],"id":"arn:aws:network-firewall:us-east-1:492597629650:firewall-policy/network-hub-prod-firewall-policy","name":"network-hub-prod-firewall-policy","region":"us-east-1","tags":{"CardData":"no","Classification":"nonpublic","Environment":"prod","GitURL":"https://gitlab.com/williamhillplc/technical-services/networks/channels-team.git","ManagedBy":"OpenTofu","Migrated":"no","Name":"network-hub-prod-firewall-policy","Product":"network-hub","Project":"network-hub","Tier":"internal","Type":"firewall-policy"},"tags_all":{"CardData":"no","Classification":"nonpublic","Environment":"prod","GitURL":"https://gitlab.com/williamhillplc/technical-services/networks/channels-team.git","ManagedBy":"OpenTofu","Migrated":"no","Name":"network-hub-prod-firewall-policy","Product":"network-hub","Project":"network-hub","Tier":"internal","Type":"firewall-policy"},"update_token":"f0fc49f1-468f-49fd-a415-d239b4b5eec3"},"sensitive_attributes":[],"private":"bnVsbA==","dependencies":["module.network_hub.aws_networkfirewall_rule_group.domain_allowlist","module.network_hub.aws_networkfirewall_rule_group.ip_rules"]}]},{"module":"module.network_hub","mode":"managed","type":"aws_networkfirewall_rule_group","name":"domain_allowlist","provider":"provider[\"registry.opentofu.org/hashicorp/aws\"]","instances":[{"index_key":0,"schema_version":0,"attributes":{"arn":"arn:aws:network-firewall:us-east-1:492597629650:stateful-rulegroup/network-hub-prod-domain-allowlist","capacity":100,"description":"","encryption_configuration":[],"id":"arn:aws:network-firewall:us-east-1:492597629650:stateful-rulegroup/network-hub-prod-domain-allowlist","name":"network-hub-prod-domain-allowlist","region":"us-east-1","rule_group":[{"reference_sets":[],"rule_variables":[{"ip_sets":[{"ip_set":[{"definition":["100.124.0.0/14"]}],"key":"HOME_NET"}],"port_sets":[]}],"rules_source":[{"rules_source_list":[{"generated_rules_type":"ALLOWLIST","target_types":["HTTP_HOST","TLS_SNI"],"targets":[".amazon.com",".ifconfig.me","example.com"]}],"rules_string":"","stateful_rule":[],"stateless_rules_and_custom_actions":[]}],"stateful_rule_options":[{"rule_order":"STRICT_ORDER"}]}],"rules":null,"tags":{"CardData":"no","Classification":"nonpublic","Environment":"prod","GitURL":"https://gitlab.com/williamhillplc/technical-services/networks/channels-team.git","ManagedBy":"OpenTofu","Migrated":"no","Name":"network-hub-prod-domain-allowlist","Product":"network-hub","Project":"network-hub","Tier":"internal","Type":"rule-group"},"tags_all":{"CardData":"no","Classification":"nonpublic","Environment":"prod","GitURL":"https://gitlab.com/williamhillplc/technical-services/networks/channels-team.git","ManagedBy":"OpenTofu","Migrated":"no","Name":"network-hub-prod-domain-allowlist","Product":"network-hub","Project":"network-hub","Tier":"internal","Type":"rule-group"},"type":"STATEFUL","update_token":"49f166df-5fe6-4b18-b559-407f41b2de86"},"sensitive_attributes":[],"private":"bnVsbA=="}]},{"module":"module.network_hub","mode":"managed","type":"aws_networkfirewall_rule_group","name":"ip_rules","provider":"provider[\"registry.opentofu.org/hashicorp/aws\"]","instances":[{"index_key":0,"schema_version":0,"attributes":{"arn":"arn:aws:network-firewall:us-east-1:492597629650:stateful-rulegroup/network-hub-prod-ip-rule-group","capacity":100,"description":"","encryption_configuration":[],"id":"arn:aws:network-firewall:us-east-1:492597629650:stateful-rulegroup/network-hub-prod-ip-rule-group","name":"network-hub-prod-ip-rule-group","region":"us-east-1","rule_group":[{"reference_sets":[],"rule_variables":[],"rules_source":[{"rules_source_list":[],"rules_string":"","stateful_rule":[{"action":"PASS","header":[{"destination":"1.0.0.1","destination_port":"ANY","direction":"ANY","protocol":"ICMP","source":"ANY","source_port":"ANY"}],"rule_option":[{"keyword":"sid","settings":["1"]}]},{"action":"DROP","header":[{"destination":"169.254.169.254","destination_port":"ANY","direction":"ANY","protocol":"TCP","source":"ANY","source_port":"ANY"}],"rule_option":[{"keyword":"sid","settings":["2"]}]}],"stateless_rules_and_custom_actions":[]}],"stateful_rule_options":[{"rule_order":"STRICT_ORDER"}]}],"rules":null,"tags":{"CardData":"no","Classification":"nonpublic","Environment":"prod","GitURL":"https://gitlab.com/williamhillplc/technical-services/networks/channels-team.git","ManagedBy":"OpenTofu","Migrated":"no","Name":"network-hub-prod-ip-rule-group","Product":"network-hub","Project":"network-hub","Tier":"internal","Type":"rule-group"},"tags_all":{"CardData":"no","Classification":"nonpublic","Environment":"prod","GitURL":"https://gitlab.com/williamhillplc/technical-services/networks/channels-team.git","ManagedBy":"OpenTofu","Migrated":"no","Name":"network-hub-prod-ip-rule-group","Product":"network-hub","Project":"network-hub","Tier":"internal","Type":"rule-group"},"type":"STATEFUL","update_token":"d1c4a627-65c4-4991-b0d1-6cccaa63f8e1"},"sensitive_attributes":[],"private":"bnVsbA=="}]},{"module":"module.network_hub","mode":"managed","type":"aws_ram_principal_association","name":"organization","provider":"provider[\"registry.opentofu.org/hashicorp/aws\"]","instances":[{"schema_version":0,"attributes":{"id":"arn:aws:ram:us-east-1:492597629650:resource-share/af0405c4-8080-4c90-96b0-02f12a966b82,arn:aws:organizations::703671905140:organization/o-kv10f7crlv","principal":"arn:aws:organizations::703671905140:organization/o-kv10f7crlv","region":"us-east-1","resource_share_arn":"arn:aws:ram:us-east-1:492597629650:resource-share/af0405c4-8080-4c90-96b0-02f12a966b82"},"sensitive_attributes":[],"private":"bnVsbA==","dependencies":["module.network_hub.aws_ec2_transit_gateway.main","module.network_hub.aws_ram_resource_association.transit_gateway_share","module.network_hub.aws_ram_resource_share.transit_gateway_share"]}]},{"module":"module.network_hub","mode":"managed","type":"aws_ram_resource_association","name":"transit_gateway_share","provider":"provider[\"registry.opentofu.org/hashicorp/aws\"]","instances":[{"schema_version":0,"attributes":{"id":"arn:aws:ram:us-east-1:492597629650:resource-share/af0405c4-8080-4c90-96b0-02f12a966b82,arn:aws:ec2:us-east-1:492597629650:transit-gateway/tgw-0c01dd5c2967bcdd5","region":"us-east-1","resource_arn":"arn:aws:ec2:us-east-1:492597629650:transit-gateway/tgw-0c01dd5c2967bcdd5","resource_share_arn":"arn:aws:ram:us-east-1:492597629650:resource-share/af0405c4-8080-4c90-96b0-02f12a966b82"},"sensitive_attributes":[],"private":"bnVsbA==","dependencies":["module.network_hub.aws_ec2_transit_gateway.main","module.network_hub.aws_ram_resource_share.transit_gateway_share"]}]},{"module":"module.network_hub","mode":"managed","type":"aws_ram_resource_share","name":"transit_gateway_share","provider":"provider[\"registry.opentofu.org/hashicorp/aws\"]","instances":[{"schema_version":0,"attributes":{"allow_external_principals":false,"arn":"arn:aws:ram:us-east-1:492597629650:resource-share/af0405c4-8080-4c90-96b0-02f12a966b82","id":"arn:aws:ram:us-east-1:492597629650:resource-share/af0405c4-8080-4c90-96b0-02f12a966b82","name":"network-hub-prod-tgw-share","permission_arns":["arn:aws:ram::aws:permission/AWSRAMDefaultPermissionTransitGateway"],"region":"us-east-1","tags":{"CardData":"no","Classification":"nonpublic","Environment":"prod","GitURL":"https://gitlab.com/williamhillplc/technical-services/networks/channels-team.git","ManagedBy":"OpenTofu","Migrated":"no","Name":"network-hub-prod-tgw-share","Product":"network-hub","Project":"network-hub","Purpose":"transit-gateway-cross-account-access","Tier":"internal","Type":"ram-share"},"tags_all":{"CardData":"no","Classification":"nonpublic","Environment":"prod","GitURL":"https://gitlab.com/williamhillplc/technical-services/networks/channels-team.git","ManagedBy":"OpenTofu","Migrated":"no","Name":"network-hub-prod-tgw-share","Product":"network-hub","Project":"network-hub","Purpose":"transit-gateway-cross-account-access","Tier":"internal","Type":"ram-share"},"timeouts":null},"sensitive_attributes":[],"private":"eyJlMmJmYjczMC1lY2FhLTExZTYtOGY4OC0zNDM2M2JjN2M0YzAiOnsiY3JlYXRlIjozMDAwMDAwMDAwMDAsImRlbGV0ZSI6MzAwMDAwMDAwMDAwfX0="}]},{"module":"module.network_hub","mode":"managed","type":"aws_route","name":"client_vpc_to_tgw","provider":"provider[\"registry.opentofu.org/hashicorp/aws\"]","instances":[{"schema_version":0,"attributes":{"carrier_gateway_id":"","core_network_arn":"","destination_cidr_block":"0.0.0.0/0","destination_ipv6_cidr_block":"","destination_prefix_list_id":"","egress_only_gateway_id":"","gateway_id":"","id":"r-rtb-0b14340d395d896041080289494","instance_id":"","instance_owner_id":"","local_gateway_id":"","nat_gateway_id":"","network_interface_id":"","origin":"CreateRoute","region":"us-east-1","route_table_id":"rtb-0b14340d395d89604","state":"active","timeouts":null,"transit_gateway_id":"tgw-0c01dd5c2967bcdd5","vpc_endpoint_id":"","vpc_peering_connection_id":""},"sensitive_attributes":[],"private":"eyJlMmJmYjczMC1lY2FhLTExZTYtOGY4OC0zNDM2M2JjN2M0YzAiOnsiY3JlYXRlIjozMDAwMDAwMDAwMDAsImRlbGV0ZSI6MzAwMDAwMDAwMDAwLCJ1cGRhdGUiOjEyMDAwMDAwMDAwMH19","dependencies":["module.network_hub.aws_default_route_table.client_main","module.network_hub.aws_ec2_transit_gateway.main","module.network_hub.aws_vpc.client"]}]},{"module":"module.network_hub","mode":"managed","type":"aws_route","name":"egress_firewall_endpoint_to_nat","provider":"provider[\"registry.opentofu.org/hashicorp/aws\"]","instances":[{"index_key":0,"schema_version":0,"attributes":{"carrier_gateway_id":"","core_network_arn":"","destination_cidr_block":"0.0.0.0/0","destination_ipv6_cidr_block":"","destination_prefix_list_id":"","egress_only_gateway_id":"","gateway_id":"","id":"r-rtb-07a6480224581586d1080289494","instance_id":"","instance_owner_id":"","local_gateway_id":"","nat_gateway_id":"nat-07de851c9a3404566","network_interface_id":"","origin":"CreateRoute","region":"us-east-1","route_table_id":"rtb-07a6480224581586d","state":"active","timeouts":null,"transit_gateway_id":"","vpc_endpoint_id":"","vpc_peering_connection_id":""},"sensitive_attributes":[],"private":"eyJlMmJmYjczMC1lY2FhLTExZTYtOGY4OC0zNDM2M2JjN2M0YzAiOnsiY3JlYXRlIjozMDAwMDAwMDAwMDAsImRlbGV0ZSI6MzAwMDAwMDAwMDAwLCJ1cGRhdGUiOjEyMDAwMDAwMDAwMH19","dependencies":["module.network_hub.aws_eip.nat_gateway","module.network_hub.aws_internet_gateway.central_egress","module.network_hub.aws_nat_gateway.central_egress","module.network_hub.aws_route_table.egress_firewall_endpoint","module.network_hub.aws_subnet.egress_firewall_endpoint","module.network_hub.aws_subnet.egress_public","module.network_hub.aws_vpc.central_egress","module.network_hub.data.aws_availability_zones.available"]},{"index_key":1,"schema_version":0,"attributes":{"carrier_gateway_id":"","core_network_arn":"","destination_cidr_block":"0.0.0.0/0","destination_ipv6_cidr_block":"","destination_prefix_list_id":"","egress_only_gateway_id":"","gateway_id":"","id":"r-rtb-001ac5a1a3dab7d201080289494","instance_id":"","instance_owner_id":"","local_gateway_id":"","nat_gateway_id":"nat-0fb538f7f3c174ba0","network_interface_id":"","origin":"CreateRoute","region":"us-east-1","route_table_id":"rtb-001ac5a1a3dab7d20","state":"active","timeouts":null,"transit_gateway_id":"","vpc_endpoint_id":"","vpc_peering_connection_id":""},"sensitive_attributes":[],"private":"eyJlMmJmYjczMC1lY2FhLTExZTYtOGY4OC0zNDM2M2JjN2M0YzAiOnsiY3JlYXRlIjozMDAwMDAwMDAwMDAsImRlbGV0ZSI6MzAwMDAwMDAwMDAwLCJ1cGRhdGUiOjEyMDAwMDAwMDAwMH19","dependencies":["module.network_hub.aws_eip.nat_gateway","module.network_hub.aws_internet_gateway.central_egress","module.network_hub.aws_nat_gateway.central_egress","module.network_hub.aws_route_table.egress_firewall_endpoint","module.network_hub.aws_subnet.egress_firewall_endpoint","module.network_hub.aws_subnet.egress_public","module.network_hub.aws_vpc.central_egress","module.network_hub.data.aws_availability_zones.available"]},{"index_key":2,"schema_version":0,"attributes":{"carrier_gateway_id":"","core_network_arn":"","destination_cidr_block":"0.0.0.0/0","destination_ipv6_cidr_block":"","destination_prefix_list_id":"","egress_only_gateway_id":"","gateway_id":"","id":"r-rtb-0681b64aacc0c63431080289494","instance_id":"","instance_owner_id":"","local_gateway_id":"","nat_gateway_id":"nat-058d6f4173097aa49","network_interface_id":"","origin":"CreateRoute","region":"us-east-1","route_table_id":"rtb-0681b64aacc0c6343","state":"active","timeouts":null,"transit_gateway_id":"","vpc_endpoint_id":"","vpc_peering_connection_id":""},"sensitive_attributes":[],"private":"eyJlMmJmYjczMC1lY2FhLTExZTYtOGY4OC0zNDM2M2JjN2M0YzAiOnsiY3JlYXRlIjozMDAwMDAwMDAwMDAsImRlbGV0ZSI6MzAwMDAwMDAwMDAwLCJ1cGRhdGUiOjEyMDAwMDAwMDAwMH19","dependencies":["module.network_hub.aws_eip.nat_gateway","module.network_hub.aws_internet_gateway.central_egress","module.network_hub.aws_nat_gateway.central_egress","module.network_hub.aws_route_table.egress_firewall_endpoint","module.network_hub.aws_subnet.egress_firewall_endpoint","module.network_hub.aws_subnet.egress_public","module.network_hub.aws_vpc.central_egress","module.network_hub.data.aws_availability_zones.available"]}]},{"module":"module.network_hub","mode":"managed","type":"aws_route","name":"egress_firewall_endpoint_to_tgw","provider":"provider[\"registry.opentofu.org/hashicorp/aws\"]","instances":[{"index_key":0,"schema_version":0,"attributes":{"carrier_gateway_id":"","core_network_arn":"","destination_cidr_block":"100.124.0.0/14","destination_ipv6_cidr_block":"","destination_prefix_list_id":"","egress_only_gateway_id":"","gateway_id":"","id":"r-rtb-07a6480224581586d1735598424","instance_id":"","instance_owner_id":"","local_gateway_id":"","nat_gateway_id":"","network_interface_id":"","origin":"CreateRoute","region":"us-east-1","route_table_id":"rtb-07a6480224581586d","state":"active","timeouts":null,"transit_gateway_id":"tgw-0c01dd5c2967bcdd5","vpc_endpoint_id":"","vpc_peering_connection_id":""},"sensitive_attributes":[],"private":"eyJlMmJmYjczMC1lY2FhLTExZTYtOGY4OC0zNDM2M2JjN2M0YzAiOnsiY3JlYXRlIjozMDAwMDAwMDAwMDAsImRlbGV0ZSI6MzAwMDAwMDAwMDAwLCJ1cGRhdGUiOjEyMDAwMDAwMDAwMH19","dependencies":["module.network_hub.aws_ec2_transit_gateway.main","module.network_hub.aws_route_table.egress_firewall_endpoint","module.network_hub.aws_subnet.egress_firewall_endpoint","module.network_hub.aws_vpc.central_egress","module.network_hub.data.aws_availability_zones.available"]},{"index_key":1,"schema_version":0,"attributes":{"carrier_gateway_id":"","core_network_arn":"","destination_cidr_block":"100.124.0.0/14","destination_ipv6_cidr_block":"","destination_prefix_list_id":"","egress_only_gateway_id":"","gateway_id":"","id":"r-rtb-001ac5a1a3dab7d201735598424","instance_id":"","instance_owner_id":"","local_gateway_id":"","nat_gateway_id":"","network_interface_id":"","origin":"CreateRoute","region":"us-east-1","route_table_id":"rtb-001ac5a1a3dab7d20","state":"active","timeouts":null,"transit_gateway_id":"tgw-0c01dd5c2967bcdd5","vpc_endpoint_id":"","vpc_peering_connection_id":""},"sensitive_attributes":[],"private":"eyJlMmJmYjczMC1lY2FhLTExZTYtOGY4OC0zNDM2M2JjN2M0YzAiOnsiY3JlYXRlIjozMDAwMDAwMDAwMDAsImRlbGV0ZSI6MzAwMDAwMDAwMDAwLCJ1cGRhdGUiOjEyMDAwMDAwMDAwMH19","dependencies":["module.network_hub.aws_ec2_transit_gateway.main","module.network_hub.aws_route_table.egress_firewall_endpoint","module.network_hub.aws_subnet.egress_firewall_endpoint","module.network_hub.aws_vpc.central_egress","module.network_hub.data.aws_availability_zones.available"]},{"index_key":2,"schema_version":0,"attributes":{"carrier_gateway_id":"","core_network_arn":"","destination_cidr_block":"100.124.0.0/14","destination_ipv6_cidr_block":"","destination_prefix_list_id":"","egress_only_gateway_id":"","gateway_id":"","id":"r-rtb-0681b64aacc0c63431735598424","instance_id":"","instance_owner_id":"","local_gateway_id":"","nat_gateway_id":"","network_interface_id":"","origin":"CreateRoute","region":"us-east-1","route_table_id":"rtb-0681b64aacc0c6343","state":"active","timeouts":null,"transit_gateway_id":"tgw-0c01dd5c2967bcdd5","vpc_endpoint_id":"","vpc_peering_connection_id":""},"sensitive_attributes":[],"private":"eyJlMmJmYjczMC1lY2FhLTExZTYtOGY4OC0zNDM2M2JjN2M0YzAiOnsiY3JlYXRlIjozMDAwMDAwMDAwMDAsImRlbGV0ZSI6MzAwMDAwMDAwMDAwLCJ1cGRhdGUiOjEyMDAwMDAwMDAwMH19","dependencies":["module.network_hub.aws_ec2_transit_gateway.main","module.network_hub.aws_route_table.egress_firewall_endpoint","module.network_hub.aws_subnet.egress_firewall_endpoint","module.network_hub.aws_vpc.central_egress","module.network_hub.data.aws_availability_zones.available"]}]},{"module":"module.network_hub","mode":"managed","type":"aws_route","name":"egress_private_to_nat","provider":"provider[\"registry.opentofu.org/hashicorp/aws\"]","instances":[{"index_key":0,"schema_version":0,"attributes":{"carrier_gateway_id":"","core_network_arn":"","destination_cidr_block":"0.0.0.0/0","destination_ipv6_cidr_block":"","destination_prefix_list_id":"","egress_only_gateway_id":"","gateway_id":"","id":"r-rtb-0deccb62ab19206f81080289494","instance_id":"","instance_owner_id":"","local_gateway_id":"","nat_gateway_id":"","network_interface_id":"","origin":"CreateRoute","region":"us-east-1","route_table_id":"rtb-0deccb62ab19206f8","state":"active","timeouts":null,"transit_gateway_id":"","vpc_endpoint_id":"vpce-010380a0c500c3a28","vpc_peering_connection_id":""},"sensitive_attributes":[],"private":"eyJlMmJmYjczMC1lY2FhLTExZTYtOGY4OC0zNDM2M2JjN2M0YzAiOnsiY3JlYXRlIjozMDAwMDAwMDAwMDAsImRlbGV0ZSI6MzAwMDAwMDAwMDAwLCJ1cGRhdGUiOjEyMDAwMDAwMDAwMH19","dependencies":["module.network_hub.aws_networkfirewall_firewall.main","module.network_hub.aws_networkfirewall_firewall_policy.main","module.network_hub.aws_networkfirewall_rule_group.domain_allowlist","module.network_hub.aws_networkfirewall_rule_group.ip_rules","module.network_hub.aws_route_table.egress_private","module.network_hub.aws_subnet.egress_firewall_endpoint","module.network_hub.aws_subnet.firewall_endpoint","module.network_hub.aws_vpc.central_egress","module.network_hub.aws_vpc.firewall","module.network_hub.awscc_networkfirewall_vpc_endpoint_association.egress","module.network_hub.data.aws_availability_zones.available","module.network_hub.data.aws_caller_identity.current","module.network_hub.data.aws_vpc_endpoint.firewall"]},{"index_key":1,"schema_version":0,"attributes":{"carrier_gateway_id":"","core_network_arn":"","destination_cidr_block":"0.0.0.0/0","destination_ipv6_cidr_block":"","destination_prefix_list_id":"","egress_only_gateway_id":"","gateway_id":"","id":"r-rtb-016e556a194f55b271080289494","instance_id":"","instance_owner_id":"","local_gateway_id":"","nat_gateway_id":"","network_interface_id":"","origin":"CreateRoute","region":"us-east-1","route_table_id":"rtb-016e556a194f55b27","state":"active","timeouts":null,"transit_gateway_id":"","vpc_endpoint_id":"vpce-00ae534fe26132d55","vpc_peering_connection_id":""},"sensitive_attributes":[],"private":"eyJlMmJmYjczMC1lY2FhLTExZTYtOGY4OC0zNDM2M2JjN2M0YzAiOnsiY3JlYXRlIjozMDAwMDAwMDAwMDAsImRlbGV0ZSI6MzAwMDAwMDAwMDAwLCJ1cGRhdGUiOjEyMDAwMDAwMDAwMH19","dependencies":["module.network_hub.aws_networkfirewall_firewall.main","module.network_hub.aws_networkfirewall_firewall_policy.main","module.network_hub.aws_networkfirewall_rule_group.domain_allowlist","module.network_hub.aws_networkfirewall_rule_group.ip_rules","module.network_hub.aws_route_table.egress_private","module.network_hub.aws_subnet.egress_firewall_endpoint","module.network_hub.aws_subnet.firewall_endpoint","module.network_hub.aws_vpc.central_egress","module.network_hub.aws_vpc.firewall","module.network_hub.awscc_networkfirewall_vpc_endpoint_association.egress","module.network_hub.data.aws_availability_zones.available","module.network_hub.data.aws_caller_identity.current","module.network_hub.data.aws_vpc_endpoint.firewall"]},{"index_key":2,"schema_version":0,"attributes":{"carrier_gateway_id":"","core_network_arn":"","destination_cidr_block":"0.0.0.0/0","destination_ipv6_cidr_block":"","destination_prefix_list_id":"","egress_only_gateway_id":"","gateway_id":"","id":"r-rtb-0c77df2f992fb2a351080289494","instance_id":"","instance_owner_id":"","local_gateway_id":"","nat_gateway_id":"","network_interface_id":"","origin":"CreateRoute","region":"us-east-1","route_table_id":"rtb-0c77df2f992fb2a35","state":"active","timeouts":null,"transit_gateway_id":"","vpc_endpoint_id":"vpce-007b962accaf4da3c","vpc_peering_connection_id":""},"sensitive_attributes":[],"private":"eyJlMmJmYjczMC1lY2FhLTExZTYtOGY4OC0zNDM2M2JjN2M0YzAiOnsiY3JlYXRlIjozMDAwMDAwMDAwMDAsImRlbGV0ZSI6MzAwMDAwMDAwMDAwLCJ1cGRhdGUiOjEyMDAwMDAwMDAwMH19","dependencies":["module.network_hub.aws_networkfirewall_firewall.main","module.network_hub.aws_networkfirewall_firewall_policy.main","module.network_hub.aws_networkfirewall_rule_group.domain_allowlist","module.network_hub.aws_networkfirewall_rule_group.ip_rules","module.network_hub.aws_route_table.egress_private","module.network_hub.aws_subnet.egress_firewall_endpoint","module.network_hub.aws_subnet.firewall_endpoint","module.network_hub.aws_vpc.central_egress","module.network_hub.aws_vpc.firewall","module.network_hub.awscc_networkfirewall_vpc_endpoint_association.egress","module.network_hub.data.aws_availability_zones.available","module.network_hub.data.aws_caller_identity.current","module.network_hub.data.aws_vpc_endpoint.firewall"]}]},{"module":"module.network_hub","mode":"managed","type":"aws_route","name":"egress_private_to_tgw","provider":"provider[\"registry.opentofu.org/hashicorp/aws\"]","instances":[{"index_key":0,"schema_version":0,"attributes":{"carrier_gateway_id":"","core_network_arn":"","destination_cidr_block":"100.124.0.0/14","destination_ipv6_cidr_block":"","destination_prefix_list_id":"","egress_only_gateway_id":"","gateway_id":"","id":"r-rtb-0deccb62ab19206f81735598424","instance_id":"","instance_owner_id":"","local_gateway_id":"","nat_gateway_id":"","network_interface_id":"","origin":"CreateRoute","region":"us-east-1","route_table_id":"rtb-0deccb62ab19206f8","state":"active","timeouts":null,"transit_gateway_id":"tgw-0c01dd5c2967bcdd5","vpc_endpoint_id":"","vpc_peering_connection_id":""},"sensitive_attributes":[],"private":"eyJlMmJmYjczMC1lY2FhLTExZTYtOGY4OC0zNDM2M2JjN2M0YzAiOnsiY3JlYXRlIjozMDAwMDAwMDAwMDAsImRlbGV0ZSI6MzAwMDAwMDAwMDAwLCJ1cGRhdGUiOjEyMDAwMDAwMDAwMH19","dependencies":["module.network_hub.aws_ec2_transit_gateway.main","module.network_hub.aws_route_table.egress_private","module.network_hub.aws_vpc.central_egress","module.network_hub.data.aws_availability_zones.available"]},{"index_key":1,"schema_version":0,"attributes":{"carrier_gateway_id":"","core_network_arn":"","destination_cidr_block":"100.124.0.0/14","destination_ipv6_cidr_block":"","destination_prefix_list_id":"","egress_only_gateway_id":"","gateway_id":"","id":"r-rtb-016e556a194f55b271735598424","instance_id":"","instance_owner_id":"","local_gateway_id":"","nat_gateway_id":"","network_interface_id":"","origin":"CreateRoute","region":"us-east-1","route_table_id":"rtb-016e556a194f55b27","state":"active","timeouts":null,"transit_gateway_id":"tgw-0c01dd5c2967bcdd5","vpc_endpoint_id":"","vpc_peering_connection_id":""},"sensitive_attributes":[],"private":"eyJlMmJmYjczMC1lY2FhLTExZTYtOGY4OC0zNDM2M2JjN2M0YzAiOnsiY3JlYXRlIjozMDAwMDAwMDAwMDAsImRlbGV0ZSI6MzAwMDAwMDAwMDAwLCJ1cGRhdGUiOjEyMDAwMDAwMDAwMH19","dependencies":["module.network_hub.aws_ec2_transit_gateway.main","module.network_hub.aws_route_table.egress_private","module.network_hub.aws_vpc.central_egress","module.network_hub.data.aws_availability_zones.available"]},{"index_key":2,"schema_version":0,"attributes":{"carrier_gateway_id":"","core_network_arn":"","destination_cidr_block":"100.124.0.0/14","destination_ipv6_cidr_block":"","destination_prefix_list_id":"","egress_only_gateway_id":"","gateway_id":"","id":"r-rtb-0c77df2f992fb2a351735598424","instance_id":"","instance_owner_id":"","local_gateway_id":"","nat_gateway_id":"","network_interface_id":"","origin":"CreateRoute","region":"us-east-1","route_table_id":"rtb-0c77df2f992fb2a35","state":"active","timeouts":null,"transit_gateway_id":"tgw-0c01dd5c2967bcdd5","vpc_endpoint_id":"","vpc_peering_connection_id":""},"sensitive_attributes":[],"private":"eyJlMmJmYjczMC1lY2FhLTExZTYtOGY4OC0zNDM2M2JjN2M0YzAiOnsiY3JlYXRlIjozMDAwMDAwMDAwMDAsImRlbGV0ZSI6MzAwMDAwMDAwMDAwLCJ1cGRhdGUiOjEyMDAwMDAwMDAwMH19","dependencies":["module.network_hub.aws_ec2_transit_gateway.main","module.network_hub.aws_route_table.egress_private","module.network_hub.aws_vpc.central_egress","module.network_hub.data.aws_availability_zones.available"]}]},{"module":"module.network_hub","mode":"managed","type":"aws_route","name":"egress_public_to_igw","provider":"provider[\"registry.opentofu.org/hashicorp/aws\"]","instances":[{"index_key":0,"schema_version":0,"attributes":{"carrier_gateway_id":"","core_network_arn":"","destination_cidr_block":"0.0.0.0/0","destination_ipv6_cidr_block":"","destination_prefix_list_id":"","egress_only_gateway_id":"","gateway_id":"igw-0707abfbf5ea9bcd9","id":"r-rtb-0818d6a93b80171b81080289494","instance_id":"","instance_owner_id":"","local_gateway_id":"","nat_gateway_id":"","network_interface_id":"","origin":"CreateRoute","region":"us-east-1","route_table_id":"rtb-0818d6a93b80171b8","state":"active","timeouts":null,"transit_gateway_id":"","vpc_endpoint_id":"","vpc_peering_connection_id":""},"sensitive_attributes":[],"private":"eyJlMmJmYjczMC1lY2FhLTExZTYtOGY4OC0zNDM2M2JjN2M0YzAiOnsiY3JlYXRlIjozMDAwMDAwMDAwMDAsImRlbGV0ZSI6MzAwMDAwMDAwMDAwLCJ1cGRhdGUiOjEyMDAwMDAwMDAwMH19","dependencies":["module.network_hub.aws_internet_gateway.central_egress","module.network_hub.aws_route_table.egress_public","module.network_hub.aws_vpc.central_egress","module.network_hub.data.aws_availability_zones.available"]},{"index_key":1,"schema_version":0,"attributes":{"carrier_gateway_id":"","core_network_arn":"","destination_cidr_block":"0.0.0.0/0","destination_ipv6_cidr_block":"","destination_prefix_list_id":"","egress_only_gateway_id":"","gateway_id":"igw-0707abfbf5ea9bcd9","id":"r-rtb-09a40137d3bcd180f1080289494","instance_id":"","instance_owner_id":"","local_gateway_id":"","nat_gateway_id":"","network_interface_id":"","origin":"CreateRoute","region":"us-east-1","route_table_id":"rtb-09a40137d3bcd180f","state":"active","timeouts":null,"transit_gateway_id":"","vpc_endpoint_id":"","vpc_peering_connection_id":""},"sensitive_attributes":[],"private":"eyJlMmJmYjczMC1lY2FhLTExZTYtOGY4OC0zNDM2M2JjN2M0YzAiOnsiY3JlYXRlIjozMDAwMDAwMDAwMDAsImRlbGV0ZSI6MzAwMDAwMDAwMDAwLCJ1cGRhdGUiOjEyMDAwMDAwMDAwMH19","dependencies":["module.network_hub.aws_internet_gateway.central_egress","module.network_hub.aws_route_table.egress_public","module.network_hub.aws_vpc.central_egress","module.network_hub.data.aws_availability_zones.available"]},{"index_key":2,"schema_version":0,"attributes":{"carrier_gateway_id":"","core_network_arn":"","destination_cidr_block":"0.0.0.0/0","destination_ipv6_cidr_block":"","destination_prefix_list_id":"","egress_only_gateway_id":"","gateway_id":"igw-0707abfbf5ea9bcd9","id":"r-rtb-0ea79b802dcd4eafd1080289494","instance_id":"","instance_owner_id":"","local_gateway_id":"","nat_gateway_id":"","network_interface_id":"","origin":"CreateRoute","region":"us-east-1","route_table_id":"rtb-0ea79b802dcd4eafd","state":"active","timeouts":null,"transit_gateway_id":"","vpc_endpoint_id":"","vpc_peering_connection_id":""},"sensitive_attributes":[],"private":"eyJlMmJmYjczMC1lY2FhLTExZTYtOGY4OC0zNDM2M2JjN2M0YzAiOnsiY3JlYXRlIjozMDAwMDAwMDAwMDAsImRlbGV0ZSI6MzAwMDAwMDAwMDAwLCJ1cGRhdGUiOjEyMDAwMDAwMDAwMH19","dependencies":["module.network_hub.aws_internet_gateway.central_egress","module.network_hub.aws_route_table.egress_public","module.network_hub.aws_vpc.central_egress","module.network_hub.data.aws_availability_zones.available"]}]},{"module":"module.network_hub","mode":"managed","type":"aws_route","name":"egress_public_to_tgw","provider":"provider[\"registry.opentofu.org/hashicorp/aws\"]","instances":[{"index_key":0,"schema_version":0,"attributes":{"carrier_gateway_id":"","core_network_arn":"","destination_cidr_block":"100.124.0.0/14","destination_ipv6_cidr_block":"","destination_prefix_list_id":"","egress_only_gateway_id":"","gateway_id":"","id":"r-rtb-0818d6a93b80171b81735598424","instance_id":"","instance_owner_id":"","local_gateway_id":"","nat_gateway_id":"","network_interface_id":"","origin":"CreateRoute","region":"us-east-1","route_table_id":"rtb-0818d6a93b80171b8","state":"active","timeouts":null,"transit_gateway_id":"","vpc_endpoint_id":"vpce-010380a0c500c3a28","vpc_peering_connection_id":""},"sensitive_attributes":[],"private":"eyJlMmJmYjczMC1lY2FhLTExZTYtOGY4OC0zNDM2M2JjN2M0YzAiOnsiY3JlYXRlIjozMDAwMDAwMDAwMDAsImRlbGV0ZSI6MzAwMDAwMDAwMDAwLCJ1cGRhdGUiOjEyMDAwMDAwMDAwMH19","dependencies":["module.network_hub.aws_networkfirewall_firewall.main","module.network_hub.aws_networkfirewall_firewall_policy.main","module.network_hub.aws_networkfirewall_rule_group.domain_allowlist","module.network_hub.aws_networkfirewall_rule_group.ip_rules","module.network_hub.aws_route_table.egress_public","module.network_hub.aws_subnet.egress_firewall_endpoint","module.network_hub.aws_subnet.firewall_endpoint","module.network_hub.aws_vpc.central_egress","module.network_hub.aws_vpc.firewall","module.network_hub.awscc_networkfirewall_vpc_endpoint_association.egress","module.network_hub.data.aws_availability_zones.available","module.network_hub.data.aws_caller_identity.current","module.network_hub.data.aws_vpc_endpoint.firewall"]},{"index_key":1,"schema_version":0,"attributes":{"carrier_gateway_id":"","core_network_arn":"","destination_cidr_block":"100.124.0.0/14","destination_ipv6_cidr_block":"","destination_prefix_list_id":"","egress_only_gateway_id":"","gateway_id":"","id":"r-rtb-09a40137d3bcd180f1735598424","instance_id":"","instance_owner_id":"","local_gateway_id":"","nat_gateway_id":"","network_interface_id":"","origin":"CreateRoute","region":"us-east-1","route_table_id":"rtb-09a40137d3bcd180f","state":"active","timeouts":null,"transit_gateway_id":"","vpc_endpoint_id":"vpce-00ae534fe26132d55","vpc_peering_connection_id":""},"sensitive_attributes":[],"private":"eyJlMmJmYjczMC1lY2FhLTExZTYtOGY4OC0zNDM2M2JjN2M0YzAiOnsiY3JlYXRlIjozMDAwMDAwMDAwMDAsImRlbGV0ZSI6MzAwMDAwMDAwMDAwLCJ1cGRhdGUiOjEyMDAwMDAwMDAwMH19","dependencies":["module.network_hub.aws_networkfirewall_firewall.main","module.network_hub.aws_networkfirewall_firewall_policy.main","module.network_hub.aws_networkfirewall_rule_group.domain_allowlist","module.network_hub.aws_networkfirewall_rule_group.ip_rules","module.network_hub.aws_route_table.egress_public","module.network_hub.aws_subnet.egress_firewall_endpoint","module.network_hub.aws_subnet.firewall_endpoint","module.network_hub.aws_vpc.central_egress","module.network_hub.aws_vpc.firewall","module.network_hub.awscc_networkfirewall_vpc_endpoint_association.egress","module.network_hub.data.aws_availability_zones.available","module.network_hub.data.aws_caller_identity.current","module.network_hub.data.aws_vpc_endpoint.firewall"]},{"index_key":2,"schema_version":0,"attributes":{"carrier_gateway_id":"","core_network_arn":"","destination_cidr_block":"100.124.0.0/14","destination_ipv6_cidr_block":"","destination_prefix_list_id":"","egress_only_gateway_id":"","gateway_id":"","id":"r-rtb-0ea79b802dcd4eafd1735598424","instance_id":"","instance_owner_id":"","local_gateway_id":"","nat_gateway_id":"","network_interface_id":"","origin":"CreateRoute","region":"us-east-1","route_table_id":"rtb-0ea79b802dcd4eafd","state":"active","timeouts":null,"transit_gateway_id":"","vpc_endpoint_id":"vpce-007b962accaf4da3c","vpc_peering_connection_id":""},"sensitive_attributes":[],"private":"eyJlMmJmYjczMC1lY2FhLTExZTYtOGY4OC0zNDM2M2JjN2M0YzAiOnsiY3JlYXRlIjozMDAwMDAwMDAwMDAsImRlbGV0ZSI6MzAwMDAwMDAwMDAwLCJ1cGRhdGUiOjEyMDAwMDAwMDAwMH19","dependencies":["module.network_hub.aws_networkfirewall_firewall.main","module.network_hub.aws_networkfirewall_firewall_policy.main","module.network_hub.aws_networkfirewall_rule_group.domain_allowlist","module.network_hub.aws_networkfirewall_rule_group.ip_rules","module.network_hub.aws_route_table.egress_public","module.network_hub.aws_subnet.egress_firewall_endpoint","module.network_hub.aws_subnet.firewall_endpoint","module.network_hub.aws_vpc.central_egress","module.network_hub.aws_vpc.firewall","module.network_hub.awscc_networkfirewall_vpc_endpoint_association.egress","module.network_hub.data.aws_availability_zones.available","module.network_hub.data.aws_caller_identity.current","module.network_hub.data.aws_vpc_endpoint.firewall"]}]},{"module":"module.network_hub","mode":"managed","type":"aws_route","name":"egress_vpc_to_igw","provider":"provider[\"registry.opentofu.org/hashicorp/aws\"]","instances":[{"schema_version":0,"attributes":{"carrier_gateway_id":"","core_network_arn":"","destination_cidr_block":"0.0.0.0/0","destination_ipv6_cidr_block":"","destination_prefix_list_id":"","egress_only_gateway_id":"","gateway_id":"igw-0707abfbf5ea9bcd9","id":"r-rtb-087df990da7a7c6fb1080289494","instance_id":"","instance_owner_id":"","local_gateway_id":"","nat_gateway_id":"","network_interface_id":"","origin":"CreateRoute","region":"us-east-1","route_table_id":"rtb-087df990da7a7c6fb","state":"active","timeouts":null,"transit_gateway_id":"","vpc_endpoint_id":"","vpc_peering_connection_id":""},"sensitive_attributes":[],"private":"eyJlMmJmYjczMC1lY2FhLTExZTYtOGY4OC0zNDM2M2JjN2M0YzAiOnsiY3JlYXRlIjozMDAwMDAwMDAwMDAsImRlbGV0ZSI6MzAwMDAwMDAwMDAwLCJ1cGRhdGUiOjEyMDAwMDAwMDAwMH19","dependencies":["module.network_hub.aws_default_route_table.central_egress_main","module.network_hub.aws_internet_gateway.central_egress","module.network_hub.aws_vpc.central_egress"]}]},{"module":"module.network_hub","mode":"managed","type":"aws_route","name":"egress_vpc_to_tgw","provider":"provider[\"registry.opentofu.org/hashicorp/aws\"]","instances":[{"schema_version":0,"attributes":{"carrier_gateway_id":"","core_network_arn":"","destination_cidr_block":"100.124.0.0/14","destination_ipv6_cidr_block":"","destination_prefix_list_id":"","egress_only_gateway_id":"","gateway_id":"","id":"r-rtb-087df990da7a7c6fb1735598424","instance_id":"","instance_owner_id":"","local_gateway_id":"","nat_gateway_id":"","network_interface_id":"","origin":"CreateRoute","region":"us-east-1","route_table_id":"rtb-087df990da7a7c6fb","state":"active","timeouts":null,"transit_gateway_id":"tgw-0c01dd5c2967bcdd5","vpc_endpoint_id":"","vpc_peering_connection_id":""},"sensitive_attributes":[],"private":"eyJlMmJmYjczMC1lY2FhLTExZTYtOGY4OC0zNDM2M2JjN2M0YzAiOnsiY3JlYXRlIjozMDAwMDAwMDAwMDAsImRlbGV0ZSI6MzAwMDAwMDAwMDAwLCJ1cGRhdGUiOjEyMDAwMDAwMDAwMH19","dependencies":["module.network_hub.aws_default_route_table.central_egress_main","module.network_hub.aws_ec2_transit_gateway.main","module.network_hub.aws_vpc.central_egress"]}]},{"module":"module.network_hub","mode":"managed","type":"aws_route","name":"firewall_endpoint_to_tgw","provider":"provider[\"registry.opentofu.org/hashicorp/aws\"]","instances":[{"index_key":0,"schema_version":0,"attributes":{"carrier_gateway_id":"","core_network_arn":"","destination_cidr_block":"0.0.0.0/0","destination_ipv6_cidr_block":"","destination_prefix_list_id":"","egress_only_gateway_id":"","gateway_id":"","id":"r-rtb-00ae4a0917f06a0491080289494","instance_id":"","instance_owner_id":"","local_gateway_id":"","nat_gateway_id":"","network_interface_id":"","origin":"CreateRoute","region":"us-east-1","route_table_id":"rtb-00ae4a0917f06a049","state":"active","timeouts":null,"transit_gateway_id":"tgw-0c01dd5c2967bcdd5","vpc_endpoint_id":"","vpc_peering_connection_id":""},"sensitive_attributes":[],"private":"eyJlMmJmYjczMC1lY2FhLTExZTYtOGY4OC0zNDM2M2JjN2M0YzAiOnsiY3JlYXRlIjozMDAwMDAwMDAwMDAsImRlbGV0ZSI6MzAwMDAwMDAwMDAwLCJ1cGRhdGUiOjEyMDAwMDAwMDAwMH19","dependencies":["module.network_hub.aws_ec2_transit_gateway.main","module.network_hub.aws_route_table.firewall_endpoint","module.network_hub.aws_vpc.firewall","module.network_hub.data.aws_availability_zones.available"]},{"index_key":1,"schema_version":0,"attributes":{"carrier_gateway_id":"","core_network_arn":"","destination_cidr_block":"0.0.0.0/0","destination_ipv6_cidr_block":"","destination_prefix_list_id":"","egress_only_gateway_id":"","gateway_id":"","id":"r-rtb-0c5e4c94d749a0cd41080289494","instance_id":"","instance_owner_id":"","local_gateway_id":"","nat_gateway_id":"","network_interface_id":"","origin":"CreateRoute","region":"us-east-1","route_table_id":"rtb-0c5e4c94d749a0cd4","state":"active","timeouts":null,"transit_gateway_id":"tgw-0c01dd5c2967bcdd5","vpc_endpoint_id":"","vpc_peering_connection_id":""},"sensitive_attributes":[],"private":"eyJlMmJmYjczMC1lY2FhLTExZTYtOGY4OC0zNDM2M2JjN2M0YzAiOnsiY3JlYXRlIjozMDAwMDAwMDAwMDAsImRlbGV0ZSI6MzAwMDAwMDAwMDAwLCJ1cGRhdGUiOjEyMDAwMDAwMDAwMH19","dependencies":["module.network_hub.aws_ec2_transit_gateway.main","module.network_hub.aws_route_table.firewall_endpoint","module.network_hub.aws_vpc.firewall","module.network_hub.data.aws_availability_zones.available"]},{"index_key":2,"schema_version":0,"attributes":{"carrier_gateway_id":"","core_network_arn":"","destination_cidr_block":"0.0.0.0/0","destination_ipv6_cidr_block":"","destination_prefix_list_id":"","egress_only_gateway_id":"","gateway_id":"","id":"r-rtb-0d2ec5da53a0c7d261080289494","instance_id":"","instance_owner_id":"","local_gateway_id":"","nat_gateway_id":"","network_interface_id":"","origin":"CreateRoute","region":"us-east-1","route_table_id":"rtb-0d2ec5da53a0c7d26","state":"active","timeouts":null,"transit_gateway_id":"tgw-0c01dd5c2967bcdd5","vpc_endpoint_id":"","vpc_peering_connection_id":""},"sensitive_attributes":[],"private":"eyJlMmJmYjczMC1lY2FhLTExZTYtOGY4OC0zNDM2M2JjN2M0YzAiOnsiY3JlYXRlIjozMDAwMDAwMDAwMDAsImRlbGV0ZSI6MzAwMDAwMDAwMDAwLCJ1cGRhdGUiOjEyMDAwMDAwMDAwMH19","dependencies":["module.network_hub.aws_ec2_transit_gateway.main","module.network_hub.aws_route_table.firewall_endpoint","module.network_hub.aws_vpc.firewall","module.network_hub.data.aws_availability_zones.available"]}]},{"module":"module.network_hub","mode":"managed","type":"aws_route","name":"firewall_tgw_to_vpce","provider":"provider[\"registry.opentofu.org/hashicorp/aws\"]","instances":[{"index_key":0,"schema_version":0,"attributes":{"carrier_gateway_id":"","core_network_arn":"","destination_cidr_block":"0.0.0.0/0","destination_ipv6_cidr_block":"","destination_prefix_list_id":"","egress_only_gateway_id":"","gateway_id":"","id":"r-rtb-0f56cd9278f21a7411080289494","instance_id":"","instance_owner_id":"","local_gateway_id":"","nat_gateway_id":"","network_interface_id":"","origin":"CreateRoute","region":"us-east-1","route_table_id":"rtb-0f56cd9278f21a741","state":"active","timeouts":null,"transit_gateway_id":"","vpc_endpoint_id":"vpce-0369b3979ffd198ec","vpc_peering_connection_id":""},"sensitive_attributes":[],"private":"eyJlMmJmYjczMC1lY2FhLTExZTYtOGY4OC0zNDM2M2JjN2M0YzAiOnsiY3JlYXRlIjozMDAwMDAwMDAwMDAsImRlbGV0ZSI6MzAwMDAwMDAwMDAwLCJ1cGRhdGUiOjEyMDAwMDAwMDAwMH19","dependencies":["module.network_hub.aws_networkfirewall_firewall.main","module.network_hub.aws_networkfirewall_firewall_policy.main","module.network_hub.aws_networkfirewall_rule_group.domain_allowlist","module.network_hub.aws_networkfirewall_rule_group.ip_rules","module.network_hub.aws_route_table.firewall_tgw","module.network_hub.aws_subnet.firewall_endpoint","module.network_hub.aws_vpc.firewall","module.network_hub.data.aws_availability_zones.available"]},{"index_key":1,"schema_version":0,"attributes":{"carrier_gateway_id":"","core_network_arn":"","destination_cidr_block":"0.0.0.0/0","destination_ipv6_cidr_block":"","destination_prefix_list_id":"","egress_only_gateway_id":"","gateway_id":"","id":"r-rtb-00761c4e93e226f4f1080289494","instance_id":"","instance_owner_id":"","local_gateway_id":"","nat_gateway_id":"","network_interface_id":"","origin":"CreateRoute","region":"us-east-1","route_table_id":"rtb-00761c4e93e226f4f","state":"active","timeouts":null,"transit_gateway_id":"","vpc_endpoint_id":"vpce-04888c608e44c1183","vpc_peering_connection_id":""},"sensitive_attributes":[],"private":"eyJlMmJmYjczMC1lY2FhLTExZTYtOGY4OC0zNDM2M2JjN2M0YzAiOnsiY3JlYXRlIjozMDAwMDAwMDAwMDAsImRlbGV0ZSI6MzAwMDAwMDAwMDAwLCJ1cGRhdGUiOjEyMDAwMDAwMDAwMH19","dependencies":["module.network_hub.aws_networkfirewall_firewall.main","module.network_hub.aws_networkfirewall_firewall_policy.main","module.network_hub.aws_networkfirewall_rule_group.domain_allowlist","module.network_hub.aws_networkfirewall_rule_group.ip_rules","module.network_hub.aws_route_table.firewall_tgw","module.network_hub.aws_subnet.firewall_endpoint","module.network_hub.aws_vpc.firewall","module.network_hub.data.aws_availability_zones.available"]},{"index_key":2,"schema_version":0,"attributes":{"carrier_gateway_id":"","core_network_arn":"","destination_cidr_block":"0.0.0.0/0","destination_ipv6_cidr_block":"","destination_prefix_list_id":"","egress_only_gateway_id":"","gateway_id":"","id":"r-rtb-0f1af176471db0a241080289494","instance_id":"","instance_owner_id":"","local_gateway_id":"","nat_gateway_id":"","network_interface_id":"","origin":"CreateRoute","region":"us-east-1","route_table_id":"rtb-0f1af176471db0a24","state":"active","timeouts":null,"transit_gateway_id":"","vpc_endpoint_id":"vpce-0efa8f93557e72b82","vpc_peering_connection_id":""},"sensitive_attributes":[],"private":"eyJlMmJmYjczMC1lY2FhLTExZTYtOGY4OC0zNDM2M2JjN2M0YzAiOnsiY3JlYXRlIjozMDAwMDAwMDAwMDAsImRlbGV0ZSI6MzAwMDAwMDAwMDAwLCJ1cGRhdGUiOjEyMDAwMDAwMDAwMH19","dependencies":["module.network_hub.aws_networkfirewall_firewall.main","module.network_hub.aws_networkfirewall_firewall_policy.main","module.network_hub.aws_networkfirewall_rule_group.domain_allowlist","module.network_hub.aws_networkfirewall_rule_group.ip_rules","module.network_hub.aws_route_table.firewall_tgw","module.network_hub.aws_subnet.firewall_endpoint","module.network_hub.aws_vpc.firewall","module.network_hub.data.aws_availability_zones.available"]}]},{"module":"module.network_hub","mode":"managed","type":"aws_route","name":"firewall_vpc_to_tgw","provider":"provider[\"registry.opentofu.org/hashicorp/aws\"]","instances":[{"schema_version":0,"attributes":{"carrier_gateway_id":"","core_network_arn":"","destination_cidr_block":"0.0.0.0/0","destination_ipv6_cidr_block":"","destination_prefix_list_id":"","egress_only_gateway_id":"","gateway_id":"","id":"r-rtb-0f8ab5878fb77e3bb1080289494","instance_id":"","instance_owner_id":"","local_gateway_id":"","nat_gateway_id":"","network_interface_id":"","origin":"CreateRoute","region":"us-east-1","route_table_id":"rtb-0f8ab5878fb77e3bb","state":"active","timeouts":null,"transit_gateway_id":"tgw-0c01dd5c2967bcdd5","vpc_endpoint_id":"","vpc_peering_connection_id":""},"sensitive_attributes":[],"private":"eyJlMmJmYjczMC1lY2FhLTExZTYtOGY4OC0zNDM2M2JjN2M0YzAiOnsiY3JlYXRlIjozMDAwMDAwMDAwMDAsImRlbGV0ZSI6MzAwMDAwMDAwMDAwLCJ1cGRhdGUiOjEyMDAwMDAwMDAwMH19","dependencies":["module.network_hub.aws_default_route_table.firewall_main","module.network_hub.aws_ec2_transit_gateway.main","module.network_hub.aws_vpc.firewall"]}]},{"module":"module.network_hub","mode":"managed","type":"aws_route","name":"tgw_vpc_to_igw","provider":"provider[\"registry.opentofu.org/hashicorp/aws\"]","instances":[{"schema_version":0,"attributes":{"carrier_gateway_id":"","core_network_arn":"","destination_cidr_block":"0.0.0.0/0","destination_ipv6_cidr_block":"","destination_prefix_list_id":"","egress_only_gateway_id":"","gateway_id":"igw-0d85eea24c090c9e7","id":"r-rtb-006ba5bfd788d20511080289494","instance_id":"","instance_owner_id":"","local_gateway_id":"","nat_gateway_id":"","network_interface_id":"","origin":"CreateRoute","region":"us-east-1","route_table_id":"rtb-006ba5bfd788d2051","state":"active","timeouts":null,"transit_gateway_id":"","vpc_endpoint_id":"","vpc_peering_connection_id":""},"sensitive_attributes":[],"private":"eyJlMmJmYjczMC1lY2FhLTExZTYtOGY4OC0zNDM2M2JjN2M0YzAiOnsiY3JlYXRlIjozMDAwMDAwMDAwMDAsImRlbGV0ZSI6MzAwMDAwMDAwMDAwLCJ1cGRhdGUiOjEyMDAwMDAwMDAwMH19","dependencies":["module.network_hub.aws_default_route_table.transit_gateway_main","module.network_hub.aws_internet_gateway.transit_gateway","module.network_hub.aws_vpc.transit_gateway"]}]},{"module":"module.network_hub","mode":"managed","type":"aws_route","name":"tgw_vpc_to_tgw","provider":"provider[\"registry.opentofu.org/hashicorp/aws\"]","instances":[{"schema_version":0,"attributes":{"carrier_gateway_id":"","core_network_arn":"","destination_cidr_block":"100.124.0.0/14","destination_ipv6_cidr_block":"","destination_prefix_list_id":"","egress_only_gateway_id":"","gateway_id":"","id":"r-rtb-006ba5bfd788d20511735598424","instance_id":"","instance_owner_id":"","local_gateway_id":"","nat_gateway_id":"","network_interface_id":"","origin":"CreateRoute","region":"us-east-1","route_table_id":"rtb-006ba5bfd788d2051","state":"active","timeouts":null,"transit_gateway_id":"tgw-0c01dd5c2967bcdd5","vpc_endpoint_id":"","vpc_peering_connection_id":""},"sensitive_attributes":[],"private":"eyJlMmJmYjczMC1lY2FhLTExZTYtOGY4OC0zNDM2M2JjN2M0YzAiOnsiY3JlYXRlIjozMDAwMDAwMDAwMDAsImRlbGV0ZSI6MzAwMDAwMDAwMDAwLCJ1cGRhdGUiOjEyMDAwMDAwMDAwMH19","dependencies":["module.network_hub.aws_default_route_table.transit_gateway_main","module.network_hub.aws_ec2_transit_gateway.main","module.network_hub.aws_vpc.transit_gateway"]}]},{"module":"module.network_hub","mode":"managed","type":"aws_route_table","name":"egress_firewall_endpoint","provider":"provider[\"registry.opentofu.org/hashicorp/aws\"]","instances":[{"index_key":0,"schema_version":0,"attributes":{"arn":"arn:aws:ec2:us-east-1:492597629650:route-table/rtb-07a6480224581586d","id":"rtb-07a6480224581586d","owner_id":"492597629650","propagating_vgws":[],"region":"us-east-1","route":[{"carrier_gateway_id":"","cidr_block":"0.0.0.0/0","core_network_arn":"","destination_prefix_list_id":"","egress_only_gateway_id":"","gateway_id":"","ipv6_cidr_block":"","local_gateway_id":"","nat_gateway_id":"nat-07de851c9a3404566","network_interface_id":"","transit_gateway_id":"","vpc_endpoint_id":"","vpc_peering_connection_id":""},{"carrier_gateway_id":"","cidr_block":"100.124.0.0/14","core_network_arn":"","destination_prefix_list_id":"","egress_only_gateway_id":"","gateway_id":"","ipv6_cidr_block":"","local_gateway_id":"","nat_gateway_id":"","network_interface_id":"","transit_gateway_id":"tgw-0c01dd5c2967bcdd5","vpc_endpoint_id":"","vpc_peering_connection_id":""}],"tags":{"AZ":"us-east-1a","CardData":"no","Classification":"nonpublic","Environment":"prod","GitURL":"https://gitlab.com/williamhillplc/technical-services/networks/channels-team.git","ManagedBy":"OpenTofu","Migrated":"no","Name":"network-hub-prod-egress-fw-endpoint-rt-1a","Product":"network-hub","Project":"network-hub","Tier":"internal","Type":"egress-firewall-endpoint-route-table"},"tags_all":{"AZ":"us-east-1a","CardData":"no","Classification":"nonpublic","Environment":"prod","GitURL":"https://gitlab.com/williamhillplc/technical-services/networks/channels-team.git","ManagedBy":"OpenTofu","Migrated":"no","Name":"network-hub-prod-egress-fw-endpoint-rt-1a","Product":"network-hub","Project":"network-hub","Tier":"internal","Type":"egress-firewall-endpoint-route-table"},"timeouts":null,"vpc_id":"vpc-05a370ae46699a489"},"sensitive_attributes":[],"private":"eyJlMmJmYjczMC1lY2FhLTExZTYtOGY4OC0zNDM2M2JjN2M0YzAiOnsiY3JlYXRlIjozMDAwMDAwMDAwMDAsImRlbGV0ZSI6MzAwMDAwMDAwMDAwLCJ1cGRhdGUiOjEyMDAwMDAwMDAwMH19","dependencies":["module.network_hub.aws_subnet.egress_firewall_endpoint","module.network_hub.aws_vpc.central_egress","module.network_hub.data.aws_availability_zones.available"]},{"index_key":1,"schema_version":0,"attributes":{"arn":"arn:aws:ec2:us-east-1:492597629650:route-table/rtb-001ac5a1a3dab7d20","id":"rtb-001ac5a1a3dab7d20","owner_id":"492597629650","propagating_vgws":[],"region":"us-east-1","route":[{"carrier_gateway_id":"","cidr_block":"0.0.0.0/0","core_network_arn":"","destination_prefix_list_id":"","egress_only_gateway_id":"","gateway_id":"","ipv6_cidr_block":"","local_gateway_id":"","nat_gateway_id":"nat-0fb538f7f3c174ba0","network_interface_id":"","transit_gateway_id":"","vpc_endpoint_id":"","vpc_peering_connection_id":""},{"carrier_gateway_id":"","cidr_block":"100.124.0.0/14","core_network_arn":"","destination_prefix_list_id":"","egress_only_gateway_id":"","gateway_id":"","ipv6_cidr_block":"","local_gateway_id":"","nat_gateway_id":"","network_interface_id":"","transit_gateway_id":"tgw-0c01dd5c2967bcdd5","vpc_endpoint_id":"","vpc_peering_connection_id":""}],"tags":{"AZ":"us-east-1b","CardData":"no","Classification":"nonpublic","Environment":"prod","GitURL":"https://gitlab.com/williamhillplc/technical-services/networks/channels-team.git","ManagedBy":"OpenTofu","Migrated":"no","Name":"network-hub-prod-egress-fw-endpoint-rt-1b","Product":"network-hub","Project":"network-hub","Tier":"internal","Type":"egress-firewall-endpoint-route-table"},"tags_all":{"AZ":"us-east-1b","CardData":"no","Classification":"nonpublic","Environment":"prod","GitURL":"https://gitlab.com/williamhillplc/technical-services/networks/channels-team.git","ManagedBy":"OpenTofu","Migrated":"no","Name":"network-hub-prod-egress-fw-endpoint-rt-1b","Product":"network-hub","Project":"network-hub","Tier":"internal","Type":"egress-firewall-endpoint-route-table"},"timeouts":null,"vpc_id":"vpc-05a370ae46699a489"},"sensitive_attributes":[],"private":"eyJlMmJmYjczMC1lY2FhLTExZTYtOGY4OC0zNDM2M2JjN2M0YzAiOnsiY3JlYXRlIjozMDAwMDAwMDAwMDAsImRlbGV0ZSI6MzAwMDAwMDAwMDAwLCJ1cGRhdGUiOjEyMDAwMDAwMDAwMH19","dependencies":["module.network_hub.aws_subnet.egress_firewall_endpoint","module.network_hub.aws_vpc.central_egress","module.network_hub.data.aws_availability_zones.available"]},{"index_key":2,"schema_version":0,"attributes":{"arn":"arn:aws:ec2:us-east-1:492597629650:route-table/rtb-0681b64aacc0c6343","id":"rtb-0681b64aacc0c6343","owner_id":"492597629650","propagating_vgws":[],"region":"us-east-1","route":[{"carrier_gateway_id":"","cidr_block":"0.0.0.0/0","core_network_arn":"","destination_prefix_list_id":"","egress_only_gateway_id":"","gateway_id":"","ipv6_cidr_block":"","local_gateway_id":"","nat_gateway_id":"nat-058d6f4173097aa49","network_interface_id":"","transit_gateway_id":"","vpc_endpoint_id":"","vpc_peering_connection_id":""},{"carrier_gateway_id":"","cidr_block":"100.124.0.0/14","core_network_arn":"","destination_prefix_list_id":"","egress_only_gateway_id":"","gateway_id":"","ipv6_cidr_block":"","local_gateway_id":"","nat_gateway_id":"","network_interface_id":"","transit_gateway_id":"tgw-0c01dd5c2967bcdd5","vpc_endpoint_id":"","vpc_peering_connection_id":""}],"tags":{"AZ":"us-east-1c","CardData":"no","Classification":"nonpublic","Environment":"prod","GitURL":"https://gitlab.com/williamhillplc/technical-services/networks/channels-team.git","ManagedBy":"OpenTofu","Migrated":"no","Name":"network-hub-prod-egress-fw-endpoint-rt-1c","Product":"network-hub","Project":"network-hub","Tier":"internal","Type":"egress-firewall-endpoint-route-table"},"tags_all":{"AZ":"us-east-1c","CardData":"no","Classification":"nonpublic","Environment":"prod","GitURL":"https://gitlab.com/williamhillplc/technical-services/networks/channels-team.git","ManagedBy":"OpenTofu","Migrated":"no","Name":"network-hub-prod-egress-fw-endpoint-rt-1c","Product":"network-hub","Project":"network-hub","Tier":"internal","Type":"egress-firewall-endpoint-route-table"},"timeouts":null,"vpc_id":"vpc-05a370ae46699a489"},"sensitive_attributes":[],"private":"eyJlMmJmYjczMC1lY2FhLTExZTYtOGY4OC0zNDM2M2JjN2M0YzAiOnsiY3JlYXRlIjozMDAwMDAwMDAwMDAsImRlbGV0ZSI6MzAwMDAwMDAwMDAwLCJ1cGRhdGUiOjEyMDAwMDAwMDAwMH19","dependencies":["module.network_hub.aws_subnet.egress_firewall_endpoint","module.network_hub.aws_vpc.central_egress","module.network_hub.data.aws_availability_zones.available"]}]},{"module":"module.network_hub","mode":"managed","type":"aws_route_table","name":"egress_private","provider":"provider[\"registry.opentofu.org/hashicorp/aws\"]","instances":[{"index_key":0,"schema_version":0,"attributes":{"arn":"arn:aws:ec2:us-east-1:492597629650:route-table/rtb-0deccb62ab19206f8","id":"rtb-0deccb62ab19206f8","owner_id":"492597629650","propagating_vgws":[],"region":"us-east-1","route":[{"carrier_gateway_id":"","cidr_block":"0.0.0.0/0","core_network_arn":"","destination_prefix_list_id":"","egress_only_gateway_id":"","gateway_id":"","ipv6_cidr_block":"","local_gateway_id":"","nat_gateway_id":"","network_interface_id":"","transit_gateway_id":"","vpc_endpoint_id":"vpce-010380a0c500c3a28","vpc_peering_connection_id":""},{"carrier_gateway_id":"","cidr_block":"100.124.0.0/14","core_network_arn":"","destination_prefix_list_id":"","egress_only_gateway_id":"","gateway_id":"","ipv6_cidr_block":"","local_gateway_id":"","nat_gateway_id":"","network_interface_id":"","transit_gateway_id":"tgw-0c01dd5c2967bcdd5","vpc_endpoint_id":"","vpc_peering_connection_id":""}],"tags":{"AZ":"us-east-1a","CardData":"no","Classification":"nonpublic","Environment":"prod","GitURL":"https://gitlab.com/williamhillplc/technical-services/networks/channels-team.git","ManagedBy":"OpenTofu","Migrated":"no","Name":"network-hub-prod-egress-private-rt-1a","Product":"network-hub","Project":"network-hub","Tier":"internal","Type":"private-route-table"},"tags_all":{"AZ":"us-east-1a","CardData":"no","Classification":"nonpublic","Environment":"prod","GitURL":"https://gitlab.com/williamhillplc/technical-services/networks/channels-team.git","ManagedBy":"OpenTofu","Migrated":"no","Name":"network-hub-prod-egress-private-rt-1a","Product":"network-hub","Project":"network-hub","Tier":"internal","Type":"private-route-table"},"timeouts":null,"vpc_id":"vpc-05a370ae46699a489"},"sensitive_attributes":[],"private":"eyJlMmJmYjczMC1lY2FhLTExZTYtOGY4OC0zNDM2M2JjN2M0YzAiOnsiY3JlYXRlIjozMDAwMDAwMDAwMDAsImRlbGV0ZSI6MzAwMDAwMDAwMDAwLCJ1cGRhdGUiOjEyMDAwMDAwMDAwMH19","dependencies":["module.network_hub.aws_vpc.central_egress","module.network_hub.data.aws_availability_zones.available"]},{"index_key":1,"schema_version":0,"attributes":{"arn":"arn:aws:ec2:us-east-1:492597629650:route-table/rtb-016e556a194f55b27","id":"rtb-016e556a194f55b27","owner_id":"492597629650","propagating_vgws":[],"region":"us-east-1","route":[{"carrier_gateway_id":"","cidr_block":"0.0.0.0/0","core_network_arn":"","destination_prefix_list_id":"","egress_only_gateway_id":"","gateway_id":"","ipv6_cidr_block":"","local_gateway_id":"","nat_gateway_id":"","network_interface_id":"","transit_gateway_id":"","vpc_endpoint_id":"vpce-00ae534fe26132d55","vpc_peering_connection_id":""},{"carrier_gateway_id":"","cidr_block":"100.124.0.0/14","core_network_arn":"","destination_prefix_list_id":"","egress_only_gateway_id":"","gateway_id":"","ipv6_cidr_block":"","local_gateway_id":"","nat_gateway_id":"","network_interface_id":"","transit_gateway_id":"tgw-0c01dd5c2967bcdd5","vpc_endpoint_id":"","vpc_peering_connection_id":""}],"tags":{"AZ":"us-east-1b","CardData":"no","Classification":"nonpublic","Environment":"prod","GitURL":"https://gitlab.com/williamhillplc/technical-services/networks/channels-team.git","ManagedBy":"OpenTofu","Migrated":"no","Name":"network-hub-prod-egress-private-rt-1b","Product":"network-hub","Project":"network-hub","Tier":"internal","Type":"private-route-table"},"tags_all":{"AZ":"us-east-1b","CardData":"no","Classification":"nonpublic","Environment":"prod","GitURL":"https://gitlab.com/williamhillplc/technical-services/networks/channels-team.git","ManagedBy":"OpenTofu","Migrated":"no","Name":"network-hub-prod-egress-private-rt-1b","Product":"network-hub","Project":"network-hub","Tier":"internal","Type":"private-route-table"},"timeouts":null,"vpc_id":"vpc-05a370ae46699a489"},"sensitive_attributes":[],"private":"eyJlMmJmYjczMC1lY2FhLTExZTYtOGY4OC0zNDM2M2JjN2M0YzAiOnsiY3JlYXRlIjozMDAwMDAwMDAwMDAsImRlbGV0ZSI6MzAwMDAwMDAwMDAwLCJ1cGRhdGUiOjEyMDAwMDAwMDAwMH19","dependencies":["module.network_hub.aws_vpc.central_egress","module.network_hub.data.aws_availability_zones.available"]},{"index_key":2,"schema_version":0,"attributes":{"arn":"arn:aws:ec2:us-east-1:492597629650:route-table/rtb-0c77df2f992fb2a35","id":"rtb-0c77df2f992fb2a35","owner_id":"492597629650","propagating_vgws":[],"region":"us-east-1","route":[{"carrier_gateway_id":"","cidr_block":"0.0.0.0/0","core_network_arn":"","destination_prefix_list_id":"","egress_only_gateway_id":"","gateway_id":"","ipv6_cidr_block":"","local_gateway_id":"","nat_gateway_id":"","network_interface_id":"","transit_gateway_id":"","vpc_endpoint_id":"vpce-007b962accaf4da3c","vpc_peering_connection_id":""},{"carrier_gateway_id":"","cidr_block":"100.124.0.0/14","core_network_arn":"","destination_prefix_list_id":"","egress_only_gateway_id":"","gateway_id":"","ipv6_cidr_block":"","local_gateway_id":"","nat_gateway_id":"","network_interface_id":"","transit_gateway_id":"tgw-0c01dd5c2967bcdd5","vpc_endpoint_id":"","vpc_peering_connection_id":""}],"tags":{"AZ":"us-east-1c","CardData":"no","Classification":"nonpublic","Environment":"prod","GitURL":"https://gitlab.com/williamhillplc/technical-services/networks/channels-team.git","ManagedBy":"OpenTofu","Migrated":"no","Name":"network-hub-prod-egress-private-rt-1c","Product":"network-hub","Project":"network-hub","Tier":"internal","Type":"private-route-table"},"tags_all":{"AZ":"us-east-1c","CardData":"no","Classification":"nonpublic","Environment":"prod","GitURL":"https://gitlab.com/williamhillplc/technical-services/networks/channels-team.git","ManagedBy":"OpenTofu","Migrated":"no","Name":"network-hub-prod-egress-private-rt-1c","Product":"network-hub","Project":"network-hub","Tier":"internal","Type":"private-route-table"},"timeouts":null,"vpc_id":"vpc-05a370ae46699a489"},"sensitive_attributes":[],"private":"eyJlMmJmYjczMC1lY2FhLTExZTYtOGY4OC0zNDM2M2JjN2M0YzAiOnsiY3JlYXRlIjozMDAwMDAwMDAwMDAsImRlbGV0ZSI6MzAwMDAwMDAwMDAwLCJ1cGRhdGUiOjEyMDAwMDAwMDAwMH19","dependencies":["module.network_hub.aws_vpc.central_egress","module.network_hub.data.aws_availability_zones.available"]}]},{"module":"module.network_hub","mode":"managed","type":"aws_route_table","name":"egress_public","provider":"provider[\"registry.opentofu.org/hashicorp/aws\"]","instances":[{"index_key":0,"schema_version":0,"attributes":{"arn":"arn:aws:ec2:us-east-1:492597629650:route-table/rtb-0818d6a93b80171b8","id":"rtb-0818d6a93b80171b8","owner_id":"492597629650","propagating_vgws":[],"region":"us-east-1","route":[{"carrier_gateway_id":"","cidr_block":"0.0.0.0/0","core_network_arn":"","destination_prefix_list_id":"","egress_only_gateway_id":"","gateway_id":"igw-0707abfbf5ea9bcd9","ipv6_cidr_block":"","local_gateway_id":"","nat_gateway_id":"","network_interface_id":"","transit_gateway_id":"","vpc_endpoint_id":"","vpc_peering_connection_id":""},{"carrier_gateway_id":"","cidr_block":"100.124.0.0/14","core_network_arn":"","destination_prefix_list_id":"","egress_only_gateway_id":"","gateway_id":"","ipv6_cidr_block":"","local_gateway_id":"","nat_gateway_id":"","network_interface_id":"","transit_gateway_id":"","vpc_endpoint_id":"vpce-010380a0c500c3a28","vpc_peering_connection_id":""}],"tags":{"AZ":"us-east-1a","CardData":"no","Classification":"nonpublic","Environment":"prod","GitURL":"https://gitlab.com/williamhillplc/technical-services/networks/channels-team.git","ManagedBy":"OpenTofu","Migrated":"no","Name":"network-hub-prod-egress-public-rt-1a","Product":"network-hub","Project":"network-hub","Tier":"internal","Type":"public-route-table"},"tags_all":{"AZ":"us-east-1a","CardData":"no","Classification":"nonpublic","Environment":"prod","GitURL":"https://gitlab.com/williamhillplc/technical-services/networks/channels-team.git","ManagedBy":"OpenTofu","Migrated":"no","Name":"network-hub-prod-egress-public-rt-1a","Product":"network-hub","Project":"network-hub","Tier":"internal","Type":"public-route-table"},"timeouts":null,"vpc_id":"vpc-05a370ae46699a489"},"sensitive_attributes":[],"private":"eyJlMmJmYjczMC1lY2FhLTExZTYtOGY4OC0zNDM2M2JjN2M0YzAiOnsiY3JlYXRlIjozMDAwMDAwMDAwMDAsImRlbGV0ZSI6MzAwMDAwMDAwMDAwLCJ1cGRhdGUiOjEyMDAwMDAwMDAwMH19","dependencies":["module.network_hub.aws_vpc.central_egress","module.network_hub.data.aws_availability_zones.available"]},{"index_key":1,"schema_version":0,"attributes":{"arn":"arn:aws:ec2:us-east-1:492597629650:route-table/rtb-09a40137d3bcd180f","id":"rtb-09a40137d3bcd180f","owner_id":"492597629650","propagating_vgws":[],"region":"us-east-1","route":[{"carrier_gateway_id":"","cidr_block":"0.0.0.0/0","core_network_arn":"","destination_prefix_list_id":"","egress_only_gateway_id":"","gateway_id":"igw-0707abfbf5ea9bcd9","ipv6_cidr_block":"","local_gateway_id":"","nat_gateway_id":"","network_interface_id":"","transit_gateway_id":"","vpc_endpoint_id":"","vpc_peering_connection_id":""},{"carrier_gateway_id":"","cidr_block":"100.124.0.0/14","core_network_arn":"","destination_prefix_list_id":"","egress_only_gateway_id":"","gateway_id":"","ipv6_cidr_block":"","local_gateway_id":"","nat_gateway_id":"","network_interface_id":"","transit_gateway_id":"","vpc_endpoint_id":"vpce-00ae534fe26132d55","vpc_peering_connection_id":""}],"tags":{"AZ":"us-east-1b","CardData":"no","Classification":"nonpublic","Environment":"prod","GitURL":"https://gitlab.com/williamhillplc/technical-services/networks/channels-team.git","ManagedBy":"OpenTofu","Migrated":"no","Name":"network-hub-prod-egress-public-rt-1b","Product":"network-hub","Project":"network-hub","Tier":"internal","Type":"public-route-table"},"tags_all":{"AZ":"us-east-1b","CardData":"no","Classification":"nonpublic","Environment":"prod","GitURL":"https://gitlab.com/williamhillplc/technical-services/networks/channels-team.git","ManagedBy":"OpenTofu","Migrated":"no","Name":"network-hub-prod-egress-public-rt-1b","Product":"network-hub","Project":"network-hub","Tier":"internal","Type":"public-route-table"},"timeouts":null,"vpc_id":"vpc-05a370ae46699a489"},"sensitive_attributes":[],"private":"eyJlMmJmYjczMC1lY2FhLTExZTYtOGY4OC0zNDM2M2JjN2M0YzAiOnsiY3JlYXRlIjozMDAwMDAwMDAwMDAsImRlbGV0ZSI6MzAwMDAwMDAwMDAwLCJ1cGRhdGUiOjEyMDAwMDAwMDAwMH19","dependencies":["module.network_hub.aws_vpc.central_egress","module.network_hub.data.aws_availability_zones.available"]},{"index_key":2,"schema_version":0,"attributes":{"arn":"arn:aws:ec2:us-east-1:492597629650:route-table/rtb-0ea79b802dcd4eafd","id":"rtb-0ea79b802dcd4eafd","owner_id":"492597629650","propagating_vgws":[],"region":"us-east-1","route":[{"carrier_gateway_id":"","cidr_block":"0.0.0.0/0","core_network_arn":"","destination_prefix_list_id":"","egress_only_gateway_id":"","gateway_id":"igw-0707abfbf5ea9bcd9","ipv6_cidr_block":"","local_gateway_id":"","nat_gateway_id":"","network_interface_id":"","transit_gateway_id":"","vpc_endpoint_id":"","vpc_peering_connection_id":""},{"carrier_gateway_id":"","cidr_block":"100.124.0.0/14","core_network_arn":"","destination_prefix_list_id":"","egress_only_gateway_id":"","gateway_id":"","ipv6_cidr_block":"","local_gateway_id":"","nat_gateway_id":"","network_interface_id":"","transit_gateway_id":"","vpc_endpoint_id":"vpce-007b962accaf4da3c","vpc_peering_connection_id":""}],"tags":{"AZ":"us-east-1c","CardData":"no","Classification":"nonpublic","Environment":"prod","GitURL":"https://gitlab.com/williamhillplc/technical-services/networks/channels-team.git","ManagedBy":"OpenTofu","Migrated":"no","Name":"network-hub-prod-egress-public-rt-1c","Product":"network-hub","Project":"network-hub","Tier":"internal","Type":"public-route-table"},"tags_all":{"AZ":"us-east-1c","CardData":"no","Classification":"nonpublic","Environment":"prod","GitURL":"https://gitlab.com/williamhillplc/technical-services/networks/channels-team.git","ManagedBy":"OpenTofu","Migrated":"no","Name":"network-hub-prod-egress-public-rt-1c","Product":"network-hub","Project":"network-hub","Tier":"internal","Type":"public-route-table"},"timeouts":null,"vpc_id":"vpc-05a370ae46699a489"},"sensitive_attributes":[],"private":"eyJlMmJmYjczMC1lY2FhLTExZTYtOGY4OC0zNDM2M2JjN2M0YzAiOnsiY3JlYXRlIjozMDAwMDAwMDAwMDAsImRlbGV0ZSI6MzAwMDAwMDAwMDAwLCJ1cGRhdGUiOjEyMDAwMDAwMDAwMH19","dependencies":["module.network_hub.aws_vpc.central_egress","module.network_hub.data.aws_availability_zones.available"]}]},{"module":"module.network_hub","mode":"managed","type":"aws_route_table","name":"firewall_endpoint","provider":"provider[\"registry.opentofu.org/hashicorp/aws\"]","instances":[{"index_key":0,"schema_version":0,"attributes":{"arn":"arn:aws:ec2:us-east-1:492597629650:route-table/rtb-00ae4a0917f06a049","id":"rtb-00ae4a0917f06a049","owner_id":"492597629650","propagating_vgws":[],"region":"us-east-1","route":[{"carrier_gateway_id":"","cidr_block":"0.0.0.0/0","core_network_arn":"","destination_prefix_list_id":"","egress_only_gateway_id":"","gateway_id":"","ipv6_cidr_block":"","local_gateway_id":"","nat_gateway_id":"","network_interface_id":"","transit_gateway_id":"tgw-0c01dd5c2967bcdd5","vpc_endpoint_id":"","vpc_peering_connection_id":""}],"tags":{"AZ":"us-east-1a","CardData":"no","Classification":"nonpublic","Environment":"prod","GitURL":"https://gitlab.com/williamhillplc/technical-services/networks/channels-team.git","ManagedBy":"OpenTofu","Migrated":"no","Name":"network-hub-prod-fw-endpoint-rt-1a","Product":"network-hub","Project":"network-hub","Tier":"internal","Type":"firewall-endpoint-route-table"},"tags_all":{"AZ":"us-east-1a","CardData":"no","Classification":"nonpublic","Environment":"prod","GitURL":"https://gitlab.com/williamhillplc/technical-services/networks/channels-team.git","ManagedBy":"OpenTofu","Migrated":"no","Name":"network-hub-prod-fw-endpoint-rt-1a","Product":"network-hub","Project":"network-hub","Tier":"internal","Type":"firewall-endpoint-route-table"},"timeouts":null,"vpc_id":"vpc-0b2fbd3ae7ef58ddc"},"sensitive_attributes":[],"private":"eyJlMmJmYjczMC1lY2FhLTExZTYtOGY4OC0zNDM2M2JjN2M0YzAiOnsiY3JlYXRlIjozMDAwMDAwMDAwMDAsImRlbGV0ZSI6MzAwMDAwMDAwMDAwLCJ1cGRhdGUiOjEyMDAwMDAwMDAwMH19","dependencies":["module.network_hub.aws_vpc.firewall","module.network_hub.data.aws_availability_zones.available"]},{"index_key":1,"schema_version":0,"attributes":{"arn":"arn:aws:ec2:us-east-1:492597629650:route-table/rtb-0c5e4c94d749a0cd4","id":"rtb-0c5e4c94d749a0cd4","owner_id":"492597629650","propagating_vgws":[],"region":"us-east-1","route":[{"carrier_gateway_id":"","cidr_block":"0.0.0.0/0","core_network_arn":"","destination_prefix_list_id":"","egress_only_gateway_id":"","gateway_id":"","ipv6_cidr_block":"","local_gateway_id":"","nat_gateway_id":"","network_interface_id":"","transit_gateway_id":"tgw-0c01dd5c2967bcdd5","vpc_endpoint_id":"","vpc_peering_connection_id":""}],"tags":{"AZ":"us-east-1b","CardData":"no","Classification":"nonpublic","Environment":"prod","GitURL":"https://gitlab.com/williamhillplc/technical-services/networks/channels-team.git","ManagedBy":"OpenTofu","Migrated":"no","Name":"network-hub-prod-fw-endpoint-rt-1b","Product":"network-hub","Project":"network-hub","Tier":"internal","Type":"firewall-endpoint-route-table"},"tags_all":{"AZ":"us-east-1b","CardData":"no","Classification":"nonpublic","Environment":"prod","GitURL":"https://gitlab.com/williamhillplc/technical-services/networks/channels-team.git","ManagedBy":"OpenTofu","Migrated":"no","Name":"network-hub-prod-fw-endpoint-rt-1b","Product":"network-hub","Project":"network-hub","Tier":"internal","Type":"firewall-endpoint-route-table"},"timeouts":null,"vpc_id":"vpc-0b2fbd3ae7ef58ddc"},"sensitive_attributes":[],"private":"eyJlMmJmYjczMC1lY2FhLTExZTYtOGY4OC0zNDM2M2JjN2M0YzAiOnsiY3JlYXRlIjozMDAwMDAwMDAwMDAsImRlbGV0ZSI6MzAwMDAwMDAwMDAwLCJ1cGRhdGUiOjEyMDAwMDAwMDAwMH19","dependencies":["module.network_hub.aws_vpc.firewall","module.network_hub.data.aws_availability_zones.available"]},{"index_key":2,"schema_version":0,"attributes":{"arn":"arn:aws:ec2:us-east-1:492597629650:route-table/rtb-0d2ec5da53a0c7d26","id":"rtb-0d2ec5da53a0c7d26","owner_id":"492597629650","propagating_vgws":[],"region":"us-east-1","route":[{"carrier_gateway_id":"","cidr_block":"0.0.0.0/0","core_network_arn":"","destination_prefix_list_id":"","egress_only_gateway_id":"","gateway_id":"","ipv6_cidr_block":"","local_gateway_id":"","nat_gateway_id":"","network_interface_id":"","transit_gateway_id":"tgw-0c01dd5c2967bcdd5","vpc_endpoint_id":"","vpc_peering_connection_id":""}],"tags":{"AZ":"us-east-1c","CardData":"no","Classification":"nonpublic","Environment":"prod","GitURL":"https://gitlab.com/williamhillplc/technical-services/networks/channels-team.git","ManagedBy":"OpenTofu","Migrated":"no","Name":"network-hub-prod-fw-endpoint-rt-1c","Product":"network-hub","Project":"network-hub","Tier":"internal","Type":"firewall-endpoint-route-table"},"tags_all":{"AZ":"us-east-1c","CardData":"no","Classification":"nonpublic","Environment":"prod","GitURL":"https://gitlab.com/williamhillplc/technical-services/networks/channels-team.git","ManagedBy":"OpenTofu","Migrated":"no","Name":"network-hub-prod-fw-endpoint-rt-1c","Product":"network-hub","Project":"network-hub","Tier":"internal","Type":"firewall-endpoint-route-table"},"timeouts":null,"vpc_id":"vpc-0b2fbd3ae7ef58ddc"},"sensitive_attributes":[],"private":"eyJlMmJmYjczMC1lY2FhLTExZTYtOGY4OC0zNDM2M2JjN2M0YzAiOnsiY3JlYXRlIjozMDAwMDAwMDAwMDAsImRlbGV0ZSI6MzAwMDAwMDAwMDAwLCJ1cGRhdGUiOjEyMDAwMDAwMDAwMH19","dependencies":["module.network_hub.aws_vpc.firewall","module.network_hub.data.aws_availability_zones.available"]}]},{"module":"module.network_hub","mode":"managed","type":"aws_route_table","name":"firewall_tgw","provider":"provider[\"registry.opentofu.org/hashicorp/aws\"]","instances":[{"index_key":0,"schema_version":0,"attributes":{"arn":"arn:aws:ec2:us-east-1:492597629650:route-table/rtb-0f56cd9278f21a741","id":"rtb-0f56cd9278f21a741","owner_id":"492597629650","propagating_vgws":[],"region":"us-east-1","route":[{"carrier_gateway_id":"","cidr_block":"0.0.0.0/0","core_network_arn":"","destination_prefix_list_id":"","egress_only_gateway_id":"","gateway_id":"","ipv6_cidr_block":"","local_gateway_id":"","nat_gateway_id":"","network_interface_id":"","transit_gateway_id":"","vpc_endpoint_id":"vpce-0369b3979ffd198ec","vpc_peering_connection_id":""}],"tags":{"AZ":"us-east-1a","CardData":"no","Classification":"nonpublic","Environment":"prod","GitURL":"https://gitlab.com/williamhillplc/technical-services/networks/channels-team.git","ManagedBy":"OpenTofu","Migrated":"no","Name":"network-hub-prod-fw-tgw-rt-1a","Product":"network-hub","Project":"network-hub","Tier":"internal","Type":"firewall-tgw-route-table"},"tags_all":{"AZ":"us-east-1a","CardData":"no","Classification":"nonpublic","Environment":"prod","GitURL":"https://gitlab.com/williamhillplc/technical-services/networks/channels-team.git","ManagedBy":"OpenTofu","Migrated":"no","Name":"network-hub-prod-fw-tgw-rt-1a","Product":"network-hub","Project":"network-hub","Tier":"internal","Type":"firewall-tgw-route-table"},"timeouts":null,"vpc_id":"vpc-0b2fbd3ae7ef58ddc"},"sensitive_attributes":[],"private":"eyJlMmJmYjczMC1lY2FhLTExZTYtOGY4OC0zNDM2M2JjN2M0YzAiOnsiY3JlYXRlIjozMDAwMDAwMDAwMDAsImRlbGV0ZSI6MzAwMDAwMDAwMDAwLCJ1cGRhdGUiOjEyMDAwMDAwMDAwMH19","dependencies":["module.network_hub.aws_vpc.firewall","module.network_hub.data.aws_availability_zones.available"]},{"index_key":1,"schema_version":0,"attributes":{"arn":"arn:aws:ec2:us-east-1:492597629650:route-table/rtb-00761c4e93e226f4f","id":"rtb-00761c4e93e226f4f","owner_id":"492597629650","propagating_vgws":[],"region":"us-east-1","route":[{"carrier_gateway_id":"","cidr_block":"0.0.0.0/0","core_network_arn":"","destination_prefix_list_id":"","egress_only_gateway_id":"","gateway_id":"","ipv6_cidr_block":"","local_gateway_id":"","nat_gateway_id":"","network_interface_id":"","transit_gateway_id":"","vpc_endpoint_id":"vpce-04888c608e44c1183","vpc_peering_connection_id":""}],"tags":{"AZ":"us-east-1b","CardData":"no","Classification":"nonpublic","Environment":"prod","GitURL":"https://gitlab.com/williamhillplc/technical-services/networks/channels-team.git","ManagedBy":"OpenTofu","Migrated":"no","Name":"network-hub-prod-fw-tgw-rt-1b","Product":"network-hub","Project":"network-hub","Tier":"internal","Type":"firewall-tgw-route-table"},"tags_all":{"AZ":"us-east-1b","CardData":"no","Classification":"nonpublic","Environment":"prod","GitURL":"https://gitlab.com/williamhillplc/technical-services/networks/channels-team.git","ManagedBy":"OpenTofu","Migrated":"no","Name":"network-hub-prod-fw-tgw-rt-1b","Product":"network-hub","Project":"network-hub","Tier":"internal","Type":"firewall-tgw-route-table"},"timeouts":null,"vpc_id":"vpc-0b2fbd3ae7ef58ddc"},"sensitive_attributes":[],"private":"eyJlMmJmYjczMC1lY2FhLTExZTYtOGY4OC0zNDM2M2JjN2M0YzAiOnsiY3JlYXRlIjozMDAwMDAwMDAwMDAsImRlbGV0ZSI6MzAwMDAwMDAwMDAwLCJ1cGRhdGUiOjEyMDAwMDAwMDAwMH19","dependencies":["module.network_hub.aws_vpc.firewall","module.network_hub.data.aws_availability_zones.available"]},{"index_key":2,"schema_version":0,"attributes":{"arn":"arn:aws:ec2:us-east-1:492597629650:route-table/rtb-0f1af176471db0a24","id":"rtb-0f1af176471db0a24","owner_id":"492597629650","propagating_vgws":[],"region":"us-east-1","route":[{"carrier_gateway_id":"","cidr_block":"0.0.0.0/0","core_network_arn":"","destination_prefix_list_id":"","egress_only_gateway_id":"","gateway_id":"","ipv6_cidr_block":"","local_gateway_id":"","nat_gateway_id":"","network_interface_id":"","transit_gateway_id":"","vpc_endpoint_id":"vpce-0efa8f93557e72b82","vpc_peering_connection_id":""}],"tags":{"AZ":"us-east-1c","CardData":"no","Classification":"nonpublic","Environment":"prod","GitURL":"https://gitlab.com/williamhillplc/technical-services/networks/channels-team.git","ManagedBy":"OpenTofu","Migrated":"no","Name":"network-hub-prod-fw-tgw-rt-1c","Product":"network-hub","Project":"network-hub","Tier":"internal","Type":"firewall-tgw-route-table"},"tags_all":{"AZ":"us-east-1c","CardData":"no","Classification":"nonpublic","Environment":"prod","GitURL":"https://gitlab.com/williamhillplc/technical-services/networks/channels-team.git","ManagedBy":"OpenTofu","Migrated":"no","Name":"network-hub-prod-fw-tgw-rt-1c","Product":"network-hub","Project":"network-hub","Tier":"internal","Type":"firewall-tgw-route-table"},"timeouts":null,"vpc_id":"vpc-0b2fbd3ae7ef58ddc"},"sensitive_attributes":[],"private":"eyJlMmJmYjczMC1lY2FhLTExZTYtOGY4OC0zNDM2M2JjN2M0YzAiOnsiY3JlYXRlIjozMDAwMDAwMDAwMDAsImRlbGV0ZSI6MzAwMDAwMDAwMDAwLCJ1cGRhdGUiOjEyMDAwMDAwMDAwMH19","dependencies":["module.network_hub.aws_vpc.firewall","module.network_hub.data.aws_availability_zones.available"]}]},{"module":"module.network_hub","mode":"managed","type":"aws_route_table_association","name":"egress_firewall_endpoint","provider":"provider[\"registry.opentofu.org/hashicorp/aws\"]","instances":[{"index_key":0,"schema_version":0,"attributes":{"gateway_id":"","id":"rtbassoc-0b37a8542a8a5c547","region":"us-east-1","route_table_id":"rtb-07a6480224581586d","subnet_id":"subnet-0de0c3c0b3ca248f4","timeouts":null},"sensitive_attributes":[],"private":"eyJlMmJmYjczMC1lY2FhLTExZTYtOGY4OC0zNDM2M2JjN2M0YzAiOnsiY3JlYXRlIjozMDAwMDAwMDAwMDAsImRlbGV0ZSI6MzAwMDAwMDAwMDAwLCJ1cGRhdGUiOjEyMDAwMDAwMDAwMH19","dependencies":["module.network_hub.aws_route_table.egress_firewall_endpoint","module.network_hub.aws_subnet.egress_firewall_endpoint","module.network_hub.aws_vpc.central_egress","module.network_hub.data.aws_availability_zones.available"]},{"index_key":1,"schema_version":0,"attributes":{"gateway_id":"","id":"rtbassoc-05f0c407ae492bac9","region":"us-east-1","route_table_id":"rtb-001ac5a1a3dab7d20","subnet_id":"subnet-08a1a540de8f01d8e","timeouts":null},"sensitive_attributes":[],"private":"eyJlMmJmYjczMC1lY2FhLTExZTYtOGY4OC0zNDM2M2JjN2M0YzAiOnsiY3JlYXRlIjozMDAwMDAwMDAwMDAsImRlbGV0ZSI6MzAwMDAwMDAwMDAwLCJ1cGRhdGUiOjEyMDAwMDAwMDAwMH19","dependencies":["module.network_hub.aws_route_table.egress_firewall_endpoint","module.network_hub.aws_subnet.egress_firewall_endpoint","module.network_hub.aws_vpc.central_egress","module.network_hub.data.aws_availability_zones.available"]},{"index_key":2,"schema_version":0,"attributes":{"gateway_id":"","id":"rtbassoc-08a5de85683bf240f","region":"us-east-1","route_table_id":"rtb-0681b64aacc0c6343","subnet_id":"subnet-0cee06a0b591185f7","timeouts":null},"sensitive_attributes":[],"private":"eyJlMmJmYjczMC1lY2FhLTExZTYtOGY4OC0zNDM2M2JjN2M0YzAiOnsiY3JlYXRlIjozMDAwMDAwMDAwMDAsImRlbGV0ZSI6MzAwMDAwMDAwMDAwLCJ1cGRhdGUiOjEyMDAwMDAwMDAwMH19","dependencies":["module.network_hub.aws_route_table.egress_firewall_endpoint","module.network_hub.aws_subnet.egress_firewall_endpoint","module.network_hub.aws_vpc.central_egress","module.network_hub.data.aws_availability_zones.available"]}]},{"module":"module.network_hub","mode":"managed","type":"aws_route_table_association","name":"egress_private","provider":"provider[\"registry.opentofu.org/hashicorp/aws\"]","instances":[{"index_key":0,"schema_version":0,"attributes":{"gateway_id":"","id":"rtbassoc-0e3f7c0a27373ed9b","region":"us-east-1","route_table_id":"rtb-0deccb62ab19206f8","subnet_id":"subnet-0f7755cf11d6edae1","timeouts":null},"sensitive_attributes":[],"private":"eyJlMmJmYjczMC1lY2FhLTExZTYtOGY4OC0zNDM2M2JjN2M0YzAiOnsiY3JlYXRlIjozMDAwMDAwMDAwMDAsImRlbGV0ZSI6MzAwMDAwMDAwMDAwLCJ1cGRhdGUiOjEyMDAwMDAwMDAwMH19","dependencies":["module.network_hub.aws_route_table.egress_private","module.network_hub.aws_subnet.egress_private","module.network_hub.aws_vpc.central_egress","module.network_hub.data.aws_availability_zones.available"]},{"index_key":1,"schema_version":0,"attributes":{"gateway_id":"","id":"rtbassoc-0f8e03e8a8286724e","region":"us-east-1","route_table_id":"rtb-016e556a194f55b27","subnet_id":"subnet-04b04a48b0e67802e","timeouts":null},"sensitive_attributes":[],"private":"eyJlMmJmYjczMC1lY2FhLTExZTYtOGY4OC0zNDM2M2JjN2M0YzAiOnsiY3JlYXRlIjozMDAwMDAwMDAwMDAsImRlbGV0ZSI6MzAwMDAwMDAwMDAwLCJ1cGRhdGUiOjEyMDAwMDAwMDAwMH19","dependencies":["module.network_hub.aws_route_table.egress_private","module.network_hub.aws_subnet.egress_private","module.network_hub.aws_vpc.central_egress","module.network_hub.data.aws_availability_zones.available"]},{"index_key":2,"schema_version":0,"attributes":{"gateway_id":"","id":"rtbassoc-0d588775800f6965d","region":"us-east-1","route_table_id":"rtb-0c77df2f992fb2a35","subnet_id":"subnet-07fb5d81d1e087719","timeouts":null},"sensitive_attributes":[],"private":"eyJlMmJmYjczMC1lY2FhLTExZTYtOGY4OC0zNDM2M2JjN2M0YzAiOnsiY3JlYXRlIjozMDAwMDAwMDAwMDAsImRlbGV0ZSI6MzAwMDAwMDAwMDAwLCJ1cGRhdGUiOjEyMDAwMDAwMDAwMH19","dependencies":["module.network_hub.aws_route_table.egress_private","module.network_hub.aws_subnet.egress_private","module.network_hub.aws_vpc.central_egress","module.network_hub.data.aws_availability_zones.available"]}]},{"module":"module.network_hub","mode":"managed","type":"aws_route_table_association","name":"egress_public","provider":"provider[\"registry.opentofu.org/hashicorp/aws\"]","instances":[{"index_key":0,"schema_version":0,"attributes":{"gateway_id":"","id":"rtbassoc-05c00148259915454","region":"us-east-1","route_table_id":"rtb-0818d6a93b80171b8","subnet_id":"subnet-0e829259a3215ac9a","timeouts":null},"sensitive_attributes":[],"private":"eyJlMmJmYjczMC1lY2FhLTExZTYtOGY4OC0zNDM2M2JjN2M0YzAiOnsiY3JlYXRlIjozMDAwMDAwMDAwMDAsImRlbGV0ZSI6MzAwMDAwMDAwMDAwLCJ1cGRhdGUiOjEyMDAwMDAwMDAwMH19","dependencies":["module.network_hub.aws_route_table.egress_public","module.network_hub.aws_subnet.egress_public","module.network_hub.aws_vpc.central_egress","module.network_hub.data.aws_availability_zones.available"]},{"index_key":1,"schema_version":0,"attributes":{"gateway_id":"","id":"rtbassoc-03c1ae2f11c9583be","region":"us-east-1","route_table_id":"rtb-09a40137d3bcd180f","subnet_id":"subnet-0041058d6bcb42486","timeouts":null},"sensitive_attributes":[],"private":"eyJlMmJmYjczMC1lY2FhLTExZTYtOGY4OC0zNDM2M2JjN2M0YzAiOnsiY3JlYXRlIjozMDAwMDAwMDAwMDAsImRlbGV0ZSI6MzAwMDAwMDAwMDAwLCJ1cGRhdGUiOjEyMDAwMDAwMDAwMH19","dependencies":["module.network_hub.aws_route_table.egress_public","module.network_hub.aws_subnet.egress_public","module.network_hub.aws_vpc.central_egress","module.network_hub.data.aws_availability_zones.available"]},{"index_key":2,"schema_version":0,"attributes":{"gateway_id":"","id":"rtbassoc-039956865781ec6d9","region":"us-east-1","route_table_id":"rtb-0ea79b802dcd4eafd","subnet_id":"subnet-07ce82c7232ffd93c","timeouts":null},"sensitive_attributes":[],"private":"eyJlMmJmYjczMC1lY2FhLTExZTYtOGY4OC0zNDM2M2JjN2M0YzAiOnsiY3JlYXRlIjozMDAwMDAwMDAwMDAsImRlbGV0ZSI6MzAwMDAwMDAwMDAwLCJ1cGRhdGUiOjEyMDAwMDAwMDAwMH19","dependencies":["module.network_hub.aws_route_table.egress_public","module.network_hub.aws_subnet.egress_public","module.network_hub.aws_vpc.central_egress","module.network_hub.data.aws_availability_zones.available"]}]},{"module":"module.network_hub","mode":"managed","type":"aws_route_table_association","name":"firewall_endpoint","provider":"provider[\"registry.opentofu.org/hashicorp/aws\"]","instances":[{"index_key":0,"schema_version":0,"attributes":{"gateway_id":"","id":"rtbassoc-05537ca8ae7ce18c5","region":"us-east-1","route_table_id":"rtb-00ae4a0917f06a049","subnet_id":"subnet-0dd35d6fcbe4e9930","timeouts":null},"sensitive_attributes":[],"private":"eyJlMmJmYjczMC1lY2FhLTExZTYtOGY4OC0zNDM2M2JjN2M0YzAiOnsiY3JlYXRlIjozMDAwMDAwMDAwMDAsImRlbGV0ZSI6MzAwMDAwMDAwMDAwLCJ1cGRhdGUiOjEyMDAwMDAwMDAwMH19","dependencies":["module.network_hub.aws_route_table.firewall_endpoint","module.network_hub.aws_subnet.firewall_endpoint","module.network_hub.aws_vpc.firewall","module.network_hub.data.aws_availability_zones.available"]},{"index_key":1,"schema_version":0,"attributes":{"gateway_id":"","id":"rtbassoc-0d7916a7ba0ad9797","region":"us-east-1","route_table_id":"rtb-0c5e4c94d749a0cd4","subnet_id":"subnet-075916d30b3160742","timeouts":null},"sensitive_attributes":[],"private":"eyJlMmJmYjczMC1lY2FhLTExZTYtOGY4OC0zNDM2M2JjN2M0YzAiOnsiY3JlYXRlIjozMDAwMDAwMDAwMDAsImRlbGV0ZSI6MzAwMDAwMDAwMDAwLCJ1cGRhdGUiOjEyMDAwMDAwMDAwMH19","dependencies":["module.network_hub.aws_route_table.firewall_endpoint","module.network_hub.aws_subnet.firewall_endpoint","module.network_hub.aws_vpc.firewall","module.network_hub.data.aws_availability_zones.available"]},{"index_key":2,"schema_version":0,"attributes":{"gateway_id":"","id":"rtbassoc-0d4922cd2a629fa85","region":"us-east-1","route_table_id":"rtb-0d2ec5da53a0c7d26","subnet_id":"subnet-0b9cee9767f6b5924","timeouts":null},"sensitive_attributes":[],"private":"eyJlMmJmYjczMC1lY2FhLTExZTYtOGY4OC0zNDM2M2JjN2M0YzAiOnsiY3JlYXRlIjozMDAwMDAwMDAwMDAsImRlbGV0ZSI6MzAwMDAwMDAwMDAwLCJ1cGRhdGUiOjEyMDAwMDAwMDAwMH19","dependencies":["module.network_hub.aws_route_table.firewall_endpoint","module.network_hub.aws_subnet.firewall_endpoint","module.network_hub.aws_vpc.firewall","module.network_hub.data.aws_availability_zones.available"]}]},{"module":"module.network_hub","mode":"managed","type":"aws_route_table_association","name":"firewall_tgw","provider":"provider[\"registry.opentofu.org/hashicorp/aws\"]","instances":[{"index_key":0,"schema_version":0,"attributes":{"gateway_id":"","id":"rtbassoc-0588d112b8fbb910a","region":"us-east-1","route_table_id":"rtb-0f56cd9278f21a741","subnet_id":"subnet-0fab6ea88d3a00253","timeouts":null},"sensitive_attributes":[],"private":"eyJlMmJmYjczMC1lY2FhLTExZTYtOGY4OC0zNDM2M2JjN2M0YzAiOnsiY3JlYXRlIjozMDAwMDAwMDAwMDAsImRlbGV0ZSI6MzAwMDAwMDAwMDAwLCJ1cGRhdGUiOjEyMDAwMDAwMDAwMH19","dependencies":["module.network_hub.aws_route_table.firewall_tgw","module.network_hub.aws_subnet.firewall_tgw","module.network_hub.aws_vpc.firewall","module.network_hub.data.aws_availability_zones.available"]},{"index_key":1,"schema_version":0,"attributes":{"gateway_id":"","id":"rtbassoc-01ae1e0ddbffb6273","region":"us-east-1","route_table_id":"rtb-00761c4e93e226f4f","subnet_id":"subnet-0e5445b0f68b9c8fc","timeouts":null},"sensitive_attributes":[],"private":"eyJlMmJmYjczMC1lY2FhLTExZTYtOGY4OC0zNDM2M2JjN2M0YzAiOnsiY3JlYXRlIjozMDAwMDAwMDAwMDAsImRlbGV0ZSI6MzAwMDAwMDAwMDAwLCJ1cGRhdGUiOjEyMDAwMDAwMDAwMH19","dependencies":["module.network_hub.aws_route_table.firewall_tgw","module.network_hub.aws_subnet.firewall_tgw","module.network_hub.aws_vpc.firewall","module.network_hub.data.aws_availability_zones.available"]},{"index_key":2,"schema_version":0,"attributes":{"gateway_id":"","id":"rtbassoc-0a0713b2b225a0772","region":"us-east-1","route_table_id":"rtb-0f1af176471db0a24","subnet_id":"subnet-081bee5ccaf8a34db","timeouts":null},"sensitive_attributes":[],"private":"eyJlMmJmYjczMC1lY2FhLTExZTYtOGY4OC0zNDM2M2JjN2M0YzAiOnsiY3JlYXRlIjozMDAwMDAwMDAwMDAsImRlbGV0ZSI6MzAwMDAwMDAwMDAwLCJ1cGRhdGUiOjEyMDAwMDAwMDAwMH19","dependencies":["module.network_hub.aws_route_table.firewall_tgw","module.network_hub.aws_subnet.firewall_tgw","module.network_hub.aws_vpc.firewall","module.network_hub.data.aws_availability_zones.available"]}]},{"module":"module.network_hub","mode":"managed","type":"aws_security_group","name":"client_instance","provider":"provider[\"registry.opentofu.org/hashicorp/aws\"]","instances":[{"index_key":0,"schema_version":1,"attributes":{"arn":"arn:aws:ec2:us-east-1:492597629650:security-group/sg-08c7955d61476f3d3","description":"Security group for Client VPC test instance","egress":[{"cidr_blocks":["0.0.0.0/0"],"description":"All outbound traffic","from_port":0,"ipv6_cidr_blocks":[],"prefix_list_ids":[],"protocol":"-1","security_groups":[],"self":false,"to_port":0}],"id":"sg-08c7955d61476f3d3","ingress":[{"cidr_blocks":["100.124.0.0/14","100.108.0.0/14"],"description":"ICMP from internal networks","from_port":-1,"ipv6_cidr_blocks":[],"prefix_list_ids":[],"protocol":"icmp","security_groups":[],"self":false,"to_port":-1},{"cidr_blocks":["100.124.0.0/14","100.108.0.0/14"],"description":"SSH from internal networks only","from_port":22,"ipv6_cidr_blocks":[],"prefix_list_ids":[],"protocol":"tcp","security_groups":[],"self":false,"to_port":22}],"name":"network-hub-prod-client-instance-20250718060251265300000002","name_prefix":"network-hub-prod-client-instance-","owner_id":"492597629650","region":"us-east-1","revoke_rules_on_delete":false,"tags":{"CardData":"no","Classification":"nonpublic","Environment":"prod","GitURL":"https://gitlab.com/williamhillplc/technical-services/networks/channels-team.git","ManagedBy":"OpenTofu","Migrated":"no","Name":"network-hub-prod-client-instance-sg","Product":"network-hub","Project":"network-hub","Tier":"internal","Type":"security-group","VPC":"client"},"tags_all":{"CardData":"no","Classification":"nonpublic","Environment":"prod","GitURL":"https://gitlab.com/williamhillplc/technical-services/networks/channels-team.git","ManagedBy":"OpenTofu","Migrated":"no","Name":"network-hub-prod-client-instance-sg","Product":"network-hub","Project":"network-hub","Tier":"internal","Type":"security-group","VPC":"client"},"timeouts":null,"vpc_id":"vpc-081f378ab142bf855"},"sensitive_attributes":[],"private":"eyJlMmJmYjczMC1lY2FhLTExZTYtOGY4OC0zNDM2M2JjN2M0YzAiOnsiY3JlYXRlIjo2MDAwMDAwMDAwMDAsImRlbGV0ZSI6OTAwMDAwMDAwMDAwfSwic2NoZW1hX3ZlcnNpb24iOiIxIn0=","dependencies":["module.network_hub.aws_vpc.client","module.network_hub.aws_vpc.transit_gateway"],"create_before_destroy":true}]},{"module":"module.network_hub","mode":"managed","type":"aws_security_group","name":"tgw_instance","provider":"provider[\"registry.opentofu.org/hashicorp/aws\"]","instances":[{"index_key":0,"schema_version":1,"attributes":{"arn":"arn:aws:ec2:us-east-1:492597629650:security-group/sg-0a71b262757b45ec3","description":"Security group for TGW test instance","egress":[{"cidr_blocks":["0.0.0.0/0"],"description":"All outbound traffic","from_port":0,"ipv6_cidr_blocks":[],"prefix_list_ids":[],"protocol":"-1","security_groups":[],"self":false,"to_port":0}],"id":"sg-0a71b262757b45ec3","ingress":[{"cidr_blocks":["0.0.0.0/0"],"description":"SSH access for external connectivity","from_port":22,"ipv6_cidr_blocks":[],"prefix_list_ids":[],"protocol":"tcp","security_groups":[],"self":false,"to_port":22},{"cidr_blocks":["100.124.0.0/14","100.108.0.0/14"],"description":"ICMP from internal networks","from_port":-1,"ipv6_cidr_blocks":[],"prefix_list_ids":[],"protocol":"icmp","security_groups":[],"self":false,"to_port":-1}],"name":"network-hub-prod-tgw-instance-20250718060251194100000001","name_prefix":"network-hub-prod-tgw-instance-","owner_id":"492597629650","region":"us-east-1","revoke_rules_on_delete":false,"tags":{"CardData":"no","Classification":"nonpublic","Environment":"prod","GitURL":"https://gitlab.com/williamhillplc/technical-services/networks/channels-team.git","ManagedBy":"OpenTofu","Migrated":"no","Name":"network-hub-prod-tgw-instance-sg","Product":"network-hub","Project":"network-hub","Tier":"internal","Type":"security-group","VPC":"transit-gateway"},"tags_all":{"CardData":"no","Classification":"nonpublic","Environment":"prod","GitURL":"https://gitlab.com/williamhillplc/technical-services/networks/channels-team.git","ManagedBy":"OpenTofu","Migrated":"no","Name":"network-hub-prod-tgw-instance-sg","Product":"network-hub","Project":"network-hub","Tier":"internal","Type":"security-group","VPC":"transit-gateway"},"timeouts":null,"vpc_id":"vpc-0db7cec3157dcffd2"},"sensitive_attributes":[],"private":"eyJlMmJmYjczMC1lY2FhLTExZTYtOGY4OC0zNDM2M2JjN2M0YzAiOnsiY3JlYXRlIjo2MDAwMDAwMDAwMDAsImRlbGV0ZSI6OTAwMDAwMDAwMDAwfSwic2NoZW1hX3ZlcnNpb24iOiIxIn0=","dependencies":["module.network_hub.aws_vpc.client","module.network_hub.aws_vpc.transit_gateway"],"create_before_destroy":true}]},{"module":"module.network_hub","mode":"managed","type":"aws_subnet","name":"client_cde","provider":"provider[\"registry.opentofu.org/hashicorp/aws\"]","instances":[{"index_key":0,"schema_version":1,"attributes":{"arn":"arn:aws:ec2:us-east-1:492597629650:subnet/subnet-0eba8378f20bfa60b","assign_ipv6_address_on_creation":false,"availability_zone":"us-east-1a","availability_zone_id":"use1-az6","cidr_block":"100.124.32.0/22","customer_owned_ipv4_pool":"","enable_dns64":false,"enable_lni_at_device_index":0,"enable_resource_name_dns_a_record_on_launch":false,"enable_resource_name_dns_aaaa_record_on_launch":false,"id":"subnet-0eba8378f20bfa60b","ipv6_cidr_block":"","ipv6_cidr_block_association_id":"","ipv6_native":false,"map_customer_owned_ip_on_launch":false,"map_public_ip_on_launch":false,"outpost_arn":"","owner_id":"492597629650","private_dns_hostname_type_on_launch":"ip-name","region":"us-east-1","tags":{"AZ":"us-east-1a","CardData":"no","Classification":"nonpublic","Compliance":"required","Environment":"cde","GitURL":"https://gitlab.com/williamhillplc/technical-services/networks/channels-team.git","ManagedBy":"OpenTofu","Migrated":"no","Name":"network-hub-prod-client-cde-subnet-1a","Product":"network-hub","Project":"network-hub","Tier":"internal","Type":"client-cde","VPC":"client"},"tags_all":{"AZ":"us-east-1a","CardData":"no","Classification":"nonpublic","Compliance":"required","Environment":"cde","GitURL":"https://gitlab.com/williamhillplc/technical-services/networks/channels-team.git","ManagedBy":"OpenTofu","Migrated":"no","Name":"network-hub-prod-client-cde-subnet-1a","Product":"network-hub","Project":"network-hub","Tier":"internal","Type":"client-cde","VPC":"client"},"timeouts":null,"vpc_id":"vpc-081f378ab142bf855"},"sensitive_attributes":[],"private":"eyJlMmJmYjczMC1lY2FhLTExZTYtOGY4OC0zNDM2M2JjN2M0YzAiOnsiY3JlYXRlIjo2MDAwMDAwMDAwMDAsImRlbGV0ZSI6MTIwMDAwMDAwMDAwMH0sInNjaGVtYV92ZXJzaW9uIjoiMSJ9","dependencies":["module.network_hub.aws_vpc.client","module.network_hub.data.aws_availability_zones.available"],"create_before_destroy":true},{"index_key":1,"schema_version":1,"attributes":{"arn":"arn:aws:ec2:us-east-1:492597629650:subnet/subnet-0dadc82777e16c995","assign_ipv6_address_on_creation":false,"availability_zone":"us-east-1b","availability_zone_id":"use1-az1","cidr_block":"100.124.36.0/22","customer_owned_ipv4_pool":"","enable_dns64":false,"enable_lni_at_device_index":0,"enable_resource_name_dns_a_record_on_launch":false,"enable_resource_name_dns_aaaa_record_on_launch":false,"id":"subnet-0dadc82777e16c995","ipv6_cidr_block":"","ipv6_cidr_block_association_id":"","ipv6_native":false,"map_customer_owned_ip_on_launch":false,"map_public_ip_on_launch":false,"outpost_arn":"","owner_id":"492597629650","private_dns_hostname_type_on_launch":"ip-name","region":"us-east-1","tags":{"AZ":"us-east-1b","CardData":"no","Classification":"nonpublic","Compliance":"required","Environment":"cde","GitURL":"https://gitlab.com/williamhillplc/technical-services/networks/channels-team.git","ManagedBy":"OpenTofu","Migrated":"no","Name":"network-hub-prod-client-cde-subnet-1b","Product":"network-hub","Project":"network-hub","Tier":"internal","Type":"client-cde","VPC":"client"},"tags_all":{"AZ":"us-east-1b","CardData":"no","Classification":"nonpublic","Compliance":"required","Environment":"cde","GitURL":"https://gitlab.com/williamhillplc/technical-services/networks/channels-team.git","ManagedBy":"OpenTofu","Migrated":"no","Name":"network-hub-prod-client-cde-subnet-1b","Product":"network-hub","Project":"network-hub","Tier":"internal","Type":"client-cde","VPC":"client"},"timeouts":null,"vpc_id":"vpc-081f378ab142bf855"},"sensitive_attributes":[],"private":"eyJlMmJmYjczMC1lY2FhLTExZTYtOGY4OC0zNDM2M2JjN2M0YzAiOnsiY3JlYXRlIjo2MDAwMDAwMDAwMDAsImRlbGV0ZSI6MTIwMDAwMDAwMDAwMH0sInNjaGVtYV92ZXJzaW9uIjoiMSJ9","dependencies":["module.network_hub.aws_vpc.client","module.network_hub.data.aws_availability_zones.available"],"create_before_destroy":true},{"index_key":2,"schema_version":1,"attributes":{"arn":"arn:aws:ec2:us-east-1:492597629650:subnet/subnet-0896c655b031b5428","assign_ipv6_address_on_creation":false,"availability_zone":"us-east-1c","availability_zone_id":"use1-az2","cidr_block":"100.124.40.0/22","customer_owned_ipv4_pool":"","enable_dns64":false,"enable_lni_at_device_index":0,"enable_resource_name_dns_a_record_on_launch":false,"enable_resource_name_dns_aaaa_record_on_launch":false,"id":"subnet-0896c655b031b5428","ipv6_cidr_block":"","ipv6_cidr_block_association_id":"","ipv6_native":false,"map_customer_owned_ip_on_launch":false,"map_public_ip_on_launch":false,"outpost_arn":"","owner_id":"492597629650","private_dns_hostname_type_on_launch":"ip-name","region":"us-east-1","tags":{"AZ":"us-east-1c","CardData":"no","Classification":"nonpublic","Compliance":"required","Environment":"cde","GitURL":"https://gitlab.com/williamhillplc/technical-services/networks/channels-team.git","ManagedBy":"OpenTofu","Migrated":"no","Name":"network-hub-prod-client-cde-subnet-1c","Product":"network-hub","Project":"network-hub","Tier":"internal","Type":"client-cde","VPC":"client"},"tags_all":{"AZ":"us-east-1c","CardData":"no","Classification":"nonpublic","Compliance":"required","Environment":"cde","GitURL":"https://gitlab.com/williamhillplc/technical-services/networks/channels-team.git","ManagedBy":"OpenTofu","Migrated":"no","Name":"network-hub-prod-client-cde-subnet-1c","Product":"network-hub","Project":"network-hub","Tier":"internal","Type":"client-cde","VPC":"client"},"timeouts":null,"vpc_id":"vpc-081f378ab142bf855"},"sensitive_attributes":[],"private":"eyJlMmJmYjczMC1lY2FhLTExZTYtOGY4OC0zNDM2M2JjN2M0YzAiOnsiY3JlYXRlIjo2MDAwMDAwMDAwMDAsImRlbGV0ZSI6MTIwMDAwMDAwMDAwMH0sInNjaGVtYV92ZXJzaW9uIjoiMSJ9","dependencies":["module.network_hub.aws_vpc.client","module.network_hub.data.aws_availability_zones.available"],"create_before_destroy":true}]},{"module":"module.network_hub","mode":"managed","type":"aws_subnet","name":"client_ncde","provider":"provider[\"registry.opentofu.org/hashicorp/aws\"]","instances":[{"index_key":0,"schema_version":1,"attributes":{"arn":"arn:aws:ec2:us-east-1:492597629650:subnet/subnet-0f398d32f12be1a12","assign_ipv6_address_on_creation":false,"availability_zone":"us-east-1a","availability_zone_id":"use1-az6","cidr_block":"100.124.44.0/22","customer_owned_ipv4_pool":"","enable_dns64":false,"enable_lni_at_device_index":0,"enable_resource_name_dns_a_record_on_launch":false,"enable_resource_name_dns_aaaa_record_on_launch":false,"id":"subnet-0f398d32f12be1a12","ipv6_cidr_block":"","ipv6_cidr_block_association_id":"","ipv6_native":false,"map_customer_owned_ip_on_launch":false,"map_public_ip_on_launch":false,"outpost_arn":"","owner_id":"492597629650","private_dns_hostname_type_on_launch":"ip-name","region":"us-east-1","tags":{"AZ":"us-east-1a","CardData":"no","Classification":"nonpublic","Compliance":"not-required","Environment":"ncde","GitURL":"https://gitlab.com/williamhillplc/technical-services/networks/channels-team.git","ManagedBy":"OpenTofu","Migrated":"no","Name":"network-hub-prod-client-ncde-subnet-1a","Product":"network-hub","Project":"network-hub","Tier":"internal","Type":"client-ncde","VPC":"client"},"tags_all":{"AZ":"us-east-1a","CardData":"no","Classification":"nonpublic","Compliance":"not-required","Environment":"ncde","GitURL":"https://gitlab.com/williamhillplc/technical-services/networks/channels-team.git","ManagedBy":"OpenTofu","Migrated":"no","Name":"network-hub-prod-client-ncde-subnet-1a","Product":"network-hub","Project":"network-hub","Tier":"internal","Type":"client-ncde","VPC":"client"},"timeouts":null,"vpc_id":"vpc-081f378ab142bf855"},"sensitive_attributes":[],"private":"eyJlMmJmYjczMC1lY2FhLTExZTYtOGY4OC0zNDM2M2JjN2M0YzAiOnsiY3JlYXRlIjo2MDAwMDAwMDAwMDAsImRlbGV0ZSI6MTIwMDAwMDAwMDAwMH0sInNjaGVtYV92ZXJzaW9uIjoiMSJ9","dependencies":["module.network_hub.aws_vpc.client","module.network_hub.data.aws_availability_zones.available"]},{"index_key":1,"schema_version":1,"attributes":{"arn":"arn:aws:ec2:us-east-1:492597629650:subnet/subnet-06ac0148180f8f2e5","assign_ipv6_address_on_creation":false,"availability_zone":"us-east-1b","availability_zone_id":"use1-az1","cidr_block":"100.124.48.0/22","customer_owned_ipv4_pool":"","enable_dns64":false,"enable_lni_at_device_index":0,"enable_resource_name_dns_a_record_on_launch":false,"enable_resource_name_dns_aaaa_record_on_launch":false,"id":"subnet-06ac0148180f8f2e5","ipv6_cidr_block":"","ipv6_cidr_block_association_id":"","ipv6_native":false,"map_customer_owned_ip_on_launch":false,"map_public_ip_on_launch":false,"outpost_arn":"","owner_id":"492597629650","private_dns_hostname_type_on_launch":"ip-name","region":"us-east-1","tags":{"AZ":"us-east-1b","CardData":"no","Classification":"nonpublic","Compliance":"not-required","Environment":"ncde","GitURL":"https://gitlab.com/williamhillplc/technical-services/networks/channels-team.git","ManagedBy":"OpenTofu","Migrated":"no","Name":"network-hub-prod-client-ncde-subnet-1b","Product":"network-hub","Project":"network-hub","Tier":"internal","Type":"client-ncde","VPC":"client"},"tags_all":{"AZ":"us-east-1b","CardData":"no","Classification":"nonpublic","Compliance":"not-required","Environment":"ncde","GitURL":"https://gitlab.com/williamhillplc/technical-services/networks/channels-team.git","ManagedBy":"OpenTofu","Migrated":"no","Name":"network-hub-prod-client-ncde-subnet-1b","Product":"network-hub","Project":"network-hub","Tier":"internal","Type":"client-ncde","VPC":"client"},"timeouts":null,"vpc_id":"vpc-081f378ab142bf855"},"sensitive_attributes":[],"private":"eyJlMmJmYjczMC1lY2FhLTExZTYtOGY4OC0zNDM2M2JjN2M0YzAiOnsiY3JlYXRlIjo2MDAwMDAwMDAwMDAsImRlbGV0ZSI6MTIwMDAwMDAwMDAwMH0sInNjaGVtYV92ZXJzaW9uIjoiMSJ9","dependencies":["module.network_hub.aws_vpc.client","module.network_hub.data.aws_availability_zones.available"]},{"index_key":2,"schema_version":1,"attributes":{"arn":"arn:aws:ec2:us-east-1:492597629650:subnet/subnet-0234718d5b922cfae","assign_ipv6_address_on_creation":false,"availability_zone":"us-east-1c","availability_zone_id":"use1-az2","cidr_block":"100.124.52.0/22","customer_owned_ipv4_pool":"","enable_dns64":false,"enable_lni_at_device_index":0,"enable_resource_name_dns_a_record_on_launch":false,"enable_resource_name_dns_aaaa_record_on_launch":false,"id":"subnet-0234718d5b922cfae","ipv6_cidr_block":"","ipv6_cidr_block_association_id":"","ipv6_native":false,"map_customer_owned_ip_on_launch":false,"map_public_ip_on_launch":false,"outpost_arn":"","owner_id":"492597629650","private_dns_hostname_type_on_launch":"ip-name","region":"us-east-1","tags":{"AZ":"us-east-1c","CardData":"no","Classification":"nonpublic","Compliance":"not-required","Environment":"ncde","GitURL":"https://gitlab.com/williamhillplc/technical-services/networks/channels-team.git","ManagedBy":"OpenTofu","Migrated":"no","Name":"network-hub-prod-client-ncde-subnet-1c","Product":"network-hub","Project":"network-hub","Tier":"internal","Type":"client-ncde","VPC":"client"},"tags_all":{"AZ":"us-east-1c","CardData":"no","Classification":"nonpublic","Compliance":"not-required","Environment":"ncde","GitURL":"https://gitlab.com/williamhillplc/technical-services/networks/channels-team.git","ManagedBy":"OpenTofu","Migrated":"no","Name":"network-hub-prod-client-ncde-subnet-1c","Product":"network-hub","Project":"network-hub","Tier":"internal","Type":"client-ncde","VPC":"client"},"timeouts":null,"vpc_id":"vpc-081f378ab142bf855"},"sensitive_attributes":[],"private":"eyJlMmJmYjczMC1lY2FhLTExZTYtOGY4OC0zNDM2M2JjN2M0YzAiOnsiY3JlYXRlIjo2MDAwMDAwMDAwMDAsImRlbGV0ZSI6MTIwMDAwMDAwMDAwMH0sInNjaGVtYV92ZXJzaW9uIjoiMSJ9","dependencies":["module.network_hub.aws_vpc.client","module.network_hub.data.aws_availability_zones.available"]}]},{"module":"module.network_hub","mode":"managed","type":"aws_subnet","name":"client_tgw","provider":"provider[\"registry.opentofu.org/hashicorp/aws\"]","instances":[{"index_key":0,"schema_version":1,"attributes":{"arn":"arn:aws:ec2:us-east-1:492597629650:subnet/subnet-0804c63ee7b10e18b","assign_ipv6_address_on_creation":false,"availability_zone":"us-east-1a","availability_zone_id":"use1-az6","cidr_block":"100.124.56.0/28","customer_owned_ipv4_pool":"","enable_dns64":false,"enable_lni_at_device_index":0,"enable_resource_name_dns_a_record_on_launch":false,"enable_resource_name_dns_aaaa_record_on_launch":false,"id":"subnet-0804c63ee7b10e18b","ipv6_cidr_block":"","ipv6_cidr_block_association_id":"","ipv6_native":false,"map_customer_owned_ip_on_launch":false,"map_public_ip_on_launch":false,"outpost_arn":"","owner_id":"492597629650","private_dns_hostname_type_on_launch":"ip-name","region":"us-east-1","tags":{"AZ":"us-east-1a","CardData":"no","Classification":"nonpublic","Environment":"prod","GitURL":"https://gitlab.com/williamhillplc/technical-services/networks/channels-team.git","ManagedBy":"OpenTofu","Migrated":"no","Name":"network-hub-prod-client-tgw-subnet-1a","Product":"network-hub","Project":"network-hub","Tier":"internal","Type":"client-tgw","VPC":"client"},"tags_all":{"AZ":"us-east-1a","CardData":"no","Classification":"nonpublic","Environment":"prod","GitURL":"https://gitlab.com/williamhillplc/technical-services/networks/channels-team.git","ManagedBy":"OpenTofu","Migrated":"no","Name":"network-hub-prod-client-tgw-subnet-1a","Product":"network-hub","Project":"network-hub","Tier":"internal","Type":"client-tgw","VPC":"client"},"timeouts":null,"vpc_id":"vpc-081f378ab142bf855"},"sensitive_attributes":[],"private":"eyJlMmJmYjczMC1lY2FhLTExZTYtOGY4OC0zNDM2M2JjN2M0YzAiOnsiY3JlYXRlIjo2MDAwMDAwMDAwMDAsImRlbGV0ZSI6MTIwMDAwMDAwMDAwMH0sInNjaGVtYV92ZXJzaW9uIjoiMSJ9","dependencies":["module.network_hub.aws_vpc.client","module.network_hub.data.aws_availability_zones.available"],"create_before_destroy":true},{"index_key":1,"schema_version":1,"attributes":{"arn":"arn:aws:ec2:us-east-1:492597629650:subnet/subnet-01ca040693de1d951","assign_ipv6_address_on_creation":false,"availability_zone":"us-east-1b","availability_zone_id":"use1-az1","cidr_block":"100.124.56.16/28","customer_owned_ipv4_pool":"","enable_dns64":false,"enable_lni_at_device_index":0,"enable_resource_name_dns_a_record_on_launch":false,"enable_resource_name_dns_aaaa_record_on_launch":false,"id":"subnet-01ca040693de1d951","ipv6_cidr_block":"","ipv6_cidr_block_association_id":"","ipv6_native":false,"map_customer_owned_ip_on_launch":false,"map_public_ip_on_launch":false,"outpost_arn":"","owner_id":"492597629650","private_dns_hostname_type_on_launch":"ip-name","region":"us-east-1","tags":{"AZ":"us-east-1b","CardData":"no","Classification":"nonpublic","Environment":"prod","GitURL":"https://gitlab.com/williamhillplc/technical-services/networks/channels-team.git","ManagedBy":"OpenTofu","Migrated":"no","Name":"network-hub-prod-client-tgw-subnet-1b","Product":"network-hub","Project":"network-hub","Tier":"internal","Type":"client-tgw","VPC":"client"},"tags_all":{"AZ":"us-east-1b","CardData":"no","Classification":"nonpublic","Environment":"prod","GitURL":"https://gitlab.com/williamhillplc/technical-services/networks/channels-team.git","ManagedBy":"OpenTofu","Migrated":"no","Name":"network-hub-prod-client-tgw-subnet-1b","Product":"network-hub","Project":"network-hub","Tier":"internal","Type":"client-tgw","VPC":"client"},"timeouts":null,"vpc_id":"vpc-081f378ab142bf855"},"sensitive_attributes":[],"private":"eyJlMmJmYjczMC1lY2FhLTExZTYtOGY4OC0zNDM2M2JjN2M0YzAiOnsiY3JlYXRlIjo2MDAwMDAwMDAwMDAsImRlbGV0ZSI6MTIwMDAwMDAwMDAwMH0sInNjaGVtYV92ZXJzaW9uIjoiMSJ9","dependencies":["module.network_hub.aws_vpc.client","module.network_hub.data.aws_availability_zones.available"],"create_before_destroy":true},{"index_key":2,"schema_version":1,"attributes":{"arn":"arn:aws:ec2:us-east-1:492597629650:subnet/subnet-0eeb24cbc37240175","assign_ipv6_address_on_creation":false,"availability_zone":"us-east-1c","availability_zone_id":"use1-az2","cidr_block":"100.124.56.32/28","customer_owned_ipv4_pool":"","enable_dns64":false,"enable_lni_at_device_index":0,"enable_resource_name_dns_a_record_on_launch":false,"enable_resource_name_dns_aaaa_record_on_launch":false,"id":"subnet-0eeb24cbc37240175","ipv6_cidr_block":"","ipv6_cidr_block_association_id":"","ipv6_native":false,"map_customer_owned_ip_on_launch":false,"map_public_ip_on_launch":false,"outpost_arn":"","owner_id":"492597629650","private_dns_hostname_type_on_launch":"ip-name","region":"us-east-1","tags":{"AZ":"us-east-1c","CardData":"no","Classification":"nonpublic","Environment":"prod","GitURL":"https://gitlab.com/williamhillplc/technical-services/networks/channels-team.git","ManagedBy":"OpenTofu","Migrated":"no","Name":"network-hub-prod-client-tgw-subnet-1c","Product":"network-hub","Project":"network-hub","Tier":"internal","Type":"client-tgw","VPC":"client"},"tags_all":{"AZ":"us-east-1c","CardData":"no","Classification":"nonpublic","Environment":"prod","GitURL":"https://gitlab.com/williamhillplc/technical-services/networks/channels-team.git","ManagedBy":"OpenTofu","Migrated":"no","Name":"network-hub-prod-client-tgw-subnet-1c","Product":"network-hub","Project":"network-hub","Tier":"internal","Type":"client-tgw","VPC":"client"},"timeouts":null,"vpc_id":"vpc-081f378ab142bf855"},"sensitive_attributes":[],"private":"eyJlMmJmYjczMC1lY2FhLTExZTYtOGY4OC0zNDM2M2JjN2M0YzAiOnsiY3JlYXRlIjo2MDAwMDAwMDAwMDAsImRlbGV0ZSI6MTIwMDAwMDAwMDAwMH0sInNjaGVtYV92ZXJzaW9uIjoiMSJ9","dependencies":["module.network_hub.aws_vpc.client","module.network_hub.data.aws_availability_zones.available"],"create_before_destroy":true}]},{"module":"module.network_hub","mode":"managed","type":"aws_subnet","name":"egress_firewall_endpoint","provider":"provider[\"registry.opentofu.org/hashicorp/aws\"]","instances":[{"index_key":0,"schema_version":1,"attributes":{"arn":"arn:aws:ec2:us-east-1:492597629650:subnet/subnet-0de0c3c0b3ca248f4","assign_ipv6_address_on_creation":false,"availability_zone":"us-east-1a","availability_zone_id":"use1-az6","cidr_block":"100.124.2.96/28","customer_owned_ipv4_pool":"","enable_dns64":false,"enable_lni_at_device_index":0,"enable_resource_name_dns_a_record_on_launch":false,"enable_resource_name_dns_aaaa_record_on_launch":false,"id":"subnet-0de0c3c0b3ca248f4","ipv6_cidr_block":"","ipv6_cidr_block_association_id":"","ipv6_native":false,"map_customer_owned_ip_on_launch":false,"map_public_ip_on_launch":false,"outpost_arn":"","owner_id":"492597629650","private_dns_hostname_type_on_launch":"ip-name","region":"us-east-1","tags":{"AZ":"us-east-1a","CardData":"no","Classification":"nonpublic","Environment":"prod","GitURL":"https://gitlab.com/williamhillplc/technical-services/networks/channels-team.git","ManagedBy":"OpenTofu","Migrated":"no","Name":"network-hub-prod-egress-fw-endpoint-subnet-1a","Product":"network-hub","Project":"network-hub","Tier":"internal","Type":"egress-firewall-endpoint","VPC":"central-egress"},"tags_all":{"AZ":"us-east-1a","CardData":"no","Classification":"nonpublic","Environment":"prod","GitURL":"https://gitlab.com/williamhillplc/technical-services/networks/channels-team.git","ManagedBy":"OpenTofu","Migrated":"no","Name":"network-hub-prod-egress-fw-endpoint-subnet-1a","Product":"network-hub","Project":"network-hub","Tier":"internal","Type":"egress-firewall-endpoint","VPC":"central-egress"},"timeouts":null,"vpc_id":"vpc-05a370ae46699a489"},"sensitive_attributes":[],"private":"eyJlMmJmYjczMC1lY2FhLTExZTYtOGY4OC0zNDM2M2JjN2M0YzAiOnsiY3JlYXRlIjo2MDAwMDAwMDAwMDAsImRlbGV0ZSI6MTIwMDAwMDAwMDAwMH0sInNjaGVtYV92ZXJzaW9uIjoiMSJ9","dependencies":["module.network_hub.aws_vpc.central_egress","module.network_hub.data.aws_availability_zones.available"]},{"index_key":1,"schema_version":1,"attributes":{"arn":"arn:aws:ec2:us-east-1:492597629650:subnet/subnet-08a1a540de8f01d8e","assign_ipv6_address_on_creation":false,"availability_zone":"us-east-1b","availability_zone_id":"use1-az1","cidr_block":"100.124.2.112/28","customer_owned_ipv4_pool":"","enable_dns64":false,"enable_lni_at_device_index":0,"enable_resource_name_dns_a_record_on_launch":false,"enable_resource_name_dns_aaaa_record_on_launch":false,"id":"subnet-08a1a540de8f01d8e","ipv6_cidr_block":"","ipv6_cidr_block_association_id":"","ipv6_native":false,"map_customer_owned_ip_on_launch":false,"map_public_ip_on_launch":false,"outpost_arn":"","owner_id":"492597629650","private_dns_hostname_type_on_launch":"ip-name","region":"us-east-1","tags":{"AZ":"us-east-1b","CardData":"no","Classification":"nonpublic","Environment":"prod","GitURL":"https://gitlab.com/williamhillplc/technical-services/networks/channels-team.git","ManagedBy":"OpenTofu","Migrated":"no","Name":"network-hub-prod-egress-fw-endpoint-subnet-1b","Product":"network-hub","Project":"network-hub","Tier":"internal","Type":"egress-firewall-endpoint","VPC":"central-egress"},"tags_all":{"AZ":"us-east-1b","CardData":"no","Classification":"nonpublic","Environment":"prod","GitURL":"https://gitlab.com/williamhillplc/technical-services/networks/channels-team.git","ManagedBy":"OpenTofu","Migrated":"no","Name":"network-hub-prod-egress-fw-endpoint-subnet-1b","Product":"network-hub","Project":"network-hub","Tier":"internal","Type":"egress-firewall-endpoint","VPC":"central-egress"},"timeouts":null,"vpc_id":"vpc-05a370ae46699a489"},"sensitive_attributes":[],"private":"eyJlMmJmYjczMC1lY2FhLTExZTYtOGY4OC0zNDM2M2JjN2M0YzAiOnsiY3JlYXRlIjo2MDAwMDAwMDAwMDAsImRlbGV0ZSI6MTIwMDAwMDAwMDAwMH0sInNjaGVtYV92ZXJzaW9uIjoiMSJ9","dependencies":["module.network_hub.aws_vpc.central_egress","module.network_hub.data.aws_availability_zones.available"]},{"index_key":2,"schema_version":1,"attributes":{"arn":"arn:aws:ec2:us-east-1:492597629650:subnet/subnet-0cee06a0b591185f7","assign_ipv6_address_on_creation":false,"availability_zone":"us-east-1c","availability_zone_id":"use1-az2","cidr_block":"100.124.2.128/28","customer_owned_ipv4_pool":"","enable_dns64":false,"enable_lni_at_device_index":0,"enable_resource_name_dns_a_record_on_launch":false,"enable_resource_name_dns_aaaa_record_on_launch":false,"id":"subnet-0cee06a0b591185f7","ipv6_cidr_block":"","ipv6_cidr_block_association_id":"","ipv6_native":false,"map_customer_owned_ip_on_launch":false,"map_public_ip_on_launch":false,"outpost_arn":"","owner_id":"492597629650","private_dns_hostname_type_on_launch":"ip-name","region":"us-east-1","tags":{"AZ":"us-east-1c","CardData":"no","Classification":"nonpublic","Environment":"prod","GitURL":"https://gitlab.com/williamhillplc/technical-services/networks/channels-team.git","ManagedBy":"OpenTofu","Migrated":"no","Name":"network-hub-prod-egress-fw-endpoint-subnet-1c","Product":"network-hub","Project":"network-hub","Tier":"internal","Type":"egress-firewall-endpoint","VPC":"central-egress"},"tags_all":{"AZ":"us-east-1c","CardData":"no","Classification":"nonpublic","Environment":"prod","GitURL":"https://gitlab.com/williamhillplc/technical-services/networks/channels-team.git","ManagedBy":"OpenTofu","Migrated":"no","Name":"network-hub-prod-egress-fw-endpoint-subnet-1c","Product":"network-hub","Project":"network-hub","Tier":"internal","Type":"egress-firewall-endpoint","VPC":"central-egress"},"timeouts":null,"vpc_id":"vpc-05a370ae46699a489"},"sensitive_attributes":[],"private":"eyJlMmJmYjczMC1lY2FhLTExZTYtOGY4OC0zNDM2M2JjN2M0YzAiOnsiY3JlYXRlIjo2MDAwMDAwMDAwMDAsImRlbGV0ZSI6MTIwMDAwMDAwMDAwMH0sInNjaGVtYV92ZXJzaW9uIjoiMSJ9","dependencies":["module.network_hub.aws_vpc.central_egress","module.network_hub.data.aws_availability_zones.available"]}]},{"module":"module.network_hub","mode":"managed","type":"aws_subnet","name":"egress_private","provider":"provider[\"registry.opentofu.org/hashicorp/aws\"]","instances":[{"index_key":0,"schema_version":1,"attributes":{"arn":"arn:aws:ec2:us-east-1:492597629650:subnet/subnet-0f7755cf11d6edae1","assign_ipv6_address_on_creation":false,"availability_zone":"us-east-1a","availability_zone_id":"use1-az6","cidr_block":"100.124.2.0/28","customer_owned_ipv4_pool":"","enable_dns64":false,"enable_lni_at_device_index":0,"enable_resource_name_dns_a_record_on_launch":false,"enable_resource_name_dns_aaaa_record_on_launch":false,"id":"subnet-0f7755cf11d6edae1","ipv6_cidr_block":"","ipv6_cidr_block_association_id":"","ipv6_native":false,"map_customer_owned_ip_on_launch":false,"map_public_ip_on_launch":false,"outpost_arn":"","owner_id":"492597629650","private_dns_hostname_type_on_launch":"ip-name","region":"us-east-1","tags":{"AZ":"us-east-1a","CardData":"no","Classification":"nonpublic","Environment":"prod","GitURL":"https://gitlab.com/williamhillplc/technical-services/networks/channels-team.git","ManagedBy":"OpenTofu","Migrated":"no","Name":"network-hub-prod-egress-private-subnet-1a","Product":"network-hub","Project":"network-hub","Tier":"internal","Type":"egress-private","VPC":"central-egress"},"tags_all":{"AZ":"us-east-1a","CardData":"no","Classification":"nonpublic","Environment":"prod","GitURL":"https://gitlab.com/williamhillplc/technical-services/networks/channels-team.git","ManagedBy":"OpenTofu","Migrated":"no","Name":"network-hub-prod-egress-private-subnet-1a","Product":"network-hub","Project":"network-hub","Tier":"internal","Type":"egress-private","VPC":"central-egress"},"timeouts":null,"vpc_id":"vpc-05a370ae46699a489"},"sensitive_attributes":[],"private":"eyJlMmJmYjczMC1lY2FhLTExZTYtOGY4OC0zNDM2M2JjN2M0YzAiOnsiY3JlYXRlIjo2MDAwMDAwMDAwMDAsImRlbGV0ZSI6MTIwMDAwMDAwMDAwMH0sInNjaGVtYV92ZXJzaW9uIjoiMSJ9","dependencies":["module.network_hub.aws_vpc.central_egress","module.network_hub.data.aws_availability_zones.available"]},{"index_key":1,"schema_version":1,"attributes":{"arn":"arn:aws:ec2:us-east-1:492597629650:subnet/subnet-04b04a48b0e67802e","assign_ipv6_address_on_creation":false,"availability_zone":"us-east-1b","availability_zone_id":"use1-az1","cidr_block":"100.124.2.16/28","customer_owned_ipv4_pool":"","enable_dns64":false,"enable_lni_at_device_index":0,"enable_resource_name_dns_a_record_on_launch":false,"enable_resource_name_dns_aaaa_record_on_launch":false,"id":"subnet-04b04a48b0e67802e","ipv6_cidr_block":"","ipv6_cidr_block_association_id":"","ipv6_native":false,"map_customer_owned_ip_on_launch":false,"map_public_ip_on_launch":false,"outpost_arn":"","owner_id":"492597629650","private_dns_hostname_type_on_launch":"ip-name","region":"us-east-1","tags":{"AZ":"us-east-1b","CardData":"no","Classification":"nonpublic","Environment":"prod","GitURL":"https://gitlab.com/williamhillplc/technical-services/networks/channels-team.git","ManagedBy":"OpenTofu","Migrated":"no","Name":"network-hub-prod-egress-private-subnet-1b","Product":"network-hub","Project":"network-hub","Tier":"internal","Type":"egress-private","VPC":"central-egress"},"tags_all":{"AZ":"us-east-1b","CardData":"no","Classification":"nonpublic","Environment":"prod","GitURL":"https://gitlab.com/williamhillplc/technical-services/networks/channels-team.git","ManagedBy":"OpenTofu","Migrated":"no","Name":"network-hub-prod-egress-private-subnet-1b","Product":"network-hub","Project":"network-hub","Tier":"internal","Type":"egress-private","VPC":"central-egress"},"timeouts":null,"vpc_id":"vpc-05a370ae46699a489"},"sensitive_attributes":[],"private":"eyJlMmJmYjczMC1lY2FhLTExZTYtOGY4OC0zNDM2M2JjN2M0YzAiOnsiY3JlYXRlIjo2MDAwMDAwMDAwMDAsImRlbGV0ZSI6MTIwMDAwMDAwMDAwMH0sInNjaGVtYV92ZXJzaW9uIjoiMSJ9","dependencies":["module.network_hub.aws_vpc.central_egress","module.network_hub.data.aws_availability_zones.available"]},{"index_key":2,"schema_version":1,"attributes":{"arn":"arn:aws:ec2:us-east-1:492597629650:subnet/subnet-07fb5d81d1e087719","assign_ipv6_address_on_creation":false,"availability_zone":"us-east-1c","availability_zone_id":"use1-az2","cidr_block":"100.124.2.32/28","customer_owned_ipv4_pool":"","enable_dns64":false,"enable_lni_at_device_index":0,"enable_resource_name_dns_a_record_on_launch":false,"enable_resource_name_dns_aaaa_record_on_launch":false,"id":"subnet-07fb5d81d1e087719","ipv6_cidr_block":"","ipv6_cidr_block_association_id":"","ipv6_native":false,"map_customer_owned_ip_on_launch":false,"map_public_ip_on_launch":false,"outpost_arn":"","owner_id":"492597629650","private_dns_hostname_type_on_launch":"ip-name","region":"us-east-1","tags":{"AZ":"us-east-1c","CardData":"no","Classification":"nonpublic","Environment":"prod","GitURL":"https://gitlab.com/williamhillplc/technical-services/networks/channels-team.git","ManagedBy":"OpenTofu","Migrated":"no","Name":"network-hub-prod-egress-private-subnet-1c","Product":"network-hub","Project":"network-hub","Tier":"internal","Type":"egress-private","VPC":"central-egress"},"tags_all":{"AZ":"us-east-1c","CardData":"no","Classification":"nonpublic","Environment":"prod","GitURL":"https://gitlab.com/williamhillplc/technical-services/networks/channels-team.git","ManagedBy":"OpenTofu","Migrated":"no","Name":"network-hub-prod-egress-private-subnet-1c","Product":"network-hub","Project":"network-hub","Tier":"internal","Type":"egress-private","VPC":"central-egress"},"timeouts":null,"vpc_id":"vpc-05a370ae46699a489"},"sensitive_attributes":[],"private":"eyJlMmJmYjczMC1lY2FhLTExZTYtOGY4OC0zNDM2M2JjN2M0YzAiOnsiY3JlYXRlIjo2MDAwMDAwMDAwMDAsImRlbGV0ZSI6MTIwMDAwMDAwMDAwMH0sInNjaGVtYV92ZXJzaW9uIjoiMSJ9","dependencies":["module.network_hub.aws_vpc.central_egress","module.network_hub.data.aws_availability_zones.available"]}]},{"module":"module.network_hub","mode":"managed","type":"aws_subnet","name":"egress_public","provider":"provider[\"registry.opentofu.org/hashicorp/aws\"]","instances":[{"index_key":0,"schema_version":1,"attributes":{"arn":"arn:aws:ec2:us-east-1:492597629650:subnet/subnet-0e829259a3215ac9a","assign_ipv6_address_on_creation":false,"availability_zone":"us-east-1a","availability_zone_id":"use1-az6","cidr_block":"100.124.2.48/28","customer_owned_ipv4_pool":"","enable_dns64":false,"enable_lni_at_device_index":0,"enable_resource_name_dns_a_record_on_launch":false,"enable_resource_name_dns_aaaa_record_on_launch":false,"id":"subnet-0e829259a3215ac9a","ipv6_cidr_block":"","ipv6_cidr_block_association_id":"","ipv6_native":false,"map_customer_owned_ip_on_launch":false,"map_public_ip_on_launch":true,"outpost_arn":"","owner_id":"492597629650","private_dns_hostname_type_on_launch":"ip-name","region":"us-east-1","tags":{"AZ":"us-east-1a","CardData":"no","Classification":"nonpublic","Environment":"prod","GitURL":"https://gitlab.com/williamhillplc/technical-services/networks/channels-team.git","ManagedBy":"OpenTofu","Migrated":"no","Name":"network-hub-prod-egress-public-subnet-1a","Product":"network-hub","Project":"network-hub","Tier":"internal","Type":"egress-public","VPC":"central-egress"},"tags_all":{"AZ":"us-east-1a","CardData":"no","Classification":"nonpublic","Environment":"prod","GitURL":"https://gitlab.com/williamhillplc/technical-services/networks/channels-team.git","ManagedBy":"OpenTofu","Migrated":"no","Name":"network-hub-prod-egress-public-subnet-1a","Product":"network-hub","Project":"network-hub","Tier":"internal","Type":"egress-public","VPC":"central-egress"},"timeouts":null,"vpc_id":"vpc-05a370ae46699a489"},"sensitive_attributes":[],"private":"eyJlMmJmYjczMC1lY2FhLTExZTYtOGY4OC0zNDM2M2JjN2M0YzAiOnsiY3JlYXRlIjo2MDAwMDAwMDAwMDAsImRlbGV0ZSI6MTIwMDAwMDAwMDAwMH0sInNjaGVtYV92ZXJzaW9uIjoiMSJ9","dependencies":["module.network_hub.aws_vpc.central_egress","module.network_hub.data.aws_availability_zones.available"]},{"index_key":1,"schema_version":1,"attributes":{"arn":"arn:aws:ec2:us-east-1:492597629650:subnet/subnet-0041058d6bcb42486","assign_ipv6_address_on_creation":false,"availability_zone":"us-east-1b","availability_zone_id":"use1-az1","cidr_block":"100.124.2.64/28","customer_owned_ipv4_pool":"","enable_dns64":false,"enable_lni_at_device_index":0,"enable_resource_name_dns_a_record_on_launch":false,"enable_resource_name_dns_aaaa_record_on_launch":false,"id":"subnet-0041058d6bcb42486","ipv6_cidr_block":"","ipv6_cidr_block_association_id":"","ipv6_native":false,"map_customer_owned_ip_on_launch":false,"map_public_ip_on_launch":true,"outpost_arn":"","owner_id":"492597629650","private_dns_hostname_type_on_launch":"ip-name","region":"us-east-1","tags":{"AZ":"us-east-1b","CardData":"no","Classification":"nonpublic","Environment":"prod","GitURL":"https://gitlab.com/williamhillplc/technical-services/networks/channels-team.git","ManagedBy":"OpenTofu","Migrated":"no","Name":"network-hub-prod-egress-public-subnet-1b","Product":"network-hub","Project":"network-hub","Tier":"internal","Type":"egress-public","VPC":"central-egress"},"tags_all":{"AZ":"us-east-1b","CardData":"no","Classification":"nonpublic","Environment":"prod","GitURL":"https://gitlab.com/williamhillplc/technical-services/networks/channels-team.git","ManagedBy":"OpenTofu","Migrated":"no","Name":"network-hub-prod-egress-public-subnet-1b","Product":"network-hub","Project":"network-hub","Tier":"internal","Type":"egress-public","VPC":"central-egress"},"timeouts":null,"vpc_id":"vpc-05a370ae46699a489"},"sensitive_attributes":[],"private":"eyJlMmJmYjczMC1lY2FhLTExZTYtOGY4OC0zNDM2M2JjN2M0YzAiOnsiY3JlYXRlIjo2MDAwMDAwMDAwMDAsImRlbGV0ZSI6MTIwMDAwMDAwMDAwMH0sInNjaGVtYV92ZXJzaW9uIjoiMSJ9","dependencies":["module.network_hub.aws_vpc.central_egress","module.network_hub.data.aws_availability_zones.available"]},{"index_key":2,"schema_version":1,"attributes":{"arn":"arn:aws:ec2:us-east-1:492597629650:subnet/subnet-07ce82c7232ffd93c","assign_ipv6_address_on_creation":false,"availability_zone":"us-east-1c","availability_zone_id":"use1-az2","cidr_block":"100.124.2.80/28","customer_owned_ipv4_pool":"","enable_dns64":false,"enable_lni_at_device_index":0,"enable_resource_name_dns_a_record_on_launch":false,"enable_resource_name_dns_aaaa_record_on_launch":false,"id":"subnet-07ce82c7232ffd93c","ipv6_cidr_block":"","ipv6_cidr_block_association_id":"","ipv6_native":false,"map_customer_owned_ip_on_launch":false,"map_public_ip_on_launch":true,"outpost_arn":"","owner_id":"492597629650","private_dns_hostname_type_on_launch":"ip-name","region":"us-east-1","tags":{"AZ":"us-east-1c","CardData":"no","Classification":"nonpublic","Environment":"prod","GitURL":"https://gitlab.com/williamhillplc/technical-services/networks/channels-team.git","ManagedBy":"OpenTofu","Migrated":"no","Name":"network-hub-prod-egress-public-subnet-1c","Product":"network-hub","Project":"network-hub","Tier":"internal","Type":"egress-public","VPC":"central-egress"},"tags_all":{"AZ":"us-east-1c","CardData":"no","Classification":"nonpublic","Environment":"prod","GitURL":"https://gitlab.com/williamhillplc/technical-services/networks/channels-team.git","ManagedBy":"OpenTofu","Migrated":"no","Name":"network-hub-prod-egress-public-subnet-1c","Product":"network-hub","Project":"network-hub","Tier":"internal","Type":"egress-public","VPC":"central-egress"},"timeouts":null,"vpc_id":"vpc-05a370ae46699a489"},"sensitive_attributes":[],"private":"eyJlMmJmYjczMC1lY2FhLTExZTYtOGY4OC0zNDM2M2JjN2M0YzAiOnsiY3JlYXRlIjo2MDAwMDAwMDAwMDAsImRlbGV0ZSI6MTIwMDAwMDAwMDAwMH0sInNjaGVtYV92ZXJzaW9uIjoiMSJ9","dependencies":["module.network_hub.aws_vpc.central_egress","module.network_hub.data.aws_availability_zones.available"]}]},{"module":"module.network_hub","mode":"managed","type":"aws_subnet","name":"firewall_endpoint","provider":"provider[\"registry.opentofu.org/hashicorp/aws\"]","instances":[{"index_key":0,"schema_version":1,"attributes":{"arn":"arn:aws:ec2:us-east-1:492597629650:subnet/subnet-0dd35d6fcbe4e9930","assign_ipv6_address_on_creation":false,"availability_zone":"us-east-1a","availability_zone_id":"use1-az6","cidr_block":"100.124.1.0/28","customer_owned_ipv4_pool":"","enable_dns64":false,"enable_lni_at_device_index":0,"enable_resource_name_dns_a_record_on_launch":false,"enable_resource_name_dns_aaaa_record_on_launch":false,"id":"subnet-0dd35d6fcbe4e9930","ipv6_cidr_block":"","ipv6_cidr_block_association_id":"","ipv6_native":false,"map_customer_owned_ip_on_launch":false,"map_public_ip_on_launch":false,"outpost_arn":"","owner_id":"492597629650","private_dns_hostname_type_on_launch":"ip-name","region":"us-east-1","tags":{"AZ":"us-east-1a","CardData":"no","Classification":"nonpublic","Environment":"prod","GitURL":"https://gitlab.com/williamhillplc/technical-services/networks/channels-team.git","ManagedBy":"OpenTofu","Migrated":"no","Name":"network-hub-prod-fw-endpoint-subnet-1a","Product":"network-hub","Project":"network-hub","Tier":"internal","Type":"firewall-endpoint","VPC":"firewall"},"tags_all":{"AZ":"us-east-1a","CardData":"no","Classification":"nonpublic","Environment":"prod","GitURL":"https://gitlab.com/williamhillplc/technical-services/networks/channels-team.git","ManagedBy":"OpenTofu","Migrated":"no","Name":"network-hub-prod-fw-endpoint-subnet-1a","Product":"network-hub","Project":"network-hub","Tier":"internal","Type":"firewall-endpoint","VPC":"firewall"},"timeouts":null,"vpc_id":"vpc-0b2fbd3ae7ef58ddc"},"sensitive_attributes":[],"private":"eyJlMmJmYjczMC1lY2FhLTExZTYtOGY4OC0zNDM2M2JjN2M0YzAiOnsiY3JlYXRlIjo2MDAwMDAwMDAwMDAsImRlbGV0ZSI6MTIwMDAwMDAwMDAwMH0sInNjaGVtYV92ZXJzaW9uIjoiMSJ9","dependencies":["module.network_hub.aws_vpc.firewall","module.network_hub.data.aws_availability_zones.available"]},{"index_key":1,"schema_version":1,"attributes":{"arn":"arn:aws:ec2:us-east-1:492597629650:subnet/subnet-075916d30b3160742","assign_ipv6_address_on_creation":false,"availability_zone":"us-east-1b","availability_zone_id":"use1-az1","cidr_block":"100.124.1.16/28","customer_owned_ipv4_pool":"","enable_dns64":false,"enable_lni_at_device_index":0,"enable_resource_name_dns_a_record_on_launch":false,"enable_resource_name_dns_aaaa_record_on_launch":false,"id":"subnet-075916d30b3160742","ipv6_cidr_block":"","ipv6_cidr_block_association_id":"","ipv6_native":false,"map_customer_owned_ip_on_launch":false,"map_public_ip_on_launch":false,"outpost_arn":"","owner_id":"492597629650","private_dns_hostname_type_on_launch":"ip-name","region":"us-east-1","tags":{"AZ":"us-east-1b","CardData":"no","Classification":"nonpublic","Environment":"prod","GitURL":"https://gitlab.com/williamhillplc/technical-services/networks/channels-team.git","ManagedBy":"OpenTofu","Migrated":"no","Name":"network-hub-prod-fw-endpoint-subnet-1b","Product":"network-hub","Project":"network-hub","Tier":"internal","Type":"firewall-endpoint","VPC":"firewall"},"tags_all":{"AZ":"us-east-1b","CardData":"no","Classification":"nonpublic","Environment":"prod","GitURL":"https://gitlab.com/williamhillplc/technical-services/networks/channels-team.git","ManagedBy":"OpenTofu","Migrated":"no","Name":"network-hub-prod-fw-endpoint-subnet-1b","Product":"network-hub","Project":"network-hub","Tier":"internal","Type":"firewall-endpoint","VPC":"firewall"},"timeouts":null,"vpc_id":"vpc-0b2fbd3ae7ef58ddc"},"sensitive_attributes":[],"private":"eyJlMmJmYjczMC1lY2FhLTExZTYtOGY4OC0zNDM2M2JjN2M0YzAiOnsiY3JlYXRlIjo2MDAwMDAwMDAwMDAsImRlbGV0ZSI6MTIwMDAwMDAwMDAwMH0sInNjaGVtYV92ZXJzaW9uIjoiMSJ9","dependencies":["module.network_hub.aws_vpc.firewall","module.network_hub.data.aws_availability_zones.available"]},{"index_key":2,"schema_version":1,"attributes":{"arn":"arn:aws:ec2:us-east-1:492597629650:subnet/subnet-0b9cee9767f6b5924","assign_ipv6_address_on_creation":false,"availability_zone":"us-east-1c","availability_zone_id":"use1-az2","cidr_block":"100.124.1.32/28","customer_owned_ipv4_pool":"","enable_dns64":false,"enable_lni_at_device_index":0,"enable_resource_name_dns_a_record_on_launch":false,"enable_resource_name_dns_aaaa_record_on_launch":false,"id":"subnet-0b9cee9767f6b5924","ipv6_cidr_block":"","ipv6_cidr_block_association_id":"","ipv6_native":false,"map_customer_owned_ip_on_launch":false,"map_public_ip_on_launch":false,"outpost_arn":"","owner_id":"492597629650","private_dns_hostname_type_on_launch":"ip-name","region":"us-east-1","tags":{"AZ":"us-east-1c","CardData":"no","Classification":"nonpublic","Environment":"prod","GitURL":"https://gitlab.com/williamhillplc/technical-services/networks/channels-team.git","ManagedBy":"OpenTofu","Migrated":"no","Name":"network-hub-prod-fw-endpoint-subnet-1c","Product":"network-hub","Project":"network-hub","Tier":"internal","Type":"firewall-endpoint","VPC":"firewall"},"tags_all":{"AZ":"us-east-1c","CardData":"no","Classification":"nonpublic","Environment":"prod","GitURL":"https://gitlab.com/williamhillplc/technical-services/networks/channels-team.git","ManagedBy":"OpenTofu","Migrated":"no","Name":"network-hub-prod-fw-endpoint-subnet-1c","Product":"network-hub","Project":"network-hub","Tier":"internal","Type":"firewall-endpoint","VPC":"firewall"},"timeouts":null,"vpc_id":"vpc-0b2fbd3ae7ef58ddc"},"sensitive_attributes":[],"private":"eyJlMmJmYjczMC1lY2FhLTExZTYtOGY4OC0zNDM2M2JjN2M0YzAiOnsiY3JlYXRlIjo2MDAwMDAwMDAwMDAsImRlbGV0ZSI6MTIwMDAwMDAwMDAwMH0sInNjaGVtYV92ZXJzaW9uIjoiMSJ9","dependencies":["module.network_hub.aws_vpc.firewall","module.network_hub.data.aws_availability_zones.available"]}]},{"module":"module.network_hub","mode":"managed","type":"aws_subnet","name":"firewall_tgw","provider":"provider[\"registry.opentofu.org/hashicorp/aws\"]","instances":[{"index_key":0,"schema_version":1,"attributes":{"arn":"arn:aws:ec2:us-east-1:492597629650:subnet/subnet-0fab6ea88d3a00253","assign_ipv6_address_on_creation":false,"availability_zone":"us-east-1a","availability_zone_id":"use1-az6","cidr_block":"100.124.1.48/28","customer_owned_ipv4_pool":"","enable_dns64":false,"enable_lni_at_device_index":0,"enable_resource_name_dns_a_record_on_launch":false,"enable_resource_name_dns_aaaa_record_on_launch":false,"id":"subnet-0fab6ea88d3a00253","ipv6_cidr_block":"","ipv6_cidr_block_association_id":"","ipv6_native":false,"map_customer_owned_ip_on_launch":false,"map_public_ip_on_launch":false,"outpost_arn":"","owner_id":"492597629650","private_dns_hostname_type_on_launch":"ip-name","region":"us-east-1","tags":{"AZ":"us-east-1a","CardData":"no","Classification":"nonpublic","Environment":"prod","GitURL":"https://gitlab.com/williamhillplc/technical-services/networks/channels-team.git","ManagedBy":"OpenTofu","Migrated":"no","Name":"network-hub-prod-fw-tgw-subnet-1a","Product":"network-hub","Project":"network-hub","Tier":"internal","Type":"firewall-tgw","VPC":"firewall"},"tags_all":{"AZ":"us-east-1a","CardData":"no","Classification":"nonpublic","Environment":"prod","GitURL":"https://gitlab.com/williamhillplc/technical-services/networks/channels-team.git","ManagedBy":"OpenTofu","Migrated":"no","Name":"network-hub-prod-fw-tgw-subnet-1a","Product":"network-hub","Project":"network-hub","Tier":"internal","Type":"firewall-tgw","VPC":"firewall"},"timeouts":null,"vpc_id":"vpc-0b2fbd3ae7ef58ddc"},"sensitive_attributes":[],"private":"eyJlMmJmYjczMC1lY2FhLTExZTYtOGY4OC0zNDM2M2JjN2M0YzAiOnsiY3JlYXRlIjo2MDAwMDAwMDAwMDAsImRlbGV0ZSI6MTIwMDAwMDAwMDAwMH0sInNjaGVtYV92ZXJzaW9uIjoiMSJ9","dependencies":["module.network_hub.aws_vpc.firewall","module.network_hub.data.aws_availability_zones.available"]},{"index_key":1,"schema_version":1,"attributes":{"arn":"arn:aws:ec2:us-east-1:492597629650:subnet/subnet-0e5445b0f68b9c8fc","assign_ipv6_address_on_creation":false,"availability_zone":"us-east-1b","availability_zone_id":"use1-az1","cidr_block":"100.124.1.64/28","customer_owned_ipv4_pool":"","enable_dns64":false,"enable_lni_at_device_index":0,"enable_resource_name_dns_a_record_on_launch":false,"enable_resource_name_dns_aaaa_record_on_launch":false,"id":"subnet-0e5445b0f68b9c8fc","ipv6_cidr_block":"","ipv6_cidr_block_association_id":"","ipv6_native":false,"map_customer_owned_ip_on_launch":false,"map_public_ip_on_launch":false,"outpost_arn":"","owner_id":"492597629650","private_dns_hostname_type_on_launch":"ip-name","region":"us-east-1","tags":{"AZ":"us-east-1b","CardData":"no","Classification":"nonpublic","Environment":"prod","GitURL":"https://gitlab.com/williamhillplc/technical-services/networks/channels-team.git","ManagedBy":"OpenTofu","Migrated":"no","Name":"network-hub-prod-fw-tgw-subnet-1b","Product":"network-hub","Project":"network-hub","Tier":"internal","Type":"firewall-tgw","VPC":"firewall"},"tags_all":{"AZ":"us-east-1b","CardData":"no","Classification":"nonpublic","Environment":"prod","GitURL":"https://gitlab.com/williamhillplc/technical-services/networks/channels-team.git","ManagedBy":"OpenTofu","Migrated":"no","Name":"network-hub-prod-fw-tgw-subnet-1b","Product":"network-hub","Project":"network-hub","Tier":"internal","Type":"firewall-tgw","VPC":"firewall"},"timeouts":null,"vpc_id":"vpc-0b2fbd3ae7ef58ddc"},"sensitive_attributes":[],"private":"eyJlMmJmYjczMC1lY2FhLTExZTYtOGY4OC0zNDM2M2JjN2M0YzAiOnsiY3JlYXRlIjo2MDAwMDAwMDAwMDAsImRlbGV0ZSI6MTIwMDAwMDAwMDAwMH0sInNjaGVtYV92ZXJzaW9uIjoiMSJ9","dependencies":["module.network_hub.aws_vpc.firewall","module.network_hub.data.aws_availability_zones.available"]},{"index_key":2,"schema_version":1,"attributes":{"arn":"arn:aws:ec2:us-east-1:492597629650:subnet/subnet-081bee5ccaf8a34db","assign_ipv6_address_on_creation":false,"availability_zone":"us-east-1c","availability_zone_id":"use1-az2","cidr_block":"100.124.1.80/28","customer_owned_ipv4_pool":"","enable_dns64":false,"enable_lni_at_device_index":0,"enable_resource_name_dns_a_record_on_launch":false,"enable_resource_name_dns_aaaa_record_on_launch":false,"id":"subnet-081bee5ccaf8a34db","ipv6_cidr_block":"","ipv6_cidr_block_association_id":"","ipv6_native":false,"map_customer_owned_ip_on_launch":false,"map_public_ip_on_launch":false,"outpost_arn":"","owner_id":"492597629650","private_dns_hostname_type_on_launch":"ip-name","region":"us-east-1","tags":{"AZ":"us-east-1c","CardData":"no","Classification":"nonpublic","Environment":"prod","GitURL":"https://gitlab.com/williamhillplc/technical-services/networks/channels-team.git","ManagedBy":"OpenTofu","Migrated":"no","Name":"network-hub-prod-fw-tgw-subnet-1c","Product":"network-hub","Project":"network-hub","Tier":"internal","Type":"firewall-tgw","VPC":"firewall"},"tags_all":{"AZ":"us-east-1c","CardData":"no","Classification":"nonpublic","Environment":"prod","GitURL":"https://gitlab.com/williamhillplc/technical-services/networks/channels-team.git","ManagedBy":"OpenTofu","Migrated":"no","Name":"network-hub-prod-fw-tgw-subnet-1c","Product":"network-hub","Project":"network-hub","Tier":"internal","Type":"firewall-tgw","VPC":"firewall"},"timeouts":null,"vpc_id":"vpc-0b2fbd3ae7ef58ddc"},"sensitive_attributes":[],"private":"eyJlMmJmYjczMC1lY2FhLTExZTYtOGY4OC0zNDM2M2JjN2M0YzAiOnsiY3JlYXRlIjo2MDAwMDAwMDAwMDAsImRlbGV0ZSI6MTIwMDAwMDAwMDAwMH0sInNjaGVtYV92ZXJzaW9uIjoiMSJ9","dependencies":["module.network_hub.aws_vpc.firewall","module.network_hub.data.aws_availability_zones.available"]}]},{"module":"module.network_hub","mode":"managed","type":"aws_subnet","name":"transit_gateway","provider":"provider[\"registry.opentofu.org/hashicorp/aws\"]","instances":[{"index_key":0,"schema_version":1,"attributes":{"arn":"arn:aws:ec2:us-east-1:492597629650:subnet/subnet-07d53c1f3ee8ca703","assign_ipv6_address_on_creation":false,"availability_zone":"us-east-1a","availability_zone_id":"use1-az6","cidr_block":"100.124.0.0/28","customer_owned_ipv4_pool":"","enable_dns64":false,"enable_lni_at_device_index":0,"enable_resource_name_dns_a_record_on_launch":false,"enable_resource_name_dns_aaaa_record_on_launch":false,"id":"subnet-07d53c1f3ee8ca703","ipv6_cidr_block":"","ipv6_cidr_block_association_id":"","ipv6_native":false,"map_customer_owned_ip_on_launch":false,"map_public_ip_on_launch":false,"outpost_arn":"","owner_id":"492597629650","private_dns_hostname_type_on_launch":"ip-name","region":"us-east-1","tags":{"AZ":"us-east-1a","CardData":"no","Classification":"nonpublic","Environment":"prod","GitURL":"https://gitlab.com/williamhillplc/technical-services/networks/channels-team.git","ManagedBy":"OpenTofu","Migrated":"no","Name":"network-hub-prod-tgw-subnet-1a","Product":"network-hub","Project":"network-hub","Tier":"internal","Type":"transit-gateway","VPC":"transit-gateway"},"tags_all":{"AZ":"us-east-1a","CardData":"no","Classification":"nonpublic","Environment":"prod","GitURL":"https://gitlab.com/williamhillplc/technical-services/networks/channels-team.git","ManagedBy":"OpenTofu","Migrated":"no","Name":"network-hub-prod-tgw-subnet-1a","Product":"network-hub","Project":"network-hub","Tier":"internal","Type":"transit-gateway","VPC":"transit-gateway"},"timeouts":null,"vpc_id":"vpc-0db7cec3157dcffd2"},"sensitive_attributes":[],"private":"eyJlMmJmYjczMC1lY2FhLTExZTYtOGY4OC0zNDM2M2JjN2M0YzAiOnsiY3JlYXRlIjo2MDAwMDAwMDAwMDAsImRlbGV0ZSI6MTIwMDAwMDAwMDAwMH0sInNjaGVtYV92ZXJzaW9uIjoiMSJ9","dependencies":["module.network_hub.aws_vpc.transit_gateway","module.network_hub.data.aws_availability_zones.available"],"create_before_destroy":true},{"index_key":1,"schema_version":1,"attributes":{"arn":"arn:aws:ec2:us-east-1:492597629650:subnet/subnet-0306ea0d7146a20e8","assign_ipv6_address_on_creation":false,"availability_zone":"us-east-1b","availability_zone_id":"use1-az1","cidr_block":"100.124.0.16/28","customer_owned_ipv4_pool":"","enable_dns64":false,"enable_lni_at_device_index":0,"enable_resource_name_dns_a_record_on_launch":false,"enable_resource_name_dns_aaaa_record_on_launch":false,"id":"subnet-0306ea0d7146a20e8","ipv6_cidr_block":"","ipv6_cidr_block_association_id":"","ipv6_native":false,"map_customer_owned_ip_on_launch":false,"map_public_ip_on_launch":false,"outpost_arn":"","owner_id":"492597629650","private_dns_hostname_type_on_launch":"ip-name","region":"us-east-1","tags":{"AZ":"us-east-1b","CardData":"no","Classification":"nonpublic","Environment":"prod","GitURL":"https://gitlab.com/williamhillplc/technical-services/networks/channels-team.git","ManagedBy":"OpenTofu","Migrated":"no","Name":"network-hub-prod-tgw-subnet-1b","Product":"network-hub","Project":"network-hub","Tier":"internal","Type":"transit-gateway","VPC":"transit-gateway"},"tags_all":{"AZ":"us-east-1b","CardData":"no","Classification":"nonpublic","Environment":"prod","GitURL":"https://gitlab.com/williamhillplc/technical-services/networks/channels-team.git","ManagedBy":"OpenTofu","Migrated":"no","Name":"network-hub-prod-tgw-subnet-1b","Product":"network-hub","Project":"network-hub","Tier":"internal","Type":"transit-gateway","VPC":"transit-gateway"},"timeouts":null,"vpc_id":"vpc-0db7cec3157dcffd2"},"sensitive_attributes":[],"private":"eyJlMmJmYjczMC1lY2FhLTExZTYtOGY4OC0zNDM2M2JjN2M0YzAiOnsiY3JlYXRlIjo2MDAwMDAwMDAwMDAsImRlbGV0ZSI6MTIwMDAwMDAwMDAwMH0sInNjaGVtYV92ZXJzaW9uIjoiMSJ9","dependencies":["module.network_hub.aws_vpc.transit_gateway","module.network_hub.data.aws_availability_zones.available"],"create_before_destroy":true},{"index_key":2,"schema_version":1,"attributes":{"arn":"arn:aws:ec2:us-east-1:492597629650:subnet/subnet-022e43f62e169bf85","assign_ipv6_address_on_creation":false,"availability_zone":"us-east-1c","availability_zone_id":"use1-az2","cidr_block":"100.124.0.32/28","customer_owned_ipv4_pool":"","enable_dns64":false,"enable_lni_at_device_index":0,"enable_resource_name_dns_a_record_on_launch":false,"enable_resource_name_dns_aaaa_record_on_launch":false,"id":"subnet-022e43f62e169bf85","ipv6_cidr_block":"","ipv6_cidr_block_association_id":"","ipv6_native":false,"map_customer_owned_ip_on_launch":false,"map_public_ip_on_launch":false,"outpost_arn":"","owner_id":"492597629650","private_dns_hostname_type_on_launch":"ip-name","region":"us-east-1","tags":{"AZ":"us-east-1c","CardData":"no","Classification":"nonpublic","Environment":"prod","GitURL":"https://gitlab.com/williamhillplc/technical-services/networks/channels-team.git","ManagedBy":"OpenTofu","Migrated":"no","Name":"network-hub-prod-tgw-subnet-1c","Product":"network-hub","Project":"network-hub","Tier":"internal","Type":"transit-gateway","VPC":"transit-gateway"},"tags_all":{"AZ":"us-east-1c","CardData":"no","Classification":"nonpublic","Environment":"prod","GitURL":"https://gitlab.com/williamhillplc/technical-services/networks/channels-team.git","ManagedBy":"OpenTofu","Migrated":"no","Name":"network-hub-prod-tgw-subnet-1c","Product":"network-hub","Project":"network-hub","Tier":"internal","Type":"transit-gateway","VPC":"transit-gateway"},"timeouts":null,"vpc_id":"vpc-0db7cec3157dcffd2"},"sensitive_attributes":[],"private":"eyJlMmJmYjczMC1lY2FhLTExZTYtOGY4OC0zNDM2M2JjN2M0YzAiOnsiY3JlYXRlIjo2MDAwMDAwMDAwMDAsImRlbGV0ZSI6MTIwMDAwMDAwMDAwMH0sInNjaGVtYV92ZXJzaW9uIjoiMSJ9","dependencies":["module.network_hub.aws_vpc.transit_gateway","module.network_hub.data.aws_availability_zones.available"],"create_before_destroy":true}]},{"module":"module.network_hub","mode":"managed","type":"aws_vpc","name":"central_egress","provider":"provider[\"registry.opentofu.org/hashicorp/aws\"]","instances":[{"schema_version":1,"attributes":{"arn":"arn:aws:ec2:us-east-1:492597629650:vpc/vpc-05a370ae46699a489","assign_generated_ipv6_cidr_block":false,"cidr_block":"100.124.2.0/24","default_network_acl_id":"acl-081717f16cb178700","default_route_table_id":"rtb-087df990da7a7c6fb","default_security_group_id":"sg-0cbfa452232ef9f3e","dhcp_options_id":"dopt-0df960dcdcdf8012d","enable_dns_hostnames":true,"enable_dns_support":true,"enable_network_address_usage_metrics":false,"id":"vpc-05a370ae46699a489","instance_tenancy":"default","ipv4_ipam_pool_id":null,"ipv4_netmask_length":null,"ipv6_association_id":"","ipv6_cidr_block":"","ipv6_cidr_block_network_border_group":"","ipv6_ipam_pool_id":"","ipv6_netmask_length":0,"main_route_table_id":"rtb-087df990da7a7c6fb","owner_id":"492597629650","region":"us-east-1","tags":{"CardData":"no","Classification":"nonpublic","Environment":"prod","GitURL":"https://gitlab.com/williamhillplc/technical-services/networks/channels-team.git","ManagedBy":"OpenTofu","Migrated":"no","Name":"network-hub-prod-egress-vpc","Product":"network-hub","Project":"network-hub","Purpose":"Centralized internet connectivity","Tier":"internal","Type":"central-egress"},"tags_all":{"CardData":"no","Classification":"nonpublic","Environment":"prod","GitURL":"https://gitlab.com/williamhillplc/technical-services/networks/channels-team.git","ManagedBy":"OpenTofu","Migrated":"no","Name":"network-hub-prod-egress-vpc","Product":"network-hub","Project":"network-hub","Purpose":"Centralized internet connectivity","Tier":"internal","Type":"central-egress"}},"sensitive_attributes":[],"private":"eyJzY2hlbWFfdmVyc2lvbiI6IjEifQ=="}]},{"module":"module.network_hub","mode":"managed","type":"aws_vpc","name":"client","provider":"provider[\"registry.opentofu.org/hashicorp/aws\"]","instances":[{"schema_version":1,"attributes":{"arn":"arn:aws:ec2:us-east-1:492597629650:vpc/vpc-081f378ab142bf855","assign_generated_ipv6_cidr_block":false,"cidr_block":"100.124.32.0/19","default_network_acl_id":"acl-0e5fa17f670df7e94","default_route_table_id":"rtb-0b14340d395d89604","default_security_group_id":"sg-043a0d001ee129d36","dhcp_options_id":"dopt-0df960dcdcdf8012d","enable_dns_hostnames":true,"enable_dns_support":true,"enable_network_address_usage_metrics":false,"id":"vpc-081f378ab142bf855","instance_tenancy":"default","ipv4_ipam_pool_id":null,"ipv4_netmask_length":null,"ipv6_association_id":"","ipv6_cidr_block":"","ipv6_cidr_block_network_border_group":"","ipv6_ipam_pool_id":"","ipv6_netmask_length":0,"main_route_table_id":"rtb-0b14340d395d89604","owner_id":"492597629650","region":"us-east-1","tags":{"CardData":"no","Classification":"nonpublic","Environment":"prod","GitURL":"https://gitlab.com/williamhillplc/technical-services/networks/channels-team.git","ManagedBy":"OpenTofu","Migrated":"no","Name":"network-hub-prod-client-vpc","Product":"network-hub","Project":"network-hub","Purpose":"Application workloads and data environments","Tier":"internal","Type":"client"},"tags_all":{"CardData":"no","Classification":"nonpublic","Environment":"prod","GitURL":"https://gitlab.com/williamhillplc/technical-services/networks/channels-team.git","ManagedBy":"OpenTofu","Migrated":"no","Name":"network-hub-prod-client-vpc","Product":"network-hub","Project":"network-hub","Purpose":"Application workloads and data environments","Tier":"internal","Type":"client"}},"sensitive_attributes":[],"private":"eyJzY2hlbWFfdmVyc2lvbiI6IjEifQ==","create_before_destroy":true}]},{"module":"module.network_hub","mode":"managed","type":"aws_vpc","name":"firewall","provider":"provider[\"registry.opentofu.org/hashicorp/aws\"]","instances":[{"schema_version":1,"attributes":{"arn":"arn:aws:ec2:us-east-1:492597629650:vpc/vpc-0b2fbd3ae7ef58ddc","assign_generated_ipv6_cidr_block":false,"cidr_block":"100.124.1.0/24","default_network_acl_id":"acl-07b0fcd9e6bbfadf8","default_route_table_id":"rtb-0f8ab5878fb77e3bb","default_security_group_id":"sg-0ff3b57b5b7596a73","dhcp_options_id":"dopt-0df960dcdcdf8012d","enable_dns_hostnames":true,"enable_dns_support":true,"enable_network_address_usage_metrics":false,"id":"vpc-0b2fbd3ae7ef58ddc","instance_tenancy":"default","ipv4_ipam_pool_id":null,"ipv4_netmask_length":null,"ipv6_association_id":"","ipv6_cidr_block":"","ipv6_cidr_block_network_border_group":"","ipv6_ipam_pool_id":"","ipv6_netmask_length":0,"main_route_table_id":"rtb-0f8ab5878fb77e3bb","owner_id":"492597629650","region":"us-east-1","tags":{"CardData":"no","Classification":"nonpublic","Environment":"prod","GitURL":"https://gitlab.com/williamhillplc/technical-services/networks/channels-team.git","ManagedBy":"OpenTofu","Migrated":"no","Name":"network-hub-prod-firewall-vpc","Product":"network-hub","Project":"network-hub","Purpose":"Network security and traffic inspection","Tier":"internal","Type":"firewall"},"tags_all":{"CardData":"no","Classification":"nonpublic","Environment":"prod","GitURL":"https://gitlab.com/williamhillplc/technical-services/networks/channels-team.git","ManagedBy":"OpenTofu","Migrated":"no","Name":"network-hub-prod-firewall-vpc","Product":"network-hub","Project":"network-hub","Purpose":"Network security and traffic inspection","Tier":"internal","Type":"firewall"}},"sensitive_attributes":[],"private":"eyJzY2hlbWFfdmVyc2lvbiI6IjEifQ=="}]},{"module":"module.network_hub","mode":"managed","type":"aws_vpc","name":"transit_gateway","provider":"provider[\"registry.opentofu.org/hashicorp/aws\"]","instances":[{"schema_version":1,"attributes":{"arn":"arn:aws:ec2:us-east-1:492597629650:vpc/vpc-0db7cec3157dcffd2","assign_generated_ipv6_cidr_block":false,"cidr_block":"100.124.0.0/24","default_network_acl_id":"acl-0ae7d1fc74e172b6f","default_route_table_id":"rtb-006ba5bfd788d2051","default_security_group_id":"sg-072dda7490f75125e","dhcp_options_id":"dopt-0df960dcdcdf8012d","enable_dns_hostnames":true,"enable_dns_support":true,"enable_network_address_usage_metrics":false,"id":"vpc-0db7cec3157dcffd2","instance_tenancy":"default","ipv4_ipam_pool_id":null,"ipv4_netmask_length":null,"ipv6_association_id":"","ipv6_cidr_block":"","ipv6_cidr_block_network_border_group":"","ipv6_ipam_pool_id":"","ipv6_netmask_length":0,"main_route_table_id":"rtb-006ba5bfd788d2051","owner_id":"492597629650","region":"us-east-1","tags":{"CardData":"no","Classification":"nonpublic","Environment":"prod","GitURL":"https://gitlab.com/williamhillplc/technical-services/networks/channels-team.git","ManagedBy":"OpenTofu","Migrated":"no","Name":"network-hub-prod-tgw-vpc","Product":"network-hub","Project":"network-hub","Purpose":"Management and external access point","Tier":"internal","Type":"transit-gateway"},"tags_all":{"CardData":"no","Classification":"nonpublic","Environment":"prod","GitURL":"https://gitlab.com/williamhillplc/technical-services/networks/channels-team.git","ManagedBy":"OpenTofu","Migrated":"no","Name":"network-hub-prod-tgw-vpc","Product":"network-hub","Project":"network-hub","Purpose":"Management and external access point","Tier":"internal","Type":"transit-gateway"}},"sensitive_attributes":[],"private":"eyJzY2hlbWFfdmVyc2lvbiI6IjEifQ==","create_before_destroy":true}]},{"module":"module.network_hub","mode":"managed","type":"awscc_networkfirewall_vpc_endpoint_association","name":"egress","provider":"provider[\"registry.opentofu.org/hashicorp/awscc\"]","instances":[{"index_key":"0","schema_version":1,"attributes":{"description":null,"endpoint_id":"vpce-010380a0c500c3a28","firewall_arn":"arn:aws:network-firewall:us-east-1:492597629650:firewall/network-hub-prod-network-firewall","id":"arn:aws:network-firewall:us-east-1:492597629650:vpc-endpoint-association/bd7962b5-b7c7-3774-b4af-26742c0a45d3","subnet_mapping":{"ip_address_type":"IPV4","subnet_id":"subnet-0de0c3c0b3ca248f4"},"tags":[{"key":"CardData","value":"no"},{"key":"Classification","value":"nonpublic"},{"key":"Environment","value":"prod"},{"key":"GitURL","value":"https://gitlab.com/williamhillplc/technical-services/networks/channels-team.git"},{"key":"ManagedBy","value":"OpenTofu"},{"key":"Migrated","value":"no"},{"key":"Name","value":"network-hub-prod-egress-fw-endpoint-0"},{"key":"Product","value":"network-hub"},{"key":"Project","value":"network-hub"},{"key":"Tier","value":"internal"}],"vpc_endpoint_association_arn":"arn:aws:network-firewall:us-east-1:492597629650:vpc-endpoint-association/bd7962b5-b7c7-3774-b4af-26742c0a45d3","vpc_endpoint_association_id":"2736a6c1-423e-485b-a414-aa582dc36b44","vpc_id":"vpc-05a370ae46699a489"},"sensitive_attributes":[],"dependencies":["module.network_hub.aws_networkfirewall_firewall.main","module.network_hub.aws_networkfirewall_firewall_policy.main","module.network_hub.aws_networkfirewall_rule_group.domain_allowlist","module.network_hub.aws_networkfirewall_rule_group.ip_rules","module.network_hub.aws_subnet.egress_firewall_endpoint","module.network_hub.aws_subnet.firewall_endpoint","module.network_hub.aws_vpc.central_egress","module.network_hub.aws_vpc.firewall","module.network_hub.data.aws_availability_zones.available"]},{"index_key":"1","schema_version":1,"attributes":{"description":null,"endpoint_id":"vpce-00ae534fe26132d55","firewall_arn":"arn:aws:network-firewall:us-east-1:492597629650:firewall/network-hub-prod-network-firewall","id":"arn:aws:network-firewall:us-east-1:492597629650:vpc-endpoint-association/ad1b6a99-32e7-3e9b-8f1c-23f0f4c3a294","subnet_mapping":{"ip_address_type":"IPV4","subnet_id":"subnet-08a1a540de8f01d8e"},"tags":[{"key":"CardData","value":"no"},{"key":"Classification","value":"nonpublic"},{"key":"Environment","value":"prod"},{"key":"GitURL","value":"https://gitlab.com/williamhillplc/technical-services/networks/channels-team.git"},{"key":"ManagedBy","value":"OpenTofu"},{"key":"Migrated","value":"no"},{"key":"Name","value":"network-hub-prod-egress-fw-endpoint-1"},{"key":"Product","value":"network-hub"},{"key":"Project","value":"network-hub"},{"key":"Tier","value":"internal"}],"vpc_endpoint_association_arn":"arn:aws:network-firewall:us-east-1:492597629650:vpc-endpoint-association/ad1b6a99-32e7-3e9b-8f1c-23f0f4c3a294","vpc_endpoint_association_id":"3b7c23ac-df44-4c9d-883d-da79c04e1d23","vpc_id":"vpc-05a370ae46699a489"},"sensitive_attributes":[],"dependencies":["module.network_hub.aws_networkfirewall_firewall.main","module.network_hub.aws_networkfirewall_firewall_policy.main","module.network_hub.aws_networkfirewall_rule_group.domain_allowlist","module.network_hub.aws_networkfirewall_rule_group.ip_rules","module.network_hub.aws_subnet.egress_firewall_endpoint","module.network_hub.aws_subnet.firewall_endpoint","module.network_hub.aws_vpc.central_egress","module.network_hub.aws_vpc.firewall","module.network_hub.data.aws_availability_zones.available"]},{"index_key":"2","schema_version":1,"attributes":{"description":null,"endpoint_id":"vpce-007b962accaf4da3c","firewall_arn":"arn:aws:network-firewall:us-east-1:492597629650:firewall/network-hub-prod-network-firewall","id":"arn:aws:network-firewall:us-east-1:492597629650:vpc-endpoint-association/71df55bc-6c98-39e9-b8a0-286ccb52cc19","subnet_mapping":{"ip_address_type":"IPV4","subnet_id":"subnet-0cee06a0b591185f7"},"tags":[{"key":"CardData","value":"no"},{"key":"Classification","value":"nonpublic"},{"key":"Environment","value":"prod"},{"key":"GitURL","value":"https://gitlab.com/williamhillplc/technical-services/networks/channels-team.git"},{"key":"ManagedBy","value":"OpenTofu"},{"key":"Migrated","value":"no"},{"key":"Name","value":"network-hub-prod-egress-fw-endpoint-2"},{"key":"Product","value":"network-hub"},{"key":"Project","value":"network-hub"},{"key":"Tier","value":"internal"}],"vpc_endpoint_association_arn":"arn:aws:network-firewall:us-east-1:492597629650:vpc-endpoint-association/71df55bc-6c98-39e9-b8a0-286ccb52cc19","vpc_endpoint_association_id":"6f517132-d4f3-44dc-8889-d8a1ec1f4c8e","vpc_id":"vpc-05a370ae46699a489"},"sensitive_attributes":[],"dependencies":["module.network_hub.aws_networkfirewall_firewall.main","module.network_hub.aws_networkfirewall_firewall_policy.main","module.network_hub.aws_networkfirewall_rule_group.domain_allowlist","module.network_hub.aws_networkfirewall_rule_group.ip_rules","module.network_hub.aws_subnet.egress_firewall_endpoint","module.network_hub.aws_subnet.firewall_endpoint","module.network_hub.aws_vpc.central_egress","module.network_hub.aws_vpc.firewall","module.network_hub.data.aws_availability_zones.available"]}]}],"check_results":[{"object_kind":"var","config_addr":"module.network_hub.var.environment_ip_rules","status":"pass","objects":[{"object_addr":"module.network_hub.var.environment_ip_rules","status":"pass"}]}]}
